{
  "version": 4,
  "terraform_version": "1.11.3",
  "serial": 2784,
  "lineage": "fe887520-abfe-fd6a-0af3-6ffd8cb82a83",
  "outputs": {},
  "resources": [
    {
      "mode": "managed",
      "type": "google_pubsub_topic_iam_member",
      "name": "topic_publisher",
      "provider": "provider[\"registry.terraform.io/hashicorp/google\"]",
      "instances": [
        {
          "index_key": "journey_verified",
          "schema_version": 0,
          "attributes": {
            "condition": [],
            "etag": "BwYzxoxTdU0=",
            "id": "projects/webcrawler-450417/topics/journey_verified/roles/pubsub.publisher/serviceAccount:webcrawler-450417-pubsub-sa@webcrawler-450417.iam.gserviceaccount.com",
            "member": "serviceAccount:webcrawler-450417-pubsub-sa@webcrawler-450417.iam.gserviceaccount.com",
            "project": "webcrawler-450417",
            "role": "roles/pubsub.publisher",
            "topic": "projects/webcrawler-450417/topics/journey_verified"
          },
          "sensitive_attributes": [],
          "private": "bnVsbA==",
          "dependencies": [
            "google_service_account.pubsub_sa",
            "module.pubsub_topics.google_pubsub_topic.journey_verified_topic",
            "module.pubsub_topics.google_pubsub_topic.page_audit_topic",
            "module.pubsub_topics.google_pubsub_topic.page_created_topic",
            "module.pubsub_topics.google_pubsub_topic.url_topic"
          ]
        },
        {
          "index_key": "page_audit",
          "schema_version": 0,
          "attributes": {
            "condition": [],
            "etag": "BwYzxoyLxFA=",
            "id": "projects/webcrawler-450417/topics/page_audit/roles/pubsub.publisher/serviceAccount:webcrawler-450417-pubsub-sa@webcrawler-450417.iam.gserviceaccount.com",
            "member": "serviceAccount:webcrawler-450417-pubsub-sa@webcrawler-450417.iam.gserviceaccount.com",
            "project": "webcrawler-450417",
            "role": "roles/pubsub.publisher",
            "topic": "projects/webcrawler-450417/topics/page_audit"
          },
          "sensitive_attributes": [],
          "private": "bnVsbA==",
          "dependencies": [
            "google_service_account.pubsub_sa",
            "module.pubsub_topics.google_pubsub_topic.journey_verified_topic",
            "module.pubsub_topics.google_pubsub_topic.page_audit_topic",
            "module.pubsub_topics.google_pubsub_topic.page_created_topic",
            "module.pubsub_topics.google_pubsub_topic.url_topic"
          ]
        },
        {
          "index_key": "page_created",
          "schema_version": 0,
          "attributes": {
            "condition": [],
            "etag": "BwYzxoxfdvw=",
            "id": "projects/webcrawler-450417/topics/page_created/roles/pubsub.publisher/serviceAccount:webcrawler-450417-pubsub-sa@webcrawler-450417.iam.gserviceaccount.com",
            "member": "serviceAccount:webcrawler-450417-pubsub-sa@webcrawler-450417.iam.gserviceaccount.com",
            "project": "webcrawler-450417",
            "role": "roles/pubsub.publisher",
            "topic": "projects/webcrawler-450417/topics/page_created"
          },
          "sensitive_attributes": [],
          "private": "bnVsbA==",
          "dependencies": [
            "google_service_account.pubsub_sa",
            "module.pubsub_topics.google_pubsub_topic.journey_verified_topic",
            "module.pubsub_topics.google_pubsub_topic.page_audit_topic",
            "module.pubsub_topics.google_pubsub_topic.page_created_topic",
            "module.pubsub_topics.google_pubsub_topic.url_topic"
          ]
        },
        {
          "index_key": "url",
          "schema_version": 0,
          "attributes": {
            "condition": [],
            "etag": "BwYzxoxhJ7s=",
            "id": "projects/webcrawler-450417/topics/url/roles/pubsub.publisher/serviceAccount:webcrawler-450417-pubsub-sa@webcrawler-450417.iam.gserviceaccount.com",
            "member": "serviceAccount:webcrawler-450417-pubsub-sa@webcrawler-450417.iam.gserviceaccount.com",
            "project": "webcrawler-450417",
            "role": "roles/pubsub.publisher",
            "topic": "projects/webcrawler-450417/topics/url"
          },
          "sensitive_attributes": [],
          "private": "bnVsbA==",
          "dependencies": [
            "google_service_account.pubsub_sa",
            "module.pubsub_topics.google_pubsub_topic.journey_verified_topic",
            "module.pubsub_topics.google_pubsub_topic.page_audit_topic",
            "module.pubsub_topics.google_pubsub_topic.page_created_topic",
            "module.pubsub_topics.google_pubsub_topic.url_topic"
          ]
        }
      ]
    },
    {
      "mode": "managed",
      "type": "google_service_account",
      "name": "cloud_run_sa",
      "provider": "provider[\"registry.terraform.io/hashicorp/google\"]",
      "instances": [
        {
          "schema_version": 0,
          "attributes": {
            "account_id": "webcrawler-450417-cloud-run-sa",
            "create_ignore_already_exists": null,
            "description": "",
            "disabled": false,
            "display_name": "Service Account for Cloud Run",
            "email": "webcrawler-450417-cloud-run-sa@webcrawler-450417.iam.gserviceaccount.com",
            "id": "projects/webcrawler-450417/serviceAccounts/webcrawler-450417-cloud-run-sa@webcrawler-450417.iam.gserviceaccount.com",
            "member": "serviceAccount:webcrawler-450417-cloud-run-sa@webcrawler-450417.iam.gserviceaccount.com",
            "name": "projects/webcrawler-450417/serviceAccounts/webcrawler-450417-cloud-run-sa@webcrawler-450417.iam.gserviceaccount.com",
            "project": "webcrawler-450417",
            "timeouts": null,
            "unique_id": "115621440635240923447"
          },
          "sensitive_attributes": [],
          "private": "eyJlMmJmYjczMC1lY2FhLTExZTYtOGY4OC0zNDM2M2JjN2M0YzAiOnsiY3JlYXRlIjozMDAwMDAwMDAwMDB9fQ=="
        }
      ]
    },
    {
      "mode": "managed",
      "type": "google_service_account",
      "name": "pubsub_sa",
      "provider": "provider[\"registry.terraform.io/hashicorp/google\"]",
      "instances": [
        {
          "schema_version": 0,
          "attributes": {
            "account_id": "webcrawler-450417-pubsub-sa",
            "create_ignore_already_exists": null,
            "description": "",
            "disabled": false,
            "display_name": "Service Account for PubSub to invoke Cloud Run",
            "email": "webcrawler-450417-pubsub-sa@webcrawler-450417.iam.gserviceaccount.com",
            "id": "projects/webcrawler-450417/serviceAccounts/webcrawler-450417-pubsub-sa@webcrawler-450417.iam.gserviceaccount.com",
            "member": "serviceAccount:webcrawler-450417-pubsub-sa@webcrawler-450417.iam.gserviceaccount.com",
            "name": "projects/webcrawler-450417/serviceAccounts/webcrawler-450417-pubsub-sa@webcrawler-450417.iam.gserviceaccount.com",
            "project": "webcrawler-450417",
            "timeouts": null,
            "unique_id": "108395509870992672189"
          },
          "sensitive_attributes": [],
          "private": "eyJlMmJmYjczMC1lY2FhLTExZTYtOGY4OC0zNDM2M2JjN2M0YzAiOnsiY3JlYXRlIjozMDAwMDAwMDAwMDB9fQ=="
        }
      ]
    },
    {
      "module": "module.api",
      "mode": "managed",
      "type": "google_cloud_run_service",
      "name": "api",
      "provider": "provider[\"registry.terraform.io/hashicorp/google\"]",
      "instances": [
        {
          "status": "tainted",
          "schema_version": 2,
          "attributes": {
            "autogenerate_revision_name": false,
            "id": "locations/us-central1/namespaces/webcrawler-450417/services/api",
            "location": "us-central1",
            "metadata": [
              {
                "annotations": {
                  "run.googleapis.com/client-name": "terraform"
                },
                "effective_annotations": {
                  "run.googleapis.com/client-name": "terraform"
                },
                "effective_labels": {
                  "goog-terraform-provisioned": "true"
                },
                "generation": 0,
                "labels": null,
                "namespace": "",
                "resource_version": "",
                "self_link": "",
                "terraform_labels": {
                  "goog-terraform-provisioned": "true"
                },
                "uid": ""
              }
            ],
            "name": "api",
            "project": "webcrawler-450417",
            "status": null,
            "template": [
              {
                "metadata": [],
                "spec": [
                  {
                    "container_concurrency": 0,
                    "containers": [
                      {
                        "args": null,
                        "command": null,
                        "env": [
                          {
                            "name": "NEO4J_BOLT_URI",
                            "value": "",
                            "value_from": [
                              {
                                "secret_key_ref": [
                                  {
                                    "key": "latest",
                                    "name": "neo4j-bolt-uri"
                                  }
                                ]
                              }
                            ]
                          },
                          {
                            "name": "NEO4J_DB_NAME",
                            "value": "",
                            "value_from": [
                              {
                                "secret_key_ref": [
                                  {
                                    "key": "latest",
                                    "name": "neo4j-db-name"
                                  }
                                ]
                              }
                            ]
                          },
                          {
                            "name": "NEO4J_PASSWORD",
                            "value": "",
                            "value_from": [
                              {
                                "secret_key_ref": [
                                  {
                                    "key": "latest",
                                    "name": "neo4j-password"
                                  }
                                ]
                              }
                            ]
                          },
                          {
                            "name": "NEO4J_USERNAME",
                            "value": "",
                            "value_from": [
                              {
                                "secret_key_ref": [
                                  {
                                    "key": "latest",
                                    "name": "neo4j-username"
                                  }
                                ]
                              }
                            ]
                          },
                          {
                            "name": "auth0.audience",
                            "value": "",
                            "value_from": [
                              {
                                "secret_key_ref": [
                                  {
                                    "key": "latest",
                                    "name": "auth0-audience"
                                  }
                                ]
                              }
                            ]
                          },
                          {
                            "name": "auth0.client_id",
                            "value": "",
                            "value_from": [
                              {
                                "secret_key_ref": [
                                  {
                                    "key": "latest",
                                    "name": "auth0-client-id"
                                  }
                                ]
                              }
                            ]
                          },
                          {
                            "name": "auth0.client_secret",
                            "value": "",
                            "value_from": [
                              {
                                "secret_key_ref": [
                                  {
                                    "key": "latest",
                                    "name": "auth0-client-secret"
                                  }
                                ]
                              }
                            ]
                          },
                          {
                            "name": "auth0.domain",
                            "value": "",
                            "value_from": [
                              {
                                "secret_key_ref": [
                                  {
                                    "key": "latest",
                                    "name": "auth0-domain"
                                  }
                                ]
                              }
                            ]
                          },
                          {
                            "name": "pubsub.discarded_journey_topic",
                            "value": "journey_discarded",
                            "value_from": []
                          },
                          {
                            "name": "pubsub.error_topic",
                            "value": "audit_error",
                            "value_from": []
                          },
                          {
                            "name": "pubsub.url_topic",
                            "value": "url",
                            "value_from": []
                          }
                        ],
                        "env_from": [],
                        "image": "docker.io/deepthought42/crawler-api:latest",
                        "liveness_probe": [],
                        "name": "",
                        "ports": [
                          {
                            "container_port": 9080,
                            "name": "",
                            "protocol": ""
                          }
                        ],
                        "resources": [],
                        "startup_probe": [],
                        "volume_mounts": [],
                        "working_dir": ""
                      }
                    ],
                    "node_selector": null,
                    "service_account_name": "",
                    "serving_state": "",
                    "timeout_seconds": 0,
                    "volumes": []
                  }
                ]
              }
            ],
            "timeouts": null,
            "traffic": [
              {
                "latest_revision": true,
                "percent": 100,
                "revision_name": "",
                "tag": "",
                "url": ""
              }
            ]
          },
          "sensitive_attributes": [],
          "private": "eyJlMmJmYjczMC1lY2FhLTExZTYtOGY4OC0zNDM2M2JjN2M0YzAiOnsiY3JlYXRlIjoxMjAwMDAwMDAwMDAwLCJkZWxldGUiOjEyMDAwMDAwMDAwMDAsInVwZGF0ZSI6MTIwMDAwMDAwMDAwMH0sInNjaGVtYV92ZXJzaW9uIjoiMiJ9",
          "dependencies": [
            "module.pubsub_topics.google_pubsub_topic.audit_error_topic",
            "module.pubsub_topics.google_pubsub_topic.journey_discarded_topic",
            "module.pubsub_topics.google_pubsub_topic.url_topic"
          ]
        }
      ]
    },
    {
      "module": "module.page_builder_cloud_run",
      "mode": "managed",
      "type": "google_cloud_run_service",
      "name": "service",
      "provider": "provider[\"registry.terraform.io/hashicorp/google\"]",
      "instances": [
        {
          "schema_version": 2,
          "attributes": {
            "autogenerate_revision_name": false,
            "id": "locations/us-central1/namespaces/webcrawler-450417/services/page-builder",
            "location": "us-central1",
            "metadata": [
              {
                "annotations": {},
                "effective_annotations": {
                  "run.googleapis.com/ingress": "all",
                  "run.googleapis.com/ingress-status": "all",
                  "run.googleapis.com/operation-id": "1100f036-7e57-4f15-a1ed-91f57a7c6732",
                  "run.googleapis.com/urls": "[\"https://page-builder-673367928406.us-central1.run.app\",\"https://page-builder-5wvl2oswbq-uc.a.run.app\"]",
                  "serving.knative.dev/creator": "webcrawleraccountmanager@webcrawler-450417.iam.gserviceaccount.com",
                  "serving.knative.dev/lastModifier": "webcrawleraccountmanager@webcrawler-450417.iam.gserviceaccount.com"
                },
                "effective_labels": {
                  "cloud.googleapis.com/location": "us-central1"
                },
                "generation": 3,
                "labels": {},
                "namespace": "webcrawler-450417",
                "resource_version": "AAYzzYfS5hA",
                "self_link": "/apis/serving.knative.dev/v1/namespaces/673367928406/services/page-builder",
                "terraform_labels": {},
                "uid": "ecc11ac6-e6e3-40eb-bafa-93b6aeb220e0"
              }
            ],
            "name": "page-builder",
            "project": "webcrawler-450417",
            "status": [
              {
                "conditions": [
                  {
                    "message": "",
                    "reason": "",
                    "status": "True",
                    "type": "Ready"
                  },
                  {
                    "message": "",
                    "reason": "",
                    "status": "True",
                    "type": "ConfigurationsReady"
                  },
                  {
                    "message": "",
                    "reason": "",
                    "status": "True",
                    "type": "RoutesReady"
                  }
                ],
                "latest_created_revision_name": "page-builder-00003-v75",
                "latest_ready_revision_name": "page-builder-00003-v75",
                "observed_generation": 3,
                "traffic": [
                  {
                    "latest_revision": true,
                    "percent": 100,
                    "revision_name": "page-builder-00003-v75",
                    "tag": "",
                    "url": ""
                  }
                ],
                "url": "https://page-builder-5wvl2oswbq-uc.a.run.app"
              }
            ],
            "template": [
              {
                "metadata": [
                  {
                    "annotations": {
                      "autoscaling.knative.dev/maxScale": "40",
                      "run.googleapis.com/vpc-access-connector": "cloud-run-connector",
                      "run.googleapis.com/vpc-access-egress": "private-ranges-only"
                    },
                    "generation": 0,
                    "labels": {
                      "run.googleapis.com/startupProbeType": "Default"
                    },
                    "name": "",
                    "namespace": "",
                    "resource_version": "",
                    "self_link": "",
                    "uid": ""
                  }
                ],
                "spec": [
                  {
                    "container_concurrency": 80,
                    "containers": [
                      {
                        "args": [],
                        "command": [],
                        "env": [
                          {
                            "name": "NEO4J_BOLT_URI",
                            "value": "",
                            "value_from": [
                              {
                                "secret_key_ref": [
                                  {
                                    "key": "latest",
                                    "name": "neo4j-bolt-uri"
                                  }
                                ]
                              }
                            ]
                          },
                          {
                            "name": "NEO4J_DB_NAME",
                            "value": "",
                            "value_from": [
                              {
                                "secret_key_ref": [
                                  {
                                    "key": "latest",
                                    "name": "neo4j-db-name"
                                  }
                                ]
                              }
                            ]
                          },
                          {
                            "name": "NEO4J_PASSWORD",
                            "value": "",
                            "value_from": [
                              {
                                "secret_key_ref": [
                                  {
                                    "key": "latest",
                                    "name": "neo4j-password"
                                  }
                                ]
                              }
                            ]
                          },
                          {
                            "name": "NEO4J_USERNAME",
                            "value": "",
                            "value_from": [
                              {
                                "secret_key_ref": [
                                  {
                                    "key": "latest",
                                    "name": "neo4j-username"
                                  }
                                ]
                              }
                            ]
                          },
                          {
                            "name": "pubsub.error_topic",
                            "value": "audit_error",
                            "value_from": []
                          },
                          {
                            "name": "pubsub.journey_verified",
                            "value": "journey_verified",
                            "value_from": []
                          },
                          {
                            "name": "pubsub.page_audit_topic",
                            "value": "page_audit",
                            "value_from": []
                          },
                          {
                            "name": "pubsub.page_built",
                            "value": "page_created",
                            "value_from": []
                          },
                          {
                            "name": "spring.cloud.gcp.project-id",
                            "value": "webcrawler-450417",
                            "value_from": []
                          },
                          {
                            "name": "spring.cloud.gcp.region",
                            "value": "us-central1",
                            "value_from": []
                          }
                        ],
                        "env_from": [],
                        "image": "docker.io/deepthought42/page-builder:latest",
                        "liveness_probe": [],
                        "name": "",
                        "ports": [
                          {
                            "container_port": 8080,
                            "name": "http1",
                            "protocol": ""
                          }
                        ],
                        "resources": [
                          {
                            "limits": {
                              "cpu": "1000m",
                              "memory": "512Mi"
                            },
                            "requests": {}
                          }
                        ],
                        "startup_probe": [
                          {
                            "failure_threshold": 1,
                            "grpc": [],
                            "http_get": [],
                            "initial_delay_seconds": 0,
                            "period_seconds": 240,
                            "tcp_socket": [
                              {
                                "port": 8080
                              }
                            ],
                            "timeout_seconds": 240
                          }
                        ],
                        "volume_mounts": [],
                        "working_dir": ""
                      }
                    ],
                    "node_selector": {},
                    "service_account_name": "webcrawler-450417-cloud-run-sa@webcrawler-450417.iam.gserviceaccount.com",
                    "serving_state": "",
                    "timeout_seconds": 300,
                    "volumes": []
                  }
                ]
              }
            ],
            "timeouts": null,
            "traffic": [
              {
                "latest_revision": true,
                "percent": 100,
                "revision_name": "",
                "tag": "",
                "url": ""
              }
            ]
          },
          "sensitive_attributes": [],
          "private": "eyJlMmJmYjczMC1lY2FhLTExZTYtOGY4OC0zNDM2M2JjN2M0YzAiOnsiY3JlYXRlIjoxMjAwMDAwMDAwMDAwLCJkZWxldGUiOjEyMDAwMDAwMDAwMDAsInVwZGF0ZSI6MTIwMDAwMDAwMDAwMH0sInNjaGVtYV92ZXJzaW9uIjoiMiJ9",
          "dependencies": [
            "google_service_account.cloud_run_sa",
            "module.pubsub_topics.google_pubsub_topic.audit_error_topic",
            "module.pubsub_topics.google_pubsub_topic.journey_verified_topic",
            "module.pubsub_topics.google_pubsub_topic.page_audit_topic",
            "module.pubsub_topics.google_pubsub_topic.page_created_topic",
            "module.vpc.google_compute_network.vpc",
            "module.vpc.google_vpc_access_connector.connector"
          ]
        }
      ]
    },
    {
      "module": "module.page_builder_cloud_run",
      "mode": "managed",
      "type": "google_cloud_run_service_iam_member",
      "name": "pubsub_invoker",
      "provider": "provider[\"registry.terraform.io/hashicorp/google\"]",
      "instances": [
        {
          "schema_version": 0,
          "attributes": {
            "condition": [],
            "etag": "BwYzxptGMjw=",
            "id": "v1/projects/webcrawler-450417/locations/us-central1/services/page-builder/roles/run.invoker/serviceAccount:webcrawler-450417-cloud-run-sa@webcrawler-450417.iam.gserviceaccount.com",
            "location": "us-central1",
            "member": "serviceAccount:webcrawler-450417-cloud-run-sa@webcrawler-450417.iam.gserviceaccount.com",
            "project": "webcrawler-450417",
            "role": "roles/run.invoker",
            "service": "v1/projects/webcrawler-450417/locations/us-central1/services/page-builder"
          },
          "sensitive_attributes": [],
          "private": "bnVsbA==",
          "dependencies": [
            "google_service_account.cloud_run_sa",
            "module.page_builder_cloud_run.google_cloud_run_service.service",
            "module.pubsub_topics.google_pubsub_topic.audit_error_topic",
            "module.pubsub_topics.google_pubsub_topic.journey_verified_topic",
            "module.pubsub_topics.google_pubsub_topic.page_audit_topic",
            "module.pubsub_topics.google_pubsub_topic.page_created_topic",
            "module.vpc.google_compute_network.vpc",
            "module.vpc.google_vpc_access_connector.connector"
          ]
        }
      ]
    },
    {
      "module": "module.page_builder_cloud_run.module.pubsub_subscription",
      "mode": "managed",
      "type": "google_pubsub_subscription",
      "name": "subscription",
      "provider": "module.page_builder_cloud_run.module.pubsub_subscription.provider[\"registry.terraform.io/hashicorp/google\"]",
      "instances": [
        {
          "schema_version": 0,
          "attributes": {
            "ack_deadline_seconds": 10,
            "bigquery_config": [],
            "cloud_storage_config": [],
            "dead_letter_policy": [],
            "effective_labels": {
              "goog-terraform-provisioned": "true"
            },
            "enable_exactly_once_delivery": false,
            "enable_message_ordering": false,
            "expiration_policy": [
              {
                "ttl": "2678400s"
              }
            ],
            "filter": "",
            "id": "projects/webcrawler-450417/subscriptions/page-builder-subscription",
            "labels": {},
            "message_retention_duration": "604800s",
            "name": "page-builder-subscription",
            "project": "webcrawler-450417",
            "push_config": [
              {
                "attributes": {},
                "no_wrapper": [],
                "oidc_token": [
                  {
                    "audience": "",
                    "service_account_email": "webcrawler-450417-cloud-run-sa@webcrawler-450417.iam.gserviceaccount.com"
                  }
                ],
                "push_endpoint": "https://page-builder-5wvl2oswbq-uc.a.run.app"
              }
            ],
            "retain_acked_messages": false,
            "retry_policy": [
              {
                "maximum_backoff": "600s",
                "minimum_backoff": "10s"
              }
            ],
            "terraform_labels": {
              "goog-terraform-provisioned": "true"
            },
            "timeouts": null,
            "topic": "projects/webcrawler-450417/topics/url"
          },
          "sensitive_attributes": [],
          "private": "eyJlMmJmYjczMC1lY2FhLTExZTYtOGY4OC0zNDM2M2JjN2M0YzAiOnsiY3JlYXRlIjoxMjAwMDAwMDAwMDAwLCJkZWxldGUiOjEyMDAwMDAwMDAwMDAsInVwZGF0ZSI6MTIwMDAwMDAwMDAwMH19",
          "dependencies": [
            "google_service_account.cloud_run_sa",
            "module.page_builder_cloud_run.google_cloud_run_service.service",
            "module.pubsub_topics.google_pubsub_topic.audit_error_topic",
            "module.pubsub_topics.google_pubsub_topic.journey_verified_topic",
            "module.pubsub_topics.google_pubsub_topic.page_audit_topic",
            "module.pubsub_topics.google_pubsub_topic.page_created_topic",
            "module.pubsub_topics.google_pubsub_topic.url_topic",
            "module.vpc.google_compute_network.vpc",
            "module.vpc.google_vpc_access_connector.connector"
          ]
        }
      ]
    },
    {
      "module": "module.pubsub_topics",
      "mode": "managed",
      "type": "google_pubsub_topic",
      "name": "audit_error_topic",
      "provider": "provider[\"registry.terraform.io/hashicorp/google\"]",
      "instances": [
        {
          "schema_version": 0,
          "attributes": {
            "effective_labels": {
              "environment": "dev",
              "goog-terraform-provisioned": "true"
            },
            "id": "projects/webcrawler-450417/topics/audit_error",
            "ingestion_data_source_settings": [],
            "kms_key_name": "",
            "labels": {
              "environment": "dev"
            },
            "message_retention_duration": "",
            "message_storage_policy": [
              {
                "allowed_persistence_regions": [
                  "us-central1"
                ],
                "enforce_in_transit": false
              }
            ],
            "name": "audit_error",
            "project": "webcrawler-450417",
            "schema_settings": [],
            "terraform_labels": {
              "environment": "dev",
              "goog-terraform-provisioned": "true"
            },
            "timeouts": null
          },
          "sensitive_attributes": [],
          "private": "eyJlMmJmYjczMC1lY2FhLTExZTYtOGY4OC0zNDM2M2JjN2M0YzAiOnsiY3JlYXRlIjoxMjAwMDAwMDAwMDAwLCJkZWxldGUiOjEyMDAwMDAwMDAwMDAsInVwZGF0ZSI6MTIwMDAwMDAwMDAwMH19"
        }
      ]
    },
    {
      "module": "module.pubsub_topics",
      "mode": "managed",
      "type": "google_pubsub_topic",
      "name": "audit_update_topic",
      "provider": "provider[\"registry.terraform.io/hashicorp/google\"]",
      "instances": [
        {
          "schema_version": 0,
          "attributes": {
            "effective_labels": {
              "environment": "dev",
              "goog-terraform-provisioned": "true"
            },
            "id": "projects/webcrawler-450417/topics/audit_update",
            "ingestion_data_source_settings": [],
            "kms_key_name": "",
            "labels": {
              "environment": "dev"
            },
            "message_retention_duration": "",
            "message_storage_policy": [
              {
                "allowed_persistence_regions": [
                  "us-central1"
                ],
                "enforce_in_transit": false
              }
            ],
            "name": "audit_update",
            "project": "webcrawler-450417",
            "schema_settings": [],
            "terraform_labels": {
              "environment": "dev",
              "goog-terraform-provisioned": "true"
            },
            "timeouts": null
          },
          "sensitive_attributes": [],
          "private": "eyJlMmJmYjczMC1lY2FhLTExZTYtOGY4OC0zNDM2M2JjN2M0YzAiOnsiY3JlYXRlIjoxMjAwMDAwMDAwMDAwLCJkZWxldGUiOjEyMDAwMDAwMDAwMDAsInVwZGF0ZSI6MTIwMDAwMDAwMDAwMH19"
        }
      ]
    },
    {
      "module": "module.pubsub_topics",
      "mode": "managed",
      "type": "google_pubsub_topic",
      "name": "journey_candidate_topic",
      "provider": "provider[\"registry.terraform.io/hashicorp/google\"]",
      "instances": [
        {
          "schema_version": 0,
          "attributes": {
            "effective_labels": {
              "environment": "dev",
              "goog-terraform-provisioned": "true"
            },
            "id": "projects/webcrawler-450417/topics/journey_candidate",
            "ingestion_data_source_settings": [],
            "kms_key_name": "",
            "labels": {
              "environment": "dev"
            },
            "message_retention_duration": "",
            "message_storage_policy": [
              {
                "allowed_persistence_regions": [
                  "us-central1"
                ],
                "enforce_in_transit": false
              }
            ],
            "name": "journey_candidate",
            "project": "webcrawler-450417",
            "schema_settings": [],
            "terraform_labels": {
              "environment": "dev",
              "goog-terraform-provisioned": "true"
            },
            "timeouts": null
          },
          "sensitive_attributes": [],
          "private": "eyJlMmJmYjczMC1lY2FhLTExZTYtOGY4OC0zNDM2M2JjN2M0YzAiOnsiY3JlYXRlIjoxMjAwMDAwMDAwMDAwLCJkZWxldGUiOjEyMDAwMDAwMDAwMDAsInVwZGF0ZSI6MTIwMDAwMDAwMDAwMH19"
        }
      ]
    },
    {
      "module": "module.pubsub_topics",
      "mode": "managed",
      "type": "google_pubsub_topic",
      "name": "journey_completion_cleanup_topic",
      "provider": "provider[\"registry.terraform.io/hashicorp/google\"]",
      "instances": [
        {
          "schema_version": 0,
          "attributes": {
            "effective_labels": {
              "environment": "dev",
              "goog-terraform-provisioned": "true"
            },
            "id": "projects/webcrawler-450417/topics/journey_completion_cleanup",
            "ingestion_data_source_settings": [],
            "kms_key_name": "",
            "labels": {
              "environment": "dev"
            },
            "message_retention_duration": "",
            "message_storage_policy": [
              {
                "allowed_persistence_regions": [
                  "us-central1"
                ],
                "enforce_in_transit": false
              }
            ],
            "name": "journey_completion_cleanup",
            "project": "webcrawler-450417",
            "schema_settings": [],
            "terraform_labels": {
              "environment": "dev",
              "goog-terraform-provisioned": "true"
            },
            "timeouts": null
          },
          "sensitive_attributes": [],
          "private": "eyJlMmJmYjczMC1lY2FhLTExZTYtOGY4OC0zNDM2M2JjN2M0YzAiOnsiY3JlYXRlIjoxMjAwMDAwMDAwMDAwLCJkZWxldGUiOjEyMDAwMDAwMDAwMDAsInVwZGF0ZSI6MTIwMDAwMDAwMDAwMH19"
        }
      ]
    },
    {
      "module": "module.pubsub_topics",
      "mode": "managed",
      "type": "google_pubsub_topic",
      "name": "journey_discarded_topic",
      "provider": "provider[\"registry.terraform.io/hashicorp/google\"]",
      "instances": [
        {
          "schema_version": 0,
          "attributes": {
            "effective_labels": {
              "environment": "dev",
              "goog-terraform-provisioned": "true"
            },
            "id": "projects/webcrawler-450417/topics/journey_discarded",
            "ingestion_data_source_settings": [],
            "kms_key_name": "",
            "labels": {
              "environment": "dev"
            },
            "message_retention_duration": "",
            "message_storage_policy": [
              {
                "allowed_persistence_regions": [
                  "us-central1"
                ],
                "enforce_in_transit": false
              }
            ],
            "name": "journey_discarded",
            "project": "webcrawler-450417",
            "schema_settings": [],
            "terraform_labels": {
              "environment": "dev",
              "goog-terraform-provisioned": "true"
            },
            "timeouts": null
          },
          "sensitive_attributes": [],
          "private": "eyJlMmJmYjczMC1lY2FhLTExZTYtOGY4OC0zNDM2M2JjN2M0YzAiOnsiY3JlYXRlIjoxMjAwMDAwMDAwMDAwLCJkZWxldGUiOjEyMDAwMDAwMDAwMDAsInVwZGF0ZSI6MTIwMDAwMDAwMDAwMH19"
        }
      ]
    },
    {
      "module": "module.pubsub_topics",
      "mode": "managed",
      "type": "google_pubsub_topic",
      "name": "journey_verified_topic",
      "provider": "provider[\"registry.terraform.io/hashicorp/google\"]",
      "instances": [
        {
          "schema_version": 0,
          "attributes": {
            "effective_labels": {
              "environment": "dev",
              "goog-terraform-provisioned": "true"
            },
            "id": "projects/webcrawler-450417/topics/journey_verified",
            "ingestion_data_source_settings": [],
            "kms_key_name": "",
            "labels": {
              "environment": "dev"
            },
            "message_retention_duration": "",
            "message_storage_policy": [
              {
                "allowed_persistence_regions": [
                  "us-central1"
                ],
                "enforce_in_transit": false
              }
            ],
            "name": "journey_verified",
            "project": "webcrawler-450417",
            "schema_settings": [],
            "terraform_labels": {
              "environment": "dev",
              "goog-terraform-provisioned": "true"
            },
            "timeouts": null
          },
          "sensitive_attributes": [],
          "private": "eyJlMmJmYjczMC1lY2FhLTExZTYtOGY4OC0zNDM2M2JjN2M0YzAiOnsiY3JlYXRlIjoxMjAwMDAwMDAwMDAwLCJkZWxldGUiOjEyMDAwMDAwMDAwMDAsInVwZGF0ZSI6MTIwMDAwMDAwMDAwMH19"
        }
      ]
    },
    {
      "module": "module.pubsub_topics",
      "mode": "managed",
      "type": "google_pubsub_topic",
      "name": "page_audit_topic",
      "provider": "provider[\"registry.terraform.io/hashicorp/google\"]",
      "instances": [
        {
          "schema_version": 0,
          "attributes": {
            "effective_labels": {
              "environment": "dev",
              "goog-terraform-provisioned": "true"
            },
            "id": "projects/webcrawler-450417/topics/page_audit",
            "ingestion_data_source_settings": [],
            "kms_key_name": "",
            "labels": {
              "environment": "dev"
            },
            "message_retention_duration": "",
            "message_storage_policy": [
              {
                "allowed_persistence_regions": [
                  "us-central1"
                ],
                "enforce_in_transit": false
              }
            ],
            "name": "page_audit",
            "project": "webcrawler-450417",
            "schema_settings": [],
            "terraform_labels": {
              "environment": "dev",
              "goog-terraform-provisioned": "true"
            },
            "timeouts": null
          },
          "sensitive_attributes": [],
          "private": "eyJlMmJmYjczMC1lY2FhLTExZTYtOGY4OC0zNDM2M2JjN2M0YzAiOnsiY3JlYXRlIjoxMjAwMDAwMDAwMDAwLCJkZWxldGUiOjEyMDAwMDAwMDAwMDAsInVwZGF0ZSI6MTIwMDAwMDAwMDAwMH19"
        }
      ]
    },
    {
      "module": "module.pubsub_topics",
      "mode": "managed",
      "type": "google_pubsub_topic",
      "name": "page_created_topic",
      "provider": "provider[\"registry.terraform.io/hashicorp/google\"]",
      "instances": [
        {
          "schema_version": 0,
          "attributes": {
            "effective_labels": {
              "environment": "dev",
              "goog-terraform-provisioned": "true"
            },
            "id": "projects/webcrawler-450417/topics/page_created",
            "ingestion_data_source_settings": [],
            "kms_key_name": "",
            "labels": {
              "environment": "dev"
            },
            "message_retention_duration": "",
            "message_storage_policy": [
              {
                "allowed_persistence_regions": [
                  "us-central1"
                ],
                "enforce_in_transit": false
              }
            ],
            "name": "page_created",
            "project": "webcrawler-450417",
            "schema_settings": [],
            "terraform_labels": {
              "environment": "dev",
              "goog-terraform-provisioned": "true"
            },
            "timeouts": null
          },
          "sensitive_attributes": [],
          "private": "eyJlMmJmYjczMC1lY2FhLTExZTYtOGY4OC0zNDM2M2JjN2M0YzAiOnsiY3JlYXRlIjoxMjAwMDAwMDAwMDAwLCJkZWxldGUiOjEyMDAwMDAwMDAwMDAsInVwZGF0ZSI6MTIwMDAwMDAwMDAwMH19"
        }
      ]
    },
    {
      "module": "module.pubsub_topics",
      "mode": "managed",
      "type": "google_pubsub_topic",
      "name": "url_topic",
      "provider": "provider[\"registry.terraform.io/hashicorp/google\"]",
      "instances": [
        {
          "schema_version": 0,
          "attributes": {
            "effective_labels": {
              "environment": "dev",
              "goog-terraform-provisioned": "true"
            },
            "id": "projects/webcrawler-450417/topics/url",
            "ingestion_data_source_settings": [],
            "kms_key_name": "",
            "labels": {
              "environment": "dev"
            },
            "message_retention_duration": "",
            "message_storage_policy": [
              {
                "allowed_persistence_regions": [
                  "us-central1"
                ],
                "enforce_in_transit": false
              }
            ],
            "name": "url",
            "project": "webcrawler-450417",
            "schema_settings": [],
            "terraform_labels": {
              "environment": "dev",
              "goog-terraform-provisioned": "true"
            },
            "timeouts": null
          },
          "sensitive_attributes": [],
          "private": "eyJlMmJmYjczMC1lY2FhLTExZTYtOGY4OC0zNDM2M2JjN2M0YzAiOnsiY3JlYXRlIjoxMjAwMDAwMDAwMDAwLCJkZWxldGUiOjEyMDAwMDAwMDAwMDAsInVwZGF0ZSI6MTIwMDAwMDAwMDAwMH19"
        }
      ]
    },
    {
      "module": "module.pubsub_topics",
      "mode": "managed",
      "type": "google_pubsub_topic_iam_binding",
      "name": "audit_error_topic_publisher",
      "provider": "provider[\"registry.terraform.io/hashicorp/google\"]",
      "instances": [
        {
          "schema_version": 0,
          "attributes": {
            "condition": [],
            "etag": "BwYzxoxNKeE=",
            "id": "projects/webcrawler-450417/topics/audit_error/roles/pubsub.publisher",
            "members": [
              "serviceAccount:webcrawler-450417-pubsub-sa@webcrawler-450417.iam.gserviceaccount.com"
            ],
            "project": "webcrawler-450417",
            "role": "roles/pubsub.publisher",
            "topic": "projects/webcrawler-450417/topics/audit_error"
          },
          "sensitive_attributes": [],
          "private": "bnVsbA==",
          "dependencies": [
            "google_service_account.pubsub_sa",
            "module.pubsub_topics.google_pubsub_topic.audit_error_topic"
          ]
        }
      ]
    },
    {
      "module": "module.pubsub_topics",
      "mode": "managed",
      "type": "google_pubsub_topic_iam_binding",
      "name": "audit_update_topic_publisher",
      "provider": "provider[\"registry.terraform.io/hashicorp/google\"]",
      "instances": [
        {
          "schema_version": 0,
          "attributes": {
            "condition": [],
            "etag": "BwYzxoxNNMg=",
            "id": "projects/webcrawler-450417/topics/audit_update/roles/pubsub.publisher",
            "members": [
              "serviceAccount:webcrawler-450417-pubsub-sa@webcrawler-450417.iam.gserviceaccount.com"
            ],
            "project": "webcrawler-450417",
            "role": "roles/pubsub.publisher",
            "topic": "projects/webcrawler-450417/topics/audit_update"
          },
          "sensitive_attributes": [],
          "private": "bnVsbA==",
          "dependencies": [
            "google_service_account.pubsub_sa",
            "module.pubsub_topics.google_pubsub_topic.audit_update_topic"
          ]
        }
      ]
    },
    {
      "module": "module.pubsub_topics",
      "mode": "managed",
      "type": "google_pubsub_topic_iam_binding",
      "name": "journey_candidate_topic_publisher",
      "provider": "provider[\"registry.terraform.io/hashicorp/google\"]",
      "instances": [
        {
          "schema_version": 0,
          "attributes": {
            "condition": [],
            "etag": "BwYzxoyNV4w=",
            "id": "projects/webcrawler-450417/topics/journey_candidate/roles/pubsub.publisher",
            "members": [
              "serviceAccount:webcrawler-450417-pubsub-sa@webcrawler-450417.iam.gserviceaccount.com"
            ],
            "project": "webcrawler-450417",
            "role": "roles/pubsub.publisher",
            "topic": "projects/webcrawler-450417/topics/journey_candidate"
          },
          "sensitive_attributes": [],
          "private": "bnVsbA==",
          "dependencies": [
            "google_service_account.pubsub_sa",
            "module.pubsub_topics.google_pubsub_topic.journey_candidate_topic"
          ]
        }
      ]
    },
    {
      "module": "module.pubsub_topics",
      "mode": "managed",
      "type": "google_pubsub_topic_iam_binding",
      "name": "journey_completion_cleanup_topic_publisher",
      "provider": "provider[\"registry.terraform.io/hashicorp/google\"]",
      "instances": [
        {
          "schema_version": 0,
          "attributes": {
            "condition": [],
            "etag": "BwYzxoxVVHQ=",
            "id": "projects/webcrawler-450417/topics/journey_completion_cleanup/roles/pubsub.publisher",
            "members": [
              "serviceAccount:webcrawler-450417-pubsub-sa@webcrawler-450417.iam.gserviceaccount.com"
            ],
            "project": "webcrawler-450417",
            "role": "roles/pubsub.publisher",
            "topic": "projects/webcrawler-450417/topics/journey_completion_cleanup"
          },
          "sensitive_attributes": [],
          "private": "bnVsbA==",
          "dependencies": [
            "google_service_account.pubsub_sa",
            "module.pubsub_topics.google_pubsub_topic.journey_completion_cleanup_topic"
          ]
        }
      ]
    },
    {
      "module": "module.pubsub_topics",
      "mode": "managed",
      "type": "google_pubsub_topic_iam_binding",
      "name": "journey_discarded_topic_publisher",
      "provider": "provider[\"registry.terraform.io/hashicorp/google\"]",
      "instances": [
        {
          "schema_version": 0,
          "attributes": {
            "condition": [],
            "etag": "BwYzxoyR2yY=",
            "id": "projects/webcrawler-450417/topics/journey_discarded/roles/pubsub.publisher",
            "members": [
              "serviceAccount:webcrawler-450417-pubsub-sa@webcrawler-450417.iam.gserviceaccount.com"
            ],
            "project": "webcrawler-450417",
            "role": "roles/pubsub.publisher",
            "topic": "projects/webcrawler-450417/topics/journey_discarded"
          },
          "sensitive_attributes": [],
          "private": "bnVsbA==",
          "dependencies": [
            "google_service_account.pubsub_sa",
            "module.pubsub_topics.google_pubsub_topic.journey_discarded_topic"
          ]
        }
      ]
    },
    {
      "module": "module.pubsub_topics",
      "mode": "managed",
      "type": "google_pubsub_topic_iam_binding",
      "name": "journey_verified_topic_publisher",
      "provider": "provider[\"registry.terraform.io/hashicorp/google\"]",
      "instances": [
        {
          "schema_version": 0,
          "attributes": {
            "condition": [],
            "etag": "BwYzxoxTdU0=",
            "id": "projects/webcrawler-450417/topics/journey_verified/roles/pubsub.publisher",
            "members": [
              "serviceAccount:webcrawler-450417-pubsub-sa@webcrawler-450417.iam.gserviceaccount.com"
            ],
            "project": "webcrawler-450417",
            "role": "roles/pubsub.publisher",
            "topic": "projects/webcrawler-450417/topics/journey_verified"
          },
          "sensitive_attributes": [],
          "private": "bnVsbA==",
          "dependencies": [
            "google_service_account.pubsub_sa",
            "module.pubsub_topics.google_pubsub_topic.journey_verified_topic"
          ]
        }
      ]
    },
    {
      "module": "module.pubsub_topics",
      "mode": "managed",
      "type": "google_pubsub_topic_iam_binding",
      "name": "page_audit_topic_publisher",
      "provider": "provider[\"registry.terraform.io/hashicorp/google\"]",
      "instances": [
        {
          "schema_version": 0,
          "attributes": {
            "condition": [],
            "etag": "BwYzxoyLxFA=",
            "id": "projects/webcrawler-450417/topics/page_audit/roles/pubsub.publisher",
            "members": [
              "serviceAccount:webcrawler-450417-pubsub-sa@webcrawler-450417.iam.gserviceaccount.com"
            ],
            "project": "webcrawler-450417",
            "role": "roles/pubsub.publisher",
            "topic": "projects/webcrawler-450417/topics/page_audit"
          },
          "sensitive_attributes": [],
          "private": "bnVsbA==",
          "dependencies": [
            "google_service_account.pubsub_sa",
            "module.pubsub_topics.google_pubsub_topic.page_audit_topic"
          ]
        }
      ]
    },
    {
      "module": "module.pubsub_topics",
      "mode": "managed",
      "type": "google_pubsub_topic_iam_binding",
      "name": "page_created_topic_publisher",
      "provider": "provider[\"registry.terraform.io/hashicorp/google\"]",
      "instances": [
        {
          "schema_version": 0,
          "attributes": {
            "condition": [],
            "etag": "BwYzxoxfdvw=",
            "id": "projects/webcrawler-450417/topics/page_created/roles/pubsub.publisher",
            "members": [
              "serviceAccount:webcrawler-450417-pubsub-sa@webcrawler-450417.iam.gserviceaccount.com"
            ],
            "project": "webcrawler-450417",
            "role": "roles/pubsub.publisher",
            "topic": "projects/webcrawler-450417/topics/page_created"
          },
          "sensitive_attributes": [],
          "private": "bnVsbA==",
          "dependencies": [
            "google_service_account.pubsub_sa",
            "module.pubsub_topics.google_pubsub_topic.page_created_topic"
          ]
        }
      ]
    },
    {
      "module": "module.pubsub_topics",
      "mode": "managed",
      "type": "google_pubsub_topic_iam_binding",
      "name": "url_topic_publisher",
      "provider": "provider[\"registry.terraform.io/hashicorp/google\"]",
      "instances": [
        {
          "schema_version": 0,
          "attributes": {
            "condition": [],
            "etag": "BwYzxoxhJ7s=",
            "id": "projects/webcrawler-450417/topics/url/roles/pubsub.publisher",
            "members": [
              "serviceAccount:webcrawler-450417-pubsub-sa@webcrawler-450417.iam.gserviceaccount.com"
            ],
            "project": "webcrawler-450417",
            "role": "roles/pubsub.publisher",
            "topic": "projects/webcrawler-450417/topics/url"
          },
          "sensitive_attributes": [],
          "private": "bnVsbA==",
          "dependencies": [
            "google_service_account.pubsub_sa",
            "module.pubsub_topics.google_pubsub_topic.url_topic"
          ]
        }
      ]
    },
    {
      "module": "module.secrets",
      "mode": "managed",
      "type": "google_secret_manager_secret",
      "name": "auth0_audience",
      "provider": "provider[\"registry.terraform.io/hashicorp/google\"]",
      "instances": [
        {
          "schema_version": 0,
          "attributes": {
            "annotations": {},
            "create_time": "2025-04-28T02:21:54.487835Z",
            "effective_annotations": {},
            "effective_labels": {
              "environment": "dev",
              "goog-terraform-provisioned": "true"
            },
            "expire_time": "",
            "id": "projects/webcrawler-450417/secrets/auth0-audience",
            "labels": {
              "environment": "dev"
            },
            "name": "projects/673367928406/secrets/auth0-audience",
            "project": "webcrawler-450417",
            "replication": [
              {
                "auto": [
                  {
                    "customer_managed_encryption": []
                  }
                ],
                "user_managed": []
              }
            ],
            "rotation": [],
            "secret_id": "auth0-audience",
            "terraform_labels": {
              "environment": "dev",
              "goog-terraform-provisioned": "true"
            },
            "timeouts": null,
            "topics": [],
            "ttl": null,
            "version_aliases": {},
            "version_destroy_ttl": ""
          },
          "sensitive_attributes": [],
          "private": "eyJlMmJmYjczMC1lY2FhLTExZTYtOGY4OC0zNDM2M2JjN2M0YzAiOnsiY3JlYXRlIjoxMjAwMDAwMDAwMDAwLCJkZWxldGUiOjEyMDAwMDAwMDAwMDAsInVwZGF0ZSI6MTIwMDAwMDAwMDAwMH19"
        }
      ]
    },
    {
      "module": "module.secrets",
      "mode": "managed",
      "type": "google_secret_manager_secret",
      "name": "auth0_client_id",
      "provider": "provider[\"registry.terraform.io/hashicorp/google\"]",
      "instances": [
        {
          "schema_version": 0,
          "attributes": {
            "annotations": {},
            "create_time": "2025-04-27T18:14:51.905364Z",
            "effective_annotations": {},
            "effective_labels": {
              "environment": "dev",
              "goog-terraform-provisioned": "true"
            },
            "expire_time": "",
            "id": "projects/webcrawler-450417/secrets/auth0-client-id",
            "labels": {
              "environment": "dev"
            },
            "name": "projects/673367928406/secrets/auth0-client-id",
            "project": "webcrawler-450417",
            "replication": [
              {
                "auto": [
                  {
                    "customer_managed_encryption": []
                  }
                ],
                "user_managed": []
              }
            ],
            "rotation": [],
            "secret_id": "auth0-client-id",
            "terraform_labels": {
              "environment": "dev",
              "goog-terraform-provisioned": "true"
            },
            "timeouts": null,
            "topics": [],
            "ttl": null,
            "version_aliases": {},
            "version_destroy_ttl": ""
          },
          "sensitive_attributes": [],
          "private": "eyJlMmJmYjczMC1lY2FhLTExZTYtOGY4OC0zNDM2M2JjN2M0YzAiOnsiY3JlYXRlIjoxMjAwMDAwMDAwMDAwLCJkZWxldGUiOjEyMDAwMDAwMDAwMDAsInVwZGF0ZSI6MTIwMDAwMDAwMDAwMH19"
        }
      ]
    },
    {
      "module": "module.secrets",
      "mode": "managed",
      "type": "google_secret_manager_secret",
      "name": "auth0_client_secret",
      "provider": "provider[\"registry.terraform.io/hashicorp/google\"]",
      "instances": [
        {
          "schema_version": 0,
          "attributes": {
            "annotations": {},
            "create_time": "2025-04-27T18:14:51.517934Z",
            "effective_annotations": {},
            "effective_labels": {
              "environment": "dev",
              "goog-terraform-provisioned": "true"
            },
            "expire_time": "",
            "id": "projects/webcrawler-450417/secrets/auth0-client-secret",
            "labels": {
              "environment": "dev"
            },
            "name": "projects/673367928406/secrets/auth0-client-secret",
            "project": "webcrawler-450417",
            "replication": [
              {
                "auto": [
                  {
                    "customer_managed_encryption": []
                  }
                ],
                "user_managed": []
              }
            ],
            "rotation": [],
            "secret_id": "auth0-client-secret",
            "terraform_labels": {
              "environment": "dev",
              "goog-terraform-provisioned": "true"
            },
            "timeouts": null,
            "topics": [],
            "ttl": null,
            "version_aliases": {},
            "version_destroy_ttl": ""
          },
          "sensitive_attributes": [],
          "private": "eyJlMmJmYjczMC1lY2FhLTExZTYtOGY4OC0zNDM2M2JjN2M0YzAiOnsiY3JlYXRlIjoxMjAwMDAwMDAwMDAwLCJkZWxldGUiOjEyMDAwMDAwMDAwMDAsInVwZGF0ZSI6MTIwMDAwMDAwMDAwMH19"
        }
      ]
    },
    {
      "module": "module.secrets",
      "mode": "managed",
      "type": "google_secret_manager_secret",
      "name": "auth0_domain",
      "provider": "provider[\"registry.terraform.io/hashicorp/google\"]",
      "instances": [
        {
          "schema_version": 0,
          "attributes": {
            "annotations": {},
            "create_time": "2025-04-28T02:21:54.420900Z",
            "effective_annotations": {},
            "effective_labels": {
              "environment": "dev",
              "goog-terraform-provisioned": "true"
            },
            "expire_time": "",
            "id": "projects/webcrawler-450417/secrets/auth0-domain",
            "labels": {
              "environment": "dev"
            },
            "name": "projects/673367928406/secrets/auth0-domain",
            "project": "webcrawler-450417",
            "replication": [
              {
                "auto": [
                  {
                    "customer_managed_encryption": []
                  }
                ],
                "user_managed": []
              }
            ],
            "rotation": [],
            "secret_id": "auth0-domain",
            "terraform_labels": {
              "environment": "dev",
              "goog-terraform-provisioned": "true"
            },
            "timeouts": null,
            "topics": [],
            "ttl": null,
            "version_aliases": {},
            "version_destroy_ttl": ""
          },
          "sensitive_attributes": [],
          "private": "eyJlMmJmYjczMC1lY2FhLTExZTYtOGY4OC0zNDM2M2JjN2M0YzAiOnsiY3JlYXRlIjoxMjAwMDAwMDAwMDAwLCJkZWxldGUiOjEyMDAwMDAwMDAwMDAsInVwZGF0ZSI6MTIwMDAwMDAwMDAwMH19"
        }
      ]
    },
    {
      "module": "module.secrets",
      "mode": "managed",
      "type": "google_secret_manager_secret",
      "name": "neo4j_bolt_uri",
      "provider": "provider[\"registry.terraform.io/hashicorp/google\"]",
      "instances": [
        {
          "schema_version": 0,
          "attributes": {
            "annotations": {},
            "create_time": "2025-04-27T18:14:53.918027Z",
            "effective_annotations": {},
            "effective_labels": {
              "environment": "dev",
              "goog-terraform-provisioned": "true"
            },
            "expire_time": "",
            "id": "projects/webcrawler-450417/secrets/neo4j-bolt-uri",
            "labels": {
              "environment": "dev"
            },
            "name": "projects/673367928406/secrets/neo4j-bolt-uri",
            "project": "webcrawler-450417",
            "replication": [
              {
                "auto": [
                  {
                    "customer_managed_encryption": []
                  }
                ],
                "user_managed": []
              }
            ],
            "rotation": [],
            "secret_id": "neo4j-bolt-uri",
            "terraform_labels": {
              "environment": "dev",
              "goog-terraform-provisioned": "true"
            },
            "timeouts": null,
            "topics": [],
            "ttl": null,
            "version_aliases": {},
            "version_destroy_ttl": ""
          },
          "sensitive_attributes": [],
          "private": "eyJlMmJmYjczMC1lY2FhLTExZTYtOGY4OC0zNDM2M2JjN2M0YzAiOnsiY3JlYXRlIjoxMjAwMDAwMDAwMDAwLCJkZWxldGUiOjEyMDAwMDAwMDAwMDAsInVwZGF0ZSI6MTIwMDAwMDAwMDAwMH19"
        }
      ]
    },
    {
      "module": "module.secrets",
      "mode": "managed",
      "type": "google_secret_manager_secret",
      "name": "neo4j_db_name",
      "provider": "provider[\"registry.terraform.io/hashicorp/google\"]",
      "instances": [
        {
          "schema_version": 0,
          "attributes": {
            "annotations": {},
            "create_time": "2025-04-27T18:14:51.572503Z",
            "effective_annotations": {},
            "effective_labels": {
              "environment": "dev",
              "goog-terraform-provisioned": "true"
            },
            "expire_time": "",
            "id": "projects/webcrawler-450417/secrets/neo4j-db-name",
            "labels": {
              "environment": "dev"
            },
            "name": "projects/673367928406/secrets/neo4j-db-name",
            "project": "webcrawler-450417",
            "replication": [
              {
                "auto": [
                  {
                    "customer_managed_encryption": []
                  }
                ],
                "user_managed": []
              }
            ],
            "rotation": [],
            "secret_id": "neo4j-db-name",
            "terraform_labels": {
              "environment": "dev",
              "goog-terraform-provisioned": "true"
            },
            "timeouts": null,
            "topics": [],
            "ttl": null,
            "version_aliases": {},
            "version_destroy_ttl": ""
          },
          "sensitive_attributes": [],
          "private": "eyJlMmJmYjczMC1lY2FhLTExZTYtOGY4OC0zNDM2M2JjN2M0YzAiOnsiY3JlYXRlIjoxMjAwMDAwMDAwMDAwLCJkZWxldGUiOjEyMDAwMDAwMDAwMDAsInVwZGF0ZSI6MTIwMDAwMDAwMDAwMH19"
        }
      ]
    },
    {
      "module": "module.secrets",
      "mode": "managed",
      "type": "google_secret_manager_secret",
      "name": "neo4j_password",
      "provider": "provider[\"registry.terraform.io/hashicorp/google\"]",
      "instances": [
        {
          "schema_version": 0,
          "attributes": {
            "annotations": {},
            "create_time": "2025-04-27T18:14:52.091539Z",
            "effective_annotations": {},
            "effective_labels": {
              "environment": "dev",
              "goog-terraform-provisioned": "true"
            },
            "expire_time": "",
            "id": "projects/webcrawler-450417/secrets/neo4j-password",
            "labels": {
              "environment": "dev"
            },
            "name": "projects/673367928406/secrets/neo4j-password",
            "project": "webcrawler-450417",
            "replication": [
              {
                "auto": [
                  {
                    "customer_managed_encryption": []
                  }
                ],
                "user_managed": []
              }
            ],
            "rotation": [],
            "secret_id": "neo4j-password",
            "terraform_labels": {
              "environment": "dev",
              "goog-terraform-provisioned": "true"
            },
            "timeouts": null,
            "topics": [],
            "ttl": null,
            "version_aliases": {},
            "version_destroy_ttl": ""
          },
          "sensitive_attributes": [],
          "private": "eyJlMmJmYjczMC1lY2FhLTExZTYtOGY4OC0zNDM2M2JjN2M0YzAiOnsiY3JlYXRlIjoxMjAwMDAwMDAwMDAwLCJkZWxldGUiOjEyMDAwMDAwMDAwMDAsInVwZGF0ZSI6MTIwMDAwMDAwMDAwMH19"
        }
      ]
    },
    {
      "module": "module.secrets",
      "mode": "managed",
      "type": "google_secret_manager_secret",
      "name": "neo4j_username",
      "provider": "provider[\"registry.terraform.io/hashicorp/google\"]",
      "instances": [
        {
          "schema_version": 0,
          "attributes": {
            "annotations": {},
            "create_time": "2025-04-27T18:14:51.776613Z",
            "effective_annotations": {},
            "effective_labels": {
              "environment": "dev",
              "goog-terraform-provisioned": "true"
            },
            "expire_time": "",
            "id": "projects/webcrawler-450417/secrets/neo4j-username",
            "labels": {
              "environment": "dev"
            },
            "name": "projects/673367928406/secrets/neo4j-username",
            "project": "webcrawler-450417",
            "replication": [
              {
                "auto": [
                  {
                    "customer_managed_encryption": []
                  }
                ],
                "user_managed": []
              }
            ],
            "rotation": [],
            "secret_id": "neo4j-username",
            "terraform_labels": {
              "environment": "dev",
              "goog-terraform-provisioned": "true"
            },
            "timeouts": null,
            "topics": [],
            "ttl": null,
            "version_aliases": {},
            "version_destroy_ttl": ""
          },
          "sensitive_attributes": [],
          "private": "eyJlMmJmYjczMC1lY2FhLTExZTYtOGY4OC0zNDM2M2JjN2M0YzAiOnsiY3JlYXRlIjoxMjAwMDAwMDAwMDAwLCJkZWxldGUiOjEyMDAwMDAwMDAwMDAsInVwZGF0ZSI6MTIwMDAwMDAwMDAwMH19"
        }
      ]
    },
    {
      "module": "module.secrets",
      "mode": "managed",
      "type": "google_secret_manager_secret",
      "name": "pusher_app_id",
      "provider": "provider[\"registry.terraform.io/hashicorp/google\"]",
      "instances": [
        {
          "schema_version": 0,
          "attributes": {
            "annotations": {},
            "create_time": "2025-04-27T18:14:51.852950Z",
            "effective_annotations": {},
            "effective_labels": {
              "environment": "dev",
              "goog-terraform-provisioned": "true"
            },
            "expire_time": "",
            "id": "projects/webcrawler-450417/secrets/pusher-app-id",
            "labels": {
              "environment": "dev"
            },
            "name": "projects/673367928406/secrets/pusher-app-id",
            "project": "webcrawler-450417",
            "replication": [
              {
                "auto": [
                  {
                    "customer_managed_encryption": []
                  }
                ],
                "user_managed": []
              }
            ],
            "rotation": [],
            "secret_id": "pusher-app-id",
            "terraform_labels": {
              "environment": "dev",
              "goog-terraform-provisioned": "true"
            },
            "timeouts": null,
            "topics": [],
            "ttl": null,
            "version_aliases": {},
            "version_destroy_ttl": ""
          },
          "sensitive_attributes": [],
          "private": "eyJlMmJmYjczMC1lY2FhLTExZTYtOGY4OC0zNDM2M2JjN2M0YzAiOnsiY3JlYXRlIjoxMjAwMDAwMDAwMDAwLCJkZWxldGUiOjEyMDAwMDAwMDAwMDAsInVwZGF0ZSI6MTIwMDAwMDAwMDAwMH19"
        }
      ]
    },
    {
      "module": "module.secrets",
      "mode": "managed",
      "type": "google_secret_manager_secret",
      "name": "pusher_cluster",
      "provider": "provider[\"registry.terraform.io/hashicorp/google\"]",
      "instances": [
        {
          "schema_version": 0,
          "attributes": {
            "annotations": {},
            "create_time": "2025-04-27T18:14:51.570169Z",
            "effective_annotations": {},
            "effective_labels": {
              "environment": "dev",
              "goog-terraform-provisioned": "true"
            },
            "expire_time": "",
            "id": "projects/webcrawler-450417/secrets/pusher-cluster",
            "labels": {
              "environment": "dev"
            },
            "name": "projects/673367928406/secrets/pusher-cluster",
            "project": "webcrawler-450417",
            "replication": [
              {
                "auto": [
                  {
                    "customer_managed_encryption": []
                  }
                ],
                "user_managed": []
              }
            ],
            "rotation": [],
            "secret_id": "pusher-cluster",
            "terraform_labels": {
              "environment": "dev",
              "goog-terraform-provisioned": "true"
            },
            "timeouts": null,
            "topics": [],
            "ttl": null,
            "version_aliases": {},
            "version_destroy_ttl": ""
          },
          "sensitive_attributes": [],
          "private": "eyJlMmJmYjczMC1lY2FhLTExZTYtOGY4OC0zNDM2M2JjN2M0YzAiOnsiY3JlYXRlIjoxMjAwMDAwMDAwMDAwLCJkZWxldGUiOjEyMDAwMDAwMDAwMDAsInVwZGF0ZSI6MTIwMDAwMDAwMDAwMH19"
        }
      ]
    },
    {
      "module": "module.secrets",
      "mode": "managed",
      "type": "google_secret_manager_secret",
      "name": "pusher_key",
      "provider": "provider[\"registry.terraform.io/hashicorp/google\"]",
      "instances": [
        {
          "schema_version": 0,
          "attributes": {
            "annotations": {},
            "create_time": "2025-04-27T18:14:51.564875Z",
            "effective_annotations": {},
            "effective_labels": {
              "environment": "dev",
              "goog-terraform-provisioned": "true"
            },
            "expire_time": "",
            "id": "projects/webcrawler-450417/secrets/pusher-key",
            "labels": {
              "environment": "dev"
            },
            "name": "projects/673367928406/secrets/pusher-key",
            "project": "webcrawler-450417",
            "replication": [
              {
                "auto": [
                  {
                    "customer_managed_encryption": []
                  }
                ],
                "user_managed": []
              }
            ],
            "rotation": [],
            "secret_id": "pusher-key",
            "terraform_labels": {
              "environment": "dev",
              "goog-terraform-provisioned": "true"
            },
            "timeouts": null,
            "topics": [],
            "ttl": null,
            "version_aliases": {},
            "version_destroy_ttl": ""
          },
          "sensitive_attributes": [],
          "private": "eyJlMmJmYjczMC1lY2FhLTExZTYtOGY4OC0zNDM2M2JjN2M0YzAiOnsiY3JlYXRlIjoxMjAwMDAwMDAwMDAwLCJkZWxldGUiOjEyMDAwMDAwMDAwMDAsInVwZGF0ZSI6MTIwMDAwMDAwMDAwMH19"
        }
      ]
    },
    {
      "module": "module.secrets",
      "mode": "managed",
      "type": "google_secret_manager_secret",
      "name": "smtp_password",
      "provider": "provider[\"registry.terraform.io/hashicorp/google\"]",
      "instances": [
        {
          "schema_version": 0,
          "attributes": {
            "annotations": {},
            "create_time": "2025-04-27T18:14:51.567054Z",
            "effective_annotations": {},
            "effective_labels": {
              "environment": "dev",
              "goog-terraform-provisioned": "true"
            },
            "expire_time": "",
            "id": "projects/webcrawler-450417/secrets/smtp-password",
            "labels": {
              "environment": "dev"
            },
            "name": "projects/673367928406/secrets/smtp-password",
            "project": "webcrawler-450417",
            "replication": [
              {
                "auto": [
                  {
                    "customer_managed_encryption": []
                  }
                ],
                "user_managed": []
              }
            ],
            "rotation": [],
            "secret_id": "smtp-password",
            "terraform_labels": {
              "environment": "dev",
              "goog-terraform-provisioned": "true"
            },
            "timeouts": null,
            "topics": [],
            "ttl": null,
            "version_aliases": {},
            "version_destroy_ttl": ""
          },
          "sensitive_attributes": [],
          "private": "eyJlMmJmYjczMC1lY2FhLTExZTYtOGY4OC0zNDM2M2JjN2M0YzAiOnsiY3JlYXRlIjoxMjAwMDAwMDAwMDAwLCJkZWxldGUiOjEyMDAwMDAwMDAwMDAsInVwZGF0ZSI6MTIwMDAwMDAwMDAwMH19"
        }
      ]
    },
    {
      "module": "module.secrets",
      "mode": "managed",
      "type": "google_secret_manager_secret",
      "name": "smtp_username",
      "provider": "provider[\"registry.terraform.io/hashicorp/google\"]",
      "instances": [
        {
          "schema_version": 0,
          "attributes": {
            "annotations": {},
            "create_time": "2025-04-27T18:14:51.572640Z",
            "effective_annotations": {},
            "effective_labels": {
              "environment": "dev",
              "goog-terraform-provisioned": "true"
            },
            "expire_time": "",
            "id": "projects/webcrawler-450417/secrets/smtp-username",
            "labels": {
              "environment": "dev"
            },
            "name": "projects/673367928406/secrets/smtp-username",
            "project": "webcrawler-450417",
            "replication": [
              {
                "auto": [
                  {
                    "customer_managed_encryption": []
                  }
                ],
                "user_managed": []
              }
            ],
            "rotation": [],
            "secret_id": "smtp-username",
            "terraform_labels": {
              "environment": "dev",
              "goog-terraform-provisioned": "true"
            },
            "timeouts": null,
            "topics": [],
            "ttl": null,
            "version_aliases": {},
            "version_destroy_ttl": ""
          },
          "sensitive_attributes": [],
          "private": "eyJlMmJmYjczMC1lY2FhLTExZTYtOGY4OC0zNDM2M2JjN2M0YzAiOnsiY3JlYXRlIjoxMjAwMDAwMDAwMDAwLCJkZWxldGUiOjEyMDAwMDAwMDAwMDAsInVwZGF0ZSI6MTIwMDAwMDAwMDAwMH19"
        }
      ]
    },
    {
      "module": "module.secrets",
      "mode": "managed",
      "type": "google_secret_manager_secret_iam_member",
      "name": "auth0_audience_secret_accessor",
      "provider": "provider[\"registry.terraform.io/hashicorp/google\"]",
      "instances": [
        {
          "schema_version": 0,
          "attributes": {
            "condition": [],
            "etag": "BwYzzXK8A9Y=",
            "id": "projects/673367928406/secrets/auth0-audience/roles/secretmanager.secretAccessor/serviceAccount:webcrawler-450417-cloud-run-sa@webcrawler-450417.iam.gserviceaccount.com",
            "member": "serviceAccount:webcrawler-450417-cloud-run-sa@webcrawler-450417.iam.gserviceaccount.com",
            "project": "673367928406",
            "role": "roles/secretmanager.secretAccessor",
            "secret_id": "projects/673367928406/secrets/auth0-audience"
          },
          "sensitive_attributes": [],
          "private": "bnVsbA==",
          "dependencies": [
            "google_service_account.cloud_run_sa",
            "module.secrets.google_secret_manager_secret.auth0_audience"
          ]
        }
      ]
    },
    {
      "module": "module.secrets",
      "mode": "managed",
      "type": "google_secret_manager_secret_iam_member",
      "name": "auth0_client_id_secret_accessor",
      "provider": "provider[\"registry.terraform.io/hashicorp/google\"]",
      "instances": [
        {
          "schema_version": 0,
          "attributes": {
            "condition": [],
            "etag": "BwYzxovWo3A=",
            "id": "projects/673367928406/secrets/auth0-client-id/roles/secretmanager.secretAccessor/serviceAccount:webcrawler-450417-cloud-run-sa@webcrawler-450417.iam.gserviceaccount.com",
            "member": "serviceAccount:webcrawler-450417-cloud-run-sa@webcrawler-450417.iam.gserviceaccount.com",
            "project": "673367928406",
            "role": "roles/secretmanager.secretAccessor",
            "secret_id": "projects/673367928406/secrets/auth0-client-id"
          },
          "sensitive_attributes": [],
          "private": "bnVsbA==",
          "dependencies": [
            "google_service_account.cloud_run_sa",
            "module.secrets.google_secret_manager_secret.auth0_client_id"
          ]
        }
      ]
    },
    {
      "module": "module.secrets",
      "mode": "managed",
      "type": "google_secret_manager_secret_iam_member",
      "name": "auth0_client_secret_secret_accessor",
      "provider": "provider[\"registry.terraform.io/hashicorp/google\"]",
      "instances": [
        {
          "schema_version": 0,
          "attributes": {
            "condition": [],
            "etag": "BwYzxovWDEQ=",
            "id": "projects/673367928406/secrets/auth0-client-secret/roles/secretmanager.secretAccessor/serviceAccount:webcrawler-450417-cloud-run-sa@webcrawler-450417.iam.gserviceaccount.com",
            "member": "serviceAccount:webcrawler-450417-cloud-run-sa@webcrawler-450417.iam.gserviceaccount.com",
            "project": "673367928406",
            "role": "roles/secretmanager.secretAccessor",
            "secret_id": "projects/673367928406/secrets/auth0-client-secret"
          },
          "sensitive_attributes": [],
          "private": "bnVsbA==",
          "dependencies": [
            "google_service_account.cloud_run_sa",
            "module.secrets.google_secret_manager_secret.auth0_client_secret"
          ]
        }
      ]
    },
    {
      "module": "module.secrets",
      "mode": "managed",
      "type": "google_secret_manager_secret_iam_member",
      "name": "auth0_domain_secret_accessor",
      "provider": "provider[\"registry.terraform.io/hashicorp/google\"]",
      "instances": [
        {
          "schema_version": 0,
          "attributes": {
            "condition": [],
            "etag": "BwYzzXK8QAA=",
            "id": "projects/673367928406/secrets/auth0-domain/roles/secretmanager.secretAccessor/serviceAccount:webcrawler-450417-cloud-run-sa@webcrawler-450417.iam.gserviceaccount.com",
            "member": "serviceAccount:webcrawler-450417-cloud-run-sa@webcrawler-450417.iam.gserviceaccount.com",
            "project": "673367928406",
            "role": "roles/secretmanager.secretAccessor",
            "secret_id": "projects/673367928406/secrets/auth0-domain"
          },
          "sensitive_attributes": [],
          "private": "bnVsbA==",
          "dependencies": [
            "google_service_account.cloud_run_sa",
            "module.secrets.google_secret_manager_secret.auth0_domain"
          ]
        }
      ]
    },
    {
      "module": "module.secrets",
      "mode": "managed",
      "type": "google_secret_manager_secret_iam_member",
      "name": "neo4j_bolt_uri_secret_accessor",
      "provider": "provider[\"registry.terraform.io/hashicorp/google\"]",
      "instances": [
        {
          "schema_version": 0,
          "attributes": {
            "condition": [],
            "etag": "BwYzxovXrcA=",
            "id": "projects/673367928406/secrets/neo4j-bolt-uri/roles/secretmanager.secretAccessor/serviceAccount:webcrawler-450417-cloud-run-sa@webcrawler-450417.iam.gserviceaccount.com",
            "member": "serviceAccount:webcrawler-450417-cloud-run-sa@webcrawler-450417.iam.gserviceaccount.com",
            "project": "673367928406",
            "role": "roles/secretmanager.secretAccessor",
            "secret_id": "projects/673367928406/secrets/neo4j-bolt-uri"
          },
          "sensitive_attributes": [],
          "private": "bnVsbA==",
          "dependencies": [
            "google_service_account.cloud_run_sa",
            "module.secrets.google_secret_manager_secret.neo4j_bolt_uri"
          ]
        }
      ]
    },
    {
      "module": "module.secrets",
      "mode": "managed",
      "type": "google_secret_manager_secret_iam_member",
      "name": "neo4j_db_name_secret_accessor",
      "provider": "provider[\"registry.terraform.io/hashicorp/google\"]",
      "instances": [
        {
          "schema_version": 0,
          "attributes": {
            "condition": [],
            "etag": "BwYzxowQHvs=",
            "id": "projects/673367928406/secrets/neo4j-db-name/roles/secretmanager.secretAccessor/serviceAccount:webcrawler-450417-cloud-run-sa@webcrawler-450417.iam.gserviceaccount.com",
            "member": "serviceAccount:webcrawler-450417-cloud-run-sa@webcrawler-450417.iam.gserviceaccount.com",
            "project": "673367928406",
            "role": "roles/secretmanager.secretAccessor",
            "secret_id": "projects/673367928406/secrets/neo4j-db-name"
          },
          "sensitive_attributes": [],
          "private": "bnVsbA==",
          "dependencies": [
            "google_service_account.cloud_run_sa",
            "module.secrets.google_secret_manager_secret.neo4j_db_name"
          ]
        }
      ]
    },
    {
      "module": "module.secrets",
      "mode": "managed",
      "type": "google_secret_manager_secret_iam_member",
      "name": "neo4j_password_secret_accessor",
      "provider": "provider[\"registry.terraform.io/hashicorp/google\"]",
      "instances": [
        {
          "schema_version": 0,
          "attributes": {
            "condition": [],
            "etag": "BwYzxowTHOg=",
            "id": "projects/673367928406/secrets/neo4j-password/roles/secretmanager.secretAccessor/serviceAccount:webcrawler-450417-cloud-run-sa@webcrawler-450417.iam.gserviceaccount.com",
            "member": "serviceAccount:webcrawler-450417-cloud-run-sa@webcrawler-450417.iam.gserviceaccount.com",
            "project": "673367928406",
            "role": "roles/secretmanager.secretAccessor",
            "secret_id": "projects/673367928406/secrets/neo4j-password"
          },
          "sensitive_attributes": [],
          "private": "bnVsbA==",
          "dependencies": [
            "google_service_account.cloud_run_sa",
            "module.secrets.google_secret_manager_secret.neo4j_password"
          ]
        }
      ]
    },
    {
      "module": "module.secrets",
      "mode": "managed",
      "type": "google_secret_manager_secret_iam_member",
      "name": "neo4j_username_secret_accessor",
      "provider": "provider[\"registry.terraform.io/hashicorp/google\"]",
      "instances": [
        {
          "schema_version": 0,
          "attributes": {
            "condition": [],
            "etag": "BwYzxovVND4=",
            "id": "projects/673367928406/secrets/neo4j-username/roles/secretmanager.secretAccessor/serviceAccount:webcrawler-450417-cloud-run-sa@webcrawler-450417.iam.gserviceaccount.com",
            "member": "serviceAccount:webcrawler-450417-cloud-run-sa@webcrawler-450417.iam.gserviceaccount.com",
            "project": "673367928406",
            "role": "roles/secretmanager.secretAccessor",
            "secret_id": "projects/673367928406/secrets/neo4j-username"
          },
          "sensitive_attributes": [],
          "private": "bnVsbA==",
          "dependencies": [
            "google_service_account.cloud_run_sa",
            "module.secrets.google_secret_manager_secret.neo4j_username"
          ]
        }
      ]
    },
    {
      "module": "module.secrets",
      "mode": "managed",
      "type": "google_secret_manager_secret_iam_member",
      "name": "pusher_app_id_secret_accessor",
      "provider": "provider[\"registry.terraform.io/hashicorp/google\"]",
      "instances": [
        {
          "schema_version": 0,
          "attributes": {
            "condition": [],
            "etag": "BwYzxowTIkw=",
            "id": "projects/673367928406/secrets/pusher-app-id/roles/secretmanager.secretAccessor/serviceAccount:webcrawler-450417-cloud-run-sa@webcrawler-450417.iam.gserviceaccount.com",
            "member": "serviceAccount:webcrawler-450417-cloud-run-sa@webcrawler-450417.iam.gserviceaccount.com",
            "project": "673367928406",
            "role": "roles/secretmanager.secretAccessor",
            "secret_id": "projects/673367928406/secrets/pusher-app-id"
          },
          "sensitive_attributes": [],
          "private": "bnVsbA==",
          "dependencies": [
            "google_service_account.cloud_run_sa",
            "module.secrets.google_secret_manager_secret.pusher_app_id"
          ]
        }
      ]
    },
    {
      "module": "module.secrets",
      "mode": "managed",
      "type": "google_secret_manager_secret_iam_member",
      "name": "pusher_cluster_secret_accessor",
      "provider": "provider[\"registry.terraform.io/hashicorp/google\"]",
      "instances": [
        {
          "schema_version": 0,
          "attributes": {
            "condition": [],
            "etag": "BwYzxovtD2E=",
            "id": "projects/673367928406/secrets/pusher-cluster/roles/secretmanager.secretAccessor/serviceAccount:webcrawler-450417-cloud-run-sa@webcrawler-450417.iam.gserviceaccount.com",
            "member": "serviceAccount:webcrawler-450417-cloud-run-sa@webcrawler-450417.iam.gserviceaccount.com",
            "project": "673367928406",
            "role": "roles/secretmanager.secretAccessor",
            "secret_id": "projects/673367928406/secrets/pusher-cluster"
          },
          "sensitive_attributes": [],
          "private": "bnVsbA==",
          "dependencies": [
            "google_service_account.cloud_run_sa",
            "module.secrets.google_secret_manager_secret.pusher_cluster"
          ]
        }
      ]
    },
    {
      "module": "module.secrets",
      "mode": "managed",
      "type": "google_secret_manager_secret_iam_member",
      "name": "pusher_key_secret_accessor",
      "provider": "provider[\"registry.terraform.io/hashicorp/google\"]",
      "instances": [
        {
          "schema_version": 0,
          "attributes": {
            "condition": [],
            "etag": "BwYzxovWL5M=",
            "id": "projects/673367928406/secrets/pusher-key/roles/secretmanager.secretAccessor/serviceAccount:webcrawler-450417-cloud-run-sa@webcrawler-450417.iam.gserviceaccount.com",
            "member": "serviceAccount:webcrawler-450417-cloud-run-sa@webcrawler-450417.iam.gserviceaccount.com",
            "project": "673367928406",
            "role": "roles/secretmanager.secretAccessor",
            "secret_id": "projects/673367928406/secrets/pusher-key"
          },
          "sensitive_attributes": [],
          "private": "bnVsbA==",
          "dependencies": [
            "google_service_account.cloud_run_sa",
            "module.secrets.google_secret_manager_secret.pusher_key"
          ]
        }
      ]
    },
    {
      "module": "module.secrets",
      "mode": "managed",
      "type": "google_secret_manager_secret_iam_member",
      "name": "smtp_password_secret_accessor",
      "provider": "provider[\"registry.terraform.io/hashicorp/google\"]",
      "instances": [
        {
          "schema_version": 0,
          "attributes": {
            "condition": [],
            "etag": "BwYzxovUsSA=",
            "id": "projects/673367928406/secrets/smtp-password/roles/secretmanager.secretAccessor/serviceAccount:webcrawler-450417-cloud-run-sa@webcrawler-450417.iam.gserviceaccount.com",
            "member": "serviceAccount:webcrawler-450417-cloud-run-sa@webcrawler-450417.iam.gserviceaccount.com",
            "project": "673367928406",
            "role": "roles/secretmanager.secretAccessor",
            "secret_id": "projects/673367928406/secrets/smtp-password"
          },
          "sensitive_attributes": [],
          "private": "bnVsbA==",
          "dependencies": [
            "google_service_account.cloud_run_sa",
            "module.secrets.google_secret_manager_secret.smtp_password"
          ]
        }
      ]
    },
    {
      "module": "module.secrets",
      "mode": "managed",
      "type": "google_secret_manager_secret_iam_member",
      "name": "smtp_username_secret_accessor",
      "provider": "provider[\"registry.terraform.io/hashicorp/google\"]",
      "instances": [
        {
          "schema_version": 0,
          "attributes": {
            "condition": [],
            "etag": "BwYzxowR7uQ=",
            "id": "projects/673367928406/secrets/smtp-username/roles/secretmanager.secretAccessor/serviceAccount:webcrawler-450417-cloud-run-sa@webcrawler-450417.iam.gserviceaccount.com",
            "member": "serviceAccount:webcrawler-450417-cloud-run-sa@webcrawler-450417.iam.gserviceaccount.com",
            "project": "673367928406",
            "role": "roles/secretmanager.secretAccessor",
            "secret_id": "projects/673367928406/secrets/smtp-username"
          },
          "sensitive_attributes": [],
          "private": "bnVsbA==",
          "dependencies": [
            "google_service_account.cloud_run_sa",
            "module.secrets.google_secret_manager_secret.smtp_username"
          ]
        }
      ]
    },
    {
      "module": "module.secrets",
      "mode": "managed",
      "type": "google_secret_manager_secret_version",
      "name": "auth0_audience_version",
      "provider": "provider[\"registry.terraform.io/hashicorp/google\"]",
      "instances": [
        {
          "schema_version": 0,
          "attributes": {
            "create_time": "2025-04-28T02:21:55.183912Z",
            "deletion_policy": "DELETE",
            "destroy_time": "",
            "enabled": true,
            "id": "projects/673367928406/secrets/auth0-audience/versions/1",
            "is_secret_data_base64": false,
            "name": "projects/673367928406/secrets/auth0-audience/versions/1",
            "secret": "projects/webcrawler-450417/secrets/auth0-audience",
            "secret_data": null,
            "secret_data_wo": null,
            "secret_data_wo_version": 0,
            "timeouts": null,
            "version": "1"
          },
          "sensitive_attributes": [
            [
              {
                "type": "get_attr",
                "value": "secret_data"
              }
            ]
          ],
          "private": "eyJlMmJmYjczMC1lY2FhLTExZTYtOGY4OC0zNDM2M2JjN2M0YzAiOnsiY3JlYXRlIjoxMjAwMDAwMDAwMDAwLCJkZWxldGUiOjEyMDAwMDAwMDAwMDAsInVwZGF0ZSI6MTIwMDAwMDAwMDAwMH19",
          "dependencies": [
            "module.secrets.google_secret_manager_secret.auth0_audience"
          ]
        }
      ]
    },
    {
      "module": "module.secrets",
      "mode": "managed",
      "type": "google_secret_manager_secret_version",
      "name": "auth0_client_id_version",
      "provider": "provider[\"registry.terraform.io/hashicorp/google\"]",
      "instances": [
        {
          "schema_version": 0,
          "attributes": {
            "create_time": "2025-04-27T18:14:54.553974Z",
            "deletion_policy": "DELETE",
            "destroy_time": "",
            "enabled": true,
            "id": "projects/673367928406/secrets/auth0-client-id/versions/1",
            "is_secret_data_base64": false,
            "name": "projects/673367928406/secrets/auth0-client-id/versions/1",
            "secret": "projects/webcrawler-450417/secrets/auth0-client-id",
            "secret_data": null,
            "secret_data_wo": null,
            "secret_data_wo_version": 0,
            "timeouts": null,
            "version": "1"
          },
          "sensitive_attributes": [
            [
              {
                "type": "get_attr",
                "value": "secret_data"
              }
            ],
            [
              {
                "type": "get_attr",
                "value": "secret_data_wo"
              }
            ]
          ],
          "private": "eyJlMmJmYjczMC1lY2FhLTExZTYtOGY4OC0zNDM2M2JjN2M0YzAiOnsiY3JlYXRlIjoxMjAwMDAwMDAwMDAwLCJkZWxldGUiOjEyMDAwMDAwMDAwMDAsInVwZGF0ZSI6MTIwMDAwMDAwMDAwMH19",
          "dependencies": [
            "module.secrets.google_secret_manager_secret.auth0_client_id"
          ]
        }
      ]
    },
    {
      "module": "module.secrets",
      "mode": "managed",
      "type": "google_secret_manager_secret_version",
      "name": "auth0_client_secret_version",
      "provider": "provider[\"registry.terraform.io/hashicorp/google\"]",
      "instances": [
        {
          "schema_version": 0,
          "attributes": {
            "create_time": "2025-04-27T18:14:54.000371Z",
            "deletion_policy": "DELETE",
            "destroy_time": "",
            "enabled": true,
            "id": "projects/673367928406/secrets/auth0-client-secret/versions/1",
            "is_secret_data_base64": false,
            "name": "projects/673367928406/secrets/auth0-client-secret/versions/1",
            "secret": "projects/webcrawler-450417/secrets/auth0-client-secret",
            "secret_data": null,
            "secret_data_wo": null,
            "secret_data_wo_version": 0,
            "timeouts": null,
            "version": "1"
          },
          "sensitive_attributes": [
            [
              {
                "type": "get_attr",
                "value": "secret_data_wo"
              }
            ],
            [
              {
                "type": "get_attr",
                "value": "secret_data"
              }
            ]
          ],
          "private": "eyJlMmJmYjczMC1lY2FhLTExZTYtOGY4OC0zNDM2M2JjN2M0YzAiOnsiY3JlYXRlIjoxMjAwMDAwMDAwMDAwLCJkZWxldGUiOjEyMDAwMDAwMDAwMDAsInVwZGF0ZSI6MTIwMDAwMDAwMDAwMH19",
          "dependencies": [
            "module.secrets.google_secret_manager_secret.auth0_client_secret"
          ]
        }
      ]
    },
    {
      "module": "module.secrets",
      "mode": "managed",
      "type": "google_secret_manager_secret_version",
      "name": "auth0_domain_version",
      "provider": "provider[\"registry.terraform.io/hashicorp/google\"]",
      "instances": [
        {
          "schema_version": 0,
          "attributes": {
            "create_time": "2025-04-28T02:21:55.187668Z",
            "deletion_policy": "DELETE",
            "destroy_time": "",
            "enabled": true,
            "id": "projects/673367928406/secrets/auth0-domain/versions/1",
            "is_secret_data_base64": false,
            "name": "projects/673367928406/secrets/auth0-domain/versions/1",
            "secret": "projects/webcrawler-450417/secrets/auth0-domain",
            "secret_data": null,
            "secret_data_wo": null,
            "secret_data_wo_version": 0,
            "timeouts": null,
            "version": "1"
          },
          "sensitive_attributes": [
            [
              {
                "type": "get_attr",
                "value": "secret_data"
              }
            ]
          ],
          "private": "eyJlMmJmYjczMC1lY2FhLTExZTYtOGY4OC0zNDM2M2JjN2M0YzAiOnsiY3JlYXRlIjoxMjAwMDAwMDAwMDAwLCJkZWxldGUiOjEyMDAwMDAwMDAwMDAsInVwZGF0ZSI6MTIwMDAwMDAwMDAwMH19",
          "dependencies": [
            "module.secrets.google_secret_manager_secret.auth0_domain"
          ]
        }
      ]
    },
    {
      "module": "module.secrets",
      "mode": "managed",
      "type": "google_secret_manager_secret_version",
      "name": "neo4j_bolt_uri_version",
      "provider": "provider[\"registry.terraform.io/hashicorp/google\"]",
      "instances": [
        {
          "schema_version": 0,
          "attributes": {
            "create_time": "2025-04-27T18:14:54.827491Z",
            "deletion_policy": "DELETE",
            "destroy_time": "",
            "enabled": true,
            "id": "projects/673367928406/secrets/neo4j-bolt-uri/versions/1",
            "is_secret_data_base64": false,
            "name": "projects/673367928406/secrets/neo4j-bolt-uri/versions/1",
            "secret": "projects/webcrawler-450417/secrets/neo4j-bolt-uri",
            "secret_data": null,
            "secret_data_wo": null,
            "secret_data_wo_version": 0,
            "timeouts": null,
            "version": "1"
          },
          "sensitive_attributes": [
            [
              {
                "type": "get_attr",
                "value": "secret_data"
              }
            ]
          ],
          "private": "eyJlMmJmYjczMC1lY2FhLTExZTYtOGY4OC0zNDM2M2JjN2M0YzAiOnsiY3JlYXRlIjoxMjAwMDAwMDAwMDAwLCJkZWxldGUiOjEyMDAwMDAwMDAwMDAsInVwZGF0ZSI6MTIwMDAwMDAwMDAwMH19",
          "dependencies": [
            "module.secrets.google_secret_manager_secret.neo4j_bolt_uri"
          ]
        }
      ]
    },
    {
      "module": "module.secrets",
      "mode": "managed",
      "type": "google_secret_manager_secret_version",
      "name": "neo4j_db_name_version",
      "provider": "provider[\"registry.terraform.io/hashicorp/google\"]",
      "instances": [
        {
          "schema_version": 0,
          "attributes": {
            "create_time": "2025-04-27T18:14:54.253129Z",
            "deletion_policy": "DELETE",
            "destroy_time": "",
            "enabled": true,
            "id": "projects/673367928406/secrets/neo4j-db-name/versions/1",
            "is_secret_data_base64": false,
            "name": "projects/673367928406/secrets/neo4j-db-name/versions/1",
            "secret": "projects/webcrawler-450417/secrets/neo4j-db-name",
            "secret_data": null,
            "secret_data_wo": null,
            "secret_data_wo_version": 0,
            "timeouts": null,
            "version": "1"
          },
          "sensitive_attributes": [
            [
              {
                "type": "get_attr",
                "value": "secret_data"
              }
            ]
          ],
          "private": "eyJlMmJmYjczMC1lY2FhLTExZTYtOGY4OC0zNDM2M2JjN2M0YzAiOnsiY3JlYXRlIjoxMjAwMDAwMDAwMDAwLCJkZWxldGUiOjEyMDAwMDAwMDAwMDAsInVwZGF0ZSI6MTIwMDAwMDAwMDAwMH19",
          "dependencies": [
            "module.secrets.google_secret_manager_secret.neo4j_db_name"
          ]
        }
      ]
    },
    {
      "module": "module.secrets",
      "mode": "managed",
      "type": "google_secret_manager_secret_version",
      "name": "neo4j_password_version",
      "provider": "provider[\"registry.terraform.io/hashicorp/google\"]",
      "instances": [
        {
          "schema_version": 0,
          "attributes": {
            "create_time": "2025-04-27T18:14:54.715718Z",
            "deletion_policy": "DELETE",
            "destroy_time": "",
            "enabled": true,
            "id": "projects/673367928406/secrets/neo4j-password/versions/1",
            "is_secret_data_base64": false,
            "name": "projects/673367928406/secrets/neo4j-password/versions/1",
            "secret": "projects/webcrawler-450417/secrets/neo4j-password",
            "secret_data": null,
            "secret_data_wo": null,
            "secret_data_wo_version": 0,
            "timeouts": null,
            "version": "1"
          },
          "sensitive_attributes": [
            [
              {
                "type": "get_attr",
                "value": "secret_data"
              }
            ],
            [
              {
                "type": "get_attr",
                "value": "secret_data_wo"
              }
            ]
          ],
          "private": "eyJlMmJmYjczMC1lY2FhLTExZTYtOGY4OC0zNDM2M2JjN2M0YzAiOnsiY3JlYXRlIjoxMjAwMDAwMDAwMDAwLCJkZWxldGUiOjEyMDAwMDAwMDAwMDAsInVwZGF0ZSI6MTIwMDAwMDAwMDAwMH19",
          "dependencies": [
            "module.secrets.google_secret_manager_secret.neo4j_password"
          ]
        }
      ]
    },
    {
      "module": "module.secrets",
      "mode": "managed",
      "type": "google_secret_manager_secret_version",
      "name": "neo4j_username_version",
      "provider": "provider[\"registry.terraform.io/hashicorp/google\"]",
      "instances": [
        {
          "schema_version": 0,
          "attributes": {
            "create_time": "2025-04-27T18:14:54.454956Z",
            "deletion_policy": "DELETE",
            "destroy_time": "",
            "enabled": true,
            "id": "projects/673367928406/secrets/neo4j-username/versions/1",
            "is_secret_data_base64": false,
            "name": "projects/673367928406/secrets/neo4j-username/versions/1",
            "secret": "projects/webcrawler-450417/secrets/neo4j-username",
            "secret_data": null,
            "secret_data_wo": null,
            "secret_data_wo_version": 0,
            "timeouts": null,
            "version": "1"
          },
          "sensitive_attributes": [
            [
              {
                "type": "get_attr",
                "value": "secret_data"
              }
            ]
          ],
          "private": "eyJlMmJmYjczMC1lY2FhLTExZTYtOGY4OC0zNDM2M2JjN2M0YzAiOnsiY3JlYXRlIjoxMjAwMDAwMDAwMDAwLCJkZWxldGUiOjEyMDAwMDAwMDAwMDAsInVwZGF0ZSI6MTIwMDAwMDAwMDAwMH19",
          "dependencies": [
            "module.secrets.google_secret_manager_secret.neo4j_username"
          ]
        }
      ]
    },
    {
      "module": "module.secrets",
      "mode": "managed",
      "type": "google_secret_manager_secret_version",
      "name": "pusher_app_id_version",
      "provider": "provider[\"registry.terraform.io/hashicorp/google\"]",
      "instances": [
        {
          "schema_version": 0,
          "attributes": {
            "create_time": "2025-04-27T18:14:54.615451Z",
            "deletion_policy": "DELETE",
            "destroy_time": "",
            "enabled": true,
            "id": "projects/673367928406/secrets/pusher-app-id/versions/1",
            "is_secret_data_base64": false,
            "name": "projects/673367928406/secrets/pusher-app-id/versions/1",
            "secret": "projects/webcrawler-450417/secrets/pusher-app-id",
            "secret_data": null,
            "secret_data_wo": null,
            "secret_data_wo_version": 0,
            "timeouts": null,
            "version": "1"
          },
          "sensitive_attributes": [
            [
              {
                "type": "get_attr",
                "value": "secret_data"
              }
            ]
          ],
          "private": "eyJlMmJmYjczMC1lY2FhLTExZTYtOGY4OC0zNDM2M2JjN2M0YzAiOnsiY3JlYXRlIjoxMjAwMDAwMDAwMDAwLCJkZWxldGUiOjEyMDAwMDAwMDAwMDAsInVwZGF0ZSI6MTIwMDAwMDAwMDAwMH19",
          "dependencies": [
            "module.secrets.google_secret_manager_secret.pusher_app_id"
          ]
        }
      ]
    },
    {
      "module": "module.secrets",
      "mode": "managed",
      "type": "google_secret_manager_secret_version",
      "name": "pusher_cluster_version",
      "provider": "provider[\"registry.terraform.io/hashicorp/google\"]",
      "instances": [
        {
          "schema_version": 0,
          "attributes": {
            "create_time": "2025-04-27T18:14:54.044451Z",
            "deletion_policy": "DELETE",
            "destroy_time": "",
            "enabled": true,
            "id": "projects/673367928406/secrets/pusher-cluster/versions/1",
            "is_secret_data_base64": false,
            "name": "projects/673367928406/secrets/pusher-cluster/versions/1",
            "secret": "projects/webcrawler-450417/secrets/pusher-cluster",
            "secret_data": null,
            "secret_data_wo": null,
            "secret_data_wo_version": 0,
            "timeouts": null,
            "version": "1"
          },
          "sensitive_attributes": [
            [
              {
                "type": "get_attr",
                "value": "secret_data"
              }
            ]
          ],
          "private": "eyJlMmJmYjczMC1lY2FhLTExZTYtOGY4OC0zNDM2M2JjN2M0YzAiOnsiY3JlYXRlIjoxMjAwMDAwMDAwMDAwLCJkZWxldGUiOjEyMDAwMDAwMDAwMDAsInVwZGF0ZSI6MTIwMDAwMDAwMDAwMH19",
          "dependencies": [
            "module.secrets.google_secret_manager_secret.pusher_cluster"
          ]
        }
      ]
    },
    {
      "module": "module.secrets",
      "mode": "managed",
      "type": "google_secret_manager_secret_version",
      "name": "pusher_key_version",
      "provider": "provider[\"registry.terraform.io/hashicorp/google\"]",
      "instances": [
        {
          "schema_version": 0,
          "attributes": {
            "create_time": "2025-04-27T18:14:53.989441Z",
            "deletion_policy": "DELETE",
            "destroy_time": "",
            "enabled": true,
            "id": "projects/673367928406/secrets/pusher-key/versions/1",
            "is_secret_data_base64": false,
            "name": "projects/673367928406/secrets/pusher-key/versions/1",
            "secret": "projects/webcrawler-450417/secrets/pusher-key",
            "secret_data": null,
            "secret_data_wo": null,
            "secret_data_wo_version": 0,
            "timeouts": null,
            "version": "1"
          },
          "sensitive_attributes": [
            [
              {
                "type": "get_attr",
                "value": "secret_data_wo"
              }
            ],
            [
              {
                "type": "get_attr",
                "value": "secret_data"
              }
            ]
          ],
          "private": "eyJlMmJmYjczMC1lY2FhLTExZTYtOGY4OC0zNDM2M2JjN2M0YzAiOnsiY3JlYXRlIjoxMjAwMDAwMDAwMDAwLCJkZWxldGUiOjEyMDAwMDAwMDAwMDAsInVwZGF0ZSI6MTIwMDAwMDAwMDAwMH19",
          "dependencies": [
            "module.secrets.google_secret_manager_secret.pusher_key"
          ]
        }
      ]
    },
    {
      "module": "module.secrets",
      "mode": "managed",
      "type": "google_secret_manager_secret_version",
      "name": "smtp_password_version",
      "provider": "provider[\"registry.terraform.io/hashicorp/google\"]",
      "instances": [
        {
          "schema_version": 0,
          "attributes": {
            "create_time": "2025-04-27T18:14:53.988998Z",
            "deletion_policy": "DELETE",
            "destroy_time": "",
            "enabled": true,
            "id": "projects/673367928406/secrets/smtp-password/versions/1",
            "is_secret_data_base64": false,
            "name": "projects/673367928406/secrets/smtp-password/versions/1",
            "secret": "projects/webcrawler-450417/secrets/smtp-password",
            "secret_data": null,
            "secret_data_wo": null,
            "secret_data_wo_version": 0,
            "timeouts": null,
            "version": "1"
          },
          "sensitive_attributes": [
            [
              {
                "type": "get_attr",
                "value": "secret_data"
              }
            ],
            [
              {
                "type": "get_attr",
                "value": "secret_data_wo"
              }
            ]
          ],
          "private": "eyJlMmJmYjczMC1lY2FhLTExZTYtOGY4OC0zNDM2M2JjN2M0YzAiOnsiY3JlYXRlIjoxMjAwMDAwMDAwMDAwLCJkZWxldGUiOjEyMDAwMDAwMDAwMDAsInVwZGF0ZSI6MTIwMDAwMDAwMDAwMH19",
          "dependencies": [
            "module.secrets.google_secret_manager_secret.smtp_password"
          ]
        }
      ]
    },
    {
      "module": "module.secrets",
      "mode": "managed",
      "type": "google_secret_manager_secret_version",
      "name": "smtp_username_version",
      "provider": "provider[\"registry.terraform.io/hashicorp/google\"]",
      "instances": [
        {
          "schema_version": 0,
          "attributes": {
            "create_time": "2025-04-27T18:14:54.420312Z",
            "deletion_policy": "DELETE",
            "destroy_time": "",
            "enabled": true,
            "id": "projects/673367928406/secrets/smtp-username/versions/1",
            "is_secret_data_base64": false,
            "name": "projects/673367928406/secrets/smtp-username/versions/1",
            "secret": "projects/webcrawler-450417/secrets/smtp-username",
            "secret_data": null,
            "secret_data_wo": null,
            "secret_data_wo_version": 0,
            "timeouts": null,
            "version": "1"
          },
          "sensitive_attributes": [
            [
              {
                "type": "get_attr",
                "value": "secret_data_wo"
              }
            ],
            [
              {
                "type": "get_attr",
                "value": "secret_data"
              }
            ]
          ],
          "private": "eyJlMmJmYjczMC1lY2FhLTExZTYtOGY4OC0zNDM2M2JjN2M0YzAiOnsiY3JlYXRlIjoxMjAwMDAwMDAwMDAwLCJkZWxldGUiOjEyMDAwMDAwMDAwMDAsInVwZGF0ZSI6MTIwMDAwMDAwMDAwMH19",
          "dependencies": [
            "module.secrets.google_secret_manager_secret.smtp_username"
          ]
        }
      ]
    },
    {
      "module": "module.vpc",
      "mode": "managed",
      "type": "google_compute_network",
      "name": "vpc",
      "provider": "module.vpc.provider[\"registry.terraform.io/hashicorp/google\"]",
      "instances": [
        {
          "schema_version": 0,
          "attributes": {
            "auto_create_subnetworks": true,
            "bgp_always_compare_med": false,
            "bgp_best_path_selection_mode": "LEGACY",
            "bgp_inter_region_cost": "",
            "delete_default_routes_on_create": false,
            "description": "WebCrawler VPC network",
            "enable_ula_internal_ipv6": false,
            "gateway_ipv4": "",
            "id": "projects/webcrawler-450417/global/networks/custom-vpc",
            "internal_ipv6_range": "",
            "mtu": 0,
            "name": "custom-vpc",
            "network_firewall_policy_enforcement_order": "AFTER_CLASSIC_FIREWALL",
            "network_id": "8219851909006346993",
            "network_profile": "",
            "numeric_id": "8219851909006346993",
            "project": "webcrawler-450417",
            "routing_mode": "REGIONAL",
            "self_link": "https://www.googleapis.com/compute/v1/projects/webcrawler-450417/global/networks/custom-vpc",
            "timeouts": null
          },
          "sensitive_attributes": [],
          "private": "eyJlMmJmYjczMC1lY2FhLTExZTYtOGY4OC0zNDM2M2JjN2M0YzAiOnsiY3JlYXRlIjoxMjAwMDAwMDAwMDAwLCJkZWxldGUiOjEyMDAwMDAwMDAwMDAsInVwZGF0ZSI6MTIwMDAwMDAwMDAwMH19"
        }
      ]
    },
    {
      "module": "module.vpc",
      "mode": "managed",
      "type": "google_project_iam_member",
      "name": "vpc_admin",
      "provider": "module.vpc.provider[\"registry.terraform.io/hashicorp/google\"]",
      "instances": [
        {
          "schema_version": 0,
          "attributes": {
            "condition": [],
            "etag": "BwYzxozIHEk=",
            "id": "webcrawler-450417/roles/compute.networkAdmin/serviceAccount:vpc-service-account@webcrawler-450417.iam.gserviceaccount.com",
            "member": "serviceAccount:vpc-service-account@webcrawler-450417.iam.gserviceaccount.com",
            "project": "webcrawler-450417",
            "role": "roles/compute.networkAdmin"
          },
          "sensitive_attributes": [],
          "private": "bnVsbA==",
          "dependencies": [
            "module.vpc.google_service_account.vpc_service_account"
          ]
        }
      ]
    },
    {
      "module": "module.vpc",
      "mode": "managed",
      "type": "google_service_account",
      "name": "vpc_service_account",
      "provider": "module.vpc.provider[\"registry.terraform.io/hashicorp/google\"]",
      "instances": [
        {
          "schema_version": 0,
          "attributes": {
            "account_id": "vpc-service-account",
            "create_ignore_already_exists": null,
            "description": "Service account for VPC management",
            "disabled": false,
            "display_name": "VPC Service Account",
            "email": "vpc-service-account@webcrawler-450417.iam.gserviceaccount.com",
            "id": "projects/webcrawler-450417/serviceAccounts/vpc-service-account@webcrawler-450417.iam.gserviceaccount.com",
            "member": "serviceAccount:vpc-service-account@webcrawler-450417.iam.gserviceaccount.com",
            "name": "projects/webcrawler-450417/serviceAccounts/vpc-service-account@webcrawler-450417.iam.gserviceaccount.com",
            "project": "webcrawler-450417",
            "timeouts": null,
            "unique_id": "113047942820249157150"
          },
          "sensitive_attributes": [],
          "private": "eyJlMmJmYjczMC1lY2FhLTExZTYtOGY4OC0zNDM2M2JjN2M0YzAiOnsiY3JlYXRlIjozMDAwMDAwMDAwMDB9fQ=="
        }
      ]
    },
    {
      "module": "module.vpc",
      "mode": "managed",
      "type": "google_vpc_access_connector",
      "name": "connector",
      "provider": "module.vpc.provider[\"registry.terraform.io/hashicorp/google\"]",
      "instances": [
        {
          "schema_version": 0,
          "attributes": {
            "connected_projects": [
              "webcrawler-450417"
            ],
            "id": "projects/webcrawler-450417/locations/us-central1/connectors/cloud-run-connector",
            "ip_cidr_range": "10.8.0.0/28",
            "machine_type": "e2-micro",
            "max_instances": 3,
            "max_throughput": 300,
            "min_instances": 2,
            "min_throughput": 200,
            "name": "cloud-run-connector",
            "network": "custom-vpc",
            "project": "webcrawler-450417",
            "region": "us-central1",
            "self_link": "projects/webcrawler-450417/locations/us-central1/connectors/cloud-run-connector",
            "state": "READY",
            "subnet": [],
            "timeouts": null
          },
          "sensitive_attributes": [],
          "private": "eyJlMmJmYjczMC1lY2FhLTExZTYtOGY4OC0zNDM2M2JjN2M0YzAiOnsiY3JlYXRlIjoxMjAwMDAwMDAwMDAwLCJkZWxldGUiOjEyMDAwMDAwMDAwMDB9fQ==",
          "dependencies": [
            "module.vpc.google_compute_network.vpc"
          ]
        }
      ]
    }
  ],
  "check_results": null
}
