{
  "version": 4,
  "terraform_version": "1.11.4",
  "serial": 3865,
  "lineage": "fe887520-abfe-fd6a-0af3-6ffd8cb82a83",
  "outputs": {},
  "resources": [
    {
      "mode": "managed",
      "type": "google_pubsub_topic_iam_member",
      "name": "topic_publisher",
      "provider": "provider[\"registry.terraform.io/hashicorp/google\"]",
      "instances": [
        {
          "index_key": "journey_verified",
          "schema_version": 0,
          "attributes": {
            "condition": [],
            "etag": "BwY0MpaeDik=",
            "id": "projects/webcrawler-450417/topics/journey_verified/roles/pubsub.publisher/serviceAccount:webcrawler-450417-pubsub-sa@webcrawler-450417.iam.gserviceaccount.com",
            "member": "serviceAccount:webcrawler-450417-pubsub-sa@webcrawler-450417.iam.gserviceaccount.com",
            "project": "webcrawler-450417",
            "role": "roles/pubsub.publisher",
            "topic": "projects/webcrawler-450417/topics/journey_verified"
          },
          "sensitive_attributes": [],
          "private": "bnVsbA==",
          "dependencies": [
            "google_service_account.pubsub_sa",
            "module.pubsub_topics.google_pubsub_topic.journey_verified_topic",
            "module.pubsub_topics.google_pubsub_topic.page_audit_topic",
            "module.pubsub_topics.google_pubsub_topic.page_created_topic",
            "module.pubsub_topics.google_pubsub_topic.url_topic"
          ]
        },
        {
          "index_key": "page_audit",
          "schema_version": 0,
          "attributes": {
            "condition": [],
            "etag": "BwY0MpZhBjg=",
            "id": "projects/webcrawler-450417/topics/page_audit/roles/pubsub.publisher/serviceAccount:webcrawler-450417-pubsub-sa@webcrawler-450417.iam.gserviceaccount.com",
            "member": "serviceAccount:webcrawler-450417-pubsub-sa@webcrawler-450417.iam.gserviceaccount.com",
            "project": "webcrawler-450417",
            "role": "roles/pubsub.publisher",
            "topic": "projects/webcrawler-450417/topics/page_audit"
          },
          "sensitive_attributes": [],
          "private": "bnVsbA==",
          "dependencies": [
            "google_service_account.pubsub_sa",
            "module.pubsub_topics.google_pubsub_topic.journey_verified_topic",
            "module.pubsub_topics.google_pubsub_topic.page_audit_topic",
            "module.pubsub_topics.google_pubsub_topic.page_created_topic",
            "module.pubsub_topics.google_pubsub_topic.url_topic"
          ]
        },
        {
          "index_key": "page_created",
          "schema_version": 0,
          "attributes": {
            "condition": [],
            "etag": "BwY0MpaWeQ4=",
            "id": "projects/webcrawler-450417/topics/page_created/roles/pubsub.publisher/serviceAccount:webcrawler-450417-pubsub-sa@webcrawler-450417.iam.gserviceaccount.com",
            "member": "serviceAccount:webcrawler-450417-pubsub-sa@webcrawler-450417.iam.gserviceaccount.com",
            "project": "webcrawler-450417",
            "role": "roles/pubsub.publisher",
            "topic": "projects/webcrawler-450417/topics/page_created"
          },
          "sensitive_attributes": [],
          "private": "bnVsbA==",
          "dependencies": [
            "google_service_account.pubsub_sa",
            "module.pubsub_topics.google_pubsub_topic.journey_verified_topic",
            "module.pubsub_topics.google_pubsub_topic.page_audit_topic",
            "module.pubsub_topics.google_pubsub_topic.page_created_topic",
            "module.pubsub_topics.google_pubsub_topic.url_topic"
          ]
        },
        {
          "index_key": "url",
          "schema_version": 0,
          "attributes": {
            "condition": [],
            "etag": "BwY0MpZX3rE=",
            "id": "projects/webcrawler-450417/topics/url/roles/pubsub.publisher/serviceAccount:webcrawler-450417-pubsub-sa@webcrawler-450417.iam.gserviceaccount.com",
            "member": "serviceAccount:webcrawler-450417-pubsub-sa@webcrawler-450417.iam.gserviceaccount.com",
            "project": "webcrawler-450417",
            "role": "roles/pubsub.publisher",
            "topic": "projects/webcrawler-450417/topics/url"
          },
          "sensitive_attributes": [],
          "private": "bnVsbA==",
          "dependencies": [
            "google_service_account.pubsub_sa",
            "module.pubsub_topics.google_pubsub_topic.journey_verified_topic",
            "module.pubsub_topics.google_pubsub_topic.page_audit_topic",
            "module.pubsub_topics.google_pubsub_topic.page_created_topic",
            "module.pubsub_topics.google_pubsub_topic.url_topic"
          ]
        }
      ]
    },
    {
      "mode": "managed",
      "type": "google_service_account",
      "name": "cloud_run_sa",
      "provider": "provider[\"registry.terraform.io/hashicorp/google\"]",
      "instances": [
        {
          "schema_version": 0,
          "attributes": {
            "account_id": "webcrawler-450417-cloud-run-sa",
            "create_ignore_already_exists": null,
            "description": "",
            "disabled": false,
            "display_name": "Service Account for Cloud Run",
            "email": "webcrawler-450417-cloud-run-sa@webcrawler-450417.iam.gserviceaccount.com",
            "id": "projects/webcrawler-450417/serviceAccounts/webcrawler-450417-cloud-run-sa@webcrawler-450417.iam.gserviceaccount.com",
            "member": "serviceAccount:webcrawler-450417-cloud-run-sa@webcrawler-450417.iam.gserviceaccount.com",
            "name": "projects/webcrawler-450417/serviceAccounts/webcrawler-450417-cloud-run-sa@webcrawler-450417.iam.gserviceaccount.com",
            "project": "webcrawler-450417",
            "timeouts": null,
            "unique_id": "114160192692598903950"
          },
          "sensitive_attributes": [],
          "private": "eyJlMmJmYjczMC1lY2FhLTExZTYtOGY4OC0zNDM2M2JjN2M0YzAiOnsiY3JlYXRlIjozMDAwMDAwMDAwMDB9fQ=="
        }
      ]
    },
    {
      "mode": "managed",
      "type": "google_service_account",
      "name": "pubsub_sa",
      "provider": "provider[\"registry.terraform.io/hashicorp/google\"]",
      "instances": [
        {
          "schema_version": 0,
          "attributes": {
            "account_id": "webcrawler-450417-pubsub-sa",
            "create_ignore_already_exists": null,
            "description": "",
            "disabled": false,
            "display_name": "Service Account for PubSub to invoke Cloud Run",
            "email": "webcrawler-450417-pubsub-sa@webcrawler-450417.iam.gserviceaccount.com",
            "id": "projects/webcrawler-450417/serviceAccounts/webcrawler-450417-pubsub-sa@webcrawler-450417.iam.gserviceaccount.com",
            "member": "serviceAccount:webcrawler-450417-pubsub-sa@webcrawler-450417.iam.gserviceaccount.com",
            "name": "projects/webcrawler-450417/serviceAccounts/webcrawler-450417-pubsub-sa@webcrawler-450417.iam.gserviceaccount.com",
            "project": "webcrawler-450417",
            "timeouts": null,
            "unique_id": "116869041212173569270"
          },
          "sensitive_attributes": [],
          "private": "eyJlMmJmYjczMC1lY2FhLTExZTYtOGY4OC0zNDM2M2JjN2M0YzAiOnsiY3JlYXRlIjozMDAwMDAwMDAwMDB9fQ=="
        }
      ]
    },
    {
      "module": "module.api",
      "mode": "managed",
      "type": "google_cloud_run_service",
      "name": "api",
      "provider": "provider[\"registry.terraform.io/hashicorp/google\"]",
      "instances": [
        {
          "schema_version": 2,
          "attributes": {
            "autogenerate_revision_name": false,
            "id": "locations/us-central1/namespaces/webcrawler-450417/services/api",
            "location": "us-central1",
            "metadata": [
              {
                "annotations": {
                  "run.googleapis.com/client-name": "terraform"
                },
                "effective_annotations": {
                  "run.googleapis.com/client-name": "terraform",
                  "run.googleapis.com/ingress": "all",
                  "run.googleapis.com/ingress-status": "all",
                  "run.googleapis.com/operation-id": "d17c25c7-eca9-4c28-8306-9ec078db52db",
                  "run.googleapis.com/urls": "[\"https://api-673367928406.us-central1.run.app\",\"https://api-5wvl2oswbq-uc.a.run.app\"]",
                  "serving.knative.dev/creator": "webcrawleraccountmanager@webcrawler-450417.iam.gserviceaccount.com",
                  "serving.knative.dev/lastModifier": "webcrawleraccountmanager@webcrawler-450417.iam.gserviceaccount.com"
                },
                "effective_labels": {
                  "cloud.googleapis.com/location": "us-central1",
                  "goog-terraform-provisioned": "true"
                },
                "generation": 1,
                "labels": {},
                "namespace": "webcrawler-450417",
                "resource_version": "AAY0Mprg9YI",
                "self_link": "/apis/serving.knative.dev/v1/namespaces/673367928406/services/api",
                "terraform_labels": {
                  "goog-terraform-provisioned": "true"
                },
                "uid": "fc0ee55d-0fbf-45f2-8f0e-9c1db74eb5f0"
              }
            ],
            "name": "api",
            "project": "webcrawler-450417",
            "status": [
              {
                "conditions": [
                  {
                    "message": "",
                    "reason": "",
                    "status": "True",
                    "type": "Ready"
                  },
                  {
                    "message": "",
                    "reason": "",
                    "status": "True",
                    "type": "ConfigurationsReady"
                  },
                  {
                    "message": "",
                    "reason": "",
                    "status": "True",
                    "type": "RoutesReady"
                  }
                ],
                "latest_created_revision_name": "api-00001-qk8",
                "latest_ready_revision_name": "api-00001-qk8",
                "observed_generation": 1,
                "traffic": [
                  {
                    "latest_revision": true,
                    "percent": 100,
                    "revision_name": "api-00001-qk8",
                    "tag": "",
                    "url": ""
                  }
                ],
                "url": "https://api-5wvl2oswbq-uc.a.run.app"
              }
            ],
            "template": [
              {
                "metadata": [
                  {
                    "annotations": {
                      "autoscaling.knative.dev/maxScale": "40"
                    },
                    "generation": 0,
                    "labels": {
                      "run.googleapis.com/startupProbeType": "Default"
                    },
                    "name": "",
                    "namespace": "",
                    "resource_version": "",
                    "self_link": "",
                    "uid": ""
                  }
                ],
                "spec": [
                  {
                    "container_concurrency": 80,
                    "containers": [
                      {
                        "args": [],
                        "command": [],
                        "env": [
                          {
                            "name": "NEO4J_BOLT_URI",
                            "value": "",
                            "value_from": [
                              {
                                "secret_key_ref": [
                                  {
                                    "key": "latest",
                                    "name": "neo4j-bolt-uri"
                                  }
                                ]
                              }
                            ]
                          },
                          {
                            "name": "NEO4J_DB_NAME",
                            "value": "",
                            "value_from": [
                              {
                                "secret_key_ref": [
                                  {
                                    "key": "latest",
                                    "name": "neo4j-db-name"
                                  }
                                ]
                              }
                            ]
                          },
                          {
                            "name": "NEO4J_PASSWORD",
                            "value": "",
                            "value_from": [
                              {
                                "secret_key_ref": [
                                  {
                                    "key": "latest",
                                    "name": "neo4j-password"
                                  }
                                ]
                              }
                            ]
                          },
                          {
                            "name": "NEO4J_USERNAME",
                            "value": "",
                            "value_from": [
                              {
                                "secret_key_ref": [
                                  {
                                    "key": "latest",
                                    "name": "neo4j-username"
                                  }
                                ]
                              }
                            ]
                          },
                          {
                            "name": "pubsub.discarded_journey_topic",
                            "value": "journey_discarded",
                            "value_from": []
                          },
                          {
                            "name": "pubsub.error_topic",
                            "value": "audit_error",
                            "value_from": []
                          },
                          {
                            "name": "pubsub.url_topic",
                            "value": "url",
                            "value_from": []
                          }
                        ],
                        "env_from": [],
                        "image": "docker.io/deepthought42/crawler-api:latest",
                        "liveness_probe": [],
                        "name": "",
                        "ports": [
                          {
                            "container_port": 9080,
                            "name": "http1",
                            "protocol": ""
                          }
                        ],
                        "resources": [
                          {
                            "limits": {
                              "cpu": "1000m",
                              "memory": "1Gi"
                            },
                            "requests": {}
                          }
                        ],
                        "startup_probe": [
                          {
                            "failure_threshold": 1,
                            "grpc": [],
                            "http_get": [],
                            "initial_delay_seconds": 0,
                            "period_seconds": 240,
                            "tcp_socket": [
                              {
                                "port": 9080
                              }
                            ],
                            "timeout_seconds": 240
                          }
                        ],
                        "volume_mounts": [],
                        "working_dir": ""
                      }
                    ],
                    "node_selector": {},
                    "service_account_name": "673367928406-compute@developer.gserviceaccount.com",
                    "serving_state": "",
                    "timeout_seconds": 300,
                    "volumes": []
                  }
                ]
              }
            ],
            "timeouts": null,
            "traffic": [
              {
                "latest_revision": true,
                "percent": 100,
                "revision_name": "",
                "tag": "",
                "url": ""
              }
            ]
          },
          "sensitive_attributes": [],
          "private": "eyJlMmJmYjczMC1lY2FhLTExZTYtOGY4OC0zNDM2M2JjN2M0YzAiOnsiY3JlYXRlIjoxMjAwMDAwMDAwMDAwLCJkZWxldGUiOjEyMDAwMDAwMDAwMDAsInVwZGF0ZSI6MTIwMDAwMDAwMDAwMH0sInNjaGVtYV92ZXJzaW9uIjoiMiJ9",
          "dependencies": [
            "module.pubsub_topics.google_pubsub_topic.audit_error_topic",
            "module.pubsub_topics.google_pubsub_topic.journey_discarded_topic",
            "module.pubsub_topics.google_pubsub_topic.url_topic"
          ]
        }
      ]
    },
    {
      "module": "module.api",
      "mode": "managed",
      "type": "google_cloud_run_service_iam_member",
      "name": "public_access",
      "provider": "provider[\"registry.terraform.io/hashicorp/google\"]",
      "instances": [
        {
          "schema_version": 0,
          "attributes": {
            "condition": [],
            "etag": "BwY0Mps3RfE=",
            "id": "v1/projects/webcrawler-450417/locations/us-central1/services/api/roles/run.invoker/allUsers",
            "location": "us-central1",
            "member": "allUsers",
            "project": "webcrawler-450417",
            "role": "roles/run.invoker",
            "service": "v1/projects/webcrawler-450417/locations/us-central1/services/api"
          },
          "sensitive_attributes": [],
          "private": "bnVsbA==",
          "dependencies": [
            "module.api.google_cloud_run_service.api",
            "module.pubsub_topics.google_pubsub_topic.audit_error_topic",
            "module.pubsub_topics.google_pubsub_topic.journey_discarded_topic",
            "module.pubsub_topics.google_pubsub_topic.url_topic"
          ]
        }
      ]
    },
    {
      "module": "module.audit_manager_cloud_run",
      "mode": "managed",
      "type": "google_cloud_run_service",
      "name": "service",
      "provider": "provider[\"registry.terraform.io/hashicorp/google\"]",
      "instances": [
        {
          "schema_version": 2,
          "attributes": {
            "autogenerate_revision_name": false,
            "id": "locations/us-central1/namespaces/webcrawler-450417/services/audit-manager",
            "location": "us-central1",
            "metadata": [
              {
                "annotations": {
                  "run.googleapis.com/ingress": "internal"
                },
                "effective_annotations": {
                  "run.googleapis.com/ingress": "internal",
                  "run.googleapis.com/ingress-status": "internal",
                  "run.googleapis.com/operation-id": "7a838726-4d65-4075-8fd4-b0d41e7ed35b",
                  "run.googleapis.com/urls": "[\"https://audit-manager-673367928406.us-central1.run.app\",\"https://audit-manager-5wvl2oswbq-uc.a.run.app\"]",
                  "serving.knative.dev/creator": "webcrawleraccountmanager@webcrawler-450417.iam.gserviceaccount.com",
                  "serving.knative.dev/lastModifier": "webcrawleraccountmanager@webcrawler-450417.iam.gserviceaccount.com"
                },
                "effective_labels": {
                  "cloud.googleapis.com/location": "us-central1",
                  "goog-terraform-provisioned": "true"
                },
                "generation": 2,
                "labels": {},
                "namespace": "webcrawler-450417",
                "resource_version": "AAY0RnHZG20",
                "self_link": "/apis/serving.knative.dev/v1/namespaces/673367928406/services/audit-manager",
                "terraform_labels": {
                  "goog-terraform-provisioned": "true"
                },
                "uid": "16d14ac2-7622-4596-bad2-407891b40c2b"
              }
            ],
            "name": "audit-manager",
            "project": "webcrawler-450417",
            "status": [
              {
                "conditions": [
                  {
                    "message": "",
                    "reason": "",
                    "status": "True",
                    "type": "Ready"
                  },
                  {
                    "message": "",
                    "reason": "",
                    "status": "True",
                    "type": "ConfigurationsReady"
                  },
                  {
                    "message": "",
                    "reason": "",
                    "status": "True",
                    "type": "RoutesReady"
                  }
                ],
                "latest_created_revision_name": "audit-manager-00002-24j",
                "latest_ready_revision_name": "audit-manager-00002-24j",
                "observed_generation": 2,
                "traffic": [
                  {
                    "latest_revision": true,
                    "percent": 100,
                    "revision_name": "audit-manager-00002-24j",
                    "tag": "",
                    "url": ""
                  }
                ],
                "url": "https://audit-manager-5wvl2oswbq-uc.a.run.app"
              }
            ],
            "template": [
              {
                "metadata": [
                  {
                    "annotations": {
                      "autoscaling.knative.dev/maxScale": "40",
                      "run.googleapis.com/client-name": "terraform",
                      "run.googleapis.com/vpc-access-connector": "cloud-run-connector",
                      "run.googleapis.com/vpc-access-egress": "all-traffic"
                    },
                    "generation": 0,
                    "labels": {
                      "run.googleapis.com/startupProbeType": "Default"
                    },
                    "name": "",
                    "namespace": "",
                    "resource_version": "",
                    "self_link": "",
                    "uid": ""
                  }
                ],
                "spec": [
                  {
                    "container_concurrency": 80,
                    "containers": [
                      {
                        "args": [],
                        "command": [],
                        "env": [
                          {
                            "name": "pubsub.audit_update",
                            "value": "audit_update",
                            "value_from": []
                          },
                          {
                            "name": "pubsub.error_topic",
                            "value": "audit_error",
                            "value_from": []
                          },
                          {
                            "name": "pubsub.page_audit_topic",
                            "value": "page_audit",
                            "value_from": []
                          },
                          {
                            "name": "spring.cloud.gcp.project-id",
                            "value": "webcrawler-450417",
                            "value_from": []
                          },
                          {
                            "name": "spring.cloud.gcp.region",
                            "value": "us-central1",
                            "value_from": []
                          },
                          {
                            "name": "spring.data.neo4j.database",
                            "value": "",
                            "value_from": [
                              {
                                "secret_key_ref": [
                                  {
                                    "key": "latest",
                                    "name": "neo4j-db-name"
                                  }
                                ]
                              }
                            ]
                          },
                          {
                            "name": "spring.data.neo4j.password",
                            "value": "",
                            "value_from": [
                              {
                                "secret_key_ref": [
                                  {
                                    "key": "latest",
                                    "name": "neo4j-password"
                                  }
                                ]
                              }
                            ]
                          },
                          {
                            "name": "spring.data.neo4j.uri",
                            "value": "",
                            "value_from": [
                              {
                                "secret_key_ref": [
                                  {
                                    "key": "latest",
                                    "name": "neo4j-bolt-uri"
                                  }
                                ]
                              }
                            ]
                          },
                          {
                            "name": "spring.data.neo4j.username",
                            "value": "",
                            "value_from": [
                              {
                                "secret_key_ref": [
                                  {
                                    "key": "latest",
                                    "name": "neo4j-username"
                                  }
                                ]
                              }
                            ]
                          }
                        ],
                        "env_from": [],
                        "image": "docker.io/deepthought42/audit-manager:latest",
                        "liveness_probe": [],
                        "name": "",
                        "ports": [
                          {
                            "container_port": 8080,
                            "name": "http1",
                            "protocol": ""
                          }
                        ],
                        "resources": [
                          {
                            "limits": {
                              "cpu": "1000m",
                              "memory": "500M"
                            },
                            "requests": {}
                          }
                        ],
                        "startup_probe": [
                          {
                            "failure_threshold": 1,
                            "grpc": [],
                            "http_get": [],
                            "initial_delay_seconds": 0,
                            "period_seconds": 240,
                            "tcp_socket": [
                              {
                                "port": 8080
                              }
                            ],
                            "timeout_seconds": 240
                          }
                        ],
                        "volume_mounts": [],
                        "working_dir": ""
                      }
                    ],
                    "node_selector": {},
                    "service_account_name": "webcrawler-450417-cloud-run-sa@webcrawler-450417.iam.gserviceaccount.com",
                    "serving_state": "",
                    "timeout_seconds": 120,
                    "volumes": []
                  }
                ]
              }
            ],
            "timeouts": null,
            "traffic": [
              {
                "latest_revision": true,
                "percent": 100,
                "revision_name": "",
                "tag": "",
                "url": ""
              }
            ]
          },
          "sensitive_attributes": [],
          "private": "eyJlMmJmYjczMC1lY2FhLTExZTYtOGY4OC0zNDM2M2JjN2M0YzAiOnsiY3JlYXRlIjoxMjAwMDAwMDAwMDAwLCJkZWxldGUiOjEyMDAwMDAwMDAwMDAsInVwZGF0ZSI6MTIwMDAwMDAwMDAwMH0sInNjaGVtYV92ZXJzaW9uIjoiMiJ9",
          "dependencies": [
            "google_service_account.cloud_run_sa",
            "module.pubsub_topics.google_pubsub_topic.audit_error_topic",
            "module.pubsub_topics.google_pubsub_topic.audit_update_topic",
            "module.pubsub_topics.google_pubsub_topic.page_audit_topic",
            "module.secrets.google_secret_manager_secret.neo4j_bolt_uri",
            "module.secrets.google_secret_manager_secret.neo4j_db_name",
            "module.secrets.google_secret_manager_secret.neo4j_password",
            "module.secrets.google_secret_manager_secret.neo4j_username",
            "module.vpc.google_compute_network.vpc",
            "module.vpc.google_vpc_access_connector.connector"
          ]
        }
      ]
    },
    {
      "module": "module.audit_manager_cloud_run",
      "mode": "managed",
      "type": "google_cloud_run_service_iam_member",
      "name": "pubsub_invoker",
      "provider": "provider[\"registry.terraform.io/hashicorp/google\"]",
      "instances": [
        {
          "schema_version": 0,
          "attributes": {
            "condition": [],
            "etag": "BwY0RigCc8A=",
            "id": "v1/projects/webcrawler-450417/locations/us-central1/services/audit-manager/roles/run.invoker/serviceAccount:webcrawler-450417-cloud-run-sa@webcrawler-450417.iam.gserviceaccount.com",
            "location": "us-central1",
            "member": "serviceAccount:webcrawler-450417-cloud-run-sa@webcrawler-450417.iam.gserviceaccount.com",
            "project": "webcrawler-450417",
            "role": "roles/run.invoker",
            "service": "v1/projects/webcrawler-450417/locations/us-central1/services/audit-manager"
          },
          "sensitive_attributes": [],
          "private": "bnVsbA==",
          "dependencies": [
            "google_service_account.cloud_run_sa",
            "module.audit_manager_cloud_run.google_cloud_run_service.service",
            "module.pubsub_topics.google_pubsub_topic.audit_error_topic",
            "module.pubsub_topics.google_pubsub_topic.audit_update_topic",
            "module.pubsub_topics.google_pubsub_topic.page_audit_topic",
            "module.secrets.google_secret_manager_secret.neo4j_bolt_uri",
            "module.secrets.google_secret_manager_secret.neo4j_db_name",
            "module.secrets.google_secret_manager_secret.neo4j_password",
            "module.secrets.google_secret_manager_secret.neo4j_username",
            "module.vpc.google_compute_network.vpc",
            "module.vpc.google_vpc_access_connector.connector"
          ]
        }
      ]
    },
    {
      "module": "module.audit_manager_cloud_run.module.pubsub_subscription",
      "mode": "managed",
      "type": "google_pubsub_subscription",
      "name": "subscription",
      "provider": "module.audit_manager_cloud_run.module.pubsub_subscription.provider[\"registry.terraform.io/hashicorp/google\"]",
      "instances": [
        {
          "schema_version": 0,
          "attributes": {
            "ack_deadline_seconds": 10,
            "bigquery_config": [],
            "cloud_storage_config": [],
            "dead_letter_policy": [],
            "effective_labels": {
              "goog-terraform-provisioned": "true"
            },
            "enable_exactly_once_delivery": false,
            "enable_message_ordering": false,
            "expiration_policy": [
              {
                "ttl": "2678400s"
              }
            ],
            "filter": "",
            "id": "projects/webcrawler-450417/subscriptions/audit-manager-subscription",
            "labels": {},
            "message_retention_duration": "604800s",
            "name": "audit-manager-subscription",
            "project": "webcrawler-450417",
            "push_config": [
              {
                "attributes": {},
                "no_wrapper": [],
                "oidc_token": [
                  {
                    "audience": "",
                    "service_account_email": "webcrawler-450417-cloud-run-sa@webcrawler-450417.iam.gserviceaccount.com"
                  }
                ],
                "push_endpoint": "https://audit-manager-5wvl2oswbq-uc.a.run.app"
              }
            ],
            "retain_acked_messages": false,
            "retry_policy": [
              {
                "maximum_backoff": "600s",
                "minimum_backoff": "10s"
              }
            ],
            "terraform_labels": {
              "goog-terraform-provisioned": "true"
            },
            "timeouts": null,
            "topic": "projects/webcrawler-450417/topics/page_created"
          },
          "sensitive_attributes": [],
          "private": "eyJlMmJmYjczMC1lY2FhLTExZTYtOGY4OC0zNDM2M2JjN2M0YzAiOnsiY3JlYXRlIjoxMjAwMDAwMDAwMDAwLCJkZWxldGUiOjEyMDAwMDAwMDAwMDAsInVwZGF0ZSI6MTIwMDAwMDAwMDAwMH19",
          "dependencies": [
            "google_service_account.cloud_run_sa",
            "module.audit_manager_cloud_run.google_cloud_run_service.service",
            "module.pubsub_topics.google_pubsub_topic.audit_error_topic",
            "module.pubsub_topics.google_pubsub_topic.audit_update_topic",
            "module.pubsub_topics.google_pubsub_topic.page_audit_topic",
            "module.pubsub_topics.google_pubsub_topic.page_created_topic",
            "module.secrets.google_secret_manager_secret.neo4j_bolt_uri",
            "module.secrets.google_secret_manager_secret.neo4j_db_name",
            "module.secrets.google_secret_manager_secret.neo4j_password",
            "module.secrets.google_secret_manager_secret.neo4j_username",
            "module.vpc.google_compute_network.vpc",
            "module.vpc.google_vpc_access_connector.connector"
          ]
        }
      ]
    },
    {
      "module": "module.audit_service_cloud_run",
      "mode": "managed",
      "type": "google_cloud_run_service",
      "name": "service",
      "provider": "provider[\"registry.terraform.io/hashicorp/google\"]",
      "instances": [
        {
          "schema_version": 2,
          "attributes": {
            "autogenerate_revision_name": false,
            "id": "locations/us-central1/namespaces/webcrawler-450417/services/audit-service",
            "location": "us-central1",
            "metadata": [
              {
                "annotations": {
                  "run.googleapis.com/ingress": "internal"
                },
                "effective_annotations": {
                  "run.googleapis.com/ingress": "internal",
                  "run.googleapis.com/ingress-status": "internal",
                  "run.googleapis.com/operation-id": "94061369-80f7-4ec9-81d2-74671fa42f32",
                  "run.googleapis.com/urls": "[\"https://audit-service-673367928406.us-central1.run.app\",\"https://audit-service-5wvl2oswbq-uc.a.run.app\"]",
                  "serving.knative.dev/creator": "webcrawleraccountmanager@webcrawler-450417.iam.gserviceaccount.com",
                  "serving.knative.dev/lastModifier": "webcrawleraccountmanager@webcrawler-450417.iam.gserviceaccount.com"
                },
                "effective_labels": {
                  "cloud.googleapis.com/location": "us-central1",
                  "goog-terraform-provisioned": "true"
                },
                "generation": 2,
                "labels": {},
                "namespace": "webcrawler-450417",
                "resource_version": "AAY0RnI2XtM",
                "self_link": "/apis/serving.knative.dev/v1/namespaces/673367928406/services/audit-service",
                "terraform_labels": {
                  "goog-terraform-provisioned": "true"
                },
                "uid": "bb2e7ee7-b6e7-434f-ab8c-67eff9d66cae"
              }
            ],
            "name": "audit-service",
            "project": "webcrawler-450417",
            "status": [
              {
                "conditions": [
                  {
                    "message": "",
                    "reason": "",
                    "status": "True",
                    "type": "Ready"
                  },
                  {
                    "message": "",
                    "reason": "",
                    "status": "True",
                    "type": "ConfigurationsReady"
                  },
                  {
                    "message": "",
                    "reason": "",
                    "status": "True",
                    "type": "RoutesReady"
                  }
                ],
                "latest_created_revision_name": "audit-service-00002-xxk",
                "latest_ready_revision_name": "audit-service-00002-xxk",
                "observed_generation": 2,
                "traffic": [
                  {
                    "latest_revision": true,
                    "percent": 100,
                    "revision_name": "audit-service-00002-xxk",
                    "tag": "",
                    "url": ""
                  }
                ],
                "url": "https://audit-service-5wvl2oswbq-uc.a.run.app"
              }
            ],
            "template": [
              {
                "metadata": [
                  {
                    "annotations": {
                      "autoscaling.knative.dev/maxScale": "20",
                      "run.googleapis.com/client-name": "terraform",
                      "run.googleapis.com/vpc-access-connector": "cloud-run-connector",
                      "run.googleapis.com/vpc-access-egress": "all-traffic"
                    },
                    "generation": 0,
                    "labels": {
                      "run.googleapis.com/startupProbeType": "Default"
                    },
                    "name": "",
                    "namespace": "",
                    "resource_version": "",
                    "self_link": "",
                    "uid": ""
                  }
                ],
                "spec": [
                  {
                    "container_concurrency": 160,
                    "containers": [
                      {
                        "args": [],
                        "command": [],
                        "env": [
                          {
                            "name": "pubsub.audit_update",
                            "value": "audit_update",
                            "value_from": []
                          },
                          {
                            "name": "pubsub.error_topic",
                            "value": "audit_error",
                            "value_from": []
                          },
                          {
                            "name": "pusher.appId",
                            "value": "",
                            "value_from": [
                              {
                                "secret_key_ref": [
                                  {
                                    "key": "latest",
                                    "name": "pusher-app-id"
                                  }
                                ]
                              }
                            ]
                          },
                          {
                            "name": "pusher.cluster",
                            "value": "",
                            "value_from": [
                              {
                                "secret_key_ref": [
                                  {
                                    "key": "latest",
                                    "name": "pusher-cluster"
                                  }
                                ]
                              }
                            ]
                          },
                          {
                            "name": "pusher.key",
                            "value": "",
                            "value_from": [
                              {
                                "secret_key_ref": [
                                  {
                                    "key": "latest",
                                    "name": "pusher-key"
                                  }
                                ]
                              }
                            ]
                          },
                          {
                            "name": "pusher.secret",
                            "value": "",
                            "value_from": [
                              {
                                "secret_key_ref": [
                                  {
                                    "key": "latest",
                                    "name": "pusher-secret"
                                  }
                                ]
                              }
                            ]
                          },
                          {
                            "name": "spring.cloud.gcp.project-id",
                            "value": "webcrawler-450417",
                            "value_from": []
                          },
                          {
                            "name": "spring.cloud.gcp.region",
                            "value": "us-central1",
                            "value_from": []
                          },
                          {
                            "name": "spring.data.neo4j.database",
                            "value": "",
                            "value_from": [
                              {
                                "secret_key_ref": [
                                  {
                                    "key": "latest",
                                    "name": "neo4j-db-name"
                                  }
                                ]
                              }
                            ]
                          },
                          {
                            "name": "spring.data.neo4j.password",
                            "value": "",
                            "value_from": [
                              {
                                "secret_key_ref": [
                                  {
                                    "key": "latest",
                                    "name": "neo4j-password"
                                  }
                                ]
                              }
                            ]
                          },
                          {
                            "name": "spring.data.neo4j.uri",
                            "value": "",
                            "value_from": [
                              {
                                "secret_key_ref": [
                                  {
                                    "key": "latest",
                                    "name": "neo4j-bolt-uri"
                                  }
                                ]
                              }
                            ]
                          },
                          {
                            "name": "spring.data.neo4j.username",
                            "value": "",
                            "value_from": [
                              {
                                "secret_key_ref": [
                                  {
                                    "key": "latest",
                                    "name": "neo4j-username"
                                  }
                                ]
                              }
                            ]
                          }
                        ],
                        "env_from": [],
                        "image": "docker.io/deepthought42/audit-update-service:latest",
                        "liveness_probe": [],
                        "name": "",
                        "ports": [
                          {
                            "container_port": 8080,
                            "name": "http1",
                            "protocol": ""
                          }
                        ],
                        "resources": [
                          {
                            "limits": {
                              "cpu": "1000m",
                              "memory": "4Gi"
                            },
                            "requests": {}
                          }
                        ],
                        "startup_probe": [
                          {
                            "failure_threshold": 1,
                            "grpc": [],
                            "http_get": [],
                            "initial_delay_seconds": 0,
                            "period_seconds": 240,
                            "tcp_socket": [
                              {
                                "port": 8080
                              }
                            ],
                            "timeout_seconds": 240
                          }
                        ],
                        "volume_mounts": [],
                        "working_dir": ""
                      }
                    ],
                    "node_selector": {},
                    "service_account_name": "webcrawler-450417-cloud-run-sa@webcrawler-450417.iam.gserviceaccount.com",
                    "serving_state": "",
                    "timeout_seconds": 120,
                    "volumes": []
                  }
                ]
              }
            ],
            "timeouts": null,
            "traffic": [
              {
                "latest_revision": true,
                "percent": 100,
                "revision_name": "",
                "tag": "",
                "url": ""
              }
            ]
          },
          "sensitive_attributes": [],
          "private": "eyJlMmJmYjczMC1lY2FhLTExZTYtOGY4OC0zNDM2M2JjN2M0YzAiOnsiY3JlYXRlIjoxMjAwMDAwMDAwMDAwLCJkZWxldGUiOjEyMDAwMDAwMDAwMDAsInVwZGF0ZSI6MTIwMDAwMDAwMDAwMH0sInNjaGVtYV92ZXJzaW9uIjoiMiJ9",
          "dependencies": [
            "google_service_account.cloud_run_sa",
            "module.pubsub_topics.google_pubsub_topic.audit_error_topic",
            "module.pubsub_topics.google_pubsub_topic.audit_update_topic",
            "module.secrets.google_secret_manager_secret.neo4j_bolt_uri",
            "module.secrets.google_secret_manager_secret.neo4j_db_name",
            "module.secrets.google_secret_manager_secret.neo4j_password",
            "module.secrets.google_secret_manager_secret.neo4j_username",
            "module.secrets.google_secret_manager_secret.pusher_app_id",
            "module.secrets.google_secret_manager_secret.pusher_cluster",
            "module.secrets.google_secret_manager_secret.pusher_key",
            "module.secrets.google_secret_manager_secret.pusher_secret",
            "module.vpc.google_compute_network.vpc",
            "module.vpc.google_vpc_access_connector.connector"
          ]
        }
      ]
    },
    {
      "module": "module.audit_service_cloud_run",
      "mode": "managed",
      "type": "google_cloud_run_service_iam_member",
      "name": "pubsub_invoker",
      "provider": "provider[\"registry.terraform.io/hashicorp/google\"]",
      "instances": [
        {
          "schema_version": 0,
          "attributes": {
            "condition": [],
            "etag": "BwY0RigCgh4=",
            "id": "v1/projects/webcrawler-450417/locations/us-central1/services/audit-service/roles/run.invoker/serviceAccount:webcrawler-450417-cloud-run-sa@webcrawler-450417.iam.gserviceaccount.com",
            "location": "us-central1",
            "member": "serviceAccount:webcrawler-450417-cloud-run-sa@webcrawler-450417.iam.gserviceaccount.com",
            "project": "webcrawler-450417",
            "role": "roles/run.invoker",
            "service": "v1/projects/webcrawler-450417/locations/us-central1/services/audit-service"
          },
          "sensitive_attributes": [],
          "private": "bnVsbA==",
          "dependencies": [
            "google_service_account.cloud_run_sa",
            "module.audit_service_cloud_run.google_cloud_run_service.service",
            "module.pubsub_topics.google_pubsub_topic.audit_error_topic",
            "module.pubsub_topics.google_pubsub_topic.audit_update_topic",
            "module.secrets.google_secret_manager_secret.neo4j_bolt_uri",
            "module.secrets.google_secret_manager_secret.neo4j_db_name",
            "module.secrets.google_secret_manager_secret.neo4j_password",
            "module.secrets.google_secret_manager_secret.neo4j_username",
            "module.secrets.google_secret_manager_secret.pusher_app_id",
            "module.secrets.google_secret_manager_secret.pusher_cluster",
            "module.secrets.google_secret_manager_secret.pusher_key",
            "module.secrets.google_secret_manager_secret.pusher_secret",
            "module.vpc.google_compute_network.vpc",
            "module.vpc.google_vpc_access_connector.connector"
          ]
        }
      ]
    },
    {
      "module": "module.audit_service_cloud_run.module.pubsub_subscription",
      "mode": "managed",
      "type": "google_pubsub_subscription",
      "name": "subscription",
      "provider": "module.audit_service_cloud_run.module.pubsub_subscription.provider[\"registry.terraform.io/hashicorp/google\"]",
      "instances": [
        {
          "schema_version": 0,
          "attributes": {
            "ack_deadline_seconds": 10,
            "bigquery_config": [],
            "cloud_storage_config": [],
            "dead_letter_policy": [],
            "effective_labels": {
              "goog-terraform-provisioned": "true"
            },
            "enable_exactly_once_delivery": false,
            "enable_message_ordering": false,
            "expiration_policy": [
              {
                "ttl": "2678400s"
              }
            ],
            "filter": "",
            "id": "projects/webcrawler-450417/subscriptions/audit-service-subscription",
            "labels": {},
            "message_retention_duration": "604800s",
            "name": "audit-service-subscription",
            "project": "webcrawler-450417",
            "push_config": [
              {
                "attributes": {},
                "no_wrapper": [],
                "oidc_token": [
                  {
                    "audience": "",
                    "service_account_email": "webcrawler-450417-cloud-run-sa@webcrawler-450417.iam.gserviceaccount.com"
                  }
                ],
                "push_endpoint": "https://audit-service-5wvl2oswbq-uc.a.run.app"
              }
            ],
            "retain_acked_messages": false,
            "retry_policy": [
              {
                "maximum_backoff": "600s",
                "minimum_backoff": "10s"
              }
            ],
            "terraform_labels": {
              "goog-terraform-provisioned": "true"
            },
            "timeouts": null,
            "topic": "projects/webcrawler-450417/topics/page_audit"
          },
          "sensitive_attributes": [],
          "private": "eyJlMmJmYjczMC1lY2FhLTExZTYtOGY4OC0zNDM2M2JjN2M0YzAiOnsiY3JlYXRlIjoxMjAwMDAwMDAwMDAwLCJkZWxldGUiOjEyMDAwMDAwMDAwMDAsInVwZGF0ZSI6MTIwMDAwMDAwMDAwMH19",
          "dependencies": [
            "google_service_account.cloud_run_sa",
            "module.audit_service_cloud_run.google_cloud_run_service.service",
            "module.pubsub_topics.google_pubsub_topic.audit_error_topic",
            "module.pubsub_topics.google_pubsub_topic.audit_update_topic",
            "module.pubsub_topics.google_pubsub_topic.page_audit_topic",
            "module.secrets.google_secret_manager_secret.neo4j_bolt_uri",
            "module.secrets.google_secret_manager_secret.neo4j_db_name",
            "module.secrets.google_secret_manager_secret.neo4j_password",
            "module.secrets.google_secret_manager_secret.neo4j_username",
            "module.secrets.google_secret_manager_secret.pusher_app_id",
            "module.secrets.google_secret_manager_secret.pusher_cluster",
            "module.secrets.google_secret_manager_secret.pusher_key",
            "module.secrets.google_secret_manager_secret.pusher_secret",
            "module.vpc.google_compute_network.vpc",
            "module.vpc.google_vpc_access_connector.connector"
          ]
        }
      ]
    },
    {
      "module": "module.content_audit_cloud_run",
      "mode": "managed",
      "type": "google_cloud_run_service",
      "name": "service",
      "provider": "provider[\"registry.terraform.io/hashicorp/google\"]",
      "instances": [
        {
          "schema_version": 2,
          "attributes": {
            "autogenerate_revision_name": false,
            "id": "locations/us-central1/namespaces/webcrawler-450417/services/content-audit",
            "location": "us-central1",
            "metadata": [
              {
                "annotations": {
                  "run.googleapis.com/ingress": "internal"
                },
                "effective_annotations": {
                  "run.googleapis.com/ingress": "internal",
                  "run.googleapis.com/ingress-status": "internal",
                  "run.googleapis.com/operation-id": "ad26553e-79ec-4f3e-8c5d-b4dab8a9fc42",
                  "run.googleapis.com/urls": "[\"https://content-audit-673367928406.us-central1.run.app\",\"https://content-audit-5wvl2oswbq-uc.a.run.app\"]",
                  "serving.knative.dev/creator": "webcrawleraccountmanager@webcrawler-450417.iam.gserviceaccount.com",
                  "serving.knative.dev/lastModifier": "webcrawleraccountmanager@webcrawler-450417.iam.gserviceaccount.com"
                },
                "effective_labels": {
                  "cloud.googleapis.com/location": "us-central1",
                  "goog-terraform-provisioned": "true"
                },
                "generation": 2,
                "labels": {},
                "namespace": "webcrawler-450417",
                "resource_version": "AAY0RnFp0p0",
                "self_link": "/apis/serving.knative.dev/v1/namespaces/673367928406/services/content-audit",
                "terraform_labels": {
                  "goog-terraform-provisioned": "true"
                },
                "uid": "8d2b723c-0e48-4eba-80ee-a96dd30e6894"
              }
            ],
            "name": "content-audit",
            "project": "webcrawler-450417",
            "status": [
              {
                "conditions": [
                  {
                    "message": "",
                    "reason": "",
                    "status": "True",
                    "type": "Ready"
                  },
                  {
                    "message": "",
                    "reason": "",
                    "status": "True",
                    "type": "ConfigurationsReady"
                  },
                  {
                    "message": "",
                    "reason": "",
                    "status": "True",
                    "type": "RoutesReady"
                  }
                ],
                "latest_created_revision_name": "content-audit-00002-bsg",
                "latest_ready_revision_name": "content-audit-00002-bsg",
                "observed_generation": 2,
                "traffic": [
                  {
                    "latest_revision": true,
                    "percent": 100,
                    "revision_name": "content-audit-00002-bsg",
                    "tag": "",
                    "url": ""
                  }
                ],
                "url": "https://content-audit-5wvl2oswbq-uc.a.run.app"
              }
            ],
            "template": [
              {
                "metadata": [
                  {
                    "annotations": {
                      "autoscaling.knative.dev/maxScale": "40",
                      "run.googleapis.com/client-name": "terraform",
                      "run.googleapis.com/vpc-access-connector": "cloud-run-connector",
                      "run.googleapis.com/vpc-access-egress": "all-traffic"
                    },
                    "generation": 0,
                    "labels": {
                      "run.googleapis.com/startupProbeType": "Default"
                    },
                    "name": "",
                    "namespace": "",
                    "resource_version": "",
                    "self_link": "",
                    "uid": ""
                  }
                ],
                "spec": [
                  {
                    "container_concurrency": 80,
                    "containers": [
                      {
                        "args": [],
                        "command": [],
                        "env": [
                          {
                            "name": "pubsub.audit_update",
                            "value": "audit_update",
                            "value_from": []
                          },
                          {
                            "name": "pubsub.error_topic",
                            "value": "audit_error",
                            "value_from": []
                          },
                          {
                            "name": "spring.cloud.gcp.project-id",
                            "value": "webcrawler-450417",
                            "value_from": []
                          },
                          {
                            "name": "spring.cloud.gcp.region",
                            "value": "us-central1",
                            "value_from": []
                          },
                          {
                            "name": "spring.data.neo4j.database",
                            "value": "",
                            "value_from": [
                              {
                                "secret_key_ref": [
                                  {
                                    "key": "latest",
                                    "name": "neo4j-db-name"
                                  }
                                ]
                              }
                            ]
                          },
                          {
                            "name": "spring.data.neo4j.password",
                            "value": "",
                            "value_from": [
                              {
                                "secret_key_ref": [
                                  {
                                    "key": "latest",
                                    "name": "neo4j-password"
                                  }
                                ]
                              }
                            ]
                          },
                          {
                            "name": "spring.data.neo4j.uri",
                            "value": "",
                            "value_from": [
                              {
                                "secret_key_ref": [
                                  {
                                    "key": "latest",
                                    "name": "neo4j-bolt-uri"
                                  }
                                ]
                              }
                            ]
                          },
                          {
                            "name": "spring.data.neo4j.username",
                            "value": "",
                            "value_from": [
                              {
                                "secret_key_ref": [
                                  {
                                    "key": "latest",
                                    "name": "neo4j-username"
                                  }
                                ]
                              }
                            ]
                          }
                        ],
                        "env_from": [],
                        "image": "docker.io/deepthought42/content-audit:latest",
                        "liveness_probe": [],
                        "name": "",
                        "ports": [
                          {
                            "container_port": 8080,
                            "name": "http1",
                            "protocol": ""
                          }
                        ],
                        "resources": [
                          {
                            "limits": {
                              "cpu": "1000m",
                              "memory": "500M"
                            },
                            "requests": {}
                          }
                        ],
                        "startup_probe": [
                          {
                            "failure_threshold": 1,
                            "grpc": [],
                            "http_get": [],
                            "initial_delay_seconds": 0,
                            "period_seconds": 240,
                            "tcp_socket": [
                              {
                                "port": 8080
                              }
                            ],
                            "timeout_seconds": 240
                          }
                        ],
                        "volume_mounts": [],
                        "working_dir": ""
                      }
                    ],
                    "node_selector": {},
                    "service_account_name": "webcrawler-450417-cloud-run-sa@webcrawler-450417.iam.gserviceaccount.com",
                    "serving_state": "",
                    "timeout_seconds": 120,
                    "volumes": []
                  }
                ]
              }
            ],
            "timeouts": null,
            "traffic": [
              {
                "latest_revision": true,
                "percent": 100,
                "revision_name": "",
                "tag": "",
                "url": ""
              }
            ]
          },
          "sensitive_attributes": [],
          "private": "eyJlMmJmYjczMC1lY2FhLTExZTYtOGY4OC0zNDM2M2JjN2M0YzAiOnsiY3JlYXRlIjoxMjAwMDAwMDAwMDAwLCJkZWxldGUiOjEyMDAwMDAwMDAwMDAsInVwZGF0ZSI6MTIwMDAwMDAwMDAwMH0sInNjaGVtYV92ZXJzaW9uIjoiMiJ9",
          "dependencies": [
            "google_service_account.cloud_run_sa",
            "module.pubsub_topics.google_pubsub_topic.audit_error_topic",
            "module.pubsub_topics.google_pubsub_topic.audit_update_topic",
            "module.secrets.google_secret_manager_secret.neo4j_bolt_uri",
            "module.secrets.google_secret_manager_secret.neo4j_db_name",
            "module.secrets.google_secret_manager_secret.neo4j_password",
            "module.secrets.google_secret_manager_secret.neo4j_username",
            "module.vpc.google_compute_network.vpc",
            "module.vpc.google_vpc_access_connector.connector"
          ]
        }
      ]
    },
    {
      "module": "module.content_audit_cloud_run",
      "mode": "managed",
      "type": "google_cloud_run_service_iam_member",
      "name": "pubsub_invoker",
      "provider": "provider[\"registry.terraform.io/hashicorp/google\"]",
      "instances": [
        {
          "schema_version": 0,
          "attributes": {
            "condition": [],
            "etag": "BwY0Rigd9kc=",
            "id": "v1/projects/webcrawler-450417/locations/us-central1/services/content-audit/roles/run.invoker/serviceAccount:webcrawler-450417-cloud-run-sa@webcrawler-450417.iam.gserviceaccount.com",
            "location": "us-central1",
            "member": "serviceAccount:webcrawler-450417-cloud-run-sa@webcrawler-450417.iam.gserviceaccount.com",
            "project": "webcrawler-450417",
            "role": "roles/run.invoker",
            "service": "v1/projects/webcrawler-450417/locations/us-central1/services/content-audit"
          },
          "sensitive_attributes": [],
          "private": "bnVsbA==",
          "dependencies": [
            "google_service_account.cloud_run_sa",
            "module.content_audit_cloud_run.google_cloud_run_service.service",
            "module.pubsub_topics.google_pubsub_topic.audit_error_topic",
            "module.pubsub_topics.google_pubsub_topic.audit_update_topic",
            "module.secrets.google_secret_manager_secret.neo4j_bolt_uri",
            "module.secrets.google_secret_manager_secret.neo4j_db_name",
            "module.secrets.google_secret_manager_secret.neo4j_password",
            "module.secrets.google_secret_manager_secret.neo4j_username",
            "module.vpc.google_compute_network.vpc",
            "module.vpc.google_vpc_access_connector.connector"
          ]
        }
      ]
    },
    {
      "module": "module.content_audit_cloud_run.module.pubsub_subscription",
      "mode": "managed",
      "type": "google_pubsub_subscription",
      "name": "subscription",
      "provider": "module.content_audit_cloud_run.module.pubsub_subscription.provider[\"registry.terraform.io/hashicorp/google\"]",
      "instances": [
        {
          "schema_version": 0,
          "attributes": {
            "ack_deadline_seconds": 10,
            "bigquery_config": [],
            "cloud_storage_config": [],
            "dead_letter_policy": [],
            "effective_labels": {
              "goog-terraform-provisioned": "true"
            },
            "enable_exactly_once_delivery": false,
            "enable_message_ordering": false,
            "expiration_policy": [
              {
                "ttl": "2678400s"
              }
            ],
            "filter": "",
            "id": "projects/webcrawler-450417/subscriptions/content-audit-subscription",
            "labels": {},
            "message_retention_duration": "604800s",
            "name": "content-audit-subscription",
            "project": "webcrawler-450417",
            "push_config": [
              {
                "attributes": {},
                "no_wrapper": [],
                "oidc_token": [
                  {
                    "audience": "",
                    "service_account_email": "webcrawler-450417-cloud-run-sa@webcrawler-450417.iam.gserviceaccount.com"
                  }
                ],
                "push_endpoint": "https://content-audit-5wvl2oswbq-uc.a.run.app"
              }
            ],
            "retain_acked_messages": false,
            "retry_policy": [
              {
                "maximum_backoff": "600s",
                "minimum_backoff": "10s"
              }
            ],
            "terraform_labels": {
              "goog-terraform-provisioned": "true"
            },
            "timeouts": null,
            "topic": "projects/webcrawler-450417/topics/page_audit"
          },
          "sensitive_attributes": [],
          "private": "eyJlMmJmYjczMC1lY2FhLTExZTYtOGY4OC0zNDM2M2JjN2M0YzAiOnsiY3JlYXRlIjoxMjAwMDAwMDAwMDAwLCJkZWxldGUiOjEyMDAwMDAwMDAwMDAsInVwZGF0ZSI6MTIwMDAwMDAwMDAwMH19",
          "dependencies": [
            "google_service_account.cloud_run_sa",
            "module.content_audit_cloud_run.google_cloud_run_service.service",
            "module.pubsub_topics.google_pubsub_topic.audit_error_topic",
            "module.pubsub_topics.google_pubsub_topic.audit_update_topic",
            "module.pubsub_topics.google_pubsub_topic.page_audit_topic",
            "module.secrets.google_secret_manager_secret.neo4j_bolt_uri",
            "module.secrets.google_secret_manager_secret.neo4j_db_name",
            "module.secrets.google_secret_manager_secret.neo4j_password",
            "module.secrets.google_secret_manager_secret.neo4j_username",
            "module.vpc.google_compute_network.vpc",
            "module.vpc.google_vpc_access_connector.connector"
          ]
        }
      ]
    },
    {
      "module": "module.information_architecture_audit_cloud_run",
      "mode": "managed",
      "type": "google_cloud_run_service",
      "name": "service",
      "provider": "provider[\"registry.terraform.io/hashicorp/google\"]",
      "instances": [
        {
          "schema_version": 2,
          "attributes": {
            "autogenerate_revision_name": false,
            "id": "locations/us-central1/namespaces/webcrawler-450417/services/information-architecture-audit",
            "location": "us-central1",
            "metadata": [
              {
                "annotations": {
                  "run.googleapis.com/ingress": "internal"
                },
                "effective_annotations": {
                  "run.googleapis.com/ingress": "internal",
                  "run.googleapis.com/ingress-status": "internal",
                  "run.googleapis.com/operation-id": "9b535634-6636-46c7-8156-bb36efd097e1",
                  "run.googleapis.com/urls": "[\"https://information-architecture-audit-673367928406.us-central1.run.app\",\"https://information-architecture-audit-5wvl2oswbq-uc.a.run.app\"]",
                  "serving.knative.dev/creator": "webcrawleraccountmanager@webcrawler-450417.iam.gserviceaccount.com",
                  "serving.knative.dev/lastModifier": "webcrawleraccountmanager@webcrawler-450417.iam.gserviceaccount.com"
                },
                "effective_labels": {
                  "cloud.googleapis.com/location": "us-central1",
                  "goog-terraform-provisioned": "true"
                },
                "generation": 2,
                "labels": {},
                "namespace": "webcrawler-450417",
                "resource_version": "AAY0RnHf7Ko",
                "self_link": "/apis/serving.knative.dev/v1/namespaces/673367928406/services/information-architecture-audit",
                "terraform_labels": {
                  "goog-terraform-provisioned": "true"
                },
                "uid": "1edd7b3b-28f2-40b3-befc-c3923a723b24"
              }
            ],
            "name": "information-architecture-audit",
            "project": "webcrawler-450417",
            "status": [
              {
                "conditions": [
                  {
                    "message": "",
                    "reason": "",
                    "status": "True",
                    "type": "Ready"
                  },
                  {
                    "message": "",
                    "reason": "",
                    "status": "True",
                    "type": "ConfigurationsReady"
                  },
                  {
                    "message": "",
                    "reason": "",
                    "status": "True",
                    "type": "RoutesReady"
                  }
                ],
                "latest_created_revision_name": "information-architecture-audit-00002-brw",
                "latest_ready_revision_name": "information-architecture-audit-00002-brw",
                "observed_generation": 2,
                "traffic": [
                  {
                    "latest_revision": true,
                    "percent": 100,
                    "revision_name": "information-architecture-audit-00002-brw",
                    "tag": "",
                    "url": ""
                  }
                ],
                "url": "https://information-architecture-audit-5wvl2oswbq-uc.a.run.app"
              }
            ],
            "template": [
              {
                "metadata": [
                  {
                    "annotations": {
                      "autoscaling.knative.dev/maxScale": "40",
                      "run.googleapis.com/client-name": "terraform",
                      "run.googleapis.com/vpc-access-connector": "cloud-run-connector",
                      "run.googleapis.com/vpc-access-egress": "all-traffic"
                    },
                    "generation": 0,
                    "labels": {
                      "run.googleapis.com/startupProbeType": "Default"
                    },
                    "name": "",
                    "namespace": "",
                    "resource_version": "",
                    "self_link": "",
                    "uid": ""
                  }
                ],
                "spec": [
                  {
                    "container_concurrency": 80,
                    "containers": [
                      {
                        "args": [],
                        "command": [],
                        "env": [
                          {
                            "name": "pubsub.audit_update",
                            "value": "audit_update",
                            "value_from": []
                          },
                          {
                            "name": "pubsub.error_topic",
                            "value": "audit_error",
                            "value_from": []
                          },
                          {
                            "name": "spring.cloud.gcp.project-id",
                            "value": "webcrawler-450417",
                            "value_from": []
                          },
                          {
                            "name": "spring.cloud.gcp.region",
                            "value": "us-central1",
                            "value_from": []
                          },
                          {
                            "name": "spring.data.neo4j.database",
                            "value": "",
                            "value_from": [
                              {
                                "secret_key_ref": [
                                  {
                                    "key": "latest",
                                    "name": "neo4j-db-name"
                                  }
                                ]
                              }
                            ]
                          },
                          {
                            "name": "spring.data.neo4j.password",
                            "value": "",
                            "value_from": [
                              {
                                "secret_key_ref": [
                                  {
                                    "key": "latest",
                                    "name": "neo4j-password"
                                  }
                                ]
                              }
                            ]
                          },
                          {
                            "name": "spring.data.neo4j.uri",
                            "value": "",
                            "value_from": [
                              {
                                "secret_key_ref": [
                                  {
                                    "key": "latest",
                                    "name": "neo4j-bolt-uri"
                                  }
                                ]
                              }
                            ]
                          },
                          {
                            "name": "spring.data.neo4j.username",
                            "value": "",
                            "value_from": [
                              {
                                "secret_key_ref": [
                                  {
                                    "key": "latest",
                                    "name": "neo4j-username"
                                  }
                                ]
                              }
                            ]
                          }
                        ],
                        "env_from": [],
                        "image": "docker.io/deepthought42/information-architecture-audit:latest",
                        "liveness_probe": [],
                        "name": "",
                        "ports": [
                          {
                            "container_port": 8080,
                            "name": "http1",
                            "protocol": ""
                          }
                        ],
                        "resources": [
                          {
                            "limits": {
                              "cpu": "1000m",
                              "memory": "500M"
                            },
                            "requests": {}
                          }
                        ],
                        "startup_probe": [
                          {
                            "failure_threshold": 1,
                            "grpc": [],
                            "http_get": [],
                            "initial_delay_seconds": 0,
                            "period_seconds": 240,
                            "tcp_socket": [
                              {
                                "port": 8080
                              }
                            ],
                            "timeout_seconds": 240
                          }
                        ],
                        "volume_mounts": [],
                        "working_dir": ""
                      }
                    ],
                    "node_selector": {},
                    "service_account_name": "webcrawler-450417-cloud-run-sa@webcrawler-450417.iam.gserviceaccount.com",
                    "serving_state": "",
                    "timeout_seconds": 120,
                    "volumes": []
                  }
                ]
              }
            ],
            "timeouts": null,
            "traffic": [
              {
                "latest_revision": true,
                "percent": 100,
                "revision_name": "",
                "tag": "",
                "url": ""
              }
            ]
          },
          "sensitive_attributes": [],
          "private": "eyJlMmJmYjczMC1lY2FhLTExZTYtOGY4OC0zNDM2M2JjN2M0YzAiOnsiY3JlYXRlIjoxMjAwMDAwMDAwMDAwLCJkZWxldGUiOjEyMDAwMDAwMDAwMDAsInVwZGF0ZSI6MTIwMDAwMDAwMDAwMH0sInNjaGVtYV92ZXJzaW9uIjoiMiJ9",
          "dependencies": [
            "google_service_account.cloud_run_sa",
            "module.pubsub_topics.google_pubsub_topic.audit_error_topic",
            "module.pubsub_topics.google_pubsub_topic.audit_update_topic",
            "module.secrets.google_secret_manager_secret.neo4j_bolt_uri",
            "module.secrets.google_secret_manager_secret.neo4j_db_name",
            "module.secrets.google_secret_manager_secret.neo4j_password",
            "module.secrets.google_secret_manager_secret.neo4j_username",
            "module.vpc.google_compute_network.vpc",
            "module.vpc.google_vpc_access_connector.connector"
          ]
        }
      ]
    },
    {
      "module": "module.information_architecture_audit_cloud_run",
      "mode": "managed",
      "type": "google_cloud_run_service_iam_member",
      "name": "pubsub_invoker",
      "provider": "provider[\"registry.terraform.io/hashicorp/google\"]",
      "instances": [
        {
          "schema_version": 0,
          "attributes": {
            "condition": [],
            "etag": "BwY0RigCqTo=",
            "id": "v1/projects/webcrawler-450417/locations/us-central1/services/information-architecture-audit/roles/run.invoker/serviceAccount:webcrawler-450417-cloud-run-sa@webcrawler-450417.iam.gserviceaccount.com",
            "location": "us-central1",
            "member": "serviceAccount:webcrawler-450417-cloud-run-sa@webcrawler-450417.iam.gserviceaccount.com",
            "project": "webcrawler-450417",
            "role": "roles/run.invoker",
            "service": "v1/projects/webcrawler-450417/locations/us-central1/services/information-architecture-audit"
          },
          "sensitive_attributes": [],
          "private": "bnVsbA==",
          "dependencies": [
            "google_service_account.cloud_run_sa",
            "module.information_architecture_audit_cloud_run.google_cloud_run_service.service",
            "module.pubsub_topics.google_pubsub_topic.audit_error_topic",
            "module.pubsub_topics.google_pubsub_topic.audit_update_topic",
            "module.secrets.google_secret_manager_secret.neo4j_bolt_uri",
            "module.secrets.google_secret_manager_secret.neo4j_db_name",
            "module.secrets.google_secret_manager_secret.neo4j_password",
            "module.secrets.google_secret_manager_secret.neo4j_username",
            "module.vpc.google_compute_network.vpc",
            "module.vpc.google_vpc_access_connector.connector"
          ]
        }
      ]
    },
    {
      "module": "module.information_architecture_audit_cloud_run.module.pubsub_subscription",
      "mode": "managed",
      "type": "google_pubsub_subscription",
      "name": "subscription",
      "provider": "module.information_architecture_audit_cloud_run.module.pubsub_subscription.provider[\"registry.terraform.io/hashicorp/google\"]",
      "instances": [
        {
          "schema_version": 0,
          "attributes": {
            "ack_deadline_seconds": 10,
            "bigquery_config": [],
            "cloud_storage_config": [],
            "dead_letter_policy": [],
            "effective_labels": {
              "goog-terraform-provisioned": "true"
            },
            "enable_exactly_once_delivery": false,
            "enable_message_ordering": false,
            "expiration_policy": [
              {
                "ttl": "2678400s"
              }
            ],
            "filter": "",
            "id": "projects/webcrawler-450417/subscriptions/information-architecture-audit-subscription",
            "labels": {},
            "message_retention_duration": "604800s",
            "name": "information-architecture-audit-subscription",
            "project": "webcrawler-450417",
            "push_config": [
              {
                "attributes": {},
                "no_wrapper": [],
                "oidc_token": [
                  {
                    "audience": "",
                    "service_account_email": "webcrawler-450417-cloud-run-sa@webcrawler-450417.iam.gserviceaccount.com"
                  }
                ],
                "push_endpoint": "https://information-architecture-audit-5wvl2oswbq-uc.a.run.app"
              }
            ],
            "retain_acked_messages": false,
            "retry_policy": [
              {
                "maximum_backoff": "600s",
                "minimum_backoff": "10s"
              }
            ],
            "terraform_labels": {
              "goog-terraform-provisioned": "true"
            },
            "timeouts": null,
            "topic": "projects/webcrawler-450417/topics/page_audit"
          },
          "sensitive_attributes": [],
          "private": "eyJlMmJmYjczMC1lY2FhLTExZTYtOGY4OC0zNDM2M2JjN2M0YzAiOnsiY3JlYXRlIjoxMjAwMDAwMDAwMDAwLCJkZWxldGUiOjEyMDAwMDAwMDAwMDAsInVwZGF0ZSI6MTIwMDAwMDAwMDAwMH19",
          "dependencies": [
            "google_service_account.cloud_run_sa",
            "module.information_architecture_audit_cloud_run.google_cloud_run_service.service",
            "module.pubsub_topics.google_pubsub_topic.audit_error_topic",
            "module.pubsub_topics.google_pubsub_topic.audit_update_topic",
            "module.pubsub_topics.google_pubsub_topic.page_audit_topic",
            "module.secrets.google_secret_manager_secret.neo4j_bolt_uri",
            "module.secrets.google_secret_manager_secret.neo4j_db_name",
            "module.secrets.google_secret_manager_secret.neo4j_password",
            "module.secrets.google_secret_manager_secret.neo4j_username",
            "module.vpc.google_compute_network.vpc",
            "module.vpc.google_vpc_access_connector.connector"
          ]
        }
      ]
    },
    {
      "module": "module.journey_executor_cloud_run",
      "mode": "managed",
      "type": "google_cloud_run_service",
      "name": "service",
      "provider": "provider[\"registry.terraform.io/hashicorp/google\"]",
      "instances": [
        {
          "schema_version": 2,
          "attributes": {
            "autogenerate_revision_name": false,
            "id": "locations/us-central1/namespaces/webcrawler-450417/services/journey-executor",
            "location": "us-central1",
            "metadata": [
              {
                "annotations": {
                  "run.googleapis.com/ingress": "internal"
                },
                "effective_annotations": {
                  "run.googleapis.com/ingress": "internal",
                  "run.googleapis.com/ingress-status": "internal",
                  "run.googleapis.com/operation-id": "88c55126-3d31-4e0e-bc4f-3824eb653e49",
                  "run.googleapis.com/urls": "[\"https://journey-executor-673367928406.us-central1.run.app\",\"https://journey-executor-5wvl2oswbq-uc.a.run.app\"]",
                  "serving.knative.dev/creator": "webcrawleraccountmanager@webcrawler-450417.iam.gserviceaccount.com",
                  "serving.knative.dev/lastModifier": "webcrawleraccountmanager@webcrawler-450417.iam.gserviceaccount.com"
                },
                "effective_labels": {
                  "cloud.googleapis.com/location": "us-central1",
                  "goog-terraform-provisioned": "true"
                },
                "generation": 2,
                "labels": {},
                "namespace": "webcrawler-450417",
                "resource_version": "AAY0RnIKZTk",
                "self_link": "/apis/serving.knative.dev/v1/namespaces/673367928406/services/journey-executor",
                "terraform_labels": {
                  "goog-terraform-provisioned": "true"
                },
                "uid": "1b19359b-cdbb-4cfc-b741-c71ddb351836"
              }
            ],
            "name": "journey-executor",
            "project": "webcrawler-450417",
            "status": [
              {
                "conditions": [
                  {
                    "message": "",
                    "reason": "",
                    "status": "True",
                    "type": "Ready"
                  },
                  {
                    "message": "",
                    "reason": "",
                    "status": "True",
                    "type": "ConfigurationsReady"
                  },
                  {
                    "message": "",
                    "reason": "",
                    "status": "True",
                    "type": "RoutesReady"
                  }
                ],
                "latest_created_revision_name": "journey-executor-00002-rdw",
                "latest_ready_revision_name": "journey-executor-00002-rdw",
                "observed_generation": 2,
                "traffic": [
                  {
                    "latest_revision": true,
                    "percent": 100,
                    "revision_name": "journey-executor-00002-rdw",
                    "tag": "",
                    "url": ""
                  }
                ],
                "url": "https://journey-executor-5wvl2oswbq-uc.a.run.app"
              }
            ],
            "template": [
              {
                "metadata": [
                  {
                    "annotations": {
                      "autoscaling.knative.dev/maxScale": "40",
                      "run.googleapis.com/client-name": "terraform",
                      "run.googleapis.com/vpc-access-connector": "cloud-run-connector",
                      "run.googleapis.com/vpc-access-egress": "all-traffic"
                    },
                    "generation": 0,
                    "labels": {
                      "run.googleapis.com/startupProbeType": "Default"
                    },
                    "name": "",
                    "namespace": "",
                    "resource_version": "",
                    "self_link": "",
                    "uid": ""
                  }
                ],
                "spec": [
                  {
                    "container_concurrency": 80,
                    "containers": [
                      {
                        "args": [],
                        "command": [],
                        "env": [
                          {
                            "name": "pubsub.discarded_journey_topic",
                            "value": "journey_discarded",
                            "value_from": []
                          },
                          {
                            "name": "pubsub.error_topic",
                            "value": "audit_error",
                            "value_from": []
                          },
                          {
                            "name": "pubsub.journey_verified",
                            "value": "journey_verified",
                            "value_from": []
                          },
                          {
                            "name": "pubsub.page_built",
                            "value": "page_created",
                            "value_from": []
                          },
                          {
                            "name": "spring.cloud.gcp.project-id",
                            "value": "webcrawler-450417",
                            "value_from": []
                          },
                          {
                            "name": "spring.cloud.gcp.region",
                            "value": "us-central1",
                            "value_from": []
                          },
                          {
                            "name": "spring.data.neo4j.database",
                            "value": "",
                            "value_from": [
                              {
                                "secret_key_ref": [
                                  {
                                    "key": "latest",
                                    "name": "neo4j-db-name"
                                  }
                                ]
                              }
                            ]
                          },
                          {
                            "name": "spring.data.neo4j.password",
                            "value": "",
                            "value_from": [
                              {
                                "secret_key_ref": [
                                  {
                                    "key": "latest",
                                    "name": "neo4j-password"
                                  }
                                ]
                              }
                            ]
                          },
                          {
                            "name": "spring.data.neo4j.uri",
                            "value": "",
                            "value_from": [
                              {
                                "secret_key_ref": [
                                  {
                                    "key": "latest",
                                    "name": "neo4j-bolt-uri"
                                  }
                                ]
                              }
                            ]
                          },
                          {
                            "name": "spring.data.neo4j.username",
                            "value": "",
                            "value_from": [
                              {
                                "secret_key_ref": [
                                  {
                                    "key": "latest",
                                    "name": "neo4j-username"
                                  }
                                ]
                              }
                            ]
                          }
                        ],
                        "env_from": [],
                        "image": "docker.io/deepthought42/journey-executor:latest",
                        "liveness_probe": [],
                        "name": "",
                        "ports": [
                          {
                            "container_port": 8080,
                            "name": "http1",
                            "protocol": ""
                          }
                        ],
                        "resources": [
                          {
                            "limits": {
                              "cpu": "1000m",
                              "memory": "2Gi"
                            },
                            "requests": {}
                          }
                        ],
                        "startup_probe": [
                          {
                            "failure_threshold": 1,
                            "grpc": [],
                            "http_get": [],
                            "initial_delay_seconds": 0,
                            "period_seconds": 240,
                            "tcp_socket": [
                              {
                                "port": 8080
                              }
                            ],
                            "timeout_seconds": 240
                          }
                        ],
                        "volume_mounts": [],
                        "working_dir": ""
                      }
                    ],
                    "node_selector": {},
                    "service_account_name": "webcrawler-450417-cloud-run-sa@webcrawler-450417.iam.gserviceaccount.com",
                    "serving_state": "",
                    "timeout_seconds": 120,
                    "volumes": []
                  }
                ]
              }
            ],
            "timeouts": null,
            "traffic": [
              {
                "latest_revision": true,
                "percent": 100,
                "revision_name": "",
                "tag": "",
                "url": ""
              }
            ]
          },
          "sensitive_attributes": [],
          "private": "eyJlMmJmYjczMC1lY2FhLTExZTYtOGY4OC0zNDM2M2JjN2M0YzAiOnsiY3JlYXRlIjoxMjAwMDAwMDAwMDAwLCJkZWxldGUiOjEyMDAwMDAwMDAwMDAsInVwZGF0ZSI6MTIwMDAwMDAwMDAwMH0sInNjaGVtYV92ZXJzaW9uIjoiMiJ9",
          "dependencies": [
            "google_service_account.cloud_run_sa",
            "module.pubsub_topics.google_pubsub_topic.audit_error_topic",
            "module.pubsub_topics.google_pubsub_topic.journey_discarded_topic",
            "module.pubsub_topics.google_pubsub_topic.journey_verified_topic",
            "module.pubsub_topics.google_pubsub_topic.page_created_topic",
            "module.secrets.google_secret_manager_secret.neo4j_bolt_uri",
            "module.secrets.google_secret_manager_secret.neo4j_db_name",
            "module.secrets.google_secret_manager_secret.neo4j_password",
            "module.secrets.google_secret_manager_secret.neo4j_username",
            "module.vpc.google_compute_network.vpc",
            "module.vpc.google_vpc_access_connector.connector"
          ]
        }
      ]
    },
    {
      "module": "module.journey_executor_cloud_run",
      "mode": "managed",
      "type": "google_cloud_run_service_iam_member",
      "name": "pubsub_invoker",
      "provider": "provider[\"registry.terraform.io/hashicorp/google\"]",
      "instances": [
        {
          "schema_version": 0,
          "attributes": {
            "condition": [],
            "etag": "BwY0RigcZac=",
            "id": "v1/projects/webcrawler-450417/locations/us-central1/services/journey-executor/roles/run.invoker/serviceAccount:webcrawler-450417-cloud-run-sa@webcrawler-450417.iam.gserviceaccount.com",
            "location": "us-central1",
            "member": "serviceAccount:webcrawler-450417-cloud-run-sa@webcrawler-450417.iam.gserviceaccount.com",
            "project": "webcrawler-450417",
            "role": "roles/run.invoker",
            "service": "v1/projects/webcrawler-450417/locations/us-central1/services/journey-executor"
          },
          "sensitive_attributes": [],
          "private": "bnVsbA==",
          "dependencies": [
            "google_service_account.cloud_run_sa",
            "module.journey_executor_cloud_run.google_cloud_run_service.service",
            "module.pubsub_topics.google_pubsub_topic.audit_error_topic",
            "module.pubsub_topics.google_pubsub_topic.journey_discarded_topic",
            "module.pubsub_topics.google_pubsub_topic.journey_verified_topic",
            "module.pubsub_topics.google_pubsub_topic.page_created_topic",
            "module.secrets.google_secret_manager_secret.neo4j_bolt_uri",
            "module.secrets.google_secret_manager_secret.neo4j_db_name",
            "module.secrets.google_secret_manager_secret.neo4j_password",
            "module.secrets.google_secret_manager_secret.neo4j_username",
            "module.vpc.google_compute_network.vpc",
            "module.vpc.google_vpc_access_connector.connector"
          ]
        }
      ]
    },
    {
      "module": "module.journey_executor_cloud_run.module.pubsub_subscription",
      "mode": "managed",
      "type": "google_pubsub_subscription",
      "name": "subscription",
      "provider": "module.journey_executor_cloud_run.module.pubsub_subscription.provider[\"registry.terraform.io/hashicorp/google\"]",
      "instances": [
        {
          "schema_version": 0,
          "attributes": {
            "ack_deadline_seconds": 10,
            "bigquery_config": [],
            "cloud_storage_config": [],
            "dead_letter_policy": [],
            "effective_labels": {
              "goog-terraform-provisioned": "true"
            },
            "enable_exactly_once_delivery": false,
            "enable_message_ordering": false,
            "expiration_policy": [
              {
                "ttl": "2678400s"
              }
            ],
            "filter": "",
            "id": "projects/webcrawler-450417/subscriptions/journey-executor-subscription",
            "labels": {},
            "message_retention_duration": "604800s",
            "name": "journey-executor-subscription",
            "project": "webcrawler-450417",
            "push_config": [
              {
                "attributes": {},
                "no_wrapper": [],
                "oidc_token": [
                  {
                    "audience": "",
                    "service_account_email": "webcrawler-450417-cloud-run-sa@webcrawler-450417.iam.gserviceaccount.com"
                  }
                ],
                "push_endpoint": "https://journey-executor-5wvl2oswbq-uc.a.run.app"
              }
            ],
            "retain_acked_messages": false,
            "retry_policy": [
              {
                "maximum_backoff": "600s",
                "minimum_backoff": "10s"
              }
            ],
            "terraform_labels": {
              "goog-terraform-provisioned": "true"
            },
            "timeouts": null,
            "topic": "projects/webcrawler-450417/topics/journey_candidate"
          },
          "sensitive_attributes": [],
          "private": "eyJlMmJmYjczMC1lY2FhLTExZTYtOGY4OC0zNDM2M2JjN2M0YzAiOnsiY3JlYXRlIjoxMjAwMDAwMDAwMDAwLCJkZWxldGUiOjEyMDAwMDAwMDAwMDAsInVwZGF0ZSI6MTIwMDAwMDAwMDAwMH19",
          "dependencies": [
            "google_service_account.cloud_run_sa",
            "module.journey_executor_cloud_run.google_cloud_run_service.service",
            "module.pubsub_topics.google_pubsub_topic.audit_error_topic",
            "module.pubsub_topics.google_pubsub_topic.journey_candidate_topic",
            "module.pubsub_topics.google_pubsub_topic.journey_discarded_topic",
            "module.pubsub_topics.google_pubsub_topic.journey_verified_topic",
            "module.pubsub_topics.google_pubsub_topic.page_created_topic",
            "module.secrets.google_secret_manager_secret.neo4j_bolt_uri",
            "module.secrets.google_secret_manager_secret.neo4j_db_name",
            "module.secrets.google_secret_manager_secret.neo4j_password",
            "module.secrets.google_secret_manager_secret.neo4j_username",
            "module.vpc.google_compute_network.vpc",
            "module.vpc.google_vpc_access_connector.connector"
          ]
        }
      ]
    },
    {
      "module": "module.journey_expander_cloud_run",
      "mode": "managed",
      "type": "google_cloud_run_service",
      "name": "service",
      "provider": "provider[\"registry.terraform.io/hashicorp/google\"]",
      "instances": [
        {
          "schema_version": 2,
          "attributes": {
            "autogenerate_revision_name": false,
            "id": "locations/us-central1/namespaces/webcrawler-450417/services/journey-expander",
            "location": "us-central1",
            "metadata": [
              {
                "annotations": {
                  "run.googleapis.com/ingress": "internal"
                },
                "effective_annotations": {
                  "run.googleapis.com/ingress": "internal",
                  "run.googleapis.com/ingress-status": "internal",
                  "run.googleapis.com/operation-id": "3b2af089-cc1d-4e70-a802-f0f532b82b08",
                  "run.googleapis.com/urls": "[\"https://journey-expander-673367928406.us-central1.run.app\",\"https://journey-expander-5wvl2oswbq-uc.a.run.app\"]",
                  "serving.knative.dev/creator": "webcrawleraccountmanager@webcrawler-450417.iam.gserviceaccount.com",
                  "serving.knative.dev/lastModifier": "webcrawleraccountmanager@webcrawler-450417.iam.gserviceaccount.com"
                },
                "effective_labels": {
                  "cloud.googleapis.com/location": "us-central1",
                  "goog-terraform-provisioned": "true"
                },
                "generation": 2,
                "labels": {},
                "namespace": "webcrawler-450417",
                "resource_version": "AAY0RnHi8wU",
                "self_link": "/apis/serving.knative.dev/v1/namespaces/673367928406/services/journey-expander",
                "terraform_labels": {
                  "goog-terraform-provisioned": "true"
                },
                "uid": "7fcfc9f6-3603-4d66-a65c-4c6891ecf09c"
              }
            ],
            "name": "journey-expander",
            "project": "webcrawler-450417",
            "status": [
              {
                "conditions": [
                  {
                    "message": "",
                    "reason": "",
                    "status": "True",
                    "type": "Ready"
                  },
                  {
                    "message": "",
                    "reason": "",
                    "status": "True",
                    "type": "ConfigurationsReady"
                  },
                  {
                    "message": "",
                    "reason": "",
                    "status": "True",
                    "type": "RoutesReady"
                  }
                ],
                "latest_created_revision_name": "journey-expander-00002-msf",
                "latest_ready_revision_name": "journey-expander-00002-msf",
                "observed_generation": 2,
                "traffic": [
                  {
                    "latest_revision": true,
                    "percent": 100,
                    "revision_name": "journey-expander-00002-msf",
                    "tag": "",
                    "url": ""
                  }
                ],
                "url": "https://journey-expander-5wvl2oswbq-uc.a.run.app"
              }
            ],
            "template": [
              {
                "metadata": [
                  {
                    "annotations": {
                      "autoscaling.knative.dev/maxScale": "40",
                      "run.googleapis.com/client-name": "terraform",
                      "run.googleapis.com/vpc-access-connector": "cloud-run-connector",
                      "run.googleapis.com/vpc-access-egress": "all-traffic"
                    },
                    "generation": 0,
                    "labels": {
                      "run.googleapis.com/startupProbeType": "Default"
                    },
                    "name": "",
                    "namespace": "",
                    "resource_version": "",
                    "self_link": "",
                    "uid": ""
                  }
                ],
                "spec": [
                  {
                    "container_concurrency": 80,
                    "containers": [
                      {
                        "args": [],
                        "command": [],
                        "env": [
                          {
                            "name": "pubsub.discard_journey_topic",
                            "value": "journey_discarded",
                            "value_from": []
                          },
                          {
                            "name": "pubsub.error_topic",
                            "value": "audit_error",
                            "value_from": []
                          },
                          {
                            "name": "pubsub.journey_verified",
                            "value": "journey_verified",
                            "value_from": []
                          },
                          {
                            "name": "pubsub.page_built",
                            "value": "page_created",
                            "value_from": []
                          },
                          {
                            "name": "spring.cloud.gcp.project-id",
                            "value": "webcrawler-450417",
                            "value_from": []
                          },
                          {
                            "name": "spring.cloud.gcp.region",
                            "value": "us-central1",
                            "value_from": []
                          },
                          {
                            "name": "spring.data.neo4j.database",
                            "value": "",
                            "value_from": [
                              {
                                "secret_key_ref": [
                                  {
                                    "key": "latest",
                                    "name": "neo4j-db-name"
                                  }
                                ]
                              }
                            ]
                          },
                          {
                            "name": "spring.data.neo4j.password",
                            "value": "",
                            "value_from": [
                              {
                                "secret_key_ref": [
                                  {
                                    "key": "latest",
                                    "name": "neo4j-password"
                                  }
                                ]
                              }
                            ]
                          },
                          {
                            "name": "spring.data.neo4j.uri",
                            "value": "",
                            "value_from": [
                              {
                                "secret_key_ref": [
                                  {
                                    "key": "latest",
                                    "name": "neo4j-bolt-uri"
                                  }
                                ]
                              }
                            ]
                          },
                          {
                            "name": "spring.data.neo4j.username",
                            "value": "",
                            "value_from": [
                              {
                                "secret_key_ref": [
                                  {
                                    "key": "latest",
                                    "name": "neo4j-username"
                                  }
                                ]
                              }
                            ]
                          }
                        ],
                        "env_from": [],
                        "image": "docker.io/deepthought42/journey-expander:latest",
                        "liveness_probe": [],
                        "name": "",
                        "ports": [
                          {
                            "container_port": 8080,
                            "name": "http1",
                            "protocol": ""
                          }
                        ],
                        "resources": [
                          {
                            "limits": {
                              "cpu": "1000m",
                              "memory": "500M"
                            },
                            "requests": {}
                          }
                        ],
                        "startup_probe": [
                          {
                            "failure_threshold": 1,
                            "grpc": [],
                            "http_get": [],
                            "initial_delay_seconds": 0,
                            "period_seconds": 240,
                            "tcp_socket": [
                              {
                                "port": 8080
                              }
                            ],
                            "timeout_seconds": 240
                          }
                        ],
                        "volume_mounts": [],
                        "working_dir": ""
                      }
                    ],
                    "node_selector": {},
                    "service_account_name": "webcrawler-450417-cloud-run-sa@webcrawler-450417.iam.gserviceaccount.com",
                    "serving_state": "",
                    "timeout_seconds": 120,
                    "volumes": []
                  }
                ]
              }
            ],
            "timeouts": null,
            "traffic": [
              {
                "latest_revision": true,
                "percent": 100,
                "revision_name": "",
                "tag": "",
                "url": ""
              }
            ]
          },
          "sensitive_attributes": [],
          "private": "eyJlMmJmYjczMC1lY2FhLTExZTYtOGY4OC0zNDM2M2JjN2M0YzAiOnsiY3JlYXRlIjoxMjAwMDAwMDAwMDAwLCJkZWxldGUiOjEyMDAwMDAwMDAwMDAsInVwZGF0ZSI6MTIwMDAwMDAwMDAwMH0sInNjaGVtYV92ZXJzaW9uIjoiMiJ9",
          "dependencies": [
            "google_service_account.cloud_run_sa",
            "module.pubsub_topics.google_pubsub_topic.audit_error_topic",
            "module.pubsub_topics.google_pubsub_topic.journey_discarded_topic",
            "module.pubsub_topics.google_pubsub_topic.journey_verified_topic",
            "module.pubsub_topics.google_pubsub_topic.page_created_topic",
            "module.secrets.google_secret_manager_secret.neo4j_bolt_uri",
            "module.secrets.google_secret_manager_secret.neo4j_db_name",
            "module.secrets.google_secret_manager_secret.neo4j_password",
            "module.secrets.google_secret_manager_secret.neo4j_username",
            "module.vpc.google_compute_network.vpc",
            "module.vpc.google_vpc_access_connector.connector"
          ]
        }
      ]
    },
    {
      "module": "module.journey_expander_cloud_run",
      "mode": "managed",
      "type": "google_cloud_run_service_iam_member",
      "name": "pubsub_invoker",
      "provider": "provider[\"registry.terraform.io/hashicorp/google\"]",
      "instances": [
        {
          "schema_version": 0,
          "attributes": {
            "condition": [],
            "etag": "BwY0RigBA1k=",
            "id": "v1/projects/webcrawler-450417/locations/us-central1/services/journey-expander/roles/run.invoker/serviceAccount:webcrawler-450417-cloud-run-sa@webcrawler-450417.iam.gserviceaccount.com",
            "location": "us-central1",
            "member": "serviceAccount:webcrawler-450417-cloud-run-sa@webcrawler-450417.iam.gserviceaccount.com",
            "project": "webcrawler-450417",
            "role": "roles/run.invoker",
            "service": "v1/projects/webcrawler-450417/locations/us-central1/services/journey-expander"
          },
          "sensitive_attributes": [],
          "private": "bnVsbA==",
          "dependencies": [
            "google_service_account.cloud_run_sa",
            "module.journey_expander_cloud_run.google_cloud_run_service.service",
            "module.pubsub_topics.google_pubsub_topic.audit_error_topic",
            "module.pubsub_topics.google_pubsub_topic.journey_discarded_topic",
            "module.pubsub_topics.google_pubsub_topic.journey_verified_topic",
            "module.pubsub_topics.google_pubsub_topic.page_created_topic",
            "module.secrets.google_secret_manager_secret.neo4j_bolt_uri",
            "module.secrets.google_secret_manager_secret.neo4j_db_name",
            "module.secrets.google_secret_manager_secret.neo4j_password",
            "module.secrets.google_secret_manager_secret.neo4j_username",
            "module.vpc.google_compute_network.vpc",
            "module.vpc.google_vpc_access_connector.connector"
          ]
        }
      ]
    },
    {
      "module": "module.journey_expander_cloud_run.module.pubsub_subscription",
      "mode": "managed",
      "type": "google_pubsub_subscription",
      "name": "subscription",
      "provider": "module.journey_expander_cloud_run.module.pubsub_subscription.provider[\"registry.terraform.io/hashicorp/google\"]",
      "instances": [
        {
          "schema_version": 0,
          "attributes": {
            "ack_deadline_seconds": 10,
            "bigquery_config": [],
            "cloud_storage_config": [],
            "dead_letter_policy": [],
            "effective_labels": {
              "goog-terraform-provisioned": "true"
            },
            "enable_exactly_once_delivery": false,
            "enable_message_ordering": false,
            "expiration_policy": [
              {
                "ttl": "2678400s"
              }
            ],
            "filter": "",
            "id": "projects/webcrawler-450417/subscriptions/journey-expander-subscription",
            "labels": {},
            "message_retention_duration": "604800s",
            "name": "journey-expander-subscription",
            "project": "webcrawler-450417",
            "push_config": [
              {
                "attributes": {},
                "no_wrapper": [],
                "oidc_token": [
                  {
                    "audience": "",
                    "service_account_email": "webcrawler-450417-cloud-run-sa@webcrawler-450417.iam.gserviceaccount.com"
                  }
                ],
                "push_endpoint": "https://journey-expander-5wvl2oswbq-uc.a.run.app"
              }
            ],
            "retain_acked_messages": false,
            "retry_policy": [
              {
                "maximum_backoff": "600s",
                "minimum_backoff": "10s"
              }
            ],
            "terraform_labels": {
              "goog-terraform-provisioned": "true"
            },
            "timeouts": null,
            "topic": "projects/webcrawler-450417/topics/journey_verified"
          },
          "sensitive_attributes": [],
          "private": "eyJlMmJmYjczMC1lY2FhLTExZTYtOGY4OC0zNDM2M2JjN2M0YzAiOnsiY3JlYXRlIjoxMjAwMDAwMDAwMDAwLCJkZWxldGUiOjEyMDAwMDAwMDAwMDAsInVwZGF0ZSI6MTIwMDAwMDAwMDAwMH19",
          "dependencies": [
            "google_service_account.cloud_run_sa",
            "module.journey_expander_cloud_run.google_cloud_run_service.service",
            "module.pubsub_topics.google_pubsub_topic.audit_error_topic",
            "module.pubsub_topics.google_pubsub_topic.journey_discarded_topic",
            "module.pubsub_topics.google_pubsub_topic.journey_verified_topic",
            "module.pubsub_topics.google_pubsub_topic.page_created_topic",
            "module.secrets.google_secret_manager_secret.neo4j_bolt_uri",
            "module.secrets.google_secret_manager_secret.neo4j_db_name",
            "module.secrets.google_secret_manager_secret.neo4j_password",
            "module.secrets.google_secret_manager_secret.neo4j_username",
            "module.vpc.google_compute_network.vpc",
            "module.vpc.google_vpc_access_connector.connector"
          ]
        }
      ]
    },
    {
      "module": "module.neo4j_db",
      "mode": "managed",
      "type": "google_compute_firewall",
      "name": "neo4j-internal",
      "provider": "provider[\"registry.terraform.io/hashicorp/google\"]",
      "instances": [
        {
          "schema_version": 1,
          "attributes": {
            "allow": [
              {
                "ports": [
                  "7474",
                  "7687",
                  "22"
                ],
                "protocol": "tcp"
              }
            ],
            "creation_timestamp": "2025-05-03T20:27:50.835-07:00",
            "deny": [],
            "description": "",
            "destination_ranges": [],
            "direction": "INGRESS",
            "disabled": false,
            "enable_logging": null,
            "id": "projects/webcrawler-450417/global/firewalls/neo4j-allow-internal",
            "log_config": [],
            "name": "neo4j-allow-internal",
            "network": "https://www.googleapis.com/compute/v1/projects/webcrawler-450417/global/networks/custom-vpc",
            "priority": 1000,
            "project": "webcrawler-450417",
            "self_link": "https://www.googleapis.com/compute/v1/projects/webcrawler-450417/global/firewalls/neo4j-allow-internal",
            "source_ranges": [
              "10.0.0.0/8"
            ],
            "source_service_accounts": [],
            "source_tags": [],
            "target_service_accounts": [],
            "target_tags": [
              "neo4j"
            ],
            "timeouts": null
          },
          "sensitive_attributes": [],
          "private": "eyJlMmJmYjczMC1lY2FhLTExZTYtOGY4OC0zNDM2M2JjN2M0YzAiOnsiY3JlYXRlIjoxMjAwMDAwMDAwMDAwLCJkZWxldGUiOjEyMDAwMDAwMDAwMDAsInVwZGF0ZSI6MTIwMDAwMDAwMDAwMH0sInNjaGVtYV92ZXJzaW9uIjoiMSJ9",
          "dependencies": [
            "module.vpc.google_compute_network.vpc"
          ]
        }
      ]
    },
    {
      "module": "module.neo4j_db",
      "mode": "managed",
      "type": "google_compute_instance",
      "name": "neo4j",
      "provider": "provider[\"registry.terraform.io/hashicorp/google\"]",
      "instances": [
        {
          "schema_version": 6,
          "attributes": {
            "advanced_machine_features": [],
            "allow_stopping_for_update": null,
            "attached_disk": [],
            "boot_disk": [
              {
                "auto_delete": true,
                "device_name": "persistent-disk-0",
                "disk_encryption_key_raw": "",
                "disk_encryption_key_rsa": "",
                "disk_encryption_key_sha256": "",
                "disk_encryption_service_account": "",
                "guest_os_features": [
                  "VIRTIO_SCSI_MULTIQUEUE",
                  "SEV_CAPABLE",
                  "SEV_SNP_CAPABLE",
                  "SEV_LIVE_MIGRATABLE",
                  "SEV_LIVE_MIGRATABLE_V2",
                  "IDPF",
                  "TDX_CAPABLE",
                  "UEFI_COMPATIBLE",
                  "GVNIC"
                ],
                "initialize_params": [
                  {
                    "architecture": "X86_64",
                    "enable_confidential_compute": false,
                    "image": "https://www.googleapis.com/compute/v1/projects/ubuntu-os-cloud/global/images/ubuntu-2204-jammy-v20250430",
                    "labels": {},
                    "provisioned_iops": 0,
                    "provisioned_throughput": 0,
                    "resource_manager_tags": null,
                    "resource_policies": [],
                    "size": 50,
                    "snapshot": "",
                    "source_image_encryption_key": [],
                    "source_snapshot_encryption_key": [],
                    "storage_pool": "",
                    "type": "pd-standard"
                  }
                ],
                "interface": "",
                "kms_key_self_link": "",
                "mode": "READ_WRITE",
                "source": "https://www.googleapis.com/compute/v1/projects/webcrawler-450417/zones/us-central1-a/disks/neo4j-community"
              }
            ],
            "can_ip_forward": false,
            "confidential_instance_config": [],
            "cpu_platform": "Intel Broadwell",
            "creation_timestamp": "2025-05-03T21:12:29.349-07:00",
            "current_status": "RUNNING",
            "deletion_protection": false,
            "description": "",
            "desired_status": null,
            "effective_labels": {
              "goog-terraform-provisioned": "true"
            },
            "enable_display": false,
            "guest_accelerator": [],
            "hostname": "",
            "id": "projects/webcrawler-450417/zones/us-central1-a/instances/neo4j-community",
            "instance_encryption_key": [],
            "instance_id": "1430006572540188610",
            "key_revocation_action_type": "",
            "label_fingerprint": "vezUS-42LLM=",
            "labels": null,
            "machine_type": "e2-medium",
            "metadata": null,
            "metadata_fingerprint": "nEHbGIYlTJY=",
            "metadata_startup_script": "#!/bin/bash\nwget -O - https://debian.neo4j.com/neotechnology.gpg.key | sudo apt-key add -\necho 'deb https://debian.neo4j.com stable 5' | sudo tee /etc/apt/sources.list.d/neo4j.list\nsudo apt-get update\nsudo apt-get install -y neo4j\n\n# Download the CQL file to /\ncurl -o /home/neo4j/create-indexes-and-constraints.cql https://raw.githubusercontent.com/deepthought42/LookseeIaC/refs/heads/main/create-indexes-and-constraints.cql\n\n# Set initial password for neo4j admin user\nsudo systemctl stop neo4j\nsudo -u neo4j neo4j-admin set-initial-password '6363f6f65c71e63c59cf'\nsudo systemctl enable neo4j\nsudo systemctl start neo4j\n\n# Create a new user with the specified username and password\nsudo -u neo4j neo4j-admin create-user neo4j '6363f6f65c71e63c59cf'\n\n# create database\nsudo -u neo4j neo4j-admin create-database neo4j\n\n# run file to create indexes and constraints\nsudo -u neo4j neo4j-admin run /home/neo4j/create-indexes-and-constraints.cql\n",
            "min_cpu_platform": "",
            "name": "neo4j-community",
            "network_interface": [
              {
                "access_config": [
                  {
                    "nat_ip": "34.41.166.2",
                    "network_tier": "PREMIUM",
                    "public_ptr_domain_name": ""
                  }
                ],
                "alias_ip_range": [],
                "internal_ipv6_prefix_length": 0,
                "ipv6_access_config": [],
                "ipv6_access_type": "",
                "ipv6_address": "",
                "name": "nic0",
                "network": "https://www.googleapis.com/compute/v1/projects/webcrawler-450417/global/networks/custom-vpc",
                "network_attachment": "",
                "network_ip": "10.128.0.5",
                "nic_type": "",
                "queue_count": 0,
                "stack_type": "IPV4_ONLY",
                "subnetwork": "https://www.googleapis.com/compute/v1/projects/webcrawler-450417/regions/us-central1/subnetworks/custom-vpc",
                "subnetwork_project": "webcrawler-450417"
              }
            ],
            "network_performance_config": [],
            "params": [],
            "project": "webcrawler-450417",
            "reservation_affinity": [],
            "resource_policies": null,
            "scheduling": [
              {
                "automatic_restart": true,
                "availability_domain": 0,
                "instance_termination_action": "",
                "local_ssd_recovery_timeout": [],
                "max_run_duration": [],
                "min_node_cpus": 0,
                "node_affinities": [],
                "on_host_maintenance": "MIGRATE",
                "on_instance_stop_action": [],
                "preemptible": false,
                "provisioning_model": "STANDARD",
                "termination_time": ""
              }
            ],
            "scratch_disk": [],
            "self_link": "https://www.googleapis.com/compute/v1/projects/webcrawler-450417/zones/us-central1-a/instances/neo4j-community",
            "service_account": [],
            "shielded_instance_config": [
              {
                "enable_integrity_monitoring": true,
                "enable_secure_boot": false,
                "enable_vtpm": true
              }
            ],
            "tags": [
              "neo4j"
            ],
            "tags_fingerprint": "8BHEADC5_sQ=",
            "terraform_labels": {
              "goog-terraform-provisioned": "true"
            },
            "timeouts": null,
            "zone": "us-central1-a"
          },
          "sensitive_attributes": [
            [
              {
                "type": "get_attr",
                "value": "metadata_startup_script"
              }
            ],
            [
              {
                "type": "get_attr",
                "value": "boot_disk"
              },
              {
                "type": "index",
                "value": {
                  "value": 0,
                  "type": "number"
                }
              },
              {
                "type": "get_attr",
                "value": "disk_encryption_key_raw"
              }
            ],
            [
              {
                "type": "get_attr",
                "value": "boot_disk"
              },
              {
                "type": "index",
                "value": {
                  "value": 0,
                  "type": "number"
                }
              },
              {
                "type": "get_attr",
                "value": "disk_encryption_key_rsa"
              }
            ]
          ],
          "private": "eyJlMmJmYjczMC1lY2FhLTExZTYtOGY4OC0zNDM2M2JjN2M0YzAiOnsiY3JlYXRlIjoxMjAwMDAwMDAwMDAwLCJkZWxldGUiOjEyMDAwMDAwMDAwMDAsInVwZGF0ZSI6MTIwMDAwMDAwMDAwMH0sInNjaGVtYV92ZXJzaW9uIjoiNiJ9",
          "dependencies": [
            "module.vpc.google_compute_network.vpc"
          ]
        }
      ]
    },
    {
      "module": "module.page_builder_cloud_run",
      "mode": "managed",
      "type": "google_cloud_run_service",
      "name": "service",
      "provider": "provider[\"registry.terraform.io/hashicorp/google\"]",
      "instances": [
        {
          "schema_version": 2,
          "attributes": {
            "autogenerate_revision_name": false,
            "id": "locations/us-central1/namespaces/webcrawler-450417/services/page-builder",
            "location": "us-central1",
            "metadata": [
              {
                "annotations": {
                  "run.googleapis.com/ingress": "internal"
                },
                "effective_annotations": {
                  "run.googleapis.com/ingress": "internal",
                  "run.googleapis.com/ingress-status": "internal",
                  "run.googleapis.com/operation-id": "ae618f0b-6660-4d85-8481-1df93cc7569c",
                  "run.googleapis.com/urls": "[\"https://page-builder-673367928406.us-central1.run.app\",\"https://page-builder-5wvl2oswbq-uc.a.run.app\"]",
                  "serving.knative.dev/creator": "webcrawleraccountmanager@webcrawler-450417.iam.gserviceaccount.com",
                  "serving.knative.dev/lastModifier": "webcrawleraccountmanager@webcrawler-450417.iam.gserviceaccount.com"
                },
                "effective_labels": {
                  "cloud.googleapis.com/location": "us-central1",
                  "goog-terraform-provisioned": "true"
                },
                "generation": 3,
                "labels": {},
                "namespace": "webcrawler-450417",
                "resource_version": "AAY0RnHdNfE",
                "self_link": "/apis/serving.knative.dev/v1/namespaces/673367928406/services/page-builder",
                "terraform_labels": {
                  "goog-terraform-provisioned": "true"
                },
                "uid": "037fb30b-2ae8-443f-8be1-778319eba713"
              }
            ],
            "name": "page-builder",
            "project": "webcrawler-450417",
            "status": [
              {
                "conditions": [
                  {
                    "message": "",
                    "reason": "",
                    "status": "True",
                    "type": "Ready"
                  },
                  {
                    "message": "",
                    "reason": "",
                    "status": "True",
                    "type": "ConfigurationsReady"
                  },
                  {
                    "message": "",
                    "reason": "",
                    "status": "True",
                    "type": "RoutesReady"
                  }
                ],
                "latest_created_revision_name": "page-builder-00003-6qg",
                "latest_ready_revision_name": "page-builder-00003-6qg",
                "observed_generation": 3,
                "traffic": [
                  {
                    "latest_revision": true,
                    "percent": 100,
                    "revision_name": "page-builder-00003-6qg",
                    "tag": "",
                    "url": ""
                  }
                ],
                "url": "https://page-builder-5wvl2oswbq-uc.a.run.app"
              }
            ],
            "template": [
              {
                "metadata": [
                  {
                    "annotations": {
                      "autoscaling.knative.dev/maxScale": "40",
                      "run.googleapis.com/client-name": "terraform",
                      "run.googleapis.com/vpc-access-connector": "cloud-run-connector",
                      "run.googleapis.com/vpc-access-egress": "private-ranges-only"
                    },
                    "generation": 0,
                    "labels": {
                      "run.googleapis.com/startupProbeType": "Default"
                    },
                    "name": "",
                    "namespace": "",
                    "resource_version": "",
                    "self_link": "",
                    "uid": ""
                  }
                ],
                "spec": [
                  {
                    "container_concurrency": 80,
                    "containers": [
                      {
                        "args": [],
                        "command": [],
                        "env": [
                          {
                            "name": "pubsub.error_topic",
                            "value": "audit_error",
                            "value_from": []
                          },
                          {
                            "name": "pubsub.journey_verified",
                            "value": "journey_verified",
                            "value_from": []
                          },
                          {
                            "name": "pubsub.page_audit_topic",
                            "value": "page_audit",
                            "value_from": []
                          },
                          {
                            "name": "pubsub.page_built",
                            "value": "page_created",
                            "value_from": []
                          },
                          {
                            "name": "spring.cloud.gcp.project-id",
                            "value": "webcrawler-450417",
                            "value_from": []
                          },
                          {
                            "name": "spring.cloud.gcp.region",
                            "value": "us-central1",
                            "value_from": []
                          },
                          {
                            "name": "spring.data.neo4j.database",
                            "value": "",
                            "value_from": [
                              {
                                "secret_key_ref": [
                                  {
                                    "key": "latest",
                                    "name": "neo4j-db-name"
                                  }
                                ]
                              }
                            ]
                          },
                          {
                            "name": "spring.data.neo4j.password",
                            "value": "",
                            "value_from": [
                              {
                                "secret_key_ref": [
                                  {
                                    "key": "latest",
                                    "name": "neo4j-password"
                                  }
                                ]
                              }
                            ]
                          },
                          {
                            "name": "spring.data.neo4j.uri",
                            "value": "",
                            "value_from": [
                              {
                                "secret_key_ref": [
                                  {
                                    "key": "latest",
                                    "name": "neo4j-bolt-uri"
                                  }
                                ]
                              }
                            ]
                          },
                          {
                            "name": "spring.data.neo4j.username",
                            "value": "",
                            "value_from": [
                              {
                                "secret_key_ref": [
                                  {
                                    "key": "latest",
                                    "name": "neo4j-username"
                                  }
                                ]
                              }
                            ]
                          }
                        ],
                        "env_from": [],
                        "image": "docker.io/deepthought42/page-builder:latest",
                        "liveness_probe": [],
                        "name": "",
                        "ports": [
                          {
                            "container_port": 8080,
                            "name": "http1",
                            "protocol": ""
                          }
                        ],
                        "resources": [
                          {
                            "limits": {
                              "cpu": "1000m",
                              "memory": "1Gi"
                            },
                            "requests": {}
                          }
                        ],
                        "startup_probe": [
                          {
                            "failure_threshold": 1,
                            "grpc": [],
                            "http_get": [],
                            "initial_delay_seconds": 0,
                            "period_seconds": 240,
                            "tcp_socket": [
                              {
                                "port": 8080
                              }
                            ],
                            "timeout_seconds": 240
                          }
                        ],
                        "volume_mounts": [],
                        "working_dir": ""
                      }
                    ],
                    "node_selector": {},
                    "service_account_name": "webcrawler-450417-cloud-run-sa@webcrawler-450417.iam.gserviceaccount.com",
                    "serving_state": "",
                    "timeout_seconds": 120,
                    "volumes": []
                  }
                ]
              }
            ],
            "timeouts": null,
            "traffic": [
              {
                "latest_revision": true,
                "percent": 100,
                "revision_name": "",
                "tag": "",
                "url": ""
              }
            ]
          },
          "sensitive_attributes": [],
          "private": "eyJlMmJmYjczMC1lY2FhLTExZTYtOGY4OC0zNDM2M2JjN2M0YzAiOnsiY3JlYXRlIjoxMjAwMDAwMDAwMDAwLCJkZWxldGUiOjEyMDAwMDAwMDAwMDAsInVwZGF0ZSI6MTIwMDAwMDAwMDAwMH0sInNjaGVtYV92ZXJzaW9uIjoiMiJ9",
          "dependencies": [
            "google_service_account.cloud_run_sa",
            "module.pubsub_topics.google_pubsub_topic.audit_error_topic",
            "module.pubsub_topics.google_pubsub_topic.journey_verified_topic",
            "module.pubsub_topics.google_pubsub_topic.page_audit_topic",
            "module.pubsub_topics.google_pubsub_topic.page_created_topic",
            "module.secrets.google_secret_manager_secret.neo4j_bolt_uri",
            "module.secrets.google_secret_manager_secret.neo4j_db_name",
            "module.secrets.google_secret_manager_secret.neo4j_password",
            "module.secrets.google_secret_manager_secret.neo4j_username",
            "module.vpc.google_compute_network.vpc",
            "module.vpc.google_vpc_access_connector.connector"
          ]
        }
      ]
    },
    {
      "module": "module.page_builder_cloud_run",
      "mode": "managed",
      "type": "google_cloud_run_service_iam_member",
      "name": "pubsub_invoker",
      "provider": "provider[\"registry.terraform.io/hashicorp/google\"]",
      "instances": [
        {
          "schema_version": 0,
          "attributes": {
            "condition": [],
            "etag": "BwY0RigCl0I=",
            "id": "v1/projects/webcrawler-450417/locations/us-central1/services/page-builder/roles/run.invoker/serviceAccount:webcrawler-450417-cloud-run-sa@webcrawler-450417.iam.gserviceaccount.com",
            "location": "us-central1",
            "member": "serviceAccount:webcrawler-450417-cloud-run-sa@webcrawler-450417.iam.gserviceaccount.com",
            "project": "webcrawler-450417",
            "role": "roles/run.invoker",
            "service": "v1/projects/webcrawler-450417/locations/us-central1/services/page-builder"
          },
          "sensitive_attributes": [],
          "private": "bnVsbA==",
          "dependencies": [
            "google_service_account.cloud_run_sa",
            "module.page_builder_cloud_run.google_cloud_run_service.service",
            "module.pubsub_topics.google_pubsub_topic.audit_error_topic",
            "module.pubsub_topics.google_pubsub_topic.journey_verified_topic",
            "module.pubsub_topics.google_pubsub_topic.page_audit_topic",
            "module.pubsub_topics.google_pubsub_topic.page_created_topic",
            "module.secrets.google_secret_manager_secret.neo4j_bolt_uri",
            "module.secrets.google_secret_manager_secret.neo4j_db_name",
            "module.secrets.google_secret_manager_secret.neo4j_password",
            "module.secrets.google_secret_manager_secret.neo4j_username",
            "module.vpc.google_compute_network.vpc",
            "module.vpc.google_vpc_access_connector.connector"
          ]
        }
      ]
    },
    {
      "module": "module.page_builder_cloud_run.module.pubsub_subscription",
      "mode": "managed",
      "type": "google_pubsub_subscription",
      "name": "subscription",
      "provider": "module.page_builder_cloud_run.module.pubsub_subscription.provider[\"registry.terraform.io/hashicorp/google\"]",
      "instances": [
        {
          "schema_version": 0,
          "attributes": {
            "ack_deadline_seconds": 10,
            "bigquery_config": [],
            "cloud_storage_config": [],
            "dead_letter_policy": [],
            "effective_labels": {
              "goog-terraform-provisioned": "true"
            },
            "enable_exactly_once_delivery": false,
            "enable_message_ordering": false,
            "expiration_policy": [
              {
                "ttl": "2678400s"
              }
            ],
            "filter": "",
            "id": "projects/webcrawler-450417/subscriptions/page-builder-subscription",
            "labels": {},
            "message_retention_duration": "604800s",
            "name": "page-builder-subscription",
            "project": "webcrawler-450417",
            "push_config": [
              {
                "attributes": {},
                "no_wrapper": [],
                "oidc_token": [
                  {
                    "audience": "",
                    "service_account_email": "webcrawler-450417-cloud-run-sa@webcrawler-450417.iam.gserviceaccount.com"
                  }
                ],
                "push_endpoint": "https://page-builder-5wvl2oswbq-uc.a.run.app"
              }
            ],
            "retain_acked_messages": false,
            "retry_policy": [
              {
                "maximum_backoff": "600s",
                "minimum_backoff": "10s"
              }
            ],
            "terraform_labels": {
              "goog-terraform-provisioned": "true"
            },
            "timeouts": null,
            "topic": "projects/webcrawler-450417/topics/url"
          },
          "sensitive_attributes": [],
          "private": "eyJlMmJmYjczMC1lY2FhLTExZTYtOGY4OC0zNDM2M2JjN2M0YzAiOnsiY3JlYXRlIjoxMjAwMDAwMDAwMDAwLCJkZWxldGUiOjEyMDAwMDAwMDAwMDAsInVwZGF0ZSI6MTIwMDAwMDAwMDAwMH19",
          "dependencies": [
            "google_service_account.cloud_run_sa",
            "module.page_builder_cloud_run.google_cloud_run_service.service",
            "module.pubsub_topics.google_pubsub_topic.audit_error_topic",
            "module.pubsub_topics.google_pubsub_topic.journey_verified_topic",
            "module.pubsub_topics.google_pubsub_topic.page_audit_topic",
            "module.pubsub_topics.google_pubsub_topic.page_created_topic",
            "module.pubsub_topics.google_pubsub_topic.url_topic",
            "module.secrets.google_secret_manager_secret.neo4j_bolt_uri",
            "module.secrets.google_secret_manager_secret.neo4j_db_name",
            "module.secrets.google_secret_manager_secret.neo4j_password",
            "module.secrets.google_secret_manager_secret.neo4j_username",
            "module.vpc.google_compute_network.vpc",
            "module.vpc.google_vpc_access_connector.connector"
          ]
        }
      ]
    },
    {
      "module": "module.pubsub_topics",
      "mode": "managed",
      "type": "google_pubsub_topic",
      "name": "audit_error_topic",
      "provider": "provider[\"registry.terraform.io/hashicorp/google\"]",
      "instances": [
        {
          "schema_version": 0,
          "attributes": {
            "effective_labels": {
              "environment": "dev",
              "goog-terraform-provisioned": "true"
            },
            "id": "projects/webcrawler-450417/topics/audit_error",
            "ingestion_data_source_settings": [],
            "kms_key_name": "",
            "labels": {
              "environment": "dev"
            },
            "message_retention_duration": "",
            "message_storage_policy": [
              {
                "allowed_persistence_regions": [
                  "us-central1"
                ],
                "enforce_in_transit": false
              }
            ],
            "name": "audit_error",
            "project": "webcrawler-450417",
            "schema_settings": [],
            "terraform_labels": {
              "environment": "dev",
              "goog-terraform-provisioned": "true"
            },
            "timeouts": null
          },
          "sensitive_attributes": [],
          "private": "eyJlMmJmYjczMC1lY2FhLTExZTYtOGY4OC0zNDM2M2JjN2M0YzAiOnsiY3JlYXRlIjoxMjAwMDAwMDAwMDAwLCJkZWxldGUiOjEyMDAwMDAwMDAwMDAsInVwZGF0ZSI6MTIwMDAwMDAwMDAwMH19"
        }
      ]
    },
    {
      "module": "module.pubsub_topics",
      "mode": "managed",
      "type": "google_pubsub_topic",
      "name": "audit_update_topic",
      "provider": "provider[\"registry.terraform.io/hashicorp/google\"]",
      "instances": [
        {
          "schema_version": 0,
          "attributes": {
            "effective_labels": {
              "environment": "dev",
              "goog-terraform-provisioned": "true"
            },
            "id": "projects/webcrawler-450417/topics/audit_update",
            "ingestion_data_source_settings": [],
            "kms_key_name": "",
            "labels": {
              "environment": "dev"
            },
            "message_retention_duration": "",
            "message_storage_policy": [
              {
                "allowed_persistence_regions": [
                  "us-central1"
                ],
                "enforce_in_transit": false
              }
            ],
            "name": "audit_update",
            "project": "webcrawler-450417",
            "schema_settings": [],
            "terraform_labels": {
              "environment": "dev",
              "goog-terraform-provisioned": "true"
            },
            "timeouts": null
          },
          "sensitive_attributes": [],
          "private": "eyJlMmJmYjczMC1lY2FhLTExZTYtOGY4OC0zNDM2M2JjN2M0YzAiOnsiY3JlYXRlIjoxMjAwMDAwMDAwMDAwLCJkZWxldGUiOjEyMDAwMDAwMDAwMDAsInVwZGF0ZSI6MTIwMDAwMDAwMDAwMH19"
        }
      ]
    },
    {
      "module": "module.pubsub_topics",
      "mode": "managed",
      "type": "google_pubsub_topic",
      "name": "journey_candidate_topic",
      "provider": "provider[\"registry.terraform.io/hashicorp/google\"]",
      "instances": [
        {
          "schema_version": 0,
          "attributes": {
            "effective_labels": {
              "environment": "dev",
              "goog-terraform-provisioned": "true"
            },
            "id": "projects/webcrawler-450417/topics/journey_candidate",
            "ingestion_data_source_settings": [],
            "kms_key_name": "",
            "labels": {
              "environment": "dev"
            },
            "message_retention_duration": "",
            "message_storage_policy": [
              {
                "allowed_persistence_regions": [
                  "us-central1"
                ],
                "enforce_in_transit": false
              }
            ],
            "name": "journey_candidate",
            "project": "webcrawler-450417",
            "schema_settings": [],
            "terraform_labels": {
              "environment": "dev",
              "goog-terraform-provisioned": "true"
            },
            "timeouts": null
          },
          "sensitive_attributes": [],
          "private": "eyJlMmJmYjczMC1lY2FhLTExZTYtOGY4OC0zNDM2M2JjN2M0YzAiOnsiY3JlYXRlIjoxMjAwMDAwMDAwMDAwLCJkZWxldGUiOjEyMDAwMDAwMDAwMDAsInVwZGF0ZSI6MTIwMDAwMDAwMDAwMH19"
        }
      ]
    },
    {
      "module": "module.pubsub_topics",
      "mode": "managed",
      "type": "google_pubsub_topic",
      "name": "journey_completion_cleanup_topic",
      "provider": "provider[\"registry.terraform.io/hashicorp/google\"]",
      "instances": [
        {
          "schema_version": 0,
          "attributes": {
            "effective_labels": {
              "environment": "dev",
              "goog-terraform-provisioned": "true"
            },
            "id": "projects/webcrawler-450417/topics/journey_completion_cleanup",
            "ingestion_data_source_settings": [],
            "kms_key_name": "",
            "labels": {
              "environment": "dev"
            },
            "message_retention_duration": "",
            "message_storage_policy": [
              {
                "allowed_persistence_regions": [
                  "us-central1"
                ],
                "enforce_in_transit": false
              }
            ],
            "name": "journey_completion_cleanup",
            "project": "webcrawler-450417",
            "schema_settings": [],
            "terraform_labels": {
              "environment": "dev",
              "goog-terraform-provisioned": "true"
            },
            "timeouts": null
          },
          "sensitive_attributes": [],
          "private": "eyJlMmJmYjczMC1lY2FhLTExZTYtOGY4OC0zNDM2M2JjN2M0YzAiOnsiY3JlYXRlIjoxMjAwMDAwMDAwMDAwLCJkZWxldGUiOjEyMDAwMDAwMDAwMDAsInVwZGF0ZSI6MTIwMDAwMDAwMDAwMH19"
        }
      ]
    },
    {
      "module": "module.pubsub_topics",
      "mode": "managed",
      "type": "google_pubsub_topic",
      "name": "journey_discarded_topic",
      "provider": "provider[\"registry.terraform.io/hashicorp/google\"]",
      "instances": [
        {
          "schema_version": 0,
          "attributes": {
            "effective_labels": {
              "environment": "dev",
              "goog-terraform-provisioned": "true"
            },
            "id": "projects/webcrawler-450417/topics/journey_discarded",
            "ingestion_data_source_settings": [],
            "kms_key_name": "",
            "labels": {
              "environment": "dev"
            },
            "message_retention_duration": "",
            "message_storage_policy": [
              {
                "allowed_persistence_regions": [
                  "us-central1"
                ],
                "enforce_in_transit": false
              }
            ],
            "name": "journey_discarded",
            "project": "webcrawler-450417",
            "schema_settings": [],
            "terraform_labels": {
              "environment": "dev",
              "goog-terraform-provisioned": "true"
            },
            "timeouts": null
          },
          "sensitive_attributes": [],
          "private": "eyJlMmJmYjczMC1lY2FhLTExZTYtOGY4OC0zNDM2M2JjN2M0YzAiOnsiY3JlYXRlIjoxMjAwMDAwMDAwMDAwLCJkZWxldGUiOjEyMDAwMDAwMDAwMDAsInVwZGF0ZSI6MTIwMDAwMDAwMDAwMH19"
        }
      ]
    },
    {
      "module": "module.pubsub_topics",
      "mode": "managed",
      "type": "google_pubsub_topic",
      "name": "journey_verified_topic",
      "provider": "provider[\"registry.terraform.io/hashicorp/google\"]",
      "instances": [
        {
          "schema_version": 0,
          "attributes": {
            "effective_labels": {
              "environment": "dev",
              "goog-terraform-provisioned": "true"
            },
            "id": "projects/webcrawler-450417/topics/journey_verified",
            "ingestion_data_source_settings": [],
            "kms_key_name": "",
            "labels": {
              "environment": "dev"
            },
            "message_retention_duration": "",
            "message_storage_policy": [
              {
                "allowed_persistence_regions": [
                  "us-central1"
                ],
                "enforce_in_transit": false
              }
            ],
            "name": "journey_verified",
            "project": "webcrawler-450417",
            "schema_settings": [],
            "terraform_labels": {
              "environment": "dev",
              "goog-terraform-provisioned": "true"
            },
            "timeouts": null
          },
          "sensitive_attributes": [],
          "private": "eyJlMmJmYjczMC1lY2FhLTExZTYtOGY4OC0zNDM2M2JjN2M0YzAiOnsiY3JlYXRlIjoxMjAwMDAwMDAwMDAwLCJkZWxldGUiOjEyMDAwMDAwMDAwMDAsInVwZGF0ZSI6MTIwMDAwMDAwMDAwMH19"
        }
      ]
    },
    {
      "module": "module.pubsub_topics",
      "mode": "managed",
      "type": "google_pubsub_topic",
      "name": "page_audit_topic",
      "provider": "provider[\"registry.terraform.io/hashicorp/google\"]",
      "instances": [
        {
          "schema_version": 0,
          "attributes": {
            "effective_labels": {
              "environment": "dev",
              "goog-terraform-provisioned": "true"
            },
            "id": "projects/webcrawler-450417/topics/page_audit",
            "ingestion_data_source_settings": [],
            "kms_key_name": "",
            "labels": {
              "environment": "dev"
            },
            "message_retention_duration": "",
            "message_storage_policy": [
              {
                "allowed_persistence_regions": [
                  "us-central1"
                ],
                "enforce_in_transit": false
              }
            ],
            "name": "page_audit",
            "project": "webcrawler-450417",
            "schema_settings": [],
            "terraform_labels": {
              "environment": "dev",
              "goog-terraform-provisioned": "true"
            },
            "timeouts": null
          },
          "sensitive_attributes": [],
          "private": "eyJlMmJmYjczMC1lY2FhLTExZTYtOGY4OC0zNDM2M2JjN2M0YzAiOnsiY3JlYXRlIjoxMjAwMDAwMDAwMDAwLCJkZWxldGUiOjEyMDAwMDAwMDAwMDAsInVwZGF0ZSI6MTIwMDAwMDAwMDAwMH19"
        }
      ]
    },
    {
      "module": "module.pubsub_topics",
      "mode": "managed",
      "type": "google_pubsub_topic",
      "name": "page_created_topic",
      "provider": "provider[\"registry.terraform.io/hashicorp/google\"]",
      "instances": [
        {
          "schema_version": 0,
          "attributes": {
            "effective_labels": {
              "environment": "dev",
              "goog-terraform-provisioned": "true"
            },
            "id": "projects/webcrawler-450417/topics/page_created",
            "ingestion_data_source_settings": [],
            "kms_key_name": "",
            "labels": {
              "environment": "dev"
            },
            "message_retention_duration": "",
            "message_storage_policy": [
              {
                "allowed_persistence_regions": [
                  "us-central1"
                ],
                "enforce_in_transit": false
              }
            ],
            "name": "page_created",
            "project": "webcrawler-450417",
            "schema_settings": [],
            "terraform_labels": {
              "environment": "dev",
              "goog-terraform-provisioned": "true"
            },
            "timeouts": null
          },
          "sensitive_attributes": [],
          "private": "eyJlMmJmYjczMC1lY2FhLTExZTYtOGY4OC0zNDM2M2JjN2M0YzAiOnsiY3JlYXRlIjoxMjAwMDAwMDAwMDAwLCJkZWxldGUiOjEyMDAwMDAwMDAwMDAsInVwZGF0ZSI6MTIwMDAwMDAwMDAwMH19"
        }
      ]
    },
    {
      "module": "module.pubsub_topics",
      "mode": "managed",
      "type": "google_pubsub_topic",
      "name": "url_topic",
      "provider": "provider[\"registry.terraform.io/hashicorp/google\"]",
      "instances": [
        {
          "schema_version": 0,
          "attributes": {
            "effective_labels": {
              "environment": "dev",
              "goog-terraform-provisioned": "true"
            },
            "id": "projects/webcrawler-450417/topics/url",
            "ingestion_data_source_settings": [],
            "kms_key_name": "",
            "labels": {
              "environment": "dev"
            },
            "message_retention_duration": "",
            "message_storage_policy": [
              {
                "allowed_persistence_regions": [
                  "us-central1"
                ],
                "enforce_in_transit": false
              }
            ],
            "name": "url",
            "project": "webcrawler-450417",
            "schema_settings": [],
            "terraform_labels": {
              "environment": "dev",
              "goog-terraform-provisioned": "true"
            },
            "timeouts": null
          },
          "sensitive_attributes": [],
          "private": "eyJlMmJmYjczMC1lY2FhLTExZTYtOGY4OC0zNDM2M2JjN2M0YzAiOnsiY3JlYXRlIjoxMjAwMDAwMDAwMDAwLCJkZWxldGUiOjEyMDAwMDAwMDAwMDAsInVwZGF0ZSI6MTIwMDAwMDAwMDAwMH19"
        }
      ]
    },
    {
      "module": "module.pubsub_topics",
      "mode": "managed",
      "type": "google_pubsub_topic_iam_binding",
      "name": "audit_error_topic_publisher",
      "provider": "provider[\"registry.terraform.io/hashicorp/google\"]",
      "instances": [
        {
          "schema_version": 0,
          "attributes": {
            "condition": [],
            "etag": "BwY0MpZWTf0=",
            "id": "projects/webcrawler-450417/topics/audit_error/roles/pubsub.publisher",
            "members": [
              "serviceAccount:webcrawler-450417-pubsub-sa@webcrawler-450417.iam.gserviceaccount.com"
            ],
            "project": "webcrawler-450417",
            "role": "roles/pubsub.publisher",
            "topic": "projects/webcrawler-450417/topics/audit_error"
          },
          "sensitive_attributes": [],
          "private": "bnVsbA==",
          "dependencies": [
            "google_service_account.pubsub_sa",
            "module.pubsub_topics.google_pubsub_topic.audit_error_topic"
          ]
        }
      ]
    },
    {
      "module": "module.pubsub_topics",
      "mode": "managed",
      "type": "google_pubsub_topic_iam_binding",
      "name": "audit_update_topic_publisher",
      "provider": "provider[\"registry.terraform.io/hashicorp/google\"]",
      "instances": [
        {
          "schema_version": 0,
          "attributes": {
            "condition": [],
            "etag": "BwY0MpZYMLg=",
            "id": "projects/webcrawler-450417/topics/audit_update/roles/pubsub.publisher",
            "members": [
              "serviceAccount:webcrawler-450417-pubsub-sa@webcrawler-450417.iam.gserviceaccount.com"
            ],
            "project": "webcrawler-450417",
            "role": "roles/pubsub.publisher",
            "topic": "projects/webcrawler-450417/topics/audit_update"
          },
          "sensitive_attributes": [],
          "private": "bnVsbA==",
          "dependencies": [
            "google_service_account.pubsub_sa",
            "module.pubsub_topics.google_pubsub_topic.audit_update_topic"
          ]
        }
      ]
    },
    {
      "module": "module.pubsub_topics",
      "mode": "managed",
      "type": "google_pubsub_topic_iam_binding",
      "name": "journey_candidate_topic_publisher",
      "provider": "provider[\"registry.terraform.io/hashicorp/google\"]",
      "instances": [
        {
          "schema_version": 0,
          "attributes": {
            "condition": [],
            "etag": "BwY0MpZQDgY=",
            "id": "projects/webcrawler-450417/topics/journey_candidate/roles/pubsub.publisher",
            "members": [
              "serviceAccount:webcrawler-450417-pubsub-sa@webcrawler-450417.iam.gserviceaccount.com"
            ],
            "project": "webcrawler-450417",
            "role": "roles/pubsub.publisher",
            "topic": "projects/webcrawler-450417/topics/journey_candidate"
          },
          "sensitive_attributes": [],
          "private": "bnVsbA==",
          "dependencies": [
            "google_service_account.pubsub_sa",
            "module.pubsub_topics.google_pubsub_topic.journey_candidate_topic"
          ]
        }
      ]
    },
    {
      "module": "module.pubsub_topics",
      "mode": "managed",
      "type": "google_pubsub_topic_iam_binding",
      "name": "journey_completion_cleanup_topic_publisher",
      "provider": "provider[\"registry.terraform.io/hashicorp/google\"]",
      "instances": [
        {
          "schema_version": 0,
          "attributes": {
            "condition": [],
            "etag": "BwY0MpZVIGI=",
            "id": "projects/webcrawler-450417/topics/journey_completion_cleanup/roles/pubsub.publisher",
            "members": [
              "serviceAccount:webcrawler-450417-pubsub-sa@webcrawler-450417.iam.gserviceaccount.com"
            ],
            "project": "webcrawler-450417",
            "role": "roles/pubsub.publisher",
            "topic": "projects/webcrawler-450417/topics/journey_completion_cleanup"
          },
          "sensitive_attributes": [],
          "private": "bnVsbA==",
          "dependencies": [
            "google_service_account.pubsub_sa",
            "module.pubsub_topics.google_pubsub_topic.journey_completion_cleanup_topic"
          ]
        }
      ]
    },
    {
      "module": "module.pubsub_topics",
      "mode": "managed",
      "type": "google_pubsub_topic_iam_binding",
      "name": "journey_discarded_topic_publisher",
      "provider": "provider[\"registry.terraform.io/hashicorp/google\"]",
      "instances": [
        {
          "schema_version": 0,
          "attributes": {
            "condition": [],
            "etag": "BwY0MpafUhQ=",
            "id": "projects/webcrawler-450417/topics/journey_discarded/roles/pubsub.publisher",
            "members": [
              "serviceAccount:webcrawler-450417-pubsub-sa@webcrawler-450417.iam.gserviceaccount.com"
            ],
            "project": "webcrawler-450417",
            "role": "roles/pubsub.publisher",
            "topic": "projects/webcrawler-450417/topics/journey_discarded"
          },
          "sensitive_attributes": [],
          "private": "bnVsbA==",
          "dependencies": [
            "google_service_account.pubsub_sa",
            "module.pubsub_topics.google_pubsub_topic.journey_discarded_topic"
          ]
        }
      ]
    },
    {
      "module": "module.pubsub_topics",
      "mode": "managed",
      "type": "google_pubsub_topic_iam_binding",
      "name": "journey_verified_topic_publisher",
      "provider": "provider[\"registry.terraform.io/hashicorp/google\"]",
      "instances": [
        {
          "schema_version": 0,
          "attributes": {
            "condition": [],
            "etag": "BwY0MpaeDik=",
            "id": "projects/webcrawler-450417/topics/journey_verified/roles/pubsub.publisher",
            "members": [
              "serviceAccount:webcrawler-450417-pubsub-sa@webcrawler-450417.iam.gserviceaccount.com"
            ],
            "project": "webcrawler-450417",
            "role": "roles/pubsub.publisher",
            "topic": "projects/webcrawler-450417/topics/journey_verified"
          },
          "sensitive_attributes": [],
          "private": "bnVsbA==",
          "dependencies": [
            "google_service_account.pubsub_sa",
            "module.pubsub_topics.google_pubsub_topic.journey_verified_topic"
          ]
        }
      ]
    },
    {
      "module": "module.pubsub_topics",
      "mode": "managed",
      "type": "google_pubsub_topic_iam_binding",
      "name": "page_audit_topic_publisher",
      "provider": "provider[\"registry.terraform.io/hashicorp/google\"]",
      "instances": [
        {
          "schema_version": 0,
          "attributes": {
            "condition": [],
            "etag": "BwY0MpZhBjg=",
            "id": "projects/webcrawler-450417/topics/page_audit/roles/pubsub.publisher",
            "members": [
              "serviceAccount:webcrawler-450417-pubsub-sa@webcrawler-450417.iam.gserviceaccount.com"
            ],
            "project": "webcrawler-450417",
            "role": "roles/pubsub.publisher",
            "topic": "projects/webcrawler-450417/topics/page_audit"
          },
          "sensitive_attributes": [],
          "private": "bnVsbA==",
          "dependencies": [
            "google_service_account.pubsub_sa",
            "module.pubsub_topics.google_pubsub_topic.page_audit_topic"
          ]
        }
      ]
    },
    {
      "module": "module.pubsub_topics",
      "mode": "managed",
      "type": "google_pubsub_topic_iam_binding",
      "name": "page_created_topic_publisher",
      "provider": "provider[\"registry.terraform.io/hashicorp/google\"]",
      "instances": [
        {
          "schema_version": 0,
          "attributes": {
            "condition": [],
            "etag": "BwY0MpaWeQ4=",
            "id": "projects/webcrawler-450417/topics/page_created/roles/pubsub.publisher",
            "members": [
              "serviceAccount:webcrawler-450417-pubsub-sa@webcrawler-450417.iam.gserviceaccount.com"
            ],
            "project": "webcrawler-450417",
            "role": "roles/pubsub.publisher",
            "topic": "projects/webcrawler-450417/topics/page_created"
          },
          "sensitive_attributes": [],
          "private": "bnVsbA==",
          "dependencies": [
            "google_service_account.pubsub_sa",
            "module.pubsub_topics.google_pubsub_topic.page_created_topic"
          ]
        }
      ]
    },
    {
      "module": "module.pubsub_topics",
      "mode": "managed",
      "type": "google_pubsub_topic_iam_binding",
      "name": "url_topic_publisher",
      "provider": "provider[\"registry.terraform.io/hashicorp/google\"]",
      "instances": [
        {
          "schema_version": 0,
          "attributes": {
            "condition": [],
            "etag": "BwY0MpZX3rE=",
            "id": "projects/webcrawler-450417/topics/url/roles/pubsub.publisher",
            "members": [
              "serviceAccount:webcrawler-450417-pubsub-sa@webcrawler-450417.iam.gserviceaccount.com"
            ],
            "project": "webcrawler-450417",
            "role": "roles/pubsub.publisher",
            "topic": "projects/webcrawler-450417/topics/url"
          },
          "sensitive_attributes": [],
          "private": "bnVsbA==",
          "dependencies": [
            "google_service_account.pubsub_sa",
            "module.pubsub_topics.google_pubsub_topic.url_topic"
          ]
        }
      ]
    },
    {
      "module": "module.secrets",
      "mode": "managed",
      "type": "google_secret_manager_secret",
      "name": "neo4j_bolt_uri",
      "provider": "provider[\"registry.terraform.io/hashicorp/google\"]",
      "instances": [
        {
          "schema_version": 0,
          "attributes": {
            "annotations": {},
            "create_time": "2025-05-03T03:08:30.697513Z",
            "effective_annotations": {},
            "effective_labels": {
              "environment": "dev",
              "goog-terraform-provisioned": "true"
            },
            "expire_time": "",
            "id": "projects/webcrawler-450417/secrets/neo4j-bolt-uri",
            "labels": {
              "environment": "dev"
            },
            "name": "projects/673367928406/secrets/neo4j-bolt-uri",
            "project": "webcrawler-450417",
            "replication": [
              {
                "auto": [
                  {
                    "customer_managed_encryption": []
                  }
                ],
                "user_managed": []
              }
            ],
            "rotation": [],
            "secret_id": "neo4j-bolt-uri",
            "terraform_labels": {
              "environment": "dev",
              "goog-terraform-provisioned": "true"
            },
            "timeouts": null,
            "topics": [],
            "ttl": null,
            "version_aliases": {},
            "version_destroy_ttl": ""
          },
          "sensitive_attributes": [],
          "private": "eyJlMmJmYjczMC1lY2FhLTExZTYtOGY4OC0zNDM2M2JjN2M0YzAiOnsiY3JlYXRlIjoxMjAwMDAwMDAwMDAwLCJkZWxldGUiOjEyMDAwMDAwMDAwMDAsInVwZGF0ZSI6MTIwMDAwMDAwMDAwMH19"
        }
      ]
    },
    {
      "module": "module.secrets",
      "mode": "managed",
      "type": "google_secret_manager_secret",
      "name": "neo4j_db_name",
      "provider": "provider[\"registry.terraform.io/hashicorp/google\"]",
      "instances": [
        {
          "schema_version": 0,
          "attributes": {
            "annotations": {},
            "create_time": "2025-05-03T03:08:30.400262Z",
            "effective_annotations": {},
            "effective_labels": {
              "environment": "dev",
              "goog-terraform-provisioned": "true"
            },
            "expire_time": "",
            "id": "projects/webcrawler-450417/secrets/neo4j-db-name",
            "labels": {
              "environment": "dev"
            },
            "name": "projects/673367928406/secrets/neo4j-db-name",
            "project": "webcrawler-450417",
            "replication": [
              {
                "auto": [
                  {
                    "customer_managed_encryption": []
                  }
                ],
                "user_managed": []
              }
            ],
            "rotation": [],
            "secret_id": "neo4j-db-name",
            "terraform_labels": {
              "environment": "dev",
              "goog-terraform-provisioned": "true"
            },
            "timeouts": null,
            "topics": [],
            "ttl": null,
            "version_aliases": {},
            "version_destroy_ttl": ""
          },
          "sensitive_attributes": [],
          "private": "eyJlMmJmYjczMC1lY2FhLTExZTYtOGY4OC0zNDM2M2JjN2M0YzAiOnsiY3JlYXRlIjoxMjAwMDAwMDAwMDAwLCJkZWxldGUiOjEyMDAwMDAwMDAwMDAsInVwZGF0ZSI6MTIwMDAwMDAwMDAwMH19"
        }
      ]
    },
    {
      "module": "module.secrets",
      "mode": "managed",
      "type": "google_secret_manager_secret",
      "name": "neo4j_password",
      "provider": "provider[\"registry.terraform.io/hashicorp/google\"]",
      "instances": [
        {
          "schema_version": 0,
          "attributes": {
            "annotations": {},
            "create_time": "2025-05-03T03:08:30.912530Z",
            "effective_annotations": {},
            "effective_labels": {
              "environment": "dev",
              "goog-terraform-provisioned": "true"
            },
            "expire_time": "",
            "id": "projects/webcrawler-450417/secrets/neo4j-password",
            "labels": {
              "environment": "dev"
            },
            "name": "projects/673367928406/secrets/neo4j-password",
            "project": "webcrawler-450417",
            "replication": [
              {
                "auto": [
                  {
                    "customer_managed_encryption": []
                  }
                ],
                "user_managed": []
              }
            ],
            "rotation": [],
            "secret_id": "neo4j-password",
            "terraform_labels": {
              "environment": "dev",
              "goog-terraform-provisioned": "true"
            },
            "timeouts": null,
            "topics": [],
            "ttl": null,
            "version_aliases": {},
            "version_destroy_ttl": ""
          },
          "sensitive_attributes": [],
          "private": "eyJlMmJmYjczMC1lY2FhLTExZTYtOGY4OC0zNDM2M2JjN2M0YzAiOnsiY3JlYXRlIjoxMjAwMDAwMDAwMDAwLCJkZWxldGUiOjEyMDAwMDAwMDAwMDAsInVwZGF0ZSI6MTIwMDAwMDAwMDAwMH19"
        }
      ]
    },
    {
      "module": "module.secrets",
      "mode": "managed",
      "type": "google_secret_manager_secret",
      "name": "neo4j_username",
      "provider": "provider[\"registry.terraform.io/hashicorp/google\"]",
      "instances": [
        {
          "schema_version": 0,
          "attributes": {
            "annotations": {},
            "create_time": "2025-05-03T03:08:30.540821Z",
            "effective_annotations": {},
            "effective_labels": {
              "environment": "dev",
              "goog-terraform-provisioned": "true"
            },
            "expire_time": "",
            "id": "projects/webcrawler-450417/secrets/neo4j-username",
            "labels": {
              "environment": "dev"
            },
            "name": "projects/673367928406/secrets/neo4j-username",
            "project": "webcrawler-450417",
            "replication": [
              {
                "auto": [
                  {
                    "customer_managed_encryption": []
                  }
                ],
                "user_managed": []
              }
            ],
            "rotation": [],
            "secret_id": "neo4j-username",
            "terraform_labels": {
              "environment": "dev",
              "goog-terraform-provisioned": "true"
            },
            "timeouts": null,
            "topics": [],
            "ttl": null,
            "version_aliases": {},
            "version_destroy_ttl": ""
          },
          "sensitive_attributes": [],
          "private": "eyJlMmJmYjczMC1lY2FhLTExZTYtOGY4OC0zNDM2M2JjN2M0YzAiOnsiY3JlYXRlIjoxMjAwMDAwMDAwMDAwLCJkZWxldGUiOjEyMDAwMDAwMDAwMDAsInVwZGF0ZSI6MTIwMDAwMDAwMDAwMH19"
        }
      ]
    },
    {
      "module": "module.secrets",
      "mode": "managed",
      "type": "google_secret_manager_secret",
      "name": "pusher_app_id",
      "provider": "provider[\"registry.terraform.io/hashicorp/google\"]",
      "instances": [
        {
          "schema_version": 0,
          "attributes": {
            "annotations": {},
            "create_time": "2025-05-03T03:08:32.714807Z",
            "effective_annotations": {},
            "effective_labels": {
              "environment": "dev",
              "goog-terraform-provisioned": "true"
            },
            "expire_time": "",
            "id": "projects/webcrawler-450417/secrets/pusher-app-id",
            "labels": {
              "environment": "dev"
            },
            "name": "projects/673367928406/secrets/pusher-app-id",
            "project": "webcrawler-450417",
            "replication": [
              {
                "auto": [
                  {
                    "customer_managed_encryption": []
                  }
                ],
                "user_managed": []
              }
            ],
            "rotation": [],
            "secret_id": "pusher-app-id",
            "terraform_labels": {
              "environment": "dev",
              "goog-terraform-provisioned": "true"
            },
            "timeouts": null,
            "topics": [],
            "ttl": null,
            "version_aliases": {},
            "version_destroy_ttl": ""
          },
          "sensitive_attributes": [],
          "private": "eyJlMmJmYjczMC1lY2FhLTExZTYtOGY4OC0zNDM2M2JjN2M0YzAiOnsiY3JlYXRlIjoxMjAwMDAwMDAwMDAwLCJkZWxldGUiOjEyMDAwMDAwMDAwMDAsInVwZGF0ZSI6MTIwMDAwMDAwMDAwMH19"
        }
      ]
    },
    {
      "module": "module.secrets",
      "mode": "managed",
      "type": "google_secret_manager_secret",
      "name": "pusher_cluster",
      "provider": "provider[\"registry.terraform.io/hashicorp/google\"]",
      "instances": [
        {
          "schema_version": 0,
          "attributes": {
            "annotations": {},
            "create_time": "2025-05-03T03:08:30.762272Z",
            "effective_annotations": {},
            "effective_labels": {
              "environment": "dev",
              "goog-terraform-provisioned": "true"
            },
            "expire_time": "",
            "id": "projects/webcrawler-450417/secrets/pusher-cluster",
            "labels": {
              "environment": "dev"
            },
            "name": "projects/673367928406/secrets/pusher-cluster",
            "project": "webcrawler-450417",
            "replication": [
              {
                "auto": [
                  {
                    "customer_managed_encryption": []
                  }
                ],
                "user_managed": []
              }
            ],
            "rotation": [],
            "secret_id": "pusher-cluster",
            "terraform_labels": {
              "environment": "dev",
              "goog-terraform-provisioned": "true"
            },
            "timeouts": null,
            "topics": [],
            "ttl": null,
            "version_aliases": {},
            "version_destroy_ttl": ""
          },
          "sensitive_attributes": [],
          "private": "eyJlMmJmYjczMC1lY2FhLTExZTYtOGY4OC0zNDM2M2JjN2M0YzAiOnsiY3JlYXRlIjoxMjAwMDAwMDAwMDAwLCJkZWxldGUiOjEyMDAwMDAwMDAwMDAsInVwZGF0ZSI6MTIwMDAwMDAwMDAwMH19"
        }
      ]
    },
    {
      "module": "module.secrets",
      "mode": "managed",
      "type": "google_secret_manager_secret",
      "name": "pusher_key",
      "provider": "provider[\"registry.terraform.io/hashicorp/google\"]",
      "instances": [
        {
          "schema_version": 0,
          "attributes": {
            "annotations": {},
            "create_time": "2025-05-03T03:08:32.701379Z",
            "effective_annotations": {},
            "effective_labels": {
              "environment": "dev",
              "goog-terraform-provisioned": "true"
            },
            "expire_time": "",
            "id": "projects/webcrawler-450417/secrets/pusher-key",
            "labels": {
              "environment": "dev"
            },
            "name": "projects/673367928406/secrets/pusher-key",
            "project": "webcrawler-450417",
            "replication": [
              {
                "auto": [
                  {
                    "customer_managed_encryption": []
                  }
                ],
                "user_managed": []
              }
            ],
            "rotation": [],
            "secret_id": "pusher-key",
            "terraform_labels": {
              "environment": "dev",
              "goog-terraform-provisioned": "true"
            },
            "timeouts": null,
            "topics": [],
            "ttl": null,
            "version_aliases": {},
            "version_destroy_ttl": ""
          },
          "sensitive_attributes": [],
          "private": "eyJlMmJmYjczMC1lY2FhLTExZTYtOGY4OC0zNDM2M2JjN2M0YzAiOnsiY3JlYXRlIjoxMjAwMDAwMDAwMDAwLCJkZWxldGUiOjEyMDAwMDAwMDAwMDAsInVwZGF0ZSI6MTIwMDAwMDAwMDAwMH19"
        }
      ]
    },
    {
      "module": "module.secrets",
      "mode": "managed",
      "type": "google_secret_manager_secret",
      "name": "pusher_secret",
      "provider": "provider[\"registry.terraform.io/hashicorp/google\"]",
      "instances": [
        {
          "schema_version": 0,
          "attributes": {
            "annotations": {},
            "create_time": "2025-05-03T03:08:32.637914Z",
            "effective_annotations": {},
            "effective_labels": {
              "environment": "dev",
              "goog-terraform-provisioned": "true"
            },
            "expire_time": "",
            "id": "projects/webcrawler-450417/secrets/pusher-secret",
            "labels": {
              "environment": "dev"
            },
            "name": "projects/673367928406/secrets/pusher-secret",
            "project": "webcrawler-450417",
            "replication": [
              {
                "auto": [
                  {
                    "customer_managed_encryption": []
                  }
                ],
                "user_managed": []
              }
            ],
            "rotation": [],
            "secret_id": "pusher-secret",
            "terraform_labels": {
              "environment": "dev",
              "goog-terraform-provisioned": "true"
            },
            "timeouts": null,
            "topics": [],
            "ttl": null,
            "version_aliases": {},
            "version_destroy_ttl": ""
          },
          "sensitive_attributes": [],
          "private": "eyJlMmJmYjczMC1lY2FhLTExZTYtOGY4OC0zNDM2M2JjN2M0YzAiOnsiY3JlYXRlIjoxMjAwMDAwMDAwMDAwLCJkZWxldGUiOjEyMDAwMDAwMDAwMDAsInVwZGF0ZSI6MTIwMDAwMDAwMDAwMH19"
        }
      ]
    },
    {
      "module": "module.secrets",
      "mode": "managed",
      "type": "google_secret_manager_secret",
      "name": "smtp_password",
      "provider": "provider[\"registry.terraform.io/hashicorp/google\"]",
      "instances": [
        {
          "schema_version": 0,
          "attributes": {
            "annotations": {},
            "create_time": "2025-05-03T03:08:30.402155Z",
            "effective_annotations": {},
            "effective_labels": {
              "environment": "dev",
              "goog-terraform-provisioned": "true"
            },
            "expire_time": "",
            "id": "projects/webcrawler-450417/secrets/smtp-password",
            "labels": {
              "environment": "dev"
            },
            "name": "projects/673367928406/secrets/smtp-password",
            "project": "webcrawler-450417",
            "replication": [
              {
                "auto": [
                  {
                    "customer_managed_encryption": []
                  }
                ],
                "user_managed": []
              }
            ],
            "rotation": [],
            "secret_id": "smtp-password",
            "terraform_labels": {
              "environment": "dev",
              "goog-terraform-provisioned": "true"
            },
            "timeouts": null,
            "topics": [],
            "ttl": null,
            "version_aliases": {},
            "version_destroy_ttl": ""
          },
          "sensitive_attributes": [],
          "private": "eyJlMmJmYjczMC1lY2FhLTExZTYtOGY4OC0zNDM2M2JjN2M0YzAiOnsiY3JlYXRlIjoxMjAwMDAwMDAwMDAwLCJkZWxldGUiOjEyMDAwMDAwMDAwMDAsInVwZGF0ZSI6MTIwMDAwMDAwMDAwMH19"
        }
      ]
    },
    {
      "module": "module.secrets",
      "mode": "managed",
      "type": "google_secret_manager_secret",
      "name": "smtp_username",
      "provider": "provider[\"registry.terraform.io/hashicorp/google\"]",
      "instances": [
        {
          "schema_version": 0,
          "attributes": {
            "annotations": {},
            "create_time": "2025-05-03T03:08:30.410008Z",
            "effective_annotations": {},
            "effective_labels": {
              "environment": "dev",
              "goog-terraform-provisioned": "true"
            },
            "expire_time": "",
            "id": "projects/webcrawler-450417/secrets/smtp-username",
            "labels": {
              "environment": "dev"
            },
            "name": "projects/673367928406/secrets/smtp-username",
            "project": "webcrawler-450417",
            "replication": [
              {
                "auto": [
                  {
                    "customer_managed_encryption": []
                  }
                ],
                "user_managed": []
              }
            ],
            "rotation": [],
            "secret_id": "smtp-username",
            "terraform_labels": {
              "environment": "dev",
              "goog-terraform-provisioned": "true"
            },
            "timeouts": null,
            "topics": [],
            "ttl": null,
            "version_aliases": {},
            "version_destroy_ttl": ""
          },
          "sensitive_attributes": [],
          "private": "eyJlMmJmYjczMC1lY2FhLTExZTYtOGY4OC0zNDM2M2JjN2M0YzAiOnsiY3JlYXRlIjoxMjAwMDAwMDAwMDAwLCJkZWxldGUiOjEyMDAwMDAwMDAwMDAsInVwZGF0ZSI6MTIwMDAwMDAwMDAwMH19"
        }
      ]
    },
    {
      "module": "module.secrets",
      "mode": "managed",
      "type": "google_secret_manager_secret_iam_member",
      "name": "neo4j_bolt_uri_secret_accessor",
      "provider": "provider[\"registry.terraform.io/hashicorp/google\"]",
      "instances": [
        {
          "schema_version": 0,
          "attributes": {
            "condition": [],
            "etag": "BwY0MpYK4lI=",
            "id": "projects/673367928406/secrets/neo4j-bolt-uri/roles/secretmanager.secretAccessor/serviceAccount:webcrawler-450417-cloud-run-sa@webcrawler-450417.iam.gserviceaccount.com",
            "member": "serviceAccount:webcrawler-450417-cloud-run-sa@webcrawler-450417.iam.gserviceaccount.com",
            "project": "673367928406",
            "role": "roles/secretmanager.secretAccessor",
            "secret_id": "projects/673367928406/secrets/neo4j-bolt-uri"
          },
          "sensitive_attributes": [],
          "private": "bnVsbA==",
          "dependencies": [
            "google_service_account.cloud_run_sa",
            "module.secrets.google_secret_manager_secret.neo4j_bolt_uri"
          ]
        }
      ]
    },
    {
      "module": "module.secrets",
      "mode": "managed",
      "type": "google_secret_manager_secret_iam_member",
      "name": "neo4j_db_name_secret_accessor",
      "provider": "provider[\"registry.terraform.io/hashicorp/google\"]",
      "instances": [
        {
          "schema_version": 0,
          "attributes": {
            "condition": [],
            "etag": "BwY0MpXFw6A=",
            "id": "projects/673367928406/secrets/neo4j-db-name/roles/secretmanager.secretAccessor/serviceAccount:webcrawler-450417-cloud-run-sa@webcrawler-450417.iam.gserviceaccount.com",
            "member": "serviceAccount:webcrawler-450417-cloud-run-sa@webcrawler-450417.iam.gserviceaccount.com",
            "project": "673367928406",
            "role": "roles/secretmanager.secretAccessor",
            "secret_id": "projects/673367928406/secrets/neo4j-db-name"
          },
          "sensitive_attributes": [],
          "private": "bnVsbA==",
          "dependencies": [
            "google_service_account.cloud_run_sa",
            "module.secrets.google_secret_manager_secret.neo4j_db_name"
          ]
        }
      ]
    },
    {
      "module": "module.secrets",
      "mode": "managed",
      "type": "google_secret_manager_secret_iam_member",
      "name": "neo4j_password_secret_accessor",
      "provider": "provider[\"registry.terraform.io/hashicorp/google\"]",
      "instances": [
        {
          "schema_version": 0,
          "attributes": {
            "condition": [],
            "etag": "BwY0MpXPFcw=",
            "id": "projects/673367928406/secrets/neo4j-password/roles/secretmanager.secretAccessor/serviceAccount:webcrawler-450417-cloud-run-sa@webcrawler-450417.iam.gserviceaccount.com",
            "member": "serviceAccount:webcrawler-450417-cloud-run-sa@webcrawler-450417.iam.gserviceaccount.com",
            "project": "673367928406",
            "role": "roles/secretmanager.secretAccessor",
            "secret_id": "projects/673367928406/secrets/neo4j-password"
          },
          "sensitive_attributes": [],
          "private": "bnVsbA==",
          "dependencies": [
            "google_service_account.cloud_run_sa",
            "module.secrets.google_secret_manager_secret.neo4j_password"
          ]
        }
      ]
    },
    {
      "module": "module.secrets",
      "mode": "managed",
      "type": "google_secret_manager_secret_iam_member",
      "name": "neo4j_username_secret_accessor",
      "provider": "provider[\"registry.terraform.io/hashicorp/google\"]",
      "instances": [
        {
          "schema_version": 0,
          "attributes": {
            "condition": [],
            "etag": "BwY0MpXITNQ=",
            "id": "projects/673367928406/secrets/neo4j-username/roles/secretmanager.secretAccessor/serviceAccount:webcrawler-450417-cloud-run-sa@webcrawler-450417.iam.gserviceaccount.com",
            "member": "serviceAccount:webcrawler-450417-cloud-run-sa@webcrawler-450417.iam.gserviceaccount.com",
            "project": "673367928406",
            "role": "roles/secretmanager.secretAccessor",
            "secret_id": "projects/673367928406/secrets/neo4j-username"
          },
          "sensitive_attributes": [],
          "private": "bnVsbA==",
          "dependencies": [
            "google_service_account.cloud_run_sa",
            "module.secrets.google_secret_manager_secret.neo4j_username"
          ]
        }
      ]
    },
    {
      "module": "module.secrets",
      "mode": "managed",
      "type": "google_secret_manager_secret_iam_member",
      "name": "pusher_app_id_secret_accessor",
      "provider": "provider[\"registry.terraform.io/hashicorp/google\"]",
      "instances": [
        {
          "schema_version": 0,
          "attributes": {
            "condition": [],
            "etag": "BwY0MpXGb7I=",
            "id": "projects/673367928406/secrets/pusher-app-id/roles/secretmanager.secretAccessor/serviceAccount:webcrawler-450417-cloud-run-sa@webcrawler-450417.iam.gserviceaccount.com",
            "member": "serviceAccount:webcrawler-450417-cloud-run-sa@webcrawler-450417.iam.gserviceaccount.com",
            "project": "673367928406",
            "role": "roles/secretmanager.secretAccessor",
            "secret_id": "projects/673367928406/secrets/pusher-app-id"
          },
          "sensitive_attributes": [],
          "private": "bnVsbA==",
          "dependencies": [
            "google_service_account.cloud_run_sa",
            "module.secrets.google_secret_manager_secret.pusher_app_id"
          ]
        }
      ]
    },
    {
      "module": "module.secrets",
      "mode": "managed",
      "type": "google_secret_manager_secret_iam_member",
      "name": "pusher_cluster_secret_accessor",
      "provider": "provider[\"registry.terraform.io/hashicorp/google\"]",
      "instances": [
        {
          "schema_version": 0,
          "attributes": {
            "condition": [],
            "etag": "BwY0MpXFuuY=",
            "id": "projects/673367928406/secrets/pusher-cluster/roles/secretmanager.secretAccessor/serviceAccount:webcrawler-450417-cloud-run-sa@webcrawler-450417.iam.gserviceaccount.com",
            "member": "serviceAccount:webcrawler-450417-cloud-run-sa@webcrawler-450417.iam.gserviceaccount.com",
            "project": "673367928406",
            "role": "roles/secretmanager.secretAccessor",
            "secret_id": "projects/673367928406/secrets/pusher-cluster"
          },
          "sensitive_attributes": [],
          "private": "bnVsbA==",
          "dependencies": [
            "google_service_account.cloud_run_sa",
            "module.secrets.google_secret_manager_secret.pusher_cluster"
          ]
        }
      ]
    },
    {
      "module": "module.secrets",
      "mode": "managed",
      "type": "google_secret_manager_secret_iam_member",
      "name": "pusher_key_secret_accessor",
      "provider": "provider[\"registry.terraform.io/hashicorp/google\"]",
      "instances": [
        {
          "schema_version": 0,
          "attributes": {
            "condition": [],
            "etag": "BwY0MpYKpe0=",
            "id": "projects/673367928406/secrets/pusher-key/roles/secretmanager.secretAccessor/serviceAccount:webcrawler-450417-cloud-run-sa@webcrawler-450417.iam.gserviceaccount.com",
            "member": "serviceAccount:webcrawler-450417-cloud-run-sa@webcrawler-450417.iam.gserviceaccount.com",
            "project": "673367928406",
            "role": "roles/secretmanager.secretAccessor",
            "secret_id": "projects/673367928406/secrets/pusher-key"
          },
          "sensitive_attributes": [],
          "private": "bnVsbA==",
          "dependencies": [
            "google_service_account.cloud_run_sa",
            "module.secrets.google_secret_manager_secret.pusher_key"
          ]
        }
      ]
    },
    {
      "module": "module.secrets",
      "mode": "managed",
      "type": "google_secret_manager_secret_iam_member",
      "name": "pusher_secret_secret_accessor",
      "provider": "provider[\"registry.terraform.io/hashicorp/google\"]",
      "instances": [
        {
          "schema_version": 0,
          "attributes": {
            "condition": [],
            "etag": "BwY0MpXIIVo=",
            "id": "projects/673367928406/secrets/pusher-secret/roles/secretmanager.secretAccessor/serviceAccount:webcrawler-450417-cloud-run-sa@webcrawler-450417.iam.gserviceaccount.com",
            "member": "serviceAccount:webcrawler-450417-cloud-run-sa@webcrawler-450417.iam.gserviceaccount.com",
            "project": "673367928406",
            "role": "roles/secretmanager.secretAccessor",
            "secret_id": "projects/673367928406/secrets/pusher-secret"
          },
          "sensitive_attributes": [],
          "private": "bnVsbA==",
          "dependencies": [
            "google_service_account.cloud_run_sa",
            "module.secrets.google_secret_manager_secret.pusher_secret"
          ]
        }
      ]
    },
    {
      "module": "module.secrets",
      "mode": "managed",
      "type": "google_secret_manager_secret_iam_member",
      "name": "smtp_password_secret_accessor",
      "provider": "provider[\"registry.terraform.io/hashicorp/google\"]",
      "instances": [
        {
          "schema_version": 0,
          "attributes": {
            "condition": [],
            "etag": "BwY0MpYKZis=",
            "id": "projects/673367928406/secrets/smtp-password/roles/secretmanager.secretAccessor/serviceAccount:webcrawler-450417-cloud-run-sa@webcrawler-450417.iam.gserviceaccount.com",
            "member": "serviceAccount:webcrawler-450417-cloud-run-sa@webcrawler-450417.iam.gserviceaccount.com",
            "project": "673367928406",
            "role": "roles/secretmanager.secretAccessor",
            "secret_id": "projects/673367928406/secrets/smtp-password"
          },
          "sensitive_attributes": [],
          "private": "bnVsbA==",
          "dependencies": [
            "google_service_account.cloud_run_sa",
            "module.secrets.google_secret_manager_secret.smtp_password"
          ]
        }
      ]
    },
    {
      "module": "module.secrets",
      "mode": "managed",
      "type": "google_secret_manager_secret_iam_member",
      "name": "smtp_username_secret_accessor",
      "provider": "provider[\"registry.terraform.io/hashicorp/google\"]",
      "instances": [
        {
          "schema_version": 0,
          "attributes": {
            "condition": [],
            "etag": "BwY0MpXF3b4=",
            "id": "projects/673367928406/secrets/smtp-username/roles/secretmanager.secretAccessor/serviceAccount:webcrawler-450417-cloud-run-sa@webcrawler-450417.iam.gserviceaccount.com",
            "member": "serviceAccount:webcrawler-450417-cloud-run-sa@webcrawler-450417.iam.gserviceaccount.com",
            "project": "673367928406",
            "role": "roles/secretmanager.secretAccessor",
            "secret_id": "projects/673367928406/secrets/smtp-username"
          },
          "sensitive_attributes": [],
          "private": "bnVsbA==",
          "dependencies": [
            "google_service_account.cloud_run_sa",
            "module.secrets.google_secret_manager_secret.smtp_username"
          ]
        }
      ]
    },
    {
      "module": "module.secrets",
      "mode": "managed",
      "type": "google_secret_manager_secret_version",
      "name": "neo4j_bolt_uri_version",
      "provider": "provider[\"registry.terraform.io/hashicorp/google\"]",
      "instances": [
        {
          "schema_version": 0,
          "attributes": {
            "create_time": "2025-05-03T03:08:34.309745Z",
            "deletion_policy": "DELETE",
            "destroy_time": "",
            "enabled": true,
            "id": "projects/673367928406/secrets/neo4j-bolt-uri/versions/1",
            "is_secret_data_base64": false,
            "name": "projects/673367928406/secrets/neo4j-bolt-uri/versions/1",
            "secret": "projects/webcrawler-450417/secrets/neo4j-bolt-uri",
            "secret_data": null,
            "secret_data_wo": null,
            "secret_data_wo_version": 0,
            "timeouts": null,
            "version": "1"
          },
          "sensitive_attributes": [
            [
              {
                "type": "get_attr",
                "value": "secret_data"
              }
            ]
          ],
          "private": "eyJlMmJmYjczMC1lY2FhLTExZTYtOGY4OC0zNDM2M2JjN2M0YzAiOnsiY3JlYXRlIjoxMjAwMDAwMDAwMDAwLCJkZWxldGUiOjEyMDAwMDAwMDAwMDAsInVwZGF0ZSI6MTIwMDAwMDAwMDAwMH19",
          "dependencies": [
            "module.neo4j_db.google_compute_instance.neo4j",
            "module.secrets.google_secret_manager_secret.neo4j_bolt_uri",
            "module.vpc.google_compute_network.vpc"
          ]
        }
      ]
    },
    {
      "module": "module.secrets",
      "mode": "managed",
      "type": "google_secret_manager_secret_version",
      "name": "neo4j_db_name_version",
      "provider": "provider[\"registry.terraform.io/hashicorp/google\"]",
      "instances": [
        {
          "schema_version": 0,
          "attributes": {
            "create_time": "2025-05-03T03:08:33.483396Z",
            "deletion_policy": "DELETE",
            "destroy_time": "",
            "enabled": true,
            "id": "projects/673367928406/secrets/neo4j-db-name/versions/1",
            "is_secret_data_base64": false,
            "name": "projects/673367928406/secrets/neo4j-db-name/versions/1",
            "secret": "projects/webcrawler-450417/secrets/neo4j-db-name",
            "secret_data": null,
            "secret_data_wo": null,
            "secret_data_wo_version": 0,
            "timeouts": null,
            "version": "1"
          },
          "sensitive_attributes": [
            [
              {
                "type": "get_attr",
                "value": "secret_data"
              }
            ]
          ],
          "private": "eyJlMmJmYjczMC1lY2FhLTExZTYtOGY4OC0zNDM2M2JjN2M0YzAiOnsiY3JlYXRlIjoxMjAwMDAwMDAwMDAwLCJkZWxldGUiOjEyMDAwMDAwMDAwMDAsInVwZGF0ZSI6MTIwMDAwMDAwMDAwMH19",
          "dependencies": [
            "module.secrets.google_secret_manager_secret.neo4j_db_name"
          ]
        }
      ]
    },
    {
      "module": "module.secrets",
      "mode": "managed",
      "type": "google_secret_manager_secret_version",
      "name": "neo4j_password_version",
      "provider": "provider[\"registry.terraform.io/hashicorp/google\"]",
      "instances": [
        {
          "schema_version": 0,
          "attributes": {
            "create_time": "2025-05-03T03:08:34.135088Z",
            "deletion_policy": "DELETE",
            "destroy_time": "",
            "enabled": true,
            "id": "projects/673367928406/secrets/neo4j-password/versions/1",
            "is_secret_data_base64": false,
            "name": "projects/673367928406/secrets/neo4j-password/versions/1",
            "secret": "projects/webcrawler-450417/secrets/neo4j-password",
            "secret_data": null,
            "secret_data_wo": null,
            "secret_data_wo_version": 0,
            "timeouts": null,
            "version": "1"
          },
          "sensitive_attributes": [
            [
              {
                "type": "get_attr",
                "value": "secret_data_wo"
              }
            ],
            [
              {
                "type": "get_attr",
                "value": "secret_data"
              }
            ]
          ],
          "private": "eyJlMmJmYjczMC1lY2FhLTExZTYtOGY4OC0zNDM2M2JjN2M0YzAiOnsiY3JlYXRlIjoxMjAwMDAwMDAwMDAwLCJkZWxldGUiOjEyMDAwMDAwMDAwMDAsInVwZGF0ZSI6MTIwMDAwMDAwMDAwMH19",
          "dependencies": [
            "module.secrets.google_secret_manager_secret.neo4j_password"
          ]
        }
      ]
    },
    {
      "module": "module.secrets",
      "mode": "managed",
      "type": "google_secret_manager_secret_version",
      "name": "neo4j_username_version",
      "provider": "provider[\"registry.terraform.io/hashicorp/google\"]",
      "instances": [
        {
          "schema_version": 0,
          "attributes": {
            "create_time": "2025-05-03T03:08:33.569974Z",
            "deletion_policy": "DELETE",
            "destroy_time": "",
            "enabled": true,
            "id": "projects/673367928406/secrets/neo4j-username/versions/1",
            "is_secret_data_base64": false,
            "name": "projects/673367928406/secrets/neo4j-username/versions/1",
            "secret": "projects/webcrawler-450417/secrets/neo4j-username",
            "secret_data": null,
            "secret_data_wo": null,
            "secret_data_wo_version": 0,
            "timeouts": null,
            "version": "1"
          },
          "sensitive_attributes": [
            [
              {
                "type": "get_attr",
                "value": "secret_data"
              }
            ]
          ],
          "private": "eyJlMmJmYjczMC1lY2FhLTExZTYtOGY4OC0zNDM2M2JjN2M0YzAiOnsiY3JlYXRlIjoxMjAwMDAwMDAwMDAwLCJkZWxldGUiOjEyMDAwMDAwMDAwMDAsInVwZGF0ZSI6MTIwMDAwMDAwMDAwMH19",
          "dependencies": [
            "module.secrets.google_secret_manager_secret.neo4j_username"
          ]
        }
      ]
    },
    {
      "module": "module.secrets",
      "mode": "managed",
      "type": "google_secret_manager_secret_version",
      "name": "pusher_app_id_version",
      "provider": "provider[\"registry.terraform.io/hashicorp/google\"]",
      "instances": [
        {
          "schema_version": 0,
          "attributes": {
            "create_time": "2025-05-03T03:08:34.847562Z",
            "deletion_policy": "DELETE",
            "destroy_time": "",
            "enabled": true,
            "id": "projects/673367928406/secrets/pusher-app-id/versions/1",
            "is_secret_data_base64": false,
            "name": "projects/673367928406/secrets/pusher-app-id/versions/1",
            "secret": "projects/webcrawler-450417/secrets/pusher-app-id",
            "secret_data": null,
            "secret_data_wo": null,
            "secret_data_wo_version": 0,
            "timeouts": null,
            "version": "1"
          },
          "sensitive_attributes": [
            [
              {
                "type": "get_attr",
                "value": "secret_data"
              }
            ]
          ],
          "private": "eyJlMmJmYjczMC1lY2FhLTExZTYtOGY4OC0zNDM2M2JjN2M0YzAiOnsiY3JlYXRlIjoxMjAwMDAwMDAwMDAwLCJkZWxldGUiOjEyMDAwMDAwMDAwMDAsInVwZGF0ZSI6MTIwMDAwMDAwMDAwMH19",
          "dependencies": [
            "module.secrets.google_secret_manager_secret.pusher_app_id"
          ]
        }
      ]
    },
    {
      "module": "module.secrets",
      "mode": "managed",
      "type": "google_secret_manager_secret_version",
      "name": "pusher_cluster_version",
      "provider": "provider[\"registry.terraform.io/hashicorp/google\"]",
      "instances": [
        {
          "schema_version": 0,
          "attributes": {
            "create_time": "2025-05-03T03:08:34.080928Z",
            "deletion_policy": "DELETE",
            "destroy_time": "",
            "enabled": true,
            "id": "projects/673367928406/secrets/pusher-cluster/versions/1",
            "is_secret_data_base64": false,
            "name": "projects/673367928406/secrets/pusher-cluster/versions/1",
            "secret": "projects/webcrawler-450417/secrets/pusher-cluster",
            "secret_data": null,
            "secret_data_wo": null,
            "secret_data_wo_version": 0,
            "timeouts": null,
            "version": "1"
          },
          "sensitive_attributes": [
            [
              {
                "type": "get_attr",
                "value": "secret_data_wo"
              }
            ],
            [
              {
                "type": "get_attr",
                "value": "secret_data"
              }
            ]
          ],
          "private": "eyJlMmJmYjczMC1lY2FhLTExZTYtOGY4OC0zNDM2M2JjN2M0YzAiOnsiY3JlYXRlIjoxMjAwMDAwMDAwMDAwLCJkZWxldGUiOjEyMDAwMDAwMDAwMDAsInVwZGF0ZSI6MTIwMDAwMDAwMDAwMH19",
          "dependencies": [
            "module.secrets.google_secret_manager_secret.pusher_cluster"
          ]
        }
      ]
    },
    {
      "module": "module.secrets",
      "mode": "managed",
      "type": "google_secret_manager_secret_version",
      "name": "pusher_key_version",
      "provider": "provider[\"registry.terraform.io/hashicorp/google\"]",
      "instances": [
        {
          "schema_version": 0,
          "attributes": {
            "create_time": "2025-05-03T03:08:34.768684Z",
            "deletion_policy": "DELETE",
            "destroy_time": "",
            "enabled": true,
            "id": "projects/673367928406/secrets/pusher-key/versions/1",
            "is_secret_data_base64": false,
            "name": "projects/673367928406/secrets/pusher-key/versions/1",
            "secret": "projects/webcrawler-450417/secrets/pusher-key",
            "secret_data": null,
            "secret_data_wo": null,
            "secret_data_wo_version": 0,
            "timeouts": null,
            "version": "1"
          },
          "sensitive_attributes": [
            [
              {
                "type": "get_attr",
                "value": "secret_data"
              }
            ],
            [
              {
                "type": "get_attr",
                "value": "secret_data_wo"
              }
            ]
          ],
          "private": "eyJlMmJmYjczMC1lY2FhLTExZTYtOGY4OC0zNDM2M2JjN2M0YzAiOnsiY3JlYXRlIjoxMjAwMDAwMDAwMDAwLCJkZWxldGUiOjEyMDAwMDAwMDAwMDAsInVwZGF0ZSI6MTIwMDAwMDAwMDAwMH19",
          "dependencies": [
            "module.secrets.google_secret_manager_secret.pusher_key"
          ]
        }
      ]
    },
    {
      "module": "module.secrets",
      "mode": "managed",
      "type": "google_secret_manager_secret_version",
      "name": "pusher_secret_version",
      "provider": "provider[\"registry.terraform.io/hashicorp/google\"]",
      "instances": [
        {
          "schema_version": 0,
          "attributes": {
            "create_time": "2025-05-03T03:08:34.260534Z",
            "deletion_policy": "DELETE",
            "destroy_time": "",
            "enabled": true,
            "id": "projects/673367928406/secrets/pusher-secret/versions/1",
            "is_secret_data_base64": false,
            "name": "projects/673367928406/secrets/pusher-secret/versions/1",
            "secret": "projects/webcrawler-450417/secrets/pusher-secret",
            "secret_data": null,
            "secret_data_wo": null,
            "secret_data_wo_version": 0,
            "timeouts": null,
            "version": "1"
          },
          "sensitive_attributes": [
            [
              {
                "type": "get_attr",
                "value": "secret_data"
              }
            ],
            [
              {
                "type": "get_attr",
                "value": "secret_data_wo"
              }
            ]
          ],
          "private": "eyJlMmJmYjczMC1lY2FhLTExZTYtOGY4OC0zNDM2M2JjN2M0YzAiOnsiY3JlYXRlIjoxMjAwMDAwMDAwMDAwLCJkZWxldGUiOjEyMDAwMDAwMDAwMDAsInVwZGF0ZSI6MTIwMDAwMDAwMDAwMH19",
          "dependencies": [
            "module.secrets.google_secret_manager_secret.pusher_secret"
          ]
        }
      ]
    },
    {
      "module": "module.secrets",
      "mode": "managed",
      "type": "google_secret_manager_secret_version",
      "name": "smtp_password_version",
      "provider": "provider[\"registry.terraform.io/hashicorp/google\"]",
      "instances": [
        {
          "schema_version": 0,
          "attributes": {
            "create_time": "2025-05-03T03:08:33.455685Z",
            "deletion_policy": "DELETE",
            "destroy_time": "",
            "enabled": true,
            "id": "projects/673367928406/secrets/smtp-password/versions/1",
            "is_secret_data_base64": false,
            "name": "projects/673367928406/secrets/smtp-password/versions/1",
            "secret": "projects/webcrawler-450417/secrets/smtp-password",
            "secret_data": null,
            "secret_data_wo": null,
            "secret_data_wo_version": 0,
            "timeouts": null,
            "version": "1"
          },
          "sensitive_attributes": [
            [
              {
                "type": "get_attr",
                "value": "secret_data"
              }
            ],
            [
              {
                "type": "get_attr",
                "value": "secret_data_wo"
              }
            ]
          ],
          "private": "eyJlMmJmYjczMC1lY2FhLTExZTYtOGY4OC0zNDM2M2JjN2M0YzAiOnsiY3JlYXRlIjoxMjAwMDAwMDAwMDAwLCJkZWxldGUiOjEyMDAwMDAwMDAwMDAsInVwZGF0ZSI6MTIwMDAwMDAwMDAwMH19",
          "dependencies": [
            "module.secrets.google_secret_manager_secret.smtp_password"
          ]
        }
      ]
    },
    {
      "module": "module.secrets",
      "mode": "managed",
      "type": "google_secret_manager_secret_version",
      "name": "smtp_username_version",
      "provider": "provider[\"registry.terraform.io/hashicorp/google\"]",
      "instances": [
        {
          "schema_version": 0,
          "attributes": {
            "create_time": "2025-05-03T03:08:33.352137Z",
            "deletion_policy": "DELETE",
            "destroy_time": "",
            "enabled": true,
            "id": "projects/673367928406/secrets/smtp-username/versions/1",
            "is_secret_data_base64": false,
            "name": "projects/673367928406/secrets/smtp-username/versions/1",
            "secret": "projects/webcrawler-450417/secrets/smtp-username",
            "secret_data": null,
            "secret_data_wo": null,
            "secret_data_wo_version": 0,
            "timeouts": null,
            "version": "1"
          },
          "sensitive_attributes": [
            [
              {
                "type": "get_attr",
                "value": "secret_data"
              }
            ],
            [
              {
                "type": "get_attr",
                "value": "secret_data_wo"
              }
            ]
          ],
          "private": "eyJlMmJmYjczMC1lY2FhLTExZTYtOGY4OC0zNDM2M2JjN2M0YzAiOnsiY3JlYXRlIjoxMjAwMDAwMDAwMDAwLCJkZWxldGUiOjEyMDAwMDAwMDAwMDAsInVwZGF0ZSI6MTIwMDAwMDAwMDAwMH19",
          "dependencies": [
            "module.secrets.google_secret_manager_secret.smtp_username"
          ]
        }
      ]
    },
    {
      "module": "module.visual_design_audit_cloud_run",
      "mode": "managed",
      "type": "google_cloud_run_service",
      "name": "service",
      "provider": "provider[\"registry.terraform.io/hashicorp/google\"]",
      "instances": [
        {
          "schema_version": 2,
          "attributes": {
            "autogenerate_revision_name": false,
            "id": "locations/us-central1/namespaces/webcrawler-450417/services/visual-design-audit",
            "location": "us-central1",
            "metadata": [
              {
                "annotations": {
                  "run.googleapis.com/ingress": "internal"
                },
                "effective_annotations": {
                  "run.googleapis.com/ingress": "internal",
                  "run.googleapis.com/ingress-status": "internal",
                  "run.googleapis.com/operation-id": "5faecce9-e56c-4e47-becb-fe2c74a03538",
                  "run.googleapis.com/urls": "[\"https://visual-design-audit-673367928406.us-central1.run.app\",\"https://visual-design-audit-5wvl2oswbq-uc.a.run.app\"]",
                  "serving.knative.dev/creator": "webcrawleraccountmanager@webcrawler-450417.iam.gserviceaccount.com",
                  "serving.knative.dev/lastModifier": "webcrawleraccountmanager@webcrawler-450417.iam.gserviceaccount.com"
                },
                "effective_labels": {
                  "cloud.googleapis.com/location": "us-central1",
                  "goog-terraform-provisioned": "true"
                },
                "generation": 2,
                "labels": {},
                "namespace": "webcrawler-450417",
                "resource_version": "AAY0RnHMpio",
                "self_link": "/apis/serving.knative.dev/v1/namespaces/673367928406/services/visual-design-audit",
                "terraform_labels": {
                  "goog-terraform-provisioned": "true"
                },
                "uid": "1191ba45-af40-48ec-97b9-6fac422cae67"
              }
            ],
            "name": "visual-design-audit",
            "project": "webcrawler-450417",
            "status": [
              {
                "conditions": [
                  {
                    "message": "",
                    "reason": "",
                    "status": "True",
                    "type": "Ready"
                  },
                  {
                    "message": "",
                    "reason": "",
                    "status": "True",
                    "type": "ConfigurationsReady"
                  },
                  {
                    "message": "",
                    "reason": "",
                    "status": "True",
                    "type": "RoutesReady"
                  }
                ],
                "latest_created_revision_name": "visual-design-audit-00002-7vt",
                "latest_ready_revision_name": "visual-design-audit-00002-7vt",
                "observed_generation": 2,
                "traffic": [
                  {
                    "latest_revision": true,
                    "percent": 100,
                    "revision_name": "visual-design-audit-00002-7vt",
                    "tag": "",
                    "url": ""
                  }
                ],
                "url": "https://visual-design-audit-5wvl2oswbq-uc.a.run.app"
              }
            ],
            "template": [
              {
                "metadata": [
                  {
                    "annotations": {
                      "autoscaling.knative.dev/maxScale": "40",
                      "run.googleapis.com/client-name": "terraform",
                      "run.googleapis.com/vpc-access-connector": "cloud-run-connector",
                      "run.googleapis.com/vpc-access-egress": "all-traffic"
                    },
                    "generation": 0,
                    "labels": {
                      "run.googleapis.com/startupProbeType": "Default"
                    },
                    "name": "",
                    "namespace": "",
                    "resource_version": "",
                    "self_link": "",
                    "uid": ""
                  }
                ],
                "spec": [
                  {
                    "container_concurrency": 80,
                    "containers": [
                      {
                        "args": [],
                        "command": [],
                        "env": [
                          {
                            "name": "pubsub.audit_update",
                            "value": "audit_update",
                            "value_from": []
                          },
                          {
                            "name": "pubsub.error_topic",
                            "value": "audit_error",
                            "value_from": []
                          },
                          {
                            "name": "spring.cloud.gcp.project-id",
                            "value": "webcrawler-450417",
                            "value_from": []
                          },
                          {
                            "name": "spring.cloud.gcp.region",
                            "value": "us-central1",
                            "value_from": []
                          },
                          {
                            "name": "spring.data.neo4j.database",
                            "value": "",
                            "value_from": [
                              {
                                "secret_key_ref": [
                                  {
                                    "key": "latest",
                                    "name": "neo4j-db-name"
                                  }
                                ]
                              }
                            ]
                          },
                          {
                            "name": "spring.data.neo4j.password",
                            "value": "",
                            "value_from": [
                              {
                                "secret_key_ref": [
                                  {
                                    "key": "latest",
                                    "name": "neo4j-password"
                                  }
                                ]
                              }
                            ]
                          },
                          {
                            "name": "spring.data.neo4j.uri",
                            "value": "",
                            "value_from": [
                              {
                                "secret_key_ref": [
                                  {
                                    "key": "latest",
                                    "name": "neo4j-bolt-uri"
                                  }
                                ]
                              }
                            ]
                          },
                          {
                            "name": "spring.data.neo4j.username",
                            "value": "",
                            "value_from": [
                              {
                                "secret_key_ref": [
                                  {
                                    "key": "latest",
                                    "name": "neo4j-username"
                                  }
                                ]
                              }
                            ]
                          }
                        ],
                        "env_from": [],
                        "image": "docker.io/deepthought42/visual-design-audit:latest",
                        "liveness_probe": [],
                        "name": "",
                        "ports": [
                          {
                            "container_port": 8080,
                            "name": "http1",
                            "protocol": ""
                          }
                        ],
                        "resources": [
                          {
                            "limits": {
                              "cpu": "1000m",
                              "memory": "500M"
                            },
                            "requests": {}
                          }
                        ],
                        "startup_probe": [
                          {
                            "failure_threshold": 1,
                            "grpc": [],
                            "http_get": [],
                            "initial_delay_seconds": 0,
                            "period_seconds": 240,
                            "tcp_socket": [
                              {
                                "port": 8080
                              }
                            ],
                            "timeout_seconds": 240
                          }
                        ],
                        "volume_mounts": [],
                        "working_dir": ""
                      }
                    ],
                    "node_selector": {},
                    "service_account_name": "webcrawler-450417-cloud-run-sa@webcrawler-450417.iam.gserviceaccount.com",
                    "serving_state": "",
                    "timeout_seconds": 120,
                    "volumes": []
                  }
                ]
              }
            ],
            "timeouts": null,
            "traffic": [
              {
                "latest_revision": true,
                "percent": 100,
                "revision_name": "",
                "tag": "",
                "url": ""
              }
            ]
          },
          "sensitive_attributes": [],
          "private": "eyJlMmJmYjczMC1lY2FhLTExZTYtOGY4OC0zNDM2M2JjN2M0YzAiOnsiY3JlYXRlIjoxMjAwMDAwMDAwMDAwLCJkZWxldGUiOjEyMDAwMDAwMDAwMDAsInVwZGF0ZSI6MTIwMDAwMDAwMDAwMH0sInNjaGVtYV92ZXJzaW9uIjoiMiJ9",
          "dependencies": [
            "google_service_account.cloud_run_sa",
            "module.pubsub_topics.google_pubsub_topic.audit_error_topic",
            "module.pubsub_topics.google_pubsub_topic.audit_update_topic",
            "module.secrets.google_secret_manager_secret.neo4j_bolt_uri",
            "module.secrets.google_secret_manager_secret.neo4j_db_name",
            "module.secrets.google_secret_manager_secret.neo4j_password",
            "module.secrets.google_secret_manager_secret.neo4j_username",
            "module.vpc.google_compute_network.vpc",
            "module.vpc.google_vpc_access_connector.connector"
          ]
        }
      ]
    },
    {
      "module": "module.visual_design_audit_cloud_run",
      "mode": "managed",
      "type": "google_cloud_run_service_iam_member",
      "name": "pubsub_invoker",
      "provider": "provider[\"registry.terraform.io/hashicorp/google\"]",
      "instances": [
        {
          "schema_version": 0,
          "attributes": {
            "condition": [],
            "etag": "BwY0RigeBa0=",
            "id": "v1/projects/webcrawler-450417/locations/us-central1/services/visual-design-audit/roles/run.invoker/serviceAccount:webcrawler-450417-cloud-run-sa@webcrawler-450417.iam.gserviceaccount.com",
            "location": "us-central1",
            "member": "serviceAccount:webcrawler-450417-cloud-run-sa@webcrawler-450417.iam.gserviceaccount.com",
            "project": "webcrawler-450417",
            "role": "roles/run.invoker",
            "service": "v1/projects/webcrawler-450417/locations/us-central1/services/visual-design-audit"
          },
          "sensitive_attributes": [],
          "private": "bnVsbA==",
          "dependencies": [
            "google_service_account.cloud_run_sa",
            "module.pubsub_topics.google_pubsub_topic.audit_error_topic",
            "module.pubsub_topics.google_pubsub_topic.audit_update_topic",
            "module.secrets.google_secret_manager_secret.neo4j_bolt_uri",
            "module.secrets.google_secret_manager_secret.neo4j_db_name",
            "module.secrets.google_secret_manager_secret.neo4j_password",
            "module.secrets.google_secret_manager_secret.neo4j_username",
            "module.visual_design_audit_cloud_run.google_cloud_run_service.service",
            "module.vpc.google_compute_network.vpc",
            "module.vpc.google_vpc_access_connector.connector"
          ]
        }
      ]
    },
    {
      "module": "module.visual_design_audit_cloud_run.module.pubsub_subscription",
      "mode": "managed",
      "type": "google_pubsub_subscription",
      "name": "subscription",
      "provider": "module.visual_design_audit_cloud_run.module.pubsub_subscription.provider[\"registry.terraform.io/hashicorp/google\"]",
      "instances": [
        {
          "schema_version": 0,
          "attributes": {
            "ack_deadline_seconds": 10,
            "bigquery_config": [],
            "cloud_storage_config": [],
            "dead_letter_policy": [],
            "effective_labels": {
              "goog-terraform-provisioned": "true"
            },
            "enable_exactly_once_delivery": false,
            "enable_message_ordering": false,
            "expiration_policy": [
              {
                "ttl": "2678400s"
              }
            ],
            "filter": "",
            "id": "projects/webcrawler-450417/subscriptions/visual-design-audit-subscription",
            "labels": {},
            "message_retention_duration": "604800s",
            "name": "visual-design-audit-subscription",
            "project": "webcrawler-450417",
            "push_config": [
              {
                "attributes": {},
                "no_wrapper": [],
                "oidc_token": [
                  {
                    "audience": "",
                    "service_account_email": "webcrawler-450417-cloud-run-sa@webcrawler-450417.iam.gserviceaccount.com"
                  }
                ],
                "push_endpoint": "https://visual-design-audit-5wvl2oswbq-uc.a.run.app"
              }
            ],
            "retain_acked_messages": false,
            "retry_policy": [
              {
                "maximum_backoff": "600s",
                "minimum_backoff": "10s"
              }
            ],
            "terraform_labels": {
              "goog-terraform-provisioned": "true"
            },
            "timeouts": null,
            "topic": "projects/webcrawler-450417/topics/page_audit"
          },
          "sensitive_attributes": [],
          "private": "eyJlMmJmYjczMC1lY2FhLTExZTYtOGY4OC0zNDM2M2JjN2M0YzAiOnsiY3JlYXRlIjoxMjAwMDAwMDAwMDAwLCJkZWxldGUiOjEyMDAwMDAwMDAwMDAsInVwZGF0ZSI6MTIwMDAwMDAwMDAwMH19",
          "dependencies": [
            "google_service_account.cloud_run_sa",
            "module.pubsub_topics.google_pubsub_topic.audit_error_topic",
            "module.pubsub_topics.google_pubsub_topic.audit_update_topic",
            "module.pubsub_topics.google_pubsub_topic.page_audit_topic",
            "module.secrets.google_secret_manager_secret.neo4j_bolt_uri",
            "module.secrets.google_secret_manager_secret.neo4j_db_name",
            "module.secrets.google_secret_manager_secret.neo4j_password",
            "module.secrets.google_secret_manager_secret.neo4j_username",
            "module.visual_design_audit_cloud_run.google_cloud_run_service.service",
            "module.vpc.google_compute_network.vpc",
            "module.vpc.google_vpc_access_connector.connector"
          ]
        }
      ]
    },
    {
      "module": "module.vpc",
      "mode": "managed",
      "type": "google_compute_network",
      "name": "vpc",
      "provider": "module.vpc.provider[\"registry.terraform.io/hashicorp/google\"]",
      "instances": [
        {
          "schema_version": 0,
          "attributes": {
            "auto_create_subnetworks": true,
            "bgp_always_compare_med": false,
            "bgp_best_path_selection_mode": "LEGACY",
            "bgp_inter_region_cost": "",
            "delete_default_routes_on_create": false,
            "description": "WebCrawler VPC network",
            "enable_ula_internal_ipv6": false,
            "gateway_ipv4": "",
            "id": "projects/webcrawler-450417/global/networks/custom-vpc",
            "internal_ipv6_range": "",
            "mtu": 0,
            "name": "custom-vpc",
            "network_firewall_policy_enforcement_order": "AFTER_CLASSIC_FIREWALL",
            "network_id": "1855314390471423582",
            "network_profile": "",
            "numeric_id": "1855314390471423582",
            "project": "webcrawler-450417",
            "routing_mode": "REGIONAL",
            "self_link": "https://www.googleapis.com/compute/v1/projects/webcrawler-450417/global/networks/custom-vpc",
            "timeouts": null
          },
          "sensitive_attributes": [],
          "private": "eyJlMmJmYjczMC1lY2FhLTExZTYtOGY4OC0zNDM2M2JjN2M0YzAiOnsiY3JlYXRlIjoxMjAwMDAwMDAwMDAwLCJkZWxldGUiOjEyMDAwMDAwMDAwMDAsInVwZGF0ZSI6MTIwMDAwMDAwMDAwMH19"
        }
      ]
    },
    {
      "module": "module.vpc",
      "mode": "managed",
      "type": "google_project_iam_member",
      "name": "vpc_admin",
      "provider": "module.vpc.provider[\"registry.terraform.io/hashicorp/google\"]",
      "instances": [
        {
          "schema_version": 0,
          "attributes": {
            "condition": [],
            "etag": "BwY0Rva/Z9I=",
            "id": "webcrawler-450417/roles/compute.networkAdmin/serviceAccount:vpc-service-account@webcrawler-450417.iam.gserviceaccount.com",
            "member": "serviceAccount:vpc-service-account@webcrawler-450417.iam.gserviceaccount.com",
            "project": "webcrawler-450417",
            "role": "roles/compute.networkAdmin"
          },
          "sensitive_attributes": [],
          "private": "bnVsbA==",
          "dependencies": [
            "module.vpc.google_service_account.vpc_service_account"
          ]
        }
      ]
    },
    {
      "module": "module.vpc",
      "mode": "managed",
      "type": "google_service_account",
      "name": "vpc_service_account",
      "provider": "module.vpc.provider[\"registry.terraform.io/hashicorp/google\"]",
      "instances": [
        {
          "schema_version": 0,
          "attributes": {
            "account_id": "vpc-service-account",
            "create_ignore_already_exists": null,
            "description": "Service account for VPC management",
            "disabled": false,
            "display_name": "VPC Service Account",
            "email": "vpc-service-account@webcrawler-450417.iam.gserviceaccount.com",
            "id": "projects/webcrawler-450417/serviceAccounts/vpc-service-account@webcrawler-450417.iam.gserviceaccount.com",
            "member": "serviceAccount:vpc-service-account@webcrawler-450417.iam.gserviceaccount.com",
            "name": "projects/webcrawler-450417/serviceAccounts/vpc-service-account@webcrawler-450417.iam.gserviceaccount.com",
            "project": "webcrawler-450417",
            "timeouts": null,
            "unique_id": "107310592294438843720"
          },
          "sensitive_attributes": [],
          "private": "eyJlMmJmYjczMC1lY2FhLTExZTYtOGY4OC0zNDM2M2JjN2M0YzAiOnsiY3JlYXRlIjozMDAwMDAwMDAwMDB9fQ=="
        }
      ]
    },
    {
      "module": "module.vpc",
      "mode": "managed",
      "type": "google_vpc_access_connector",
      "name": "connector",
      "provider": "module.vpc.provider[\"registry.terraform.io/hashicorp/google\"]",
      "instances": [
        {
          "schema_version": 0,
          "attributes": {
            "connected_projects": [
              "webcrawler-450417"
            ],
            "id": "projects/webcrawler-450417/locations/us-central1/connectors/cloud-run-connector",
            "ip_cidr_range": "10.8.0.0/28",
            "machine_type": "e2-micro",
            "max_instances": 3,
            "max_throughput": 300,
            "min_instances": 2,
            "min_throughput": 200,
            "name": "cloud-run-connector",
            "network": "custom-vpc",
            "project": "webcrawler-450417",
            "region": "us-central1",
            "self_link": "projects/webcrawler-450417/locations/us-central1/connectors/cloud-run-connector",
            "state": "READY",
            "subnet": [],
            "timeouts": null
          },
          "sensitive_attributes": [],
          "private": "eyJlMmJmYjczMC1lY2FhLTExZTYtOGY4OC0zNDM2M2JjN2M0YzAiOnsiY3JlYXRlIjoxMjAwMDAwMDAwMDAwLCJkZWxldGUiOjEyMDAwMDAwMDAwMDB9fQ==",
          "dependencies": [
            "module.vpc.google_compute_network.vpc"
          ]
        }
      ]
    }
  ],
  "check_results": null
}
