{
  "version": 4,
  "terraform_version": "1.11.4",
  "serial": 4569,
  "lineage": "fe887520-abfe-fd6a-0af3-6ffd8cb82a83",
  "outputs": {},
  "resources": [
    {
      "module": "module.neo4j_db",
      "mode": "managed",
      "type": "google_compute_instance",
      "name": "neo4j",
      "provider": "provider[\"registry.terraform.io/hashicorp/google\"]",
      "instances": [
        {
          "schema_version": 6,
          "attributes": {
            "advanced_machine_features": [],
            "allow_stopping_for_update": null,
            "attached_disk": [],
            "boot_disk": [
              {
                "auto_delete": true,
                "device_name": "persistent-disk-0",
                "disk_encryption_key_raw": "",
                "disk_encryption_key_rsa": "",
                "disk_encryption_key_sha256": "",
                "disk_encryption_service_account": "",
                "guest_os_features": [
                  "VIRTIO_SCSI_MULTIQUEUE",
                  "SEV_CAPABLE",
                  "SEV_SNP_CAPABLE",
                  "SEV_LIVE_MIGRATABLE",
                  "SEV_LIVE_MIGRATABLE_V2",
                  "IDPF",
                  "TDX_CAPABLE",
                  "UEFI_COMPATIBLE",
                  "GVNIC"
                ],
                "initialize_params": [
                  {
                    "architecture": "X86_64",
                    "enable_confidential_compute": false,
                    "image": "https://www.googleapis.com/compute/v1/projects/ubuntu-os-cloud/global/images/ubuntu-2204-jammy-v20250430",
                    "labels": {},
                    "provisioned_iops": 0,
                    "provisioned_throughput": 0,
                    "resource_manager_tags": {},
                    "resource_policies": [],
                    "size": 50,
                    "snapshot": "",
                    "source_image_encryption_key": [],
                    "source_snapshot_encryption_key": [],
                    "storage_pool": "",
                    "type": "pd-standard"
                  }
                ],
                "interface": "",
                "kms_key_self_link": "",
                "mode": "READ_WRITE",
                "source": "https://www.googleapis.com/compute/v1/projects/webcrawler-450417/zones/us-central1-a/disks/neo4j-community"
              }
            ],
            "can_ip_forward": false,
            "confidential_instance_config": [],
            "cpu_platform": "Intel Broadwell",
            "creation_timestamp": "2025-05-07T22:28:24.365-07:00",
            "current_status": "STOPPING",
            "deletion_protection": false,
            "description": "",
            "desired_status": null,
            "effective_labels": {
              "goog-terraform-provisioned": "true"
            },
            "enable_display": false,
            "guest_accelerator": [],
            "hostname": "",
            "id": "projects/webcrawler-450417/zones/us-central1-a/instances/neo4j-community",
            "instance_encryption_key": [],
            "instance_id": "8574872711693729303",
            "key_revocation_action_type": "",
            "label_fingerprint": "vezUS-42LLM=",
            "labels": {},
            "machine_type": "e2-medium",
            "metadata": {
              "ssh-keys": "brandon_kindred:ecdsa-sha2-nistp256 AAAAE2VjZHNhLXNoYTItbmlzdHAyNTYAAAAIbmlzdHAyNTYAAABBBNntVBOamfywh1aICxVee9iRKLHYaMif2VvgYMdGqNjXR02W4QjEMihTKc3DqJZQZrX/71C9I0ZNi1+DEIuytDw= google-ssh {\"userName\":\"brandon.kindred@gmail.com\",\"expireOn\":\"2025-05-08T05:48:57+0000\"}"
            },
            "metadata_fingerprint": "thXTGK3en3c=",
            "metadata_startup_script": "#!/bin/bash\nwget -O - https://debian.neo4j.com/neotechnology.gpg.key | sudo apt-key add -\necho 'deb https://debian.neo4j.com stable 5' | sudo tee /etc/apt/sources.list.d/neo4j.list\nsudo apt-get update\nsudo apt-get install -y neo4j\n\n# Download the CQL file to /\ncurl -o /home/neo4j/create-indexes-and-constraints.cql https://raw.githubusercontent.com/deepthought42/LookseeIaC/refs/heads/main/create-indexes-and-constraints.cql\n\n# Set initial password for neo4j admin user\nsudo systemctl stop neo4j\nsudo -u neo4j neo4j-admin set-initial-password '6363f6f65c71e63c59cf'\nsudo systemctl enable neo4j\nsudo systemctl start neo4j\n\n# Create a new user with the specified username and password\nsudo -u neo4j neo4j-admin create-user neo4j '6363f6f65c71e63c59cf'\n\n# create database\nsudo -u neo4j neo4j-admin create-database neo4j\n\n# run file to create indexes and constraints\nsudo -u neo4j neo4j-admin run /home/neo4j/create-indexes-and-constraints.cql\n",
            "min_cpu_platform": "",
            "name": "neo4j-community",
            "network_interface": [
              {
                "access_config": [
                  {
                    "nat_ip": "34.27.125.199",
                    "network_tier": "PREMIUM",
                    "public_ptr_domain_name": ""
                  }
                ],
                "alias_ip_range": [],
                "internal_ipv6_prefix_length": 0,
                "ipv6_access_config": [],
                "ipv6_access_type": "",
                "ipv6_address": "",
                "name": "nic0",
                "network": "https://www.googleapis.com/compute/v1/projects/webcrawler-450417/global/networks/custom-vpc",
                "network_attachment": "",
                "network_ip": "10.128.0.2",
                "nic_type": "",
                "queue_count": 0,
                "stack_type": "IPV4_ONLY",
                "subnetwork": "https://www.googleapis.com/compute/v1/projects/webcrawler-450417/regions/us-central1/subnetworks/custom-vpc",
                "subnetwork_project": "webcrawler-450417"
              }
            ],
            "network_performance_config": [],
            "params": [],
            "project": "webcrawler-450417",
            "reservation_affinity": [],
            "resource_policies": [],
            "scheduling": [
              {
                "automatic_restart": true,
                "availability_domain": 0,
                "instance_termination_action": "",
                "local_ssd_recovery_timeout": [],
                "max_run_duration": [],
                "min_node_cpus": 0,
                "node_affinities": [],
                "on_host_maintenance": "MIGRATE",
                "on_instance_stop_action": [],
                "preemptible": false,
                "provisioning_model": "STANDARD",
                "termination_time": ""
              }
            ],
            "scratch_disk": [],
            "self_link": "https://www.googleapis.com/compute/v1/projects/webcrawler-450417/zones/us-central1-a/instances/neo4j-community",
            "service_account": [],
            "shielded_instance_config": [
              {
                "enable_integrity_monitoring": true,
                "enable_secure_boot": false,
                "enable_vtpm": true
              }
            ],
            "tags": [
              "neo4j"
            ],
            "tags_fingerprint": "8BHEADC5_sQ=",
            "terraform_labels": {
              "goog-terraform-provisioned": "true"
            },
            "timeouts": null,
            "zone": "us-central1-a"
          },
          "sensitive_attributes": [
            [
              {
                "type": "get_attr",
                "value": "boot_disk"
              },
              {
                "type": "index",
                "value": {
                  "value": 0,
                  "type": "number"
                }
              },
              {
                "type": "get_attr",
                "value": "disk_encryption_key_raw"
              }
            ],
            [
              {
                "type": "get_attr",
                "value": "boot_disk"
              },
              {
                "type": "index",
                "value": {
                  "value": 0,
                  "type": "number"
                }
              },
              {
                "type": "get_attr",
                "value": "disk_encryption_key_rsa"
              }
            ],
            [
              {
                "type": "get_attr",
                "value": "metadata_startup_script"
              }
            ]
          ],
          "private": "eyJlMmJmYjczMC1lY2FhLTExZTYtOGY4OC0zNDM2M2JjN2M0YzAiOnsiY3JlYXRlIjoxMjAwMDAwMDAwMDAwLCJkZWxldGUiOjEyMDAwMDAwMDAwMDAsInVwZGF0ZSI6MTIwMDAwMDAwMDAwMH0sInNjaGVtYV92ZXJzaW9uIjoiNiJ9",
          "dependencies": [
            "module.vpc.google_compute_network.vpc"
          ]
        }
      ]
    },
    {
      "module": "module.vpc",
      "mode": "managed",
      "type": "google_compute_network",
      "name": "vpc",
      "provider": "module.vpc.provider[\"registry.terraform.io/hashicorp/google\"]",
      "instances": [
        {
          "schema_version": 0,
          "attributes": {
            "auto_create_subnetworks": true,
            "bgp_always_compare_med": false,
            "bgp_best_path_selection_mode": "LEGACY",
            "bgp_inter_region_cost": "",
            "delete_default_routes_on_create": false,
            "description": "WebCrawler VPC network",
            "enable_ula_internal_ipv6": false,
            "gateway_ipv4": "",
            "id": "projects/webcrawler-450417/global/networks/custom-vpc",
            "internal_ipv6_range": "",
            "mtu": 0,
            "name": "custom-vpc",
            "network_firewall_policy_enforcement_order": "AFTER_CLASSIC_FIREWALL",
            "network_id": "1281030267463663149",
            "network_profile": "",
            "numeric_id": "1281030267463663149",
            "project": "webcrawler-450417",
            "routing_mode": "REGIONAL",
            "self_link": "https://www.googleapis.com/compute/v1/projects/webcrawler-450417/global/networks/custom-vpc",
            "timeouts": null
          },
          "sensitive_attributes": [],
          "private": "eyJlMmJmYjczMC1lY2FhLTExZTYtOGY4OC0zNDM2M2JjN2M0YzAiOnsiY3JlYXRlIjoxMjAwMDAwMDAwMDAwLCJkZWxldGUiOjEyMDAwMDAwMDAwMDAsInVwZGF0ZSI6MTIwMDAwMDAwMDAwMH19"
        }
      ]
    }
  ],
  "check_results": null
}
