{
  "version": 4,
  "terraform_version": "1.12.2",
  "serial": 10318,
  "lineage": "fe887520-abfe-fd6a-0af3-6ffd8cb82a83",
  "outputs": {},
  "resources": [
    {
      "mode": "managed",
      "type": "google_project_iam_member",
      "name": "cloud_run_pubsub_subscriber",
      "provider": "provider[\"registry.terraform.io/hashicorp/google\"]",
      "instances": [
        {
          "schema_version": 0,
          "attributes": {
            "condition": [],
            "etag": "BwY6P+LJbFE=",
            "id": "webcrawler-450417/roles/pubsub.subscriber/serviceAccount:cloud-run-sa@webcrawler-450417.iam.gserviceaccount.com",
            "member": "serviceAccount:cloud-run-sa@webcrawler-450417.iam.gserviceaccount.com",
            "project": "webcrawler-450417",
            "role": "roles/pubsub.subscriber"
          },
          "sensitive_attributes": [],
          "identity_schema_version": 0,
          "private": "bnVsbA==",
          "dependencies": [
            "google_service_account.cloud_run_sa"
          ]
        }
      ]
    },
    {
      "mode": "managed",
      "type": "google_project_iam_member",
      "name": "pubsub_cloud_run_invoker",
      "provider": "provider[\"registry.terraform.io/hashicorp/google\"]",
      "instances": [
        {
          "schema_version": 0,
          "attributes": {
            "condition": [],
            "etag": "BwY6P+LJbFE=",
            "id": "webcrawler-450417/roles/run.invoker/serviceAccount:pubsub-sa@webcrawler-450417.iam.gserviceaccount.com",
            "member": "serviceAccount:pubsub-sa@webcrawler-450417.iam.gserviceaccount.com",
            "project": "webcrawler-450417",
            "role": "roles/run.invoker"
          },
          "sensitive_attributes": [],
          "identity_schema_version": 0,
          "private": "bnVsbA==",
          "dependencies": [
            "google_service_account.pubsub_sa"
          ]
        }
      ]
    },
    {
      "mode": "managed",
      "type": "google_pubsub_topic_iam_member",
      "name": "topic_publisher",
      "provider": "provider[\"registry.terraform.io/hashicorp/google\"]",
      "instances": [
        {
          "index_key": "audit_error",
          "schema_version": 0,
          "attributes": {
            "condition": [],
            "etag": "BwY6NkcWbkE=",
            "id": "projects/webcrawler-450417/topics/audit_error/roles/pubsub.publisher/serviceAccount:pubsub-sa@webcrawler-450417.iam.gserviceaccount.com",
            "member": "serviceAccount:pubsub-sa@webcrawler-450417.iam.gserviceaccount.com",
            "project": "webcrawler-450417",
            "role": "roles/pubsub.publisher",
            "topic": "projects/webcrawler-450417/topics/audit_error"
          },
          "sensitive_attributes": [],
          "identity_schema_version": 0,
          "private": "bnVsbA==",
          "dependencies": [
            "google_service_account.pubsub_sa",
            "module.pubsub_topics.google_pubsub_topic.audit_error_topic",
            "module.pubsub_topics.google_pubsub_topic.audit_update_topic",
            "module.pubsub_topics.google_pubsub_topic.journey_candidate_topic",
            "module.pubsub_topics.google_pubsub_topic.journey_completion_cleanup_topic",
            "module.pubsub_topics.google_pubsub_topic.journey_discarded_topic",
            "module.pubsub_topics.google_pubsub_topic.journey_verified_topic",
            "module.pubsub_topics.google_pubsub_topic.page_audit_topic",
            "module.pubsub_topics.google_pubsub_topic.page_created_topic",
            "module.pubsub_topics.google_pubsub_topic.url_topic"
          ]
        },
        {
          "index_key": "audit_update",
          "schema_version": 0,
          "attributes": {
            "condition": [],
            "etag": "BwY6Nkcnm9I=",
            "id": "projects/webcrawler-450417/topics/audit_update/roles/pubsub.publisher/serviceAccount:pubsub-sa@webcrawler-450417.iam.gserviceaccount.com",
            "member": "serviceAccount:pubsub-sa@webcrawler-450417.iam.gserviceaccount.com",
            "project": "webcrawler-450417",
            "role": "roles/pubsub.publisher",
            "topic": "projects/webcrawler-450417/topics/audit_update"
          },
          "sensitive_attributes": [],
          "identity_schema_version": 0,
          "private": "bnVsbA==",
          "dependencies": [
            "google_service_account.pubsub_sa",
            "module.pubsub_topics.google_pubsub_topic.audit_error_topic",
            "module.pubsub_topics.google_pubsub_topic.audit_update_topic",
            "module.pubsub_topics.google_pubsub_topic.journey_candidate_topic",
            "module.pubsub_topics.google_pubsub_topic.journey_completion_cleanup_topic",
            "module.pubsub_topics.google_pubsub_topic.journey_discarded_topic",
            "module.pubsub_topics.google_pubsub_topic.journey_verified_topic",
            "module.pubsub_topics.google_pubsub_topic.page_audit_topic",
            "module.pubsub_topics.google_pubsub_topic.page_created_topic",
            "module.pubsub_topics.google_pubsub_topic.url_topic"
          ]
        },
        {
          "index_key": "journey_candidate",
          "schema_version": 0,
          "attributes": {
            "condition": [],
            "etag": "BwY6NkcsDRk=",
            "id": "projects/webcrawler-450417/topics/journey_candidate/roles/pubsub.publisher/serviceAccount:pubsub-sa@webcrawler-450417.iam.gserviceaccount.com",
            "member": "serviceAccount:pubsub-sa@webcrawler-450417.iam.gserviceaccount.com",
            "project": "webcrawler-450417",
            "role": "roles/pubsub.publisher",
            "topic": "projects/webcrawler-450417/topics/journey_candidate"
          },
          "sensitive_attributes": [],
          "identity_schema_version": 0,
          "private": "bnVsbA==",
          "dependencies": [
            "google_service_account.pubsub_sa",
            "module.pubsub_topics.google_pubsub_topic.audit_error_topic",
            "module.pubsub_topics.google_pubsub_topic.audit_update_topic",
            "module.pubsub_topics.google_pubsub_topic.journey_candidate_topic",
            "module.pubsub_topics.google_pubsub_topic.journey_completion_cleanup_topic",
            "module.pubsub_topics.google_pubsub_topic.journey_discarded_topic",
            "module.pubsub_topics.google_pubsub_topic.journey_verified_topic",
            "module.pubsub_topics.google_pubsub_topic.page_audit_topic",
            "module.pubsub_topics.google_pubsub_topic.page_created_topic",
            "module.pubsub_topics.google_pubsub_topic.url_topic"
          ]
        },
        {
          "index_key": "journey_completion_cleanup",
          "schema_version": 0,
          "attributes": {
            "condition": [],
            "etag": "BwY6NkckXOg=",
            "id": "projects/webcrawler-450417/topics/journey_completion_cleanup/roles/pubsub.publisher/serviceAccount:pubsub-sa@webcrawler-450417.iam.gserviceaccount.com",
            "member": "serviceAccount:pubsub-sa@webcrawler-450417.iam.gserviceaccount.com",
            "project": "webcrawler-450417",
            "role": "roles/pubsub.publisher",
            "topic": "projects/webcrawler-450417/topics/journey_completion_cleanup"
          },
          "sensitive_attributes": [],
          "identity_schema_version": 0,
          "private": "bnVsbA==",
          "dependencies": [
            "google_service_account.pubsub_sa",
            "module.pubsub_topics.google_pubsub_topic.audit_error_topic",
            "module.pubsub_topics.google_pubsub_topic.audit_update_topic",
            "module.pubsub_topics.google_pubsub_topic.journey_candidate_topic",
            "module.pubsub_topics.google_pubsub_topic.journey_completion_cleanup_topic",
            "module.pubsub_topics.google_pubsub_topic.journey_discarded_topic",
            "module.pubsub_topics.google_pubsub_topic.journey_verified_topic",
            "module.pubsub_topics.google_pubsub_topic.page_audit_topic",
            "module.pubsub_topics.google_pubsub_topic.page_created_topic",
            "module.pubsub_topics.google_pubsub_topic.url_topic"
          ]
        },
        {
          "index_key": "journey_discarded",
          "schema_version": 0,
          "attributes": {
            "condition": [],
            "etag": "BwY6NkcMAiI=",
            "id": "projects/webcrawler-450417/topics/journey_discarded/roles/pubsub.publisher/serviceAccount:pubsub-sa@webcrawler-450417.iam.gserviceaccount.com",
            "member": "serviceAccount:pubsub-sa@webcrawler-450417.iam.gserviceaccount.com",
            "project": "webcrawler-450417",
            "role": "roles/pubsub.publisher",
            "topic": "projects/webcrawler-450417/topics/journey_discarded"
          },
          "sensitive_attributes": [],
          "identity_schema_version": 0,
          "private": "bnVsbA==",
          "dependencies": [
            "google_service_account.pubsub_sa",
            "module.pubsub_topics.google_pubsub_topic.audit_error_topic",
            "module.pubsub_topics.google_pubsub_topic.audit_update_topic",
            "module.pubsub_topics.google_pubsub_topic.journey_candidate_topic",
            "module.pubsub_topics.google_pubsub_topic.journey_completion_cleanup_topic",
            "module.pubsub_topics.google_pubsub_topic.journey_discarded_topic",
            "module.pubsub_topics.google_pubsub_topic.journey_verified_topic",
            "module.pubsub_topics.google_pubsub_topic.page_audit_topic",
            "module.pubsub_topics.google_pubsub_topic.page_created_topic",
            "module.pubsub_topics.google_pubsub_topic.url_topic"
          ]
        },
        {
          "index_key": "journey_verified",
          "schema_version": 0,
          "attributes": {
            "condition": [],
            "etag": "BwY6NkbkZfE=",
            "id": "projects/webcrawler-450417/topics/journey_verified/roles/pubsub.publisher/serviceAccount:pubsub-sa@webcrawler-450417.iam.gserviceaccount.com",
            "member": "serviceAccount:pubsub-sa@webcrawler-450417.iam.gserviceaccount.com",
            "project": "webcrawler-450417",
            "role": "roles/pubsub.publisher",
            "topic": "projects/webcrawler-450417/topics/journey_verified"
          },
          "sensitive_attributes": [],
          "identity_schema_version": 0,
          "private": "bnVsbA==",
          "dependencies": [
            "google_service_account.pubsub_sa",
            "module.pubsub_topics.google_pubsub_topic.audit_error_topic",
            "module.pubsub_topics.google_pubsub_topic.audit_update_topic",
            "module.pubsub_topics.google_pubsub_topic.journey_candidate_topic",
            "module.pubsub_topics.google_pubsub_topic.journey_completion_cleanup_topic",
            "module.pubsub_topics.google_pubsub_topic.journey_discarded_topic",
            "module.pubsub_topics.google_pubsub_topic.journey_verified_topic",
            "module.pubsub_topics.google_pubsub_topic.page_audit_topic",
            "module.pubsub_topics.google_pubsub_topic.page_created_topic",
            "module.pubsub_topics.google_pubsub_topic.url_topic"
          ]
        },
        {
          "index_key": "page_audit",
          "schema_version": 0,
          "attributes": {
            "condition": [],
            "etag": "BwY6Nkbr3v0=",
            "id": "projects/webcrawler-450417/topics/page_audit/roles/pubsub.publisher/serviceAccount:pubsub-sa@webcrawler-450417.iam.gserviceaccount.com",
            "member": "serviceAccount:pubsub-sa@webcrawler-450417.iam.gserviceaccount.com",
            "project": "webcrawler-450417",
            "role": "roles/pubsub.publisher",
            "topic": "projects/webcrawler-450417/topics/page_audit"
          },
          "sensitive_attributes": [],
          "identity_schema_version": 0,
          "private": "bnVsbA==",
          "dependencies": [
            "google_service_account.pubsub_sa",
            "module.pubsub_topics.google_pubsub_topic.audit_error_topic",
            "module.pubsub_topics.google_pubsub_topic.audit_update_topic",
            "module.pubsub_topics.google_pubsub_topic.journey_candidate_topic",
            "module.pubsub_topics.google_pubsub_topic.journey_completion_cleanup_topic",
            "module.pubsub_topics.google_pubsub_topic.journey_discarded_topic",
            "module.pubsub_topics.google_pubsub_topic.journey_verified_topic",
            "module.pubsub_topics.google_pubsub_topic.page_audit_topic",
            "module.pubsub_topics.google_pubsub_topic.page_created_topic",
            "module.pubsub_topics.google_pubsub_topic.url_topic"
          ]
        },
        {
          "index_key": "page_created",
          "schema_version": 0,
          "attributes": {
            "condition": [],
            "etag": "BwY6NkdNqPw=",
            "id": "projects/webcrawler-450417/topics/page_created/roles/pubsub.publisher/serviceAccount:pubsub-sa@webcrawler-450417.iam.gserviceaccount.com",
            "member": "serviceAccount:pubsub-sa@webcrawler-450417.iam.gserviceaccount.com",
            "project": "webcrawler-450417",
            "role": "roles/pubsub.publisher",
            "topic": "projects/webcrawler-450417/topics/page_created"
          },
          "sensitive_attributes": [],
          "identity_schema_version": 0,
          "private": "bnVsbA==",
          "dependencies": [
            "google_service_account.pubsub_sa",
            "module.pubsub_topics.google_pubsub_topic.audit_error_topic",
            "module.pubsub_topics.google_pubsub_topic.audit_update_topic",
            "module.pubsub_topics.google_pubsub_topic.journey_candidate_topic",
            "module.pubsub_topics.google_pubsub_topic.journey_completion_cleanup_topic",
            "module.pubsub_topics.google_pubsub_topic.journey_discarded_topic",
            "module.pubsub_topics.google_pubsub_topic.journey_verified_topic",
            "module.pubsub_topics.google_pubsub_topic.page_audit_topic",
            "module.pubsub_topics.google_pubsub_topic.page_created_topic",
            "module.pubsub_topics.google_pubsub_topic.url_topic"
          ]
        },
        {
          "index_key": "url",
          "schema_version": 0,
          "attributes": {
            "condition": [],
            "etag": "BwY6NkcaAFE=",
            "id": "projects/webcrawler-450417/topics/url/roles/pubsub.publisher/serviceAccount:pubsub-sa@webcrawler-450417.iam.gserviceaccount.com",
            "member": "serviceAccount:pubsub-sa@webcrawler-450417.iam.gserviceaccount.com",
            "project": "webcrawler-450417",
            "role": "roles/pubsub.publisher",
            "topic": "projects/webcrawler-450417/topics/url"
          },
          "sensitive_attributes": [],
          "identity_schema_version": 0,
          "private": "bnVsbA==",
          "dependencies": [
            "google_service_account.pubsub_sa",
            "module.pubsub_topics.google_pubsub_topic.audit_error_topic",
            "module.pubsub_topics.google_pubsub_topic.audit_update_topic",
            "module.pubsub_topics.google_pubsub_topic.journey_candidate_topic",
            "module.pubsub_topics.google_pubsub_topic.journey_completion_cleanup_topic",
            "module.pubsub_topics.google_pubsub_topic.journey_discarded_topic",
            "module.pubsub_topics.google_pubsub_topic.journey_verified_topic",
            "module.pubsub_topics.google_pubsub_topic.page_audit_topic",
            "module.pubsub_topics.google_pubsub_topic.page_created_topic",
            "module.pubsub_topics.google_pubsub_topic.url_topic"
          ]
        }
      ]
    },
    {
      "mode": "managed",
      "type": "google_service_account",
      "name": "cloud_run_sa",
      "provider": "provider[\"registry.terraform.io/hashicorp/google\"]",
      "instances": [
        {
          "schema_version": 0,
          "attributes": {
            "account_id": "cloud-run-sa",
            "create_ignore_already_exists": null,
            "description": "",
            "disabled": false,
            "display_name": "Service Account for Cloud Run",
            "email": "cloud-run-sa@webcrawler-450417.iam.gserviceaccount.com",
            "id": "projects/webcrawler-450417/serviceAccounts/cloud-run-sa@webcrawler-450417.iam.gserviceaccount.com",
            "member": "serviceAccount:cloud-run-sa@webcrawler-450417.iam.gserviceaccount.com",
            "name": "projects/webcrawler-450417/serviceAccounts/cloud-run-sa@webcrawler-450417.iam.gserviceaccount.com",
            "project": "webcrawler-450417",
            "timeouts": null,
            "unique_id": "100595452745067170882"
          },
          "sensitive_attributes": [],
          "identity_schema_version": 0,
          "private": "eyJlMmJmYjczMC1lY2FhLTExZTYtOGY4OC0zNDM2M2JjN2M0YzAiOnsiY3JlYXRlIjozMDAwMDAwMDAwMDB9fQ=="
        }
      ]
    },
    {
      "mode": "managed",
      "type": "google_service_account",
      "name": "pubsub_sa",
      "provider": "provider[\"registry.terraform.io/hashicorp/google\"]",
      "instances": [
        {
          "schema_version": 0,
          "attributes": {
            "account_id": "pubsub-sa",
            "create_ignore_already_exists": null,
            "description": "",
            "disabled": false,
            "display_name": "Service Account for PubSub to invoke Cloud Run",
            "email": "pubsub-sa@webcrawler-450417.iam.gserviceaccount.com",
            "id": "projects/webcrawler-450417/serviceAccounts/pubsub-sa@webcrawler-450417.iam.gserviceaccount.com",
            "member": "serviceAccount:pubsub-sa@webcrawler-450417.iam.gserviceaccount.com",
            "name": "projects/webcrawler-450417/serviceAccounts/pubsub-sa@webcrawler-450417.iam.gserviceaccount.com",
            "project": "webcrawler-450417",
            "timeouts": null,
            "unique_id": "117825393527842702883"
          },
          "sensitive_attributes": [],
          "identity_schema_version": 0,
          "private": "eyJlMmJmYjczMC1lY2FhLTExZTYtOGY4OC0zNDM2M2JjN2M0YzAiOnsiY3JlYXRlIjozMDAwMDAwMDAwMDB9fQ=="
        }
      ]
    },
    {
      "mode": "managed",
      "type": "google_storage_bucket",
      "name": "looksee_data",
      "provider": "provider[\"registry.terraform.io/hashicorp/google\"]",
      "instances": [
        {
          "schema_version": 3,
          "attributes": {
            "autoclass": [],
            "cors": [],
            "custom_placement_config": [],
            "default_event_based_hold": false,
            "effective_labels": {
              "application": "crawler",
              "environment": "dev",
              "goog-terraform-provisioned": "true"
            },
            "enable_object_retention": false,
            "encryption": [],
            "force_destroy": true,
            "hierarchical_namespace": [
              {
                "enabled": false
              }
            ],
            "id": "looksee-data-dev",
            "ip_filter": [],
            "labels": {
              "application": "crawler",
              "environment": "dev"
            },
            "lifecycle_rule": [
              {
                "action": [
                  {
                    "storage_class": "",
                    "type": "Delete"
                  }
                ],
                "condition": [
                  {
                    "age": 365,
                    "created_before": "",
                    "custom_time_before": "",
                    "days_since_custom_time": 0,
                    "days_since_noncurrent_time": 0,
                    "matches_prefix": [],
                    "matches_storage_class": [],
                    "matches_suffix": [],
                    "noncurrent_time_before": "",
                    "num_newer_versions": 0,
                    "send_age_if_zero": false,
                    "send_days_since_custom_time_if_zero": false,
                    "send_days_since_noncurrent_time_if_zero": false,
                    "send_num_newer_versions_if_zero": false,
                    "with_state": "ANY"
                  }
                ]
              }
            ],
            "location": "US-CENTRAL1",
            "logging": [],
            "name": "looksee-data-dev",
            "project": "webcrawler-450417",
            "project_number": 673367928406,
            "public_access_prevention": "inherited",
            "requester_pays": false,
            "retention_policy": [],
            "rpo": null,
            "self_link": "https://www.googleapis.com/storage/v1/b/looksee-data-dev",
            "soft_delete_policy": [
              {
                "effective_time": "2025-07-18T16:03:36.156Z",
                "retention_duration_seconds": 604800
              }
            ],
            "storage_class": "STANDARD",
            "terraform_labels": {
              "application": "crawler",
              "environment": "dev",
              "goog-terraform-provisioned": "true"
            },
            "time_created": "2025-07-18T16:03:36.156Z",
            "timeouts": null,
            "uniform_bucket_level_access": false,
            "updated": "2025-07-18T16:04:06.443Z",
            "url": "gs://looksee-data-dev",
            "versioning": [
              {
                "enabled": true
              }
            ],
            "website": []
          },
          "sensitive_attributes": [],
          "identity_schema_version": 0,
          "private": "eyJlMmJmYjczMC1lY2FhLTExZTYtOGY4OC0zNDM2M2JjN2M0YzAiOnsiY3JlYXRlIjo2MDAwMDAwMDAwMDAsInJlYWQiOjI0MDAwMDAwMDAwMCwidXBkYXRlIjoyNDAwMDAwMDAwMDB9LCJzY2hlbWFfdmVyc2lvbiI6IjMifQ=="
        }
      ]
    },
    {
      "mode": "managed",
      "type": "google_storage_bucket_iam_binding",
      "name": "looksee_data_cloud_run_write",
      "provider": "provider[\"registry.terraform.io/hashicorp/google\"]",
      "instances": [
        {
          "schema_version": 0,
          "attributes": {
            "bucket": "b/looksee-data-dev",
            "condition": [],
            "etag": "CAM=",
            "id": "b/looksee-data-dev/roles/storage.objectAdmin",
            "members": [
              "serviceAccount:cloud-run-sa@webcrawler-450417.iam.gserviceaccount.com"
            ],
            "role": "roles/storage.objectAdmin"
          },
          "sensitive_attributes": [],
          "identity_schema_version": 0,
          "private": "bnVsbA==",
          "dependencies": [
            "google_service_account.cloud_run_sa",
            "google_storage_bucket.looksee_data"
          ]
        }
      ]
    },
    {
      "mode": "managed",
      "type": "google_storage_bucket_iam_binding",
      "name": "looksee_data_public_read",
      "provider": "provider[\"registry.terraform.io/hashicorp/google\"]",
      "instances": [
        {
          "schema_version": 0,
          "attributes": {
            "bucket": "b/looksee-data-dev",
            "condition": [],
            "etag": "CAM=",
            "id": "b/looksee-data-dev/roles/storage.objectViewer",
            "members": [
              "allUsers"
            ],
            "role": "roles/storage.objectViewer"
          },
          "sensitive_attributes": [],
          "identity_schema_version": 0,
          "private": "bnVsbA==",
          "dependencies": [
            "google_storage_bucket.looksee_data"
          ]
        }
      ]
    },
    {
      "module": "module.api",
      "mode": "managed",
      "type": "google_cloud_run_service",
      "name": "api",
      "provider": "provider[\"registry.terraform.io/hashicorp/google\"]",
      "instances": [
        {
          "schema_version": 2,
          "attributes": {
            "autogenerate_revision_name": false,
            "id": "locations/us-central1/namespaces/webcrawler-450417/services/api",
            "location": "us-central1",
            "metadata": [
              {
                "annotations": {
                  "run.googleapis.com/client-name": "terraform"
                },
                "effective_annotations": {
                  "run.googleapis.com/client-name": "terraform",
                  "run.googleapis.com/ingress": "all",
                  "run.googleapis.com/ingress-status": "all",
                  "run.googleapis.com/operation-id": "4ba8310f-5601-470c-b321-865009e39167",
                  "run.googleapis.com/urls": "[\"https://api-673367928406.us-central1.run.app\",\"https://api-5wvl2oswbq-uc.a.run.app\"]",
                  "serving.knative.dev/creator": "webcrawleraccountmanager@webcrawler-450417.iam.gserviceaccount.com",
                  "serving.knative.dev/lastModifier": "webcrawleraccountmanager@webcrawler-450417.iam.gserviceaccount.com"
                },
                "effective_labels": {
                  "cloud.googleapis.com/location": "us-central1",
                  "goog-terraform-provisioned": "true"
                },
                "generation": 1,
                "labels": {},
                "namespace": "webcrawler-450417",
                "resource_version": "AAY6NlAqVDk",
                "self_link": "/apis/serving.knative.dev/v1/namespaces/673367928406/services/api",
                "terraform_labels": {
                  "goog-terraform-provisioned": "true"
                },
                "uid": "f90158b6-f044-44b5-b45e-57e538870469"
              }
            ],
            "name": "api",
            "project": "webcrawler-450417",
            "status": [
              {
                "conditions": [
                  {
                    "message": "",
                    "reason": "",
                    "status": "True",
                    "type": "Ready"
                  },
                  {
                    "message": "",
                    "reason": "",
                    "status": "True",
                    "type": "ConfigurationsReady"
                  },
                  {
                    "message": "",
                    "reason": "",
                    "status": "True",
                    "type": "RoutesReady"
                  }
                ],
                "latest_created_revision_name": "api-00001-2gv",
                "latest_ready_revision_name": "api-00001-2gv",
                "observed_generation": 1,
                "traffic": [
                  {
                    "latest_revision": true,
                    "percent": 100,
                    "revision_name": "api-00001-2gv",
                    "tag": "",
                    "url": ""
                  }
                ],
                "url": "https://api-5wvl2oswbq-uc.a.run.app"
              }
            ],
            "template": [
              {
                "metadata": [
                  {
                    "annotations": {
                      "autoscaling.knative.dev/maxScale": "20"
                    },
                    "generation": 0,
                    "labels": {
                      "run.googleapis.com/startupProbeType": "Default"
                    },
                    "name": "",
                    "namespace": "",
                    "resource_version": "",
                    "self_link": "",
                    "uid": ""
                  }
                ],
                "spec": [
                  {
                    "container_concurrency": 80,
                    "containers": [
                      {
                        "args": [],
                        "command": [],
                        "env": [
                          {
                            "name": "NEO4J_BOLT_URI",
                            "value": "",
                            "value_from": [
                              {
                                "secret_key_ref": [
                                  {
                                    "key": "latest",
                                    "name": "neo4j-bolt-uri"
                                  }
                                ]
                              }
                            ]
                          },
                          {
                            "name": "NEO4J_DB_NAME",
                            "value": "",
                            "value_from": [
                              {
                                "secret_key_ref": [
                                  {
                                    "key": "latest",
                                    "name": "neo4j-db-name"
                                  }
                                ]
                              }
                            ]
                          },
                          {
                            "name": "NEO4J_PASSWORD",
                            "value": "",
                            "value_from": [
                              {
                                "secret_key_ref": [
                                  {
                                    "key": "latest",
                                    "name": "neo4j-password"
                                  }
                                ]
                              }
                            ]
                          },
                          {
                            "name": "NEO4J_USERNAME",
                            "value": "",
                            "value_from": [
                              {
                                "secret_key_ref": [
                                  {
                                    "key": "latest",
                                    "name": "neo4j-username"
                                  }
                                ]
                              }
                            ]
                          },
                          {
                            "name": "auth0.audience",
                            "value": "",
                            "value_from": [
                              {
                                "secret_key_ref": [
                                  {
                                    "key": "latest",
                                    "name": "auth0-audience"
                                  }
                                ]
                              }
                            ]
                          },
                          {
                            "name": "auth0.client-id",
                            "value": "",
                            "value_from": [
                              {
                                "secret_key_ref": [
                                  {
                                    "key": "latest",
                                    "name": "auth0-client-id"
                                  }
                                ]
                              }
                            ]
                          },
                          {
                            "name": "auth0.client-secret",
                            "value": "",
                            "value_from": [
                              {
                                "secret_key_ref": [
                                  {
                                    "key": "latest",
                                    "name": "auth0-client-secret"
                                  }
                                ]
                              }
                            ]
                          },
                          {
                            "name": "auth0.domain",
                            "value": "",
                            "value_from": [
                              {
                                "secret_key_ref": [
                                  {
                                    "key": "latest",
                                    "name": "auth0-domain"
                                  }
                                ]
                              }
                            ]
                          },
                          {
                            "name": "auth0.management-api-audience",
                            "value": "",
                            "value_from": [
                              {
                                "secret_key_ref": [
                                  {
                                    "key": "latest",
                                    "name": "auth0-management-api-audience"
                                  }
                                ]
                              }
                            ]
                          },
                          {
                            "name": "auth0.management-api-client-id",
                            "value": "",
                            "value_from": [
                              {
                                "secret_key_ref": [
                                  {
                                    "key": "latest",
                                    "name": "auth0-management-api-client-id"
                                  }
                                ]
                              }
                            ]
                          },
                          {
                            "name": "auth0.management-api-client-secret",
                            "value": "",
                            "value_from": [
                              {
                                "secret_key_ref": [
                                  {
                                    "key": "latest",
                                    "name": "auth0-management-api-client-secret"
                                  }
                                ]
                              }
                            ]
                          },
                          {
                            "name": "auth0.management-api-domain",
                            "value": "",
                            "value_from": [
                              {
                                "secret_key_ref": [
                                  {
                                    "key": "latest",
                                    "name": "auth0-management-api-domain"
                                  }
                                ]
                              }
                            ]
                          },
                          {
                            "name": "gcp.storage.bucket.name",
                            "value": "looksee-data-dev",
                            "value_from": []
                          },
                          {
                            "name": "pubsub.discarded_journey_topic",
                            "value": "projects/webcrawler-450417/topics/journey_discarded",
                            "value_from": []
                          },
                          {
                            "name": "pubsub.error_topic",
                            "value": "projects/webcrawler-450417/topics/audit_error",
                            "value_from": []
                          },
                          {
                            "name": "pubsub.url_topic",
                            "value": "projects/webcrawler-450417/topics/url",
                            "value_from": []
                          }
                        ],
                        "env_from": [],
                        "image": "docker.io/deepthought42/crawler-api:latest",
                        "liveness_probe": [],
                        "name": "",
                        "ports": [
                          {
                            "container_port": 9080,
                            "name": "http1",
                            "protocol": ""
                          }
                        ],
                        "resources": [
                          {
                            "limits": {
                              "cpu": "1",
                              "memory": "2Gi"
                            },
                            "requests": {
                              "cpu": "0.5",
                              "memory": "1Gi"
                            }
                          }
                        ],
                        "startup_probe": [
                          {
                            "failure_threshold": 1,
                            "grpc": [],
                            "http_get": [],
                            "initial_delay_seconds": 0,
                            "period_seconds": 240,
                            "tcp_socket": [
                              {
                                "port": 9080
                              }
                            ],
                            "timeout_seconds": 240
                          }
                        ],
                        "volume_mounts": [],
                        "working_dir": ""
                      }
                    ],
                    "node_selector": {},
                    "service_account_name": "673367928406-compute@developer.gserviceaccount.com",
                    "serving_state": "",
                    "timeout_seconds": 300,
                    "volumes": []
                  }
                ]
              }
            ],
            "timeouts": null,
            "traffic": [
              {
                "latest_revision": true,
                "percent": 100,
                "revision_name": "",
                "tag": "",
                "url": ""
              }
            ]
          },
          "sensitive_attributes": [],
          "identity_schema_version": 0,
          "private": "eyJlMmJmYjczMC1lY2FhLTExZTYtOGY4OC0zNDM2M2JjN2M0YzAiOnsiY3JlYXRlIjoxMjAwMDAwMDAwMDAwLCJkZWxldGUiOjEyMDAwMDAwMDAwMDAsInVwZGF0ZSI6MTIwMDAwMDAwMDAwMH0sInNjaGVtYV92ZXJzaW9uIjoiMiJ9",
          "dependencies": [
            "google_service_account.cloud_run_sa",
            "google_storage_bucket.looksee_data",
            "module.neo4j_db.google_compute_firewall.neo4j-internal",
            "module.neo4j_db.google_compute_instance.neo4j",
            "module.neo4j_db.google_iap_tunnel_instance_iam_member.ssh",
            "module.neo4j_db.google_project_iam_member.neo4j_iap_tunnel_user",
            "module.neo4j_db.google_project_iam_member.neo4j_logging",
            "module.neo4j_db.google_project_iam_member.neo4j_monitoring",
            "module.neo4j_db.google_project_iam_member.neo4j_storage_viewer",
            "module.neo4j_db.google_secret_manager_secret.neo4j_bolt_uri",
            "module.neo4j_db.google_secret_manager_secret_iam_member.neo4j_bolt_uri_secret_accessor",
            "module.neo4j_db.google_secret_manager_secret_version.neo4j_bolt_uri_version",
            "module.neo4j_db.google_service_account.neo4j_instance_sa",
            "module.pubsub_topics.google_pubsub_topic.audit_error_topic",
            "module.pubsub_topics.google_pubsub_topic.journey_discarded_topic",
            "module.pubsub_topics.google_pubsub_topic.url_topic",
            "module.secrets.google_secret_manager_secret.auth0_audience",
            "module.secrets.google_secret_manager_secret.auth0_client_id",
            "module.secrets.google_secret_manager_secret.auth0_client_secret",
            "module.secrets.google_secret_manager_secret.auth0_domain",
            "module.secrets.google_secret_manager_secret.auth0_management_api_audience",
            "module.secrets.google_secret_manager_secret.auth0_management_api_client_id",
            "module.secrets.google_secret_manager_secret.auth0_management_api_client_secret",
            "module.secrets.google_secret_manager_secret.auth0_management_api_domain",
            "module.secrets.google_secret_manager_secret.neo4j_db_name",
            "module.secrets.google_secret_manager_secret.neo4j_password",
            "module.secrets.google_secret_manager_secret.neo4j_username",
            "module.secrets.google_secret_manager_secret.pusher_app_id",
            "module.secrets.google_secret_manager_secret.pusher_cluster",
            "module.secrets.google_secret_manager_secret.pusher_key",
            "module.secrets.google_secret_manager_secret.pusher_secret",
            "module.secrets.google_secret_manager_secret.selenium_urls",
            "module.secrets.google_secret_manager_secret.smtp_password",
            "module.secrets.google_secret_manager_secret.smtp_username",
            "module.secrets.google_secret_manager_secret_iam_member.neo4j_db_name_secret_accessor",
            "module.secrets.google_secret_manager_secret_iam_member.neo4j_password_secret_accessor",
            "module.secrets.google_secret_manager_secret_iam_member.neo4j_username_secret_accessor",
            "module.secrets.google_secret_manager_secret_iam_member.pusher_app_id_secret_accessor",
            "module.secrets.google_secret_manager_secret_iam_member.pusher_cluster_secret_accessor",
            "module.secrets.google_secret_manager_secret_iam_member.pusher_key_secret_accessor",
            "module.secrets.google_secret_manager_secret_iam_member.pusher_secret_secret_accessor",
            "module.secrets.google_secret_manager_secret_iam_member.smtp_password_secret_accessor",
            "module.secrets.google_secret_manager_secret_iam_member.smtp_username_secret_accessor",
            "module.secrets.google_secret_manager_secret_version.auth0_audience_version",
            "module.secrets.google_secret_manager_secret_version.auth0_client_id_version",
            "module.secrets.google_secret_manager_secret_version.auth0_client_secret_version",
            "module.secrets.google_secret_manager_secret_version.auth0_domain_version",
            "module.secrets.google_secret_manager_secret_version.auth0_management_api_audience_version",
            "module.secrets.google_secret_manager_secret_version.auth0_management_api_client_id_version",
            "module.secrets.google_secret_manager_secret_version.auth0_management_api_client_secret_version",
            "module.secrets.google_secret_manager_secret_version.auth0_management_api_domain_version",
            "module.secrets.google_secret_manager_secret_version.neo4j_db_name_version",
            "module.secrets.google_secret_manager_secret_version.neo4j_password_version",
            "module.secrets.google_secret_manager_secret_version.neo4j_username_version",
            "module.secrets.google_secret_manager_secret_version.pusher_app_id_version",
            "module.secrets.google_secret_manager_secret_version.pusher_cluster_version",
            "module.secrets.google_secret_manager_secret_version.pusher_key_version",
            "module.secrets.google_secret_manager_secret_version.pusher_secret_version",
            "module.secrets.google_secret_manager_secret_version.selenium_urls_version",
            "module.secrets.google_secret_manager_secret_version.smtp_password_version",
            "module.secrets.google_secret_manager_secret_version.smtp_username_version",
            "module.selenium_chrome_cloud_run.google_cloud_run_service.selenium_standalone_chrome",
            "module.vpc.google_compute_network.vpc",
            "module.vpc.google_compute_subnetwork.custom_subnet"
          ]
        }
      ]
    },
    {
      "module": "module.api",
      "mode": "managed",
      "type": "google_cloud_run_service_iam_member",
      "name": "public_access",
      "provider": "provider[\"registry.terraform.io/hashicorp/google\"]",
      "instances": [
        {
          "schema_version": 0,
          "attributes": {
            "condition": [],
            "etag": "BwY6NlB59a4=",
            "id": "v1/projects/webcrawler-450417/locations/us-central1/services/api/roles/run.invoker/allUsers",
            "location": "us-central1",
            "member": "allUsers",
            "project": "webcrawler-450417",
            "role": "roles/run.invoker",
            "service": "v1/projects/webcrawler-450417/locations/us-central1/services/api"
          },
          "sensitive_attributes": [],
          "identity_schema_version": 0,
          "private": "bnVsbA==",
          "dependencies": [
            "google_service_account.cloud_run_sa",
            "google_storage_bucket.looksee_data",
            "module.api.google_cloud_run_service.api",
            "module.neo4j_db.google_compute_firewall.neo4j-internal",
            "module.neo4j_db.google_compute_instance.neo4j",
            "module.neo4j_db.google_iap_tunnel_instance_iam_member.ssh",
            "module.neo4j_db.google_project_iam_member.neo4j_iap_tunnel_user",
            "module.neo4j_db.google_project_iam_member.neo4j_logging",
            "module.neo4j_db.google_project_iam_member.neo4j_monitoring",
            "module.neo4j_db.google_project_iam_member.neo4j_storage_viewer",
            "module.neo4j_db.google_secret_manager_secret.neo4j_bolt_uri",
            "module.neo4j_db.google_secret_manager_secret_iam_member.neo4j_bolt_uri_secret_accessor",
            "module.neo4j_db.google_secret_manager_secret_version.neo4j_bolt_uri_version",
            "module.neo4j_db.google_service_account.neo4j_instance_sa",
            "module.pubsub_topics.google_pubsub_topic.audit_error_topic",
            "module.pubsub_topics.google_pubsub_topic.journey_discarded_topic",
            "module.pubsub_topics.google_pubsub_topic.url_topic",
            "module.secrets.google_secret_manager_secret.auth0_audience",
            "module.secrets.google_secret_manager_secret.auth0_client_id",
            "module.secrets.google_secret_manager_secret.auth0_client_secret",
            "module.secrets.google_secret_manager_secret.auth0_domain",
            "module.secrets.google_secret_manager_secret.auth0_management_api_audience",
            "module.secrets.google_secret_manager_secret.auth0_management_api_client_id",
            "module.secrets.google_secret_manager_secret.auth0_management_api_client_secret",
            "module.secrets.google_secret_manager_secret.auth0_management_api_domain",
            "module.secrets.google_secret_manager_secret.neo4j_db_name",
            "module.secrets.google_secret_manager_secret.neo4j_password",
            "module.secrets.google_secret_manager_secret.neo4j_username",
            "module.secrets.google_secret_manager_secret.pusher_app_id",
            "module.secrets.google_secret_manager_secret.pusher_cluster",
            "module.secrets.google_secret_manager_secret.pusher_key",
            "module.secrets.google_secret_manager_secret.pusher_secret",
            "module.secrets.google_secret_manager_secret.selenium_urls",
            "module.secrets.google_secret_manager_secret.smtp_password",
            "module.secrets.google_secret_manager_secret.smtp_username",
            "module.secrets.google_secret_manager_secret_iam_member.neo4j_db_name_secret_accessor",
            "module.secrets.google_secret_manager_secret_iam_member.neo4j_password_secret_accessor",
            "module.secrets.google_secret_manager_secret_iam_member.neo4j_username_secret_accessor",
            "module.secrets.google_secret_manager_secret_iam_member.pusher_app_id_secret_accessor",
            "module.secrets.google_secret_manager_secret_iam_member.pusher_cluster_secret_accessor",
            "module.secrets.google_secret_manager_secret_iam_member.pusher_key_secret_accessor",
            "module.secrets.google_secret_manager_secret_iam_member.pusher_secret_secret_accessor",
            "module.secrets.google_secret_manager_secret_iam_member.smtp_password_secret_accessor",
            "module.secrets.google_secret_manager_secret_iam_member.smtp_username_secret_accessor",
            "module.secrets.google_secret_manager_secret_version.auth0_audience_version",
            "module.secrets.google_secret_manager_secret_version.auth0_client_id_version",
            "module.secrets.google_secret_manager_secret_version.auth0_client_secret_version",
            "module.secrets.google_secret_manager_secret_version.auth0_domain_version",
            "module.secrets.google_secret_manager_secret_version.auth0_management_api_audience_version",
            "module.secrets.google_secret_manager_secret_version.auth0_management_api_client_id_version",
            "module.secrets.google_secret_manager_secret_version.auth0_management_api_client_secret_version",
            "module.secrets.google_secret_manager_secret_version.auth0_management_api_domain_version",
            "module.secrets.google_secret_manager_secret_version.neo4j_db_name_version",
            "module.secrets.google_secret_manager_secret_version.neo4j_password_version",
            "module.secrets.google_secret_manager_secret_version.neo4j_username_version",
            "module.secrets.google_secret_manager_secret_version.pusher_app_id_version",
            "module.secrets.google_secret_manager_secret_version.pusher_cluster_version",
            "module.secrets.google_secret_manager_secret_version.pusher_key_version",
            "module.secrets.google_secret_manager_secret_version.pusher_secret_version",
            "module.secrets.google_secret_manager_secret_version.selenium_urls_version",
            "module.secrets.google_secret_manager_secret_version.smtp_password_version",
            "module.secrets.google_secret_manager_secret_version.smtp_username_version",
            "module.selenium_chrome_cloud_run.google_cloud_run_service.selenium_standalone_chrome",
            "module.vpc.google_compute_network.vpc",
            "module.vpc.google_compute_subnetwork.custom_subnet"
          ]
        }
      ]
    },
    {
      "module": "module.audit_manager_cloud_run",
      "mode": "managed",
      "type": "google_cloud_run_service",
      "name": "service",
      "provider": "provider[\"registry.terraform.io/hashicorp/google\"]",
      "instances": [
        {
          "schema_version": 2,
          "attributes": {
            "autogenerate_revision_name": false,
            "id": "locations/us-central1/namespaces/webcrawler-450417/services/audit-manager",
            "location": "us-central1",
            "metadata": [
              {
                "annotations": {
                  "run.googleapis.com/ingress": "internal"
                },
                "effective_annotations": {
                  "run.googleapis.com/ingress": "internal",
                  "run.googleapis.com/ingress-status": "internal",
                  "run.googleapis.com/operation-id": "89748b0b-2038-48cc-b406-eda7f70ae614",
                  "run.googleapis.com/urls": "[\"https://audit-manager-673367928406.us-central1.run.app\",\"https://audit-manager-5wvl2oswbq-uc.a.run.app\"]",
                  "serving.knative.dev/creator": "webcrawleraccountmanager@webcrawler-450417.iam.gserviceaccount.com",
                  "serving.knative.dev/lastModifier": "webcrawleraccountmanager@webcrawler-450417.iam.gserviceaccount.com"
                },
                "effective_labels": {
                  "cloud.googleapis.com/location": "us-central1",
                  "goog-terraform-provisioned": "true"
                },
                "generation": 1,
                "labels": {},
                "namespace": "webcrawler-450417",
                "resource_version": "AAY6NlSqU1Q",
                "self_link": "/apis/serving.knative.dev/v1/namespaces/673367928406/services/audit-manager",
                "terraform_labels": {
                  "goog-terraform-provisioned": "true"
                },
                "uid": "47c91b5d-c8ff-4e46-90ec-203816c44cb4"
              }
            ],
            "name": "audit-manager",
            "project": "webcrawler-450417",
            "status": [
              {
                "conditions": [
                  {
                    "message": "",
                    "reason": "",
                    "status": "True",
                    "type": "Ready"
                  },
                  {
                    "message": "",
                    "reason": "",
                    "status": "True",
                    "type": "ConfigurationsReady"
                  },
                  {
                    "message": "",
                    "reason": "",
                    "status": "True",
                    "type": "RoutesReady"
                  }
                ],
                "latest_created_revision_name": "audit-manager-00001-784",
                "latest_ready_revision_name": "audit-manager-00001-784",
                "observed_generation": 1,
                "traffic": [
                  {
                    "latest_revision": true,
                    "percent": 100,
                    "revision_name": "audit-manager-00001-784",
                    "tag": "",
                    "url": ""
                  }
                ],
                "url": "https://audit-manager-5wvl2oswbq-uc.a.run.app"
              }
            ],
            "template": [
              {
                "metadata": [
                  {
                    "annotations": {
                      "autoscaling.knative.dev/maxScale": "10",
                      "run.googleapis.com/client-name": "terraform",
                      "run.googleapis.com/vpc-access-connector": "cloud-run-connector",
                      "run.googleapis.com/vpc-access-egress": "all-traffic"
                    },
                    "generation": 0,
                    "labels": {
                      "run.googleapis.com/startupProbeType": "Default"
                    },
                    "name": "",
                    "namespace": "",
                    "resource_version": "",
                    "self_link": "",
                    "uid": ""
                  }
                ],
                "spec": [
                  {
                    "container_concurrency": 160,
                    "containers": [
                      {
                        "args": [],
                        "command": [],
                        "env": [
                          {
                            "name": "gcp.storage.bucket.name",
                            "value": "looksee-data-dev",
                            "value_from": []
                          },
                          {
                            "name": "pubsub.audit_update",
                            "value": "projects/webcrawler-450417/topics/audit_update",
                            "value_from": []
                          },
                          {
                            "name": "pubsub.error_topic",
                            "value": "projects/webcrawler-450417/topics/audit_error",
                            "value_from": []
                          },
                          {
                            "name": "pubsub.page_audit_topic",
                            "value": "projects/webcrawler-450417/topics/page_audit",
                            "value_from": []
                          },
                          {
                            "name": "spring.cloud.gcp.project-id",
                            "value": "webcrawler-450417",
                            "value_from": []
                          },
                          {
                            "name": "spring.cloud.gcp.region",
                            "value": "us-central1",
                            "value_from": []
                          },
                          {
                            "name": "spring.data.neo4j.database",
                            "value": "",
                            "value_from": [
                              {
                                "secret_key_ref": [
                                  {
                                    "key": "latest",
                                    "name": "neo4j-db-name"
                                  }
                                ]
                              }
                            ]
                          },
                          {
                            "name": "spring.data.neo4j.password",
                            "value": "",
                            "value_from": [
                              {
                                "secret_key_ref": [
                                  {
                                    "key": "latest",
                                    "name": "neo4j-password"
                                  }
                                ]
                              }
                            ]
                          },
                          {
                            "name": "spring.data.neo4j.uri",
                            "value": "",
                            "value_from": [
                              {
                                "secret_key_ref": [
                                  {
                                    "key": "latest",
                                    "name": "neo4j-bolt-uri"
                                  }
                                ]
                              }
                            ]
                          },
                          {
                            "name": "spring.data.neo4j.username",
                            "value": "",
                            "value_from": [
                              {
                                "secret_key_ref": [
                                  {
                                    "key": "latest",
                                    "name": "neo4j-username"
                                  }
                                ]
                              }
                            ]
                          }
                        ],
                        "env_from": [],
                        "image": "docker.io/deepthought42/audit-manager:latest",
                        "liveness_probe": [],
                        "name": "",
                        "ports": [
                          {
                            "container_port": 8080,
                            "name": "http1",
                            "protocol": ""
                          }
                        ],
                        "resources": [
                          {
                            "limits": {
                              "cpu": "2",
                              "memory": "4Gi"
                            },
                            "requests": {
                              "cpu": "1",
                              "memory": "500M"
                            }
                          }
                        ],
                        "startup_probe": [
                          {
                            "failure_threshold": 1,
                            "grpc": [],
                            "http_get": [],
                            "initial_delay_seconds": 0,
                            "period_seconds": 240,
                            "tcp_socket": [
                              {
                                "port": 8080
                              }
                            ],
                            "timeout_seconds": 240
                          }
                        ],
                        "volume_mounts": [],
                        "working_dir": ""
                      }
                    ],
                    "node_selector": {},
                    "service_account_name": "cloud-run-sa@webcrawler-450417.iam.gserviceaccount.com",
                    "serving_state": "",
                    "timeout_seconds": 120,
                    "volumes": []
                  }
                ]
              }
            ],
            "timeouts": null,
            "traffic": [
              {
                "latest_revision": true,
                "percent": 100,
                "revision_name": "",
                "tag": "",
                "url": ""
              }
            ]
          },
          "sensitive_attributes": [],
          "identity_schema_version": 0,
          "private": "eyJlMmJmYjczMC1lY2FhLTExZTYtOGY4OC0zNDM2M2JjN2M0YzAiOnsiY3JlYXRlIjoxMjAwMDAwMDAwMDAwLCJkZWxldGUiOjEyMDAwMDAwMDAwMDAsInVwZGF0ZSI6MTIwMDAwMDAwMDAwMH0sInNjaGVtYV92ZXJzaW9uIjoiMiJ9",
          "dependencies": [
            "google_service_account.cloud_run_sa",
            "google_storage_bucket.looksee_data",
            "module.neo4j_db.google_compute_firewall.neo4j-internal",
            "module.neo4j_db.google_compute_instance.neo4j",
            "module.neo4j_db.google_iap_tunnel_instance_iam_member.ssh",
            "module.neo4j_db.google_project_iam_member.neo4j_iap_tunnel_user",
            "module.neo4j_db.google_project_iam_member.neo4j_logging",
            "module.neo4j_db.google_project_iam_member.neo4j_monitoring",
            "module.neo4j_db.google_project_iam_member.neo4j_storage_viewer",
            "module.neo4j_db.google_secret_manager_secret.neo4j_bolt_uri",
            "module.neo4j_db.google_secret_manager_secret_iam_member.neo4j_bolt_uri_secret_accessor",
            "module.neo4j_db.google_secret_manager_secret_version.neo4j_bolt_uri_version",
            "module.neo4j_db.google_service_account.neo4j_instance_sa",
            "module.pubsub_topics.google_pubsub_topic.audit_error_topic",
            "module.pubsub_topics.google_pubsub_topic.audit_update_topic",
            "module.pubsub_topics.google_pubsub_topic.page_audit_topic",
            "module.secrets.google_secret_manager_secret.neo4j_db_name",
            "module.secrets.google_secret_manager_secret.neo4j_password",
            "module.secrets.google_secret_manager_secret.neo4j_username",
            "module.selenium_chrome_cloud_run.google_cloud_run_service.selenium_standalone_chrome",
            "module.vpc.google_compute_network.vpc",
            "module.vpc.google_compute_subnetwork.custom_subnet",
            "module.vpc.google_vpc_access_connector.connector"
          ]
        }
      ]
    },
    {
      "module": "module.audit_manager_cloud_run",
      "mode": "managed",
      "type": "google_cloud_run_service_iam_member",
      "name": "pubsub_invoker",
      "provider": "provider[\"registry.terraform.io/hashicorp/google\"]",
      "instances": [
        {
          "schema_version": 0,
          "attributes": {
            "condition": [],
            "etag": "BwY6NlS+gGM=",
            "id": "v1/projects/webcrawler-450417/locations/us-central1/services/audit-manager/roles/run.invoker/serviceAccount:cloud-run-sa@webcrawler-450417.iam.gserviceaccount.com",
            "location": "us-central1",
            "member": "serviceAccount:cloud-run-sa@webcrawler-450417.iam.gserviceaccount.com",
            "project": "webcrawler-450417",
            "role": "roles/run.invoker",
            "service": "v1/projects/webcrawler-450417/locations/us-central1/services/audit-manager"
          },
          "sensitive_attributes": [],
          "identity_schema_version": 0,
          "private": "bnVsbA==",
          "dependencies": [
            "google_service_account.cloud_run_sa",
            "google_storage_bucket.looksee_data",
            "module.audit_manager_cloud_run.google_cloud_run_service.service",
            "module.neo4j_db.google_compute_firewall.neo4j-internal",
            "module.neo4j_db.google_compute_instance.neo4j",
            "module.neo4j_db.google_iap_tunnel_instance_iam_member.ssh",
            "module.neo4j_db.google_project_iam_member.neo4j_iap_tunnel_user",
            "module.neo4j_db.google_project_iam_member.neo4j_logging",
            "module.neo4j_db.google_project_iam_member.neo4j_monitoring",
            "module.neo4j_db.google_project_iam_member.neo4j_storage_viewer",
            "module.neo4j_db.google_secret_manager_secret.neo4j_bolt_uri",
            "module.neo4j_db.google_secret_manager_secret_iam_member.neo4j_bolt_uri_secret_accessor",
            "module.neo4j_db.google_secret_manager_secret_version.neo4j_bolt_uri_version",
            "module.neo4j_db.google_service_account.neo4j_instance_sa",
            "module.pubsub_topics.google_pubsub_topic.audit_error_topic",
            "module.pubsub_topics.google_pubsub_topic.audit_update_topic",
            "module.pubsub_topics.google_pubsub_topic.page_audit_topic",
            "module.secrets.google_secret_manager_secret.neo4j_db_name",
            "module.secrets.google_secret_manager_secret.neo4j_password",
            "module.secrets.google_secret_manager_secret.neo4j_username",
            "module.selenium_chrome_cloud_run.google_cloud_run_service.selenium_standalone_chrome",
            "module.vpc.google_compute_network.vpc",
            "module.vpc.google_compute_subnetwork.custom_subnet",
            "module.vpc.google_vpc_access_connector.connector"
          ]
        }
      ]
    },
    {
      "module": "module.audit_manager_cloud_run.module.pubsub_subscription",
      "mode": "managed",
      "type": "google_pubsub_subscription",
      "name": "subscription",
      "provider": "provider[\"registry.terraform.io/hashicorp/google\"]",
      "instances": [
        {
          "schema_version": 0,
          "attributes": {
            "ack_deadline_seconds": 10,
            "bigquery_config": [],
            "cloud_storage_config": [],
            "dead_letter_policy": [],
            "effective_labels": {
              "goog-terraform-provisioned": "true"
            },
            "enable_exactly_once_delivery": false,
            "enable_message_ordering": false,
            "expiration_policy": [
              {
                "ttl": "2678400s"
              }
            ],
            "filter": "",
            "id": "projects/webcrawler-450417/subscriptions/audit-manager-subscription",
            "labels": {},
            "message_retention_duration": "604800s",
            "message_transforms": [],
            "name": "audit-manager-subscription",
            "project": "webcrawler-450417",
            "push_config": [
              {
                "attributes": {},
                "no_wrapper": [],
                "oidc_token": [
                  {
                    "audience": "",
                    "service_account_email": "pubsub-sa@webcrawler-450417.iam.gserviceaccount.com"
                  }
                ],
                "push_endpoint": "https://audit-manager-5wvl2oswbq-uc.a.run.app"
              }
            ],
            "retain_acked_messages": false,
            "retry_policy": [
              {
                "maximum_backoff": "600s",
                "minimum_backoff": "10s"
              }
            ],
            "terraform_labels": {
              "goog-terraform-provisioned": "true"
            },
            "timeouts": null,
            "topic": "projects/webcrawler-450417/topics/page_created"
          },
          "sensitive_attributes": [],
          "identity_schema_version": 0,
          "private": "eyJlMmJmYjczMC1lY2FhLTExZTYtOGY4OC0zNDM2M2JjN2M0YzAiOnsiY3JlYXRlIjoxMjAwMDAwMDAwMDAwLCJkZWxldGUiOjEyMDAwMDAwMDAwMDAsInVwZGF0ZSI6MTIwMDAwMDAwMDAwMH19",
          "dependencies": [
            "google_service_account.cloud_run_sa",
            "google_service_account.pubsub_sa",
            "google_storage_bucket.looksee_data",
            "module.audit_manager_cloud_run.google_cloud_run_service.service",
            "module.neo4j_db.google_compute_firewall.neo4j-internal",
            "module.neo4j_db.google_compute_instance.neo4j",
            "module.neo4j_db.google_iap_tunnel_instance_iam_member.ssh",
            "module.neo4j_db.google_project_iam_member.neo4j_iap_tunnel_user",
            "module.neo4j_db.google_project_iam_member.neo4j_logging",
            "module.neo4j_db.google_project_iam_member.neo4j_monitoring",
            "module.neo4j_db.google_project_iam_member.neo4j_storage_viewer",
            "module.neo4j_db.google_secret_manager_secret.neo4j_bolt_uri",
            "module.neo4j_db.google_secret_manager_secret_iam_member.neo4j_bolt_uri_secret_accessor",
            "module.neo4j_db.google_secret_manager_secret_version.neo4j_bolt_uri_version",
            "module.neo4j_db.google_service_account.neo4j_instance_sa",
            "module.pubsub_topics.google_pubsub_topic.audit_error_topic",
            "module.pubsub_topics.google_pubsub_topic.audit_update_topic",
            "module.pubsub_topics.google_pubsub_topic.page_audit_topic",
            "module.pubsub_topics.google_pubsub_topic.page_created_topic",
            "module.secrets.google_secret_manager_secret.neo4j_db_name",
            "module.secrets.google_secret_manager_secret.neo4j_password",
            "module.secrets.google_secret_manager_secret.neo4j_username",
            "module.selenium_chrome_cloud_run.google_cloud_run_service.selenium_standalone_chrome",
            "module.vpc.google_compute_network.vpc",
            "module.vpc.google_compute_subnetwork.custom_subnet",
            "module.vpc.google_vpc_access_connector.connector"
          ]
        }
      ]
    },
    {
      "module": "module.audit_service_cloud_run",
      "mode": "managed",
      "type": "google_cloud_run_service",
      "name": "service",
      "provider": "provider[\"registry.terraform.io/hashicorp/google\"]",
      "instances": [
        {
          "schema_version": 2,
          "attributes": {
            "autogenerate_revision_name": false,
            "id": "locations/us-central1/namespaces/webcrawler-450417/services/audit-service",
            "location": "us-central1",
            "metadata": [
              {
                "annotations": {
                  "run.googleapis.com/ingress": "internal"
                },
                "effective_annotations": {
                  "run.googleapis.com/ingress": "internal",
                  "run.googleapis.com/ingress-status": "internal",
                  "run.googleapis.com/operation-id": "f767f2e1-dfe6-446a-86e1-659d8ae7a989",
                  "run.googleapis.com/urls": "[\"https://audit-service-673367928406.us-central1.run.app\",\"https://audit-service-5wvl2oswbq-uc.a.run.app\"]",
                  "serving.knative.dev/creator": "webcrawleraccountmanager@webcrawler-450417.iam.gserviceaccount.com",
                  "serving.knative.dev/lastModifier": "webcrawleraccountmanager@webcrawler-450417.iam.gserviceaccount.com"
                },
                "effective_labels": {
                  "cloud.googleapis.com/location": "us-central1",
                  "goog-terraform-provisioned": "true"
                },
                "generation": 1,
                "labels": {},
                "namespace": "webcrawler-450417",
                "resource_version": "AAY6NlpSXjM",
                "self_link": "/apis/serving.knative.dev/v1/namespaces/673367928406/services/audit-service",
                "terraform_labels": {
                  "goog-terraform-provisioned": "true"
                },
                "uid": "8572c54a-724a-4c5f-8b69-208bc8b83df9"
              }
            ],
            "name": "audit-service",
            "project": "webcrawler-450417",
            "status": [
              {
                "conditions": [
                  {
                    "message": "",
                    "reason": "",
                    "status": "True",
                    "type": "Ready"
                  },
                  {
                    "message": "",
                    "reason": "",
                    "status": "True",
                    "type": "ConfigurationsReady"
                  },
                  {
                    "message": "",
                    "reason": "",
                    "status": "True",
                    "type": "RoutesReady"
                  }
                ],
                "latest_created_revision_name": "audit-service-00001-qdf",
                "latest_ready_revision_name": "audit-service-00001-qdf",
                "observed_generation": 1,
                "traffic": [
                  {
                    "latest_revision": true,
                    "percent": 100,
                    "revision_name": "audit-service-00001-qdf",
                    "tag": "",
                    "url": ""
                  }
                ],
                "url": "https://audit-service-5wvl2oswbq-uc.a.run.app"
              }
            ],
            "template": [
              {
                "metadata": [
                  {
                    "annotations": {
                      "autoscaling.knative.dev/maxScale": "10",
                      "run.googleapis.com/client-name": "terraform",
                      "run.googleapis.com/vpc-access-connector": "cloud-run-connector",
                      "run.googleapis.com/vpc-access-egress": "all-traffic"
                    },
                    "generation": 0,
                    "labels": {
                      "run.googleapis.com/startupProbeType": "Default"
                    },
                    "name": "",
                    "namespace": "",
                    "resource_version": "",
                    "self_link": "",
                    "uid": ""
                  }
                ],
                "spec": [
                  {
                    "container_concurrency": 160,
                    "containers": [
                      {
                        "args": [],
                        "command": [],
                        "env": [
                          {
                            "name": "gcp.storage.bucket.name",
                            "value": "looksee-data-dev",
                            "value_from": []
                          },
                          {
                            "name": "pubsub.audit_update",
                            "value": "projects/webcrawler-450417/topics/audit_update",
                            "value_from": []
                          },
                          {
                            "name": "pubsub.error_topic",
                            "value": "projects/webcrawler-450417/topics/audit_error",
                            "value_from": []
                          },
                          {
                            "name": "pusher.appId",
                            "value": "",
                            "value_from": [
                              {
                                "secret_key_ref": [
                                  {
                                    "key": "latest",
                                    "name": "pusher-app-id"
                                  }
                                ]
                              }
                            ]
                          },
                          {
                            "name": "pusher.cluster",
                            "value": "",
                            "value_from": [
                              {
                                "secret_key_ref": [
                                  {
                                    "key": "latest",
                                    "name": "pusher-cluster"
                                  }
                                ]
                              }
                            ]
                          },
                          {
                            "name": "pusher.key",
                            "value": "",
                            "value_from": [
                              {
                                "secret_key_ref": [
                                  {
                                    "key": "latest",
                                    "name": "pusher-key"
                                  }
                                ]
                              }
                            ]
                          },
                          {
                            "name": "pusher.secret",
                            "value": "",
                            "value_from": [
                              {
                                "secret_key_ref": [
                                  {
                                    "key": "latest",
                                    "name": "pusher-secret"
                                  }
                                ]
                              }
                            ]
                          },
                          {
                            "name": "spring.cloud.gcp.project-id",
                            "value": "webcrawler-450417",
                            "value_from": []
                          },
                          {
                            "name": "spring.cloud.gcp.region",
                            "value": "us-central1",
                            "value_from": []
                          },
                          {
                            "name": "spring.data.neo4j.database",
                            "value": "",
                            "value_from": [
                              {
                                "secret_key_ref": [
                                  {
                                    "key": "latest",
                                    "name": "neo4j-db-name"
                                  }
                                ]
                              }
                            ]
                          },
                          {
                            "name": "spring.data.neo4j.password",
                            "value": "",
                            "value_from": [
                              {
                                "secret_key_ref": [
                                  {
                                    "key": "latest",
                                    "name": "neo4j-password"
                                  }
                                ]
                              }
                            ]
                          },
                          {
                            "name": "spring.data.neo4j.uri",
                            "value": "",
                            "value_from": [
                              {
                                "secret_key_ref": [
                                  {
                                    "key": "latest",
                                    "name": "neo4j-bolt-uri"
                                  }
                                ]
                              }
                            ]
                          },
                          {
                            "name": "spring.data.neo4j.username",
                            "value": "",
                            "value_from": [
                              {
                                "secret_key_ref": [
                                  {
                                    "key": "latest",
                                    "name": "neo4j-username"
                                  }
                                ]
                              }
                            ]
                          }
                        ],
                        "env_from": [],
                        "image": "docker.io/deepthought42/audit-update-service:latest",
                        "liveness_probe": [],
                        "name": "",
                        "ports": [
                          {
                            "container_port": 8080,
                            "name": "http1",
                            "protocol": ""
                          }
                        ],
                        "resources": [
                          {
                            "limits": {
                              "cpu": "2",
                              "memory": "4Gi"
                            },
                            "requests": {
                              "cpu": "1",
                              "memory": "2Gi"
                            }
                          }
                        ],
                        "startup_probe": [
                          {
                            "failure_threshold": 1,
                            "grpc": [],
                            "http_get": [],
                            "initial_delay_seconds": 0,
                            "period_seconds": 240,
                            "tcp_socket": [
                              {
                                "port": 8080
                              }
                            ],
                            "timeout_seconds": 240
                          }
                        ],
                        "volume_mounts": [],
                        "working_dir": ""
                      }
                    ],
                    "node_selector": {},
                    "service_account_name": "cloud-run-sa@webcrawler-450417.iam.gserviceaccount.com",
                    "serving_state": "",
                    "timeout_seconds": 120,
                    "volumes": []
                  }
                ]
              }
            ],
            "timeouts": null,
            "traffic": [
              {
                "latest_revision": true,
                "percent": 100,
                "revision_name": "",
                "tag": "",
                "url": ""
              }
            ]
          },
          "sensitive_attributes": [],
          "identity_schema_version": 0,
          "private": "eyJlMmJmYjczMC1lY2FhLTExZTYtOGY4OC0zNDM2M2JjN2M0YzAiOnsiY3JlYXRlIjoxMjAwMDAwMDAwMDAwLCJkZWxldGUiOjEyMDAwMDAwMDAwMDAsInVwZGF0ZSI6MTIwMDAwMDAwMDAwMH0sInNjaGVtYV92ZXJzaW9uIjoiMiJ9",
          "dependencies": [
            "google_service_account.cloud_run_sa",
            "google_storage_bucket.looksee_data",
            "module.neo4j_db.google_compute_firewall.neo4j-internal",
            "module.neo4j_db.google_compute_instance.neo4j",
            "module.neo4j_db.google_iap_tunnel_instance_iam_member.ssh",
            "module.neo4j_db.google_project_iam_member.neo4j_iap_tunnel_user",
            "module.neo4j_db.google_project_iam_member.neo4j_logging",
            "module.neo4j_db.google_project_iam_member.neo4j_monitoring",
            "module.neo4j_db.google_project_iam_member.neo4j_storage_viewer",
            "module.neo4j_db.google_secret_manager_secret.neo4j_bolt_uri",
            "module.neo4j_db.google_secret_manager_secret_iam_member.neo4j_bolt_uri_secret_accessor",
            "module.neo4j_db.google_secret_manager_secret_version.neo4j_bolt_uri_version",
            "module.neo4j_db.google_service_account.neo4j_instance_sa",
            "module.pubsub_topics.google_pubsub_topic.audit_error_topic",
            "module.pubsub_topics.google_pubsub_topic.audit_update_topic",
            "module.secrets.google_secret_manager_secret.neo4j_db_name",
            "module.secrets.google_secret_manager_secret.neo4j_password",
            "module.secrets.google_secret_manager_secret.neo4j_username",
            "module.secrets.google_secret_manager_secret.pusher_app_id",
            "module.secrets.google_secret_manager_secret.pusher_cluster",
            "module.secrets.google_secret_manager_secret.pusher_key",
            "module.secrets.google_secret_manager_secret.pusher_secret",
            "module.selenium_chrome_cloud_run.google_cloud_run_service.selenium_standalone_chrome",
            "module.vpc.google_compute_network.vpc",
            "module.vpc.google_compute_subnetwork.custom_subnet",
            "module.vpc.google_vpc_access_connector.connector"
          ]
        }
      ]
    },
    {
      "module": "module.audit_service_cloud_run",
      "mode": "managed",
      "type": "google_cloud_run_service_iam_member",
      "name": "pubsub_invoker",
      "provider": "provider[\"registry.terraform.io/hashicorp/google\"]",
      "instances": [
        {
          "schema_version": 0,
          "attributes": {
            "condition": [],
            "etag": "BwY6NlrOXeE=",
            "id": "v1/projects/webcrawler-450417/locations/us-central1/services/audit-service/roles/run.invoker/serviceAccount:cloud-run-sa@webcrawler-450417.iam.gserviceaccount.com",
            "location": "us-central1",
            "member": "serviceAccount:cloud-run-sa@webcrawler-450417.iam.gserviceaccount.com",
            "project": "webcrawler-450417",
            "role": "roles/run.invoker",
            "service": "v1/projects/webcrawler-450417/locations/us-central1/services/audit-service"
          },
          "sensitive_attributes": [],
          "identity_schema_version": 0,
          "private": "bnVsbA==",
          "dependencies": [
            "google_service_account.cloud_run_sa",
            "google_storage_bucket.looksee_data",
            "module.audit_service_cloud_run.google_cloud_run_service.service",
            "module.neo4j_db.google_compute_firewall.neo4j-internal",
            "module.neo4j_db.google_compute_instance.neo4j",
            "module.neo4j_db.google_iap_tunnel_instance_iam_member.ssh",
            "module.neo4j_db.google_project_iam_member.neo4j_iap_tunnel_user",
            "module.neo4j_db.google_project_iam_member.neo4j_logging",
            "module.neo4j_db.google_project_iam_member.neo4j_monitoring",
            "module.neo4j_db.google_project_iam_member.neo4j_storage_viewer",
            "module.neo4j_db.google_secret_manager_secret.neo4j_bolt_uri",
            "module.neo4j_db.google_secret_manager_secret_iam_member.neo4j_bolt_uri_secret_accessor",
            "module.neo4j_db.google_secret_manager_secret_version.neo4j_bolt_uri_version",
            "module.neo4j_db.google_service_account.neo4j_instance_sa",
            "module.pubsub_topics.google_pubsub_topic.audit_error_topic",
            "module.pubsub_topics.google_pubsub_topic.audit_update_topic",
            "module.secrets.google_secret_manager_secret.neo4j_db_name",
            "module.secrets.google_secret_manager_secret.neo4j_password",
            "module.secrets.google_secret_manager_secret.neo4j_username",
            "module.secrets.google_secret_manager_secret.pusher_app_id",
            "module.secrets.google_secret_manager_secret.pusher_cluster",
            "module.secrets.google_secret_manager_secret.pusher_key",
            "module.secrets.google_secret_manager_secret.pusher_secret",
            "module.selenium_chrome_cloud_run.google_cloud_run_service.selenium_standalone_chrome",
            "module.vpc.google_compute_network.vpc",
            "module.vpc.google_compute_subnetwork.custom_subnet",
            "module.vpc.google_vpc_access_connector.connector"
          ]
        }
      ]
    },
    {
      "module": "module.audit_service_cloud_run.module.pubsub_subscription",
      "mode": "managed",
      "type": "google_pubsub_subscription",
      "name": "subscription",
      "provider": "provider[\"registry.terraform.io/hashicorp/google\"]",
      "instances": [
        {
          "schema_version": 0,
          "attributes": {
            "ack_deadline_seconds": 10,
            "bigquery_config": [],
            "cloud_storage_config": [],
            "dead_letter_policy": [],
            "effective_labels": {
              "goog-terraform-provisioned": "true"
            },
            "enable_exactly_once_delivery": false,
            "enable_message_ordering": false,
            "expiration_policy": [
              {
                "ttl": "2678400s"
              }
            ],
            "filter": "",
            "id": "projects/webcrawler-450417/subscriptions/audit-service-subscription",
            "labels": {},
            "message_retention_duration": "604800s",
            "message_transforms": [],
            "name": "audit-service-subscription",
            "project": "webcrawler-450417",
            "push_config": [
              {
                "attributes": {},
                "no_wrapper": [],
                "oidc_token": [
                  {
                    "audience": "",
                    "service_account_email": "pubsub-sa@webcrawler-450417.iam.gserviceaccount.com"
                  }
                ],
                "push_endpoint": "https://audit-service-5wvl2oswbq-uc.a.run.app"
              }
            ],
            "retain_acked_messages": false,
            "retry_policy": [
              {
                "maximum_backoff": "600s",
                "minimum_backoff": "10s"
              }
            ],
            "terraform_labels": {
              "goog-terraform-provisioned": "true"
            },
            "timeouts": null,
            "topic": "projects/webcrawler-450417/topics/page_audit"
          },
          "sensitive_attributes": [],
          "identity_schema_version": 0,
          "private": "eyJlMmJmYjczMC1lY2FhLTExZTYtOGY4OC0zNDM2M2JjN2M0YzAiOnsiY3JlYXRlIjoxMjAwMDAwMDAwMDAwLCJkZWxldGUiOjEyMDAwMDAwMDAwMDAsInVwZGF0ZSI6MTIwMDAwMDAwMDAwMH19",
          "dependencies": [
            "google_service_account.cloud_run_sa",
            "google_service_account.pubsub_sa",
            "google_storage_bucket.looksee_data",
            "module.audit_service_cloud_run.google_cloud_run_service.service",
            "module.neo4j_db.google_compute_firewall.neo4j-internal",
            "module.neo4j_db.google_compute_instance.neo4j",
            "module.neo4j_db.google_iap_tunnel_instance_iam_member.ssh",
            "module.neo4j_db.google_project_iam_member.neo4j_iap_tunnel_user",
            "module.neo4j_db.google_project_iam_member.neo4j_logging",
            "module.neo4j_db.google_project_iam_member.neo4j_monitoring",
            "module.neo4j_db.google_project_iam_member.neo4j_storage_viewer",
            "module.neo4j_db.google_secret_manager_secret.neo4j_bolt_uri",
            "module.neo4j_db.google_secret_manager_secret_iam_member.neo4j_bolt_uri_secret_accessor",
            "module.neo4j_db.google_secret_manager_secret_version.neo4j_bolt_uri_version",
            "module.neo4j_db.google_service_account.neo4j_instance_sa",
            "module.pubsub_topics.google_pubsub_topic.audit_error_topic",
            "module.pubsub_topics.google_pubsub_topic.audit_update_topic",
            "module.pubsub_topics.google_pubsub_topic.page_audit_topic",
            "module.secrets.google_secret_manager_secret.neo4j_db_name",
            "module.secrets.google_secret_manager_secret.neo4j_password",
            "module.secrets.google_secret_manager_secret.neo4j_username",
            "module.secrets.google_secret_manager_secret.pusher_app_id",
            "module.secrets.google_secret_manager_secret.pusher_cluster",
            "module.secrets.google_secret_manager_secret.pusher_key",
            "module.secrets.google_secret_manager_secret.pusher_secret",
            "module.selenium_chrome_cloud_run.google_cloud_run_service.selenium_standalone_chrome",
            "module.vpc.google_compute_network.vpc",
            "module.vpc.google_compute_subnetwork.custom_subnet",
            "module.vpc.google_vpc_access_connector.connector"
          ]
        }
      ]
    },
    {
      "module": "module.content_audit_cloud_run",
      "mode": "managed",
      "type": "google_cloud_run_service",
      "name": "service",
      "provider": "provider[\"registry.terraform.io/hashicorp/google\"]",
      "instances": [
        {
          "status": "tainted",
          "schema_version": 2,
          "attributes": {
            "autogenerate_revision_name": false,
            "id": "locations/us-central1/namespaces/webcrawler-450417/services/content-audit",
            "location": "us-central1",
            "metadata": [
              {
                "annotations": {
                  "run.googleapis.com/ingress": "internal"
                },
                "effective_annotations": {
                  "run.googleapis.com/ingress": "internal"
                },
                "effective_labels": {
                  "goog-terraform-provisioned": "true"
                },
                "generation": 0,
                "labels": null,
                "namespace": "",
                "resource_version": "",
                "self_link": "",
                "terraform_labels": {
                  "goog-terraform-provisioned": "true"
                },
                "uid": ""
              }
            ],
            "name": "content-audit",
            "project": "webcrawler-450417",
            "status": null,
            "template": [
              {
                "metadata": [
                  {
                    "annotations": {
                      "run.googleapis.com/client-name": "terraform",
                      "run.googleapis.com/vpc-access-connector": "cloud-run-connector",
                      "run.googleapis.com/vpc-access-egress": "all-traffic"
                    },
                    "generation": 0,
                    "labels": {},
                    "name": "",
                    "namespace": "",
                    "resource_version": "",
                    "self_link": "",
                    "uid": ""
                  }
                ],
                "spec": [
                  {
                    "container_concurrency": 0,
                    "containers": [
                      {
                        "args": null,
                        "command": null,
                        "env": [
                          {
                            "name": "gcp.storage.bucket.name",
                            "value": "looksee-data-dev",
                            "value_from": []
                          },
                          {
                            "name": "pubsub.audit_update",
                            "value": "projects/webcrawler-450417/topics/audit_update",
                            "value_from": []
                          },
                          {
                            "name": "pubsub.error_topic",
                            "value": "projects/webcrawler-450417/topics/audit_error",
                            "value_from": []
                          },
                          {
                            "name": "spring.cloud.gcp.project-id",
                            "value": "webcrawler-450417",
                            "value_from": []
                          },
                          {
                            "name": "spring.cloud.gcp.region",
                            "value": "us-central1",
                            "value_from": []
                          },
                          {
                            "name": "spring.data.neo4j.database",
                            "value": "",
                            "value_from": [
                              {
                                "secret_key_ref": [
                                  {
                                    "key": "latest",
                                    "name": "neo4j-db-name"
                                  }
                                ]
                              }
                            ]
                          },
                          {
                            "name": "spring.data.neo4j.password",
                            "value": "",
                            "value_from": [
                              {
                                "secret_key_ref": [
                                  {
                                    "key": "latest",
                                    "name": "neo4j-password"
                                  }
                                ]
                              }
                            ]
                          },
                          {
                            "name": "spring.data.neo4j.uri",
                            "value": "",
                            "value_from": [
                              {
                                "secret_key_ref": [
                                  {
                                    "key": "latest",
                                    "name": "neo4j-bolt-uri"
                                  }
                                ]
                              }
                            ]
                          },
                          {
                            "name": "spring.data.neo4j.username",
                            "value": "",
                            "value_from": [
                              {
                                "secret_key_ref": [
                                  {
                                    "key": "latest",
                                    "name": "neo4j-username"
                                  }
                                ]
                              }
                            ]
                          }
                        ],
                        "env_from": [],
                        "image": "docker.io/deepthought42/content-audit:latest",
                        "liveness_probe": [],
                        "name": "",
                        "ports": [
                          {
                            "container_port": 8080,
                            "name": "",
                            "protocol": ""
                          }
                        ],
                        "resources": [
                          {
                            "limits": {
                              "cpu": "2",
                              "memory": "4Gi"
                            },
                            "requests": {
                              "cpu": "1",
                              "memory": "500M"
                            }
                          }
                        ],
                        "startup_probe": [],
                        "volume_mounts": [],
                        "working_dir": ""
                      }
                    ],
                    "node_selector": null,
                    "service_account_name": "cloud-run-sa@webcrawler-450417.iam.gserviceaccount.com",
                    "serving_state": "",
                    "timeout_seconds": 120,
                    "volumes": []
                  }
                ]
              }
            ],
            "timeouts": null,
            "traffic": [
              {
                "latest_revision": true,
                "percent": 100,
                "revision_name": "",
                "tag": "",
                "url": ""
              }
            ]
          },
          "sensitive_attributes": [],
          "identity_schema_version": 0,
          "private": "eyJlMmJmYjczMC1lY2FhLTExZTYtOGY4OC0zNDM2M2JjN2M0YzAiOnsiY3JlYXRlIjoxMjAwMDAwMDAwMDAwLCJkZWxldGUiOjEyMDAwMDAwMDAwMDAsInVwZGF0ZSI6MTIwMDAwMDAwMDAwMH0sInNjaGVtYV92ZXJzaW9uIjoiMiJ9",
          "dependencies": [
            "google_service_account.cloud_run_sa",
            "google_storage_bucket.looksee_data",
            "module.neo4j_db.google_compute_firewall.neo4j-internal",
            "module.neo4j_db.google_compute_instance.neo4j",
            "module.neo4j_db.google_iap_tunnel_instance_iam_member.ssh",
            "module.neo4j_db.google_project_iam_member.neo4j_iap_tunnel_user",
            "module.neo4j_db.google_project_iam_member.neo4j_logging",
            "module.neo4j_db.google_project_iam_member.neo4j_monitoring",
            "module.neo4j_db.google_project_iam_member.neo4j_storage_viewer",
            "module.neo4j_db.google_secret_manager_secret.neo4j_bolt_uri",
            "module.neo4j_db.google_secret_manager_secret_iam_member.neo4j_bolt_uri_secret_accessor",
            "module.neo4j_db.google_secret_manager_secret_version.neo4j_bolt_uri_version",
            "module.neo4j_db.google_service_account.neo4j_instance_sa",
            "module.pubsub_topics.google_pubsub_topic.audit_error_topic",
            "module.pubsub_topics.google_pubsub_topic.audit_update_topic",
            "module.secrets.google_secret_manager_secret.neo4j_db_name",
            "module.secrets.google_secret_manager_secret.neo4j_password",
            "module.secrets.google_secret_manager_secret.neo4j_username",
            "module.selenium_chrome_cloud_run.google_cloud_run_service.selenium_standalone_chrome",
            "module.vpc.google_compute_network.vpc",
            "module.vpc.google_compute_subnetwork.custom_subnet",
            "module.vpc.google_vpc_access_connector.connector"
          ]
        }
      ]
    },
    {
      "module": "module.information_architecture_audit_cloud_run",
      "mode": "managed",
      "type": "google_cloud_run_service",
      "name": "service",
      "provider": "provider[\"registry.terraform.io/hashicorp/google\"]",
      "instances": [
        {
          "status": "tainted",
          "schema_version": 2,
          "attributes": {
            "autogenerate_revision_name": false,
            "id": "locations/us-central1/namespaces/webcrawler-450417/services/information-architecture-audit",
            "location": "us-central1",
            "metadata": [
              {
                "annotations": {
                  "run.googleapis.com/ingress": "internal"
                },
                "effective_annotations": {
                  "run.googleapis.com/ingress": "internal"
                },
                "effective_labels": {
                  "goog-terraform-provisioned": "true"
                },
                "generation": 0,
                "labels": null,
                "namespace": "",
                "resource_version": "",
                "self_link": "",
                "terraform_labels": {
                  "goog-terraform-provisioned": "true"
                },
                "uid": ""
              }
            ],
            "name": "information-architecture-audit",
            "project": "webcrawler-450417",
            "status": null,
            "template": [
              {
                "metadata": [
                  {
                    "annotations": {
                      "run.googleapis.com/client-name": "terraform",
                      "run.googleapis.com/vpc-access-connector": "cloud-run-connector",
                      "run.googleapis.com/vpc-access-egress": "all-traffic"
                    },
                    "generation": 0,
                    "labels": {},
                    "name": "",
                    "namespace": "",
                    "resource_version": "",
                    "self_link": "",
                    "uid": ""
                  }
                ],
                "spec": [
                  {
                    "container_concurrency": 0,
                    "containers": [
                      {
                        "args": null,
                        "command": null,
                        "env": [
                          {
                            "name": "gcp.storage.bucket.name",
                            "value": "looksee-data-dev",
                            "value_from": []
                          },
                          {
                            "name": "pubsub.audit_update",
                            "value": "projects/webcrawler-450417/topics/audit_update",
                            "value_from": []
                          },
                          {
                            "name": "pubsub.error_topic",
                            "value": "projects/webcrawler-450417/topics/audit_error",
                            "value_from": []
                          },
                          {
                            "name": "spring.cloud.gcp.project-id",
                            "value": "webcrawler-450417",
                            "value_from": []
                          },
                          {
                            "name": "spring.cloud.gcp.region",
                            "value": "us-central1",
                            "value_from": []
                          },
                          {
                            "name": "spring.data.neo4j.database",
                            "value": "",
                            "value_from": [
                              {
                                "secret_key_ref": [
                                  {
                                    "key": "latest",
                                    "name": "neo4j-db-name"
                                  }
                                ]
                              }
                            ]
                          },
                          {
                            "name": "spring.data.neo4j.password",
                            "value": "",
                            "value_from": [
                              {
                                "secret_key_ref": [
                                  {
                                    "key": "latest",
                                    "name": "neo4j-password"
                                  }
                                ]
                              }
                            ]
                          },
                          {
                            "name": "spring.data.neo4j.uri",
                            "value": "",
                            "value_from": [
                              {
                                "secret_key_ref": [
                                  {
                                    "key": "latest",
                                    "name": "neo4j-bolt-uri"
                                  }
                                ]
                              }
                            ]
                          },
                          {
                            "name": "spring.data.neo4j.username",
                            "value": "",
                            "value_from": [
                              {
                                "secret_key_ref": [
                                  {
                                    "key": "latest",
                                    "name": "neo4j-username"
                                  }
                                ]
                              }
                            ]
                          }
                        ],
                        "env_from": [],
                        "image": "docker.io/deepthought42/information-architecture-audit:latest",
                        "liveness_probe": [],
                        "name": "",
                        "ports": [
                          {
                            "container_port": 8080,
                            "name": "",
                            "protocol": ""
                          }
                        ],
                        "resources": [
                          {
                            "limits": {
                              "cpu": "2",
                              "memory": "4Gi"
                            },
                            "requests": {
                              "cpu": "1",
                              "memory": "2Gi"
                            }
                          }
                        ],
                        "startup_probe": [],
                        "volume_mounts": [],
                        "working_dir": ""
                      }
                    ],
                    "node_selector": null,
                    "service_account_name": "cloud-run-sa@webcrawler-450417.iam.gserviceaccount.com",
                    "serving_state": "",
                    "timeout_seconds": 120,
                    "volumes": []
                  }
                ]
              }
            ],
            "timeouts": null,
            "traffic": [
              {
                "latest_revision": true,
                "percent": 100,
                "revision_name": "",
                "tag": "",
                "url": ""
              }
            ]
          },
          "sensitive_attributes": [],
          "identity_schema_version": 0,
          "private": "eyJlMmJmYjczMC1lY2FhLTExZTYtOGY4OC0zNDM2M2JjN2M0YzAiOnsiY3JlYXRlIjoxMjAwMDAwMDAwMDAwLCJkZWxldGUiOjEyMDAwMDAwMDAwMDAsInVwZGF0ZSI6MTIwMDAwMDAwMDAwMH0sInNjaGVtYV92ZXJzaW9uIjoiMiJ9",
          "dependencies": [
            "google_service_account.cloud_run_sa",
            "google_storage_bucket.looksee_data",
            "module.neo4j_db.google_compute_firewall.neo4j-internal",
            "module.neo4j_db.google_compute_instance.neo4j",
            "module.neo4j_db.google_iap_tunnel_instance_iam_member.ssh",
            "module.neo4j_db.google_project_iam_member.neo4j_iap_tunnel_user",
            "module.neo4j_db.google_project_iam_member.neo4j_logging",
            "module.neo4j_db.google_project_iam_member.neo4j_monitoring",
            "module.neo4j_db.google_project_iam_member.neo4j_storage_viewer",
            "module.neo4j_db.google_secret_manager_secret.neo4j_bolt_uri",
            "module.neo4j_db.google_secret_manager_secret_iam_member.neo4j_bolt_uri_secret_accessor",
            "module.neo4j_db.google_secret_manager_secret_version.neo4j_bolt_uri_version",
            "module.neo4j_db.google_service_account.neo4j_instance_sa",
            "module.pubsub_topics.google_pubsub_topic.audit_error_topic",
            "module.pubsub_topics.google_pubsub_topic.audit_update_topic",
            "module.secrets.google_secret_manager_secret.neo4j_db_name",
            "module.secrets.google_secret_manager_secret.neo4j_password",
            "module.secrets.google_secret_manager_secret.neo4j_username",
            "module.selenium_chrome_cloud_run.google_cloud_run_service.selenium_standalone_chrome",
            "module.vpc.google_compute_network.vpc",
            "module.vpc.google_compute_subnetwork.custom_subnet",
            "module.vpc.google_vpc_access_connector.connector"
          ]
        }
      ]
    },
    {
      "module": "module.journey_executor_cloud_run",
      "mode": "managed",
      "type": "google_cloud_run_service",
      "name": "service",
      "provider": "provider[\"registry.terraform.io/hashicorp/google\"]",
      "instances": [
        {
          "status": "tainted",
          "schema_version": 2,
          "attributes": {
            "autogenerate_revision_name": false,
            "id": "locations/us-central1/namespaces/webcrawler-450417/services/journey-executor",
            "location": "us-central1",
            "metadata": [
              {
                "annotations": {
                  "run.googleapis.com/ingress": "internal"
                },
                "effective_annotations": {
                  "run.googleapis.com/ingress": "internal"
                },
                "effective_labels": {
                  "goog-terraform-provisioned": "true"
                },
                "generation": 0,
                "labels": null,
                "namespace": "",
                "resource_version": "",
                "self_link": "",
                "terraform_labels": {
                  "goog-terraform-provisioned": "true"
                },
                "uid": ""
              }
            ],
            "name": "journey-executor",
            "project": "webcrawler-450417",
            "status": null,
            "template": [
              {
                "metadata": [
                  {
                    "annotations": {
                      "run.googleapis.com/client-name": "terraform",
                      "run.googleapis.com/vpc-access-connector": "cloud-run-connector",
                      "run.googleapis.com/vpc-access-egress": "all-traffic"
                    },
                    "generation": 0,
                    "labels": {},
                    "name": "",
                    "namespace": "",
                    "resource_version": "",
                    "self_link": "",
                    "uid": ""
                  }
                ],
                "spec": [
                  {
                    "container_concurrency": 0,
                    "containers": [
                      {
                        "args": null,
                        "command": null,
                        "env": [
                          {
                            "name": "gcp.storage.bucket.name",
                            "value": "looksee-data-dev",
                            "value_from": []
                          },
                          {
                            "name": "pubsub.discarded_journey_topic",
                            "value": "projects/webcrawler-450417/topics/journey_discarded",
                            "value_from": []
                          },
                          {
                            "name": "pubsub.error_topic",
                            "value": "projects/webcrawler-450417/topics/audit_error",
                            "value_from": []
                          },
                          {
                            "name": "pubsub.journey_verified",
                            "value": "projects/webcrawler-450417/topics/journey_verified",
                            "value_from": []
                          },
                          {
                            "name": "pubsub.page_built",
                            "value": "projects/webcrawler-450417/topics/page_created",
                            "value_from": []
                          },
                          {
                            "name": "selenium.urls",
                            "value": "",
                            "value_from": [
                              {
                                "secret_key_ref": [
                                  {
                                    "key": "latest",
                                    "name": "selenium-urls"
                                  }
                                ]
                              }
                            ]
                          },
                          {
                            "name": "spring.cloud.gcp.project-id",
                            "value": "webcrawler-450417",
                            "value_from": []
                          },
                          {
                            "name": "spring.cloud.gcp.region",
                            "value": "us-central1",
                            "value_from": []
                          },
                          {
                            "name": "spring.data.neo4j.database",
                            "value": "",
                            "value_from": [
                              {
                                "secret_key_ref": [
                                  {
                                    "key": "latest",
                                    "name": "neo4j-db-name"
                                  }
                                ]
                              }
                            ]
                          },
                          {
                            "name": "spring.data.neo4j.password",
                            "value": "",
                            "value_from": [
                              {
                                "secret_key_ref": [
                                  {
                                    "key": "latest",
                                    "name": "neo4j-password"
                                  }
                                ]
                              }
                            ]
                          },
                          {
                            "name": "spring.data.neo4j.uri",
                            "value": "",
                            "value_from": [
                              {
                                "secret_key_ref": [
                                  {
                                    "key": "latest",
                                    "name": "neo4j-bolt-uri"
                                  }
                                ]
                              }
                            ]
                          },
                          {
                            "name": "spring.data.neo4j.username",
                            "value": "",
                            "value_from": [
                              {
                                "secret_key_ref": [
                                  {
                                    "key": "latest",
                                    "name": "neo4j-username"
                                  }
                                ]
                              }
                            ]
                          }
                        ],
                        "env_from": [],
                        "image": "docker.io/deepthought42/journey-executor:latest",
                        "liveness_probe": [],
                        "name": "",
                        "ports": [
                          {
                            "container_port": 8080,
                            "name": "",
                            "protocol": ""
                          }
                        ],
                        "resources": [
                          {
                            "limits": {
                              "cpu": "2",
                              "memory": "4Gi"
                            },
                            "requests": {
                              "cpu": "1",
                              "memory": "2Gi"
                            }
                          }
                        ],
                        "startup_probe": [],
                        "volume_mounts": [],
                        "working_dir": ""
                      }
                    ],
                    "node_selector": null,
                    "service_account_name": "cloud-run-sa@webcrawler-450417.iam.gserviceaccount.com",
                    "serving_state": "",
                    "timeout_seconds": 120,
                    "volumes": []
                  }
                ]
              }
            ],
            "timeouts": null,
            "traffic": [
              {
                "latest_revision": true,
                "percent": 100,
                "revision_name": "",
                "tag": "",
                "url": ""
              }
            ]
          },
          "sensitive_attributes": [],
          "identity_schema_version": 0,
          "private": "eyJlMmJmYjczMC1lY2FhLTExZTYtOGY4OC0zNDM2M2JjN2M0YzAiOnsiY3JlYXRlIjoxMjAwMDAwMDAwMDAwLCJkZWxldGUiOjEyMDAwMDAwMDAwMDAsInVwZGF0ZSI6MTIwMDAwMDAwMDAwMH0sInNjaGVtYV92ZXJzaW9uIjoiMiJ9",
          "dependencies": [
            "google_service_account.cloud_run_sa",
            "google_storage_bucket.looksee_data",
            "module.neo4j_db.google_compute_firewall.neo4j-internal",
            "module.neo4j_db.google_compute_instance.neo4j",
            "module.neo4j_db.google_iap_tunnel_instance_iam_member.ssh",
            "module.neo4j_db.google_project_iam_member.neo4j_iap_tunnel_user",
            "module.neo4j_db.google_project_iam_member.neo4j_logging",
            "module.neo4j_db.google_project_iam_member.neo4j_monitoring",
            "module.neo4j_db.google_project_iam_member.neo4j_storage_viewer",
            "module.neo4j_db.google_secret_manager_secret.neo4j_bolt_uri",
            "module.neo4j_db.google_secret_manager_secret_iam_member.neo4j_bolt_uri_secret_accessor",
            "module.neo4j_db.google_secret_manager_secret_version.neo4j_bolt_uri_version",
            "module.neo4j_db.google_service_account.neo4j_instance_sa",
            "module.pubsub_topics.google_pubsub_topic.audit_error_topic",
            "module.pubsub_topics.google_pubsub_topic.journey_discarded_topic",
            "module.pubsub_topics.google_pubsub_topic.journey_verified_topic",
            "module.pubsub_topics.google_pubsub_topic.page_created_topic",
            "module.secrets.google_secret_manager_secret.neo4j_db_name",
            "module.secrets.google_secret_manager_secret.neo4j_password",
            "module.secrets.google_secret_manager_secret.neo4j_username",
            "module.secrets.google_secret_manager_secret.selenium_urls",
            "module.selenium_chrome_cloud_run.google_cloud_run_service.selenium_standalone_chrome",
            "module.vpc.google_compute_network.vpc",
            "module.vpc.google_compute_subnetwork.custom_subnet",
            "module.vpc.google_vpc_access_connector.connector"
          ]
        }
      ]
    },
    {
      "module": "module.journey_expander_cloud_run",
      "mode": "managed",
      "type": "google_cloud_run_service",
      "name": "service",
      "provider": "provider[\"registry.terraform.io/hashicorp/google\"]",
      "instances": [
        {
          "status": "tainted",
          "schema_version": 2,
          "attributes": {
            "autogenerate_revision_name": false,
            "id": "locations/us-central1/namespaces/webcrawler-450417/services/journey-expander",
            "location": "us-central1",
            "metadata": [
              {
                "annotations": {
                  "run.googleapis.com/ingress": "internal"
                },
                "effective_annotations": {
                  "run.googleapis.com/ingress": "internal"
                },
                "effective_labels": {
                  "goog-terraform-provisioned": "true"
                },
                "generation": 0,
                "labels": null,
                "namespace": "",
                "resource_version": "",
                "self_link": "",
                "terraform_labels": {
                  "goog-terraform-provisioned": "true"
                },
                "uid": ""
              }
            ],
            "name": "journey-expander",
            "project": "webcrawler-450417",
            "status": null,
            "template": [
              {
                "metadata": [
                  {
                    "annotations": {
                      "run.googleapis.com/client-name": "terraform",
                      "run.googleapis.com/vpc-access-connector": "cloud-run-connector",
                      "run.googleapis.com/vpc-access-egress": "all-traffic"
                    },
                    "generation": 0,
                    "labels": {},
                    "name": "",
                    "namespace": "",
                    "resource_version": "",
                    "self_link": "",
                    "uid": ""
                  }
                ],
                "spec": [
                  {
                    "container_concurrency": 0,
                    "containers": [
                      {
                        "args": null,
                        "command": null,
                        "env": [
                          {
                            "name": "gcp.storage.bucket.name",
                            "value": "looksee-data-dev",
                            "value_from": []
                          },
                          {
                            "name": "pubsub.error_topic",
                            "value": "projects/webcrawler-450417/topics/audit_error",
                            "value_from": []
                          },
                          {
                            "name": "pubsub.journey_candidate",
                            "value": "projects/webcrawler-450417/topics/journey_candidate",
                            "value_from": []
                          },
                          {
                            "name": "pubsub.journey_verified",
                            "value": "projects/webcrawler-450417/topics/journey_verified",
                            "value_from": []
                          },
                          {
                            "name": "pubsub.page_built",
                            "value": "projects/webcrawler-450417/topics/page_created",
                            "value_from": []
                          },
                          {
                            "name": "spring.cloud.gcp.project-id",
                            "value": "webcrawler-450417",
                            "value_from": []
                          },
                          {
                            "name": "spring.cloud.gcp.region",
                            "value": "us-central1",
                            "value_from": []
                          },
                          {
                            "name": "spring.data.neo4j.database",
                            "value": "",
                            "value_from": [
                              {
                                "secret_key_ref": [
                                  {
                                    "key": "latest",
                                    "name": "neo4j-db-name"
                                  }
                                ]
                              }
                            ]
                          },
                          {
                            "name": "spring.data.neo4j.password",
                            "value": "",
                            "value_from": [
                              {
                                "secret_key_ref": [
                                  {
                                    "key": "latest",
                                    "name": "neo4j-password"
                                  }
                                ]
                              }
                            ]
                          },
                          {
                            "name": "spring.data.neo4j.uri",
                            "value": "",
                            "value_from": [
                              {
                                "secret_key_ref": [
                                  {
                                    "key": "latest",
                                    "name": "neo4j-bolt-uri"
                                  }
                                ]
                              }
                            ]
                          },
                          {
                            "name": "spring.data.neo4j.username",
                            "value": "",
                            "value_from": [
                              {
                                "secret_key_ref": [
                                  {
                                    "key": "latest",
                                    "name": "neo4j-username"
                                  }
                                ]
                              }
                            ]
                          }
                        ],
                        "env_from": [],
                        "image": "docker.io/deepthought42/journey-expander:latest",
                        "liveness_probe": [],
                        "name": "",
                        "ports": [
                          {
                            "container_port": 8080,
                            "name": "",
                            "protocol": ""
                          }
                        ],
                        "resources": [
                          {
                            "limits": {
                              "cpu": "2",
                              "memory": "4Gi"
                            },
                            "requests": {
                              "cpu": "1",
                              "memory": "500M"
                            }
                          }
                        ],
                        "startup_probe": [],
                        "volume_mounts": [],
                        "working_dir": ""
                      }
                    ],
                    "node_selector": null,
                    "service_account_name": "cloud-run-sa@webcrawler-450417.iam.gserviceaccount.com",
                    "serving_state": "",
                    "timeout_seconds": 120,
                    "volumes": []
                  }
                ]
              }
            ],
            "timeouts": null,
            "traffic": [
              {
                "latest_revision": true,
                "percent": 100,
                "revision_name": "",
                "tag": "",
                "url": ""
              }
            ]
          },
          "sensitive_attributes": [],
          "identity_schema_version": 0,
          "private": "eyJlMmJmYjczMC1lY2FhLTExZTYtOGY4OC0zNDM2M2JjN2M0YzAiOnsiY3JlYXRlIjoxMjAwMDAwMDAwMDAwLCJkZWxldGUiOjEyMDAwMDAwMDAwMDAsInVwZGF0ZSI6MTIwMDAwMDAwMDAwMH0sInNjaGVtYV92ZXJzaW9uIjoiMiJ9",
          "dependencies": [
            "google_service_account.cloud_run_sa",
            "google_storage_bucket.looksee_data",
            "module.neo4j_db.google_compute_firewall.neo4j-internal",
            "module.neo4j_db.google_compute_instance.neo4j",
            "module.neo4j_db.google_iap_tunnel_instance_iam_member.ssh",
            "module.neo4j_db.google_project_iam_member.neo4j_iap_tunnel_user",
            "module.neo4j_db.google_project_iam_member.neo4j_logging",
            "module.neo4j_db.google_project_iam_member.neo4j_monitoring",
            "module.neo4j_db.google_project_iam_member.neo4j_storage_viewer",
            "module.neo4j_db.google_secret_manager_secret.neo4j_bolt_uri",
            "module.neo4j_db.google_secret_manager_secret_iam_member.neo4j_bolt_uri_secret_accessor",
            "module.neo4j_db.google_secret_manager_secret_version.neo4j_bolt_uri_version",
            "module.neo4j_db.google_service_account.neo4j_instance_sa",
            "module.pubsub_topics.google_pubsub_topic.audit_error_topic",
            "module.pubsub_topics.google_pubsub_topic.journey_candidate_topic",
            "module.pubsub_topics.google_pubsub_topic.journey_verified_topic",
            "module.pubsub_topics.google_pubsub_topic.page_created_topic",
            "module.secrets.google_secret_manager_secret.neo4j_db_name",
            "module.secrets.google_secret_manager_secret.neo4j_password",
            "module.secrets.google_secret_manager_secret.neo4j_username",
            "module.selenium_chrome_cloud_run.google_cloud_run_service.selenium_standalone_chrome",
            "module.vpc.google_compute_network.vpc",
            "module.vpc.google_compute_subnetwork.custom_subnet",
            "module.vpc.google_vpc_access_connector.connector"
          ]
        }
      ]
    },
    {
      "module": "module.neo4j_db",
      "mode": "managed",
      "type": "google_compute_firewall",
      "name": "neo4j-internal",
      "provider": "provider[\"registry.terraform.io/hashicorp/google\"]",
      "instances": [
        {
          "schema_version": 1,
          "attributes": {
            "allow": [
              {
                "ports": [
                  "7474",
                  "7687"
                ],
                "protocol": "tcp"
              }
            ],
            "creation_timestamp": "2025-07-18T09:04:20.388-07:00",
            "deny": [],
            "description": "",
            "destination_ranges": [],
            "direction": "INGRESS",
            "disabled": false,
            "enable_logging": null,
            "id": "projects/webcrawler-450417/global/firewalls/neo4j-allow-internal",
            "log_config": [],
            "name": "neo4j-allow-internal",
            "network": "https://www.googleapis.com/compute/v1/projects/webcrawler-450417/global/networks/custom-vpc",
            "priority": 1000,
            "project": "webcrawler-450417",
            "self_link": "https://www.googleapis.com/compute/v1/projects/webcrawler-450417/global/firewalls/neo4j-allow-internal",
            "source_ranges": [
              "10.0.0.0/8"
            ],
            "source_service_accounts": [],
            "source_tags": [],
            "target_service_accounts": [],
            "target_tags": [
              "neo4j"
            ],
            "timeouts": null
          },
          "sensitive_attributes": [],
          "identity_schema_version": 0,
          "private": "eyJlMmJmYjczMC1lY2FhLTExZTYtOGY4OC0zNDM2M2JjN2M0YzAiOnsiY3JlYXRlIjoxMjAwMDAwMDAwMDAwLCJkZWxldGUiOjEyMDAwMDAwMDAwMDAsInVwZGF0ZSI6MTIwMDAwMDAwMDAwMH0sInNjaGVtYV92ZXJzaW9uIjoiMSJ9",
          "dependencies": [
            "module.vpc.google_compute_network.vpc"
          ]
        }
      ]
    },
    {
      "module": "module.neo4j_db",
      "mode": "managed",
      "type": "google_compute_instance",
      "name": "neo4j",
      "provider": "provider[\"registry.terraform.io/hashicorp/google\"]",
      "instances": [
        {
          "schema_version": 6,
          "attributes": {
            "advanced_machine_features": [],
            "allow_stopping_for_update": null,
            "attached_disk": [],
            "boot_disk": [
              {
                "auto_delete": true,
                "device_name": "persistent-disk-0",
                "disk_encryption_key_raw": "",
                "disk_encryption_key_rsa": "",
                "disk_encryption_key_sha256": "",
                "disk_encryption_service_account": "",
                "force_attach": false,
                "guest_os_features": [
                  "VIRTIO_SCSI_MULTIQUEUE",
                  "SEV_CAPABLE",
                  "SEV_SNP_CAPABLE",
                  "SEV_LIVE_MIGRATABLE",
                  "SEV_LIVE_MIGRATABLE_V2",
                  "IDPF",
                  "TDX_CAPABLE",
                  "UEFI_COMPATIBLE",
                  "GVNIC"
                ],
                "initialize_params": [
                  {
                    "architecture": "X86_64",
                    "enable_confidential_compute": false,
                    "image": "https://www.googleapis.com/compute/v1/projects/ubuntu-os-cloud/global/images/ubuntu-2204-jammy-v20250712",
                    "labels": {},
                    "provisioned_iops": 0,
                    "provisioned_throughput": 0,
                    "resource_manager_tags": {},
                    "resource_policies": [],
                    "size": 50,
                    "snapshot": "",
                    "source_image_encryption_key": [],
                    "source_snapshot_encryption_key": [],
                    "storage_pool": "",
                    "type": "pd-standard"
                  }
                ],
                "interface": "",
                "kms_key_self_link": "",
                "mode": "READ_WRITE",
                "source": "https://www.googleapis.com/compute/v1/projects/webcrawler-450417/zones/us-central1-a/disks/neo4j-community"
              }
            ],
            "can_ip_forward": false,
            "confidential_instance_config": [],
            "cpu_platform": "Intel Broadwell",
            "creation_timestamp": "2025-07-18T09:04:32.517-07:00",
            "current_status": "RUNNING",
            "deletion_protection": false,
            "description": "",
            "desired_status": null,
            "effective_labels": {
              "goog-terraform-provisioned": "true"
            },
            "enable_display": false,
            "guest_accelerator": [],
            "hostname": "",
            "id": "projects/webcrawler-450417/zones/us-central1-a/instances/neo4j-community",
            "instance_encryption_key": [],
            "instance_id": "465963874048790143",
            "key_revocation_action_type": "",
            "label_fingerprint": "vezUS-42LLM=",
            "labels": {},
            "machine_type": "e2-medium",
            "metadata": {
              "enable-oslogin": "TRUE"
            },
            "metadata_fingerprint": "Kpvnz7AgWEs=",
            "metadata_startup_script": "#!/bin/bash\nwget -O - https://debian.neo4j.com/neotechnology.gpg.key | sudo apt-key add -\necho 'deb https://debian.neo4j.com stable 5' | sudo tee /etc/apt/sources.list.d/neo4j.list\nsudo apt-get update\nsudo apt-get install -y neo4j\n\n# Ensure SSH daemon is enabled and started\nsudo systemctl enable ssh\nsudo systemctl start ssh\n\nsudo ufw allow 22\nsudo ufw allow 7474\nsudo ufw allow 7687\n\n# Download the CQL file to /\ncurl -o /home/neo4j/create-indexes-and-constraints.cql https://raw.githubusercontent.com/deepthought42/LookseeIaC/refs/heads/main/create-indexes-and-constraints.cql\n\n# Set initial password for neo4j admin user\nsudo systemctl stop neo4j\nsudo -u neo4j neo4j-admin set-initial-password '${var.neo4j_password}'\nsudo systemctl enable neo4j\nsudo systemctl start neo4j\n\n# Create a new user with the specified username and password\nsudo -u neo4j neo4j-admin create-user ${var.neo4j_username} '${var.neo4j_password}'\n\n# create database\nsudo -u neo4j neo4j-admin create-database ${var.neo4j_db_name}\n\n# run file to create indexes and constraints\nsudo -u neo4j neo4j-admin run /home/neo4j/create-indexes-and-constraints.cql",
            "min_cpu_platform": "",
            "name": "neo4j-community",
            "network_interface": [
              {
                "access_config": [
                  {
                    "nat_ip": "35.192.24.66",
                    "network_tier": "PREMIUM",
                    "public_ptr_domain_name": ""
                  }
                ],
                "alias_ip_range": [],
                "internal_ipv6_prefix_length": 0,
                "ipv6_access_config": [],
                "ipv6_access_type": "",
                "ipv6_address": "",
                "name": "nic0",
                "network": "https://www.googleapis.com/compute/v1/projects/webcrawler-450417/global/networks/custom-vpc",
                "network_attachment": "",
                "network_ip": "10.0.0.2",
                "nic_type": "",
                "queue_count": 0,
                "stack_type": "IPV4_ONLY",
                "subnetwork": "https://www.googleapis.com/compute/v1/projects/webcrawler-450417/regions/us-central1/subnetworks/private-subnet-1",
                "subnetwork_project": "webcrawler-450417"
              }
            ],
            "network_performance_config": [],
            "params": [],
            "project": "webcrawler-450417",
            "reservation_affinity": [],
            "resource_policies": [],
            "scheduling": [
              {
                "automatic_restart": true,
                "availability_domain": 0,
                "instance_termination_action": "",
                "local_ssd_recovery_timeout": [],
                "max_run_duration": [],
                "min_node_cpus": 0,
                "node_affinities": [],
                "on_host_maintenance": "MIGRATE",
                "on_instance_stop_action": [],
                "preemptible": false,
                "provisioning_model": "STANDARD",
                "termination_time": ""
              }
            ],
            "scratch_disk": [],
            "self_link": "https://www.googleapis.com/compute/v1/projects/webcrawler-450417/zones/us-central1-a/instances/neo4j-community",
            "service_account": [],
            "shielded_instance_config": [
              {
                "enable_integrity_monitoring": true,
                "enable_secure_boot": false,
                "enable_vtpm": true
              }
            ],
            "tags": [
              "iap-ssh",
              "neo4j"
            ],
            "tags_fingerprint": "BcNOdgbGaUQ=",
            "terraform_labels": {
              "goog-terraform-provisioned": "true"
            },
            "timeouts": null,
            "zone": "us-central1-a"
          },
          "sensitive_attributes": [
            [
              {
                "type": "get_attr",
                "value": "boot_disk"
              },
              {
                "type": "index",
                "value": {
                  "value": 0,
                  "type": "number"
                }
              },
              {
                "type": "get_attr",
                "value": "disk_encryption_key_raw"
              }
            ],
            [
              {
                "type": "get_attr",
                "value": "boot_disk"
              },
              {
                "type": "index",
                "value": {
                  "value": 0,
                  "type": "number"
                }
              },
              {
                "type": "get_attr",
                "value": "disk_encryption_key_rsa"
              }
            ]
          ],
          "identity_schema_version": 0,
          "private": "eyJlMmJmYjczMC1lY2FhLTExZTYtOGY4OC0zNDM2M2JjN2M0YzAiOnsiY3JlYXRlIjoxMjAwMDAwMDAwMDAwLCJkZWxldGUiOjEyMDAwMDAwMDAwMDAsInVwZGF0ZSI6MTIwMDAwMDAwMDAwMH0sInNjaGVtYV92ZXJzaW9uIjoiNiJ9",
          "dependencies": [
            "module.vpc.google_compute_network.vpc",
            "module.vpc.google_compute_subnetwork.custom_subnet"
          ]
        }
      ]
    },
    {
      "module": "module.neo4j_db",
      "mode": "managed",
      "type": "google_iap_tunnel_instance_iam_member",
      "name": "ssh",
      "provider": "provider[\"registry.terraform.io/hashicorp/google\"]",
      "instances": [
        {
          "schema_version": 0,
          "attributes": {
            "condition": [],
            "etag": "BwY6Nkm8Xo4=",
            "id": "projects/webcrawler-450417/iap_tunnel/zones/us-central1-a/instances/neo4j-community/roles/iap.tunnelResourceAccessor/serviceAccount:neo4j-instance-sa@webcrawler-450417.iam.gserviceaccount.com",
            "instance": "projects/webcrawler-450417/iap_tunnel/zones/us-central1-a/instances/neo4j-community",
            "member": "serviceAccount:neo4j-instance-sa@webcrawler-450417.iam.gserviceaccount.com",
            "project": "webcrawler-450417",
            "role": "roles/iap.tunnelResourceAccessor",
            "zone": "us-central1-a"
          },
          "sensitive_attributes": [],
          "identity_schema_version": 0,
          "private": "bnVsbA==",
          "dependencies": [
            "module.neo4j_db.google_compute_instance.neo4j",
            "module.neo4j_db.google_service_account.neo4j_instance_sa",
            "module.vpc.google_compute_network.vpc",
            "module.vpc.google_compute_subnetwork.custom_subnet"
          ]
        }
      ]
    },
    {
      "module": "module.neo4j_db",
      "mode": "managed",
      "type": "google_project_iam_member",
      "name": "neo4j_iap_tunnel_user",
      "provider": "provider[\"registry.terraform.io/hashicorp/google\"]",
      "instances": [
        {
          "schema_version": 0,
          "attributes": {
            "condition": [],
            "etag": "BwY6P+LJbFE=",
            "id": "webcrawler-450417/roles/iap.tunnelResourceAccessor/serviceAccount:neo4j-instance-sa@webcrawler-450417.iam.gserviceaccount.com",
            "member": "serviceAccount:neo4j-instance-sa@webcrawler-450417.iam.gserviceaccount.com",
            "project": "webcrawler-450417",
            "role": "roles/iap.tunnelResourceAccessor"
          },
          "sensitive_attributes": [],
          "identity_schema_version": 0,
          "private": "bnVsbA==",
          "dependencies": [
            "module.neo4j_db.google_service_account.neo4j_instance_sa"
          ]
        }
      ]
    },
    {
      "module": "module.neo4j_db",
      "mode": "managed",
      "type": "google_project_iam_member",
      "name": "neo4j_logging",
      "provider": "provider[\"registry.terraform.io/hashicorp/google\"]",
      "instances": [
        {
          "schema_version": 0,
          "attributes": {
            "condition": [],
            "etag": "BwY6P+LJbFE=",
            "id": "webcrawler-450417/roles/logging.logWriter/serviceAccount:neo4j-instance-sa@webcrawler-450417.iam.gserviceaccount.com",
            "member": "serviceAccount:neo4j-instance-sa@webcrawler-450417.iam.gserviceaccount.com",
            "project": "webcrawler-450417",
            "role": "roles/logging.logWriter"
          },
          "sensitive_attributes": [],
          "identity_schema_version": 0,
          "private": "bnVsbA==",
          "dependencies": [
            "module.neo4j_db.google_service_account.neo4j_instance_sa"
          ]
        }
      ]
    },
    {
      "module": "module.neo4j_db",
      "mode": "managed",
      "type": "google_project_iam_member",
      "name": "neo4j_monitoring",
      "provider": "provider[\"registry.terraform.io/hashicorp/google\"]",
      "instances": [
        {
          "schema_version": 0,
          "attributes": {
            "condition": [],
            "etag": "BwY6P+LJbFE=",
            "id": "webcrawler-450417/roles/monitoring.metricWriter/serviceAccount:neo4j-instance-sa@webcrawler-450417.iam.gserviceaccount.com",
            "member": "serviceAccount:neo4j-instance-sa@webcrawler-450417.iam.gserviceaccount.com",
            "project": "webcrawler-450417",
            "role": "roles/monitoring.metricWriter"
          },
          "sensitive_attributes": [],
          "identity_schema_version": 0,
          "private": "bnVsbA==",
          "dependencies": [
            "module.neo4j_db.google_service_account.neo4j_instance_sa"
          ]
        }
      ]
    },
    {
      "module": "module.neo4j_db",
      "mode": "managed",
      "type": "google_project_iam_member",
      "name": "neo4j_storage_viewer",
      "provider": "provider[\"registry.terraform.io/hashicorp/google\"]",
      "instances": [
        {
          "schema_version": 0,
          "attributes": {
            "condition": [],
            "etag": "BwY6P+LJbFE=",
            "id": "webcrawler-450417/roles/storage.objectViewer/serviceAccount:neo4j-instance-sa@webcrawler-450417.iam.gserviceaccount.com",
            "member": "serviceAccount:neo4j-instance-sa@webcrawler-450417.iam.gserviceaccount.com",
            "project": "webcrawler-450417",
            "role": "roles/storage.objectViewer"
          },
          "sensitive_attributes": [],
          "identity_schema_version": 0,
          "private": "bnVsbA==",
          "dependencies": [
            "module.neo4j_db.google_service_account.neo4j_instance_sa"
          ]
        }
      ]
    },
    {
      "module": "module.neo4j_db",
      "mode": "managed",
      "type": "google_secret_manager_secret",
      "name": "neo4j_bolt_uri",
      "provider": "provider[\"registry.terraform.io/hashicorp/google\"]",
      "instances": [
        {
          "schema_version": 0,
          "attributes": {
            "annotations": {},
            "create_time": "2025-07-18T16:03:35.517447Z",
            "deletion_protection": false,
            "effective_annotations": {},
            "effective_labels": {
              "environment": "dev",
              "goog-terraform-provisioned": "true"
            },
            "expire_time": "",
            "id": "projects/webcrawler-450417/secrets/neo4j-bolt-uri",
            "labels": {
              "environment": "dev"
            },
            "name": "projects/673367928406/secrets/neo4j-bolt-uri",
            "project": "webcrawler-450417",
            "replication": [
              {
                "auto": [
                  {
                    "customer_managed_encryption": []
                  }
                ],
                "user_managed": []
              }
            ],
            "rotation": [],
            "secret_id": "neo4j-bolt-uri",
            "terraform_labels": {
              "environment": "dev",
              "goog-terraform-provisioned": "true"
            },
            "timeouts": null,
            "topics": [],
            "ttl": null,
            "version_aliases": {},
            "version_destroy_ttl": ""
          },
          "sensitive_attributes": [],
          "identity_schema_version": 0,
          "private": "eyJlMmJmYjczMC1lY2FhLTExZTYtOGY4OC0zNDM2M2JjN2M0YzAiOnsiY3JlYXRlIjoxMjAwMDAwMDAwMDAwLCJkZWxldGUiOjEyMDAwMDAwMDAwMDAsInVwZGF0ZSI6MTIwMDAwMDAwMDAwMH19"
        }
      ]
    },
    {
      "module": "module.neo4j_db",
      "mode": "managed",
      "type": "google_secret_manager_secret_iam_member",
      "name": "neo4j_bolt_uri_secret_accessor",
      "provider": "provider[\"registry.terraform.io/hashicorp/google\"]",
      "instances": [
        {
          "schema_version": 0,
          "attributes": {
            "condition": [],
            "etag": "BwY6NkdSHuM=",
            "id": "projects/673367928406/secrets/neo4j-bolt-uri/roles/secretmanager.secretAccessor/serviceAccount:cloud-run-sa@webcrawler-450417.iam.gserviceaccount.com",
            "member": "serviceAccount:cloud-run-sa@webcrawler-450417.iam.gserviceaccount.com",
            "project": "673367928406",
            "role": "roles/secretmanager.secretAccessor",
            "secret_id": "projects/673367928406/secrets/neo4j-bolt-uri"
          },
          "sensitive_attributes": [],
          "identity_schema_version": 0,
          "private": "bnVsbA==",
          "dependencies": [
            "google_service_account.cloud_run_sa",
            "module.neo4j_db.google_secret_manager_secret.neo4j_bolt_uri"
          ]
        }
      ]
    },
    {
      "module": "module.neo4j_db",
      "mode": "managed",
      "type": "google_secret_manager_secret_version",
      "name": "neo4j_bolt_uri_version",
      "provider": "provider[\"registry.terraform.io/hashicorp/google\"]",
      "instances": [
        {
          "schema_version": 0,
          "attributes": {
            "create_time": "2025-07-18T16:04:59.531527Z",
            "deletion_policy": "DELETE",
            "destroy_time": "",
            "enabled": true,
            "id": "projects/673367928406/secrets/neo4j-bolt-uri/versions/1",
            "is_secret_data_base64": false,
            "name": "projects/673367928406/secrets/neo4j-bolt-uri/versions/1",
            "secret": "projects/webcrawler-450417/secrets/neo4j-bolt-uri",
            "secret_data": null,
            "secret_data_wo": null,
            "secret_data_wo_version": 0,
            "timeouts": null,
            "version": "1"
          },
          "sensitive_attributes": [
            [
              {
                "type": "get_attr",
                "value": "secret_data"
              }
            ]
          ],
          "identity_schema_version": 0,
          "private": "eyJlMmJmYjczMC1lY2FhLTExZTYtOGY4OC0zNDM2M2JjN2M0YzAiOnsiY3JlYXRlIjoxMjAwMDAwMDAwMDAwLCJkZWxldGUiOjEyMDAwMDAwMDAwMDAsInVwZGF0ZSI6MTIwMDAwMDAwMDAwMH19",
          "dependencies": [
            "module.neo4j_db.google_compute_instance.neo4j",
            "module.neo4j_db.google_secret_manager_secret.neo4j_bolt_uri",
            "module.vpc.google_compute_network.vpc",
            "module.vpc.google_compute_subnetwork.custom_subnet"
          ]
        }
      ]
    },
    {
      "module": "module.neo4j_db",
      "mode": "managed",
      "type": "google_service_account",
      "name": "neo4j_instance_sa",
      "provider": "provider[\"registry.terraform.io/hashicorp/google\"]",
      "instances": [
        {
          "schema_version": 0,
          "attributes": {
            "account_id": "neo4j-instance-sa",
            "create_ignore_already_exists": null,
            "description": "",
            "disabled": false,
            "display_name": "Service Account for Neo4j Instance",
            "email": "neo4j-instance-sa@webcrawler-450417.iam.gserviceaccount.com",
            "id": "projects/webcrawler-450417/serviceAccounts/neo4j-instance-sa@webcrawler-450417.iam.gserviceaccount.com",
            "member": "serviceAccount:neo4j-instance-sa@webcrawler-450417.iam.gserviceaccount.com",
            "name": "projects/webcrawler-450417/serviceAccounts/neo4j-instance-sa@webcrawler-450417.iam.gserviceaccount.com",
            "project": "webcrawler-450417",
            "timeouts": null,
            "unique_id": "112655008163015060043"
          },
          "sensitive_attributes": [],
          "identity_schema_version": 0,
          "private": "eyJlMmJmYjczMC1lY2FhLTExZTYtOGY4OC0zNDM2M2JjN2M0YzAiOnsiY3JlYXRlIjozMDAwMDAwMDAwMDB9fQ=="
        }
      ]
    },
    {
      "module": "module.page_builder_cloud_run",
      "mode": "managed",
      "type": "google_cloud_run_service",
      "name": "service",
      "provider": "provider[\"registry.terraform.io/hashicorp/google\"]",
      "instances": [
        {
          "schema_version": 2,
          "attributes": {
            "autogenerate_revision_name": false,
            "id": "locations/us-central1/namespaces/webcrawler-450417/services/page-builder",
            "location": "us-central1",
            "metadata": [
              {
                "annotations": {
                  "run.googleapis.com/ingress": "internal"
                },
                "effective_annotations": {
                  "run.googleapis.com/ingress": "internal",
                  "run.googleapis.com/ingress-status": "internal",
                  "run.googleapis.com/operation-id": "ba19f678-3924-4554-8aeb-eed3c84dbbd4",
                  "run.googleapis.com/urls": "[\"https://page-builder-673367928406.us-central1.run.app\",\"https://page-builder-5wvl2oswbq-uc.a.run.app\"]",
                  "serving.knative.dev/creator": "webcrawleraccountmanager@webcrawler-450417.iam.gserviceaccount.com",
                  "serving.knative.dev/lastModifier": "webcrawleraccountmanager@webcrawler-450417.iam.gserviceaccount.com"
                },
                "effective_labels": {
                  "cloud.googleapis.com/location": "us-central1",
                  "goog-terraform-provisioned": "true"
                },
                "generation": 1,
                "labels": null,
                "namespace": "webcrawler-450417",
                "resource_version": "AAY6QAmvdjw",
                "self_link": "/apis/serving.knative.dev/v1/namespaces/673367928406/services/page-builder",
                "terraform_labels": {
                  "goog-terraform-provisioned": "true"
                },
                "uid": "1b4f9845-d2b2-4a5b-9d48-2535c55732eb"
              }
            ],
            "name": "page-builder",
            "project": "webcrawler-450417",
            "status": [
              {
                "conditions": [
                  {
                    "message": "",
                    "reason": "",
                    "status": "True",
                    "type": "Ready"
                  },
                  {
                    "message": "",
                    "reason": "",
                    "status": "True",
                    "type": "ConfigurationsReady"
                  },
                  {
                    "message": "",
                    "reason": "",
                    "status": "True",
                    "type": "RoutesReady"
                  }
                ],
                "latest_created_revision_name": "page-builder-00001-j9n",
                "latest_ready_revision_name": "page-builder-00001-j9n",
                "observed_generation": 1,
                "traffic": [
                  {
                    "latest_revision": true,
                    "percent": 100,
                    "revision_name": "page-builder-00001-j9n",
                    "tag": "",
                    "url": ""
                  }
                ],
                "url": "https://page-builder-5wvl2oswbq-uc.a.run.app"
              }
            ],
            "template": [
              {
                "metadata": [
                  {
                    "annotations": {
                      "autoscaling.knative.dev/maxScale": "5",
                      "run.googleapis.com/client-name": "terraform",
                      "run.googleapis.com/vpc-access-connector": "cloud-run-connector",
                      "run.googleapis.com/vpc-access-egress": "private-ranges-only"
                    },
                    "generation": 0,
                    "labels": {
                      "run.googleapis.com/startupProbeType": "Default"
                    },
                    "name": "",
                    "namespace": "",
                    "resource_version": "",
                    "self_link": "",
                    "uid": ""
                  }
                ],
                "spec": [
                  {
                    "container_concurrency": 320,
                    "containers": [
                      {
                        "args": null,
                        "command": null,
                        "env": [
                          {
                            "name": "gcp.storage.bucket.name",
                            "value": "looksee-data-dev",
                            "value_from": []
                          },
                          {
                            "name": "pubsub.error_topic",
                            "value": "projects/webcrawler-450417/topics/audit_error",
                            "value_from": []
                          },
                          {
                            "name": "pubsub.journey_verified",
                            "value": "projects/webcrawler-450417/topics/journey_verified",
                            "value_from": []
                          },
                          {
                            "name": "pubsub.page_audit_topic",
                            "value": "projects/webcrawler-450417/topics/page_audit",
                            "value_from": []
                          },
                          {
                            "name": "pubsub.page_built",
                            "value": "projects/webcrawler-450417/topics/page_created",
                            "value_from": []
                          },
                          {
                            "name": "selenium.urls",
                            "value": "selenium-urls",
                            "value_from": []
                          },
                          {
                            "name": "spring.cloud.gcp.project-id",
                            "value": "webcrawler-450417",
                            "value_from": []
                          },
                          {
                            "name": "spring.cloud.gcp.region",
                            "value": "us-central1",
                            "value_from": []
                          },
                          {
                            "name": "spring.data.neo4j.database",
                            "value": "",
                            "value_from": [
                              {
                                "secret_key_ref": [
                                  {
                                    "key": "latest",
                                    "name": "neo4j-db-name"
                                  }
                                ]
                              }
                            ]
                          },
                          {
                            "name": "spring.data.neo4j.password",
                            "value": "",
                            "value_from": [
                              {
                                "secret_key_ref": [
                                  {
                                    "key": "latest",
                                    "name": "neo4j-password"
                                  }
                                ]
                              }
                            ]
                          },
                          {
                            "name": "spring.data.neo4j.uri",
                            "value": "",
                            "value_from": [
                              {
                                "secret_key_ref": [
                                  {
                                    "key": "latest",
                                    "name": "neo4j-bolt-uri"
                                  }
                                ]
                              }
                            ]
                          },
                          {
                            "name": "spring.data.neo4j.username",
                            "value": "",
                            "value_from": [
                              {
                                "secret_key_ref": [
                                  {
                                    "key": "latest",
                                    "name": "neo4j-username"
                                  }
                                ]
                              }
                            ]
                          }
                        ],
                        "env_from": [],
                        "image": "docker.io/deepthought42/page-builder:latest",
                        "liveness_probe": [],
                        "name": "",
                        "ports": [
                          {
                            "container_port": 8080,
                            "name": "http1",
                            "protocol": ""
                          }
                        ],
                        "resources": [
                          {
                            "limits": {
                              "cpu": "4",
                              "memory": "8Gi"
                            },
                            "requests": {
                              "cpu": "2",
                              "memory": "4Gi"
                            }
                          }
                        ],
                        "startup_probe": [
                          {
                            "failure_threshold": 1,
                            "grpc": [],
                            "http_get": [],
                            "initial_delay_seconds": 0,
                            "period_seconds": 240,
                            "tcp_socket": [
                              {
                                "port": 8080
                              }
                            ],
                            "timeout_seconds": 240
                          }
                        ],
                        "volume_mounts": [],
                        "working_dir": ""
                      }
                    ],
                    "node_selector": null,
                    "service_account_name": "cloud-run-sa@webcrawler-450417.iam.gserviceaccount.com",
                    "serving_state": "",
                    "timeout_seconds": 120,
                    "volumes": []
                  }
                ]
              }
            ],
            "timeouts": null,
            "traffic": [
              {
                "latest_revision": true,
                "percent": 100,
                "revision_name": "",
                "tag": "",
                "url": ""
              }
            ]
          },
          "sensitive_attributes": [],
          "identity_schema_version": 0,
          "private": "eyJlMmJmYjczMC1lY2FhLTExZTYtOGY4OC0zNDM2M2JjN2M0YzAiOnsiY3JlYXRlIjoxMjAwMDAwMDAwMDAwLCJkZWxldGUiOjEyMDAwMDAwMDAwMDAsInVwZGF0ZSI6MTIwMDAwMDAwMDAwMH0sInNjaGVtYV92ZXJzaW9uIjoiMiJ9",
          "dependencies": [
            "google_service_account.cloud_run_sa",
            "google_storage_bucket.looksee_data",
            "module.neo4j_db.google_compute_firewall.neo4j-internal",
            "module.neo4j_db.google_compute_instance.neo4j",
            "module.neo4j_db.google_iap_tunnel_instance_iam_member.ssh",
            "module.neo4j_db.google_project_iam_member.neo4j_iap_tunnel_user",
            "module.neo4j_db.google_project_iam_member.neo4j_logging",
            "module.neo4j_db.google_project_iam_member.neo4j_monitoring",
            "module.neo4j_db.google_project_iam_member.neo4j_storage_viewer",
            "module.neo4j_db.google_secret_manager_secret.neo4j_bolt_uri",
            "module.neo4j_db.google_secret_manager_secret_iam_member.neo4j_bolt_uri_secret_accessor",
            "module.neo4j_db.google_secret_manager_secret_version.neo4j_bolt_uri_version",
            "module.neo4j_db.google_service_account.neo4j_instance_sa",
            "module.pubsub_topics.google_pubsub_topic.audit_error_topic",
            "module.pubsub_topics.google_pubsub_topic.journey_verified_topic",
            "module.pubsub_topics.google_pubsub_topic.page_audit_topic",
            "module.pubsub_topics.google_pubsub_topic.page_created_topic",
            "module.secrets.google_secret_manager_secret.neo4j_db_name",
            "module.secrets.google_secret_manager_secret.neo4j_password",
            "module.secrets.google_secret_manager_secret.neo4j_username",
            "module.secrets.google_secret_manager_secret.selenium_urls",
            "module.selenium_chrome_cloud_run.google_cloud_run_service.selenium_standalone_chrome",
            "module.vpc.google_compute_network.vpc",
            "module.vpc.google_compute_subnetwork.custom_subnet",
            "module.vpc.google_vpc_access_connector.connector"
          ]
        }
      ]
    },
    {
      "module": "module.page_builder_cloud_run",
      "mode": "managed",
      "type": "google_cloud_run_service_iam_member",
      "name": "pubsub_invoker",
      "provider": "provider[\"registry.terraform.io/hashicorp/google\"]",
      "instances": [
        {
          "schema_version": 0,
          "attributes": {
            "condition": [],
            "etag": "BwY6QApMoMU=",
            "id": "v1/projects/webcrawler-450417/locations/us-central1/services/page-builder/roles/run.invoker/serviceAccount:cloud-run-sa@webcrawler-450417.iam.gserviceaccount.com",
            "location": "us-central1",
            "member": "serviceAccount:cloud-run-sa@webcrawler-450417.iam.gserviceaccount.com",
            "project": "webcrawler-450417",
            "role": "roles/run.invoker",
            "service": "v1/projects/webcrawler-450417/locations/us-central1/services/page-builder"
          },
          "sensitive_attributes": [],
          "identity_schema_version": 0,
          "private": "bnVsbA==",
          "dependencies": [
            "google_service_account.cloud_run_sa",
            "google_storage_bucket.looksee_data",
            "module.neo4j_db.google_compute_firewall.neo4j-internal",
            "module.neo4j_db.google_compute_instance.neo4j",
            "module.neo4j_db.google_iap_tunnel_instance_iam_member.ssh",
            "module.neo4j_db.google_project_iam_member.neo4j_iap_tunnel_user",
            "module.neo4j_db.google_project_iam_member.neo4j_logging",
            "module.neo4j_db.google_project_iam_member.neo4j_monitoring",
            "module.neo4j_db.google_project_iam_member.neo4j_storage_viewer",
            "module.neo4j_db.google_secret_manager_secret.neo4j_bolt_uri",
            "module.neo4j_db.google_secret_manager_secret_iam_member.neo4j_bolt_uri_secret_accessor",
            "module.neo4j_db.google_secret_manager_secret_version.neo4j_bolt_uri_version",
            "module.neo4j_db.google_service_account.neo4j_instance_sa",
            "module.page_builder_cloud_run.google_cloud_run_service.service",
            "module.pubsub_topics.google_pubsub_topic.audit_error_topic",
            "module.pubsub_topics.google_pubsub_topic.journey_verified_topic",
            "module.pubsub_topics.google_pubsub_topic.page_audit_topic",
            "module.pubsub_topics.google_pubsub_topic.page_created_topic",
            "module.secrets.google_secret_manager_secret.neo4j_db_name",
            "module.secrets.google_secret_manager_secret.neo4j_password",
            "module.secrets.google_secret_manager_secret.neo4j_username",
            "module.secrets.google_secret_manager_secret.selenium_urls",
            "module.selenium_chrome_cloud_run.google_cloud_run_service.selenium_standalone_chrome",
            "module.vpc.google_compute_network.vpc",
            "module.vpc.google_compute_subnetwork.custom_subnet",
            "module.vpc.google_vpc_access_connector.connector"
          ]
        }
      ]
    },
    {
      "module": "module.page_builder_cloud_run.module.pubsub_subscription",
      "mode": "managed",
      "type": "google_pubsub_subscription",
      "name": "subscription",
      "provider": "provider[\"registry.terraform.io/hashicorp/google\"]",
      "instances": [
        {
          "schema_version": 0,
          "attributes": {
            "ack_deadline_seconds": 10,
            "bigquery_config": [],
            "cloud_storage_config": [],
            "dead_letter_policy": [],
            "effective_labels": {
              "goog-terraform-provisioned": "true"
            },
            "enable_exactly_once_delivery": false,
            "enable_message_ordering": false,
            "expiration_policy": [
              {
                "ttl": "2678400s"
              }
            ],
            "filter": "",
            "id": "projects/webcrawler-450417/subscriptions/page-builder-subscription",
            "labels": null,
            "message_retention_duration": "604800s",
            "message_transforms": [],
            "name": "page-builder-subscription",
            "project": "webcrawler-450417",
            "push_config": [
              {
                "attributes": null,
                "no_wrapper": [],
                "oidc_token": [
                  {
                    "audience": "",
                    "service_account_email": "pubsub-sa@webcrawler-450417.iam.gserviceaccount.com"
                  }
                ],
                "push_endpoint": "https://page-builder-5wvl2oswbq-uc.a.run.app"
              }
            ],
            "retain_acked_messages": false,
            "retry_policy": [
              {
                "maximum_backoff": "600s",
                "minimum_backoff": "10s"
              }
            ],
            "terraform_labels": {
              "goog-terraform-provisioned": "true"
            },
            "timeouts": null,
            "topic": "projects/webcrawler-450417/topics/url"
          },
          "sensitive_attributes": [],
          "identity_schema_version": 0,
          "private": "eyJlMmJmYjczMC1lY2FhLTExZTYtOGY4OC0zNDM2M2JjN2M0YzAiOnsiY3JlYXRlIjoxMjAwMDAwMDAwMDAwLCJkZWxldGUiOjEyMDAwMDAwMDAwMDAsInVwZGF0ZSI6MTIwMDAwMDAwMDAwMH19",
          "dependencies": [
            "google_service_account.cloud_run_sa",
            "google_service_account.pubsub_sa",
            "google_storage_bucket.looksee_data",
            "module.neo4j_db.google_compute_firewall.neo4j-internal",
            "module.neo4j_db.google_compute_instance.neo4j",
            "module.neo4j_db.google_iap_tunnel_instance_iam_member.ssh",
            "module.neo4j_db.google_project_iam_member.neo4j_iap_tunnel_user",
            "module.neo4j_db.google_project_iam_member.neo4j_logging",
            "module.neo4j_db.google_project_iam_member.neo4j_monitoring",
            "module.neo4j_db.google_project_iam_member.neo4j_storage_viewer",
            "module.neo4j_db.google_secret_manager_secret.neo4j_bolt_uri",
            "module.neo4j_db.google_secret_manager_secret_iam_member.neo4j_bolt_uri_secret_accessor",
            "module.neo4j_db.google_secret_manager_secret_version.neo4j_bolt_uri_version",
            "module.neo4j_db.google_service_account.neo4j_instance_sa",
            "module.page_builder_cloud_run.google_cloud_run_service.service",
            "module.pubsub_topics.google_pubsub_topic.audit_error_topic",
            "module.pubsub_topics.google_pubsub_topic.journey_verified_topic",
            "module.pubsub_topics.google_pubsub_topic.page_audit_topic",
            "module.pubsub_topics.google_pubsub_topic.page_created_topic",
            "module.pubsub_topics.google_pubsub_topic.url_topic",
            "module.secrets.google_secret_manager_secret.neo4j_db_name",
            "module.secrets.google_secret_manager_secret.neo4j_password",
            "module.secrets.google_secret_manager_secret.neo4j_username",
            "module.secrets.google_secret_manager_secret.selenium_urls",
            "module.selenium_chrome_cloud_run.google_cloud_run_service.selenium_standalone_chrome",
            "module.vpc.google_compute_network.vpc",
            "module.vpc.google_compute_subnetwork.custom_subnet",
            "module.vpc.google_vpc_access_connector.connector"
          ]
        }
      ]
    },
    {
      "module": "module.pubsub_topics",
      "mode": "managed",
      "type": "google_pubsub_topic",
      "name": "audit_error_topic",
      "provider": "provider[\"registry.terraform.io/hashicorp/google\"]",
      "instances": [
        {
          "schema_version": 0,
          "attributes": {
            "effective_labels": {
              "environment": "dev",
              "goog-terraform-provisioned": "true"
            },
            "id": "projects/webcrawler-450417/topics/audit_error",
            "ingestion_data_source_settings": [],
            "kms_key_name": "",
            "labels": {
              "environment": "dev"
            },
            "message_retention_duration": "",
            "message_storage_policy": [
              {
                "allowed_persistence_regions": [
                  "us-central1"
                ],
                "enforce_in_transit": false
              }
            ],
            "message_transforms": [],
            "name": "audit_error",
            "project": "webcrawler-450417",
            "schema_settings": [],
            "terraform_labels": {
              "environment": "dev",
              "goog-terraform-provisioned": "true"
            },
            "timeouts": null
          },
          "sensitive_attributes": [],
          "identity_schema_version": 0,
          "private": "eyJlMmJmYjczMC1lY2FhLTExZTYtOGY4OC0zNDM2M2JjN2M0YzAiOnsiY3JlYXRlIjoxMjAwMDAwMDAwMDAwLCJkZWxldGUiOjEyMDAwMDAwMDAwMDAsInVwZGF0ZSI6MTIwMDAwMDAwMDAwMH19"
        }
      ]
    },
    {
      "module": "module.pubsub_topics",
      "mode": "managed",
      "type": "google_pubsub_topic",
      "name": "audit_update_topic",
      "provider": "provider[\"registry.terraform.io/hashicorp/google\"]",
      "instances": [
        {
          "schema_version": 0,
          "attributes": {
            "effective_labels": {
              "environment": "dev",
              "goog-terraform-provisioned": "true"
            },
            "id": "projects/webcrawler-450417/topics/audit_update",
            "ingestion_data_source_settings": [],
            "kms_key_name": "",
            "labels": {
              "environment": "dev"
            },
            "message_retention_duration": "",
            "message_storage_policy": [
              {
                "allowed_persistence_regions": [
                  "us-central1"
                ],
                "enforce_in_transit": false
              }
            ],
            "message_transforms": [],
            "name": "audit_update",
            "project": "webcrawler-450417",
            "schema_settings": [],
            "terraform_labels": {
              "environment": "dev",
              "goog-terraform-provisioned": "true"
            },
            "timeouts": null
          },
          "sensitive_attributes": [],
          "identity_schema_version": 0,
          "private": "eyJlMmJmYjczMC1lY2FhLTExZTYtOGY4OC0zNDM2M2JjN2M0YzAiOnsiY3JlYXRlIjoxMjAwMDAwMDAwMDAwLCJkZWxldGUiOjEyMDAwMDAwMDAwMDAsInVwZGF0ZSI6MTIwMDAwMDAwMDAwMH19"
        }
      ]
    },
    {
      "module": "module.pubsub_topics",
      "mode": "managed",
      "type": "google_pubsub_topic",
      "name": "journey_candidate_topic",
      "provider": "provider[\"registry.terraform.io/hashicorp/google\"]",
      "instances": [
        {
          "schema_version": 0,
          "attributes": {
            "effective_labels": {
              "environment": "dev",
              "goog-terraform-provisioned": "true"
            },
            "id": "projects/webcrawler-450417/topics/journey_candidate",
            "ingestion_data_source_settings": [],
            "kms_key_name": "",
            "labels": {
              "environment": "dev"
            },
            "message_retention_duration": "",
            "message_storage_policy": [
              {
                "allowed_persistence_regions": [
                  "us-central1"
                ],
                "enforce_in_transit": false
              }
            ],
            "message_transforms": [],
            "name": "journey_candidate",
            "project": "webcrawler-450417",
            "schema_settings": [],
            "terraform_labels": {
              "environment": "dev",
              "goog-terraform-provisioned": "true"
            },
            "timeouts": null
          },
          "sensitive_attributes": [],
          "identity_schema_version": 0,
          "private": "eyJlMmJmYjczMC1lY2FhLTExZTYtOGY4OC0zNDM2M2JjN2M0YzAiOnsiY3JlYXRlIjoxMjAwMDAwMDAwMDAwLCJkZWxldGUiOjEyMDAwMDAwMDAwMDAsInVwZGF0ZSI6MTIwMDAwMDAwMDAwMH19"
        }
      ]
    },
    {
      "module": "module.pubsub_topics",
      "mode": "managed",
      "type": "google_pubsub_topic",
      "name": "journey_completion_cleanup_topic",
      "provider": "provider[\"registry.terraform.io/hashicorp/google\"]",
      "instances": [
        {
          "schema_version": 0,
          "attributes": {
            "effective_labels": {
              "environment": "dev",
              "goog-terraform-provisioned": "true"
            },
            "id": "projects/webcrawler-450417/topics/journey_completion_cleanup",
            "ingestion_data_source_settings": [],
            "kms_key_name": "",
            "labels": {
              "environment": "dev"
            },
            "message_retention_duration": "",
            "message_storage_policy": [
              {
                "allowed_persistence_regions": [
                  "us-central1"
                ],
                "enforce_in_transit": false
              }
            ],
            "message_transforms": [],
            "name": "journey_completion_cleanup",
            "project": "webcrawler-450417",
            "schema_settings": [],
            "terraform_labels": {
              "environment": "dev",
              "goog-terraform-provisioned": "true"
            },
            "timeouts": null
          },
          "sensitive_attributes": [],
          "identity_schema_version": 0,
          "private": "eyJlMmJmYjczMC1lY2FhLTExZTYtOGY4OC0zNDM2M2JjN2M0YzAiOnsiY3JlYXRlIjoxMjAwMDAwMDAwMDAwLCJkZWxldGUiOjEyMDAwMDAwMDAwMDAsInVwZGF0ZSI6MTIwMDAwMDAwMDAwMH19"
        }
      ]
    },
    {
      "module": "module.pubsub_topics",
      "mode": "managed",
      "type": "google_pubsub_topic",
      "name": "journey_discarded_topic",
      "provider": "provider[\"registry.terraform.io/hashicorp/google\"]",
      "instances": [
        {
          "schema_version": 0,
          "attributes": {
            "effective_labels": {
              "environment": "dev",
              "goog-terraform-provisioned": "true"
            },
            "id": "projects/webcrawler-450417/topics/journey_discarded",
            "ingestion_data_source_settings": [],
            "kms_key_name": "",
            "labels": {
              "environment": "dev"
            },
            "message_retention_duration": "",
            "message_storage_policy": [
              {
                "allowed_persistence_regions": [
                  "us-central1"
                ],
                "enforce_in_transit": false
              }
            ],
            "message_transforms": [],
            "name": "journey_discarded",
            "project": "webcrawler-450417",
            "schema_settings": [],
            "terraform_labels": {
              "environment": "dev",
              "goog-terraform-provisioned": "true"
            },
            "timeouts": null
          },
          "sensitive_attributes": [],
          "identity_schema_version": 0,
          "private": "eyJlMmJmYjczMC1lY2FhLTExZTYtOGY4OC0zNDM2M2JjN2M0YzAiOnsiY3JlYXRlIjoxMjAwMDAwMDAwMDAwLCJkZWxldGUiOjEyMDAwMDAwMDAwMDAsInVwZGF0ZSI6MTIwMDAwMDAwMDAwMH19"
        }
      ]
    },
    {
      "module": "module.pubsub_topics",
      "mode": "managed",
      "type": "google_pubsub_topic",
      "name": "journey_verified_topic",
      "provider": "provider[\"registry.terraform.io/hashicorp/google\"]",
      "instances": [
        {
          "schema_version": 0,
          "attributes": {
            "effective_labels": {
              "environment": "dev",
              "goog-terraform-provisioned": "true"
            },
            "id": "projects/webcrawler-450417/topics/journey_verified",
            "ingestion_data_source_settings": [],
            "kms_key_name": "",
            "labels": {
              "environment": "dev"
            },
            "message_retention_duration": "",
            "message_storage_policy": [
              {
                "allowed_persistence_regions": [
                  "us-central1"
                ],
                "enforce_in_transit": false
              }
            ],
            "message_transforms": [],
            "name": "journey_verified",
            "project": "webcrawler-450417",
            "schema_settings": [],
            "terraform_labels": {
              "environment": "dev",
              "goog-terraform-provisioned": "true"
            },
            "timeouts": null
          },
          "sensitive_attributes": [],
          "identity_schema_version": 0,
          "private": "eyJlMmJmYjczMC1lY2FhLTExZTYtOGY4OC0zNDM2M2JjN2M0YzAiOnsiY3JlYXRlIjoxMjAwMDAwMDAwMDAwLCJkZWxldGUiOjEyMDAwMDAwMDAwMDAsInVwZGF0ZSI6MTIwMDAwMDAwMDAwMH19"
        }
      ]
    },
    {
      "module": "module.pubsub_topics",
      "mode": "managed",
      "type": "google_pubsub_topic",
      "name": "page_audit_topic",
      "provider": "provider[\"registry.terraform.io/hashicorp/google\"]",
      "instances": [
        {
          "schema_version": 0,
          "attributes": {
            "effective_labels": {
              "environment": "dev",
              "goog-terraform-provisioned": "true"
            },
            "id": "projects/webcrawler-450417/topics/page_audit",
            "ingestion_data_source_settings": [],
            "kms_key_name": "",
            "labels": {
              "environment": "dev"
            },
            "message_retention_duration": "",
            "message_storage_policy": [
              {
                "allowed_persistence_regions": [
                  "us-central1"
                ],
                "enforce_in_transit": false
              }
            ],
            "message_transforms": [],
            "name": "page_audit",
            "project": "webcrawler-450417",
            "schema_settings": [],
            "terraform_labels": {
              "environment": "dev",
              "goog-terraform-provisioned": "true"
            },
            "timeouts": null
          },
          "sensitive_attributes": [],
          "identity_schema_version": 0,
          "private": "eyJlMmJmYjczMC1lY2FhLTExZTYtOGY4OC0zNDM2M2JjN2M0YzAiOnsiY3JlYXRlIjoxMjAwMDAwMDAwMDAwLCJkZWxldGUiOjEyMDAwMDAwMDAwMDAsInVwZGF0ZSI6MTIwMDAwMDAwMDAwMH19"
        }
      ]
    },
    {
      "module": "module.pubsub_topics",
      "mode": "managed",
      "type": "google_pubsub_topic",
      "name": "page_created_topic",
      "provider": "provider[\"registry.terraform.io/hashicorp/google\"]",
      "instances": [
        {
          "schema_version": 0,
          "attributes": {
            "effective_labels": {
              "environment": "dev",
              "goog-terraform-provisioned": "true"
            },
            "id": "projects/webcrawler-450417/topics/page_created",
            "ingestion_data_source_settings": [],
            "kms_key_name": "",
            "labels": {
              "environment": "dev"
            },
            "message_retention_duration": "",
            "message_storage_policy": [
              {
                "allowed_persistence_regions": [
                  "us-central1"
                ],
                "enforce_in_transit": false
              }
            ],
            "message_transforms": [],
            "name": "page_created",
            "project": "webcrawler-450417",
            "schema_settings": [],
            "terraform_labels": {
              "environment": "dev",
              "goog-terraform-provisioned": "true"
            },
            "timeouts": null
          },
          "sensitive_attributes": [],
          "identity_schema_version": 0,
          "private": "eyJlMmJmYjczMC1lY2FhLTExZTYtOGY4OC0zNDM2M2JjN2M0YzAiOnsiY3JlYXRlIjoxMjAwMDAwMDAwMDAwLCJkZWxldGUiOjEyMDAwMDAwMDAwMDAsInVwZGF0ZSI6MTIwMDAwMDAwMDAwMH19"
        }
      ]
    },
    {
      "module": "module.pubsub_topics",
      "mode": "managed",
      "type": "google_pubsub_topic",
      "name": "url_topic",
      "provider": "provider[\"registry.terraform.io/hashicorp/google\"]",
      "instances": [
        {
          "schema_version": 0,
          "attributes": {
            "effective_labels": {
              "environment": "dev",
              "goog-terraform-provisioned": "true"
            },
            "id": "projects/webcrawler-450417/topics/url",
            "ingestion_data_source_settings": [],
            "kms_key_name": "",
            "labels": {
              "environment": "dev"
            },
            "message_retention_duration": "",
            "message_storage_policy": [
              {
                "allowed_persistence_regions": [
                  "us-central1"
                ],
                "enforce_in_transit": false
              }
            ],
            "message_transforms": [],
            "name": "url",
            "project": "webcrawler-450417",
            "schema_settings": [],
            "terraform_labels": {
              "environment": "dev",
              "goog-terraform-provisioned": "true"
            },
            "timeouts": null
          },
          "sensitive_attributes": [],
          "identity_schema_version": 0,
          "private": "eyJlMmJmYjczMC1lY2FhLTExZTYtOGY4OC0zNDM2M2JjN2M0YzAiOnsiY3JlYXRlIjoxMjAwMDAwMDAwMDAwLCJkZWxldGUiOjEyMDAwMDAwMDAwMDAsInVwZGF0ZSI6MTIwMDAwMDAwMDAwMH19"
        }
      ]
    },
    {
      "module": "module.pubsub_topics",
      "mode": "managed",
      "type": "google_pubsub_topic_iam_binding",
      "name": "audit_error_topic_publisher",
      "provider": "provider[\"registry.terraform.io/hashicorp/google\"]",
      "instances": [
        {
          "schema_version": 0,
          "attributes": {
            "condition": [],
            "etag": "BwY6NkcWbkE=",
            "id": "projects/webcrawler-450417/topics/audit_error/roles/pubsub.publisher",
            "members": [
              "serviceAccount:pubsub-sa@webcrawler-450417.iam.gserviceaccount.com"
            ],
            "project": "webcrawler-450417",
            "role": "roles/pubsub.publisher",
            "topic": "projects/webcrawler-450417/topics/audit_error"
          },
          "sensitive_attributes": [],
          "identity_schema_version": 0,
          "private": "bnVsbA==",
          "dependencies": [
            "google_service_account.pubsub_sa",
            "module.pubsub_topics.google_pubsub_topic.audit_error_topic"
          ]
        }
      ]
    },
    {
      "module": "module.pubsub_topics",
      "mode": "managed",
      "type": "google_pubsub_topic_iam_binding",
      "name": "audit_update_topic_publisher",
      "provider": "provider[\"registry.terraform.io/hashicorp/google\"]",
      "instances": [
        {
          "schema_version": 0,
          "attributes": {
            "condition": [],
            "etag": "BwY6Nkcnm9I=",
            "id": "projects/webcrawler-450417/topics/audit_update/roles/pubsub.publisher",
            "members": [
              "serviceAccount:pubsub-sa@webcrawler-450417.iam.gserviceaccount.com"
            ],
            "project": "webcrawler-450417",
            "role": "roles/pubsub.publisher",
            "topic": "projects/webcrawler-450417/topics/audit_update"
          },
          "sensitive_attributes": [],
          "identity_schema_version": 0,
          "private": "bnVsbA==",
          "dependencies": [
            "google_service_account.pubsub_sa",
            "module.pubsub_topics.google_pubsub_topic.audit_update_topic"
          ]
        }
      ]
    },
    {
      "module": "module.pubsub_topics",
      "mode": "managed",
      "type": "google_pubsub_topic_iam_binding",
      "name": "journey_candidate_topic_publisher",
      "provider": "provider[\"registry.terraform.io/hashicorp/google\"]",
      "instances": [
        {
          "schema_version": 0,
          "attributes": {
            "condition": [],
            "etag": "BwY6NkcsDRk=",
            "id": "projects/webcrawler-450417/topics/journey_candidate/roles/pubsub.publisher",
            "members": [
              "serviceAccount:pubsub-sa@webcrawler-450417.iam.gserviceaccount.com"
            ],
            "project": "webcrawler-450417",
            "role": "roles/pubsub.publisher",
            "topic": "projects/webcrawler-450417/topics/journey_candidate"
          },
          "sensitive_attributes": [],
          "identity_schema_version": 0,
          "private": "bnVsbA==",
          "dependencies": [
            "google_service_account.pubsub_sa",
            "module.pubsub_topics.google_pubsub_topic.journey_candidate_topic"
          ]
        }
      ]
    },
    {
      "module": "module.pubsub_topics",
      "mode": "managed",
      "type": "google_pubsub_topic_iam_binding",
      "name": "journey_completion_cleanup_topic_publisher",
      "provider": "provider[\"registry.terraform.io/hashicorp/google\"]",
      "instances": [
        {
          "schema_version": 0,
          "attributes": {
            "condition": [],
            "etag": "BwY6NkckXOg=",
            "id": "projects/webcrawler-450417/topics/journey_completion_cleanup/roles/pubsub.publisher",
            "members": [
              "serviceAccount:pubsub-sa@webcrawler-450417.iam.gserviceaccount.com"
            ],
            "project": "webcrawler-450417",
            "role": "roles/pubsub.publisher",
            "topic": "projects/webcrawler-450417/topics/journey_completion_cleanup"
          },
          "sensitive_attributes": [],
          "identity_schema_version": 0,
          "private": "bnVsbA==",
          "dependencies": [
            "google_service_account.pubsub_sa",
            "module.pubsub_topics.google_pubsub_topic.journey_completion_cleanup_topic"
          ]
        }
      ]
    },
    {
      "module": "module.pubsub_topics",
      "mode": "managed",
      "type": "google_pubsub_topic_iam_binding",
      "name": "journey_discarded_topic_publisher",
      "provider": "provider[\"registry.terraform.io/hashicorp/google\"]",
      "instances": [
        {
          "schema_version": 0,
          "attributes": {
            "condition": [],
            "etag": "BwY6NkcMAiI=",
            "id": "projects/webcrawler-450417/topics/journey_discarded/roles/pubsub.publisher",
            "members": [
              "serviceAccount:pubsub-sa@webcrawler-450417.iam.gserviceaccount.com"
            ],
            "project": "webcrawler-450417",
            "role": "roles/pubsub.publisher",
            "topic": "projects/webcrawler-450417/topics/journey_discarded"
          },
          "sensitive_attributes": [],
          "identity_schema_version": 0,
          "private": "bnVsbA==",
          "dependencies": [
            "google_service_account.pubsub_sa",
            "module.pubsub_topics.google_pubsub_topic.journey_discarded_topic"
          ]
        }
      ]
    },
    {
      "module": "module.pubsub_topics",
      "mode": "managed",
      "type": "google_pubsub_topic_iam_binding",
      "name": "journey_verified_topic_publisher",
      "provider": "provider[\"registry.terraform.io/hashicorp/google\"]",
      "instances": [
        {
          "schema_version": 0,
          "attributes": {
            "condition": [],
            "etag": "BwY6NkbkZfE=",
            "id": "projects/webcrawler-450417/topics/journey_verified/roles/pubsub.publisher",
            "members": [
              "serviceAccount:pubsub-sa@webcrawler-450417.iam.gserviceaccount.com"
            ],
            "project": "webcrawler-450417",
            "role": "roles/pubsub.publisher",
            "topic": "projects/webcrawler-450417/topics/journey_verified"
          },
          "sensitive_attributes": [],
          "identity_schema_version": 0,
          "private": "bnVsbA==",
          "dependencies": [
            "google_service_account.pubsub_sa",
            "module.pubsub_topics.google_pubsub_topic.journey_verified_topic"
          ]
        }
      ]
    },
    {
      "module": "module.pubsub_topics",
      "mode": "managed",
      "type": "google_pubsub_topic_iam_binding",
      "name": "page_audit_topic_publisher",
      "provider": "provider[\"registry.terraform.io/hashicorp/google\"]",
      "instances": [
        {
          "schema_version": 0,
          "attributes": {
            "condition": [],
            "etag": "BwY6Nkbr3v0=",
            "id": "projects/webcrawler-450417/topics/page_audit/roles/pubsub.publisher",
            "members": [
              "serviceAccount:pubsub-sa@webcrawler-450417.iam.gserviceaccount.com"
            ],
            "project": "webcrawler-450417",
            "role": "roles/pubsub.publisher",
            "topic": "projects/webcrawler-450417/topics/page_audit"
          },
          "sensitive_attributes": [],
          "identity_schema_version": 0,
          "private": "bnVsbA==",
          "dependencies": [
            "google_service_account.pubsub_sa",
            "module.pubsub_topics.google_pubsub_topic.page_audit_topic"
          ]
        }
      ]
    },
    {
      "module": "module.pubsub_topics",
      "mode": "managed",
      "type": "google_pubsub_topic_iam_binding",
      "name": "page_created_topic_publisher",
      "provider": "provider[\"registry.terraform.io/hashicorp/google\"]",
      "instances": [
        {
          "schema_version": 0,
          "attributes": {
            "condition": [],
            "etag": "BwY6NkdNqPw=",
            "id": "projects/webcrawler-450417/topics/page_created/roles/pubsub.publisher",
            "members": [
              "serviceAccount:pubsub-sa@webcrawler-450417.iam.gserviceaccount.com"
            ],
            "project": "webcrawler-450417",
            "role": "roles/pubsub.publisher",
            "topic": "projects/webcrawler-450417/topics/page_created"
          },
          "sensitive_attributes": [],
          "identity_schema_version": 0,
          "private": "bnVsbA==",
          "dependencies": [
            "google_service_account.pubsub_sa",
            "module.pubsub_topics.google_pubsub_topic.page_created_topic"
          ]
        }
      ]
    },
    {
      "module": "module.pubsub_topics",
      "mode": "managed",
      "type": "google_pubsub_topic_iam_binding",
      "name": "url_topic_publisher",
      "provider": "provider[\"registry.terraform.io/hashicorp/google\"]",
      "instances": [
        {
          "schema_version": 0,
          "attributes": {
            "condition": [],
            "etag": "BwY6NkcaAFE=",
            "id": "projects/webcrawler-450417/topics/url/roles/pubsub.publisher",
            "members": [
              "serviceAccount:pubsub-sa@webcrawler-450417.iam.gserviceaccount.com"
            ],
            "project": "webcrawler-450417",
            "role": "roles/pubsub.publisher",
            "topic": "projects/webcrawler-450417/topics/url"
          },
          "sensitive_attributes": [],
          "identity_schema_version": 0,
          "private": "bnVsbA==",
          "dependencies": [
            "google_service_account.pubsub_sa",
            "module.pubsub_topics.google_pubsub_topic.url_topic"
          ]
        }
      ]
    },
    {
      "module": "module.secrets",
      "mode": "managed",
      "type": "google_secret_manager_secret",
      "name": "auth0_audience",
      "provider": "provider[\"registry.terraform.io/hashicorp/google\"]",
      "instances": [
        {
          "schema_version": 0,
          "attributes": {
            "annotations": {},
            "create_time": "2025-07-18T16:05:05.430343Z",
            "deletion_protection": false,
            "effective_annotations": {},
            "effective_labels": {
              "environment": "dev",
              "goog-terraform-provisioned": "true"
            },
            "expire_time": "",
            "id": "projects/webcrawler-450417/secrets/auth0-audience",
            "labels": {
              "environment": "dev"
            },
            "name": "projects/673367928406/secrets/auth0-audience",
            "project": "webcrawler-450417",
            "replication": [
              {
                "auto": [
                  {
                    "customer_managed_encryption": []
                  }
                ],
                "user_managed": []
              }
            ],
            "rotation": [],
            "secret_id": "auth0-audience",
            "terraform_labels": {
              "environment": "dev",
              "goog-terraform-provisioned": "true"
            },
            "timeouts": null,
            "topics": [],
            "ttl": null,
            "version_aliases": {},
            "version_destroy_ttl": ""
          },
          "sensitive_attributes": [],
          "identity_schema_version": 0,
          "private": "eyJlMmJmYjczMC1lY2FhLTExZTYtOGY4OC0zNDM2M2JjN2M0YzAiOnsiY3JlYXRlIjoxMjAwMDAwMDAwMDAwLCJkZWxldGUiOjEyMDAwMDAwMDAwMDAsInVwZGF0ZSI6MTIwMDAwMDAwMDAwMH19",
          "dependencies": [
            "google_service_account.cloud_run_sa",
            "module.neo4j_db.google_compute_firewall.neo4j-internal",
            "module.neo4j_db.google_compute_instance.neo4j",
            "module.neo4j_db.google_iap_tunnel_instance_iam_member.ssh",
            "module.neo4j_db.google_project_iam_member.neo4j_iap_tunnel_user",
            "module.neo4j_db.google_project_iam_member.neo4j_logging",
            "module.neo4j_db.google_project_iam_member.neo4j_monitoring",
            "module.neo4j_db.google_project_iam_member.neo4j_storage_viewer",
            "module.neo4j_db.google_secret_manager_secret.neo4j_bolt_uri",
            "module.neo4j_db.google_secret_manager_secret_iam_member.neo4j_bolt_uri_secret_accessor",
            "module.neo4j_db.google_secret_manager_secret_version.neo4j_bolt_uri_version",
            "module.neo4j_db.google_service_account.neo4j_instance_sa",
            "module.selenium_chrome_cloud_run.google_cloud_run_service.selenium_standalone_chrome",
            "module.vpc.google_compute_network.vpc",
            "module.vpc.google_compute_subnetwork.custom_subnet"
          ]
        }
      ]
    },
    {
      "module": "module.secrets",
      "mode": "managed",
      "type": "google_secret_manager_secret",
      "name": "auth0_client_id",
      "provider": "provider[\"registry.terraform.io/hashicorp/google\"]",
      "instances": [
        {
          "schema_version": 0,
          "attributes": {
            "annotations": {},
            "create_time": "2025-07-18T16:05:05.449956Z",
            "deletion_protection": false,
            "effective_annotations": {},
            "effective_labels": {
              "environment": "dev",
              "goog-terraform-provisioned": "true"
            },
            "expire_time": "",
            "id": "projects/webcrawler-450417/secrets/auth0-client-id",
            "labels": {
              "environment": "dev"
            },
            "name": "projects/673367928406/secrets/auth0-client-id",
            "project": "webcrawler-450417",
            "replication": [
              {
                "auto": [
                  {
                    "customer_managed_encryption": []
                  }
                ],
                "user_managed": []
              }
            ],
            "rotation": [],
            "secret_id": "auth0-client-id",
            "terraform_labels": {
              "environment": "dev",
              "goog-terraform-provisioned": "true"
            },
            "timeouts": null,
            "topics": [],
            "ttl": null,
            "version_aliases": {},
            "version_destroy_ttl": ""
          },
          "sensitive_attributes": [],
          "identity_schema_version": 0,
          "private": "eyJlMmJmYjczMC1lY2FhLTExZTYtOGY4OC0zNDM2M2JjN2M0YzAiOnsiY3JlYXRlIjoxMjAwMDAwMDAwMDAwLCJkZWxldGUiOjEyMDAwMDAwMDAwMDAsInVwZGF0ZSI6MTIwMDAwMDAwMDAwMH19",
          "dependencies": [
            "google_service_account.cloud_run_sa",
            "module.neo4j_db.google_compute_firewall.neo4j-internal",
            "module.neo4j_db.google_compute_instance.neo4j",
            "module.neo4j_db.google_iap_tunnel_instance_iam_member.ssh",
            "module.neo4j_db.google_project_iam_member.neo4j_iap_tunnel_user",
            "module.neo4j_db.google_project_iam_member.neo4j_logging",
            "module.neo4j_db.google_project_iam_member.neo4j_monitoring",
            "module.neo4j_db.google_project_iam_member.neo4j_storage_viewer",
            "module.neo4j_db.google_secret_manager_secret.neo4j_bolt_uri",
            "module.neo4j_db.google_secret_manager_secret_iam_member.neo4j_bolt_uri_secret_accessor",
            "module.neo4j_db.google_secret_manager_secret_version.neo4j_bolt_uri_version",
            "module.neo4j_db.google_service_account.neo4j_instance_sa",
            "module.selenium_chrome_cloud_run.google_cloud_run_service.selenium_standalone_chrome",
            "module.vpc.google_compute_network.vpc",
            "module.vpc.google_compute_subnetwork.custom_subnet"
          ]
        }
      ]
    },
    {
      "module": "module.secrets",
      "mode": "managed",
      "type": "google_secret_manager_secret",
      "name": "auth0_client_secret",
      "provider": "provider[\"registry.terraform.io/hashicorp/google\"]",
      "instances": [
        {
          "schema_version": 0,
          "attributes": {
            "annotations": {},
            "create_time": "2025-07-18T16:05:05.295100Z",
            "deletion_protection": false,
            "effective_annotations": {},
            "effective_labels": {
              "environment": "dev",
              "goog-terraform-provisioned": "true"
            },
            "expire_time": "",
            "id": "projects/webcrawler-450417/secrets/auth0-client-secret",
            "labels": {
              "environment": "dev"
            },
            "name": "projects/673367928406/secrets/auth0-client-secret",
            "project": "webcrawler-450417",
            "replication": [
              {
                "auto": [
                  {
                    "customer_managed_encryption": []
                  }
                ],
                "user_managed": []
              }
            ],
            "rotation": [],
            "secret_id": "auth0-client-secret",
            "terraform_labels": {
              "environment": "dev",
              "goog-terraform-provisioned": "true"
            },
            "timeouts": null,
            "topics": [],
            "ttl": null,
            "version_aliases": {},
            "version_destroy_ttl": ""
          },
          "sensitive_attributes": [],
          "identity_schema_version": 0,
          "private": "eyJlMmJmYjczMC1lY2FhLTExZTYtOGY4OC0zNDM2M2JjN2M0YzAiOnsiY3JlYXRlIjoxMjAwMDAwMDAwMDAwLCJkZWxldGUiOjEyMDAwMDAwMDAwMDAsInVwZGF0ZSI6MTIwMDAwMDAwMDAwMH19",
          "dependencies": [
            "google_service_account.cloud_run_sa",
            "module.neo4j_db.google_compute_firewall.neo4j-internal",
            "module.neo4j_db.google_compute_instance.neo4j",
            "module.neo4j_db.google_iap_tunnel_instance_iam_member.ssh",
            "module.neo4j_db.google_project_iam_member.neo4j_iap_tunnel_user",
            "module.neo4j_db.google_project_iam_member.neo4j_logging",
            "module.neo4j_db.google_project_iam_member.neo4j_monitoring",
            "module.neo4j_db.google_project_iam_member.neo4j_storage_viewer",
            "module.neo4j_db.google_secret_manager_secret.neo4j_bolt_uri",
            "module.neo4j_db.google_secret_manager_secret_iam_member.neo4j_bolt_uri_secret_accessor",
            "module.neo4j_db.google_secret_manager_secret_version.neo4j_bolt_uri_version",
            "module.neo4j_db.google_service_account.neo4j_instance_sa",
            "module.selenium_chrome_cloud_run.google_cloud_run_service.selenium_standalone_chrome",
            "module.vpc.google_compute_network.vpc",
            "module.vpc.google_compute_subnetwork.custom_subnet"
          ]
        }
      ]
    },
    {
      "module": "module.secrets",
      "mode": "managed",
      "type": "google_secret_manager_secret",
      "name": "auth0_domain",
      "provider": "provider[\"registry.terraform.io/hashicorp/google\"]",
      "instances": [
        {
          "schema_version": 0,
          "attributes": {
            "annotations": {},
            "create_time": "2025-07-18T16:05:05.045020Z",
            "deletion_protection": false,
            "effective_annotations": {},
            "effective_labels": {
              "environment": "dev",
              "goog-terraform-provisioned": "true"
            },
            "expire_time": "",
            "id": "projects/webcrawler-450417/secrets/auth0-domain",
            "labels": {
              "environment": "dev"
            },
            "name": "projects/673367928406/secrets/auth0-domain",
            "project": "webcrawler-450417",
            "replication": [
              {
                "auto": [
                  {
                    "customer_managed_encryption": []
                  }
                ],
                "user_managed": []
              }
            ],
            "rotation": [],
            "secret_id": "auth0-domain",
            "terraform_labels": {
              "environment": "dev",
              "goog-terraform-provisioned": "true"
            },
            "timeouts": null,
            "topics": [],
            "ttl": null,
            "version_aliases": {},
            "version_destroy_ttl": ""
          },
          "sensitive_attributes": [],
          "identity_schema_version": 0,
          "private": "eyJlMmJmYjczMC1lY2FhLTExZTYtOGY4OC0zNDM2M2JjN2M0YzAiOnsiY3JlYXRlIjoxMjAwMDAwMDAwMDAwLCJkZWxldGUiOjEyMDAwMDAwMDAwMDAsInVwZGF0ZSI6MTIwMDAwMDAwMDAwMH19",
          "dependencies": [
            "google_service_account.cloud_run_sa",
            "module.neo4j_db.google_compute_firewall.neo4j-internal",
            "module.neo4j_db.google_compute_instance.neo4j",
            "module.neo4j_db.google_iap_tunnel_instance_iam_member.ssh",
            "module.neo4j_db.google_project_iam_member.neo4j_iap_tunnel_user",
            "module.neo4j_db.google_project_iam_member.neo4j_logging",
            "module.neo4j_db.google_project_iam_member.neo4j_monitoring",
            "module.neo4j_db.google_project_iam_member.neo4j_storage_viewer",
            "module.neo4j_db.google_secret_manager_secret.neo4j_bolt_uri",
            "module.neo4j_db.google_secret_manager_secret_iam_member.neo4j_bolt_uri_secret_accessor",
            "module.neo4j_db.google_secret_manager_secret_version.neo4j_bolt_uri_version",
            "module.neo4j_db.google_service_account.neo4j_instance_sa",
            "module.selenium_chrome_cloud_run.google_cloud_run_service.selenium_standalone_chrome",
            "module.vpc.google_compute_network.vpc",
            "module.vpc.google_compute_subnetwork.custom_subnet"
          ]
        }
      ]
    },
    {
      "module": "module.secrets",
      "mode": "managed",
      "type": "google_secret_manager_secret",
      "name": "auth0_management_api_audience",
      "provider": "provider[\"registry.terraform.io/hashicorp/google\"]",
      "instances": [
        {
          "schema_version": 0,
          "attributes": {
            "annotations": {},
            "create_time": "2025-07-18T16:05:05.386554Z",
            "deletion_protection": false,
            "effective_annotations": {},
            "effective_labels": {
              "environment": "dev",
              "goog-terraform-provisioned": "true"
            },
            "expire_time": "",
            "id": "projects/webcrawler-450417/secrets/auth0-management-api-audience",
            "labels": {
              "environment": "dev"
            },
            "name": "projects/673367928406/secrets/auth0-management-api-audience",
            "project": "webcrawler-450417",
            "replication": [
              {
                "auto": [
                  {
                    "customer_managed_encryption": []
                  }
                ],
                "user_managed": []
              }
            ],
            "rotation": [],
            "secret_id": "auth0-management-api-audience",
            "terraform_labels": {
              "environment": "dev",
              "goog-terraform-provisioned": "true"
            },
            "timeouts": null,
            "topics": [],
            "ttl": null,
            "version_aliases": {},
            "version_destroy_ttl": ""
          },
          "sensitive_attributes": [],
          "identity_schema_version": 0,
          "private": "eyJlMmJmYjczMC1lY2FhLTExZTYtOGY4OC0zNDM2M2JjN2M0YzAiOnsiY3JlYXRlIjoxMjAwMDAwMDAwMDAwLCJkZWxldGUiOjEyMDAwMDAwMDAwMDAsInVwZGF0ZSI6MTIwMDAwMDAwMDAwMH19",
          "dependencies": [
            "google_service_account.cloud_run_sa",
            "module.neo4j_db.google_compute_firewall.neo4j-internal",
            "module.neo4j_db.google_compute_instance.neo4j",
            "module.neo4j_db.google_iap_tunnel_instance_iam_member.ssh",
            "module.neo4j_db.google_project_iam_member.neo4j_iap_tunnel_user",
            "module.neo4j_db.google_project_iam_member.neo4j_logging",
            "module.neo4j_db.google_project_iam_member.neo4j_monitoring",
            "module.neo4j_db.google_project_iam_member.neo4j_storage_viewer",
            "module.neo4j_db.google_secret_manager_secret.neo4j_bolt_uri",
            "module.neo4j_db.google_secret_manager_secret_iam_member.neo4j_bolt_uri_secret_accessor",
            "module.neo4j_db.google_secret_manager_secret_version.neo4j_bolt_uri_version",
            "module.neo4j_db.google_service_account.neo4j_instance_sa",
            "module.selenium_chrome_cloud_run.google_cloud_run_service.selenium_standalone_chrome",
            "module.vpc.google_compute_network.vpc",
            "module.vpc.google_compute_subnetwork.custom_subnet"
          ]
        }
      ]
    },
    {
      "module": "module.secrets",
      "mode": "managed",
      "type": "google_secret_manager_secret",
      "name": "auth0_management_api_client_id",
      "provider": "provider[\"registry.terraform.io/hashicorp/google\"]",
      "instances": [
        {
          "schema_version": 0,
          "attributes": {
            "annotations": {},
            "create_time": "2025-07-18T16:05:04.950873Z",
            "deletion_protection": false,
            "effective_annotations": {},
            "effective_labels": {
              "environment": "dev",
              "goog-terraform-provisioned": "true"
            },
            "expire_time": "",
            "id": "projects/webcrawler-450417/secrets/auth0-management-api-client-id",
            "labels": {
              "environment": "dev"
            },
            "name": "projects/673367928406/secrets/auth0-management-api-client-id",
            "project": "webcrawler-450417",
            "replication": [
              {
                "auto": [
                  {
                    "customer_managed_encryption": []
                  }
                ],
                "user_managed": []
              }
            ],
            "rotation": [],
            "secret_id": "auth0-management-api-client-id",
            "terraform_labels": {
              "environment": "dev",
              "goog-terraform-provisioned": "true"
            },
            "timeouts": null,
            "topics": [],
            "ttl": null,
            "version_aliases": {},
            "version_destroy_ttl": ""
          },
          "sensitive_attributes": [],
          "identity_schema_version": 0,
          "private": "eyJlMmJmYjczMC1lY2FhLTExZTYtOGY4OC0zNDM2M2JjN2M0YzAiOnsiY3JlYXRlIjoxMjAwMDAwMDAwMDAwLCJkZWxldGUiOjEyMDAwMDAwMDAwMDAsInVwZGF0ZSI6MTIwMDAwMDAwMDAwMH19",
          "dependencies": [
            "google_service_account.cloud_run_sa",
            "module.neo4j_db.google_compute_firewall.neo4j-internal",
            "module.neo4j_db.google_compute_instance.neo4j",
            "module.neo4j_db.google_iap_tunnel_instance_iam_member.ssh",
            "module.neo4j_db.google_project_iam_member.neo4j_iap_tunnel_user",
            "module.neo4j_db.google_project_iam_member.neo4j_logging",
            "module.neo4j_db.google_project_iam_member.neo4j_monitoring",
            "module.neo4j_db.google_project_iam_member.neo4j_storage_viewer",
            "module.neo4j_db.google_secret_manager_secret.neo4j_bolt_uri",
            "module.neo4j_db.google_secret_manager_secret_iam_member.neo4j_bolt_uri_secret_accessor",
            "module.neo4j_db.google_secret_manager_secret_version.neo4j_bolt_uri_version",
            "module.neo4j_db.google_service_account.neo4j_instance_sa",
            "module.selenium_chrome_cloud_run.google_cloud_run_service.selenium_standalone_chrome",
            "module.vpc.google_compute_network.vpc",
            "module.vpc.google_compute_subnetwork.custom_subnet"
          ]
        }
      ]
    },
    {
      "module": "module.secrets",
      "mode": "managed",
      "type": "google_secret_manager_secret",
      "name": "auth0_management_api_client_secret",
      "provider": "provider[\"registry.terraform.io/hashicorp/google\"]",
      "instances": [
        {
          "schema_version": 0,
          "attributes": {
            "annotations": {},
            "create_time": "2025-07-18T16:05:05.257774Z",
            "deletion_protection": false,
            "effective_annotations": {},
            "effective_labels": {
              "environment": "dev",
              "goog-terraform-provisioned": "true"
            },
            "expire_time": "",
            "id": "projects/webcrawler-450417/secrets/auth0-management-api-client-secret",
            "labels": {
              "environment": "dev"
            },
            "name": "projects/673367928406/secrets/auth0-management-api-client-secret",
            "project": "webcrawler-450417",
            "replication": [
              {
                "auto": [
                  {
                    "customer_managed_encryption": []
                  }
                ],
                "user_managed": []
              }
            ],
            "rotation": [],
            "secret_id": "auth0-management-api-client-secret",
            "terraform_labels": {
              "environment": "dev",
              "goog-terraform-provisioned": "true"
            },
            "timeouts": null,
            "topics": [],
            "ttl": null,
            "version_aliases": {},
            "version_destroy_ttl": ""
          },
          "sensitive_attributes": [],
          "identity_schema_version": 0,
          "private": "eyJlMmJmYjczMC1lY2FhLTExZTYtOGY4OC0zNDM2M2JjN2M0YzAiOnsiY3JlYXRlIjoxMjAwMDAwMDAwMDAwLCJkZWxldGUiOjEyMDAwMDAwMDAwMDAsInVwZGF0ZSI6MTIwMDAwMDAwMDAwMH19",
          "dependencies": [
            "google_service_account.cloud_run_sa",
            "module.neo4j_db.google_compute_firewall.neo4j-internal",
            "module.neo4j_db.google_compute_instance.neo4j",
            "module.neo4j_db.google_iap_tunnel_instance_iam_member.ssh",
            "module.neo4j_db.google_project_iam_member.neo4j_iap_tunnel_user",
            "module.neo4j_db.google_project_iam_member.neo4j_logging",
            "module.neo4j_db.google_project_iam_member.neo4j_monitoring",
            "module.neo4j_db.google_project_iam_member.neo4j_storage_viewer",
            "module.neo4j_db.google_secret_manager_secret.neo4j_bolt_uri",
            "module.neo4j_db.google_secret_manager_secret_iam_member.neo4j_bolt_uri_secret_accessor",
            "module.neo4j_db.google_secret_manager_secret_version.neo4j_bolt_uri_version",
            "module.neo4j_db.google_service_account.neo4j_instance_sa",
            "module.selenium_chrome_cloud_run.google_cloud_run_service.selenium_standalone_chrome",
            "module.vpc.google_compute_network.vpc",
            "module.vpc.google_compute_subnetwork.custom_subnet"
          ]
        }
      ]
    },
    {
      "module": "module.secrets",
      "mode": "managed",
      "type": "google_secret_manager_secret",
      "name": "auth0_management_api_domain",
      "provider": "provider[\"registry.terraform.io/hashicorp/google\"]",
      "instances": [
        {
          "schema_version": 0,
          "attributes": {
            "annotations": {},
            "create_time": "2025-07-18T16:05:05.382673Z",
            "deletion_protection": false,
            "effective_annotations": {},
            "effective_labels": {
              "environment": "dev",
              "goog-terraform-provisioned": "true"
            },
            "expire_time": "",
            "id": "projects/webcrawler-450417/secrets/auth0-management-api-domain",
            "labels": {
              "environment": "dev"
            },
            "name": "projects/673367928406/secrets/auth0-management-api-domain",
            "project": "webcrawler-450417",
            "replication": [
              {
                "auto": [
                  {
                    "customer_managed_encryption": []
                  }
                ],
                "user_managed": []
              }
            ],
            "rotation": [],
            "secret_id": "auth0-management-api-domain",
            "terraform_labels": {
              "environment": "dev",
              "goog-terraform-provisioned": "true"
            },
            "timeouts": null,
            "topics": [],
            "ttl": null,
            "version_aliases": {},
            "version_destroy_ttl": ""
          },
          "sensitive_attributes": [],
          "identity_schema_version": 0,
          "private": "eyJlMmJmYjczMC1lY2FhLTExZTYtOGY4OC0zNDM2M2JjN2M0YzAiOnsiY3JlYXRlIjoxMjAwMDAwMDAwMDAwLCJkZWxldGUiOjEyMDAwMDAwMDAwMDAsInVwZGF0ZSI6MTIwMDAwMDAwMDAwMH19",
          "dependencies": [
            "google_service_account.cloud_run_sa",
            "module.neo4j_db.google_compute_firewall.neo4j-internal",
            "module.neo4j_db.google_compute_instance.neo4j",
            "module.neo4j_db.google_iap_tunnel_instance_iam_member.ssh",
            "module.neo4j_db.google_project_iam_member.neo4j_iap_tunnel_user",
            "module.neo4j_db.google_project_iam_member.neo4j_logging",
            "module.neo4j_db.google_project_iam_member.neo4j_monitoring",
            "module.neo4j_db.google_project_iam_member.neo4j_storage_viewer",
            "module.neo4j_db.google_secret_manager_secret.neo4j_bolt_uri",
            "module.neo4j_db.google_secret_manager_secret_iam_member.neo4j_bolt_uri_secret_accessor",
            "module.neo4j_db.google_secret_manager_secret_version.neo4j_bolt_uri_version",
            "module.neo4j_db.google_service_account.neo4j_instance_sa",
            "module.selenium_chrome_cloud_run.google_cloud_run_service.selenium_standalone_chrome",
            "module.vpc.google_compute_network.vpc",
            "module.vpc.google_compute_subnetwork.custom_subnet"
          ]
        }
      ]
    },
    {
      "module": "module.secrets",
      "mode": "managed",
      "type": "google_secret_manager_secret",
      "name": "neo4j_db_name",
      "provider": "provider[\"registry.terraform.io/hashicorp/google\"]",
      "instances": [
        {
          "schema_version": 0,
          "attributes": {
            "annotations": {},
            "create_time": "2025-07-18T16:05:05.053563Z",
            "deletion_protection": false,
            "effective_annotations": {},
            "effective_labels": {
              "environment": "dev",
              "goog-terraform-provisioned": "true"
            },
            "expire_time": "",
            "id": "projects/webcrawler-450417/secrets/neo4j-db-name",
            "labels": {
              "environment": "dev"
            },
            "name": "projects/673367928406/secrets/neo4j-db-name",
            "project": "webcrawler-450417",
            "replication": [
              {
                "auto": [
                  {
                    "customer_managed_encryption": []
                  }
                ],
                "user_managed": []
              }
            ],
            "rotation": [],
            "secret_id": "neo4j-db-name",
            "terraform_labels": {
              "environment": "dev",
              "goog-terraform-provisioned": "true"
            },
            "timeouts": null,
            "topics": [],
            "ttl": null,
            "version_aliases": {},
            "version_destroy_ttl": ""
          },
          "sensitive_attributes": [],
          "identity_schema_version": 0,
          "private": "eyJlMmJmYjczMC1lY2FhLTExZTYtOGY4OC0zNDM2M2JjN2M0YzAiOnsiY3JlYXRlIjoxMjAwMDAwMDAwMDAwLCJkZWxldGUiOjEyMDAwMDAwMDAwMDAsInVwZGF0ZSI6MTIwMDAwMDAwMDAwMH19",
          "dependencies": [
            "google_service_account.cloud_run_sa",
            "module.neo4j_db.google_compute_firewall.neo4j-internal",
            "module.neo4j_db.google_compute_instance.neo4j",
            "module.neo4j_db.google_iap_tunnel_instance_iam_member.ssh",
            "module.neo4j_db.google_project_iam_member.neo4j_iap_tunnel_user",
            "module.neo4j_db.google_project_iam_member.neo4j_logging",
            "module.neo4j_db.google_project_iam_member.neo4j_monitoring",
            "module.neo4j_db.google_project_iam_member.neo4j_storage_viewer",
            "module.neo4j_db.google_secret_manager_secret.neo4j_bolt_uri",
            "module.neo4j_db.google_secret_manager_secret_iam_member.neo4j_bolt_uri_secret_accessor",
            "module.neo4j_db.google_secret_manager_secret_version.neo4j_bolt_uri_version",
            "module.neo4j_db.google_service_account.neo4j_instance_sa",
            "module.selenium_chrome_cloud_run.google_cloud_run_service.selenium_standalone_chrome",
            "module.vpc.google_compute_network.vpc",
            "module.vpc.google_compute_subnetwork.custom_subnet"
          ]
        }
      ]
    },
    {
      "module": "module.secrets",
      "mode": "managed",
      "type": "google_secret_manager_secret",
      "name": "neo4j_password",
      "provider": "provider[\"registry.terraform.io/hashicorp/google\"]",
      "instances": [
        {
          "schema_version": 0,
          "attributes": {
            "annotations": {},
            "create_time": "2025-07-18T16:05:04.995835Z",
            "deletion_protection": false,
            "effective_annotations": {},
            "effective_labels": {
              "environment": "dev",
              "goog-terraform-provisioned": "true"
            },
            "expire_time": "",
            "id": "projects/webcrawler-450417/secrets/neo4j-password",
            "labels": {
              "environment": "dev"
            },
            "name": "projects/673367928406/secrets/neo4j-password",
            "project": "webcrawler-450417",
            "replication": [
              {
                "auto": [
                  {
                    "customer_managed_encryption": []
                  }
                ],
                "user_managed": []
              }
            ],
            "rotation": [],
            "secret_id": "neo4j-password",
            "terraform_labels": {
              "environment": "dev",
              "goog-terraform-provisioned": "true"
            },
            "timeouts": null,
            "topics": [],
            "ttl": null,
            "version_aliases": {},
            "version_destroy_ttl": ""
          },
          "sensitive_attributes": [],
          "identity_schema_version": 0,
          "private": "eyJlMmJmYjczMC1lY2FhLTExZTYtOGY4OC0zNDM2M2JjN2M0YzAiOnsiY3JlYXRlIjoxMjAwMDAwMDAwMDAwLCJkZWxldGUiOjEyMDAwMDAwMDAwMDAsInVwZGF0ZSI6MTIwMDAwMDAwMDAwMH19",
          "dependencies": [
            "google_service_account.cloud_run_sa",
            "module.neo4j_db.google_compute_firewall.neo4j-internal",
            "module.neo4j_db.google_compute_instance.neo4j",
            "module.neo4j_db.google_iap_tunnel_instance_iam_member.ssh",
            "module.neo4j_db.google_project_iam_member.neo4j_iap_tunnel_user",
            "module.neo4j_db.google_project_iam_member.neo4j_logging",
            "module.neo4j_db.google_project_iam_member.neo4j_monitoring",
            "module.neo4j_db.google_project_iam_member.neo4j_storage_viewer",
            "module.neo4j_db.google_secret_manager_secret.neo4j_bolt_uri",
            "module.neo4j_db.google_secret_manager_secret_iam_member.neo4j_bolt_uri_secret_accessor",
            "module.neo4j_db.google_secret_manager_secret_version.neo4j_bolt_uri_version",
            "module.neo4j_db.google_service_account.neo4j_instance_sa",
            "module.selenium_chrome_cloud_run.google_cloud_run_service.selenium_standalone_chrome",
            "module.vpc.google_compute_network.vpc",
            "module.vpc.google_compute_subnetwork.custom_subnet"
          ]
        }
      ]
    },
    {
      "module": "module.secrets",
      "mode": "managed",
      "type": "google_secret_manager_secret",
      "name": "neo4j_username",
      "provider": "provider[\"registry.terraform.io/hashicorp/google\"]",
      "instances": [
        {
          "schema_version": 0,
          "attributes": {
            "annotations": {},
            "create_time": "2025-07-18T16:05:05.465194Z",
            "deletion_protection": false,
            "effective_annotations": {},
            "effective_labels": {
              "environment": "dev",
              "goog-terraform-provisioned": "true"
            },
            "expire_time": "",
            "id": "projects/webcrawler-450417/secrets/neo4j-username",
            "labels": {
              "environment": "dev"
            },
            "name": "projects/673367928406/secrets/neo4j-username",
            "project": "webcrawler-450417",
            "replication": [
              {
                "auto": [
                  {
                    "customer_managed_encryption": []
                  }
                ],
                "user_managed": []
              }
            ],
            "rotation": [],
            "secret_id": "neo4j-username",
            "terraform_labels": {
              "environment": "dev",
              "goog-terraform-provisioned": "true"
            },
            "timeouts": null,
            "topics": [],
            "ttl": null,
            "version_aliases": {},
            "version_destroy_ttl": ""
          },
          "sensitive_attributes": [],
          "identity_schema_version": 0,
          "private": "eyJlMmJmYjczMC1lY2FhLTExZTYtOGY4OC0zNDM2M2JjN2M0YzAiOnsiY3JlYXRlIjoxMjAwMDAwMDAwMDAwLCJkZWxldGUiOjEyMDAwMDAwMDAwMDAsInVwZGF0ZSI6MTIwMDAwMDAwMDAwMH19",
          "dependencies": [
            "google_service_account.cloud_run_sa",
            "module.neo4j_db.google_compute_firewall.neo4j-internal",
            "module.neo4j_db.google_compute_instance.neo4j",
            "module.neo4j_db.google_iap_tunnel_instance_iam_member.ssh",
            "module.neo4j_db.google_project_iam_member.neo4j_iap_tunnel_user",
            "module.neo4j_db.google_project_iam_member.neo4j_logging",
            "module.neo4j_db.google_project_iam_member.neo4j_monitoring",
            "module.neo4j_db.google_project_iam_member.neo4j_storage_viewer",
            "module.neo4j_db.google_secret_manager_secret.neo4j_bolt_uri",
            "module.neo4j_db.google_secret_manager_secret_iam_member.neo4j_bolt_uri_secret_accessor",
            "module.neo4j_db.google_secret_manager_secret_version.neo4j_bolt_uri_version",
            "module.neo4j_db.google_service_account.neo4j_instance_sa",
            "module.selenium_chrome_cloud_run.google_cloud_run_service.selenium_standalone_chrome",
            "module.vpc.google_compute_network.vpc",
            "module.vpc.google_compute_subnetwork.custom_subnet"
          ]
        }
      ]
    },
    {
      "module": "module.secrets",
      "mode": "managed",
      "type": "google_secret_manager_secret",
      "name": "pusher_app_id",
      "provider": "provider[\"registry.terraform.io/hashicorp/google\"]",
      "instances": [
        {
          "schema_version": 0,
          "attributes": {
            "annotations": {},
            "create_time": "2025-07-18T16:05:05.489820Z",
            "deletion_protection": false,
            "effective_annotations": {},
            "effective_labels": {
              "environment": "dev",
              "goog-terraform-provisioned": "true"
            },
            "expire_time": "",
            "id": "projects/webcrawler-450417/secrets/pusher-app-id",
            "labels": {
              "environment": "dev"
            },
            "name": "projects/673367928406/secrets/pusher-app-id",
            "project": "webcrawler-450417",
            "replication": [
              {
                "auto": [
                  {
                    "customer_managed_encryption": []
                  }
                ],
                "user_managed": []
              }
            ],
            "rotation": [],
            "secret_id": "pusher-app-id",
            "terraform_labels": {
              "environment": "dev",
              "goog-terraform-provisioned": "true"
            },
            "timeouts": null,
            "topics": [],
            "ttl": null,
            "version_aliases": {},
            "version_destroy_ttl": ""
          },
          "sensitive_attributes": [],
          "identity_schema_version": 0,
          "private": "eyJlMmJmYjczMC1lY2FhLTExZTYtOGY4OC0zNDM2M2JjN2M0YzAiOnsiY3JlYXRlIjoxMjAwMDAwMDAwMDAwLCJkZWxldGUiOjEyMDAwMDAwMDAwMDAsInVwZGF0ZSI6MTIwMDAwMDAwMDAwMH19",
          "dependencies": [
            "google_service_account.cloud_run_sa",
            "module.neo4j_db.google_compute_firewall.neo4j-internal",
            "module.neo4j_db.google_compute_instance.neo4j",
            "module.neo4j_db.google_iap_tunnel_instance_iam_member.ssh",
            "module.neo4j_db.google_project_iam_member.neo4j_iap_tunnel_user",
            "module.neo4j_db.google_project_iam_member.neo4j_logging",
            "module.neo4j_db.google_project_iam_member.neo4j_monitoring",
            "module.neo4j_db.google_project_iam_member.neo4j_storage_viewer",
            "module.neo4j_db.google_secret_manager_secret.neo4j_bolt_uri",
            "module.neo4j_db.google_secret_manager_secret_iam_member.neo4j_bolt_uri_secret_accessor",
            "module.neo4j_db.google_secret_manager_secret_version.neo4j_bolt_uri_version",
            "module.neo4j_db.google_service_account.neo4j_instance_sa",
            "module.selenium_chrome_cloud_run.google_cloud_run_service.selenium_standalone_chrome",
            "module.vpc.google_compute_network.vpc",
            "module.vpc.google_compute_subnetwork.custom_subnet"
          ]
        }
      ]
    },
    {
      "module": "module.secrets",
      "mode": "managed",
      "type": "google_secret_manager_secret",
      "name": "pusher_cluster",
      "provider": "provider[\"registry.terraform.io/hashicorp/google\"]",
      "instances": [
        {
          "schema_version": 0,
          "attributes": {
            "annotations": {},
            "create_time": "2025-07-18T16:05:04.948840Z",
            "deletion_protection": false,
            "effective_annotations": {},
            "effective_labels": {
              "environment": "dev",
              "goog-terraform-provisioned": "true"
            },
            "expire_time": "",
            "id": "projects/webcrawler-450417/secrets/pusher-cluster",
            "labels": {
              "environment": "dev"
            },
            "name": "projects/673367928406/secrets/pusher-cluster",
            "project": "webcrawler-450417",
            "replication": [
              {
                "auto": [
                  {
                    "customer_managed_encryption": []
                  }
                ],
                "user_managed": []
              }
            ],
            "rotation": [],
            "secret_id": "pusher-cluster",
            "terraform_labels": {
              "environment": "dev",
              "goog-terraform-provisioned": "true"
            },
            "timeouts": null,
            "topics": [],
            "ttl": null,
            "version_aliases": {},
            "version_destroy_ttl": ""
          },
          "sensitive_attributes": [],
          "identity_schema_version": 0,
          "private": "eyJlMmJmYjczMC1lY2FhLTExZTYtOGY4OC0zNDM2M2JjN2M0YzAiOnsiY3JlYXRlIjoxMjAwMDAwMDAwMDAwLCJkZWxldGUiOjEyMDAwMDAwMDAwMDAsInVwZGF0ZSI6MTIwMDAwMDAwMDAwMH19",
          "dependencies": [
            "google_service_account.cloud_run_sa",
            "module.neo4j_db.google_compute_firewall.neo4j-internal",
            "module.neo4j_db.google_compute_instance.neo4j",
            "module.neo4j_db.google_iap_tunnel_instance_iam_member.ssh",
            "module.neo4j_db.google_project_iam_member.neo4j_iap_tunnel_user",
            "module.neo4j_db.google_project_iam_member.neo4j_logging",
            "module.neo4j_db.google_project_iam_member.neo4j_monitoring",
            "module.neo4j_db.google_project_iam_member.neo4j_storage_viewer",
            "module.neo4j_db.google_secret_manager_secret.neo4j_bolt_uri",
            "module.neo4j_db.google_secret_manager_secret_iam_member.neo4j_bolt_uri_secret_accessor",
            "module.neo4j_db.google_secret_manager_secret_version.neo4j_bolt_uri_version",
            "module.neo4j_db.google_service_account.neo4j_instance_sa",
            "module.selenium_chrome_cloud_run.google_cloud_run_service.selenium_standalone_chrome",
            "module.vpc.google_compute_network.vpc",
            "module.vpc.google_compute_subnetwork.custom_subnet"
          ]
        }
      ]
    },
    {
      "module": "module.secrets",
      "mode": "managed",
      "type": "google_secret_manager_secret",
      "name": "pusher_key",
      "provider": "provider[\"registry.terraform.io/hashicorp/google\"]",
      "instances": [
        {
          "schema_version": 0,
          "attributes": {
            "annotations": {},
            "create_time": "2025-07-18T16:05:05.438576Z",
            "deletion_protection": false,
            "effective_annotations": {},
            "effective_labels": {
              "environment": "dev",
              "goog-terraform-provisioned": "true"
            },
            "expire_time": "",
            "id": "projects/webcrawler-450417/secrets/pusher-key",
            "labels": {
              "environment": "dev"
            },
            "name": "projects/673367928406/secrets/pusher-key",
            "project": "webcrawler-450417",
            "replication": [
              {
                "auto": [
                  {
                    "customer_managed_encryption": []
                  }
                ],
                "user_managed": []
              }
            ],
            "rotation": [],
            "secret_id": "pusher-key",
            "terraform_labels": {
              "environment": "dev",
              "goog-terraform-provisioned": "true"
            },
            "timeouts": null,
            "topics": [],
            "ttl": null,
            "version_aliases": {},
            "version_destroy_ttl": ""
          },
          "sensitive_attributes": [],
          "identity_schema_version": 0,
          "private": "eyJlMmJmYjczMC1lY2FhLTExZTYtOGY4OC0zNDM2M2JjN2M0YzAiOnsiY3JlYXRlIjoxMjAwMDAwMDAwMDAwLCJkZWxldGUiOjEyMDAwMDAwMDAwMDAsInVwZGF0ZSI6MTIwMDAwMDAwMDAwMH19",
          "dependencies": [
            "google_service_account.cloud_run_sa",
            "module.neo4j_db.google_compute_firewall.neo4j-internal",
            "module.neo4j_db.google_compute_instance.neo4j",
            "module.neo4j_db.google_iap_tunnel_instance_iam_member.ssh",
            "module.neo4j_db.google_project_iam_member.neo4j_iap_tunnel_user",
            "module.neo4j_db.google_project_iam_member.neo4j_logging",
            "module.neo4j_db.google_project_iam_member.neo4j_monitoring",
            "module.neo4j_db.google_project_iam_member.neo4j_storage_viewer",
            "module.neo4j_db.google_secret_manager_secret.neo4j_bolt_uri",
            "module.neo4j_db.google_secret_manager_secret_iam_member.neo4j_bolt_uri_secret_accessor",
            "module.neo4j_db.google_secret_manager_secret_version.neo4j_bolt_uri_version",
            "module.neo4j_db.google_service_account.neo4j_instance_sa",
            "module.selenium_chrome_cloud_run.google_cloud_run_service.selenium_standalone_chrome",
            "module.vpc.google_compute_network.vpc",
            "module.vpc.google_compute_subnetwork.custom_subnet"
          ]
        }
      ]
    },
    {
      "module": "module.secrets",
      "mode": "managed",
      "type": "google_secret_manager_secret",
      "name": "pusher_secret",
      "provider": "provider[\"registry.terraform.io/hashicorp/google\"]",
      "instances": [
        {
          "schema_version": 0,
          "attributes": {
            "annotations": {},
            "create_time": "2025-07-18T16:05:05.049027Z",
            "deletion_protection": false,
            "effective_annotations": {},
            "effective_labels": {
              "environment": "dev",
              "goog-terraform-provisioned": "true"
            },
            "expire_time": "",
            "id": "projects/webcrawler-450417/secrets/pusher-secret",
            "labels": {
              "environment": "dev"
            },
            "name": "projects/673367928406/secrets/pusher-secret",
            "project": "webcrawler-450417",
            "replication": [
              {
                "auto": [
                  {
                    "customer_managed_encryption": []
                  }
                ],
                "user_managed": []
              }
            ],
            "rotation": [],
            "secret_id": "pusher-secret",
            "terraform_labels": {
              "environment": "dev",
              "goog-terraform-provisioned": "true"
            },
            "timeouts": null,
            "topics": [],
            "ttl": null,
            "version_aliases": {},
            "version_destroy_ttl": ""
          },
          "sensitive_attributes": [],
          "identity_schema_version": 0,
          "private": "eyJlMmJmYjczMC1lY2FhLTExZTYtOGY4OC0zNDM2M2JjN2M0YzAiOnsiY3JlYXRlIjoxMjAwMDAwMDAwMDAwLCJkZWxldGUiOjEyMDAwMDAwMDAwMDAsInVwZGF0ZSI6MTIwMDAwMDAwMDAwMH19",
          "dependencies": [
            "google_service_account.cloud_run_sa",
            "module.neo4j_db.google_compute_firewall.neo4j-internal",
            "module.neo4j_db.google_compute_instance.neo4j",
            "module.neo4j_db.google_iap_tunnel_instance_iam_member.ssh",
            "module.neo4j_db.google_project_iam_member.neo4j_iap_tunnel_user",
            "module.neo4j_db.google_project_iam_member.neo4j_logging",
            "module.neo4j_db.google_project_iam_member.neo4j_monitoring",
            "module.neo4j_db.google_project_iam_member.neo4j_storage_viewer",
            "module.neo4j_db.google_secret_manager_secret.neo4j_bolt_uri",
            "module.neo4j_db.google_secret_manager_secret_iam_member.neo4j_bolt_uri_secret_accessor",
            "module.neo4j_db.google_secret_manager_secret_version.neo4j_bolt_uri_version",
            "module.neo4j_db.google_service_account.neo4j_instance_sa",
            "module.selenium_chrome_cloud_run.google_cloud_run_service.selenium_standalone_chrome",
            "module.vpc.google_compute_network.vpc",
            "module.vpc.google_compute_subnetwork.custom_subnet"
          ]
        }
      ]
    },
    {
      "module": "module.secrets",
      "mode": "managed",
      "type": "google_secret_manager_secret",
      "name": "selenium_urls",
      "provider": "provider[\"registry.terraform.io/hashicorp/google\"]",
      "instances": [
        {
          "schema_version": 0,
          "attributes": {
            "annotations": {},
            "create_time": "2025-07-18T16:05:04.949988Z",
            "deletion_protection": false,
            "effective_annotations": {},
            "effective_labels": {
              "environment": "dev",
              "goog-terraform-provisioned": "true"
            },
            "expire_time": "",
            "id": "projects/webcrawler-450417/secrets/selenium-urls",
            "labels": {
              "environment": "dev"
            },
            "name": "projects/673367928406/secrets/selenium-urls",
            "project": "webcrawler-450417",
            "replication": [
              {
                "auto": [
                  {
                    "customer_managed_encryption": []
                  }
                ],
                "user_managed": []
              }
            ],
            "rotation": [],
            "secret_id": "selenium-urls",
            "terraform_labels": {
              "environment": "dev",
              "goog-terraform-provisioned": "true"
            },
            "timeouts": null,
            "topics": [],
            "ttl": null,
            "version_aliases": {},
            "version_destroy_ttl": ""
          },
          "sensitive_attributes": [],
          "identity_schema_version": 0,
          "private": "eyJlMmJmYjczMC1lY2FhLTExZTYtOGY4OC0zNDM2M2JjN2M0YzAiOnsiY3JlYXRlIjoxMjAwMDAwMDAwMDAwLCJkZWxldGUiOjEyMDAwMDAwMDAwMDAsInVwZGF0ZSI6MTIwMDAwMDAwMDAwMH19",
          "dependencies": [
            "google_service_account.cloud_run_sa",
            "module.neo4j_db.google_compute_firewall.neo4j-internal",
            "module.neo4j_db.google_compute_instance.neo4j",
            "module.neo4j_db.google_iap_tunnel_instance_iam_member.ssh",
            "module.neo4j_db.google_project_iam_member.neo4j_iap_tunnel_user",
            "module.neo4j_db.google_project_iam_member.neo4j_logging",
            "module.neo4j_db.google_project_iam_member.neo4j_monitoring",
            "module.neo4j_db.google_project_iam_member.neo4j_storage_viewer",
            "module.neo4j_db.google_secret_manager_secret.neo4j_bolt_uri",
            "module.neo4j_db.google_secret_manager_secret_iam_member.neo4j_bolt_uri_secret_accessor",
            "module.neo4j_db.google_secret_manager_secret_version.neo4j_bolt_uri_version",
            "module.neo4j_db.google_service_account.neo4j_instance_sa",
            "module.selenium_chrome_cloud_run.google_cloud_run_service.selenium_standalone_chrome",
            "module.vpc.google_compute_network.vpc",
            "module.vpc.google_compute_subnetwork.custom_subnet"
          ]
        }
      ]
    },
    {
      "module": "module.secrets",
      "mode": "managed",
      "type": "google_secret_manager_secret",
      "name": "smtp_password",
      "provider": "provider[\"registry.terraform.io/hashicorp/google\"]",
      "instances": [
        {
          "schema_version": 0,
          "attributes": {
            "annotations": {},
            "create_time": "2025-07-18T16:05:05.049152Z",
            "deletion_protection": false,
            "effective_annotations": {},
            "effective_labels": {
              "environment": "dev",
              "goog-terraform-provisioned": "true"
            },
            "expire_time": "",
            "id": "projects/webcrawler-450417/secrets/smtp-password",
            "labels": {
              "environment": "dev"
            },
            "name": "projects/673367928406/secrets/smtp-password",
            "project": "webcrawler-450417",
            "replication": [
              {
                "auto": [
                  {
                    "customer_managed_encryption": []
                  }
                ],
                "user_managed": []
              }
            ],
            "rotation": [],
            "secret_id": "smtp-password",
            "terraform_labels": {
              "environment": "dev",
              "goog-terraform-provisioned": "true"
            },
            "timeouts": null,
            "topics": [],
            "ttl": null,
            "version_aliases": {},
            "version_destroy_ttl": ""
          },
          "sensitive_attributes": [],
          "identity_schema_version": 0,
          "private": "eyJlMmJmYjczMC1lY2FhLTExZTYtOGY4OC0zNDM2M2JjN2M0YzAiOnsiY3JlYXRlIjoxMjAwMDAwMDAwMDAwLCJkZWxldGUiOjEyMDAwMDAwMDAwMDAsInVwZGF0ZSI6MTIwMDAwMDAwMDAwMH19",
          "dependencies": [
            "google_service_account.cloud_run_sa",
            "module.neo4j_db.google_compute_firewall.neo4j-internal",
            "module.neo4j_db.google_compute_instance.neo4j",
            "module.neo4j_db.google_iap_tunnel_instance_iam_member.ssh",
            "module.neo4j_db.google_project_iam_member.neo4j_iap_tunnel_user",
            "module.neo4j_db.google_project_iam_member.neo4j_logging",
            "module.neo4j_db.google_project_iam_member.neo4j_monitoring",
            "module.neo4j_db.google_project_iam_member.neo4j_storage_viewer",
            "module.neo4j_db.google_secret_manager_secret.neo4j_bolt_uri",
            "module.neo4j_db.google_secret_manager_secret_iam_member.neo4j_bolt_uri_secret_accessor",
            "module.neo4j_db.google_secret_manager_secret_version.neo4j_bolt_uri_version",
            "module.neo4j_db.google_service_account.neo4j_instance_sa",
            "module.selenium_chrome_cloud_run.google_cloud_run_service.selenium_standalone_chrome",
            "module.vpc.google_compute_network.vpc",
            "module.vpc.google_compute_subnetwork.custom_subnet"
          ]
        }
      ]
    },
    {
      "module": "module.secrets",
      "mode": "managed",
      "type": "google_secret_manager_secret",
      "name": "smtp_username",
      "provider": "provider[\"registry.terraform.io/hashicorp/google\"]",
      "instances": [
        {
          "schema_version": 0,
          "attributes": {
            "annotations": {},
            "create_time": "2025-07-18T16:05:05.051352Z",
            "deletion_protection": false,
            "effective_annotations": {},
            "effective_labels": {
              "environment": "dev",
              "goog-terraform-provisioned": "true"
            },
            "expire_time": "",
            "id": "projects/webcrawler-450417/secrets/smtp-username",
            "labels": {
              "environment": "dev"
            },
            "name": "projects/673367928406/secrets/smtp-username",
            "project": "webcrawler-450417",
            "replication": [
              {
                "auto": [
                  {
                    "customer_managed_encryption": []
                  }
                ],
                "user_managed": []
              }
            ],
            "rotation": [],
            "secret_id": "smtp-username",
            "terraform_labels": {
              "environment": "dev",
              "goog-terraform-provisioned": "true"
            },
            "timeouts": null,
            "topics": [],
            "ttl": null,
            "version_aliases": {},
            "version_destroy_ttl": ""
          },
          "sensitive_attributes": [],
          "identity_schema_version": 0,
          "private": "eyJlMmJmYjczMC1lY2FhLTExZTYtOGY4OC0zNDM2M2JjN2M0YzAiOnsiY3JlYXRlIjoxMjAwMDAwMDAwMDAwLCJkZWxldGUiOjEyMDAwMDAwMDAwMDAsInVwZGF0ZSI6MTIwMDAwMDAwMDAwMH19",
          "dependencies": [
            "google_service_account.cloud_run_sa",
            "module.neo4j_db.google_compute_firewall.neo4j-internal",
            "module.neo4j_db.google_compute_instance.neo4j",
            "module.neo4j_db.google_iap_tunnel_instance_iam_member.ssh",
            "module.neo4j_db.google_project_iam_member.neo4j_iap_tunnel_user",
            "module.neo4j_db.google_project_iam_member.neo4j_logging",
            "module.neo4j_db.google_project_iam_member.neo4j_monitoring",
            "module.neo4j_db.google_project_iam_member.neo4j_storage_viewer",
            "module.neo4j_db.google_secret_manager_secret.neo4j_bolt_uri",
            "module.neo4j_db.google_secret_manager_secret_iam_member.neo4j_bolt_uri_secret_accessor",
            "module.neo4j_db.google_secret_manager_secret_version.neo4j_bolt_uri_version",
            "module.neo4j_db.google_service_account.neo4j_instance_sa",
            "module.selenium_chrome_cloud_run.google_cloud_run_service.selenium_standalone_chrome",
            "module.vpc.google_compute_network.vpc",
            "module.vpc.google_compute_subnetwork.custom_subnet"
          ]
        }
      ]
    },
    {
      "module": "module.secrets",
      "mode": "managed",
      "type": "google_secret_manager_secret_iam_member",
      "name": "neo4j_db_name_secret_accessor",
      "provider": "provider[\"registry.terraform.io/hashicorp/google\"]",
      "instances": [
        {
          "schema_version": 0,
          "attributes": {
            "condition": [],
            "etag": "BwY6NkolsxI=",
            "id": "projects/673367928406/secrets/neo4j-db-name/roles/secretmanager.secretAccessor/serviceAccount:cloud-run-sa@webcrawler-450417.iam.gserviceaccount.com",
            "member": "serviceAccount:cloud-run-sa@webcrawler-450417.iam.gserviceaccount.com",
            "project": "673367928406",
            "role": "roles/secretmanager.secretAccessor",
            "secret_id": "projects/673367928406/secrets/neo4j-db-name"
          },
          "sensitive_attributes": [
            [
              {
                "type": "get_attr",
                "value": "member"
              }
            ]
          ],
          "identity_schema_version": 0,
          "private": "bnVsbA==",
          "dependencies": [
            "google_service_account.cloud_run_sa",
            "module.neo4j_db.google_compute_firewall.neo4j-internal",
            "module.neo4j_db.google_compute_instance.neo4j",
            "module.neo4j_db.google_iap_tunnel_instance_iam_member.ssh",
            "module.neo4j_db.google_project_iam_member.neo4j_iap_tunnel_user",
            "module.neo4j_db.google_project_iam_member.neo4j_logging",
            "module.neo4j_db.google_project_iam_member.neo4j_monitoring",
            "module.neo4j_db.google_project_iam_member.neo4j_storage_viewer",
            "module.neo4j_db.google_secret_manager_secret.neo4j_bolt_uri",
            "module.neo4j_db.google_secret_manager_secret_iam_member.neo4j_bolt_uri_secret_accessor",
            "module.neo4j_db.google_secret_manager_secret_version.neo4j_bolt_uri_version",
            "module.neo4j_db.google_service_account.neo4j_instance_sa",
            "module.secrets.google_secret_manager_secret.neo4j_db_name",
            "module.selenium_chrome_cloud_run.google_cloud_run_service.selenium_standalone_chrome",
            "module.vpc.google_compute_network.vpc",
            "module.vpc.google_compute_subnetwork.custom_subnet"
          ]
        }
      ]
    },
    {
      "module": "module.secrets",
      "mode": "managed",
      "type": "google_secret_manager_secret_iam_member",
      "name": "neo4j_password_secret_accessor",
      "provider": "provider[\"registry.terraform.io/hashicorp/google\"]",
      "instances": [
        {
          "schema_version": 0,
          "attributes": {
            "condition": [],
            "etag": "BwY6NkokAwc=",
            "id": "projects/673367928406/secrets/neo4j-password/roles/secretmanager.secretAccessor/serviceAccount:cloud-run-sa@webcrawler-450417.iam.gserviceaccount.com",
            "member": "serviceAccount:cloud-run-sa@webcrawler-450417.iam.gserviceaccount.com",
            "project": "673367928406",
            "role": "roles/secretmanager.secretAccessor",
            "secret_id": "projects/673367928406/secrets/neo4j-password"
          },
          "sensitive_attributes": [
            [
              {
                "type": "get_attr",
                "value": "member"
              }
            ]
          ],
          "identity_schema_version": 0,
          "private": "bnVsbA==",
          "dependencies": [
            "google_service_account.cloud_run_sa",
            "module.neo4j_db.google_compute_firewall.neo4j-internal",
            "module.neo4j_db.google_compute_instance.neo4j",
            "module.neo4j_db.google_iap_tunnel_instance_iam_member.ssh",
            "module.neo4j_db.google_project_iam_member.neo4j_iap_tunnel_user",
            "module.neo4j_db.google_project_iam_member.neo4j_logging",
            "module.neo4j_db.google_project_iam_member.neo4j_monitoring",
            "module.neo4j_db.google_project_iam_member.neo4j_storage_viewer",
            "module.neo4j_db.google_secret_manager_secret.neo4j_bolt_uri",
            "module.neo4j_db.google_secret_manager_secret_iam_member.neo4j_bolt_uri_secret_accessor",
            "module.neo4j_db.google_secret_manager_secret_version.neo4j_bolt_uri_version",
            "module.neo4j_db.google_service_account.neo4j_instance_sa",
            "module.secrets.google_secret_manager_secret.neo4j_password",
            "module.selenium_chrome_cloud_run.google_cloud_run_service.selenium_standalone_chrome",
            "module.vpc.google_compute_network.vpc",
            "module.vpc.google_compute_subnetwork.custom_subnet"
          ]
        }
      ]
    },
    {
      "module": "module.secrets",
      "mode": "managed",
      "type": "google_secret_manager_secret_iam_member",
      "name": "neo4j_username_secret_accessor",
      "provider": "provider[\"registry.terraform.io/hashicorp/google\"]",
      "instances": [
        {
          "schema_version": 0,
          "attributes": {
            "condition": [],
            "etag": "BwY6Nko8ZeI=",
            "id": "projects/673367928406/secrets/neo4j-username/roles/secretmanager.secretAccessor/serviceAccount:cloud-run-sa@webcrawler-450417.iam.gserviceaccount.com",
            "member": "serviceAccount:cloud-run-sa@webcrawler-450417.iam.gserviceaccount.com",
            "project": "673367928406",
            "role": "roles/secretmanager.secretAccessor",
            "secret_id": "projects/673367928406/secrets/neo4j-username"
          },
          "sensitive_attributes": [
            [
              {
                "type": "get_attr",
                "value": "member"
              }
            ]
          ],
          "identity_schema_version": 0,
          "private": "bnVsbA==",
          "dependencies": [
            "google_service_account.cloud_run_sa",
            "module.neo4j_db.google_compute_firewall.neo4j-internal",
            "module.neo4j_db.google_compute_instance.neo4j",
            "module.neo4j_db.google_iap_tunnel_instance_iam_member.ssh",
            "module.neo4j_db.google_project_iam_member.neo4j_iap_tunnel_user",
            "module.neo4j_db.google_project_iam_member.neo4j_logging",
            "module.neo4j_db.google_project_iam_member.neo4j_monitoring",
            "module.neo4j_db.google_project_iam_member.neo4j_storage_viewer",
            "module.neo4j_db.google_secret_manager_secret.neo4j_bolt_uri",
            "module.neo4j_db.google_secret_manager_secret_iam_member.neo4j_bolt_uri_secret_accessor",
            "module.neo4j_db.google_secret_manager_secret_version.neo4j_bolt_uri_version",
            "module.neo4j_db.google_service_account.neo4j_instance_sa",
            "module.secrets.google_secret_manager_secret.neo4j_username",
            "module.selenium_chrome_cloud_run.google_cloud_run_service.selenium_standalone_chrome",
            "module.vpc.google_compute_network.vpc",
            "module.vpc.google_compute_subnetwork.custom_subnet"
          ]
        }
      ]
    },
    {
      "module": "module.secrets",
      "mode": "managed",
      "type": "google_secret_manager_secret_iam_member",
      "name": "pusher_app_id_secret_accessor",
      "provider": "provider[\"registry.terraform.io/hashicorp/google\"]",
      "instances": [
        {
          "schema_version": 0,
          "attributes": {
            "condition": [],
            "etag": "BwY6NkpeR4o=",
            "id": "projects/673367928406/secrets/pusher-app-id/roles/secretmanager.secretAccessor/serviceAccount:cloud-run-sa@webcrawler-450417.iam.gserviceaccount.com",
            "member": "serviceAccount:cloud-run-sa@webcrawler-450417.iam.gserviceaccount.com",
            "project": "673367928406",
            "role": "roles/secretmanager.secretAccessor",
            "secret_id": "projects/673367928406/secrets/pusher-app-id"
          },
          "sensitive_attributes": [
            [
              {
                "type": "get_attr",
                "value": "member"
              }
            ]
          ],
          "identity_schema_version": 0,
          "private": "bnVsbA==",
          "dependencies": [
            "google_service_account.cloud_run_sa",
            "module.neo4j_db.google_compute_firewall.neo4j-internal",
            "module.neo4j_db.google_compute_instance.neo4j",
            "module.neo4j_db.google_iap_tunnel_instance_iam_member.ssh",
            "module.neo4j_db.google_project_iam_member.neo4j_iap_tunnel_user",
            "module.neo4j_db.google_project_iam_member.neo4j_logging",
            "module.neo4j_db.google_project_iam_member.neo4j_monitoring",
            "module.neo4j_db.google_project_iam_member.neo4j_storage_viewer",
            "module.neo4j_db.google_secret_manager_secret.neo4j_bolt_uri",
            "module.neo4j_db.google_secret_manager_secret_iam_member.neo4j_bolt_uri_secret_accessor",
            "module.neo4j_db.google_secret_manager_secret_version.neo4j_bolt_uri_version",
            "module.neo4j_db.google_service_account.neo4j_instance_sa",
            "module.secrets.google_secret_manager_secret.pusher_app_id",
            "module.selenium_chrome_cloud_run.google_cloud_run_service.selenium_standalone_chrome",
            "module.vpc.google_compute_network.vpc",
            "module.vpc.google_compute_subnetwork.custom_subnet"
          ]
        }
      ]
    },
    {
      "module": "module.secrets",
      "mode": "managed",
      "type": "google_secret_manager_secret_iam_member",
      "name": "pusher_cluster_secret_accessor",
      "provider": "provider[\"registry.terraform.io/hashicorp/google\"]",
      "instances": [
        {
          "schema_version": 0,
          "attributes": {
            "condition": [],
            "etag": "BwY6NkocixE=",
            "id": "projects/673367928406/secrets/pusher-cluster/roles/secretmanager.secretAccessor/serviceAccount:cloud-run-sa@webcrawler-450417.iam.gserviceaccount.com",
            "member": "serviceAccount:cloud-run-sa@webcrawler-450417.iam.gserviceaccount.com",
            "project": "673367928406",
            "role": "roles/secretmanager.secretAccessor",
            "secret_id": "projects/673367928406/secrets/pusher-cluster"
          },
          "sensitive_attributes": [
            [
              {
                "type": "get_attr",
                "value": "member"
              }
            ]
          ],
          "identity_schema_version": 0,
          "private": "bnVsbA==",
          "dependencies": [
            "google_service_account.cloud_run_sa",
            "module.neo4j_db.google_compute_firewall.neo4j-internal",
            "module.neo4j_db.google_compute_instance.neo4j",
            "module.neo4j_db.google_iap_tunnel_instance_iam_member.ssh",
            "module.neo4j_db.google_project_iam_member.neo4j_iap_tunnel_user",
            "module.neo4j_db.google_project_iam_member.neo4j_logging",
            "module.neo4j_db.google_project_iam_member.neo4j_monitoring",
            "module.neo4j_db.google_project_iam_member.neo4j_storage_viewer",
            "module.neo4j_db.google_secret_manager_secret.neo4j_bolt_uri",
            "module.neo4j_db.google_secret_manager_secret_iam_member.neo4j_bolt_uri_secret_accessor",
            "module.neo4j_db.google_secret_manager_secret_version.neo4j_bolt_uri_version",
            "module.neo4j_db.google_service_account.neo4j_instance_sa",
            "module.secrets.google_secret_manager_secret.pusher_cluster",
            "module.selenium_chrome_cloud_run.google_cloud_run_service.selenium_standalone_chrome",
            "module.vpc.google_compute_network.vpc",
            "module.vpc.google_compute_subnetwork.custom_subnet"
          ]
        }
      ]
    },
    {
      "module": "module.secrets",
      "mode": "managed",
      "type": "google_secret_manager_secret_iam_member",
      "name": "pusher_key_secret_accessor",
      "provider": "provider[\"registry.terraform.io/hashicorp/google\"]",
      "instances": [
        {
          "schema_version": 0,
          "attributes": {
            "condition": [],
            "etag": "BwY6NkpLqzQ=",
            "id": "projects/673367928406/secrets/pusher-key/roles/secretmanager.secretAccessor/serviceAccount:cloud-run-sa@webcrawler-450417.iam.gserviceaccount.com",
            "member": "serviceAccount:cloud-run-sa@webcrawler-450417.iam.gserviceaccount.com",
            "project": "673367928406",
            "role": "roles/secretmanager.secretAccessor",
            "secret_id": "projects/673367928406/secrets/pusher-key"
          },
          "sensitive_attributes": [
            [
              {
                "type": "get_attr",
                "value": "member"
              }
            ]
          ],
          "identity_schema_version": 0,
          "private": "bnVsbA==",
          "dependencies": [
            "google_service_account.cloud_run_sa",
            "module.neo4j_db.google_compute_firewall.neo4j-internal",
            "module.neo4j_db.google_compute_instance.neo4j",
            "module.neo4j_db.google_iap_tunnel_instance_iam_member.ssh",
            "module.neo4j_db.google_project_iam_member.neo4j_iap_tunnel_user",
            "module.neo4j_db.google_project_iam_member.neo4j_logging",
            "module.neo4j_db.google_project_iam_member.neo4j_monitoring",
            "module.neo4j_db.google_project_iam_member.neo4j_storage_viewer",
            "module.neo4j_db.google_secret_manager_secret.neo4j_bolt_uri",
            "module.neo4j_db.google_secret_manager_secret_iam_member.neo4j_bolt_uri_secret_accessor",
            "module.neo4j_db.google_secret_manager_secret_version.neo4j_bolt_uri_version",
            "module.neo4j_db.google_service_account.neo4j_instance_sa",
            "module.secrets.google_secret_manager_secret.pusher_key",
            "module.selenium_chrome_cloud_run.google_cloud_run_service.selenium_standalone_chrome",
            "module.vpc.google_compute_network.vpc",
            "module.vpc.google_compute_subnetwork.custom_subnet"
          ]
        }
      ]
    },
    {
      "module": "module.secrets",
      "mode": "managed",
      "type": "google_secret_manager_secret_iam_member",
      "name": "pusher_secret_secret_accessor",
      "provider": "provider[\"registry.terraform.io/hashicorp/google\"]",
      "instances": [
        {
          "schema_version": 0,
          "attributes": {
            "condition": [],
            "etag": "BwY6Nkoa3uE=",
            "id": "projects/673367928406/secrets/pusher-secret/roles/secretmanager.secretAccessor/serviceAccount:cloud-run-sa@webcrawler-450417.iam.gserviceaccount.com",
            "member": "serviceAccount:cloud-run-sa@webcrawler-450417.iam.gserviceaccount.com",
            "project": "673367928406",
            "role": "roles/secretmanager.secretAccessor",
            "secret_id": "projects/673367928406/secrets/pusher-secret"
          },
          "sensitive_attributes": [
            [
              {
                "type": "get_attr",
                "value": "member"
              }
            ]
          ],
          "identity_schema_version": 0,
          "private": "bnVsbA==",
          "dependencies": [
            "google_service_account.cloud_run_sa",
            "module.neo4j_db.google_compute_firewall.neo4j-internal",
            "module.neo4j_db.google_compute_instance.neo4j",
            "module.neo4j_db.google_iap_tunnel_instance_iam_member.ssh",
            "module.neo4j_db.google_project_iam_member.neo4j_iap_tunnel_user",
            "module.neo4j_db.google_project_iam_member.neo4j_logging",
            "module.neo4j_db.google_project_iam_member.neo4j_monitoring",
            "module.neo4j_db.google_project_iam_member.neo4j_storage_viewer",
            "module.neo4j_db.google_secret_manager_secret.neo4j_bolt_uri",
            "module.neo4j_db.google_secret_manager_secret_iam_member.neo4j_bolt_uri_secret_accessor",
            "module.neo4j_db.google_secret_manager_secret_version.neo4j_bolt_uri_version",
            "module.neo4j_db.google_service_account.neo4j_instance_sa",
            "module.secrets.google_secret_manager_secret.pusher_secret",
            "module.selenium_chrome_cloud_run.google_cloud_run_service.selenium_standalone_chrome",
            "module.vpc.google_compute_network.vpc",
            "module.vpc.google_compute_subnetwork.custom_subnet"
          ]
        }
      ]
    },
    {
      "module": "module.secrets",
      "mode": "managed",
      "type": "google_secret_manager_secret_iam_member",
      "name": "smtp_password_secret_accessor",
      "provider": "provider[\"registry.terraform.io/hashicorp/google\"]",
      "instances": [
        {
          "schema_version": 0,
          "attributes": {
            "condition": [],
            "etag": "BwY6Nkoj6WY=",
            "id": "projects/673367928406/secrets/smtp-password/roles/secretmanager.secretAccessor/serviceAccount:cloud-run-sa@webcrawler-450417.iam.gserviceaccount.com",
            "member": "serviceAccount:cloud-run-sa@webcrawler-450417.iam.gserviceaccount.com",
            "project": "673367928406",
            "role": "roles/secretmanager.secretAccessor",
            "secret_id": "projects/673367928406/secrets/smtp-password"
          },
          "sensitive_attributes": [
            [
              {
                "type": "get_attr",
                "value": "member"
              }
            ]
          ],
          "identity_schema_version": 0,
          "private": "bnVsbA==",
          "dependencies": [
            "google_service_account.cloud_run_sa",
            "module.neo4j_db.google_compute_firewall.neo4j-internal",
            "module.neo4j_db.google_compute_instance.neo4j",
            "module.neo4j_db.google_iap_tunnel_instance_iam_member.ssh",
            "module.neo4j_db.google_project_iam_member.neo4j_iap_tunnel_user",
            "module.neo4j_db.google_project_iam_member.neo4j_logging",
            "module.neo4j_db.google_project_iam_member.neo4j_monitoring",
            "module.neo4j_db.google_project_iam_member.neo4j_storage_viewer",
            "module.neo4j_db.google_secret_manager_secret.neo4j_bolt_uri",
            "module.neo4j_db.google_secret_manager_secret_iam_member.neo4j_bolt_uri_secret_accessor",
            "module.neo4j_db.google_secret_manager_secret_version.neo4j_bolt_uri_version",
            "module.neo4j_db.google_service_account.neo4j_instance_sa",
            "module.secrets.google_secret_manager_secret.smtp_password",
            "module.selenium_chrome_cloud_run.google_cloud_run_service.selenium_standalone_chrome",
            "module.vpc.google_compute_network.vpc",
            "module.vpc.google_compute_subnetwork.custom_subnet"
          ]
        }
      ]
    },
    {
      "module": "module.secrets",
      "mode": "managed",
      "type": "google_secret_manager_secret_iam_member",
      "name": "smtp_username_secret_accessor",
      "provider": "provider[\"registry.terraform.io/hashicorp/google\"]",
      "instances": [
        {
          "schema_version": 0,
          "attributes": {
            "condition": [],
            "etag": "BwY6Nkoa15s=",
            "id": "projects/673367928406/secrets/smtp-username/roles/secretmanager.secretAccessor/serviceAccount:cloud-run-sa@webcrawler-450417.iam.gserviceaccount.com",
            "member": "serviceAccount:cloud-run-sa@webcrawler-450417.iam.gserviceaccount.com",
            "project": "673367928406",
            "role": "roles/secretmanager.secretAccessor",
            "secret_id": "projects/673367928406/secrets/smtp-username"
          },
          "sensitive_attributes": [
            [
              {
                "type": "get_attr",
                "value": "member"
              }
            ]
          ],
          "identity_schema_version": 0,
          "private": "bnVsbA==",
          "dependencies": [
            "google_service_account.cloud_run_sa",
            "module.neo4j_db.google_compute_firewall.neo4j-internal",
            "module.neo4j_db.google_compute_instance.neo4j",
            "module.neo4j_db.google_iap_tunnel_instance_iam_member.ssh",
            "module.neo4j_db.google_project_iam_member.neo4j_iap_tunnel_user",
            "module.neo4j_db.google_project_iam_member.neo4j_logging",
            "module.neo4j_db.google_project_iam_member.neo4j_monitoring",
            "module.neo4j_db.google_project_iam_member.neo4j_storage_viewer",
            "module.neo4j_db.google_secret_manager_secret.neo4j_bolt_uri",
            "module.neo4j_db.google_secret_manager_secret_iam_member.neo4j_bolt_uri_secret_accessor",
            "module.neo4j_db.google_secret_manager_secret_version.neo4j_bolt_uri_version",
            "module.neo4j_db.google_service_account.neo4j_instance_sa",
            "module.secrets.google_secret_manager_secret.smtp_username",
            "module.selenium_chrome_cloud_run.google_cloud_run_service.selenium_standalone_chrome",
            "module.vpc.google_compute_network.vpc",
            "module.vpc.google_compute_subnetwork.custom_subnet"
          ]
        }
      ]
    },
    {
      "module": "module.secrets",
      "mode": "managed",
      "type": "google_secret_manager_secret_version",
      "name": "auth0_audience_version",
      "provider": "provider[\"registry.terraform.io/hashicorp/google\"]",
      "instances": [
        {
          "schema_version": 0,
          "attributes": {
            "create_time": "2025-07-18T16:05:07.925627Z",
            "deletion_policy": "DELETE",
            "destroy_time": "",
            "enabled": true,
            "id": "projects/673367928406/secrets/auth0-audience/versions/1",
            "is_secret_data_base64": false,
            "name": "projects/673367928406/secrets/auth0-audience/versions/1",
            "secret": "projects/webcrawler-450417/secrets/auth0-audience",
            "secret_data": null,
            "secret_data_wo": null,
            "secret_data_wo_version": 0,
            "timeouts": null,
            "version": "1"
          },
          "sensitive_attributes": [
            [
              {
                "type": "get_attr",
                "value": "secret_data"
              }
            ],
            [
              {
                "type": "get_attr",
                "value": "secret_data_wo"
              }
            ]
          ],
          "identity_schema_version": 0,
          "private": "eyJlMmJmYjczMC1lY2FhLTExZTYtOGY4OC0zNDM2M2JjN2M0YzAiOnsiY3JlYXRlIjoxMjAwMDAwMDAwMDAwLCJkZWxldGUiOjEyMDAwMDAwMDAwMDAsInVwZGF0ZSI6MTIwMDAwMDAwMDAwMH19",
          "dependencies": [
            "google_service_account.cloud_run_sa",
            "module.neo4j_db.google_compute_firewall.neo4j-internal",
            "module.neo4j_db.google_compute_instance.neo4j",
            "module.neo4j_db.google_iap_tunnel_instance_iam_member.ssh",
            "module.neo4j_db.google_project_iam_member.neo4j_iap_tunnel_user",
            "module.neo4j_db.google_project_iam_member.neo4j_logging",
            "module.neo4j_db.google_project_iam_member.neo4j_monitoring",
            "module.neo4j_db.google_project_iam_member.neo4j_storage_viewer",
            "module.neo4j_db.google_secret_manager_secret.neo4j_bolt_uri",
            "module.neo4j_db.google_secret_manager_secret_iam_member.neo4j_bolt_uri_secret_accessor",
            "module.neo4j_db.google_secret_manager_secret_version.neo4j_bolt_uri_version",
            "module.neo4j_db.google_service_account.neo4j_instance_sa",
            "module.secrets.google_secret_manager_secret.auth0_audience",
            "module.selenium_chrome_cloud_run.google_cloud_run_service.selenium_standalone_chrome",
            "module.vpc.google_compute_network.vpc",
            "module.vpc.google_compute_subnetwork.custom_subnet"
          ]
        }
      ]
    },
    {
      "module": "module.secrets",
      "mode": "managed",
      "type": "google_secret_manager_secret_version",
      "name": "auth0_client_id_version",
      "provider": "provider[\"registry.terraform.io/hashicorp/google\"]",
      "instances": [
        {
          "schema_version": 0,
          "attributes": {
            "create_time": "2025-07-18T16:05:08.141480Z",
            "deletion_policy": "DELETE",
            "destroy_time": "",
            "enabled": true,
            "id": "projects/673367928406/secrets/auth0-client-id/versions/1",
            "is_secret_data_base64": false,
            "name": "projects/673367928406/secrets/auth0-client-id/versions/1",
            "secret": "projects/webcrawler-450417/secrets/auth0-client-id",
            "secret_data": null,
            "secret_data_wo": null,
            "secret_data_wo_version": 0,
            "timeouts": null,
            "version": "1"
          },
          "sensitive_attributes": [
            [
              {
                "type": "get_attr",
                "value": "secret_data"
              }
            ],
            [
              {
                "type": "get_attr",
                "value": "secret_data_wo"
              }
            ]
          ],
          "identity_schema_version": 0,
          "private": "eyJlMmJmYjczMC1lY2FhLTExZTYtOGY4OC0zNDM2M2JjN2M0YzAiOnsiY3JlYXRlIjoxMjAwMDAwMDAwMDAwLCJkZWxldGUiOjEyMDAwMDAwMDAwMDAsInVwZGF0ZSI6MTIwMDAwMDAwMDAwMH19",
          "dependencies": [
            "google_service_account.cloud_run_sa",
            "module.neo4j_db.google_compute_firewall.neo4j-internal",
            "module.neo4j_db.google_compute_instance.neo4j",
            "module.neo4j_db.google_iap_tunnel_instance_iam_member.ssh",
            "module.neo4j_db.google_project_iam_member.neo4j_iap_tunnel_user",
            "module.neo4j_db.google_project_iam_member.neo4j_logging",
            "module.neo4j_db.google_project_iam_member.neo4j_monitoring",
            "module.neo4j_db.google_project_iam_member.neo4j_storage_viewer",
            "module.neo4j_db.google_secret_manager_secret.neo4j_bolt_uri",
            "module.neo4j_db.google_secret_manager_secret_iam_member.neo4j_bolt_uri_secret_accessor",
            "module.neo4j_db.google_secret_manager_secret_version.neo4j_bolt_uri_version",
            "module.neo4j_db.google_service_account.neo4j_instance_sa",
            "module.secrets.google_secret_manager_secret.auth0_client_id",
            "module.selenium_chrome_cloud_run.google_cloud_run_service.selenium_standalone_chrome",
            "module.vpc.google_compute_network.vpc",
            "module.vpc.google_compute_subnetwork.custom_subnet"
          ]
        }
      ]
    },
    {
      "module": "module.secrets",
      "mode": "managed",
      "type": "google_secret_manager_secret_version",
      "name": "auth0_client_secret_version",
      "provider": "provider[\"registry.terraform.io/hashicorp/google\"]",
      "instances": [
        {
          "schema_version": 0,
          "attributes": {
            "create_time": "2025-07-18T16:05:07.505689Z",
            "deletion_policy": "DELETE",
            "destroy_time": "",
            "enabled": true,
            "id": "projects/673367928406/secrets/auth0-client-secret/versions/1",
            "is_secret_data_base64": false,
            "name": "projects/673367928406/secrets/auth0-client-secret/versions/1",
            "secret": "projects/webcrawler-450417/secrets/auth0-client-secret",
            "secret_data": null,
            "secret_data_wo": null,
            "secret_data_wo_version": 0,
            "timeouts": null,
            "version": "1"
          },
          "sensitive_attributes": [
            [
              {
                "type": "get_attr",
                "value": "secret_data"
              }
            ],
            [
              {
                "type": "get_attr",
                "value": "secret_data_wo"
              }
            ]
          ],
          "identity_schema_version": 0,
          "private": "eyJlMmJmYjczMC1lY2FhLTExZTYtOGY4OC0zNDM2M2JjN2M0YzAiOnsiY3JlYXRlIjoxMjAwMDAwMDAwMDAwLCJkZWxldGUiOjEyMDAwMDAwMDAwMDAsInVwZGF0ZSI6MTIwMDAwMDAwMDAwMH19",
          "dependencies": [
            "google_service_account.cloud_run_sa",
            "module.neo4j_db.google_compute_firewall.neo4j-internal",
            "module.neo4j_db.google_compute_instance.neo4j",
            "module.neo4j_db.google_iap_tunnel_instance_iam_member.ssh",
            "module.neo4j_db.google_project_iam_member.neo4j_iap_tunnel_user",
            "module.neo4j_db.google_project_iam_member.neo4j_logging",
            "module.neo4j_db.google_project_iam_member.neo4j_monitoring",
            "module.neo4j_db.google_project_iam_member.neo4j_storage_viewer",
            "module.neo4j_db.google_secret_manager_secret.neo4j_bolt_uri",
            "module.neo4j_db.google_secret_manager_secret_iam_member.neo4j_bolt_uri_secret_accessor",
            "module.neo4j_db.google_secret_manager_secret_version.neo4j_bolt_uri_version",
            "module.neo4j_db.google_service_account.neo4j_instance_sa",
            "module.secrets.google_secret_manager_secret.auth0_client_secret",
            "module.selenium_chrome_cloud_run.google_cloud_run_service.selenium_standalone_chrome",
            "module.vpc.google_compute_network.vpc",
            "module.vpc.google_compute_subnetwork.custom_subnet"
          ]
        }
      ]
    },
    {
      "module": "module.secrets",
      "mode": "managed",
      "type": "google_secret_manager_secret_version",
      "name": "auth0_domain_version",
      "provider": "provider[\"registry.terraform.io/hashicorp/google\"]",
      "instances": [
        {
          "schema_version": 0,
          "attributes": {
            "create_time": "2025-07-18T16:05:06.070727Z",
            "deletion_policy": "DELETE",
            "destroy_time": "",
            "enabled": true,
            "id": "projects/673367928406/secrets/auth0-domain/versions/1",
            "is_secret_data_base64": false,
            "name": "projects/673367928406/secrets/auth0-domain/versions/1",
            "secret": "projects/webcrawler-450417/secrets/auth0-domain",
            "secret_data": null,
            "secret_data_wo": null,
            "secret_data_wo_version": 0,
            "timeouts": null,
            "version": "1"
          },
          "sensitive_attributes": [
            [
              {
                "type": "get_attr",
                "value": "secret_data"
              }
            ],
            [
              {
                "type": "get_attr",
                "value": "secret_data_wo"
              }
            ]
          ],
          "identity_schema_version": 0,
          "private": "eyJlMmJmYjczMC1lY2FhLTExZTYtOGY4OC0zNDM2M2JjN2M0YzAiOnsiY3JlYXRlIjoxMjAwMDAwMDAwMDAwLCJkZWxldGUiOjEyMDAwMDAwMDAwMDAsInVwZGF0ZSI6MTIwMDAwMDAwMDAwMH19",
          "dependencies": [
            "google_service_account.cloud_run_sa",
            "module.neo4j_db.google_compute_firewall.neo4j-internal",
            "module.neo4j_db.google_compute_instance.neo4j",
            "module.neo4j_db.google_iap_tunnel_instance_iam_member.ssh",
            "module.neo4j_db.google_project_iam_member.neo4j_iap_tunnel_user",
            "module.neo4j_db.google_project_iam_member.neo4j_logging",
            "module.neo4j_db.google_project_iam_member.neo4j_monitoring",
            "module.neo4j_db.google_project_iam_member.neo4j_storage_viewer",
            "module.neo4j_db.google_secret_manager_secret.neo4j_bolt_uri",
            "module.neo4j_db.google_secret_manager_secret_iam_member.neo4j_bolt_uri_secret_accessor",
            "module.neo4j_db.google_secret_manager_secret_version.neo4j_bolt_uri_version",
            "module.neo4j_db.google_service_account.neo4j_instance_sa",
            "module.secrets.google_secret_manager_secret.auth0_domain",
            "module.selenium_chrome_cloud_run.google_cloud_run_service.selenium_standalone_chrome",
            "module.vpc.google_compute_network.vpc",
            "module.vpc.google_compute_subnetwork.custom_subnet"
          ]
        }
      ]
    },
    {
      "module": "module.secrets",
      "mode": "managed",
      "type": "google_secret_manager_secret_version",
      "name": "auth0_management_api_audience_version",
      "provider": "provider[\"registry.terraform.io/hashicorp/google\"]",
      "instances": [
        {
          "schema_version": 0,
          "attributes": {
            "create_time": "2025-07-18T16:05:07.572877Z",
            "deletion_policy": "DELETE",
            "destroy_time": "",
            "enabled": true,
            "id": "projects/673367928406/secrets/auth0-management-api-audience/versions/1",
            "is_secret_data_base64": false,
            "name": "projects/673367928406/secrets/auth0-management-api-audience/versions/1",
            "secret": "projects/webcrawler-450417/secrets/auth0-management-api-audience",
            "secret_data": null,
            "secret_data_wo": null,
            "secret_data_wo_version": 0,
            "timeouts": null,
            "version": "1"
          },
          "sensitive_attributes": [
            [
              {
                "type": "get_attr",
                "value": "secret_data"
              }
            ],
            [
              {
                "type": "get_attr",
                "value": "secret_data_wo"
              }
            ]
          ],
          "identity_schema_version": 0,
          "private": "eyJlMmJmYjczMC1lY2FhLTExZTYtOGY4OC0zNDM2M2JjN2M0YzAiOnsiY3JlYXRlIjoxMjAwMDAwMDAwMDAwLCJkZWxldGUiOjEyMDAwMDAwMDAwMDAsInVwZGF0ZSI6MTIwMDAwMDAwMDAwMH19",
          "dependencies": [
            "google_service_account.cloud_run_sa",
            "module.neo4j_db.google_compute_firewall.neo4j-internal",
            "module.neo4j_db.google_compute_instance.neo4j",
            "module.neo4j_db.google_iap_tunnel_instance_iam_member.ssh",
            "module.neo4j_db.google_project_iam_member.neo4j_iap_tunnel_user",
            "module.neo4j_db.google_project_iam_member.neo4j_logging",
            "module.neo4j_db.google_project_iam_member.neo4j_monitoring",
            "module.neo4j_db.google_project_iam_member.neo4j_storage_viewer",
            "module.neo4j_db.google_secret_manager_secret.neo4j_bolt_uri",
            "module.neo4j_db.google_secret_manager_secret_iam_member.neo4j_bolt_uri_secret_accessor",
            "module.neo4j_db.google_secret_manager_secret_version.neo4j_bolt_uri_version",
            "module.neo4j_db.google_service_account.neo4j_instance_sa",
            "module.secrets.google_secret_manager_secret.auth0_management_api_audience",
            "module.selenium_chrome_cloud_run.google_cloud_run_service.selenium_standalone_chrome",
            "module.vpc.google_compute_network.vpc",
            "module.vpc.google_compute_subnetwork.custom_subnet"
          ]
        }
      ]
    },
    {
      "module": "module.secrets",
      "mode": "managed",
      "type": "google_secret_manager_secret_version",
      "name": "auth0_management_api_client_id_version",
      "provider": "provider[\"registry.terraform.io/hashicorp/google\"]",
      "instances": [
        {
          "schema_version": 0,
          "attributes": {
            "create_time": "2025-07-18T16:05:05.889126Z",
            "deletion_policy": "DELETE",
            "destroy_time": "",
            "enabled": true,
            "id": "projects/673367928406/secrets/auth0-management-api-client-id/versions/1",
            "is_secret_data_base64": false,
            "name": "projects/673367928406/secrets/auth0-management-api-client-id/versions/1",
            "secret": "projects/webcrawler-450417/secrets/auth0-management-api-client-id",
            "secret_data": null,
            "secret_data_wo": null,
            "secret_data_wo_version": 0,
            "timeouts": null,
            "version": "1"
          },
          "sensitive_attributes": [
            [
              {
                "type": "get_attr",
                "value": "secret_data"
              }
            ],
            [
              {
                "type": "get_attr",
                "value": "secret_data_wo"
              }
            ]
          ],
          "identity_schema_version": 0,
          "private": "eyJlMmJmYjczMC1lY2FhLTExZTYtOGY4OC0zNDM2M2JjN2M0YzAiOnsiY3JlYXRlIjoxMjAwMDAwMDAwMDAwLCJkZWxldGUiOjEyMDAwMDAwMDAwMDAsInVwZGF0ZSI6MTIwMDAwMDAwMDAwMH19",
          "dependencies": [
            "google_service_account.cloud_run_sa",
            "module.neo4j_db.google_compute_firewall.neo4j-internal",
            "module.neo4j_db.google_compute_instance.neo4j",
            "module.neo4j_db.google_iap_tunnel_instance_iam_member.ssh",
            "module.neo4j_db.google_project_iam_member.neo4j_iap_tunnel_user",
            "module.neo4j_db.google_project_iam_member.neo4j_logging",
            "module.neo4j_db.google_project_iam_member.neo4j_monitoring",
            "module.neo4j_db.google_project_iam_member.neo4j_storage_viewer",
            "module.neo4j_db.google_secret_manager_secret.neo4j_bolt_uri",
            "module.neo4j_db.google_secret_manager_secret_iam_member.neo4j_bolt_uri_secret_accessor",
            "module.neo4j_db.google_secret_manager_secret_version.neo4j_bolt_uri_version",
            "module.neo4j_db.google_service_account.neo4j_instance_sa",
            "module.secrets.google_secret_manager_secret.auth0_management_api_client_id",
            "module.selenium_chrome_cloud_run.google_cloud_run_service.selenium_standalone_chrome",
            "module.vpc.google_compute_network.vpc",
            "module.vpc.google_compute_subnetwork.custom_subnet"
          ]
        }
      ]
    },
    {
      "module": "module.secrets",
      "mode": "managed",
      "type": "google_secret_manager_secret_version",
      "name": "auth0_management_api_client_secret_version",
      "provider": "provider[\"registry.terraform.io/hashicorp/google\"]",
      "instances": [
        {
          "schema_version": 0,
          "attributes": {
            "create_time": "2025-07-18T16:05:07.271378Z",
            "deletion_policy": "DELETE",
            "destroy_time": "",
            "enabled": true,
            "id": "projects/673367928406/secrets/auth0-management-api-client-secret/versions/1",
            "is_secret_data_base64": false,
            "name": "projects/673367928406/secrets/auth0-management-api-client-secret/versions/1",
            "secret": "projects/webcrawler-450417/secrets/auth0-management-api-client-secret",
            "secret_data": null,
            "secret_data_wo": null,
            "secret_data_wo_version": 0,
            "timeouts": null,
            "version": "1"
          },
          "sensitive_attributes": [
            [
              {
                "type": "get_attr",
                "value": "secret_data"
              }
            ],
            [
              {
                "type": "get_attr",
                "value": "secret_data_wo"
              }
            ]
          ],
          "identity_schema_version": 0,
          "private": "eyJlMmJmYjczMC1lY2FhLTExZTYtOGY4OC0zNDM2M2JjN2M0YzAiOnsiY3JlYXRlIjoxMjAwMDAwMDAwMDAwLCJkZWxldGUiOjEyMDAwMDAwMDAwMDAsInVwZGF0ZSI6MTIwMDAwMDAwMDAwMH19",
          "dependencies": [
            "google_service_account.cloud_run_sa",
            "module.neo4j_db.google_compute_firewall.neo4j-internal",
            "module.neo4j_db.google_compute_instance.neo4j",
            "module.neo4j_db.google_iap_tunnel_instance_iam_member.ssh",
            "module.neo4j_db.google_project_iam_member.neo4j_iap_tunnel_user",
            "module.neo4j_db.google_project_iam_member.neo4j_logging",
            "module.neo4j_db.google_project_iam_member.neo4j_monitoring",
            "module.neo4j_db.google_project_iam_member.neo4j_storage_viewer",
            "module.neo4j_db.google_secret_manager_secret.neo4j_bolt_uri",
            "module.neo4j_db.google_secret_manager_secret_iam_member.neo4j_bolt_uri_secret_accessor",
            "module.neo4j_db.google_secret_manager_secret_version.neo4j_bolt_uri_version",
            "module.neo4j_db.google_service_account.neo4j_instance_sa",
            "module.secrets.google_secret_manager_secret.auth0_management_api_client_secret",
            "module.selenium_chrome_cloud_run.google_cloud_run_service.selenium_standalone_chrome",
            "module.vpc.google_compute_network.vpc",
            "module.vpc.google_compute_subnetwork.custom_subnet"
          ]
        }
      ]
    },
    {
      "module": "module.secrets",
      "mode": "managed",
      "type": "google_secret_manager_secret_version",
      "name": "auth0_management_api_domain_version",
      "provider": "provider[\"registry.terraform.io/hashicorp/google\"]",
      "instances": [
        {
          "schema_version": 0,
          "attributes": {
            "create_time": "2025-07-18T16:05:09.160759Z",
            "deletion_policy": "DELETE",
            "destroy_time": "",
            "enabled": true,
            "id": "projects/673367928406/secrets/auth0-management-api-domain/versions/1",
            "is_secret_data_base64": false,
            "name": "projects/673367928406/secrets/auth0-management-api-domain/versions/1",
            "secret": "projects/webcrawler-450417/secrets/auth0-management-api-domain",
            "secret_data": null,
            "secret_data_wo": null,
            "secret_data_wo_version": 0,
            "timeouts": null,
            "version": "1"
          },
          "sensitive_attributes": [
            [
              {
                "type": "get_attr",
                "value": "secret_data"
              }
            ],
            [
              {
                "type": "get_attr",
                "value": "secret_data_wo"
              }
            ]
          ],
          "identity_schema_version": 0,
          "private": "eyJlMmJmYjczMC1lY2FhLTExZTYtOGY4OC0zNDM2M2JjN2M0YzAiOnsiY3JlYXRlIjoxMjAwMDAwMDAwMDAwLCJkZWxldGUiOjEyMDAwMDAwMDAwMDAsInVwZGF0ZSI6MTIwMDAwMDAwMDAwMH19",
          "dependencies": [
            "google_service_account.cloud_run_sa",
            "module.neo4j_db.google_compute_firewall.neo4j-internal",
            "module.neo4j_db.google_compute_instance.neo4j",
            "module.neo4j_db.google_iap_tunnel_instance_iam_member.ssh",
            "module.neo4j_db.google_project_iam_member.neo4j_iap_tunnel_user",
            "module.neo4j_db.google_project_iam_member.neo4j_logging",
            "module.neo4j_db.google_project_iam_member.neo4j_monitoring",
            "module.neo4j_db.google_project_iam_member.neo4j_storage_viewer",
            "module.neo4j_db.google_secret_manager_secret.neo4j_bolt_uri",
            "module.neo4j_db.google_secret_manager_secret_iam_member.neo4j_bolt_uri_secret_accessor",
            "module.neo4j_db.google_secret_manager_secret_version.neo4j_bolt_uri_version",
            "module.neo4j_db.google_service_account.neo4j_instance_sa",
            "module.secrets.google_secret_manager_secret.auth0_management_api_domain",
            "module.selenium_chrome_cloud_run.google_cloud_run_service.selenium_standalone_chrome",
            "module.vpc.google_compute_network.vpc",
            "module.vpc.google_compute_subnetwork.custom_subnet"
          ]
        }
      ]
    },
    {
      "module": "module.secrets",
      "mode": "managed",
      "type": "google_secret_manager_secret_version",
      "name": "neo4j_db_name_version",
      "provider": "provider[\"registry.terraform.io/hashicorp/google\"]",
      "instances": [
        {
          "schema_version": 0,
          "attributes": {
            "create_time": "2025-07-18T16:05:06.813739Z",
            "deletion_policy": "DELETE",
            "destroy_time": "",
            "enabled": true,
            "id": "projects/673367928406/secrets/neo4j-db-name/versions/1",
            "is_secret_data_base64": false,
            "name": "projects/673367928406/secrets/neo4j-db-name/versions/1",
            "secret": "projects/webcrawler-450417/secrets/neo4j-db-name",
            "secret_data": null,
            "secret_data_wo": null,
            "secret_data_wo_version": 0,
            "timeouts": null,
            "version": "1"
          },
          "sensitive_attributes": [
            [
              {
                "type": "get_attr",
                "value": "secret_data"
              }
            ],
            [
              {
                "type": "get_attr",
                "value": "secret_data_wo"
              }
            ]
          ],
          "identity_schema_version": 0,
          "private": "eyJlMmJmYjczMC1lY2FhLTExZTYtOGY4OC0zNDM2M2JjN2M0YzAiOnsiY3JlYXRlIjoxMjAwMDAwMDAwMDAwLCJkZWxldGUiOjEyMDAwMDAwMDAwMDAsInVwZGF0ZSI6MTIwMDAwMDAwMDAwMH19",
          "dependencies": [
            "google_service_account.cloud_run_sa",
            "module.neo4j_db.google_compute_firewall.neo4j-internal",
            "module.neo4j_db.google_compute_instance.neo4j",
            "module.neo4j_db.google_iap_tunnel_instance_iam_member.ssh",
            "module.neo4j_db.google_project_iam_member.neo4j_iap_tunnel_user",
            "module.neo4j_db.google_project_iam_member.neo4j_logging",
            "module.neo4j_db.google_project_iam_member.neo4j_monitoring",
            "module.neo4j_db.google_project_iam_member.neo4j_storage_viewer",
            "module.neo4j_db.google_secret_manager_secret.neo4j_bolt_uri",
            "module.neo4j_db.google_secret_manager_secret_iam_member.neo4j_bolt_uri_secret_accessor",
            "module.neo4j_db.google_secret_manager_secret_version.neo4j_bolt_uri_version",
            "module.neo4j_db.google_service_account.neo4j_instance_sa",
            "module.secrets.google_secret_manager_secret.neo4j_db_name",
            "module.selenium_chrome_cloud_run.google_cloud_run_service.selenium_standalone_chrome",
            "module.vpc.google_compute_network.vpc",
            "module.vpc.google_compute_subnetwork.custom_subnet"
          ]
        }
      ]
    },
    {
      "module": "module.secrets",
      "mode": "managed",
      "type": "google_secret_manager_secret_version",
      "name": "neo4j_password_version",
      "provider": "provider[\"registry.terraform.io/hashicorp/google\"]",
      "instances": [
        {
          "schema_version": 0,
          "attributes": {
            "create_time": "2025-07-18T16:05:06.662794Z",
            "deletion_policy": "DELETE",
            "destroy_time": "",
            "enabled": true,
            "id": "projects/673367928406/secrets/neo4j-password/versions/1",
            "is_secret_data_base64": false,
            "name": "projects/673367928406/secrets/neo4j-password/versions/1",
            "secret": "projects/webcrawler-450417/secrets/neo4j-password",
            "secret_data": null,
            "secret_data_wo": null,
            "secret_data_wo_version": 0,
            "timeouts": null,
            "version": "1"
          },
          "sensitive_attributes": [
            [
              {
                "type": "get_attr",
                "value": "secret_data"
              }
            ],
            [
              {
                "type": "get_attr",
                "value": "secret_data_wo"
              }
            ]
          ],
          "identity_schema_version": 0,
          "private": "eyJlMmJmYjczMC1lY2FhLTExZTYtOGY4OC0zNDM2M2JjN2M0YzAiOnsiY3JlYXRlIjoxMjAwMDAwMDAwMDAwLCJkZWxldGUiOjEyMDAwMDAwMDAwMDAsInVwZGF0ZSI6MTIwMDAwMDAwMDAwMH19",
          "dependencies": [
            "google_service_account.cloud_run_sa",
            "module.neo4j_db.google_compute_firewall.neo4j-internal",
            "module.neo4j_db.google_compute_instance.neo4j",
            "module.neo4j_db.google_iap_tunnel_instance_iam_member.ssh",
            "module.neo4j_db.google_project_iam_member.neo4j_iap_tunnel_user",
            "module.neo4j_db.google_project_iam_member.neo4j_logging",
            "module.neo4j_db.google_project_iam_member.neo4j_monitoring",
            "module.neo4j_db.google_project_iam_member.neo4j_storage_viewer",
            "module.neo4j_db.google_secret_manager_secret.neo4j_bolt_uri",
            "module.neo4j_db.google_secret_manager_secret_iam_member.neo4j_bolt_uri_secret_accessor",
            "module.neo4j_db.google_secret_manager_secret_version.neo4j_bolt_uri_version",
            "module.neo4j_db.google_service_account.neo4j_instance_sa",
            "module.secrets.google_secret_manager_secret.neo4j_password",
            "module.selenium_chrome_cloud_run.google_cloud_run_service.selenium_standalone_chrome",
            "module.vpc.google_compute_network.vpc",
            "module.vpc.google_compute_subnetwork.custom_subnet"
          ]
        }
      ]
    },
    {
      "module": "module.secrets",
      "mode": "managed",
      "type": "google_secret_manager_secret_version",
      "name": "neo4j_username_version",
      "provider": "provider[\"registry.terraform.io/hashicorp/google\"]",
      "instances": [
        {
          "schema_version": 0,
          "attributes": {
            "create_time": "2025-07-18T16:05:08.579148Z",
            "deletion_policy": "DELETE",
            "destroy_time": "",
            "enabled": true,
            "id": "projects/673367928406/secrets/neo4j-username/versions/1",
            "is_secret_data_base64": false,
            "name": "projects/673367928406/secrets/neo4j-username/versions/1",
            "secret": "projects/webcrawler-450417/secrets/neo4j-username",
            "secret_data": null,
            "secret_data_wo": null,
            "secret_data_wo_version": 0,
            "timeouts": null,
            "version": "1"
          },
          "sensitive_attributes": [
            [
              {
                "type": "get_attr",
                "value": "secret_data"
              }
            ],
            [
              {
                "type": "get_attr",
                "value": "secret_data_wo"
              }
            ]
          ],
          "identity_schema_version": 0,
          "private": "eyJlMmJmYjczMC1lY2FhLTExZTYtOGY4OC0zNDM2M2JjN2M0YzAiOnsiY3JlYXRlIjoxMjAwMDAwMDAwMDAwLCJkZWxldGUiOjEyMDAwMDAwMDAwMDAsInVwZGF0ZSI6MTIwMDAwMDAwMDAwMH19",
          "dependencies": [
            "google_service_account.cloud_run_sa",
            "module.neo4j_db.google_compute_firewall.neo4j-internal",
            "module.neo4j_db.google_compute_instance.neo4j",
            "module.neo4j_db.google_iap_tunnel_instance_iam_member.ssh",
            "module.neo4j_db.google_project_iam_member.neo4j_iap_tunnel_user",
            "module.neo4j_db.google_project_iam_member.neo4j_logging",
            "module.neo4j_db.google_project_iam_member.neo4j_monitoring",
            "module.neo4j_db.google_project_iam_member.neo4j_storage_viewer",
            "module.neo4j_db.google_secret_manager_secret.neo4j_bolt_uri",
            "module.neo4j_db.google_secret_manager_secret_iam_member.neo4j_bolt_uri_secret_accessor",
            "module.neo4j_db.google_secret_manager_secret_version.neo4j_bolt_uri_version",
            "module.neo4j_db.google_service_account.neo4j_instance_sa",
            "module.secrets.google_secret_manager_secret.neo4j_username",
            "module.selenium_chrome_cloud_run.google_cloud_run_service.selenium_standalone_chrome",
            "module.vpc.google_compute_network.vpc",
            "module.vpc.google_compute_subnetwork.custom_subnet"
          ]
        }
      ]
    },
    {
      "module": "module.secrets",
      "mode": "managed",
      "type": "google_secret_manager_secret_version",
      "name": "pusher_app_id_version",
      "provider": "provider[\"registry.terraform.io/hashicorp/google\"]",
      "instances": [
        {
          "schema_version": 0,
          "attributes": {
            "create_time": "2025-07-18T16:05:10.408006Z",
            "deletion_policy": "DELETE",
            "destroy_time": "",
            "enabled": true,
            "id": "projects/673367928406/secrets/pusher-app-id/versions/1",
            "is_secret_data_base64": false,
            "name": "projects/673367928406/secrets/pusher-app-id/versions/1",
            "secret": "projects/webcrawler-450417/secrets/pusher-app-id",
            "secret_data": null,
            "secret_data_wo": null,
            "secret_data_wo_version": 0,
            "timeouts": null,
            "version": "1"
          },
          "sensitive_attributes": [
            [
              {
                "type": "get_attr",
                "value": "secret_data"
              }
            ],
            [
              {
                "type": "get_attr",
                "value": "secret_data_wo"
              }
            ]
          ],
          "identity_schema_version": 0,
          "private": "eyJlMmJmYjczMC1lY2FhLTExZTYtOGY4OC0zNDM2M2JjN2M0YzAiOnsiY3JlYXRlIjoxMjAwMDAwMDAwMDAwLCJkZWxldGUiOjEyMDAwMDAwMDAwMDAsInVwZGF0ZSI6MTIwMDAwMDAwMDAwMH19",
          "dependencies": [
            "google_service_account.cloud_run_sa",
            "module.neo4j_db.google_compute_firewall.neo4j-internal",
            "module.neo4j_db.google_compute_instance.neo4j",
            "module.neo4j_db.google_iap_tunnel_instance_iam_member.ssh",
            "module.neo4j_db.google_project_iam_member.neo4j_iap_tunnel_user",
            "module.neo4j_db.google_project_iam_member.neo4j_logging",
            "module.neo4j_db.google_project_iam_member.neo4j_monitoring",
            "module.neo4j_db.google_project_iam_member.neo4j_storage_viewer",
            "module.neo4j_db.google_secret_manager_secret.neo4j_bolt_uri",
            "module.neo4j_db.google_secret_manager_secret_iam_member.neo4j_bolt_uri_secret_accessor",
            "module.neo4j_db.google_secret_manager_secret_version.neo4j_bolt_uri_version",
            "module.neo4j_db.google_service_account.neo4j_instance_sa",
            "module.secrets.google_secret_manager_secret.pusher_app_id",
            "module.selenium_chrome_cloud_run.google_cloud_run_service.selenium_standalone_chrome",
            "module.vpc.google_compute_network.vpc",
            "module.vpc.google_compute_subnetwork.custom_subnet"
          ]
        }
      ]
    },
    {
      "module": "module.secrets",
      "mode": "managed",
      "type": "google_secret_manager_secret_version",
      "name": "pusher_cluster_version",
      "provider": "provider[\"registry.terraform.io/hashicorp/google\"]",
      "instances": [
        {
          "schema_version": 0,
          "attributes": {
            "create_time": "2025-07-18T16:05:06.129939Z",
            "deletion_policy": "DELETE",
            "destroy_time": "",
            "enabled": true,
            "id": "projects/673367928406/secrets/pusher-cluster/versions/1",
            "is_secret_data_base64": false,
            "name": "projects/673367928406/secrets/pusher-cluster/versions/1",
            "secret": "projects/webcrawler-450417/secrets/pusher-cluster",
            "secret_data": null,
            "secret_data_wo": null,
            "secret_data_wo_version": 0,
            "timeouts": null,
            "version": "1"
          },
          "sensitive_attributes": [
            [
              {
                "type": "get_attr",
                "value": "secret_data"
              }
            ],
            [
              {
                "type": "get_attr",
                "value": "secret_data_wo"
              }
            ]
          ],
          "identity_schema_version": 0,
          "private": "eyJlMmJmYjczMC1lY2FhLTExZTYtOGY4OC0zNDM2M2JjN2M0YzAiOnsiY3JlYXRlIjoxMjAwMDAwMDAwMDAwLCJkZWxldGUiOjEyMDAwMDAwMDAwMDAsInVwZGF0ZSI6MTIwMDAwMDAwMDAwMH19",
          "dependencies": [
            "google_service_account.cloud_run_sa",
            "module.neo4j_db.google_compute_firewall.neo4j-internal",
            "module.neo4j_db.google_compute_instance.neo4j",
            "module.neo4j_db.google_iap_tunnel_instance_iam_member.ssh",
            "module.neo4j_db.google_project_iam_member.neo4j_iap_tunnel_user",
            "module.neo4j_db.google_project_iam_member.neo4j_logging",
            "module.neo4j_db.google_project_iam_member.neo4j_monitoring",
            "module.neo4j_db.google_project_iam_member.neo4j_storage_viewer",
            "module.neo4j_db.google_secret_manager_secret.neo4j_bolt_uri",
            "module.neo4j_db.google_secret_manager_secret_iam_member.neo4j_bolt_uri_secret_accessor",
            "module.neo4j_db.google_secret_manager_secret_version.neo4j_bolt_uri_version",
            "module.neo4j_db.google_service_account.neo4j_instance_sa",
            "module.secrets.google_secret_manager_secret.pusher_cluster",
            "module.selenium_chrome_cloud_run.google_cloud_run_service.selenium_standalone_chrome",
            "module.vpc.google_compute_network.vpc",
            "module.vpc.google_compute_subnetwork.custom_subnet"
          ]
        }
      ]
    },
    {
      "module": "module.secrets",
      "mode": "managed",
      "type": "google_secret_manager_secret_version",
      "name": "pusher_key_version",
      "provider": "provider[\"registry.terraform.io/hashicorp/google\"]",
      "instances": [
        {
          "schema_version": 0,
          "attributes": {
            "create_time": "2025-07-18T16:05:09.924993Z",
            "deletion_policy": "DELETE",
            "destroy_time": "",
            "enabled": true,
            "id": "projects/673367928406/secrets/pusher-key/versions/1",
            "is_secret_data_base64": false,
            "name": "projects/673367928406/secrets/pusher-key/versions/1",
            "secret": "projects/webcrawler-450417/secrets/pusher-key",
            "secret_data": null,
            "secret_data_wo": null,
            "secret_data_wo_version": 0,
            "timeouts": null,
            "version": "1"
          },
          "sensitive_attributes": [
            [
              {
                "type": "get_attr",
                "value": "secret_data"
              }
            ],
            [
              {
                "type": "get_attr",
                "value": "secret_data_wo"
              }
            ]
          ],
          "identity_schema_version": 0,
          "private": "eyJlMmJmYjczMC1lY2FhLTExZTYtOGY4OC0zNDM2M2JjN2M0YzAiOnsiY3JlYXRlIjoxMjAwMDAwMDAwMDAwLCJkZWxldGUiOjEyMDAwMDAwMDAwMDAsInVwZGF0ZSI6MTIwMDAwMDAwMDAwMH19",
          "dependencies": [
            "google_service_account.cloud_run_sa",
            "module.neo4j_db.google_compute_firewall.neo4j-internal",
            "module.neo4j_db.google_compute_instance.neo4j",
            "module.neo4j_db.google_iap_tunnel_instance_iam_member.ssh",
            "module.neo4j_db.google_project_iam_member.neo4j_iap_tunnel_user",
            "module.neo4j_db.google_project_iam_member.neo4j_logging",
            "module.neo4j_db.google_project_iam_member.neo4j_monitoring",
            "module.neo4j_db.google_project_iam_member.neo4j_storage_viewer",
            "module.neo4j_db.google_secret_manager_secret.neo4j_bolt_uri",
            "module.neo4j_db.google_secret_manager_secret_iam_member.neo4j_bolt_uri_secret_accessor",
            "module.neo4j_db.google_secret_manager_secret_version.neo4j_bolt_uri_version",
            "module.neo4j_db.google_service_account.neo4j_instance_sa",
            "module.secrets.google_secret_manager_secret.pusher_key",
            "module.selenium_chrome_cloud_run.google_cloud_run_service.selenium_standalone_chrome",
            "module.vpc.google_compute_network.vpc",
            "module.vpc.google_compute_subnetwork.custom_subnet"
          ]
        }
      ]
    },
    {
      "module": "module.secrets",
      "mode": "managed",
      "type": "google_secret_manager_secret_version",
      "name": "pusher_secret_version",
      "provider": "provider[\"registry.terraform.io/hashicorp/google\"]",
      "instances": [
        {
          "schema_version": 0,
          "attributes": {
            "create_time": "2025-07-18T16:05:06.002530Z",
            "deletion_policy": "DELETE",
            "destroy_time": "",
            "enabled": true,
            "id": "projects/673367928406/secrets/pusher-secret/versions/1",
            "is_secret_data_base64": false,
            "name": "projects/673367928406/secrets/pusher-secret/versions/1",
            "secret": "projects/webcrawler-450417/secrets/pusher-secret",
            "secret_data": null,
            "secret_data_wo": null,
            "secret_data_wo_version": 0,
            "timeouts": null,
            "version": "1"
          },
          "sensitive_attributes": [
            [
              {
                "type": "get_attr",
                "value": "secret_data"
              }
            ],
            [
              {
                "type": "get_attr",
                "value": "secret_data_wo"
              }
            ]
          ],
          "identity_schema_version": 0,
          "private": "eyJlMmJmYjczMC1lY2FhLTExZTYtOGY4OC0zNDM2M2JjN2M0YzAiOnsiY3JlYXRlIjoxMjAwMDAwMDAwMDAwLCJkZWxldGUiOjEyMDAwMDAwMDAwMDAsInVwZGF0ZSI6MTIwMDAwMDAwMDAwMH19",
          "dependencies": [
            "google_service_account.cloud_run_sa",
            "module.neo4j_db.google_compute_firewall.neo4j-internal",
            "module.neo4j_db.google_compute_instance.neo4j",
            "module.neo4j_db.google_iap_tunnel_instance_iam_member.ssh",
            "module.neo4j_db.google_project_iam_member.neo4j_iap_tunnel_user",
            "module.neo4j_db.google_project_iam_member.neo4j_logging",
            "module.neo4j_db.google_project_iam_member.neo4j_monitoring",
            "module.neo4j_db.google_project_iam_member.neo4j_storage_viewer",
            "module.neo4j_db.google_secret_manager_secret.neo4j_bolt_uri",
            "module.neo4j_db.google_secret_manager_secret_iam_member.neo4j_bolt_uri_secret_accessor",
            "module.neo4j_db.google_secret_manager_secret_version.neo4j_bolt_uri_version",
            "module.neo4j_db.google_service_account.neo4j_instance_sa",
            "module.secrets.google_secret_manager_secret.pusher_secret",
            "module.selenium_chrome_cloud_run.google_cloud_run_service.selenium_standalone_chrome",
            "module.vpc.google_compute_network.vpc",
            "module.vpc.google_compute_subnetwork.custom_subnet"
          ]
        }
      ]
    },
    {
      "module": "module.secrets",
      "mode": "managed",
      "type": "google_secret_manager_secret_version",
      "name": "selenium_urls_version",
      "provider": "provider[\"registry.terraform.io/hashicorp/google\"]",
      "instances": [
        {
          "schema_version": 0,
          "attributes": {
            "create_time": "2025-07-18T16:05:05.945205Z",
            "deletion_policy": "DELETE",
            "destroy_time": "",
            "enabled": true,
            "id": "projects/673367928406/secrets/selenium-urls/versions/1",
            "is_secret_data_base64": false,
            "name": "projects/673367928406/secrets/selenium-urls/versions/1",
            "secret": "projects/webcrawler-450417/secrets/selenium-urls",
            "secret_data": null,
            "secret_data_wo": null,
            "secret_data_wo_version": 0,
            "timeouts": null,
            "version": "1"
          },
          "sensitive_attributes": [
            [
              {
                "type": "get_attr",
                "value": "secret_data"
              }
            ]
          ],
          "identity_schema_version": 0,
          "private": "eyJlMmJmYjczMC1lY2FhLTExZTYtOGY4OC0zNDM2M2JjN2M0YzAiOnsiY3JlYXRlIjoxMjAwMDAwMDAwMDAwLCJkZWxldGUiOjEyMDAwMDAwMDAwMDAsInVwZGF0ZSI6MTIwMDAwMDAwMDAwMH19",
          "dependencies": [
            "google_service_account.cloud_run_sa",
            "module.neo4j_db.google_compute_firewall.neo4j-internal",
            "module.neo4j_db.google_compute_instance.neo4j",
            "module.neo4j_db.google_iap_tunnel_instance_iam_member.ssh",
            "module.neo4j_db.google_project_iam_member.neo4j_iap_tunnel_user",
            "module.neo4j_db.google_project_iam_member.neo4j_logging",
            "module.neo4j_db.google_project_iam_member.neo4j_monitoring",
            "module.neo4j_db.google_project_iam_member.neo4j_storage_viewer",
            "module.neo4j_db.google_secret_manager_secret.neo4j_bolt_uri",
            "module.neo4j_db.google_secret_manager_secret_iam_member.neo4j_bolt_uri_secret_accessor",
            "module.neo4j_db.google_secret_manager_secret_version.neo4j_bolt_uri_version",
            "module.neo4j_db.google_service_account.neo4j_instance_sa",
            "module.secrets.google_secret_manager_secret.selenium_urls",
            "module.selenium_chrome_cloud_run.google_cloud_run_service.selenium_standalone_chrome",
            "module.vpc.google_compute_network.vpc",
            "module.vpc.google_compute_subnetwork.custom_subnet"
          ]
        }
      ]
    },
    {
      "module": "module.secrets",
      "mode": "managed",
      "type": "google_secret_manager_secret_version",
      "name": "smtp_password_version",
      "provider": "provider[\"registry.terraform.io/hashicorp/google\"]",
      "instances": [
        {
          "schema_version": 0,
          "attributes": {
            "create_time": "2025-07-18T16:05:06.749059Z",
            "deletion_policy": "DELETE",
            "destroy_time": "",
            "enabled": true,
            "id": "projects/673367928406/secrets/smtp-password/versions/1",
            "is_secret_data_base64": false,
            "name": "projects/673367928406/secrets/smtp-password/versions/1",
            "secret": "projects/webcrawler-450417/secrets/smtp-password",
            "secret_data": null,
            "secret_data_wo": null,
            "secret_data_wo_version": 0,
            "timeouts": null,
            "version": "1"
          },
          "sensitive_attributes": [
            [
              {
                "type": "get_attr",
                "value": "secret_data"
              }
            ],
            [
              {
                "type": "get_attr",
                "value": "secret_data_wo"
              }
            ]
          ],
          "identity_schema_version": 0,
          "private": "eyJlMmJmYjczMC1lY2FhLTExZTYtOGY4OC0zNDM2M2JjN2M0YzAiOnsiY3JlYXRlIjoxMjAwMDAwMDAwMDAwLCJkZWxldGUiOjEyMDAwMDAwMDAwMDAsInVwZGF0ZSI6MTIwMDAwMDAwMDAwMH19",
          "dependencies": [
            "google_service_account.cloud_run_sa",
            "module.neo4j_db.google_compute_firewall.neo4j-internal",
            "module.neo4j_db.google_compute_instance.neo4j",
            "module.neo4j_db.google_iap_tunnel_instance_iam_member.ssh",
            "module.neo4j_db.google_project_iam_member.neo4j_iap_tunnel_user",
            "module.neo4j_db.google_project_iam_member.neo4j_logging",
            "module.neo4j_db.google_project_iam_member.neo4j_monitoring",
            "module.neo4j_db.google_project_iam_member.neo4j_storage_viewer",
            "module.neo4j_db.google_secret_manager_secret.neo4j_bolt_uri",
            "module.neo4j_db.google_secret_manager_secret_iam_member.neo4j_bolt_uri_secret_accessor",
            "module.neo4j_db.google_secret_manager_secret_version.neo4j_bolt_uri_version",
            "module.neo4j_db.google_service_account.neo4j_instance_sa",
            "module.secrets.google_secret_manager_secret.smtp_password",
            "module.selenium_chrome_cloud_run.google_cloud_run_service.selenium_standalone_chrome",
            "module.vpc.google_compute_network.vpc",
            "module.vpc.google_compute_subnetwork.custom_subnet"
          ]
        }
      ]
    },
    {
      "module": "module.secrets",
      "mode": "managed",
      "type": "google_secret_manager_secret_version",
      "name": "smtp_username_version",
      "provider": "provider[\"registry.terraform.io/hashicorp/google\"]",
      "instances": [
        {
          "schema_version": 0,
          "attributes": {
            "create_time": "2025-07-18T16:05:06.016141Z",
            "deletion_policy": "DELETE",
            "destroy_time": "",
            "enabled": true,
            "id": "projects/673367928406/secrets/smtp-username/versions/1",
            "is_secret_data_base64": false,
            "name": "projects/673367928406/secrets/smtp-username/versions/1",
            "secret": "projects/webcrawler-450417/secrets/smtp-username",
            "secret_data": null,
            "secret_data_wo": null,
            "secret_data_wo_version": 0,
            "timeouts": null,
            "version": "1"
          },
          "sensitive_attributes": [
            [
              {
                "type": "get_attr",
                "value": "secret_data"
              }
            ],
            [
              {
                "type": "get_attr",
                "value": "secret_data_wo"
              }
            ]
          ],
          "identity_schema_version": 0,
          "private": "eyJlMmJmYjczMC1lY2FhLTExZTYtOGY4OC0zNDM2M2JjN2M0YzAiOnsiY3JlYXRlIjoxMjAwMDAwMDAwMDAwLCJkZWxldGUiOjEyMDAwMDAwMDAwMDAsInVwZGF0ZSI6MTIwMDAwMDAwMDAwMH19",
          "dependencies": [
            "google_service_account.cloud_run_sa",
            "module.neo4j_db.google_compute_firewall.neo4j-internal",
            "module.neo4j_db.google_compute_instance.neo4j",
            "module.neo4j_db.google_iap_tunnel_instance_iam_member.ssh",
            "module.neo4j_db.google_project_iam_member.neo4j_iap_tunnel_user",
            "module.neo4j_db.google_project_iam_member.neo4j_logging",
            "module.neo4j_db.google_project_iam_member.neo4j_monitoring",
            "module.neo4j_db.google_project_iam_member.neo4j_storage_viewer",
            "module.neo4j_db.google_secret_manager_secret.neo4j_bolt_uri",
            "module.neo4j_db.google_secret_manager_secret_iam_member.neo4j_bolt_uri_secret_accessor",
            "module.neo4j_db.google_secret_manager_secret_version.neo4j_bolt_uri_version",
            "module.neo4j_db.google_service_account.neo4j_instance_sa",
            "module.secrets.google_secret_manager_secret.smtp_username",
            "module.selenium_chrome_cloud_run.google_cloud_run_service.selenium_standalone_chrome",
            "module.vpc.google_compute_network.vpc",
            "module.vpc.google_compute_subnetwork.custom_subnet"
          ]
        }
      ]
    },
    {
      "module": "module.selenium_chrome_cloud_run[\"0\"]",
      "mode": "managed",
      "type": "google_cloud_run_service",
      "name": "selenium_standalone_chrome",
      "provider": "provider[\"registry.terraform.io/hashicorp/google\"]",
      "instances": [
        {
          "schema_version": 2,
          "attributes": {
            "autogenerate_revision_name": false,
            "id": "locations/us-central1/namespaces/webcrawler-450417/services/selenium-chrome-1",
            "location": "us-central1",
            "metadata": [
              {
                "annotations": {
                  "run.googleapis.com/client-name": "terraform"
                },
                "effective_annotations": {
                  "run.googleapis.com/client-name": "terraform",
                  "run.googleapis.com/ingress": "all",
                  "run.googleapis.com/ingress-status": "all",
                  "run.googleapis.com/operation-id": "e4de0b36-7489-4cef-97f2-1fae5406c458",
                  "run.googleapis.com/urls": "[\"https://selenium-chrome-1-673367928406.us-central1.run.app\",\"https://selenium-chrome-1-5wvl2oswbq-uc.a.run.app\"]",
                  "serving.knative.dev/creator": "webcrawleraccountmanager@webcrawler-450417.iam.gserviceaccount.com",
                  "serving.knative.dev/lastModifier": "webcrawleraccountmanager@webcrawler-450417.iam.gserviceaccount.com"
                },
                "effective_labels": {
                  "cloud.googleapis.com/location": "us-central1",
                  "goog-terraform-provisioned": "true"
                },
                "generation": 1,
                "labels": {},
                "namespace": "webcrawler-450417",
                "resource_version": "AAY6NkYOpKo",
                "self_link": "/apis/serving.knative.dev/v1/namespaces/673367928406/services/selenium-chrome-1",
                "terraform_labels": {
                  "goog-terraform-provisioned": "true"
                },
                "uid": "4e4a16f5-509c-48d0-a04e-9c185609c5c2"
              }
            ],
            "name": "selenium-chrome-1",
            "project": "webcrawler-450417",
            "status": [
              {
                "conditions": [
                  {
                    "message": "",
                    "reason": "",
                    "status": "True",
                    "type": "Ready"
                  },
                  {
                    "message": "",
                    "reason": "",
                    "status": "True",
                    "type": "ConfigurationsReady"
                  },
                  {
                    "message": "",
                    "reason": "",
                    "status": "True",
                    "type": "RoutesReady"
                  }
                ],
                "latest_created_revision_name": "selenium-chrome-1-00001-5p2",
                "latest_ready_revision_name": "selenium-chrome-1-00001-5p2",
                "observed_generation": 1,
                "traffic": [
                  {
                    "latest_revision": true,
                    "percent": 100,
                    "revision_name": "selenium-chrome-1-00001-5p2",
                    "tag": "",
                    "url": ""
                  }
                ],
                "url": "https://selenium-chrome-1-5wvl2oswbq-uc.a.run.app"
              }
            ],
            "template": [
              {
                "metadata": [
                  {
                    "annotations": {
                      "autoscaling.knative.dev/maxScale": "20"
                    },
                    "generation": 0,
                    "labels": {
                      "run.googleapis.com/startupProbeType": "Default"
                    },
                    "name": "",
                    "namespace": "",
                    "resource_version": "",
                    "self_link": "",
                    "uid": ""
                  }
                ],
                "spec": [
                  {
                    "container_concurrency": 80,
                    "containers": [
                      {
                        "args": [],
                        "command": [],
                        "env": [],
                        "env_from": [],
                        "image": "docker.io/selenium/standalone-chrome:3.141.59",
                        "liveness_probe": [],
                        "name": "",
                        "ports": [
                          {
                            "container_port": 4444,
                            "name": "http1",
                            "protocol": ""
                          }
                        ],
                        "resources": [
                          {
                            "limits": {
                              "cpu": "1",
                              "memory": "2Gi"
                            },
                            "requests": {}
                          }
                        ],
                        "startup_probe": [
                          {
                            "failure_threshold": 1,
                            "grpc": [],
                            "http_get": [],
                            "initial_delay_seconds": 0,
                            "period_seconds": 240,
                            "tcp_socket": [
                              {
                                "port": 4444
                              }
                            ],
                            "timeout_seconds": 240
                          }
                        ],
                        "volume_mounts": [],
                        "working_dir": ""
                      }
                    ],
                    "node_selector": {},
                    "service_account_name": "673367928406-compute@developer.gserviceaccount.com",
                    "serving_state": "",
                    "timeout_seconds": 300,
                    "volumes": []
                  }
                ]
              }
            ],
            "timeouts": null,
            "traffic": [
              {
                "latest_revision": true,
                "percent": 100,
                "revision_name": "",
                "tag": "",
                "url": ""
              }
            ]
          },
          "sensitive_attributes": [],
          "identity_schema_version": 0,
          "private": "eyJlMmJmYjczMC1lY2FhLTExZTYtOGY4OC0zNDM2M2JjN2M0YzAiOnsiY3JlYXRlIjoxMjAwMDAwMDAwMDAwLCJkZWxldGUiOjEyMDAwMDAwMDAwMDAsInVwZGF0ZSI6MTIwMDAwMDAwMDAwMH0sInNjaGVtYV92ZXJzaW9uIjoiMiJ9"
        }
      ]
    },
    {
      "module": "module.selenium_chrome_cloud_run[\"1\"]",
      "mode": "managed",
      "type": "google_cloud_run_service",
      "name": "selenium_standalone_chrome",
      "provider": "provider[\"registry.terraform.io/hashicorp/google\"]",
      "instances": [
        {
          "schema_version": 2,
          "attributes": {
            "autogenerate_revision_name": false,
            "id": "locations/us-central1/namespaces/webcrawler-450417/services/selenium-chrome-2",
            "location": "us-central1",
            "metadata": [
              {
                "annotations": {
                  "run.googleapis.com/client-name": "terraform"
                },
                "effective_annotations": {
                  "run.googleapis.com/client-name": "terraform",
                  "run.googleapis.com/ingress": "all",
                  "run.googleapis.com/ingress-status": "all",
                  "run.googleapis.com/operation-id": "3f3da365-ae40-42b6-acef-525e44aa3163",
                  "run.googleapis.com/urls": "[\"https://selenium-chrome-2-673367928406.us-central1.run.app\",\"https://selenium-chrome-2-5wvl2oswbq-uc.a.run.app\"]",
                  "serving.knative.dev/creator": "webcrawleraccountmanager@webcrawler-450417.iam.gserviceaccount.com",
                  "serving.knative.dev/lastModifier": "webcrawleraccountmanager@webcrawler-450417.iam.gserviceaccount.com"
                },
                "effective_labels": {
                  "cloud.googleapis.com/location": "us-central1",
                  "goog-terraform-provisioned": "true"
                },
                "generation": 1,
                "labels": {},
                "namespace": "webcrawler-450417",
                "resource_version": "AAY6NkV2BH0",
                "self_link": "/apis/serving.knative.dev/v1/namespaces/673367928406/services/selenium-chrome-2",
                "terraform_labels": {
                  "goog-terraform-provisioned": "true"
                },
                "uid": "e514e638-0ed9-4362-91b2-1a278cd3e6e1"
              }
            ],
            "name": "selenium-chrome-2",
            "project": "webcrawler-450417",
            "status": [
              {
                "conditions": [
                  {
                    "message": "",
                    "reason": "",
                    "status": "True",
                    "type": "Ready"
                  },
                  {
                    "message": "",
                    "reason": "",
                    "status": "True",
                    "type": "ConfigurationsReady"
                  },
                  {
                    "message": "",
                    "reason": "",
                    "status": "True",
                    "type": "RoutesReady"
                  }
                ],
                "latest_created_revision_name": "selenium-chrome-2-00001-xms",
                "latest_ready_revision_name": "selenium-chrome-2-00001-xms",
                "observed_generation": 1,
                "traffic": [
                  {
                    "latest_revision": true,
                    "percent": 100,
                    "revision_name": "selenium-chrome-2-00001-xms",
                    "tag": "",
                    "url": ""
                  }
                ],
                "url": "https://selenium-chrome-2-5wvl2oswbq-uc.a.run.app"
              }
            ],
            "template": [
              {
                "metadata": [
                  {
                    "annotations": {
                      "autoscaling.knative.dev/maxScale": "20"
                    },
                    "generation": 0,
                    "labels": {
                      "run.googleapis.com/startupProbeType": "Default"
                    },
                    "name": "",
                    "namespace": "",
                    "resource_version": "",
                    "self_link": "",
                    "uid": ""
                  }
                ],
                "spec": [
                  {
                    "container_concurrency": 80,
                    "containers": [
                      {
                        "args": [],
                        "command": [],
                        "env": [],
                        "env_from": [],
                        "image": "docker.io/selenium/standalone-chrome:3.141.59",
                        "liveness_probe": [],
                        "name": "",
                        "ports": [
                          {
                            "container_port": 4444,
                            "name": "http1",
                            "protocol": ""
                          }
                        ],
                        "resources": [
                          {
                            "limits": {
                              "cpu": "1",
                              "memory": "2Gi"
                            },
                            "requests": {}
                          }
                        ],
                        "startup_probe": [
                          {
                            "failure_threshold": 1,
                            "grpc": [],
                            "http_get": [],
                            "initial_delay_seconds": 0,
                            "period_seconds": 240,
                            "tcp_socket": [
                              {
                                "port": 4444
                              }
                            ],
                            "timeout_seconds": 240
                          }
                        ],
                        "volume_mounts": [],
                        "working_dir": ""
                      }
                    ],
                    "node_selector": {},
                    "service_account_name": "673367928406-compute@developer.gserviceaccount.com",
                    "serving_state": "",
                    "timeout_seconds": 300,
                    "volumes": []
                  }
                ]
              }
            ],
            "timeouts": null,
            "traffic": [
              {
                "latest_revision": true,
                "percent": 100,
                "revision_name": "",
                "tag": "",
                "url": ""
              }
            ]
          },
          "sensitive_attributes": [],
          "identity_schema_version": 0,
          "private": "eyJlMmJmYjczMC1lY2FhLTExZTYtOGY4OC0zNDM2M2JjN2M0YzAiOnsiY3JlYXRlIjoxMjAwMDAwMDAwMDAwLCJkZWxldGUiOjEyMDAwMDAwMDAwMDAsInVwZGF0ZSI6MTIwMDAwMDAwMDAwMH0sInNjaGVtYV92ZXJzaW9uIjoiMiJ9"
        }
      ]
    },
    {
      "module": "module.selenium_chrome_cloud_run[\"2\"]",
      "mode": "managed",
      "type": "google_cloud_run_service",
      "name": "selenium_standalone_chrome",
      "provider": "provider[\"registry.terraform.io/hashicorp/google\"]",
      "instances": [
        {
          "schema_version": 2,
          "attributes": {
            "autogenerate_revision_name": false,
            "id": "locations/us-central1/namespaces/webcrawler-450417/services/selenium-chrome-3",
            "location": "us-central1",
            "metadata": [
              {
                "annotations": {
                  "run.googleapis.com/client-name": "terraform"
                },
                "effective_annotations": {
                  "run.googleapis.com/client-name": "terraform",
                  "run.googleapis.com/ingress": "all",
                  "run.googleapis.com/ingress-status": "all",
                  "run.googleapis.com/operation-id": "10094fd1-c0d7-4701-a428-2d8ddb4b5c68",
                  "run.googleapis.com/urls": "[\"https://selenium-chrome-3-673367928406.us-central1.run.app\",\"https://selenium-chrome-3-5wvl2oswbq-uc.a.run.app\"]",
                  "serving.knative.dev/creator": "webcrawleraccountmanager@webcrawler-450417.iam.gserviceaccount.com",
                  "serving.knative.dev/lastModifier": "webcrawleraccountmanager@webcrawler-450417.iam.gserviceaccount.com"
                },
                "effective_labels": {
                  "cloud.googleapis.com/location": "us-central1",
                  "goog-terraform-provisioned": "true"
                },
                "generation": 1,
                "labels": {},
                "namespace": "webcrawler-450417",
                "resource_version": "AAY6NkYOeu0",
                "self_link": "/apis/serving.knative.dev/v1/namespaces/673367928406/services/selenium-chrome-3",
                "terraform_labels": {
                  "goog-terraform-provisioned": "true"
                },
                "uid": "b4c3fad5-f2eb-4993-9858-716920841c79"
              }
            ],
            "name": "selenium-chrome-3",
            "project": "webcrawler-450417",
            "status": [
              {
                "conditions": [
                  {
                    "message": "",
                    "reason": "",
                    "status": "True",
                    "type": "Ready"
                  },
                  {
                    "message": "",
                    "reason": "",
                    "status": "True",
                    "type": "ConfigurationsReady"
                  },
                  {
                    "message": "",
                    "reason": "",
                    "status": "True",
                    "type": "RoutesReady"
                  }
                ],
                "latest_created_revision_name": "selenium-chrome-3-00001-r9k",
                "latest_ready_revision_name": "selenium-chrome-3-00001-r9k",
                "observed_generation": 1,
                "traffic": [
                  {
                    "latest_revision": true,
                    "percent": 100,
                    "revision_name": "selenium-chrome-3-00001-r9k",
                    "tag": "",
                    "url": ""
                  }
                ],
                "url": "https://selenium-chrome-3-5wvl2oswbq-uc.a.run.app"
              }
            ],
            "template": [
              {
                "metadata": [
                  {
                    "annotations": {
                      "autoscaling.knative.dev/maxScale": "20"
                    },
                    "generation": 0,
                    "labels": {
                      "run.googleapis.com/startupProbeType": "Default"
                    },
                    "name": "",
                    "namespace": "",
                    "resource_version": "",
                    "self_link": "",
                    "uid": ""
                  }
                ],
                "spec": [
                  {
                    "container_concurrency": 80,
                    "containers": [
                      {
                        "args": [],
                        "command": [],
                        "env": [],
                        "env_from": [],
                        "image": "docker.io/selenium/standalone-chrome:3.141.59",
                        "liveness_probe": [],
                        "name": "",
                        "ports": [
                          {
                            "container_port": 4444,
                            "name": "http1",
                            "protocol": ""
                          }
                        ],
                        "resources": [
                          {
                            "limits": {
                              "cpu": "1",
                              "memory": "2Gi"
                            },
                            "requests": {}
                          }
                        ],
                        "startup_probe": [
                          {
                            "failure_threshold": 1,
                            "grpc": [],
                            "http_get": [],
                            "initial_delay_seconds": 0,
                            "period_seconds": 240,
                            "tcp_socket": [
                              {
                                "port": 4444
                              }
                            ],
                            "timeout_seconds": 240
                          }
                        ],
                        "volume_mounts": [],
                        "working_dir": ""
                      }
                    ],
                    "node_selector": {},
                    "service_account_name": "673367928406-compute@developer.gserviceaccount.com",
                    "serving_state": "",
                    "timeout_seconds": 300,
                    "volumes": []
                  }
                ]
              }
            ],
            "timeouts": null,
            "traffic": [
              {
                "latest_revision": true,
                "percent": 100,
                "revision_name": "",
                "tag": "",
                "url": ""
              }
            ]
          },
          "sensitive_attributes": [],
          "identity_schema_version": 0,
          "private": "eyJlMmJmYjczMC1lY2FhLTExZTYtOGY4OC0zNDM2M2JjN2M0YzAiOnsiY3JlYXRlIjoxMjAwMDAwMDAwMDAwLCJkZWxldGUiOjEyMDAwMDAwMDAwMDAsInVwZGF0ZSI6MTIwMDAwMDAwMDAwMH0sInNjaGVtYV92ZXJzaW9uIjoiMiJ9"
        }
      ]
    },
    {
      "module": "module.selenium_chrome_cloud_run[\"3\"]",
      "mode": "managed",
      "type": "google_cloud_run_service",
      "name": "selenium_standalone_chrome",
      "provider": "provider[\"registry.terraform.io/hashicorp/google\"]",
      "instances": [
        {
          "schema_version": 2,
          "attributes": {
            "autogenerate_revision_name": false,
            "id": "locations/us-central1/namespaces/webcrawler-450417/services/selenium-chrome-4",
            "location": "us-central1",
            "metadata": [
              {
                "annotations": {
                  "run.googleapis.com/client-name": "terraform"
                },
                "effective_annotations": {
                  "run.googleapis.com/client-name": "terraform",
                  "run.googleapis.com/ingress": "all",
                  "run.googleapis.com/ingress-status": "all",
                  "run.googleapis.com/operation-id": "65bafdaa-e208-44cf-bad8-cba233e98314",
                  "run.googleapis.com/urls": "[\"https://selenium-chrome-4-673367928406.us-central1.run.app\",\"https://selenium-chrome-4-5wvl2oswbq-uc.a.run.app\"]",
                  "serving.knative.dev/creator": "webcrawleraccountmanager@webcrawler-450417.iam.gserviceaccount.com",
                  "serving.knative.dev/lastModifier": "webcrawleraccountmanager@webcrawler-450417.iam.gserviceaccount.com"
                },
                "effective_labels": {
                  "cloud.googleapis.com/location": "us-central1",
                  "goog-terraform-provisioned": "true"
                },
                "generation": 1,
                "labels": {},
                "namespace": "webcrawler-450417",
                "resource_version": "AAY6NkYvKcs",
                "self_link": "/apis/serving.knative.dev/v1/namespaces/673367928406/services/selenium-chrome-4",
                "terraform_labels": {
                  "goog-terraform-provisioned": "true"
                },
                "uid": "d8ba8efb-a01b-4f2c-819e-26294778315d"
              }
            ],
            "name": "selenium-chrome-4",
            "project": "webcrawler-450417",
            "status": [
              {
                "conditions": [
                  {
                    "message": "",
                    "reason": "",
                    "status": "True",
                    "type": "Ready"
                  },
                  {
                    "message": "",
                    "reason": "",
                    "status": "True",
                    "type": "ConfigurationsReady"
                  },
                  {
                    "message": "",
                    "reason": "",
                    "status": "True",
                    "type": "RoutesReady"
                  }
                ],
                "latest_created_revision_name": "selenium-chrome-4-00001-4cc",
                "latest_ready_revision_name": "selenium-chrome-4-00001-4cc",
                "observed_generation": 1,
                "traffic": [
                  {
                    "latest_revision": true,
                    "percent": 100,
                    "revision_name": "selenium-chrome-4-00001-4cc",
                    "tag": "",
                    "url": ""
                  }
                ],
                "url": "https://selenium-chrome-4-5wvl2oswbq-uc.a.run.app"
              }
            ],
            "template": [
              {
                "metadata": [
                  {
                    "annotations": {
                      "autoscaling.knative.dev/maxScale": "20"
                    },
                    "generation": 0,
                    "labels": {
                      "run.googleapis.com/startupProbeType": "Default"
                    },
                    "name": "",
                    "namespace": "",
                    "resource_version": "",
                    "self_link": "",
                    "uid": ""
                  }
                ],
                "spec": [
                  {
                    "container_concurrency": 80,
                    "containers": [
                      {
                        "args": [],
                        "command": [],
                        "env": [],
                        "env_from": [],
                        "image": "docker.io/selenium/standalone-chrome:3.141.59",
                        "liveness_probe": [],
                        "name": "",
                        "ports": [
                          {
                            "container_port": 4444,
                            "name": "http1",
                            "protocol": ""
                          }
                        ],
                        "resources": [
                          {
                            "limits": {
                              "cpu": "1",
                              "memory": "2Gi"
                            },
                            "requests": {}
                          }
                        ],
                        "startup_probe": [
                          {
                            "failure_threshold": 1,
                            "grpc": [],
                            "http_get": [],
                            "initial_delay_seconds": 0,
                            "period_seconds": 240,
                            "tcp_socket": [
                              {
                                "port": 4444
                              }
                            ],
                            "timeout_seconds": 240
                          }
                        ],
                        "volume_mounts": [],
                        "working_dir": ""
                      }
                    ],
                    "node_selector": {},
                    "service_account_name": "673367928406-compute@developer.gserviceaccount.com",
                    "serving_state": "",
                    "timeout_seconds": 300,
                    "volumes": []
                  }
                ]
              }
            ],
            "timeouts": null,
            "traffic": [
              {
                "latest_revision": true,
                "percent": 100,
                "revision_name": "",
                "tag": "",
                "url": ""
              }
            ]
          },
          "sensitive_attributes": [],
          "identity_schema_version": 0,
          "private": "eyJlMmJmYjczMC1lY2FhLTExZTYtOGY4OC0zNDM2M2JjN2M0YzAiOnsiY3JlYXRlIjoxMjAwMDAwMDAwMDAwLCJkZWxldGUiOjEyMDAwMDAwMDAwMDAsInVwZGF0ZSI6MTIwMDAwMDAwMDAwMH0sInNjaGVtYV92ZXJzaW9uIjoiMiJ9"
        }
      ]
    },
    {
      "module": "module.selenium_chrome_cloud_run[\"4\"]",
      "mode": "managed",
      "type": "google_cloud_run_service",
      "name": "selenium_standalone_chrome",
      "provider": "provider[\"registry.terraform.io/hashicorp/google\"]",
      "instances": [
        {
          "schema_version": 2,
          "attributes": {
            "autogenerate_revision_name": false,
            "id": "locations/us-central1/namespaces/webcrawler-450417/services/selenium-chrome-5",
            "location": "us-central1",
            "metadata": [
              {
                "annotations": {
                  "run.googleapis.com/client-name": "terraform"
                },
                "effective_annotations": {
                  "run.googleapis.com/client-name": "terraform",
                  "run.googleapis.com/ingress": "all",
                  "run.googleapis.com/ingress-status": "all",
                  "run.googleapis.com/operation-id": "d61893cc-0d8a-4de7-a4da-100215eaa6de",
                  "run.googleapis.com/urls": "[\"https://selenium-chrome-5-673367928406.us-central1.run.app\",\"https://selenium-chrome-5-5wvl2oswbq-uc.a.run.app\"]",
                  "serving.knative.dev/creator": "webcrawleraccountmanager@webcrawler-450417.iam.gserviceaccount.com",
                  "serving.knative.dev/lastModifier": "webcrawleraccountmanager@webcrawler-450417.iam.gserviceaccount.com"
                },
                "effective_labels": {
                  "cloud.googleapis.com/location": "us-central1",
                  "goog-terraform-provisioned": "true"
                },
                "generation": 1,
                "labels": {},
                "namespace": "webcrawler-450417",
                "resource_version": "AAY6NkYvMkQ",
                "self_link": "/apis/serving.knative.dev/v1/namespaces/673367928406/services/selenium-chrome-5",
                "terraform_labels": {
                  "goog-terraform-provisioned": "true"
                },
                "uid": "f9f15fd6-ad3c-4dbe-9ca7-bec63fe82dda"
              }
            ],
            "name": "selenium-chrome-5",
            "project": "webcrawler-450417",
            "status": [
              {
                "conditions": [
                  {
                    "message": "",
                    "reason": "",
                    "status": "True",
                    "type": "Ready"
                  },
                  {
                    "message": "",
                    "reason": "",
                    "status": "True",
                    "type": "ConfigurationsReady"
                  },
                  {
                    "message": "",
                    "reason": "",
                    "status": "True",
                    "type": "RoutesReady"
                  }
                ],
                "latest_created_revision_name": "selenium-chrome-5-00001-rbh",
                "latest_ready_revision_name": "selenium-chrome-5-00001-rbh",
                "observed_generation": 1,
                "traffic": [
                  {
                    "latest_revision": true,
                    "percent": 100,
                    "revision_name": "selenium-chrome-5-00001-rbh",
                    "tag": "",
                    "url": ""
                  }
                ],
                "url": "https://selenium-chrome-5-5wvl2oswbq-uc.a.run.app"
              }
            ],
            "template": [
              {
                "metadata": [
                  {
                    "annotations": {
                      "autoscaling.knative.dev/maxScale": "20"
                    },
                    "generation": 0,
                    "labels": {
                      "run.googleapis.com/startupProbeType": "Default"
                    },
                    "name": "",
                    "namespace": "",
                    "resource_version": "",
                    "self_link": "",
                    "uid": ""
                  }
                ],
                "spec": [
                  {
                    "container_concurrency": 80,
                    "containers": [
                      {
                        "args": [],
                        "command": [],
                        "env": [],
                        "env_from": [],
                        "image": "docker.io/selenium/standalone-chrome:3.141.59",
                        "liveness_probe": [],
                        "name": "",
                        "ports": [
                          {
                            "container_port": 4444,
                            "name": "http1",
                            "protocol": ""
                          }
                        ],
                        "resources": [
                          {
                            "limits": {
                              "cpu": "1",
                              "memory": "2Gi"
                            },
                            "requests": {}
                          }
                        ],
                        "startup_probe": [
                          {
                            "failure_threshold": 1,
                            "grpc": [],
                            "http_get": [],
                            "initial_delay_seconds": 0,
                            "period_seconds": 240,
                            "tcp_socket": [
                              {
                                "port": 4444
                              }
                            ],
                            "timeout_seconds": 240
                          }
                        ],
                        "volume_mounts": [],
                        "working_dir": ""
                      }
                    ],
                    "node_selector": {},
                    "service_account_name": "673367928406-compute@developer.gserviceaccount.com",
                    "serving_state": "",
                    "timeout_seconds": 300,
                    "volumes": []
                  }
                ]
              }
            ],
            "timeouts": null,
            "traffic": [
              {
                "latest_revision": true,
                "percent": 100,
                "revision_name": "",
                "tag": "",
                "url": ""
              }
            ]
          },
          "sensitive_attributes": [],
          "identity_schema_version": 0,
          "private": "eyJlMmJmYjczMC1lY2FhLTExZTYtOGY4OC0zNDM2M2JjN2M0YzAiOnsiY3JlYXRlIjoxMjAwMDAwMDAwMDAwLCJkZWxldGUiOjEyMDAwMDAwMDAwMDAsInVwZGF0ZSI6MTIwMDAwMDAwMDAwMH0sInNjaGVtYV92ZXJzaW9uIjoiMiJ9"
        }
      ]
    },
    {
      "module": "module.selenium_chrome_cloud_run[\"5\"]",
      "mode": "managed",
      "type": "google_cloud_run_service",
      "name": "selenium_standalone_chrome",
      "provider": "provider[\"registry.terraform.io/hashicorp/google\"]",
      "instances": [
        {
          "schema_version": 2,
          "attributes": {
            "autogenerate_revision_name": false,
            "id": "locations/us-central1/namespaces/webcrawler-450417/services/selenium-chrome-6",
            "location": "us-central1",
            "metadata": [
              {
                "annotations": {
                  "run.googleapis.com/client-name": "terraform"
                },
                "effective_annotations": {
                  "run.googleapis.com/client-name": "terraform",
                  "run.googleapis.com/ingress": "all",
                  "run.googleapis.com/ingress-status": "all",
                  "run.googleapis.com/operation-id": "167ec92d-9527-4a81-81f3-dc2816982c74",
                  "run.googleapis.com/urls": "[\"https://selenium-chrome-6-673367928406.us-central1.run.app\",\"https://selenium-chrome-6-5wvl2oswbq-uc.a.run.app\"]",
                  "serving.knative.dev/creator": "webcrawleraccountmanager@webcrawler-450417.iam.gserviceaccount.com",
                  "serving.knative.dev/lastModifier": "webcrawleraccountmanager@webcrawler-450417.iam.gserviceaccount.com"
                },
                "effective_labels": {
                  "cloud.googleapis.com/location": "us-central1",
                  "goog-terraform-provisioned": "true"
                },
                "generation": 1,
                "labels": {},
                "namespace": "webcrawler-450417",
                "resource_version": "AAY6NkV8AK8",
                "self_link": "/apis/serving.knative.dev/v1/namespaces/673367928406/services/selenium-chrome-6",
                "terraform_labels": {
                  "goog-terraform-provisioned": "true"
                },
                "uid": "7b321d20-c315-4ca8-b6ec-ba1dfee61cc2"
              }
            ],
            "name": "selenium-chrome-6",
            "project": "webcrawler-450417",
            "status": [
              {
                "conditions": [
                  {
                    "message": "",
                    "reason": "",
                    "status": "True",
                    "type": "Ready"
                  },
                  {
                    "message": "",
                    "reason": "",
                    "status": "True",
                    "type": "ConfigurationsReady"
                  },
                  {
                    "message": "",
                    "reason": "",
                    "status": "True",
                    "type": "RoutesReady"
                  }
                ],
                "latest_created_revision_name": "selenium-chrome-6-00001-ddn",
                "latest_ready_revision_name": "selenium-chrome-6-00001-ddn",
                "observed_generation": 1,
                "traffic": [
                  {
                    "latest_revision": true,
                    "percent": 100,
                    "revision_name": "selenium-chrome-6-00001-ddn",
                    "tag": "",
                    "url": ""
                  }
                ],
                "url": "https://selenium-chrome-6-5wvl2oswbq-uc.a.run.app"
              }
            ],
            "template": [
              {
                "metadata": [
                  {
                    "annotations": {
                      "autoscaling.knative.dev/maxScale": "20"
                    },
                    "generation": 0,
                    "labels": {
                      "run.googleapis.com/startupProbeType": "Default"
                    },
                    "name": "",
                    "namespace": "",
                    "resource_version": "",
                    "self_link": "",
                    "uid": ""
                  }
                ],
                "spec": [
                  {
                    "container_concurrency": 80,
                    "containers": [
                      {
                        "args": [],
                        "command": [],
                        "env": [],
                        "env_from": [],
                        "image": "docker.io/selenium/standalone-chrome:3.141.59",
                        "liveness_probe": [],
                        "name": "",
                        "ports": [
                          {
                            "container_port": 4444,
                            "name": "http1",
                            "protocol": ""
                          }
                        ],
                        "resources": [
                          {
                            "limits": {
                              "cpu": "1",
                              "memory": "2Gi"
                            },
                            "requests": {}
                          }
                        ],
                        "startup_probe": [
                          {
                            "failure_threshold": 1,
                            "grpc": [],
                            "http_get": [],
                            "initial_delay_seconds": 0,
                            "period_seconds": 240,
                            "tcp_socket": [
                              {
                                "port": 4444
                              }
                            ],
                            "timeout_seconds": 240
                          }
                        ],
                        "volume_mounts": [],
                        "working_dir": ""
                      }
                    ],
                    "node_selector": {},
                    "service_account_name": "673367928406-compute@developer.gserviceaccount.com",
                    "serving_state": "",
                    "timeout_seconds": 300,
                    "volumes": []
                  }
                ]
              }
            ],
            "timeouts": null,
            "traffic": [
              {
                "latest_revision": true,
                "percent": 100,
                "revision_name": "",
                "tag": "",
                "url": ""
              }
            ]
          },
          "sensitive_attributes": [],
          "identity_schema_version": 0,
          "private": "eyJlMmJmYjczMC1lY2FhLTExZTYtOGY4OC0zNDM2M2JjN2M0YzAiOnsiY3JlYXRlIjoxMjAwMDAwMDAwMDAwLCJkZWxldGUiOjEyMDAwMDAwMDAwMDAsInVwZGF0ZSI6MTIwMDAwMDAwMDAwMH0sInNjaGVtYV92ZXJzaW9uIjoiMiJ9"
        }
      ]
    },
    {
      "module": "module.selenium_chrome_cloud_run[\"6\"]",
      "mode": "managed",
      "type": "google_cloud_run_service",
      "name": "selenium_standalone_chrome",
      "provider": "provider[\"registry.terraform.io/hashicorp/google\"]",
      "instances": [
        {
          "schema_version": 2,
          "attributes": {
            "autogenerate_revision_name": false,
            "id": "locations/us-central1/namespaces/webcrawler-450417/services/selenium-chrome-7",
            "location": "us-central1",
            "metadata": [
              {
                "annotations": {
                  "run.googleapis.com/client-name": "terraform"
                },
                "effective_annotations": {
                  "run.googleapis.com/client-name": "terraform",
                  "run.googleapis.com/ingress": "all",
                  "run.googleapis.com/ingress-status": "all",
                  "run.googleapis.com/operation-id": "26c2f055-257b-4f9f-9423-b30fcd42b794",
                  "run.googleapis.com/urls": "[\"https://selenium-chrome-7-673367928406.us-central1.run.app\",\"https://selenium-chrome-7-5wvl2oswbq-uc.a.run.app\"]",
                  "serving.knative.dev/creator": "webcrawleraccountmanager@webcrawler-450417.iam.gserviceaccount.com",
                  "serving.knative.dev/lastModifier": "webcrawleraccountmanager@webcrawler-450417.iam.gserviceaccount.com"
                },
                "effective_labels": {
                  "cloud.googleapis.com/location": "us-central1",
                  "goog-terraform-provisioned": "true"
                },
                "generation": 1,
                "labels": {},
                "namespace": "webcrawler-450417",
                "resource_version": "AAY6NkV4vn8",
                "self_link": "/apis/serving.knative.dev/v1/namespaces/673367928406/services/selenium-chrome-7",
                "terraform_labels": {
                  "goog-terraform-provisioned": "true"
                },
                "uid": "7da78595-4b77-469b-9bb4-42b7505c9e0a"
              }
            ],
            "name": "selenium-chrome-7",
            "project": "webcrawler-450417",
            "status": [
              {
                "conditions": [
                  {
                    "message": "",
                    "reason": "",
                    "status": "True",
                    "type": "Ready"
                  },
                  {
                    "message": "",
                    "reason": "",
                    "status": "True",
                    "type": "ConfigurationsReady"
                  },
                  {
                    "message": "",
                    "reason": "",
                    "status": "True",
                    "type": "RoutesReady"
                  }
                ],
                "latest_created_revision_name": "selenium-chrome-7-00001-9pj",
                "latest_ready_revision_name": "selenium-chrome-7-00001-9pj",
                "observed_generation": 1,
                "traffic": [
                  {
                    "latest_revision": true,
                    "percent": 100,
                    "revision_name": "selenium-chrome-7-00001-9pj",
                    "tag": "",
                    "url": ""
                  }
                ],
                "url": "https://selenium-chrome-7-5wvl2oswbq-uc.a.run.app"
              }
            ],
            "template": [
              {
                "metadata": [
                  {
                    "annotations": {
                      "autoscaling.knative.dev/maxScale": "20"
                    },
                    "generation": 0,
                    "labels": {
                      "run.googleapis.com/startupProbeType": "Default"
                    },
                    "name": "",
                    "namespace": "",
                    "resource_version": "",
                    "self_link": "",
                    "uid": ""
                  }
                ],
                "spec": [
                  {
                    "container_concurrency": 80,
                    "containers": [
                      {
                        "args": [],
                        "command": [],
                        "env": [],
                        "env_from": [],
                        "image": "docker.io/selenium/standalone-chrome:3.141.59",
                        "liveness_probe": [],
                        "name": "",
                        "ports": [
                          {
                            "container_port": 4444,
                            "name": "http1",
                            "protocol": ""
                          }
                        ],
                        "resources": [
                          {
                            "limits": {
                              "cpu": "1",
                              "memory": "2Gi"
                            },
                            "requests": {}
                          }
                        ],
                        "startup_probe": [
                          {
                            "failure_threshold": 1,
                            "grpc": [],
                            "http_get": [],
                            "initial_delay_seconds": 0,
                            "period_seconds": 240,
                            "tcp_socket": [
                              {
                                "port": 4444
                              }
                            ],
                            "timeout_seconds": 240
                          }
                        ],
                        "volume_mounts": [],
                        "working_dir": ""
                      }
                    ],
                    "node_selector": {},
                    "service_account_name": "673367928406-compute@developer.gserviceaccount.com",
                    "serving_state": "",
                    "timeout_seconds": 300,
                    "volumes": []
                  }
                ]
              }
            ],
            "timeouts": null,
            "traffic": [
              {
                "latest_revision": true,
                "percent": 100,
                "revision_name": "",
                "tag": "",
                "url": ""
              }
            ]
          },
          "sensitive_attributes": [],
          "identity_schema_version": 0,
          "private": "eyJlMmJmYjczMC1lY2FhLTExZTYtOGY4OC0zNDM2M2JjN2M0YzAiOnsiY3JlYXRlIjoxMjAwMDAwMDAwMDAwLCJkZWxldGUiOjEyMDAwMDAwMDAwMDAsInVwZGF0ZSI6MTIwMDAwMDAwMDAwMH0sInNjaGVtYV92ZXJzaW9uIjoiMiJ9"
        }
      ]
    },
    {
      "module": "module.selenium_chrome_cloud_run[\"7\"]",
      "mode": "managed",
      "type": "google_cloud_run_service",
      "name": "selenium_standalone_chrome",
      "provider": "provider[\"registry.terraform.io/hashicorp/google\"]",
      "instances": [
        {
          "schema_version": 2,
          "attributes": {
            "autogenerate_revision_name": false,
            "id": "locations/us-central1/namespaces/webcrawler-450417/services/selenium-chrome-8",
            "location": "us-central1",
            "metadata": [
              {
                "annotations": {
                  "run.googleapis.com/client-name": "terraform"
                },
                "effective_annotations": {
                  "run.googleapis.com/client-name": "terraform",
                  "run.googleapis.com/ingress": "all",
                  "run.googleapis.com/ingress-status": "all",
                  "run.googleapis.com/operation-id": "dce9458b-baa1-45ee-9804-6c938c831820",
                  "run.googleapis.com/urls": "[\"https://selenium-chrome-8-673367928406.us-central1.run.app\",\"https://selenium-chrome-8-5wvl2oswbq-uc.a.run.app\"]",
                  "serving.knative.dev/creator": "webcrawleraccountmanager@webcrawler-450417.iam.gserviceaccount.com",
                  "serving.knative.dev/lastModifier": "webcrawleraccountmanager@webcrawler-450417.iam.gserviceaccount.com"
                },
                "effective_labels": {
                  "cloud.googleapis.com/location": "us-central1",
                  "goog-terraform-provisioned": "true"
                },
                "generation": 1,
                "labels": {},
                "namespace": "webcrawler-450417",
                "resource_version": "AAY6NkV42AQ",
                "self_link": "/apis/serving.knative.dev/v1/namespaces/673367928406/services/selenium-chrome-8",
                "terraform_labels": {
                  "goog-terraform-provisioned": "true"
                },
                "uid": "5002e885-72df-41d2-ad1e-2485a54c4291"
              }
            ],
            "name": "selenium-chrome-8",
            "project": "webcrawler-450417",
            "status": [
              {
                "conditions": [
                  {
                    "message": "",
                    "reason": "",
                    "status": "True",
                    "type": "Ready"
                  },
                  {
                    "message": "",
                    "reason": "",
                    "status": "True",
                    "type": "ConfigurationsReady"
                  },
                  {
                    "message": "",
                    "reason": "",
                    "status": "True",
                    "type": "RoutesReady"
                  }
                ],
                "latest_created_revision_name": "selenium-chrome-8-00001-xht",
                "latest_ready_revision_name": "selenium-chrome-8-00001-xht",
                "observed_generation": 1,
                "traffic": [
                  {
                    "latest_revision": true,
                    "percent": 100,
                    "revision_name": "selenium-chrome-8-00001-xht",
                    "tag": "",
                    "url": ""
                  }
                ],
                "url": "https://selenium-chrome-8-5wvl2oswbq-uc.a.run.app"
              }
            ],
            "template": [
              {
                "metadata": [
                  {
                    "annotations": {
                      "autoscaling.knative.dev/maxScale": "20"
                    },
                    "generation": 0,
                    "labels": {
                      "run.googleapis.com/startupProbeType": "Default"
                    },
                    "name": "",
                    "namespace": "",
                    "resource_version": "",
                    "self_link": "",
                    "uid": ""
                  }
                ],
                "spec": [
                  {
                    "container_concurrency": 80,
                    "containers": [
                      {
                        "args": [],
                        "command": [],
                        "env": [],
                        "env_from": [],
                        "image": "docker.io/selenium/standalone-chrome:3.141.59",
                        "liveness_probe": [],
                        "name": "",
                        "ports": [
                          {
                            "container_port": 4444,
                            "name": "http1",
                            "protocol": ""
                          }
                        ],
                        "resources": [
                          {
                            "limits": {
                              "cpu": "1",
                              "memory": "2Gi"
                            },
                            "requests": {}
                          }
                        ],
                        "startup_probe": [
                          {
                            "failure_threshold": 1,
                            "grpc": [],
                            "http_get": [],
                            "initial_delay_seconds": 0,
                            "period_seconds": 240,
                            "tcp_socket": [
                              {
                                "port": 4444
                              }
                            ],
                            "timeout_seconds": 240
                          }
                        ],
                        "volume_mounts": [],
                        "working_dir": ""
                      }
                    ],
                    "node_selector": {},
                    "service_account_name": "673367928406-compute@developer.gserviceaccount.com",
                    "serving_state": "",
                    "timeout_seconds": 300,
                    "volumes": []
                  }
                ]
              }
            ],
            "timeouts": null,
            "traffic": [
              {
                "latest_revision": true,
                "percent": 100,
                "revision_name": "",
                "tag": "",
                "url": ""
              }
            ]
          },
          "sensitive_attributes": [],
          "identity_schema_version": 0,
          "private": "eyJlMmJmYjczMC1lY2FhLTExZTYtOGY4OC0zNDM2M2JjN2M0YzAiOnsiY3JlYXRlIjoxMjAwMDAwMDAwMDAwLCJkZWxldGUiOjEyMDAwMDAwMDAwMDAsInVwZGF0ZSI6MTIwMDAwMDAwMDAwMH0sInNjaGVtYV92ZXJzaW9uIjoiMiJ9"
        }
      ]
    },
    {
      "module": "module.selenium_chrome_cloud_run[\"8\"]",
      "mode": "managed",
      "type": "google_cloud_run_service",
      "name": "selenium_standalone_chrome",
      "provider": "provider[\"registry.terraform.io/hashicorp/google\"]",
      "instances": [
        {
          "schema_version": 2,
          "attributes": {
            "autogenerate_revision_name": false,
            "id": "locations/us-central1/namespaces/webcrawler-450417/services/selenium-chrome-9",
            "location": "us-central1",
            "metadata": [
              {
                "annotations": {
                  "run.googleapis.com/client-name": "terraform"
                },
                "effective_annotations": {
                  "run.googleapis.com/client-name": "terraform",
                  "run.googleapis.com/ingress": "all",
                  "run.googleapis.com/ingress-status": "all",
                  "run.googleapis.com/operation-id": "11a16f9e-ee85-46be-be46-2d7e5aabfb6a",
                  "run.googleapis.com/urls": "[\"https://selenium-chrome-9-673367928406.us-central1.run.app\",\"https://selenium-chrome-9-5wvl2oswbq-uc.a.run.app\"]",
                  "serving.knative.dev/creator": "webcrawleraccountmanager@webcrawler-450417.iam.gserviceaccount.com",
                  "serving.knative.dev/lastModifier": "webcrawleraccountmanager@webcrawler-450417.iam.gserviceaccount.com"
                },
                "effective_labels": {
                  "cloud.googleapis.com/location": "us-central1",
                  "goog-terraform-provisioned": "true"
                },
                "generation": 1,
                "labels": {},
                "namespace": "webcrawler-450417",
                "resource_version": "AAY6NkZGv+k",
                "self_link": "/apis/serving.knative.dev/v1/namespaces/673367928406/services/selenium-chrome-9",
                "terraform_labels": {
                  "goog-terraform-provisioned": "true"
                },
                "uid": "520862a6-2665-42d5-87fb-4a9b04890b10"
              }
            ],
            "name": "selenium-chrome-9",
            "project": "webcrawler-450417",
            "status": [
              {
                "conditions": [
                  {
                    "message": "",
                    "reason": "",
                    "status": "True",
                    "type": "Ready"
                  },
                  {
                    "message": "",
                    "reason": "",
                    "status": "True",
                    "type": "ConfigurationsReady"
                  },
                  {
                    "message": "",
                    "reason": "",
                    "status": "True",
                    "type": "RoutesReady"
                  }
                ],
                "latest_created_revision_name": "selenium-chrome-9-00001-nbl",
                "latest_ready_revision_name": "selenium-chrome-9-00001-nbl",
                "observed_generation": 1,
                "traffic": [
                  {
                    "latest_revision": true,
                    "percent": 100,
                    "revision_name": "selenium-chrome-9-00001-nbl",
                    "tag": "",
                    "url": ""
                  }
                ],
                "url": "https://selenium-chrome-9-5wvl2oswbq-uc.a.run.app"
              }
            ],
            "template": [
              {
                "metadata": [
                  {
                    "annotations": {
                      "autoscaling.knative.dev/maxScale": "20"
                    },
                    "generation": 0,
                    "labels": {
                      "run.googleapis.com/startupProbeType": "Default"
                    },
                    "name": "",
                    "namespace": "",
                    "resource_version": "",
                    "self_link": "",
                    "uid": ""
                  }
                ],
                "spec": [
                  {
                    "container_concurrency": 80,
                    "containers": [
                      {
                        "args": [],
                        "command": [],
                        "env": [],
                        "env_from": [],
                        "image": "docker.io/selenium/standalone-chrome:3.141.59",
                        "liveness_probe": [],
                        "name": "",
                        "ports": [
                          {
                            "container_port": 4444,
                            "name": "http1",
                            "protocol": ""
                          }
                        ],
                        "resources": [
                          {
                            "limits": {
                              "cpu": "1",
                              "memory": "2Gi"
                            },
                            "requests": {}
                          }
                        ],
                        "startup_probe": [
                          {
                            "failure_threshold": 1,
                            "grpc": [],
                            "http_get": [],
                            "initial_delay_seconds": 0,
                            "period_seconds": 240,
                            "tcp_socket": [
                              {
                                "port": 4444
                              }
                            ],
                            "timeout_seconds": 240
                          }
                        ],
                        "volume_mounts": [],
                        "working_dir": ""
                      }
                    ],
                    "node_selector": {},
                    "service_account_name": "673367928406-compute@developer.gserviceaccount.com",
                    "serving_state": "",
                    "timeout_seconds": 300,
                    "volumes": []
                  }
                ]
              }
            ],
            "timeouts": null,
            "traffic": [
              {
                "latest_revision": true,
                "percent": 100,
                "revision_name": "",
                "tag": "",
                "url": ""
              }
            ]
          },
          "sensitive_attributes": [],
          "identity_schema_version": 0,
          "private": "eyJlMmJmYjczMC1lY2FhLTExZTYtOGY4OC0zNDM2M2JjN2M0YzAiOnsiY3JlYXRlIjoxMjAwMDAwMDAwMDAwLCJkZWxldGUiOjEyMDAwMDAwMDAwMDAsInVwZGF0ZSI6MTIwMDAwMDAwMDAwMH0sInNjaGVtYV92ZXJzaW9uIjoiMiJ9"
        }
      ]
    },
    {
      "module": "module.selenium_chrome_cloud_run[\"9\"]",
      "mode": "managed",
      "type": "google_cloud_run_service",
      "name": "selenium_standalone_chrome",
      "provider": "provider[\"registry.terraform.io/hashicorp/google\"]",
      "instances": [
        {
          "schema_version": 2,
          "attributes": {
            "autogenerate_revision_name": false,
            "id": "locations/us-central1/namespaces/webcrawler-450417/services/selenium-chrome-10",
            "location": "us-central1",
            "metadata": [
              {
                "annotations": {
                  "run.googleapis.com/client-name": "terraform"
                },
                "effective_annotations": {
                  "run.googleapis.com/client-name": "terraform",
                  "run.googleapis.com/ingress": "all",
                  "run.googleapis.com/ingress-status": "all",
                  "run.googleapis.com/operation-id": "9fbc6115-cf5e-49ad-9810-caed5e3c2198",
                  "run.googleapis.com/urls": "[\"https://selenium-chrome-10-673367928406.us-central1.run.app\",\"https://selenium-chrome-10-5wvl2oswbq-uc.a.run.app\"]",
                  "serving.knative.dev/creator": "webcrawleraccountmanager@webcrawler-450417.iam.gserviceaccount.com",
                  "serving.knative.dev/lastModifier": "webcrawleraccountmanager@webcrawler-450417.iam.gserviceaccount.com"
                },
                "effective_labels": {
                  "cloud.googleapis.com/location": "us-central1",
                  "goog-terraform-provisioned": "true"
                },
                "generation": 1,
                "labels": {},
                "namespace": "webcrawler-450417",
                "resource_version": "AAY6NkXE+RI",
                "self_link": "/apis/serving.knative.dev/v1/namespaces/673367928406/services/selenium-chrome-10",
                "terraform_labels": {
                  "goog-terraform-provisioned": "true"
                },
                "uid": "62b63881-b410-4b09-af07-e0d1111a35cf"
              }
            ],
            "name": "selenium-chrome-10",
            "project": "webcrawler-450417",
            "status": [
              {
                "conditions": [
                  {
                    "message": "",
                    "reason": "",
                    "status": "True",
                    "type": "Ready"
                  },
                  {
                    "message": "",
                    "reason": "",
                    "status": "True",
                    "type": "ConfigurationsReady"
                  },
                  {
                    "message": "",
                    "reason": "",
                    "status": "True",
                    "type": "RoutesReady"
                  }
                ],
                "latest_created_revision_name": "selenium-chrome-10-00001-wr2",
                "latest_ready_revision_name": "selenium-chrome-10-00001-wr2",
                "observed_generation": 1,
                "traffic": [
                  {
                    "latest_revision": true,
                    "percent": 100,
                    "revision_name": "selenium-chrome-10-00001-wr2",
                    "tag": "",
                    "url": ""
                  }
                ],
                "url": "https://selenium-chrome-10-5wvl2oswbq-uc.a.run.app"
              }
            ],
            "template": [
              {
                "metadata": [
                  {
                    "annotations": {
                      "autoscaling.knative.dev/maxScale": "20"
                    },
                    "generation": 0,
                    "labels": {
                      "run.googleapis.com/startupProbeType": "Default"
                    },
                    "name": "",
                    "namespace": "",
                    "resource_version": "",
                    "self_link": "",
                    "uid": ""
                  }
                ],
                "spec": [
                  {
                    "container_concurrency": 80,
                    "containers": [
                      {
                        "args": [],
                        "command": [],
                        "env": [],
                        "env_from": [],
                        "image": "docker.io/selenium/standalone-chrome:3.141.59",
                        "liveness_probe": [],
                        "name": "",
                        "ports": [
                          {
                            "container_port": 4444,
                            "name": "http1",
                            "protocol": ""
                          }
                        ],
                        "resources": [
                          {
                            "limits": {
                              "cpu": "1",
                              "memory": "2Gi"
                            },
                            "requests": {}
                          }
                        ],
                        "startup_probe": [
                          {
                            "failure_threshold": 1,
                            "grpc": [],
                            "http_get": [],
                            "initial_delay_seconds": 0,
                            "period_seconds": 240,
                            "tcp_socket": [
                              {
                                "port": 4444
                              }
                            ],
                            "timeout_seconds": 240
                          }
                        ],
                        "volume_mounts": [],
                        "working_dir": ""
                      }
                    ],
                    "node_selector": {},
                    "service_account_name": "673367928406-compute@developer.gserviceaccount.com",
                    "serving_state": "",
                    "timeout_seconds": 300,
                    "volumes": []
                  }
                ]
              }
            ],
            "timeouts": null,
            "traffic": [
              {
                "latest_revision": true,
                "percent": 100,
                "revision_name": "",
                "tag": "",
                "url": ""
              }
            ]
          },
          "sensitive_attributes": [],
          "identity_schema_version": 0,
          "private": "eyJlMmJmYjczMC1lY2FhLTExZTYtOGY4OC0zNDM2M2JjN2M0YzAiOnsiY3JlYXRlIjoxMjAwMDAwMDAwMDAwLCJkZWxldGUiOjEyMDAwMDAwMDAwMDAsInVwZGF0ZSI6MTIwMDAwMDAwMDAwMH0sInNjaGVtYV92ZXJzaW9uIjoiMiJ9"
        }
      ]
    },
    {
      "module": "module.visual_design_audit_cloud_run",
      "mode": "managed",
      "type": "google_cloud_run_service",
      "name": "service",
      "provider": "provider[\"registry.terraform.io/hashicorp/google\"]",
      "instances": [
        {
          "schema_version": 2,
          "attributes": {
            "autogenerate_revision_name": false,
            "id": "locations/us-central1/namespaces/webcrawler-450417/services/visual-design-audit",
            "location": "us-central1",
            "metadata": [
              {
                "annotations": {
                  "run.googleapis.com/ingress": "internal"
                },
                "effective_annotations": {
                  "run.googleapis.com/ingress": "internal",
                  "run.googleapis.com/ingress-status": "internal",
                  "run.googleapis.com/operation-id": "cd889c04-a9f1-43d9-b72c-c029d422b389",
                  "run.googleapis.com/urls": "[\"https://visual-design-audit-673367928406.us-central1.run.app\",\"https://visual-design-audit-5wvl2oswbq-uc.a.run.app\"]",
                  "serving.knative.dev/creator": "webcrawleraccountmanager@webcrawler-450417.iam.gserviceaccount.com",
                  "serving.knative.dev/lastModifier": "webcrawleraccountmanager@webcrawler-450417.iam.gserviceaccount.com"
                },
                "effective_labels": {
                  "cloud.googleapis.com/location": "us-central1",
                  "goog-terraform-provisioned": "true"
                },
                "generation": 1,
                "labels": null,
                "namespace": "webcrawler-450417",
                "resource_version": "AAY6QArnVmQ",
                "self_link": "/apis/serving.knative.dev/v1/namespaces/673367928406/services/visual-design-audit",
                "terraform_labels": {
                  "goog-terraform-provisioned": "true"
                },
                "uid": "58109e23-2996-4323-872e-e3d231f6dbd1"
              }
            ],
            "name": "visual-design-audit",
            "project": "webcrawler-450417",
            "status": [
              {
                "conditions": [
                  {
                    "message": "",
                    "reason": "",
                    "status": "True",
                    "type": "Ready"
                  },
                  {
                    "message": "",
                    "reason": "",
                    "status": "True",
                    "type": "ConfigurationsReady"
                  },
                  {
                    "message": "",
                    "reason": "",
                    "status": "True",
                    "type": "RoutesReady"
                  }
                ],
                "latest_created_revision_name": "visual-design-audit-00001-tjr",
                "latest_ready_revision_name": "visual-design-audit-00001-tjr",
                "observed_generation": 1,
                "traffic": [
                  {
                    "latest_revision": true,
                    "percent": 100,
                    "revision_name": "visual-design-audit-00001-tjr",
                    "tag": "",
                    "url": ""
                  }
                ],
                "url": "https://visual-design-audit-5wvl2oswbq-uc.a.run.app"
              }
            ],
            "template": [
              {
                "metadata": [
                  {
                    "annotations": {
                      "autoscaling.knative.dev/maxScale": "10",
                      "run.googleapis.com/client-name": "terraform",
                      "run.googleapis.com/vpc-access-connector": "cloud-run-connector",
                      "run.googleapis.com/vpc-access-egress": "all-traffic"
                    },
                    "generation": 0,
                    "labels": {
                      "run.googleapis.com/startupProbeType": "Default"
                    },
                    "name": "",
                    "namespace": "",
                    "resource_version": "",
                    "self_link": "",
                    "uid": ""
                  }
                ],
                "spec": [
                  {
                    "container_concurrency": 160,
                    "containers": [
                      {
                        "args": null,
                        "command": null,
                        "env": [
                          {
                            "name": "gcp.storage.bucket.name",
                            "value": "looksee-data-dev",
                            "value_from": []
                          },
                          {
                            "name": "pubsub.audit_update",
                            "value": "projects/webcrawler-450417/topics/audit_update",
                            "value_from": []
                          },
                          {
                            "name": "pubsub.error_topic",
                            "value": "projects/webcrawler-450417/topics/audit_error",
                            "value_from": []
                          },
                          {
                            "name": "spring.cloud.gcp.project-id",
                            "value": "webcrawler-450417",
                            "value_from": []
                          },
                          {
                            "name": "spring.cloud.gcp.region",
                            "value": "us-central1",
                            "value_from": []
                          },
                          {
                            "name": "spring.data.neo4j.database",
                            "value": "",
                            "value_from": [
                              {
                                "secret_key_ref": [
                                  {
                                    "key": "latest",
                                    "name": "neo4j-db-name"
                                  }
                                ]
                              }
                            ]
                          },
                          {
                            "name": "spring.data.neo4j.password",
                            "value": "",
                            "value_from": [
                              {
                                "secret_key_ref": [
                                  {
                                    "key": "latest",
                                    "name": "neo4j-password"
                                  }
                                ]
                              }
                            ]
                          },
                          {
                            "name": "spring.data.neo4j.uri",
                            "value": "",
                            "value_from": [
                              {
                                "secret_key_ref": [
                                  {
                                    "key": "latest",
                                    "name": "neo4j-bolt-uri"
                                  }
                                ]
                              }
                            ]
                          },
                          {
                            "name": "spring.data.neo4j.username",
                            "value": "",
                            "value_from": [
                              {
                                "secret_key_ref": [
                                  {
                                    "key": "latest",
                                    "name": "neo4j-username"
                                  }
                                ]
                              }
                            ]
                          }
                        ],
                        "env_from": [],
                        "image": "docker.io/deepthought42/visual-design-audit:latest",
                        "liveness_probe": [],
                        "name": "",
                        "ports": [
                          {
                            "container_port": 8080,
                            "name": "http1",
                            "protocol": ""
                          }
                        ],
                        "resources": [
                          {
                            "limits": {
                              "cpu": "2",
                              "memory": "4Gi"
                            },
                            "requests": {
                              "cpu": "1",
                              "memory": "500M"
                            }
                          }
                        ],
                        "startup_probe": [
                          {
                            "failure_threshold": 1,
                            "grpc": [],
                            "http_get": [],
                            "initial_delay_seconds": 0,
                            "period_seconds": 240,
                            "tcp_socket": [
                              {
                                "port": 8080
                              }
                            ],
                            "timeout_seconds": 240
                          }
                        ],
                        "volume_mounts": [],
                        "working_dir": ""
                      }
                    ],
                    "node_selector": null,
                    "service_account_name": "cloud-run-sa@webcrawler-450417.iam.gserviceaccount.com",
                    "serving_state": "",
                    "timeout_seconds": 120,
                    "volumes": []
                  }
                ]
              }
            ],
            "timeouts": null,
            "traffic": [
              {
                "latest_revision": true,
                "percent": 100,
                "revision_name": "",
                "tag": "",
                "url": ""
              }
            ]
          },
          "sensitive_attributes": [],
          "identity_schema_version": 0,
          "private": "eyJlMmJmYjczMC1lY2FhLTExZTYtOGY4OC0zNDM2M2JjN2M0YzAiOnsiY3JlYXRlIjoxMjAwMDAwMDAwMDAwLCJkZWxldGUiOjEyMDAwMDAwMDAwMDAsInVwZGF0ZSI6MTIwMDAwMDAwMDAwMH0sInNjaGVtYV92ZXJzaW9uIjoiMiJ9",
          "dependencies": [
            "google_service_account.cloud_run_sa",
            "google_storage_bucket.looksee_data",
            "module.neo4j_db.google_compute_firewall.neo4j-internal",
            "module.neo4j_db.google_compute_instance.neo4j",
            "module.neo4j_db.google_iap_tunnel_instance_iam_member.ssh",
            "module.neo4j_db.google_project_iam_member.neo4j_iap_tunnel_user",
            "module.neo4j_db.google_project_iam_member.neo4j_logging",
            "module.neo4j_db.google_project_iam_member.neo4j_monitoring",
            "module.neo4j_db.google_project_iam_member.neo4j_storage_viewer",
            "module.neo4j_db.google_secret_manager_secret.neo4j_bolt_uri",
            "module.neo4j_db.google_secret_manager_secret_iam_member.neo4j_bolt_uri_secret_accessor",
            "module.neo4j_db.google_secret_manager_secret_version.neo4j_bolt_uri_version",
            "module.neo4j_db.google_service_account.neo4j_instance_sa",
            "module.pubsub_topics.google_pubsub_topic.audit_error_topic",
            "module.pubsub_topics.google_pubsub_topic.audit_update_topic",
            "module.secrets.google_secret_manager_secret.neo4j_db_name",
            "module.secrets.google_secret_manager_secret.neo4j_password",
            "module.secrets.google_secret_manager_secret.neo4j_username",
            "module.selenium_chrome_cloud_run.google_cloud_run_service.selenium_standalone_chrome",
            "module.vpc.google_compute_network.vpc",
            "module.vpc.google_compute_subnetwork.custom_subnet",
            "module.vpc.google_vpc_access_connector.connector"
          ]
        }
      ]
    },
    {
      "module": "module.visual_design_audit_cloud_run",
      "mode": "managed",
      "type": "google_cloud_run_service_iam_member",
      "name": "pubsub_invoker",
      "provider": "provider[\"registry.terraform.io/hashicorp/google\"]",
      "instances": [
        {
          "schema_version": 0,
          "attributes": {
            "condition": [],
            "etag": "BwY6QAuCdZo=",
            "id": "v1/projects/webcrawler-450417/locations/us-central1/services/visual-design-audit/roles/run.invoker/serviceAccount:cloud-run-sa@webcrawler-450417.iam.gserviceaccount.com",
            "location": "us-central1",
            "member": "serviceAccount:cloud-run-sa@webcrawler-450417.iam.gserviceaccount.com",
            "project": "webcrawler-450417",
            "role": "roles/run.invoker",
            "service": "v1/projects/webcrawler-450417/locations/us-central1/services/visual-design-audit"
          },
          "sensitive_attributes": [],
          "identity_schema_version": 0,
          "private": "bnVsbA==",
          "dependencies": [
            "google_service_account.cloud_run_sa",
            "google_storage_bucket.looksee_data",
            "module.neo4j_db.google_compute_firewall.neo4j-internal",
            "module.neo4j_db.google_compute_instance.neo4j",
            "module.neo4j_db.google_iap_tunnel_instance_iam_member.ssh",
            "module.neo4j_db.google_project_iam_member.neo4j_iap_tunnel_user",
            "module.neo4j_db.google_project_iam_member.neo4j_logging",
            "module.neo4j_db.google_project_iam_member.neo4j_monitoring",
            "module.neo4j_db.google_project_iam_member.neo4j_storage_viewer",
            "module.neo4j_db.google_secret_manager_secret.neo4j_bolt_uri",
            "module.neo4j_db.google_secret_manager_secret_iam_member.neo4j_bolt_uri_secret_accessor",
            "module.neo4j_db.google_secret_manager_secret_version.neo4j_bolt_uri_version",
            "module.neo4j_db.google_service_account.neo4j_instance_sa",
            "module.pubsub_topics.google_pubsub_topic.audit_error_topic",
            "module.pubsub_topics.google_pubsub_topic.audit_update_topic",
            "module.secrets.google_secret_manager_secret.neo4j_db_name",
            "module.secrets.google_secret_manager_secret.neo4j_password",
            "module.secrets.google_secret_manager_secret.neo4j_username",
            "module.selenium_chrome_cloud_run.google_cloud_run_service.selenium_standalone_chrome",
            "module.visual_design_audit_cloud_run.google_cloud_run_service.service",
            "module.vpc.google_compute_network.vpc",
            "module.vpc.google_compute_subnetwork.custom_subnet",
            "module.vpc.google_vpc_access_connector.connector"
          ]
        }
      ]
    },
    {
      "module": "module.visual_design_audit_cloud_run.module.pubsub_subscription",
      "mode": "managed",
      "type": "google_pubsub_subscription",
      "name": "subscription",
      "provider": "provider[\"registry.terraform.io/hashicorp/google\"]",
      "instances": [
        {
          "schema_version": 0,
          "attributes": {
            "ack_deadline_seconds": 10,
            "bigquery_config": [],
            "cloud_storage_config": [],
            "dead_letter_policy": [],
            "effective_labels": {
              "goog-terraform-provisioned": "true"
            },
            "enable_exactly_once_delivery": false,
            "enable_message_ordering": false,
            "expiration_policy": [
              {
                "ttl": "2678400s"
              }
            ],
            "filter": "",
            "id": "projects/webcrawler-450417/subscriptions/visual-design-audit-subscription",
            "labels": null,
            "message_retention_duration": "604800s",
            "message_transforms": [],
            "name": "visual-design-audit-subscription",
            "project": "webcrawler-450417",
            "push_config": [
              {
                "attributes": null,
                "no_wrapper": [],
                "oidc_token": [
                  {
                    "audience": "",
                    "service_account_email": "pubsub-sa@webcrawler-450417.iam.gserviceaccount.com"
                  }
                ],
                "push_endpoint": "https://visual-design-audit-5wvl2oswbq-uc.a.run.app"
              }
            ],
            "retain_acked_messages": false,
            "retry_policy": [
              {
                "maximum_backoff": "600s",
                "minimum_backoff": "10s"
              }
            ],
            "terraform_labels": {
              "goog-terraform-provisioned": "true"
            },
            "timeouts": null,
            "topic": "projects/webcrawler-450417/topics/page_audit"
          },
          "sensitive_attributes": [],
          "identity_schema_version": 0,
          "private": "eyJlMmJmYjczMC1lY2FhLTExZTYtOGY4OC0zNDM2M2JjN2M0YzAiOnsiY3JlYXRlIjoxMjAwMDAwMDAwMDAwLCJkZWxldGUiOjEyMDAwMDAwMDAwMDAsInVwZGF0ZSI6MTIwMDAwMDAwMDAwMH19",
          "dependencies": [
            "google_service_account.cloud_run_sa",
            "google_service_account.pubsub_sa",
            "google_storage_bucket.looksee_data",
            "module.neo4j_db.google_compute_firewall.neo4j-internal",
            "module.neo4j_db.google_compute_instance.neo4j",
            "module.neo4j_db.google_iap_tunnel_instance_iam_member.ssh",
            "module.neo4j_db.google_project_iam_member.neo4j_iap_tunnel_user",
            "module.neo4j_db.google_project_iam_member.neo4j_logging",
            "module.neo4j_db.google_project_iam_member.neo4j_monitoring",
            "module.neo4j_db.google_project_iam_member.neo4j_storage_viewer",
            "module.neo4j_db.google_secret_manager_secret.neo4j_bolt_uri",
            "module.neo4j_db.google_secret_manager_secret_iam_member.neo4j_bolt_uri_secret_accessor",
            "module.neo4j_db.google_secret_manager_secret_version.neo4j_bolt_uri_version",
            "module.neo4j_db.google_service_account.neo4j_instance_sa",
            "module.pubsub_topics.google_pubsub_topic.audit_error_topic",
            "module.pubsub_topics.google_pubsub_topic.audit_update_topic",
            "module.pubsub_topics.google_pubsub_topic.page_audit_topic",
            "module.secrets.google_secret_manager_secret.neo4j_db_name",
            "module.secrets.google_secret_manager_secret.neo4j_password",
            "module.secrets.google_secret_manager_secret.neo4j_username",
            "module.selenium_chrome_cloud_run.google_cloud_run_service.selenium_standalone_chrome",
            "module.visual_design_audit_cloud_run.google_cloud_run_service.service",
            "module.vpc.google_compute_network.vpc",
            "module.vpc.google_compute_subnetwork.custom_subnet",
            "module.vpc.google_vpc_access_connector.connector"
          ]
        }
      ]
    },
    {
      "module": "module.vpc",
      "mode": "managed",
      "type": "google_compute_firewall",
      "name": "ssh_iap",
      "provider": "provider[\"registry.terraform.io/hashicorp/google\"]",
      "instances": [
        {
          "schema_version": 1,
          "attributes": {
            "allow": [
              {
                "ports": [
                  "22"
                ],
                "protocol": "tcp"
              }
            ],
            "creation_timestamp": "2025-07-18T09:04:20.111-07:00",
            "deny": [],
            "description": "",
            "destination_ranges": [],
            "direction": "INGRESS",
            "disabled": false,
            "enable_logging": null,
            "id": "projects/webcrawler-450417/global/firewalls/custom-vpc-allow-iap-ssh",
            "log_config": [],
            "name": "custom-vpc-allow-iap-ssh",
            "network": "https://www.googleapis.com/compute/v1/projects/webcrawler-450417/global/networks/custom-vpc",
            "priority": 1000,
            "project": "webcrawler-450417",
            "self_link": "https://www.googleapis.com/compute/v1/projects/webcrawler-450417/global/firewalls/custom-vpc-allow-iap-ssh",
            "source_ranges": [
              "35.235.240.0/20"
            ],
            "source_service_accounts": [],
            "source_tags": [],
            "target_service_accounts": [],
            "target_tags": [
              "iap-ssh"
            ],
            "timeouts": null
          },
          "sensitive_attributes": [],
          "identity_schema_version": 0,
          "private": "eyJlMmJmYjczMC1lY2FhLTExZTYtOGY4OC0zNDM2M2JjN2M0YzAiOnsiY3JlYXRlIjoxMjAwMDAwMDAwMDAwLCJkZWxldGUiOjEyMDAwMDAwMDAwMDAsInVwZGF0ZSI6MTIwMDAwMDAwMDAwMH0sInNjaGVtYV92ZXJzaW9uIjoiMSJ9",
          "dependencies": [
            "module.vpc.google_compute_network.vpc"
          ]
        }
      ]
    },
    {
      "module": "module.vpc",
      "mode": "managed",
      "type": "google_compute_network",
      "name": "vpc",
      "provider": "provider[\"registry.terraform.io/hashicorp/google\"]",
      "instances": [
        {
          "schema_version": 0,
          "attributes": {
            "auto_create_subnetworks": false,
            "bgp_always_compare_med": false,
            "bgp_best_path_selection_mode": "LEGACY",
            "bgp_inter_region_cost": "",
            "delete_default_routes_on_create": false,
            "description": "WebCrawler VPC network",
            "enable_ula_internal_ipv6": false,
            "gateway_ipv4": "",
            "id": "projects/webcrawler-450417/global/networks/custom-vpc",
            "internal_ipv6_range": "",
            "mtu": 0,
            "name": "custom-vpc",
            "network_firewall_policy_enforcement_order": "AFTER_CLASSIC_FIREWALL",
            "network_id": "7710952624359984823",
            "network_profile": "",
            "numeric_id": "7710952624359984823",
            "params": [],
            "project": "webcrawler-450417",
            "routing_mode": "REGIONAL",
            "self_link": "https://www.googleapis.com/compute/v1/projects/webcrawler-450417/global/networks/custom-vpc",
            "timeouts": null
          },
          "sensitive_attributes": [],
          "identity_schema_version": 0,
          "private": "eyJlMmJmYjczMC1lY2FhLTExZTYtOGY4OC0zNDM2M2JjN2M0YzAiOnsiY3JlYXRlIjoxMjAwMDAwMDAwMDAwLCJkZWxldGUiOjEyMDAwMDAwMDAwMDAsInVwZGF0ZSI6MTIwMDAwMDAwMDAwMH19"
        }
      ]
    },
    {
      "module": "module.vpc",
      "mode": "managed",
      "type": "google_compute_subnetwork",
      "name": "custom_subnet",
      "provider": "provider[\"registry.terraform.io/hashicorp/google\"]",
      "instances": [
        {
          "schema_version": 0,
          "attributes": {
            "creation_timestamp": "2025-07-18T09:04:20.221-07:00",
            "description": "",
            "enable_flow_logs": false,
            "external_ipv6_prefix": "",
            "fingerprint": null,
            "gateway_address": "10.0.0.1",
            "id": "projects/webcrawler-450417/regions/us-central1/subnetworks/private-subnet-1",
            "internal_ipv6_prefix": "",
            "ip_cidr_range": "10.0.0.0/24",
            "ip_collection": null,
            "ipv6_access_type": "",
            "ipv6_cidr_range": "",
            "ipv6_gce_endpoint": "",
            "log_config": [],
            "name": "private-subnet-1",
            "network": "https://www.googleapis.com/compute/v1/projects/webcrawler-450417/global/networks/custom-vpc",
            "private_ip_google_access": false,
            "private_ipv6_google_access": "DISABLE_GOOGLE_ACCESS",
            "project": "webcrawler-450417",
            "purpose": "PRIVATE",
            "region": "us-central1",
            "reserved_internal_range": "",
            "role": "",
            "secondary_ip_range": [],
            "self_link": "https://www.googleapis.com/compute/v1/projects/webcrawler-450417/regions/us-central1/subnetworks/private-subnet-1",
            "send_secondary_ip_range_if_empty": null,
            "stack_type": "IPV4_ONLY",
            "state": "",
            "subnetwork_id": 1169673370482495083,
            "timeouts": null
          },
          "sensitive_attributes": [],
          "identity_schema_version": 0,
          "private": "eyJlMmJmYjczMC1lY2FhLTExZTYtOGY4OC0zNDM2M2JjN2M0YzAiOnsiY3JlYXRlIjoxMjAwMDAwMDAwMDAwLCJkZWxldGUiOjEyMDAwMDAwMDAwMDAsInVwZGF0ZSI6MTIwMDAwMDAwMDAwMH19",
          "dependencies": [
            "module.vpc.google_compute_network.vpc"
          ]
        }
      ]
    },
    {
      "module": "module.vpc",
      "mode": "managed",
      "type": "google_project_iam_member",
      "name": "vpc_admin",
      "provider": "provider[\"registry.terraform.io/hashicorp/google\"]",
      "instances": [
        {
          "schema_version": 0,
          "attributes": {
            "condition": [],
            "etag": "BwY6P+LJbFE=",
            "id": "webcrawler-450417/roles/compute.networkAdmin/serviceAccount:vpc-service-account@webcrawler-450417.iam.gserviceaccount.com",
            "member": "serviceAccount:vpc-service-account@webcrawler-450417.iam.gserviceaccount.com",
            "project": "webcrawler-450417",
            "role": "roles/compute.networkAdmin"
          },
          "sensitive_attributes": [],
          "identity_schema_version": 0,
          "private": "bnVsbA==",
          "dependencies": [
            "module.vpc.google_service_account.vpc_service_account"
          ]
        }
      ]
    },
    {
      "module": "module.vpc",
      "mode": "managed",
      "type": "google_service_account",
      "name": "vpc_service_account",
      "provider": "provider[\"registry.terraform.io/hashicorp/google\"]",
      "instances": [
        {
          "schema_version": 0,
          "attributes": {
            "account_id": "vpc-service-account",
            "create_ignore_already_exists": null,
            "description": "Service account for VPC management",
            "disabled": false,
            "display_name": "VPC Service Account",
            "email": "vpc-service-account@webcrawler-450417.iam.gserviceaccount.com",
            "id": "projects/webcrawler-450417/serviceAccounts/vpc-service-account@webcrawler-450417.iam.gserviceaccount.com",
            "member": "serviceAccount:vpc-service-account@webcrawler-450417.iam.gserviceaccount.com",
            "name": "projects/webcrawler-450417/serviceAccounts/vpc-service-account@webcrawler-450417.iam.gserviceaccount.com",
            "project": "webcrawler-450417",
            "timeouts": null,
            "unique_id": "117639062843582823474"
          },
          "sensitive_attributes": [],
          "identity_schema_version": 0,
          "private": "eyJlMmJmYjczMC1lY2FhLTExZTYtOGY4OC0zNDM2M2JjN2M0YzAiOnsiY3JlYXRlIjozMDAwMDAwMDAwMDB9fQ=="
        }
      ]
    },
    {
      "module": "module.vpc",
      "mode": "managed",
      "type": "google_vpc_access_connector",
      "name": "connector",
      "provider": "provider[\"registry.terraform.io/hashicorp/google\"]",
      "instances": [
        {
          "schema_version": 0,
          "attributes": {
            "connected_projects": [
              "webcrawler-450417"
            ],
            "id": "projects/webcrawler-450417/locations/us-central1/connectors/cloud-run-connector",
            "ip_cidr_range": "10.8.0.0/28",
            "machine_type": "e2-micro",
            "max_instances": 3,
            "max_throughput": 300,
            "min_instances": 2,
            "min_throughput": 200,
            "name": "cloud-run-connector",
            "network": "custom-vpc",
            "project": "webcrawler-450417",
            "region": "us-central1",
            "self_link": "projects/webcrawler-450417/locations/us-central1/connectors/cloud-run-connector",
            "state": "READY",
            "subnet": [],
            "timeouts": null
          },
          "sensitive_attributes": [],
          "identity_schema_version": 0,
          "private": "eyJlMmJmYjczMC1lY2FhLTExZTYtOGY4OC0zNDM2M2JjN2M0YzAiOnsiY3JlYXRlIjoxMjAwMDAwMDAwMDAwLCJkZWxldGUiOjEyMDAwMDAwMDAwMDAsInVwZGF0ZSI6MTIwMDAwMDAwMDAwMH19",
          "dependencies": [
            "module.vpc.google_compute_network.vpc"
          ]
        }
      ]
    }
  ],
  "check_results": null
}
