{
  "version": 4,
  "terraform_version": "1.12.2",
  "serial": 11116,
  "lineage": "fe887520-abfe-fd6a-0af3-6ffd8cb82a83",
  "outputs": {},
  "resources": [
    {
      "mode": "managed",
      "type": "google_project_iam_member",
      "name": "cloud_run_pubsub_subscriber",
      "provider": "provider[\"registry.terraform.io/hashicorp/google\"]",
      "instances": [
        {
          "schema_version": 0,
          "attributes": {
            "condition": [],
            "etag": "BwY6kD3N43U=",
            "id": "webcrawler-450417/roles/pubsub.subscriber/serviceAccount:cloud-run-sa@webcrawler-450417.iam.gserviceaccount.com",
            "member": "serviceAccount:cloud-run-sa@webcrawler-450417.iam.gserviceaccount.com",
            "project": "webcrawler-450417",
            "role": "roles/pubsub.subscriber"
          },
          "sensitive_attributes": [],
          "identity_schema_version": 0,
          "private": "bnVsbA==",
          "dependencies": [
            "google_service_account.cloud_run_sa"
          ]
        }
      ]
    },
    {
      "mode": "managed",
      "type": "google_project_iam_member",
      "name": "pubsub_cloud_run_invoker",
      "provider": "provider[\"registry.terraform.io/hashicorp/google\"]",
      "instances": [
        {
          "schema_version": 0,
          "attributes": {
            "condition": [],
            "etag": "BwY6kD1sJRI=",
            "id": "webcrawler-450417/roles/run.invoker/serviceAccount:pubsub-sa@webcrawler-450417.iam.gserviceaccount.com",
            "member": "serviceAccount:pubsub-sa@webcrawler-450417.iam.gserviceaccount.com",
            "project": "webcrawler-450417",
            "role": "roles/run.invoker"
          },
          "sensitive_attributes": [],
          "identity_schema_version": 0,
          "private": "bnVsbA==",
          "dependencies": [
            "google_service_account.pubsub_sa"
          ]
        }
      ]
    },
    {
      "mode": "managed",
      "type": "google_pubsub_topic_iam_member",
      "name": "topic_publisher",
      "provider": "provider[\"registry.terraform.io/hashicorp/google\"]",
      "instances": [
        {
          "index_key": "audit_error",
          "schema_version": 0,
          "attributes": {
            "condition": [],
            "etag": "BwY6kD442hM=",
            "id": "projects/webcrawler-450417/topics/audit_error/roles/pubsub.publisher/serviceAccount:pubsub-sa@webcrawler-450417.iam.gserviceaccount.com",
            "member": "serviceAccount:pubsub-sa@webcrawler-450417.iam.gserviceaccount.com",
            "project": "webcrawler-450417",
            "role": "roles/pubsub.publisher",
            "topic": "projects/webcrawler-450417/topics/audit_error"
          },
          "sensitive_attributes": [],
          "identity_schema_version": 0,
          "private": "bnVsbA==",
          "dependencies": [
            "google_service_account.pubsub_sa",
            "module.pubsub_topics.google_pubsub_topic.audit_error_topic",
            "module.pubsub_topics.google_pubsub_topic.audit_update_topic",
            "module.pubsub_topics.google_pubsub_topic.journey_candidate_topic",
            "module.pubsub_topics.google_pubsub_topic.journey_completion_cleanup_topic",
            "module.pubsub_topics.google_pubsub_topic.journey_discarded_topic",
            "module.pubsub_topics.google_pubsub_topic.journey_verified_topic",
            "module.pubsub_topics.google_pubsub_topic.page_audit_topic",
            "module.pubsub_topics.google_pubsub_topic.page_created_topic",
            "module.pubsub_topics.google_pubsub_topic.url_topic"
          ]
        },
        {
          "index_key": "audit_update",
          "schema_version": 0,
          "attributes": {
            "condition": [],
            "etag": "BwY6kD39NAk=",
            "id": "projects/webcrawler-450417/topics/audit_update/roles/pubsub.publisher/serviceAccount:pubsub-sa@webcrawler-450417.iam.gserviceaccount.com",
            "member": "serviceAccount:pubsub-sa@webcrawler-450417.iam.gserviceaccount.com",
            "project": "webcrawler-450417",
            "role": "roles/pubsub.publisher",
            "topic": "projects/webcrawler-450417/topics/audit_update"
          },
          "sensitive_attributes": [],
          "identity_schema_version": 0,
          "private": "bnVsbA==",
          "dependencies": [
            "google_service_account.pubsub_sa",
            "module.pubsub_topics.google_pubsub_topic.audit_error_topic",
            "module.pubsub_topics.google_pubsub_topic.audit_update_topic",
            "module.pubsub_topics.google_pubsub_topic.journey_candidate_topic",
            "module.pubsub_topics.google_pubsub_topic.journey_completion_cleanup_topic",
            "module.pubsub_topics.google_pubsub_topic.journey_discarded_topic",
            "module.pubsub_topics.google_pubsub_topic.journey_verified_topic",
            "module.pubsub_topics.google_pubsub_topic.page_audit_topic",
            "module.pubsub_topics.google_pubsub_topic.page_created_topic",
            "module.pubsub_topics.google_pubsub_topic.url_topic"
          ]
        },
        {
          "index_key": "journey_candidate",
          "schema_version": 0,
          "attributes": {
            "condition": [],
            "etag": "BwY6kD40Teg=",
            "id": "projects/webcrawler-450417/topics/journey_candidate/roles/pubsub.publisher/serviceAccount:pubsub-sa@webcrawler-450417.iam.gserviceaccount.com",
            "member": "serviceAccount:pubsub-sa@webcrawler-450417.iam.gserviceaccount.com",
            "project": "webcrawler-450417",
            "role": "roles/pubsub.publisher",
            "topic": "projects/webcrawler-450417/topics/journey_candidate"
          },
          "sensitive_attributes": [],
          "identity_schema_version": 0,
          "private": "bnVsbA==",
          "dependencies": [
            "google_service_account.pubsub_sa",
            "module.pubsub_topics.google_pubsub_topic.audit_error_topic",
            "module.pubsub_topics.google_pubsub_topic.audit_update_topic",
            "module.pubsub_topics.google_pubsub_topic.journey_candidate_topic",
            "module.pubsub_topics.google_pubsub_topic.journey_completion_cleanup_topic",
            "module.pubsub_topics.google_pubsub_topic.journey_discarded_topic",
            "module.pubsub_topics.google_pubsub_topic.journey_verified_topic",
            "module.pubsub_topics.google_pubsub_topic.page_audit_topic",
            "module.pubsub_topics.google_pubsub_topic.page_created_topic",
            "module.pubsub_topics.google_pubsub_topic.url_topic"
          ]
        },
        {
          "index_key": "journey_completion_cleanup",
          "schema_version": 0,
          "attributes": {
            "condition": [],
            "etag": "BwY6kD2zhsc=",
            "id": "projects/webcrawler-450417/topics/journey_completion_cleanup/roles/pubsub.publisher/serviceAccount:pubsub-sa@webcrawler-450417.iam.gserviceaccount.com",
            "member": "serviceAccount:pubsub-sa@webcrawler-450417.iam.gserviceaccount.com",
            "project": "webcrawler-450417",
            "role": "roles/pubsub.publisher",
            "topic": "projects/webcrawler-450417/topics/journey_completion_cleanup"
          },
          "sensitive_attributes": [],
          "identity_schema_version": 0,
          "private": "bnVsbA==",
          "dependencies": [
            "google_service_account.pubsub_sa",
            "module.pubsub_topics.google_pubsub_topic.audit_error_topic",
            "module.pubsub_topics.google_pubsub_topic.audit_update_topic",
            "module.pubsub_topics.google_pubsub_topic.journey_candidate_topic",
            "module.pubsub_topics.google_pubsub_topic.journey_completion_cleanup_topic",
            "module.pubsub_topics.google_pubsub_topic.journey_discarded_topic",
            "module.pubsub_topics.google_pubsub_topic.journey_verified_topic",
            "module.pubsub_topics.google_pubsub_topic.page_audit_topic",
            "module.pubsub_topics.google_pubsub_topic.page_created_topic",
            "module.pubsub_topics.google_pubsub_topic.url_topic"
          ]
        },
        {
          "index_key": "journey_discarded",
          "schema_version": 0,
          "attributes": {
            "condition": [],
            "etag": "BwY6kD36VgE=",
            "id": "projects/webcrawler-450417/topics/journey_discarded/roles/pubsub.publisher/serviceAccount:pubsub-sa@webcrawler-450417.iam.gserviceaccount.com",
            "member": "serviceAccount:pubsub-sa@webcrawler-450417.iam.gserviceaccount.com",
            "project": "webcrawler-450417",
            "role": "roles/pubsub.publisher",
            "topic": "projects/webcrawler-450417/topics/journey_discarded"
          },
          "sensitive_attributes": [],
          "identity_schema_version": 0,
          "private": "bnVsbA==",
          "dependencies": [
            "google_service_account.pubsub_sa",
            "module.pubsub_topics.google_pubsub_topic.audit_error_topic",
            "module.pubsub_topics.google_pubsub_topic.audit_update_topic",
            "module.pubsub_topics.google_pubsub_topic.journey_candidate_topic",
            "module.pubsub_topics.google_pubsub_topic.journey_completion_cleanup_topic",
            "module.pubsub_topics.google_pubsub_topic.journey_discarded_topic",
            "module.pubsub_topics.google_pubsub_topic.journey_verified_topic",
            "module.pubsub_topics.google_pubsub_topic.page_audit_topic",
            "module.pubsub_topics.google_pubsub_topic.page_created_topic",
            "module.pubsub_topics.google_pubsub_topic.url_topic"
          ]
        },
        {
          "index_key": "journey_verified",
          "schema_version": 0,
          "attributes": {
            "condition": [],
            "etag": "BwY6kD29QhY=",
            "id": "projects/webcrawler-450417/topics/journey_verified/roles/pubsub.publisher/serviceAccount:pubsub-sa@webcrawler-450417.iam.gserviceaccount.com",
            "member": "serviceAccount:pubsub-sa@webcrawler-450417.iam.gserviceaccount.com",
            "project": "webcrawler-450417",
            "role": "roles/pubsub.publisher",
            "topic": "projects/webcrawler-450417/topics/journey_verified"
          },
          "sensitive_attributes": [],
          "identity_schema_version": 0,
          "private": "bnVsbA==",
          "dependencies": [
            "google_service_account.pubsub_sa",
            "module.pubsub_topics.google_pubsub_topic.audit_error_topic",
            "module.pubsub_topics.google_pubsub_topic.audit_update_topic",
            "module.pubsub_topics.google_pubsub_topic.journey_candidate_topic",
            "module.pubsub_topics.google_pubsub_topic.journey_completion_cleanup_topic",
            "module.pubsub_topics.google_pubsub_topic.journey_discarded_topic",
            "module.pubsub_topics.google_pubsub_topic.journey_verified_topic",
            "module.pubsub_topics.google_pubsub_topic.page_audit_topic",
            "module.pubsub_topics.google_pubsub_topic.page_created_topic",
            "module.pubsub_topics.google_pubsub_topic.url_topic"
          ]
        },
        {
          "index_key": "page_audit",
          "schema_version": 0,
          "attributes": {
            "condition": [],
            "etag": "BwY6kD23KSY=",
            "id": "projects/webcrawler-450417/topics/page_audit/roles/pubsub.publisher/serviceAccount:pubsub-sa@webcrawler-450417.iam.gserviceaccount.com",
            "member": "serviceAccount:pubsub-sa@webcrawler-450417.iam.gserviceaccount.com",
            "project": "webcrawler-450417",
            "role": "roles/pubsub.publisher",
            "topic": "projects/webcrawler-450417/topics/page_audit"
          },
          "sensitive_attributes": [],
          "identity_schema_version": 0,
          "private": "bnVsbA==",
          "dependencies": [
            "google_service_account.pubsub_sa",
            "module.pubsub_topics.google_pubsub_topic.audit_error_topic",
            "module.pubsub_topics.google_pubsub_topic.audit_update_topic",
            "module.pubsub_topics.google_pubsub_topic.journey_candidate_topic",
            "module.pubsub_topics.google_pubsub_topic.journey_completion_cleanup_topic",
            "module.pubsub_topics.google_pubsub_topic.journey_discarded_topic",
            "module.pubsub_topics.google_pubsub_topic.journey_verified_topic",
            "module.pubsub_topics.google_pubsub_topic.page_audit_topic",
            "module.pubsub_topics.google_pubsub_topic.page_created_topic",
            "module.pubsub_topics.google_pubsub_topic.url_topic"
          ]
        },
        {
          "index_key": "page_created",
          "schema_version": 0,
          "attributes": {
            "condition": [],
            "etag": "BwY6kD21vZY=",
            "id": "projects/webcrawler-450417/topics/page_created/roles/pubsub.publisher/serviceAccount:pubsub-sa@webcrawler-450417.iam.gserviceaccount.com",
            "member": "serviceAccount:pubsub-sa@webcrawler-450417.iam.gserviceaccount.com",
            "project": "webcrawler-450417",
            "role": "roles/pubsub.publisher",
            "topic": "projects/webcrawler-450417/topics/page_created"
          },
          "sensitive_attributes": [],
          "identity_schema_version": 0,
          "private": "bnVsbA==",
          "dependencies": [
            "google_service_account.pubsub_sa",
            "module.pubsub_topics.google_pubsub_topic.audit_error_topic",
            "module.pubsub_topics.google_pubsub_topic.audit_update_topic",
            "module.pubsub_topics.google_pubsub_topic.journey_candidate_topic",
            "module.pubsub_topics.google_pubsub_topic.journey_completion_cleanup_topic",
            "module.pubsub_topics.google_pubsub_topic.journey_discarded_topic",
            "module.pubsub_topics.google_pubsub_topic.journey_verified_topic",
            "module.pubsub_topics.google_pubsub_topic.page_audit_topic",
            "module.pubsub_topics.google_pubsub_topic.page_created_topic",
            "module.pubsub_topics.google_pubsub_topic.url_topic"
          ]
        },
        {
          "index_key": "url",
          "schema_version": 0,
          "attributes": {
            "condition": [],
            "etag": "BwY6kD4Abgc=",
            "id": "projects/webcrawler-450417/topics/url/roles/pubsub.publisher/serviceAccount:pubsub-sa@webcrawler-450417.iam.gserviceaccount.com",
            "member": "serviceAccount:pubsub-sa@webcrawler-450417.iam.gserviceaccount.com",
            "project": "webcrawler-450417",
            "role": "roles/pubsub.publisher",
            "topic": "projects/webcrawler-450417/topics/url"
          },
          "sensitive_attributes": [],
          "identity_schema_version": 0,
          "private": "bnVsbA==",
          "dependencies": [
            "google_service_account.pubsub_sa",
            "module.pubsub_topics.google_pubsub_topic.audit_error_topic",
            "module.pubsub_topics.google_pubsub_topic.audit_update_topic",
            "module.pubsub_topics.google_pubsub_topic.journey_candidate_topic",
            "module.pubsub_topics.google_pubsub_topic.journey_completion_cleanup_topic",
            "module.pubsub_topics.google_pubsub_topic.journey_discarded_topic",
            "module.pubsub_topics.google_pubsub_topic.journey_verified_topic",
            "module.pubsub_topics.google_pubsub_topic.page_audit_topic",
            "module.pubsub_topics.google_pubsub_topic.page_created_topic",
            "module.pubsub_topics.google_pubsub_topic.url_topic"
          ]
        }
      ]
    },
    {
      "mode": "managed",
      "type": "google_service_account",
      "name": "cloud_run_sa",
      "provider": "provider[\"registry.terraform.io/hashicorp/google\"]",
      "instances": [
        {
          "schema_version": 0,
          "attributes": {
            "account_id": "cloud-run-sa",
            "create_ignore_already_exists": null,
            "description": "",
            "disabled": false,
            "display_name": "Service Account for Cloud Run",
            "email": "cloud-run-sa@webcrawler-450417.iam.gserviceaccount.com",
            "id": "projects/webcrawler-450417/serviceAccounts/cloud-run-sa@webcrawler-450417.iam.gserviceaccount.com",
            "member": "serviceAccount:cloud-run-sa@webcrawler-450417.iam.gserviceaccount.com",
            "name": "projects/webcrawler-450417/serviceAccounts/cloud-run-sa@webcrawler-450417.iam.gserviceaccount.com",
            "project": "webcrawler-450417",
            "timeouts": null,
            "unique_id": "105520579622167323325"
          },
          "sensitive_attributes": [],
          "identity_schema_version": 0,
          "private": "eyJlMmJmYjczMC1lY2FhLTExZTYtOGY4OC0zNDM2M2JjN2M0YzAiOnsiY3JlYXRlIjozMDAwMDAwMDAwMDB9fQ=="
        }
      ]
    },
    {
      "mode": "managed",
      "type": "google_service_account",
      "name": "pubsub_sa",
      "provider": "provider[\"registry.terraform.io/hashicorp/google\"]",
      "instances": [
        {
          "schema_version": 0,
          "attributes": {
            "account_id": "pubsub-sa",
            "create_ignore_already_exists": null,
            "description": "",
            "disabled": false,
            "display_name": "Service Account for PubSub to invoke Cloud Run",
            "email": "pubsub-sa@webcrawler-450417.iam.gserviceaccount.com",
            "id": "projects/webcrawler-450417/serviceAccounts/pubsub-sa@webcrawler-450417.iam.gserviceaccount.com",
            "member": "serviceAccount:pubsub-sa@webcrawler-450417.iam.gserviceaccount.com",
            "name": "projects/webcrawler-450417/serviceAccounts/pubsub-sa@webcrawler-450417.iam.gserviceaccount.com",
            "project": "webcrawler-450417",
            "timeouts": null,
            "unique_id": "105686433728229665242"
          },
          "sensitive_attributes": [],
          "identity_schema_version": 0,
          "private": "eyJlMmJmYjczMC1lY2FhLTExZTYtOGY4OC0zNDM2M2JjN2M0YzAiOnsiY3JlYXRlIjozMDAwMDAwMDAwMDB9fQ=="
        }
      ]
    },
    {
      "mode": "managed",
      "type": "google_storage_bucket",
      "name": "looksee_data",
      "provider": "provider[\"registry.terraform.io/hashicorp/google\"]",
      "instances": [
        {
          "schema_version": 3,
          "attributes": {
            "autoclass": [],
            "cors": [],
            "custom_placement_config": [],
            "default_event_based_hold": false,
            "effective_labels": {
              "application": "crawler",
              "environment": "dev",
              "goog-terraform-provisioned": "true"
            },
            "enable_object_retention": false,
            "encryption": [],
            "force_destroy": true,
            "hierarchical_namespace": [
              {
                "enabled": false
              }
            ],
            "id": "looksee-data-dev",
            "ip_filter": [],
            "labels": {
              "application": "crawler",
              "environment": "dev"
            },
            "lifecycle_rule": [
              {
                "action": [
                  {
                    "storage_class": "",
                    "type": "Delete"
                  }
                ],
                "condition": [
                  {
                    "age": 365,
                    "created_before": "",
                    "custom_time_before": "",
                    "days_since_custom_time": 0,
                    "days_since_noncurrent_time": 0,
                    "matches_prefix": [],
                    "matches_storage_class": [],
                    "matches_suffix": [],
                    "noncurrent_time_before": "",
                    "num_newer_versions": 0,
                    "send_age_if_zero": false,
                    "send_days_since_custom_time_if_zero": false,
                    "send_days_since_noncurrent_time_if_zero": false,
                    "send_num_newer_versions_if_zero": false,
                    "with_state": "ANY"
                  }
                ]
              }
            ],
            "location": "US-CENTRAL1",
            "logging": [],
            "name": "looksee-data-dev",
            "project": "webcrawler-450417",
            "project_number": 673367928406,
            "public_access_prevention": "inherited",
            "requester_pays": false,
            "retention_policy": [],
            "rpo": null,
            "self_link": "https://www.googleapis.com/storage/v1/b/looksee-data-dev",
            "soft_delete_policy": [
              {
                "effective_time": "2025-07-23T03:23:39.925Z",
                "retention_duration_seconds": 604800
              }
            ],
            "storage_class": "STANDARD",
            "terraform_labels": {
              "application": "crawler",
              "environment": "dev",
              "goog-terraform-provisioned": "true"
            },
            "time_created": "2025-07-23T03:23:39.925Z",
            "timeouts": null,
            "uniform_bucket_level_access": false,
            "updated": "2025-07-23T03:23:39.925Z",
            "url": "gs://looksee-data-dev",
            "versioning": [
              {
                "enabled": true
              }
            ],
            "website": []
          },
          "sensitive_attributes": [],
          "identity_schema_version": 0,
          "private": "eyJlMmJmYjczMC1lY2FhLTExZTYtOGY4OC0zNDM2M2JjN2M0YzAiOnsiY3JlYXRlIjo2MDAwMDAwMDAwMDAsInJlYWQiOjI0MDAwMDAwMDAwMCwidXBkYXRlIjoyNDAwMDAwMDAwMDB9LCJzY2hlbWFfdmVyc2lvbiI6IjMifQ=="
        }
      ]
    },
    {
      "mode": "managed",
      "type": "google_storage_bucket_iam_binding",
      "name": "looksee_data_cloud_run_write",
      "provider": "provider[\"registry.terraform.io/hashicorp/google\"]",
      "instances": [
        {
          "schema_version": 0,
          "attributes": {
            "bucket": "b/looksee-data-dev",
            "condition": [],
            "etag": "CAM=",
            "id": "b/looksee-data-dev/roles/storage.objectAdmin",
            "members": [
              "serviceAccount:cloud-run-sa@webcrawler-450417.iam.gserviceaccount.com"
            ],
            "role": "roles/storage.objectAdmin"
          },
          "sensitive_attributes": [],
          "identity_schema_version": 0,
          "private": "bnVsbA==",
          "dependencies": [
            "google_service_account.cloud_run_sa",
            "google_storage_bucket.looksee_data"
          ]
        }
      ]
    },
    {
      "mode": "managed",
      "type": "google_storage_bucket_iam_binding",
      "name": "looksee_data_public_read",
      "provider": "provider[\"registry.terraform.io/hashicorp/google\"]",
      "instances": [
        {
          "schema_version": 0,
          "attributes": {
            "bucket": "b/looksee-data-dev",
            "condition": [],
            "etag": "CAM=",
            "id": "b/looksee-data-dev/roles/storage.objectViewer",
            "members": [
              "allUsers"
            ],
            "role": "roles/storage.objectViewer"
          },
          "sensitive_attributes": [],
          "identity_schema_version": 0,
          "private": "bnVsbA==",
          "dependencies": [
            "google_storage_bucket.looksee_data"
          ]
        }
      ]
    },
    {
      "module": "module.api",
      "mode": "managed",
      "type": "google_cloud_run_service",
      "name": "api",
      "provider": "provider[\"registry.terraform.io/hashicorp/google\"]",
      "instances": [
        {
          "schema_version": 2,
          "attributes": {
            "autogenerate_revision_name": false,
            "id": "locations/us-central1/namespaces/webcrawler-450417/services/api",
            "location": "us-central1",
            "metadata": [
              {
                "annotations": {
                  "run.googleapis.com/client-name": "terraform"
                },
                "effective_annotations": {
                  "run.googleapis.com/client-name": "terraform",
                  "run.googleapis.com/ingress": "all",
                  "run.googleapis.com/ingress-status": "all",
                  "run.googleapis.com/operation-id": "aac65beb-976a-46f0-bbaa-4833aeacbe73",
                  "run.googleapis.com/urls": "[\"https://api-673367928406.us-central1.run.app\",\"https://api-5wvl2oswbq-uc.a.run.app\"]",
                  "serving.knative.dev/creator": "webcrawleraccountmanager@webcrawler-450417.iam.gserviceaccount.com",
                  "serving.knative.dev/lastModifier": "webcrawleraccountmanager@webcrawler-450417.iam.gserviceaccount.com"
                },
                "effective_labels": {
                  "cloud.googleapis.com/location": "us-central1",
                  "goog-terraform-provisioned": "true"
                },
                "generation": 1,
                "labels": null,
                "namespace": "webcrawler-450417",
                "resource_version": "AAY6kEgvQzY",
                "self_link": "/apis/serving.knative.dev/v1/namespaces/673367928406/services/api",
                "terraform_labels": {
                  "goog-terraform-provisioned": "true"
                },
                "uid": "c5b07597-71e2-4aa3-aeea-812853ac09ec"
              }
            ],
            "name": "api",
            "project": "webcrawler-450417",
            "status": [
              {
                "conditions": [
                  {
                    "message": "",
                    "reason": "",
                    "status": "True",
                    "type": "Ready"
                  },
                  {
                    "message": "",
                    "reason": "",
                    "status": "True",
                    "type": "ConfigurationsReady"
                  },
                  {
                    "message": "",
                    "reason": "",
                    "status": "True",
                    "type": "RoutesReady"
                  }
                ],
                "latest_created_revision_name": "api-00001-rj9",
                "latest_ready_revision_name": "api-00001-rj9",
                "observed_generation": 1,
                "traffic": [
                  {
                    "latest_revision": true,
                    "percent": 100,
                    "revision_name": "api-00001-rj9",
                    "tag": "",
                    "url": ""
                  }
                ],
                "url": "https://api-5wvl2oswbq-uc.a.run.app"
              }
            ],
            "template": [
              {
                "metadata": [
                  {
                    "annotations": {
                      "autoscaling.knative.dev/maxScale": "20"
                    },
                    "generation": 0,
                    "labels": {
                      "run.googleapis.com/startupProbeType": "Default"
                    },
                    "name": "",
                    "namespace": "",
                    "resource_version": "",
                    "self_link": "",
                    "uid": ""
                  }
                ],
                "spec": [
                  {
                    "container_concurrency": 80,
                    "containers": [
                      {
                        "args": null,
                        "command": null,
                        "env": [
                          {
                            "name": "NEO4J_BOLT_URI",
                            "value": "",
                            "value_from": [
                              {
                                "secret_key_ref": [
                                  {
                                    "key": "latest",
                                    "name": "neo4j-bolt-uri"
                                  }
                                ]
                              }
                            ]
                          },
                          {
                            "name": "NEO4J_DB_NAME",
                            "value": "",
                            "value_from": [
                              {
                                "secret_key_ref": [
                                  {
                                    "key": "latest",
                                    "name": "neo4j-db-name"
                                  }
                                ]
                              }
                            ]
                          },
                          {
                            "name": "NEO4J_PASSWORD",
                            "value": "",
                            "value_from": [
                              {
                                "secret_key_ref": [
                                  {
                                    "key": "latest",
                                    "name": "neo4j-password"
                                  }
                                ]
                              }
                            ]
                          },
                          {
                            "name": "NEO4J_USERNAME",
                            "value": "",
                            "value_from": [
                              {
                                "secret_key_ref": [
                                  {
                                    "key": "latest",
                                    "name": "neo4j-username"
                                  }
                                ]
                              }
                            ]
                          },
                          {
                            "name": "auth0.audience",
                            "value": "",
                            "value_from": [
                              {
                                "secret_key_ref": [
                                  {
                                    "key": "latest",
                                    "name": "auth0-audience"
                                  }
                                ]
                              }
                            ]
                          },
                          {
                            "name": "auth0.client-id",
                            "value": "",
                            "value_from": [
                              {
                                "secret_key_ref": [
                                  {
                                    "key": "latest",
                                    "name": "auth0-client-id"
                                  }
                                ]
                              }
                            ]
                          },
                          {
                            "name": "auth0.client-secret",
                            "value": "",
                            "value_from": [
                              {
                                "secret_key_ref": [
                                  {
                                    "key": "latest",
                                    "name": "auth0-client-secret"
                                  }
                                ]
                              }
                            ]
                          },
                          {
                            "name": "auth0.domain",
                            "value": "",
                            "value_from": [
                              {
                                "secret_key_ref": [
                                  {
                                    "key": "latest",
                                    "name": "auth0-domain"
                                  }
                                ]
                              }
                            ]
                          },
                          {
                            "name": "auth0.management-api-audience",
                            "value": "",
                            "value_from": [
                              {
                                "secret_key_ref": [
                                  {
                                    "key": "latest",
                                    "name": "auth0-management-api-audience"
                                  }
                                ]
                              }
                            ]
                          },
                          {
                            "name": "auth0.management-api-client-id",
                            "value": "",
                            "value_from": [
                              {
                                "secret_key_ref": [
                                  {
                                    "key": "latest",
                                    "name": "auth0-management-api-client-id"
                                  }
                                ]
                              }
                            ]
                          },
                          {
                            "name": "auth0.management-api-client-secret",
                            "value": "",
                            "value_from": [
                              {
                                "secret_key_ref": [
                                  {
                                    "key": "latest",
                                    "name": "auth0-management-api-client-secret"
                                  }
                                ]
                              }
                            ]
                          },
                          {
                            "name": "auth0.management-api-domain",
                            "value": "",
                            "value_from": [
                              {
                                "secret_key_ref": [
                                  {
                                    "key": "latest",
                                    "name": "auth0-management-api-domain"
                                  }
                                ]
                              }
                            ]
                          },
                          {
                            "name": "gcp.storage.bucket.name",
                            "value": "looksee-data-dev",
                            "value_from": []
                          },
                          {
                            "name": "pubsub.discarded_journey_topic",
                            "value": "projects/webcrawler-450417/topics/journey_discarded",
                            "value_from": []
                          },
                          {
                            "name": "pubsub.error_topic",
                            "value": "projects/webcrawler-450417/topics/audit_error",
                            "value_from": []
                          },
                          {
                            "name": "pubsub.url_topic",
                            "value": "projects/webcrawler-450417/topics/url",
                            "value_from": []
                          }
                        ],
                        "env_from": [],
                        "image": "docker.io/deepthought42/crawler-api:latest",
                        "liveness_probe": [],
                        "name": "",
                        "ports": [
                          {
                            "container_port": 9080,
                            "name": "http1",
                            "protocol": ""
                          }
                        ],
                        "resources": [
                          {
                            "limits": {
                              "cpu": "1",
                              "memory": "2Gi"
                            },
                            "requests": {
                              "cpu": "0.5",
                              "memory": "1Gi"
                            }
                          }
                        ],
                        "startup_probe": [
                          {
                            "failure_threshold": 1,
                            "grpc": [],
                            "http_get": [],
                            "initial_delay_seconds": 0,
                            "period_seconds": 240,
                            "tcp_socket": [
                              {
                                "port": 9080
                              }
                            ],
                            "timeout_seconds": 240
                          }
                        ],
                        "volume_mounts": [],
                        "working_dir": ""
                      }
                    ],
                    "node_selector": null,
                    "service_account_name": "673367928406-compute@developer.gserviceaccount.com",
                    "serving_state": "",
                    "timeout_seconds": 300,
                    "volumes": []
                  }
                ]
              }
            ],
            "timeouts": null,
            "traffic": [
              {
                "latest_revision": true,
                "percent": 100,
                "revision_name": "",
                "tag": "",
                "url": ""
              }
            ]
          },
          "sensitive_attributes": [],
          "identity_schema_version": 0,
          "private": "eyJlMmJmYjczMC1lY2FhLTExZTYtOGY4OC0zNDM2M2JjN2M0YzAiOnsiY3JlYXRlIjoxMjAwMDAwMDAwMDAwLCJkZWxldGUiOjEyMDAwMDAwMDAwMDAsInVwZGF0ZSI6MTIwMDAwMDAwMDAwMH0sInNjaGVtYV92ZXJzaW9uIjoiMiJ9",
          "dependencies": [
            "google_service_account.cloud_run_sa",
            "google_storage_bucket.looksee_data",
            "module.neo4j_db.google_compute_firewall.neo4j-internal",
            "module.neo4j_db.google_compute_instance.neo4j",
            "module.neo4j_db.google_iap_tunnel_instance_iam_member.ssh",
            "module.neo4j_db.google_project_iam_member.neo4j_iap_tunnel_user",
            "module.neo4j_db.google_project_iam_member.neo4j_logging",
            "module.neo4j_db.google_project_iam_member.neo4j_monitoring",
            "module.neo4j_db.google_project_iam_member.neo4j_storage_viewer",
            "module.neo4j_db.google_secret_manager_secret.neo4j_bolt_uri",
            "module.neo4j_db.google_secret_manager_secret_iam_member.neo4j_bolt_uri_secret_accessor",
            "module.neo4j_db.google_secret_manager_secret_version.neo4j_bolt_uri_version",
            "module.neo4j_db.google_service_account.neo4j_instance_sa",
            "module.pubsub_topics.google_pubsub_topic.audit_error_topic",
            "module.pubsub_topics.google_pubsub_topic.journey_discarded_topic",
            "module.pubsub_topics.google_pubsub_topic.url_topic",
            "module.secrets.google_secret_manager_secret.auth0_audience",
            "module.secrets.google_secret_manager_secret.auth0_client_id",
            "module.secrets.google_secret_manager_secret.auth0_client_secret",
            "module.secrets.google_secret_manager_secret.auth0_domain",
            "module.secrets.google_secret_manager_secret.auth0_management_api_audience",
            "module.secrets.google_secret_manager_secret.auth0_management_api_client_id",
            "module.secrets.google_secret_manager_secret.auth0_management_api_client_secret",
            "module.secrets.google_secret_manager_secret.auth0_management_api_domain",
            "module.secrets.google_secret_manager_secret.neo4j_db_name",
            "module.secrets.google_secret_manager_secret.neo4j_password",
            "module.secrets.google_secret_manager_secret.neo4j_username",
            "module.secrets.google_secret_manager_secret.pusher_app_id",
            "module.secrets.google_secret_manager_secret.pusher_cluster",
            "module.secrets.google_secret_manager_secret.pusher_key",
            "module.secrets.google_secret_manager_secret.pusher_secret",
            "module.secrets.google_secret_manager_secret.selenium_urls",
            "module.secrets.google_secret_manager_secret.smtp_password",
            "module.secrets.google_secret_manager_secret.smtp_username",
            "module.secrets.google_secret_manager_secret_iam_member.neo4j_db_name_secret_accessor",
            "module.secrets.google_secret_manager_secret_iam_member.neo4j_password_secret_accessor",
            "module.secrets.google_secret_manager_secret_iam_member.neo4j_username_secret_accessor",
            "module.secrets.google_secret_manager_secret_iam_member.pusher_app_id_secret_accessor",
            "module.secrets.google_secret_manager_secret_iam_member.pusher_cluster_secret_accessor",
            "module.secrets.google_secret_manager_secret_iam_member.pusher_key_secret_accessor",
            "module.secrets.google_secret_manager_secret_iam_member.pusher_secret_secret_accessor",
            "module.secrets.google_secret_manager_secret_iam_member.smtp_password_secret_accessor",
            "module.secrets.google_secret_manager_secret_iam_member.smtp_username_secret_accessor",
            "module.secrets.google_secret_manager_secret_version.auth0_audience_version",
            "module.secrets.google_secret_manager_secret_version.auth0_client_id_version",
            "module.secrets.google_secret_manager_secret_version.auth0_client_secret_version",
            "module.secrets.google_secret_manager_secret_version.auth0_domain_version",
            "module.secrets.google_secret_manager_secret_version.auth0_management_api_audience_version",
            "module.secrets.google_secret_manager_secret_version.auth0_management_api_client_id_version",
            "module.secrets.google_secret_manager_secret_version.auth0_management_api_client_secret_version",
            "module.secrets.google_secret_manager_secret_version.auth0_management_api_domain_version",
            "module.secrets.google_secret_manager_secret_version.neo4j_db_name_version",
            "module.secrets.google_secret_manager_secret_version.neo4j_password_version",
            "module.secrets.google_secret_manager_secret_version.neo4j_username_version",
            "module.secrets.google_secret_manager_secret_version.pusher_app_id_version",
            "module.secrets.google_secret_manager_secret_version.pusher_cluster_version",
            "module.secrets.google_secret_manager_secret_version.pusher_key_version",
            "module.secrets.google_secret_manager_secret_version.pusher_secret_version",
            "module.secrets.google_secret_manager_secret_version.selenium_urls_version",
            "module.secrets.google_secret_manager_secret_version.smtp_password_version",
            "module.secrets.google_secret_manager_secret_version.smtp_username_version",
            "module.selenium_chrome_cloud_run.google_cloud_run_service.selenium_standalone_chrome",
            "module.vpc.google_compute_network.vpc",
            "module.vpc.google_compute_subnetwork.custom_subnet"
          ]
        }
      ]
    },
    {
      "module": "module.api",
      "mode": "managed",
      "type": "google_cloud_run_service_iam_member",
      "name": "public_access",
      "provider": "provider[\"registry.terraform.io/hashicorp/google\"]",
      "instances": [
        {
          "schema_version": 0,
          "attributes": {
            "condition": [],
            "etag": "BwY6kEjWSyE=",
            "id": "v1/projects/webcrawler-450417/locations/us-central1/services/api/roles/run.invoker/allUsers",
            "location": "us-central1",
            "member": "allUsers",
            "project": "webcrawler-450417",
            "role": "roles/run.invoker",
            "service": "v1/projects/webcrawler-450417/locations/us-central1/services/api"
          },
          "sensitive_attributes": [],
          "identity_schema_version": 0,
          "private": "bnVsbA==",
          "dependencies": [
            "google_service_account.cloud_run_sa",
            "google_storage_bucket.looksee_data",
            "module.api.google_cloud_run_service.api",
            "module.neo4j_db.google_compute_firewall.neo4j-internal",
            "module.neo4j_db.google_compute_instance.neo4j",
            "module.neo4j_db.google_iap_tunnel_instance_iam_member.ssh",
            "module.neo4j_db.google_project_iam_member.neo4j_iap_tunnel_user",
            "module.neo4j_db.google_project_iam_member.neo4j_logging",
            "module.neo4j_db.google_project_iam_member.neo4j_monitoring",
            "module.neo4j_db.google_project_iam_member.neo4j_storage_viewer",
            "module.neo4j_db.google_secret_manager_secret.neo4j_bolt_uri",
            "module.neo4j_db.google_secret_manager_secret_iam_member.neo4j_bolt_uri_secret_accessor",
            "module.neo4j_db.google_secret_manager_secret_version.neo4j_bolt_uri_version",
            "module.neo4j_db.google_service_account.neo4j_instance_sa",
            "module.pubsub_topics.google_pubsub_topic.audit_error_topic",
            "module.pubsub_topics.google_pubsub_topic.journey_discarded_topic",
            "module.pubsub_topics.google_pubsub_topic.url_topic",
            "module.secrets.google_secret_manager_secret.auth0_audience",
            "module.secrets.google_secret_manager_secret.auth0_client_id",
            "module.secrets.google_secret_manager_secret.auth0_client_secret",
            "module.secrets.google_secret_manager_secret.auth0_domain",
            "module.secrets.google_secret_manager_secret.auth0_management_api_audience",
            "module.secrets.google_secret_manager_secret.auth0_management_api_client_id",
            "module.secrets.google_secret_manager_secret.auth0_management_api_client_secret",
            "module.secrets.google_secret_manager_secret.auth0_management_api_domain",
            "module.secrets.google_secret_manager_secret.neo4j_db_name",
            "module.secrets.google_secret_manager_secret.neo4j_password",
            "module.secrets.google_secret_manager_secret.neo4j_username",
            "module.secrets.google_secret_manager_secret.pusher_app_id",
            "module.secrets.google_secret_manager_secret.pusher_cluster",
            "module.secrets.google_secret_manager_secret.pusher_key",
            "module.secrets.google_secret_manager_secret.pusher_secret",
            "module.secrets.google_secret_manager_secret.selenium_urls",
            "module.secrets.google_secret_manager_secret.smtp_password",
            "module.secrets.google_secret_manager_secret.smtp_username",
            "module.secrets.google_secret_manager_secret_iam_member.neo4j_db_name_secret_accessor",
            "module.secrets.google_secret_manager_secret_iam_member.neo4j_password_secret_accessor",
            "module.secrets.google_secret_manager_secret_iam_member.neo4j_username_secret_accessor",
            "module.secrets.google_secret_manager_secret_iam_member.pusher_app_id_secret_accessor",
            "module.secrets.google_secret_manager_secret_iam_member.pusher_cluster_secret_accessor",
            "module.secrets.google_secret_manager_secret_iam_member.pusher_key_secret_accessor",
            "module.secrets.google_secret_manager_secret_iam_member.pusher_secret_secret_accessor",
            "module.secrets.google_secret_manager_secret_iam_member.smtp_password_secret_accessor",
            "module.secrets.google_secret_manager_secret_iam_member.smtp_username_secret_accessor",
            "module.secrets.google_secret_manager_secret_version.auth0_audience_version",
            "module.secrets.google_secret_manager_secret_version.auth0_client_id_version",
            "module.secrets.google_secret_manager_secret_version.auth0_client_secret_version",
            "module.secrets.google_secret_manager_secret_version.auth0_domain_version",
            "module.secrets.google_secret_manager_secret_version.auth0_management_api_audience_version",
            "module.secrets.google_secret_manager_secret_version.auth0_management_api_client_id_version",
            "module.secrets.google_secret_manager_secret_version.auth0_management_api_client_secret_version",
            "module.secrets.google_secret_manager_secret_version.auth0_management_api_domain_version",
            "module.secrets.google_secret_manager_secret_version.neo4j_db_name_version",
            "module.secrets.google_secret_manager_secret_version.neo4j_password_version",
            "module.secrets.google_secret_manager_secret_version.neo4j_username_version",
            "module.secrets.google_secret_manager_secret_version.pusher_app_id_version",
            "module.secrets.google_secret_manager_secret_version.pusher_cluster_version",
            "module.secrets.google_secret_manager_secret_version.pusher_key_version",
            "module.secrets.google_secret_manager_secret_version.pusher_secret_version",
            "module.secrets.google_secret_manager_secret_version.selenium_urls_version",
            "module.secrets.google_secret_manager_secret_version.smtp_password_version",
            "module.secrets.google_secret_manager_secret_version.smtp_username_version",
            "module.selenium_chrome_cloud_run.google_cloud_run_service.selenium_standalone_chrome",
            "module.vpc.google_compute_network.vpc",
            "module.vpc.google_compute_subnetwork.custom_subnet"
          ]
        }
      ]
    },
    {
      "module": "module.audit_manager_cloud_run",
      "mode": "managed",
      "type": "google_cloud_run_service",
      "name": "service",
      "provider": "provider[\"registry.terraform.io/hashicorp/google\"]",
      "instances": [
        {
          "schema_version": 2,
          "attributes": {
            "autogenerate_revision_name": false,
            "id": "locations/us-central1/namespaces/webcrawler-450417/services/audit-manager",
            "location": "us-central1",
            "metadata": [
              {
                "annotations": {
                  "run.googleapis.com/ingress": "internal"
                },
                "effective_annotations": {
                  "run.googleapis.com/ingress": "internal",
                  "run.googleapis.com/ingress-status": "internal",
                  "run.googleapis.com/operation-id": "83936075-11b7-47c7-a283-b8d4c6746c82",
                  "run.googleapis.com/urls": "[\"https://audit-manager-673367928406.us-central1.run.app\",\"https://audit-manager-5wvl2oswbq-uc.a.run.app\"]",
                  "serving.knative.dev/creator": "webcrawleraccountmanager@webcrawler-450417.iam.gserviceaccount.com",
                  "serving.knative.dev/lastModifier": "webcrawleraccountmanager@webcrawler-450417.iam.gserviceaccount.com"
                },
                "effective_labels": {
                  "cloud.googleapis.com/location": "us-central1",
                  "goog-terraform-provisioned": "true"
                },
                "generation": 1,
                "labels": null,
                "namespace": "webcrawler-450417",
                "resource_version": "AAY6kEhSuLg",
                "self_link": "/apis/serving.knative.dev/v1/namespaces/673367928406/services/audit-manager",
                "terraform_labels": {
                  "goog-terraform-provisioned": "true"
                },
                "uid": "0f823613-486d-4fe5-bf0b-b6d46c6cd51e"
              }
            ],
            "name": "audit-manager",
            "project": "webcrawler-450417",
            "status": [
              {
                "conditions": [
                  {
                    "message": "",
                    "reason": "",
                    "status": "True",
                    "type": "Ready"
                  },
                  {
                    "message": "",
                    "reason": "",
                    "status": "True",
                    "type": "ConfigurationsReady"
                  },
                  {
                    "message": "",
                    "reason": "",
                    "status": "True",
                    "type": "RoutesReady"
                  }
                ],
                "latest_created_revision_name": "audit-manager-00001-nb8",
                "latest_ready_revision_name": "audit-manager-00001-nb8",
                "observed_generation": 1,
                "traffic": [
                  {
                    "latest_revision": true,
                    "percent": 100,
                    "revision_name": "audit-manager-00001-nb8",
                    "tag": "",
                    "url": ""
                  }
                ],
                "url": "https://audit-manager-5wvl2oswbq-uc.a.run.app"
              }
            ],
            "template": [
              {
                "metadata": [
                  {
                    "annotations": {
                      "autoscaling.knative.dev/maxScale": "10",
                      "run.googleapis.com/client-name": "terraform",
                      "run.googleapis.com/vpc-access-connector": "cloud-run-connector",
                      "run.googleapis.com/vpc-access-egress": "all-traffic"
                    },
                    "generation": 0,
                    "labels": {
                      "run.googleapis.com/startupProbeType": "Default"
                    },
                    "name": "",
                    "namespace": "",
                    "resource_version": "",
                    "self_link": "",
                    "uid": ""
                  }
                ],
                "spec": [
                  {
                    "container_concurrency": 160,
                    "containers": [
                      {
                        "args": null,
                        "command": null,
                        "env": [
                          {
                            "name": "gcp.storage.bucket.name",
                            "value": "looksee-data-dev",
                            "value_from": []
                          },
                          {
                            "name": "pubsub.audit_update",
                            "value": "projects/webcrawler-450417/topics/audit_update",
                            "value_from": []
                          },
                          {
                            "name": "pubsub.error_topic",
                            "value": "projects/webcrawler-450417/topics/audit_error",
                            "value_from": []
                          },
                          {
                            "name": "pubsub.page_audit_topic",
                            "value": "projects/webcrawler-450417/topics/page_audit",
                            "value_from": []
                          },
                          {
                            "name": "spring.cloud.gcp.project-id",
                            "value": "webcrawler-450417",
                            "value_from": []
                          },
                          {
                            "name": "spring.cloud.gcp.region",
                            "value": "us-central1",
                            "value_from": []
                          },
                          {
                            "name": "spring.data.neo4j.database",
                            "value": "",
                            "value_from": [
                              {
                                "secret_key_ref": [
                                  {
                                    "key": "latest",
                                    "name": "neo4j-db-name"
                                  }
                                ]
                              }
                            ]
                          },
                          {
                            "name": "spring.data.neo4j.password",
                            "value": "",
                            "value_from": [
                              {
                                "secret_key_ref": [
                                  {
                                    "key": "latest",
                                    "name": "neo4j-password"
                                  }
                                ]
                              }
                            ]
                          },
                          {
                            "name": "spring.data.neo4j.uri",
                            "value": "",
                            "value_from": [
                              {
                                "secret_key_ref": [
                                  {
                                    "key": "latest",
                                    "name": "neo4j-bolt-uri"
                                  }
                                ]
                              }
                            ]
                          },
                          {
                            "name": "spring.data.neo4j.username",
                            "value": "",
                            "value_from": [
                              {
                                "secret_key_ref": [
                                  {
                                    "key": "latest",
                                    "name": "neo4j-username"
                                  }
                                ]
                              }
                            ]
                          }
                        ],
                        "env_from": [],
                        "image": "docker.io/deepthought42/audit-manager:latest",
                        "liveness_probe": [],
                        "name": "",
                        "ports": [
                          {
                            "container_port": 8080,
                            "name": "http1",
                            "protocol": ""
                          }
                        ],
                        "resources": [
                          {
                            "limits": {
                              "cpu": "2",
                              "memory": "4Gi"
                            },
                            "requests": {
                              "cpu": "1",
                              "memory": "2Gi"
                            }
                          }
                        ],
                        "startup_probe": [
                          {
                            "failure_threshold": 1,
                            "grpc": [],
                            "http_get": [],
                            "initial_delay_seconds": 0,
                            "period_seconds": 240,
                            "tcp_socket": [
                              {
                                "port": 8080
                              }
                            ],
                            "timeout_seconds": 240
                          }
                        ],
                        "volume_mounts": [],
                        "working_dir": ""
                      }
                    ],
                    "node_selector": null,
                    "service_account_name": "cloud-run-sa@webcrawler-450417.iam.gserviceaccount.com",
                    "serving_state": "",
                    "timeout_seconds": 120,
                    "volumes": []
                  }
                ]
              }
            ],
            "timeouts": null,
            "traffic": [
              {
                "latest_revision": true,
                "percent": 100,
                "revision_name": "",
                "tag": "",
                "url": ""
              }
            ]
          },
          "sensitive_attributes": [],
          "identity_schema_version": 0,
          "private": "eyJlMmJmYjczMC1lY2FhLTExZTYtOGY4OC0zNDM2M2JjN2M0YzAiOnsiY3JlYXRlIjoxMjAwMDAwMDAwMDAwLCJkZWxldGUiOjEyMDAwMDAwMDAwMDAsInVwZGF0ZSI6MTIwMDAwMDAwMDAwMH0sInNjaGVtYV92ZXJzaW9uIjoiMiJ9",
          "dependencies": [
            "google_service_account.cloud_run_sa",
            "google_storage_bucket.looksee_data",
            "module.neo4j_db.google_compute_firewall.neo4j-internal",
            "module.neo4j_db.google_compute_instance.neo4j",
            "module.neo4j_db.google_iap_tunnel_instance_iam_member.ssh",
            "module.neo4j_db.google_project_iam_member.neo4j_iap_tunnel_user",
            "module.neo4j_db.google_project_iam_member.neo4j_logging",
            "module.neo4j_db.google_project_iam_member.neo4j_monitoring",
            "module.neo4j_db.google_project_iam_member.neo4j_storage_viewer",
            "module.neo4j_db.google_secret_manager_secret.neo4j_bolt_uri",
            "module.neo4j_db.google_secret_manager_secret_iam_member.neo4j_bolt_uri_secret_accessor",
            "module.neo4j_db.google_secret_manager_secret_version.neo4j_bolt_uri_version",
            "module.neo4j_db.google_service_account.neo4j_instance_sa",
            "module.pubsub_topics.google_pubsub_topic.audit_error_topic",
            "module.pubsub_topics.google_pubsub_topic.audit_update_topic",
            "module.pubsub_topics.google_pubsub_topic.page_audit_topic",
            "module.secrets.google_secret_manager_secret.neo4j_db_name",
            "module.secrets.google_secret_manager_secret.neo4j_password",
            "module.secrets.google_secret_manager_secret.neo4j_username",
            "module.selenium_chrome_cloud_run.google_cloud_run_service.selenium_standalone_chrome",
            "module.vpc.google_compute_network.vpc",
            "module.vpc.google_compute_subnetwork.custom_subnet",
            "module.vpc.google_vpc_access_connector.connector"
          ]
        }
      ]
    },
    {
      "module": "module.audit_manager_cloud_run",
      "mode": "managed",
      "type": "google_cloud_run_service_iam_member",
      "name": "pubsub_invoker",
      "provider": "provider[\"registry.terraform.io/hashicorp/google\"]",
      "instances": [
        {
          "schema_version": 0,
          "attributes": {
            "condition": [],
            "etag": "BwY6kEiliGc=",
            "id": "v1/projects/webcrawler-450417/locations/us-central1/services/audit-manager/roles/run.invoker/serviceAccount:cloud-run-sa@webcrawler-450417.iam.gserviceaccount.com",
            "location": "us-central1",
            "member": "serviceAccount:cloud-run-sa@webcrawler-450417.iam.gserviceaccount.com",
            "project": "webcrawler-450417",
            "role": "roles/run.invoker",
            "service": "v1/projects/webcrawler-450417/locations/us-central1/services/audit-manager"
          },
          "sensitive_attributes": [],
          "identity_schema_version": 0,
          "private": "bnVsbA==",
          "dependencies": [
            "google_service_account.cloud_run_sa",
            "google_storage_bucket.looksee_data",
            "module.audit_manager_cloud_run.google_cloud_run_service.service",
            "module.neo4j_db.google_compute_firewall.neo4j-internal",
            "module.neo4j_db.google_compute_instance.neo4j",
            "module.neo4j_db.google_iap_tunnel_instance_iam_member.ssh",
            "module.neo4j_db.google_project_iam_member.neo4j_iap_tunnel_user",
            "module.neo4j_db.google_project_iam_member.neo4j_logging",
            "module.neo4j_db.google_project_iam_member.neo4j_monitoring",
            "module.neo4j_db.google_project_iam_member.neo4j_storage_viewer",
            "module.neo4j_db.google_secret_manager_secret.neo4j_bolt_uri",
            "module.neo4j_db.google_secret_manager_secret_iam_member.neo4j_bolt_uri_secret_accessor",
            "module.neo4j_db.google_secret_manager_secret_version.neo4j_bolt_uri_version",
            "module.neo4j_db.google_service_account.neo4j_instance_sa",
            "module.pubsub_topics.google_pubsub_topic.audit_error_topic",
            "module.pubsub_topics.google_pubsub_topic.audit_update_topic",
            "module.pubsub_topics.google_pubsub_topic.page_audit_topic",
            "module.secrets.google_secret_manager_secret.neo4j_db_name",
            "module.secrets.google_secret_manager_secret.neo4j_password",
            "module.secrets.google_secret_manager_secret.neo4j_username",
            "module.selenium_chrome_cloud_run.google_cloud_run_service.selenium_standalone_chrome",
            "module.vpc.google_compute_network.vpc",
            "module.vpc.google_compute_subnetwork.custom_subnet",
            "module.vpc.google_vpc_access_connector.connector"
          ]
        }
      ]
    },
    {
      "module": "module.audit_manager_cloud_run.module.pubsub_subscription",
      "mode": "managed",
      "type": "google_pubsub_subscription",
      "name": "subscription",
      "provider": "provider[\"registry.terraform.io/hashicorp/google\"]",
      "instances": [
        {
          "schema_version": 0,
          "attributes": {
            "ack_deadline_seconds": 10,
            "bigquery_config": [],
            "cloud_storage_config": [],
            "dead_letter_policy": [],
            "effective_labels": {
              "goog-terraform-provisioned": "true"
            },
            "enable_exactly_once_delivery": false,
            "enable_message_ordering": false,
            "expiration_policy": [
              {
                "ttl": "2678400s"
              }
            ],
            "filter": "",
            "id": "projects/webcrawler-450417/subscriptions/audit-manager-subscription",
            "labels": null,
            "message_retention_duration": "604800s",
            "message_transforms": [],
            "name": "audit-manager-subscription",
            "project": "webcrawler-450417",
            "push_config": [
              {
                "attributes": null,
                "no_wrapper": [],
                "oidc_token": [
                  {
                    "audience": "",
                    "service_account_email": "pubsub-sa@webcrawler-450417.iam.gserviceaccount.com"
                  }
                ],
                "push_endpoint": "https://audit-manager-5wvl2oswbq-uc.a.run.app"
              }
            ],
            "retain_acked_messages": false,
            "retry_policy": [
              {
                "maximum_backoff": "600s",
                "minimum_backoff": "10s"
              }
            ],
            "terraform_labels": {
              "goog-terraform-provisioned": "true"
            },
            "timeouts": null,
            "topic": "projects/webcrawler-450417/topics/page_created"
          },
          "sensitive_attributes": [],
          "identity_schema_version": 0,
          "private": "eyJlMmJmYjczMC1lY2FhLTExZTYtOGY4OC0zNDM2M2JjN2M0YzAiOnsiY3JlYXRlIjoxMjAwMDAwMDAwMDAwLCJkZWxldGUiOjEyMDAwMDAwMDAwMDAsInVwZGF0ZSI6MTIwMDAwMDAwMDAwMH19",
          "dependencies": [
            "google_service_account.cloud_run_sa",
            "google_service_account.pubsub_sa",
            "google_storage_bucket.looksee_data",
            "module.audit_manager_cloud_run.google_cloud_run_service.service",
            "module.neo4j_db.google_compute_firewall.neo4j-internal",
            "module.neo4j_db.google_compute_instance.neo4j",
            "module.neo4j_db.google_iap_tunnel_instance_iam_member.ssh",
            "module.neo4j_db.google_project_iam_member.neo4j_iap_tunnel_user",
            "module.neo4j_db.google_project_iam_member.neo4j_logging",
            "module.neo4j_db.google_project_iam_member.neo4j_monitoring",
            "module.neo4j_db.google_project_iam_member.neo4j_storage_viewer",
            "module.neo4j_db.google_secret_manager_secret.neo4j_bolt_uri",
            "module.neo4j_db.google_secret_manager_secret_iam_member.neo4j_bolt_uri_secret_accessor",
            "module.neo4j_db.google_secret_manager_secret_version.neo4j_bolt_uri_version",
            "module.neo4j_db.google_service_account.neo4j_instance_sa",
            "module.pubsub_topics.google_pubsub_topic.audit_error_topic",
            "module.pubsub_topics.google_pubsub_topic.audit_update_topic",
            "module.pubsub_topics.google_pubsub_topic.page_audit_topic",
            "module.pubsub_topics.google_pubsub_topic.page_created_topic",
            "module.secrets.google_secret_manager_secret.neo4j_db_name",
            "module.secrets.google_secret_manager_secret.neo4j_password",
            "module.secrets.google_secret_manager_secret.neo4j_username",
            "module.selenium_chrome_cloud_run.google_cloud_run_service.selenium_standalone_chrome",
            "module.vpc.google_compute_network.vpc",
            "module.vpc.google_compute_subnetwork.custom_subnet",
            "module.vpc.google_vpc_access_connector.connector"
          ]
        }
      ]
    },
    {
      "module": "module.audit_service_cloud_run",
      "mode": "managed",
      "type": "google_cloud_run_service",
      "name": "service",
      "provider": "provider[\"registry.terraform.io/hashicorp/google\"]",
      "instances": [
        {
          "schema_version": 2,
          "attributes": {
            "autogenerate_revision_name": false,
            "id": "locations/us-central1/namespaces/webcrawler-450417/services/audit-service",
            "location": "us-central1",
            "metadata": [
              {
                "annotations": {
                  "run.googleapis.com/ingress": "internal"
                },
                "effective_annotations": {
                  "run.googleapis.com/ingress": "internal",
                  "run.googleapis.com/ingress-status": "internal",
                  "run.googleapis.com/operation-id": "7761b0b8-a9ac-4863-96b9-19bad8d2adef",
                  "run.googleapis.com/urls": "[\"https://audit-service-673367928406.us-central1.run.app\",\"https://audit-service-5wvl2oswbq-uc.a.run.app\"]",
                  "serving.knative.dev/creator": "webcrawleraccountmanager@webcrawler-450417.iam.gserviceaccount.com",
                  "serving.knative.dev/lastModifier": "webcrawleraccountmanager@webcrawler-450417.iam.gserviceaccount.com"
                },
                "effective_labels": {
                  "cloud.googleapis.com/location": "us-central1",
                  "goog-terraform-provisioned": "true"
                },
                "generation": 1,
                "labels": null,
                "namespace": "webcrawler-450417",
                "resource_version": "AAY6kEh9ne4",
                "self_link": "/apis/serving.knative.dev/v1/namespaces/673367928406/services/audit-service",
                "terraform_labels": {
                  "goog-terraform-provisioned": "true"
                },
                "uid": "8701b44f-193f-49e6-893f-32f39d7fb0ed"
              }
            ],
            "name": "audit-service",
            "project": "webcrawler-450417",
            "status": [
              {
                "conditions": [
                  {
                    "message": "",
                    "reason": "",
                    "status": "True",
                    "type": "Ready"
                  },
                  {
                    "message": "",
                    "reason": "",
                    "status": "True",
                    "type": "ConfigurationsReady"
                  },
                  {
                    "message": "",
                    "reason": "",
                    "status": "True",
                    "type": "RoutesReady"
                  }
                ],
                "latest_created_revision_name": "audit-service-00001-8vw",
                "latest_ready_revision_name": "audit-service-00001-8vw",
                "observed_generation": 1,
                "traffic": [
                  {
                    "latest_revision": true,
                    "percent": 100,
                    "revision_name": "audit-service-00001-8vw",
                    "tag": "",
                    "url": ""
                  }
                ],
                "url": "https://audit-service-5wvl2oswbq-uc.a.run.app"
              }
            ],
            "template": [
              {
                "metadata": [
                  {
                    "annotations": {
                      "autoscaling.knative.dev/maxScale": "10",
                      "run.googleapis.com/client-name": "terraform",
                      "run.googleapis.com/vpc-access-connector": "cloud-run-connector",
                      "run.googleapis.com/vpc-access-egress": "all-traffic"
                    },
                    "generation": 0,
                    "labels": {
                      "run.googleapis.com/startupProbeType": "Default"
                    },
                    "name": "",
                    "namespace": "",
                    "resource_version": "",
                    "self_link": "",
                    "uid": ""
                  }
                ],
                "spec": [
                  {
                    "container_concurrency": 160,
                    "containers": [
                      {
                        "args": null,
                        "command": null,
                        "env": [
                          {
                            "name": "gcp.storage.bucket.name",
                            "value": "looksee-data-dev",
                            "value_from": []
                          },
                          {
                            "name": "pubsub.audit_update",
                            "value": "projects/webcrawler-450417/topics/audit_update",
                            "value_from": []
                          },
                          {
                            "name": "pubsub.error_topic",
                            "value": "projects/webcrawler-450417/topics/audit_error",
                            "value_from": []
                          },
                          {
                            "name": "pusher.appId",
                            "value": "",
                            "value_from": [
                              {
                                "secret_key_ref": [
                                  {
                                    "key": "latest",
                                    "name": "pusher-app-id"
                                  }
                                ]
                              }
                            ]
                          },
                          {
                            "name": "pusher.cluster",
                            "value": "",
                            "value_from": [
                              {
                                "secret_key_ref": [
                                  {
                                    "key": "latest",
                                    "name": "pusher-cluster"
                                  }
                                ]
                              }
                            ]
                          },
                          {
                            "name": "pusher.key",
                            "value": "",
                            "value_from": [
                              {
                                "secret_key_ref": [
                                  {
                                    "key": "latest",
                                    "name": "pusher-key"
                                  }
                                ]
                              }
                            ]
                          },
                          {
                            "name": "pusher.secret",
                            "value": "",
                            "value_from": [
                              {
                                "secret_key_ref": [
                                  {
                                    "key": "latest",
                                    "name": "pusher-secret"
                                  }
                                ]
                              }
                            ]
                          },
                          {
                            "name": "spring.cloud.gcp.project-id",
                            "value": "webcrawler-450417",
                            "value_from": []
                          },
                          {
                            "name": "spring.cloud.gcp.region",
                            "value": "us-central1",
                            "value_from": []
                          },
                          {
                            "name": "spring.data.neo4j.database",
                            "value": "",
                            "value_from": [
                              {
                                "secret_key_ref": [
                                  {
                                    "key": "latest",
                                    "name": "neo4j-db-name"
                                  }
                                ]
                              }
                            ]
                          },
                          {
                            "name": "spring.data.neo4j.password",
                            "value": "",
                            "value_from": [
                              {
                                "secret_key_ref": [
                                  {
                                    "key": "latest",
                                    "name": "neo4j-password"
                                  }
                                ]
                              }
                            ]
                          },
                          {
                            "name": "spring.data.neo4j.uri",
                            "value": "",
                            "value_from": [
                              {
                                "secret_key_ref": [
                                  {
                                    "key": "latest",
                                    "name": "neo4j-bolt-uri"
                                  }
                                ]
                              }
                            ]
                          },
                          {
                            "name": "spring.data.neo4j.username",
                            "value": "",
                            "value_from": [
                              {
                                "secret_key_ref": [
                                  {
                                    "key": "latest",
                                    "name": "neo4j-username"
                                  }
                                ]
                              }
                            ]
                          }
                        ],
                        "env_from": [],
                        "image": "docker.io/deepthought42/audit-update-service:latest",
                        "liveness_probe": [],
                        "name": "",
                        "ports": [
                          {
                            "container_port": 8080,
                            "name": "http1",
                            "protocol": ""
                          }
                        ],
                        "resources": [
                          {
                            "limits": {
                              "cpu": "2",
                              "memory": "4Gi"
                            },
                            "requests": {
                              "cpu": "1",
                              "memory": "2Gi"
                            }
                          }
                        ],
                        "startup_probe": [
                          {
                            "failure_threshold": 1,
                            "grpc": [],
                            "http_get": [],
                            "initial_delay_seconds": 0,
                            "period_seconds": 240,
                            "tcp_socket": [
                              {
                                "port": 8080
                              }
                            ],
                            "timeout_seconds": 240
                          }
                        ],
                        "volume_mounts": [],
                        "working_dir": ""
                      }
                    ],
                    "node_selector": null,
                    "service_account_name": "cloud-run-sa@webcrawler-450417.iam.gserviceaccount.com",
                    "serving_state": "",
                    "timeout_seconds": 120,
                    "volumes": []
                  }
                ]
              }
            ],
            "timeouts": null,
            "traffic": [
              {
                "latest_revision": true,
                "percent": 100,
                "revision_name": "",
                "tag": "",
                "url": ""
              }
            ]
          },
          "sensitive_attributes": [],
          "identity_schema_version": 0,
          "private": "eyJlMmJmYjczMC1lY2FhLTExZTYtOGY4OC0zNDM2M2JjN2M0YzAiOnsiY3JlYXRlIjoxMjAwMDAwMDAwMDAwLCJkZWxldGUiOjEyMDAwMDAwMDAwMDAsInVwZGF0ZSI6MTIwMDAwMDAwMDAwMH0sInNjaGVtYV92ZXJzaW9uIjoiMiJ9",
          "dependencies": [
            "google_service_account.cloud_run_sa",
            "google_storage_bucket.looksee_data",
            "module.neo4j_db.google_compute_firewall.neo4j-internal",
            "module.neo4j_db.google_compute_instance.neo4j",
            "module.neo4j_db.google_iap_tunnel_instance_iam_member.ssh",
            "module.neo4j_db.google_project_iam_member.neo4j_iap_tunnel_user",
            "module.neo4j_db.google_project_iam_member.neo4j_logging",
            "module.neo4j_db.google_project_iam_member.neo4j_monitoring",
            "module.neo4j_db.google_project_iam_member.neo4j_storage_viewer",
            "module.neo4j_db.google_secret_manager_secret.neo4j_bolt_uri",
            "module.neo4j_db.google_secret_manager_secret_iam_member.neo4j_bolt_uri_secret_accessor",
            "module.neo4j_db.google_secret_manager_secret_version.neo4j_bolt_uri_version",
            "module.neo4j_db.google_service_account.neo4j_instance_sa",
            "module.pubsub_topics.google_pubsub_topic.audit_error_topic",
            "module.pubsub_topics.google_pubsub_topic.audit_update_topic",
            "module.secrets.google_secret_manager_secret.neo4j_db_name",
            "module.secrets.google_secret_manager_secret.neo4j_password",
            "module.secrets.google_secret_manager_secret.neo4j_username",
            "module.secrets.google_secret_manager_secret.pusher_app_id",
            "module.secrets.google_secret_manager_secret.pusher_cluster",
            "module.secrets.google_secret_manager_secret.pusher_key",
            "module.secrets.google_secret_manager_secret.pusher_secret",
            "module.selenium_chrome_cloud_run.google_cloud_run_service.selenium_standalone_chrome",
            "module.vpc.google_compute_network.vpc",
            "module.vpc.google_compute_subnetwork.custom_subnet",
            "module.vpc.google_vpc_access_connector.connector"
          ]
        }
      ]
    },
    {
      "module": "module.audit_service_cloud_run",
      "mode": "managed",
      "type": "google_cloud_run_service_iam_member",
      "name": "pubsub_invoker",
      "provider": "provider[\"registry.terraform.io/hashicorp/google\"]",
      "instances": [
        {
          "schema_version": 0,
          "attributes": {
            "condition": [],
            "etag": "BwY6kEilnbw=",
            "id": "v1/projects/webcrawler-450417/locations/us-central1/services/audit-service/roles/run.invoker/serviceAccount:cloud-run-sa@webcrawler-450417.iam.gserviceaccount.com",
            "location": "us-central1",
            "member": "serviceAccount:cloud-run-sa@webcrawler-450417.iam.gserviceaccount.com",
            "project": "webcrawler-450417",
            "role": "roles/run.invoker",
            "service": "v1/projects/webcrawler-450417/locations/us-central1/services/audit-service"
          },
          "sensitive_attributes": [],
          "identity_schema_version": 0,
          "private": "bnVsbA==",
          "dependencies": [
            "google_service_account.cloud_run_sa",
            "google_storage_bucket.looksee_data",
            "module.audit_service_cloud_run.google_cloud_run_service.service",
            "module.neo4j_db.google_compute_firewall.neo4j-internal",
            "module.neo4j_db.google_compute_instance.neo4j",
            "module.neo4j_db.google_iap_tunnel_instance_iam_member.ssh",
            "module.neo4j_db.google_project_iam_member.neo4j_iap_tunnel_user",
            "module.neo4j_db.google_project_iam_member.neo4j_logging",
            "module.neo4j_db.google_project_iam_member.neo4j_monitoring",
            "module.neo4j_db.google_project_iam_member.neo4j_storage_viewer",
            "module.neo4j_db.google_secret_manager_secret.neo4j_bolt_uri",
            "module.neo4j_db.google_secret_manager_secret_iam_member.neo4j_bolt_uri_secret_accessor",
            "module.neo4j_db.google_secret_manager_secret_version.neo4j_bolt_uri_version",
            "module.neo4j_db.google_service_account.neo4j_instance_sa",
            "module.pubsub_topics.google_pubsub_topic.audit_error_topic",
            "module.pubsub_topics.google_pubsub_topic.audit_update_topic",
            "module.secrets.google_secret_manager_secret.neo4j_db_name",
            "module.secrets.google_secret_manager_secret.neo4j_password",
            "module.secrets.google_secret_manager_secret.neo4j_username",
            "module.secrets.google_secret_manager_secret.pusher_app_id",
            "module.secrets.google_secret_manager_secret.pusher_cluster",
            "module.secrets.google_secret_manager_secret.pusher_key",
            "module.secrets.google_secret_manager_secret.pusher_secret",
            "module.selenium_chrome_cloud_run.google_cloud_run_service.selenium_standalone_chrome",
            "module.vpc.google_compute_network.vpc",
            "module.vpc.google_compute_subnetwork.custom_subnet",
            "module.vpc.google_vpc_access_connector.connector"
          ]
        }
      ]
    },
    {
      "module": "module.audit_service_cloud_run.module.pubsub_subscription",
      "mode": "managed",
      "type": "google_pubsub_subscription",
      "name": "subscription",
      "provider": "provider[\"registry.terraform.io/hashicorp/google\"]",
      "instances": [
        {
          "schema_version": 0,
          "attributes": {
            "ack_deadline_seconds": 10,
            "bigquery_config": [],
            "cloud_storage_config": [],
            "dead_letter_policy": [],
            "effective_labels": {
              "goog-terraform-provisioned": "true"
            },
            "enable_exactly_once_delivery": false,
            "enable_message_ordering": false,
            "expiration_policy": [
              {
                "ttl": "2678400s"
              }
            ],
            "filter": "",
            "id": "projects/webcrawler-450417/subscriptions/audit-service-subscription",
            "labels": null,
            "message_retention_duration": "604800s",
            "message_transforms": [],
            "name": "audit-service-subscription",
            "project": "webcrawler-450417",
            "push_config": [
              {
                "attributes": null,
                "no_wrapper": [],
                "oidc_token": [
                  {
                    "audience": "",
                    "service_account_email": "pubsub-sa@webcrawler-450417.iam.gserviceaccount.com"
                  }
                ],
                "push_endpoint": "https://audit-service-5wvl2oswbq-uc.a.run.app"
              }
            ],
            "retain_acked_messages": false,
            "retry_policy": [
              {
                "maximum_backoff": "600s",
                "minimum_backoff": "10s"
              }
            ],
            "terraform_labels": {
              "goog-terraform-provisioned": "true"
            },
            "timeouts": null,
            "topic": "projects/webcrawler-450417/topics/page_audit"
          },
          "sensitive_attributes": [],
          "identity_schema_version": 0,
          "private": "eyJlMmJmYjczMC1lY2FhLTExZTYtOGY4OC0zNDM2M2JjN2M0YzAiOnsiY3JlYXRlIjoxMjAwMDAwMDAwMDAwLCJkZWxldGUiOjEyMDAwMDAwMDAwMDAsInVwZGF0ZSI6MTIwMDAwMDAwMDAwMH19",
          "dependencies": [
            "google_service_account.cloud_run_sa",
            "google_service_account.pubsub_sa",
            "google_storage_bucket.looksee_data",
            "module.audit_service_cloud_run.google_cloud_run_service.service",
            "module.neo4j_db.google_compute_firewall.neo4j-internal",
            "module.neo4j_db.google_compute_instance.neo4j",
            "module.neo4j_db.google_iap_tunnel_instance_iam_member.ssh",
            "module.neo4j_db.google_project_iam_member.neo4j_iap_tunnel_user",
            "module.neo4j_db.google_project_iam_member.neo4j_logging",
            "module.neo4j_db.google_project_iam_member.neo4j_monitoring",
            "module.neo4j_db.google_project_iam_member.neo4j_storage_viewer",
            "module.neo4j_db.google_secret_manager_secret.neo4j_bolt_uri",
            "module.neo4j_db.google_secret_manager_secret_iam_member.neo4j_bolt_uri_secret_accessor",
            "module.neo4j_db.google_secret_manager_secret_version.neo4j_bolt_uri_version",
            "module.neo4j_db.google_service_account.neo4j_instance_sa",
            "module.pubsub_topics.google_pubsub_topic.audit_error_topic",
            "module.pubsub_topics.google_pubsub_topic.audit_update_topic",
            "module.pubsub_topics.google_pubsub_topic.page_audit_topic",
            "module.secrets.google_secret_manager_secret.neo4j_db_name",
            "module.secrets.google_secret_manager_secret.neo4j_password",
            "module.secrets.google_secret_manager_secret.neo4j_username",
            "module.secrets.google_secret_manager_secret.pusher_app_id",
            "module.secrets.google_secret_manager_secret.pusher_cluster",
            "module.secrets.google_secret_manager_secret.pusher_key",
            "module.secrets.google_secret_manager_secret.pusher_secret",
            "module.selenium_chrome_cloud_run.google_cloud_run_service.selenium_standalone_chrome",
            "module.vpc.google_compute_network.vpc",
            "module.vpc.google_compute_subnetwork.custom_subnet",
            "module.vpc.google_vpc_access_connector.connector"
          ]
        }
      ]
    },
    {
      "module": "module.content_audit_cloud_run",
      "mode": "managed",
      "type": "google_cloud_run_service",
      "name": "service",
      "provider": "provider[\"registry.terraform.io/hashicorp/google\"]",
      "instances": [
        {
          "schema_version": 2,
          "attributes": {
            "autogenerate_revision_name": false,
            "id": "locations/us-central1/namespaces/webcrawler-450417/services/content-audit",
            "location": "us-central1",
            "metadata": [
              {
                "annotations": {
                  "run.googleapis.com/ingress": "internal"
                },
                "effective_annotations": {
                  "run.googleapis.com/ingress": "internal",
                  "run.googleapis.com/ingress-status": "internal",
                  "run.googleapis.com/operation-id": "92182575-769d-4ed7-86fa-2438fdf6cc8a",
                  "run.googleapis.com/urls": "[\"https://content-audit-673367928406.us-central1.run.app\",\"https://content-audit-5wvl2oswbq-uc.a.run.app\"]",
                  "serving.knative.dev/creator": "webcrawleraccountmanager@webcrawler-450417.iam.gserviceaccount.com",
                  "serving.knative.dev/lastModifier": "webcrawleraccountmanager@webcrawler-450417.iam.gserviceaccount.com"
                },
                "effective_labels": {
                  "cloud.googleapis.com/location": "us-central1",
                  "goog-terraform-provisioned": "true"
                },
                "generation": 1,
                "labels": null,
                "namespace": "webcrawler-450417",
                "resource_version": "AAY6kEkrJGQ",
                "self_link": "/apis/serving.knative.dev/v1/namespaces/673367928406/services/content-audit",
                "terraform_labels": {
                  "goog-terraform-provisioned": "true"
                },
                "uid": "5a71e82c-793f-4e41-9f55-827b53b90878"
              }
            ],
            "name": "content-audit",
            "project": "webcrawler-450417",
            "status": [
              {
                "conditions": [
                  {
                    "message": "",
                    "reason": "",
                    "status": "True",
                    "type": "Ready"
                  },
                  {
                    "message": "",
                    "reason": "",
                    "status": "True",
                    "type": "ConfigurationsReady"
                  },
                  {
                    "message": "",
                    "reason": "",
                    "status": "True",
                    "type": "RoutesReady"
                  }
                ],
                "latest_created_revision_name": "content-audit-00001-q28",
                "latest_ready_revision_name": "content-audit-00001-q28",
                "observed_generation": 1,
                "traffic": [
                  {
                    "latest_revision": true,
                    "percent": 100,
                    "revision_name": "content-audit-00001-q28",
                    "tag": "",
                    "url": ""
                  }
                ],
                "url": "https://content-audit-5wvl2oswbq-uc.a.run.app"
              }
            ],
            "template": [
              {
                "metadata": [
                  {
                    "annotations": {
                      "autoscaling.knative.dev/maxScale": "10",
                      "run.googleapis.com/client-name": "terraform",
                      "run.googleapis.com/vpc-access-connector": "cloud-run-connector",
                      "run.googleapis.com/vpc-access-egress": "all-traffic"
                    },
                    "generation": 0,
                    "labels": {
                      "run.googleapis.com/startupProbeType": "Default"
                    },
                    "name": "",
                    "namespace": "",
                    "resource_version": "",
                    "self_link": "",
                    "uid": ""
                  }
                ],
                "spec": [
                  {
                    "container_concurrency": 160,
                    "containers": [
                      {
                        "args": null,
                        "command": null,
                        "env": [
                          {
                            "name": "gcp.storage.bucket.name",
                            "value": "looksee-data-dev",
                            "value_from": []
                          },
                          {
                            "name": "pubsub.audit_update",
                            "value": "projects/webcrawler-450417/topics/audit_update",
                            "value_from": []
                          },
                          {
                            "name": "pubsub.error_topic",
                            "value": "projects/webcrawler-450417/topics/audit_error",
                            "value_from": []
                          },
                          {
                            "name": "spring.cloud.gcp.project-id",
                            "value": "webcrawler-450417",
                            "value_from": []
                          },
                          {
                            "name": "spring.cloud.gcp.region",
                            "value": "us-central1",
                            "value_from": []
                          },
                          {
                            "name": "spring.data.neo4j.database",
                            "value": "",
                            "value_from": [
                              {
                                "secret_key_ref": [
                                  {
                                    "key": "latest",
                                    "name": "neo4j-db-name"
                                  }
                                ]
                              }
                            ]
                          },
                          {
                            "name": "spring.data.neo4j.password",
                            "value": "",
                            "value_from": [
                              {
                                "secret_key_ref": [
                                  {
                                    "key": "latest",
                                    "name": "neo4j-password"
                                  }
                                ]
                              }
                            ]
                          },
                          {
                            "name": "spring.data.neo4j.uri",
                            "value": "",
                            "value_from": [
                              {
                                "secret_key_ref": [
                                  {
                                    "key": "latest",
                                    "name": "neo4j-bolt-uri"
                                  }
                                ]
                              }
                            ]
                          },
                          {
                            "name": "spring.data.neo4j.username",
                            "value": "",
                            "value_from": [
                              {
                                "secret_key_ref": [
                                  {
                                    "key": "latest",
                                    "name": "neo4j-username"
                                  }
                                ]
                              }
                            ]
                          }
                        ],
                        "env_from": [],
                        "image": "docker.io/deepthought42/content-audit:latest",
                        "liveness_probe": [],
                        "name": "",
                        "ports": [
                          {
                            "container_port": 8080,
                            "name": "http1",
                            "protocol": ""
                          }
                        ],
                        "resources": [
                          {
                            "limits": {
                              "cpu": "2",
                              "memory": "4Gi"
                            },
                            "requests": {
                              "cpu": "1",
                              "memory": "2Gi"
                            }
                          }
                        ],
                        "startup_probe": [
                          {
                            "failure_threshold": 1,
                            "grpc": [],
                            "http_get": [],
                            "initial_delay_seconds": 0,
                            "period_seconds": 240,
                            "tcp_socket": [
                              {
                                "port": 8080
                              }
                            ],
                            "timeout_seconds": 240
                          }
                        ],
                        "volume_mounts": [],
                        "working_dir": ""
                      }
                    ],
                    "node_selector": null,
                    "service_account_name": "cloud-run-sa@webcrawler-450417.iam.gserviceaccount.com",
                    "serving_state": "",
                    "timeout_seconds": 120,
                    "volumes": []
                  }
                ]
              }
            ],
            "timeouts": null,
            "traffic": [
              {
                "latest_revision": true,
                "percent": 100,
                "revision_name": "",
                "tag": "",
                "url": ""
              }
            ]
          },
          "sensitive_attributes": [],
          "identity_schema_version": 0,
          "private": "eyJlMmJmYjczMC1lY2FhLTExZTYtOGY4OC0zNDM2M2JjN2M0YzAiOnsiY3JlYXRlIjoxMjAwMDAwMDAwMDAwLCJkZWxldGUiOjEyMDAwMDAwMDAwMDAsInVwZGF0ZSI6MTIwMDAwMDAwMDAwMH0sInNjaGVtYV92ZXJzaW9uIjoiMiJ9",
          "dependencies": [
            "google_service_account.cloud_run_sa",
            "google_storage_bucket.looksee_data",
            "module.neo4j_db.google_compute_firewall.neo4j-internal",
            "module.neo4j_db.google_compute_instance.neo4j",
            "module.neo4j_db.google_iap_tunnel_instance_iam_member.ssh",
            "module.neo4j_db.google_project_iam_member.neo4j_iap_tunnel_user",
            "module.neo4j_db.google_project_iam_member.neo4j_logging",
            "module.neo4j_db.google_project_iam_member.neo4j_monitoring",
            "module.neo4j_db.google_project_iam_member.neo4j_storage_viewer",
            "module.neo4j_db.google_secret_manager_secret.neo4j_bolt_uri",
            "module.neo4j_db.google_secret_manager_secret_iam_member.neo4j_bolt_uri_secret_accessor",
            "module.neo4j_db.google_secret_manager_secret_version.neo4j_bolt_uri_version",
            "module.neo4j_db.google_service_account.neo4j_instance_sa",
            "module.pubsub_topics.google_pubsub_topic.audit_error_topic",
            "module.pubsub_topics.google_pubsub_topic.audit_update_topic",
            "module.secrets.google_secret_manager_secret.neo4j_db_name",
            "module.secrets.google_secret_manager_secret.neo4j_password",
            "module.secrets.google_secret_manager_secret.neo4j_username",
            "module.selenium_chrome_cloud_run.google_cloud_run_service.selenium_standalone_chrome",
            "module.vpc.google_compute_network.vpc",
            "module.vpc.google_compute_subnetwork.custom_subnet",
            "module.vpc.google_vpc_access_connector.connector"
          ]
        }
      ]
    },
    {
      "module": "module.content_audit_cloud_run",
      "mode": "managed",
      "type": "google_cloud_run_service_iam_member",
      "name": "pubsub_invoker",
      "provider": "provider[\"registry.terraform.io/hashicorp/google\"]",
      "instances": [
        {
          "schema_version": 0,
          "attributes": {
            "condition": [],
            "etag": "BwY6kEk+GbU=",
            "id": "v1/projects/webcrawler-450417/locations/us-central1/services/content-audit/roles/run.invoker/serviceAccount:cloud-run-sa@webcrawler-450417.iam.gserviceaccount.com",
            "location": "us-central1",
            "member": "serviceAccount:cloud-run-sa@webcrawler-450417.iam.gserviceaccount.com",
            "project": "webcrawler-450417",
            "role": "roles/run.invoker",
            "service": "v1/projects/webcrawler-450417/locations/us-central1/services/content-audit"
          },
          "sensitive_attributes": [],
          "identity_schema_version": 0,
          "private": "bnVsbA==",
          "dependencies": [
            "google_service_account.cloud_run_sa",
            "google_storage_bucket.looksee_data",
            "module.content_audit_cloud_run.google_cloud_run_service.service",
            "module.neo4j_db.google_compute_firewall.neo4j-internal",
            "module.neo4j_db.google_compute_instance.neo4j",
            "module.neo4j_db.google_iap_tunnel_instance_iam_member.ssh",
            "module.neo4j_db.google_project_iam_member.neo4j_iap_tunnel_user",
            "module.neo4j_db.google_project_iam_member.neo4j_logging",
            "module.neo4j_db.google_project_iam_member.neo4j_monitoring",
            "module.neo4j_db.google_project_iam_member.neo4j_storage_viewer",
            "module.neo4j_db.google_secret_manager_secret.neo4j_bolt_uri",
            "module.neo4j_db.google_secret_manager_secret_iam_member.neo4j_bolt_uri_secret_accessor",
            "module.neo4j_db.google_secret_manager_secret_version.neo4j_bolt_uri_version",
            "module.neo4j_db.google_service_account.neo4j_instance_sa",
            "module.pubsub_topics.google_pubsub_topic.audit_error_topic",
            "module.pubsub_topics.google_pubsub_topic.audit_update_topic",
            "module.secrets.google_secret_manager_secret.neo4j_db_name",
            "module.secrets.google_secret_manager_secret.neo4j_password",
            "module.secrets.google_secret_manager_secret.neo4j_username",
            "module.selenium_chrome_cloud_run.google_cloud_run_service.selenium_standalone_chrome",
            "module.vpc.google_compute_network.vpc",
            "module.vpc.google_compute_subnetwork.custom_subnet",
            "module.vpc.google_vpc_access_connector.connector"
          ]
        }
      ]
    },
    {
      "module": "module.content_audit_cloud_run.module.pubsub_subscription",
      "mode": "managed",
      "type": "google_pubsub_subscription",
      "name": "subscription",
      "provider": "provider[\"registry.terraform.io/hashicorp/google\"]",
      "instances": [
        {
          "schema_version": 0,
          "attributes": {
            "ack_deadline_seconds": 10,
            "bigquery_config": [],
            "cloud_storage_config": [],
            "dead_letter_policy": [],
            "effective_labels": {
              "goog-terraform-provisioned": "true"
            },
            "enable_exactly_once_delivery": false,
            "enable_message_ordering": false,
            "expiration_policy": [
              {
                "ttl": "2678400s"
              }
            ],
            "filter": "",
            "id": "projects/webcrawler-450417/subscriptions/content-audit-subscription",
            "labels": null,
            "message_retention_duration": "604800s",
            "message_transforms": [],
            "name": "content-audit-subscription",
            "project": "webcrawler-450417",
            "push_config": [
              {
                "attributes": null,
                "no_wrapper": [],
                "oidc_token": [
                  {
                    "audience": "",
                    "service_account_email": "pubsub-sa@webcrawler-450417.iam.gserviceaccount.com"
                  }
                ],
                "push_endpoint": "https://content-audit-5wvl2oswbq-uc.a.run.app"
              }
            ],
            "retain_acked_messages": false,
            "retry_policy": [
              {
                "maximum_backoff": "600s",
                "minimum_backoff": "10s"
              }
            ],
            "terraform_labels": {
              "goog-terraform-provisioned": "true"
            },
            "timeouts": null,
            "topic": "projects/webcrawler-450417/topics/page_audit"
          },
          "sensitive_attributes": [],
          "identity_schema_version": 0,
          "private": "eyJlMmJmYjczMC1lY2FhLTExZTYtOGY4OC0zNDM2M2JjN2M0YzAiOnsiY3JlYXRlIjoxMjAwMDAwMDAwMDAwLCJkZWxldGUiOjEyMDAwMDAwMDAwMDAsInVwZGF0ZSI6MTIwMDAwMDAwMDAwMH19",
          "dependencies": [
            "google_service_account.cloud_run_sa",
            "google_service_account.pubsub_sa",
            "google_storage_bucket.looksee_data",
            "module.content_audit_cloud_run.google_cloud_run_service.service",
            "module.neo4j_db.google_compute_firewall.neo4j-internal",
            "module.neo4j_db.google_compute_instance.neo4j",
            "module.neo4j_db.google_iap_tunnel_instance_iam_member.ssh",
            "module.neo4j_db.google_project_iam_member.neo4j_iap_tunnel_user",
            "module.neo4j_db.google_project_iam_member.neo4j_logging",
            "module.neo4j_db.google_project_iam_member.neo4j_monitoring",
            "module.neo4j_db.google_project_iam_member.neo4j_storage_viewer",
            "module.neo4j_db.google_secret_manager_secret.neo4j_bolt_uri",
            "module.neo4j_db.google_secret_manager_secret_iam_member.neo4j_bolt_uri_secret_accessor",
            "module.neo4j_db.google_secret_manager_secret_version.neo4j_bolt_uri_version",
            "module.neo4j_db.google_service_account.neo4j_instance_sa",
            "module.pubsub_topics.google_pubsub_topic.audit_error_topic",
            "module.pubsub_topics.google_pubsub_topic.audit_update_topic",
            "module.pubsub_topics.google_pubsub_topic.page_audit_topic",
            "module.secrets.google_secret_manager_secret.neo4j_db_name",
            "module.secrets.google_secret_manager_secret.neo4j_password",
            "module.secrets.google_secret_manager_secret.neo4j_username",
            "module.selenium_chrome_cloud_run.google_cloud_run_service.selenium_standalone_chrome",
            "module.vpc.google_compute_network.vpc",
            "module.vpc.google_compute_subnetwork.custom_subnet",
            "module.vpc.google_vpc_access_connector.connector"
          ]
        }
      ]
    },
    {
      "module": "module.information_architecture_audit_cloud_run",
      "mode": "managed",
      "type": "google_cloud_run_service",
      "name": "service",
      "provider": "provider[\"registry.terraform.io/hashicorp/google\"]",
      "instances": [
        {
          "schema_version": 2,
          "attributes": {
            "autogenerate_revision_name": false,
            "id": "locations/us-central1/namespaces/webcrawler-450417/services/information-architecture-audit",
            "location": "us-central1",
            "metadata": [
              {
                "annotations": {
                  "run.googleapis.com/ingress": "internal"
                },
                "effective_annotations": {
                  "run.googleapis.com/ingress": "internal",
                  "run.googleapis.com/ingress-status": "internal",
                  "run.googleapis.com/operation-id": "d9d192d6-1cea-4245-9887-6f7bba1319bd",
                  "run.googleapis.com/urls": "[\"https://information-architecture-audit-673367928406.us-central1.run.app\",\"https://information-architecture-audit-5wvl2oswbq-uc.a.run.app\"]",
                  "serving.knative.dev/creator": "webcrawleraccountmanager@webcrawler-450417.iam.gserviceaccount.com",
                  "serving.knative.dev/lastModifier": "webcrawleraccountmanager@webcrawler-450417.iam.gserviceaccount.com"
                },
                "effective_labels": {
                  "cloud.googleapis.com/location": "us-central1",
                  "goog-terraform-provisioned": "true"
                },
                "generation": 1,
                "labels": null,
                "namespace": "webcrawler-450417",
                "resource_version": "AAY6kEhOlkw",
                "self_link": "/apis/serving.knative.dev/v1/namespaces/673367928406/services/information-architecture-audit",
                "terraform_labels": {
                  "goog-terraform-provisioned": "true"
                },
                "uid": "aac6613a-7066-4b2a-b6d5-526cfbec3135"
              }
            ],
            "name": "information-architecture-audit",
            "project": "webcrawler-450417",
            "status": [
              {
                "conditions": [
                  {
                    "message": "",
                    "reason": "",
                    "status": "True",
                    "type": "Ready"
                  },
                  {
                    "message": "",
                    "reason": "",
                    "status": "True",
                    "type": "ConfigurationsReady"
                  },
                  {
                    "message": "",
                    "reason": "",
                    "status": "True",
                    "type": "RoutesReady"
                  }
                ],
                "latest_created_revision_name": "information-architecture-audit-00001-vdm",
                "latest_ready_revision_name": "information-architecture-audit-00001-vdm",
                "observed_generation": 1,
                "traffic": [
                  {
                    "latest_revision": true,
                    "percent": 100,
                    "revision_name": "information-architecture-audit-00001-vdm",
                    "tag": "",
                    "url": ""
                  }
                ],
                "url": "https://information-architecture-audit-5wvl2oswbq-uc.a.run.app"
              }
            ],
            "template": [
              {
                "metadata": [
                  {
                    "annotations": {
                      "autoscaling.knative.dev/maxScale": "10",
                      "run.googleapis.com/client-name": "terraform",
                      "run.googleapis.com/vpc-access-connector": "cloud-run-connector",
                      "run.googleapis.com/vpc-access-egress": "all-traffic"
                    },
                    "generation": 0,
                    "labels": {
                      "run.googleapis.com/startupProbeType": "Default"
                    },
                    "name": "",
                    "namespace": "",
                    "resource_version": "",
                    "self_link": "",
                    "uid": ""
                  }
                ],
                "spec": [
                  {
                    "container_concurrency": 160,
                    "containers": [
                      {
                        "args": null,
                        "command": null,
                        "env": [
                          {
                            "name": "gcp.storage.bucket.name",
                            "value": "looksee-data-dev",
                            "value_from": []
                          },
                          {
                            "name": "pubsub.audit_update",
                            "value": "projects/webcrawler-450417/topics/audit_update",
                            "value_from": []
                          },
                          {
                            "name": "pubsub.error_topic",
                            "value": "projects/webcrawler-450417/topics/audit_error",
                            "value_from": []
                          },
                          {
                            "name": "spring.cloud.gcp.project-id",
                            "value": "webcrawler-450417",
                            "value_from": []
                          },
                          {
                            "name": "spring.cloud.gcp.region",
                            "value": "us-central1",
                            "value_from": []
                          },
                          {
                            "name": "spring.data.neo4j.database",
                            "value": "",
                            "value_from": [
                              {
                                "secret_key_ref": [
                                  {
                                    "key": "latest",
                                    "name": "neo4j-db-name"
                                  }
                                ]
                              }
                            ]
                          },
                          {
                            "name": "spring.data.neo4j.password",
                            "value": "",
                            "value_from": [
                              {
                                "secret_key_ref": [
                                  {
                                    "key": "latest",
                                    "name": "neo4j-password"
                                  }
                                ]
                              }
                            ]
                          },
                          {
                            "name": "spring.data.neo4j.uri",
                            "value": "",
                            "value_from": [
                              {
                                "secret_key_ref": [
                                  {
                                    "key": "latest",
                                    "name": "neo4j-bolt-uri"
                                  }
                                ]
                              }
                            ]
                          },
                          {
                            "name": "spring.data.neo4j.username",
                            "value": "",
                            "value_from": [
                              {
                                "secret_key_ref": [
                                  {
                                    "key": "latest",
                                    "name": "neo4j-username"
                                  }
                                ]
                              }
                            ]
                          }
                        ],
                        "env_from": [],
                        "image": "docker.io/deepthought42/information-architecture-audit:latest",
                        "liveness_probe": [],
                        "name": "",
                        "ports": [
                          {
                            "container_port": 8080,
                            "name": "http1",
                            "protocol": ""
                          }
                        ],
                        "resources": [
                          {
                            "limits": {
                              "cpu": "2",
                              "memory": "4Gi"
                            },
                            "requests": {
                              "cpu": "1",
                              "memory": "2Gi"
                            }
                          }
                        ],
                        "startup_probe": [
                          {
                            "failure_threshold": 1,
                            "grpc": [],
                            "http_get": [],
                            "initial_delay_seconds": 0,
                            "period_seconds": 240,
                            "tcp_socket": [
                              {
                                "port": 8080
                              }
                            ],
                            "timeout_seconds": 240
                          }
                        ],
                        "volume_mounts": [],
                        "working_dir": ""
                      }
                    ],
                    "node_selector": null,
                    "service_account_name": "cloud-run-sa@webcrawler-450417.iam.gserviceaccount.com",
                    "serving_state": "",
                    "timeout_seconds": 120,
                    "volumes": []
                  }
                ]
              }
            ],
            "timeouts": null,
            "traffic": [
              {
                "latest_revision": true,
                "percent": 100,
                "revision_name": "",
                "tag": "",
                "url": ""
              }
            ]
          },
          "sensitive_attributes": [],
          "identity_schema_version": 0,
          "private": "eyJlMmJmYjczMC1lY2FhLTExZTYtOGY4OC0zNDM2M2JjN2M0YzAiOnsiY3JlYXRlIjoxMjAwMDAwMDAwMDAwLCJkZWxldGUiOjEyMDAwMDAwMDAwMDAsInVwZGF0ZSI6MTIwMDAwMDAwMDAwMH0sInNjaGVtYV92ZXJzaW9uIjoiMiJ9",
          "dependencies": [
            "google_service_account.cloud_run_sa",
            "google_storage_bucket.looksee_data",
            "module.neo4j_db.google_compute_firewall.neo4j-internal",
            "module.neo4j_db.google_compute_instance.neo4j",
            "module.neo4j_db.google_iap_tunnel_instance_iam_member.ssh",
            "module.neo4j_db.google_project_iam_member.neo4j_iap_tunnel_user",
            "module.neo4j_db.google_project_iam_member.neo4j_logging",
            "module.neo4j_db.google_project_iam_member.neo4j_monitoring",
            "module.neo4j_db.google_project_iam_member.neo4j_storage_viewer",
            "module.neo4j_db.google_secret_manager_secret.neo4j_bolt_uri",
            "module.neo4j_db.google_secret_manager_secret_iam_member.neo4j_bolt_uri_secret_accessor",
            "module.neo4j_db.google_secret_manager_secret_version.neo4j_bolt_uri_version",
            "module.neo4j_db.google_service_account.neo4j_instance_sa",
            "module.pubsub_topics.google_pubsub_topic.audit_error_topic",
            "module.pubsub_topics.google_pubsub_topic.audit_update_topic",
            "module.secrets.google_secret_manager_secret.neo4j_db_name",
            "module.secrets.google_secret_manager_secret.neo4j_password",
            "module.secrets.google_secret_manager_secret.neo4j_username",
            "module.selenium_chrome_cloud_run.google_cloud_run_service.selenium_standalone_chrome",
            "module.vpc.google_compute_network.vpc",
            "module.vpc.google_compute_subnetwork.custom_subnet",
            "module.vpc.google_vpc_access_connector.connector"
          ]
        }
      ]
    },
    {
      "module": "module.information_architecture_audit_cloud_run",
      "mode": "managed",
      "type": "google_cloud_run_service_iam_member",
      "name": "pubsub_invoker",
      "provider": "provider[\"registry.terraform.io/hashicorp/google\"]",
      "instances": [
        {
          "schema_version": 0,
          "attributes": {
            "condition": [],
            "etag": "BwY6kEilj9c=",
            "id": "v1/projects/webcrawler-450417/locations/us-central1/services/information-architecture-audit/roles/run.invoker/serviceAccount:cloud-run-sa@webcrawler-450417.iam.gserviceaccount.com",
            "location": "us-central1",
            "member": "serviceAccount:cloud-run-sa@webcrawler-450417.iam.gserviceaccount.com",
            "project": "webcrawler-450417",
            "role": "roles/run.invoker",
            "service": "v1/projects/webcrawler-450417/locations/us-central1/services/information-architecture-audit"
          },
          "sensitive_attributes": [],
          "identity_schema_version": 0,
          "private": "bnVsbA==",
          "dependencies": [
            "google_service_account.cloud_run_sa",
            "google_storage_bucket.looksee_data",
            "module.information_architecture_audit_cloud_run.google_cloud_run_service.service",
            "module.neo4j_db.google_compute_firewall.neo4j-internal",
            "module.neo4j_db.google_compute_instance.neo4j",
            "module.neo4j_db.google_iap_tunnel_instance_iam_member.ssh",
            "module.neo4j_db.google_project_iam_member.neo4j_iap_tunnel_user",
            "module.neo4j_db.google_project_iam_member.neo4j_logging",
            "module.neo4j_db.google_project_iam_member.neo4j_monitoring",
            "module.neo4j_db.google_project_iam_member.neo4j_storage_viewer",
            "module.neo4j_db.google_secret_manager_secret.neo4j_bolt_uri",
            "module.neo4j_db.google_secret_manager_secret_iam_member.neo4j_bolt_uri_secret_accessor",
            "module.neo4j_db.google_secret_manager_secret_version.neo4j_bolt_uri_version",
            "module.neo4j_db.google_service_account.neo4j_instance_sa",
            "module.pubsub_topics.google_pubsub_topic.audit_error_topic",
            "module.pubsub_topics.google_pubsub_topic.audit_update_topic",
            "module.secrets.google_secret_manager_secret.neo4j_db_name",
            "module.secrets.google_secret_manager_secret.neo4j_password",
            "module.secrets.google_secret_manager_secret.neo4j_username",
            "module.selenium_chrome_cloud_run.google_cloud_run_service.selenium_standalone_chrome",
            "module.vpc.google_compute_network.vpc",
            "module.vpc.google_compute_subnetwork.custom_subnet",
            "module.vpc.google_vpc_access_connector.connector"
          ]
        }
      ]
    },
    {
      "module": "module.information_architecture_audit_cloud_run.module.pubsub_subscription",
      "mode": "managed",
      "type": "google_pubsub_subscription",
      "name": "subscription",
      "provider": "provider[\"registry.terraform.io/hashicorp/google\"]",
      "instances": [
        {
          "schema_version": 0,
          "attributes": {
            "ack_deadline_seconds": 10,
            "bigquery_config": [],
            "cloud_storage_config": [],
            "dead_letter_policy": [],
            "effective_labels": {
              "goog-terraform-provisioned": "true"
            },
            "enable_exactly_once_delivery": false,
            "enable_message_ordering": false,
            "expiration_policy": [
              {
                "ttl": "2678400s"
              }
            ],
            "filter": "",
            "id": "projects/webcrawler-450417/subscriptions/information-architecture-audit-subscription",
            "labels": null,
            "message_retention_duration": "604800s",
            "message_transforms": [],
            "name": "information-architecture-audit-subscription",
            "project": "webcrawler-450417",
            "push_config": [
              {
                "attributes": null,
                "no_wrapper": [],
                "oidc_token": [
                  {
                    "audience": "",
                    "service_account_email": "pubsub-sa@webcrawler-450417.iam.gserviceaccount.com"
                  }
                ],
                "push_endpoint": "https://information-architecture-audit-5wvl2oswbq-uc.a.run.app"
              }
            ],
            "retain_acked_messages": false,
            "retry_policy": [
              {
                "maximum_backoff": "600s",
                "minimum_backoff": "10s"
              }
            ],
            "terraform_labels": {
              "goog-terraform-provisioned": "true"
            },
            "timeouts": null,
            "topic": "projects/webcrawler-450417/topics/page_audit"
          },
          "sensitive_attributes": [],
          "identity_schema_version": 0,
          "private": "eyJlMmJmYjczMC1lY2FhLTExZTYtOGY4OC0zNDM2M2JjN2M0YzAiOnsiY3JlYXRlIjoxMjAwMDAwMDAwMDAwLCJkZWxldGUiOjEyMDAwMDAwMDAwMDAsInVwZGF0ZSI6MTIwMDAwMDAwMDAwMH19",
          "dependencies": [
            "google_service_account.cloud_run_sa",
            "google_service_account.pubsub_sa",
            "google_storage_bucket.looksee_data",
            "module.information_architecture_audit_cloud_run.google_cloud_run_service.service",
            "module.neo4j_db.google_compute_firewall.neo4j-internal",
            "module.neo4j_db.google_compute_instance.neo4j",
            "module.neo4j_db.google_iap_tunnel_instance_iam_member.ssh",
            "module.neo4j_db.google_project_iam_member.neo4j_iap_tunnel_user",
            "module.neo4j_db.google_project_iam_member.neo4j_logging",
            "module.neo4j_db.google_project_iam_member.neo4j_monitoring",
            "module.neo4j_db.google_project_iam_member.neo4j_storage_viewer",
            "module.neo4j_db.google_secret_manager_secret.neo4j_bolt_uri",
            "module.neo4j_db.google_secret_manager_secret_iam_member.neo4j_bolt_uri_secret_accessor",
            "module.neo4j_db.google_secret_manager_secret_version.neo4j_bolt_uri_version",
            "module.neo4j_db.google_service_account.neo4j_instance_sa",
            "module.pubsub_topics.google_pubsub_topic.audit_error_topic",
            "module.pubsub_topics.google_pubsub_topic.audit_update_topic",
            "module.pubsub_topics.google_pubsub_topic.page_audit_topic",
            "module.secrets.google_secret_manager_secret.neo4j_db_name",
            "module.secrets.google_secret_manager_secret.neo4j_password",
            "module.secrets.google_secret_manager_secret.neo4j_username",
            "module.selenium_chrome_cloud_run.google_cloud_run_service.selenium_standalone_chrome",
            "module.vpc.google_compute_network.vpc",
            "module.vpc.google_compute_subnetwork.custom_subnet",
            "module.vpc.google_vpc_access_connector.connector"
          ]
        }
      ]
    },
    {
      "module": "module.journey_executor_cloud_run",
      "mode": "managed",
      "type": "google_cloud_run_service",
      "name": "service",
      "provider": "provider[\"registry.terraform.io/hashicorp/google\"]",
      "instances": [
        {
          "schema_version": 2,
          "attributes": {
            "autogenerate_revision_name": false,
            "id": "locations/us-central1/namespaces/webcrawler-450417/services/journey-executor",
            "location": "us-central1",
            "metadata": [
              {
                "annotations": {
                  "run.googleapis.com/ingress": "internal"
                },
                "effective_annotations": {
                  "run.googleapis.com/ingress": "internal",
                  "run.googleapis.com/ingress-status": "internal",
                  "run.googleapis.com/operation-id": "2454dd13-ede1-4272-86c9-687833055313",
                  "run.googleapis.com/urls": "[\"https://journey-executor-673367928406.us-central1.run.app\",\"https://journey-executor-5wvl2oswbq-uc.a.run.app\"]",
                  "serving.knative.dev/creator": "webcrawleraccountmanager@webcrawler-450417.iam.gserviceaccount.com",
                  "serving.knative.dev/lastModifier": "webcrawleraccountmanager@webcrawler-450417.iam.gserviceaccount.com"
                },
                "effective_labels": {
                  "cloud.googleapis.com/location": "us-central1",
                  "goog-terraform-provisioned": "true"
                },
                "generation": 1,
                "labels": null,
                "namespace": "webcrawler-450417",
                "resource_version": "AAY6kEgGjUs",
                "self_link": "/apis/serving.knative.dev/v1/namespaces/673367928406/services/journey-executor",
                "terraform_labels": {
                  "goog-terraform-provisioned": "true"
                },
                "uid": "34d3d4d9-5bc0-4d9d-ac25-c517830b42f7"
              }
            ],
            "name": "journey-executor",
            "project": "webcrawler-450417",
            "status": [
              {
                "conditions": [
                  {
                    "message": "",
                    "reason": "",
                    "status": "True",
                    "type": "Ready"
                  },
                  {
                    "message": "",
                    "reason": "",
                    "status": "True",
                    "type": "ConfigurationsReady"
                  },
                  {
                    "message": "",
                    "reason": "",
                    "status": "True",
                    "type": "RoutesReady"
                  }
                ],
                "latest_created_revision_name": "journey-executor-00001-qnm",
                "latest_ready_revision_name": "journey-executor-00001-qnm",
                "observed_generation": 1,
                "traffic": [
                  {
                    "latest_revision": true,
                    "percent": 100,
                    "revision_name": "journey-executor-00001-qnm",
                    "tag": "",
                    "url": ""
                  }
                ],
                "url": "https://journey-executor-5wvl2oswbq-uc.a.run.app"
              }
            ],
            "template": [
              {
                "metadata": [
                  {
                    "annotations": {
                      "autoscaling.knative.dev/maxScale": "10",
                      "run.googleapis.com/client-name": "terraform",
                      "run.googleapis.com/vpc-access-connector": "cloud-run-connector",
                      "run.googleapis.com/vpc-access-egress": "all-traffic"
                    },
                    "generation": 0,
                    "labels": {
                      "run.googleapis.com/startupProbeType": "Default"
                    },
                    "name": "",
                    "namespace": "",
                    "resource_version": "",
                    "self_link": "",
                    "uid": ""
                  }
                ],
                "spec": [
                  {
                    "container_concurrency": 160,
                    "containers": [
                      {
                        "args": null,
                        "command": null,
                        "env": [
                          {
                            "name": "gcp.storage.bucket.name",
                            "value": "looksee-data-dev",
                            "value_from": []
                          },
                          {
                            "name": "pubsub.discarded_journey_topic",
                            "value": "projects/webcrawler-450417/topics/journey_discarded",
                            "value_from": []
                          },
                          {
                            "name": "pubsub.error_topic",
                            "value": "projects/webcrawler-450417/topics/audit_error",
                            "value_from": []
                          },
                          {
                            "name": "pubsub.journey_verified",
                            "value": "projects/webcrawler-450417/topics/journey_verified",
                            "value_from": []
                          },
                          {
                            "name": "pubsub.page_built",
                            "value": "projects/webcrawler-450417/topics/page_created",
                            "value_from": []
                          },
                          {
                            "name": "selenium.urls",
                            "value": "seleniumurls",
                            "value_from": []
                          },
                          {
                            "name": "spring.cloud.gcp.project-id",
                            "value": "webcrawler-450417",
                            "value_from": []
                          },
                          {
                            "name": "spring.cloud.gcp.region",
                            "value": "us-central1",
                            "value_from": []
                          },
                          {
                            "name": "spring.data.neo4j.database",
                            "value": "",
                            "value_from": [
                              {
                                "secret_key_ref": [
                                  {
                                    "key": "latest",
                                    "name": "neo4j-db-name"
                                  }
                                ]
                              }
                            ]
                          },
                          {
                            "name": "spring.data.neo4j.password",
                            "value": "",
                            "value_from": [
                              {
                                "secret_key_ref": [
                                  {
                                    "key": "latest",
                                    "name": "neo4j-password"
                                  }
                                ]
                              }
                            ]
                          },
                          {
                            "name": "spring.data.neo4j.uri",
                            "value": "",
                            "value_from": [
                              {
                                "secret_key_ref": [
                                  {
                                    "key": "latest",
                                    "name": "neo4j-bolt-uri"
                                  }
                                ]
                              }
                            ]
                          },
                          {
                            "name": "spring.data.neo4j.username",
                            "value": "",
                            "value_from": [
                              {
                                "secret_key_ref": [
                                  {
                                    "key": "latest",
                                    "name": "neo4j-username"
                                  }
                                ]
                              }
                            ]
                          }
                        ],
                        "env_from": [],
                        "image": "docker.io/deepthought42/journey-executor:latest",
                        "liveness_probe": [],
                        "name": "",
                        "ports": [
                          {
                            "container_port": 8080,
                            "name": "http1",
                            "protocol": ""
                          }
                        ],
                        "resources": [
                          {
                            "limits": {
                              "cpu": "2",
                              "memory": "4Gi"
                            },
                            "requests": {
                              "cpu": "1",
                              "memory": "2Gi"
                            }
                          }
                        ],
                        "startup_probe": [
                          {
                            "failure_threshold": 1,
                            "grpc": [],
                            "http_get": [],
                            "initial_delay_seconds": 0,
                            "period_seconds": 240,
                            "tcp_socket": [
                              {
                                "port": 8080
                              }
                            ],
                            "timeout_seconds": 240
                          }
                        ],
                        "volume_mounts": [],
                        "working_dir": ""
                      }
                    ],
                    "node_selector": null,
                    "service_account_name": "cloud-run-sa@webcrawler-450417.iam.gserviceaccount.com",
                    "serving_state": "",
                    "timeout_seconds": 120,
                    "volumes": []
                  }
                ]
              }
            ],
            "timeouts": null,
            "traffic": [
              {
                "latest_revision": true,
                "percent": 100,
                "revision_name": "",
                "tag": "",
                "url": ""
              }
            ]
          },
          "sensitive_attributes": [],
          "identity_schema_version": 0,
          "private": "eyJlMmJmYjczMC1lY2FhLTExZTYtOGY4OC0zNDM2M2JjN2M0YzAiOnsiY3JlYXRlIjoxMjAwMDAwMDAwMDAwLCJkZWxldGUiOjEyMDAwMDAwMDAwMDAsInVwZGF0ZSI6MTIwMDAwMDAwMDAwMH0sInNjaGVtYV92ZXJzaW9uIjoiMiJ9",
          "dependencies": [
            "google_service_account.cloud_run_sa",
            "google_storage_bucket.looksee_data",
            "module.neo4j_db.google_compute_firewall.neo4j-internal",
            "module.neo4j_db.google_compute_instance.neo4j",
            "module.neo4j_db.google_iap_tunnel_instance_iam_member.ssh",
            "module.neo4j_db.google_project_iam_member.neo4j_iap_tunnel_user",
            "module.neo4j_db.google_project_iam_member.neo4j_logging",
            "module.neo4j_db.google_project_iam_member.neo4j_monitoring",
            "module.neo4j_db.google_project_iam_member.neo4j_storage_viewer",
            "module.neo4j_db.google_secret_manager_secret.neo4j_bolt_uri",
            "module.neo4j_db.google_secret_manager_secret_iam_member.neo4j_bolt_uri_secret_accessor",
            "module.neo4j_db.google_secret_manager_secret_version.neo4j_bolt_uri_version",
            "module.neo4j_db.google_service_account.neo4j_instance_sa",
            "module.pubsub_topics.google_pubsub_topic.audit_error_topic",
            "module.pubsub_topics.google_pubsub_topic.journey_discarded_topic",
            "module.pubsub_topics.google_pubsub_topic.journey_verified_topic",
            "module.pubsub_topics.google_pubsub_topic.page_created_topic",
            "module.secrets.google_secret_manager_secret.neo4j_db_name",
            "module.secrets.google_secret_manager_secret.neo4j_password",
            "module.secrets.google_secret_manager_secret.neo4j_username",
            "module.secrets.google_secret_manager_secret.selenium_urls",
            "module.selenium_chrome_cloud_run.google_cloud_run_service.selenium_standalone_chrome",
            "module.vpc.google_compute_network.vpc",
            "module.vpc.google_compute_subnetwork.custom_subnet",
            "module.vpc.google_vpc_access_connector.connector"
          ]
        }
      ]
    },
    {
      "module": "module.journey_executor_cloud_run",
      "mode": "managed",
      "type": "google_cloud_run_service_iam_member",
      "name": "pubsub_invoker",
      "provider": "provider[\"registry.terraform.io/hashicorp/google\"]",
      "instances": [
        {
          "schema_version": 0,
          "attributes": {
            "condition": [],
            "etag": "BwY6kEikql4=",
            "id": "v1/projects/webcrawler-450417/locations/us-central1/services/journey-executor/roles/run.invoker/serviceAccount:cloud-run-sa@webcrawler-450417.iam.gserviceaccount.com",
            "location": "us-central1",
            "member": "serviceAccount:cloud-run-sa@webcrawler-450417.iam.gserviceaccount.com",
            "project": "webcrawler-450417",
            "role": "roles/run.invoker",
            "service": "v1/projects/webcrawler-450417/locations/us-central1/services/journey-executor"
          },
          "sensitive_attributes": [],
          "identity_schema_version": 0,
          "private": "bnVsbA==",
          "dependencies": [
            "google_service_account.cloud_run_sa",
            "google_storage_bucket.looksee_data",
            "module.journey_executor_cloud_run.google_cloud_run_service.service",
            "module.neo4j_db.google_compute_firewall.neo4j-internal",
            "module.neo4j_db.google_compute_instance.neo4j",
            "module.neo4j_db.google_iap_tunnel_instance_iam_member.ssh",
            "module.neo4j_db.google_project_iam_member.neo4j_iap_tunnel_user",
            "module.neo4j_db.google_project_iam_member.neo4j_logging",
            "module.neo4j_db.google_project_iam_member.neo4j_monitoring",
            "module.neo4j_db.google_project_iam_member.neo4j_storage_viewer",
            "module.neo4j_db.google_secret_manager_secret.neo4j_bolt_uri",
            "module.neo4j_db.google_secret_manager_secret_iam_member.neo4j_bolt_uri_secret_accessor",
            "module.neo4j_db.google_secret_manager_secret_version.neo4j_bolt_uri_version",
            "module.neo4j_db.google_service_account.neo4j_instance_sa",
            "module.pubsub_topics.google_pubsub_topic.audit_error_topic",
            "module.pubsub_topics.google_pubsub_topic.journey_discarded_topic",
            "module.pubsub_topics.google_pubsub_topic.journey_verified_topic",
            "module.pubsub_topics.google_pubsub_topic.page_created_topic",
            "module.secrets.google_secret_manager_secret.neo4j_db_name",
            "module.secrets.google_secret_manager_secret.neo4j_password",
            "module.secrets.google_secret_manager_secret.neo4j_username",
            "module.secrets.google_secret_manager_secret.selenium_urls",
            "module.selenium_chrome_cloud_run.google_cloud_run_service.selenium_standalone_chrome",
            "module.vpc.google_compute_network.vpc",
            "module.vpc.google_compute_subnetwork.custom_subnet",
            "module.vpc.google_vpc_access_connector.connector"
          ]
        }
      ]
    },
    {
      "module": "module.journey_executor_cloud_run.module.pubsub_subscription",
      "mode": "managed",
      "type": "google_pubsub_subscription",
      "name": "subscription",
      "provider": "provider[\"registry.terraform.io/hashicorp/google\"]",
      "instances": [
        {
          "schema_version": 0,
          "attributes": {
            "ack_deadline_seconds": 10,
            "bigquery_config": [],
            "cloud_storage_config": [],
            "dead_letter_policy": [],
            "effective_labels": {
              "goog-terraform-provisioned": "true"
            },
            "enable_exactly_once_delivery": false,
            "enable_message_ordering": false,
            "expiration_policy": [
              {
                "ttl": "2678400s"
              }
            ],
            "filter": "",
            "id": "projects/webcrawler-450417/subscriptions/journey-executor-subscription",
            "labels": null,
            "message_retention_duration": "604800s",
            "message_transforms": [],
            "name": "journey-executor-subscription",
            "project": "webcrawler-450417",
            "push_config": [
              {
                "attributes": null,
                "no_wrapper": [],
                "oidc_token": [
                  {
                    "audience": "",
                    "service_account_email": "pubsub-sa@webcrawler-450417.iam.gserviceaccount.com"
                  }
                ],
                "push_endpoint": "https://journey-executor-5wvl2oswbq-uc.a.run.app"
              }
            ],
            "retain_acked_messages": false,
            "retry_policy": [
              {
                "maximum_backoff": "600s",
                "minimum_backoff": "10s"
              }
            ],
            "terraform_labels": {
              "goog-terraform-provisioned": "true"
            },
            "timeouts": null,
            "topic": "projects/webcrawler-450417/topics/journey_candidate"
          },
          "sensitive_attributes": [],
          "identity_schema_version": 0,
          "private": "eyJlMmJmYjczMC1lY2FhLTExZTYtOGY4OC0zNDM2M2JjN2M0YzAiOnsiY3JlYXRlIjoxMjAwMDAwMDAwMDAwLCJkZWxldGUiOjEyMDAwMDAwMDAwMDAsInVwZGF0ZSI6MTIwMDAwMDAwMDAwMH19",
          "dependencies": [
            "google_service_account.cloud_run_sa",
            "google_service_account.pubsub_sa",
            "google_storage_bucket.looksee_data",
            "module.journey_executor_cloud_run.google_cloud_run_service.service",
            "module.neo4j_db.google_compute_firewall.neo4j-internal",
            "module.neo4j_db.google_compute_instance.neo4j",
            "module.neo4j_db.google_iap_tunnel_instance_iam_member.ssh",
            "module.neo4j_db.google_project_iam_member.neo4j_iap_tunnel_user",
            "module.neo4j_db.google_project_iam_member.neo4j_logging",
            "module.neo4j_db.google_project_iam_member.neo4j_monitoring",
            "module.neo4j_db.google_project_iam_member.neo4j_storage_viewer",
            "module.neo4j_db.google_secret_manager_secret.neo4j_bolt_uri",
            "module.neo4j_db.google_secret_manager_secret_iam_member.neo4j_bolt_uri_secret_accessor",
            "module.neo4j_db.google_secret_manager_secret_version.neo4j_bolt_uri_version",
            "module.neo4j_db.google_service_account.neo4j_instance_sa",
            "module.pubsub_topics.google_pubsub_topic.audit_error_topic",
            "module.pubsub_topics.google_pubsub_topic.journey_candidate_topic",
            "module.pubsub_topics.google_pubsub_topic.journey_discarded_topic",
            "module.pubsub_topics.google_pubsub_topic.journey_verified_topic",
            "module.pubsub_topics.google_pubsub_topic.page_created_topic",
            "module.secrets.google_secret_manager_secret.neo4j_db_name",
            "module.secrets.google_secret_manager_secret.neo4j_password",
            "module.secrets.google_secret_manager_secret.neo4j_username",
            "module.secrets.google_secret_manager_secret.selenium_urls",
            "module.selenium_chrome_cloud_run.google_cloud_run_service.selenium_standalone_chrome",
            "module.vpc.google_compute_network.vpc",
            "module.vpc.google_compute_subnetwork.custom_subnet",
            "module.vpc.google_vpc_access_connector.connector"
          ]
        }
      ]
    },
    {
      "module": "module.journey_expander_cloud_run",
      "mode": "managed",
      "type": "google_cloud_run_service",
      "name": "service",
      "provider": "provider[\"registry.terraform.io/hashicorp/google\"]",
      "instances": [
        {
          "schema_version": 2,
          "attributes": {
            "autogenerate_revision_name": false,
            "id": "locations/us-central1/namespaces/webcrawler-450417/services/journey-expander",
            "location": "us-central1",
            "metadata": [
              {
                "annotations": {
                  "run.googleapis.com/ingress": "internal"
                },
                "effective_annotations": {
                  "run.googleapis.com/ingress": "internal",
                  "run.googleapis.com/ingress-status": "internal",
                  "run.googleapis.com/operation-id": "de6392ed-c3cc-4e34-a228-5c3520eedc79",
                  "run.googleapis.com/urls": "[\"https://journey-expander-673367928406.us-central1.run.app\",\"https://journey-expander-5wvl2oswbq-uc.a.run.app\"]",
                  "serving.knative.dev/creator": "webcrawleraccountmanager@webcrawler-450417.iam.gserviceaccount.com",
                  "serving.knative.dev/lastModifier": "webcrawleraccountmanager@webcrawler-450417.iam.gserviceaccount.com"
                },
                "effective_labels": {
                  "cloud.googleapis.com/location": "us-central1",
                  "goog-terraform-provisioned": "true"
                },
                "generation": 1,
                "labels": null,
                "namespace": "webcrawler-450417",
                "resource_version": "AAY6kEiiSMc",
                "self_link": "/apis/serving.knative.dev/v1/namespaces/673367928406/services/journey-expander",
                "terraform_labels": {
                  "goog-terraform-provisioned": "true"
                },
                "uid": "4a28a836-ca40-41bd-88bb-1839a86b6507"
              }
            ],
            "name": "journey-expander",
            "project": "webcrawler-450417",
            "status": [
              {
                "conditions": [
                  {
                    "message": "",
                    "reason": "",
                    "status": "True",
                    "type": "Ready"
                  },
                  {
                    "message": "",
                    "reason": "",
                    "status": "True",
                    "type": "ConfigurationsReady"
                  },
                  {
                    "message": "",
                    "reason": "",
                    "status": "True",
                    "type": "RoutesReady"
                  }
                ],
                "latest_created_revision_name": "journey-expander-00001-vsz",
                "latest_ready_revision_name": "journey-expander-00001-vsz",
                "observed_generation": 1,
                "traffic": [
                  {
                    "latest_revision": true,
                    "percent": 100,
                    "revision_name": "journey-expander-00001-vsz",
                    "tag": "",
                    "url": ""
                  }
                ],
                "url": "https://journey-expander-5wvl2oswbq-uc.a.run.app"
              }
            ],
            "template": [
              {
                "metadata": [
                  {
                    "annotations": {
                      "autoscaling.knative.dev/maxScale": "10",
                      "run.googleapis.com/client-name": "terraform",
                      "run.googleapis.com/vpc-access-connector": "cloud-run-connector",
                      "run.googleapis.com/vpc-access-egress": "all-traffic"
                    },
                    "generation": 0,
                    "labels": {
                      "run.googleapis.com/startupProbeType": "Default"
                    },
                    "name": "",
                    "namespace": "",
                    "resource_version": "",
                    "self_link": "",
                    "uid": ""
                  }
                ],
                "spec": [
                  {
                    "container_concurrency": 160,
                    "containers": [
                      {
                        "args": null,
                        "command": null,
                        "env": [
                          {
                            "name": "gcp.storage.bucket.name",
                            "value": "looksee-data-dev",
                            "value_from": []
                          },
                          {
                            "name": "pubsub.error_topic",
                            "value": "projects/webcrawler-450417/topics/audit_error",
                            "value_from": []
                          },
                          {
                            "name": "pubsub.journey_candidate",
                            "value": "projects/webcrawler-450417/topics/journey_candidate",
                            "value_from": []
                          },
                          {
                            "name": "pubsub.journey_verified",
                            "value": "projects/webcrawler-450417/topics/journey_verified",
                            "value_from": []
                          },
                          {
                            "name": "pubsub.page_built",
                            "value": "projects/webcrawler-450417/topics/page_created",
                            "value_from": []
                          },
                          {
                            "name": "spring.cloud.gcp.project-id",
                            "value": "webcrawler-450417",
                            "value_from": []
                          },
                          {
                            "name": "spring.cloud.gcp.region",
                            "value": "us-central1",
                            "value_from": []
                          },
                          {
                            "name": "spring.data.neo4j.database",
                            "value": "",
                            "value_from": [
                              {
                                "secret_key_ref": [
                                  {
                                    "key": "latest",
                                    "name": "neo4j-db-name"
                                  }
                                ]
                              }
                            ]
                          },
                          {
                            "name": "spring.data.neo4j.password",
                            "value": "",
                            "value_from": [
                              {
                                "secret_key_ref": [
                                  {
                                    "key": "latest",
                                    "name": "neo4j-password"
                                  }
                                ]
                              }
                            ]
                          },
                          {
                            "name": "spring.data.neo4j.uri",
                            "value": "",
                            "value_from": [
                              {
                                "secret_key_ref": [
                                  {
                                    "key": "latest",
                                    "name": "neo4j-bolt-uri"
                                  }
                                ]
                              }
                            ]
                          },
                          {
                            "name": "spring.data.neo4j.username",
                            "value": "",
                            "value_from": [
                              {
                                "secret_key_ref": [
                                  {
                                    "key": "latest",
                                    "name": "neo4j-username"
                                  }
                                ]
                              }
                            ]
                          }
                        ],
                        "env_from": [],
                        "image": "docker.io/deepthought42/journey-expander:latest",
                        "liveness_probe": [],
                        "name": "",
                        "ports": [
                          {
                            "container_port": 8080,
                            "name": "http1",
                            "protocol": ""
                          }
                        ],
                        "resources": [
                          {
                            "limits": {
                              "cpu": "2",
                              "memory": "4Gi"
                            },
                            "requests": {
                              "cpu": "1",
                              "memory": "2Gi"
                            }
                          }
                        ],
                        "startup_probe": [
                          {
                            "failure_threshold": 1,
                            "grpc": [],
                            "http_get": [],
                            "initial_delay_seconds": 0,
                            "period_seconds": 240,
                            "tcp_socket": [
                              {
                                "port": 8080
                              }
                            ],
                            "timeout_seconds": 240
                          }
                        ],
                        "volume_mounts": [],
                        "working_dir": ""
                      }
                    ],
                    "node_selector": null,
                    "service_account_name": "cloud-run-sa@webcrawler-450417.iam.gserviceaccount.com",
                    "serving_state": "",
                    "timeout_seconds": 120,
                    "volumes": []
                  }
                ]
              }
            ],
            "timeouts": null,
            "traffic": [
              {
                "latest_revision": true,
                "percent": 100,
                "revision_name": "",
                "tag": "",
                "url": ""
              }
            ]
          },
          "sensitive_attributes": [],
          "identity_schema_version": 0,
          "private": "eyJlMmJmYjczMC1lY2FhLTExZTYtOGY4OC0zNDM2M2JjN2M0YzAiOnsiY3JlYXRlIjoxMjAwMDAwMDAwMDAwLCJkZWxldGUiOjEyMDAwMDAwMDAwMDAsInVwZGF0ZSI6MTIwMDAwMDAwMDAwMH0sInNjaGVtYV92ZXJzaW9uIjoiMiJ9",
          "dependencies": [
            "google_service_account.cloud_run_sa",
            "google_storage_bucket.looksee_data",
            "module.neo4j_db.google_compute_firewall.neo4j-internal",
            "module.neo4j_db.google_compute_instance.neo4j",
            "module.neo4j_db.google_iap_tunnel_instance_iam_member.ssh",
            "module.neo4j_db.google_project_iam_member.neo4j_iap_tunnel_user",
            "module.neo4j_db.google_project_iam_member.neo4j_logging",
            "module.neo4j_db.google_project_iam_member.neo4j_monitoring",
            "module.neo4j_db.google_project_iam_member.neo4j_storage_viewer",
            "module.neo4j_db.google_secret_manager_secret.neo4j_bolt_uri",
            "module.neo4j_db.google_secret_manager_secret_iam_member.neo4j_bolt_uri_secret_accessor",
            "module.neo4j_db.google_secret_manager_secret_version.neo4j_bolt_uri_version",
            "module.neo4j_db.google_service_account.neo4j_instance_sa",
            "module.pubsub_topics.google_pubsub_topic.audit_error_topic",
            "module.pubsub_topics.google_pubsub_topic.journey_candidate_topic",
            "module.pubsub_topics.google_pubsub_topic.journey_verified_topic",
            "module.pubsub_topics.google_pubsub_topic.page_created_topic",
            "module.secrets.google_secret_manager_secret.neo4j_db_name",
            "module.secrets.google_secret_manager_secret.neo4j_password",
            "module.secrets.google_secret_manager_secret.neo4j_username",
            "module.selenium_chrome_cloud_run.google_cloud_run_service.selenium_standalone_chrome",
            "module.vpc.google_compute_network.vpc",
            "module.vpc.google_compute_subnetwork.custom_subnet",
            "module.vpc.google_vpc_access_connector.connector"
          ]
        }
      ]
    },
    {
      "module": "module.journey_expander_cloud_run",
      "mode": "managed",
      "type": "google_cloud_run_service_iam_member",
      "name": "pubsub_invoker",
      "provider": "provider[\"registry.terraform.io/hashicorp/google\"]",
      "instances": [
        {
          "schema_version": 0,
          "attributes": {
            "condition": [],
            "etag": "BwY6kEk+M9E=",
            "id": "v1/projects/webcrawler-450417/locations/us-central1/services/journey-expander/roles/run.invoker/serviceAccount:cloud-run-sa@webcrawler-450417.iam.gserviceaccount.com",
            "location": "us-central1",
            "member": "serviceAccount:cloud-run-sa@webcrawler-450417.iam.gserviceaccount.com",
            "project": "webcrawler-450417",
            "role": "roles/run.invoker",
            "service": "v1/projects/webcrawler-450417/locations/us-central1/services/journey-expander"
          },
          "sensitive_attributes": [],
          "identity_schema_version": 0,
          "private": "bnVsbA==",
          "dependencies": [
            "google_service_account.cloud_run_sa",
            "google_storage_bucket.looksee_data",
            "module.journey_expander_cloud_run.google_cloud_run_service.service",
            "module.neo4j_db.google_compute_firewall.neo4j-internal",
            "module.neo4j_db.google_compute_instance.neo4j",
            "module.neo4j_db.google_iap_tunnel_instance_iam_member.ssh",
            "module.neo4j_db.google_project_iam_member.neo4j_iap_tunnel_user",
            "module.neo4j_db.google_project_iam_member.neo4j_logging",
            "module.neo4j_db.google_project_iam_member.neo4j_monitoring",
            "module.neo4j_db.google_project_iam_member.neo4j_storage_viewer",
            "module.neo4j_db.google_secret_manager_secret.neo4j_bolt_uri",
            "module.neo4j_db.google_secret_manager_secret_iam_member.neo4j_bolt_uri_secret_accessor",
            "module.neo4j_db.google_secret_manager_secret_version.neo4j_bolt_uri_version",
            "module.neo4j_db.google_service_account.neo4j_instance_sa",
            "module.pubsub_topics.google_pubsub_topic.audit_error_topic",
            "module.pubsub_topics.google_pubsub_topic.journey_candidate_topic",
            "module.pubsub_topics.google_pubsub_topic.journey_verified_topic",
            "module.pubsub_topics.google_pubsub_topic.page_created_topic",
            "module.secrets.google_secret_manager_secret.neo4j_db_name",
            "module.secrets.google_secret_manager_secret.neo4j_password",
            "module.secrets.google_secret_manager_secret.neo4j_username",
            "module.selenium_chrome_cloud_run.google_cloud_run_service.selenium_standalone_chrome",
            "module.vpc.google_compute_network.vpc",
            "module.vpc.google_compute_subnetwork.custom_subnet",
            "module.vpc.google_vpc_access_connector.connector"
          ]
        }
      ]
    },
    {
      "module": "module.journey_expander_cloud_run.module.pubsub_subscription",
      "mode": "managed",
      "type": "google_pubsub_subscription",
      "name": "subscription",
      "provider": "provider[\"registry.terraform.io/hashicorp/google\"]",
      "instances": [
        {
          "schema_version": 0,
          "attributes": {
            "ack_deadline_seconds": 10,
            "bigquery_config": [],
            "cloud_storage_config": [],
            "dead_letter_policy": [],
            "effective_labels": {
              "goog-terraform-provisioned": "true"
            },
            "enable_exactly_once_delivery": false,
            "enable_message_ordering": false,
            "expiration_policy": [
              {
                "ttl": "2678400s"
              }
            ],
            "filter": "",
            "id": "projects/webcrawler-450417/subscriptions/journey-expander-subscription",
            "labels": null,
            "message_retention_duration": "604800s",
            "message_transforms": [],
            "name": "journey-expander-subscription",
            "project": "webcrawler-450417",
            "push_config": [
              {
                "attributes": null,
                "no_wrapper": [],
                "oidc_token": [
                  {
                    "audience": "",
                    "service_account_email": "pubsub-sa@webcrawler-450417.iam.gserviceaccount.com"
                  }
                ],
                "push_endpoint": "https://journey-expander-5wvl2oswbq-uc.a.run.app"
              }
            ],
            "retain_acked_messages": false,
            "retry_policy": [
              {
                "maximum_backoff": "600s",
                "minimum_backoff": "10s"
              }
            ],
            "terraform_labels": {
              "goog-terraform-provisioned": "true"
            },
            "timeouts": null,
            "topic": "projects/webcrawler-450417/topics/journey_verified"
          },
          "sensitive_attributes": [],
          "identity_schema_version": 0,
          "private": "eyJlMmJmYjczMC1lY2FhLTExZTYtOGY4OC0zNDM2M2JjN2M0YzAiOnsiY3JlYXRlIjoxMjAwMDAwMDAwMDAwLCJkZWxldGUiOjEyMDAwMDAwMDAwMDAsInVwZGF0ZSI6MTIwMDAwMDAwMDAwMH19",
          "dependencies": [
            "google_service_account.cloud_run_sa",
            "google_service_account.pubsub_sa",
            "google_storage_bucket.looksee_data",
            "module.journey_expander_cloud_run.google_cloud_run_service.service",
            "module.neo4j_db.google_compute_firewall.neo4j-internal",
            "module.neo4j_db.google_compute_instance.neo4j",
            "module.neo4j_db.google_iap_tunnel_instance_iam_member.ssh",
            "module.neo4j_db.google_project_iam_member.neo4j_iap_tunnel_user",
            "module.neo4j_db.google_project_iam_member.neo4j_logging",
            "module.neo4j_db.google_project_iam_member.neo4j_monitoring",
            "module.neo4j_db.google_project_iam_member.neo4j_storage_viewer",
            "module.neo4j_db.google_secret_manager_secret.neo4j_bolt_uri",
            "module.neo4j_db.google_secret_manager_secret_iam_member.neo4j_bolt_uri_secret_accessor",
            "module.neo4j_db.google_secret_manager_secret_version.neo4j_bolt_uri_version",
            "module.neo4j_db.google_service_account.neo4j_instance_sa",
            "module.pubsub_topics.google_pubsub_topic.audit_error_topic",
            "module.pubsub_topics.google_pubsub_topic.journey_candidate_topic",
            "module.pubsub_topics.google_pubsub_topic.journey_verified_topic",
            "module.pubsub_topics.google_pubsub_topic.page_created_topic",
            "module.secrets.google_secret_manager_secret.neo4j_db_name",
            "module.secrets.google_secret_manager_secret.neo4j_password",
            "module.secrets.google_secret_manager_secret.neo4j_username",
            "module.selenium_chrome_cloud_run.google_cloud_run_service.selenium_standalone_chrome",
            "module.vpc.google_compute_network.vpc",
            "module.vpc.google_compute_subnetwork.custom_subnet",
            "module.vpc.google_vpc_access_connector.connector"
          ]
        }
      ]
    },
    {
      "module": "module.neo4j_db",
      "mode": "managed",
      "type": "google_compute_firewall",
      "name": "neo4j-internal",
      "provider": "provider[\"registry.terraform.io/hashicorp/google\"]",
      "instances": [
        {
          "schema_version": 1,
          "attributes": {
            "allow": [
              {
                "ports": [
                  "7474",
                  "7687"
                ],
                "protocol": "tcp"
              }
            ],
            "creation_timestamp": "2025-07-22T20:24:18.340-07:00",
            "deny": [],
            "description": "",
            "destination_ranges": [],
            "direction": "INGRESS",
            "disabled": false,
            "enable_logging": null,
            "id": "projects/webcrawler-450417/global/firewalls/neo4j-allow-internal",
            "log_config": [],
            "name": "neo4j-allow-internal",
            "network": "https://www.googleapis.com/compute/v1/projects/webcrawler-450417/global/networks/custom-vpc",
            "priority": 1000,
            "project": "webcrawler-450417",
            "self_link": "https://www.googleapis.com/compute/v1/projects/webcrawler-450417/global/firewalls/neo4j-allow-internal",
            "source_ranges": [
              "10.0.0.0/8"
            ],
            "source_service_accounts": null,
            "source_tags": null,
            "target_service_accounts": null,
            "target_tags": [
              "neo4j"
            ],
            "timeouts": null
          },
          "sensitive_attributes": [],
          "identity_schema_version": 0,
          "private": "eyJlMmJmYjczMC1lY2FhLTExZTYtOGY4OC0zNDM2M2JjN2M0YzAiOnsiY3JlYXRlIjoxMjAwMDAwMDAwMDAwLCJkZWxldGUiOjEyMDAwMDAwMDAwMDAsInVwZGF0ZSI6MTIwMDAwMDAwMDAwMH0sInNjaGVtYV92ZXJzaW9uIjoiMSJ9",
          "dependencies": [
            "module.vpc.google_compute_network.vpc"
          ]
        }
      ]
    },
    {
      "module": "module.neo4j_db",
      "mode": "managed",
      "type": "google_compute_instance",
      "name": "neo4j",
      "provider": "provider[\"registry.terraform.io/hashicorp/google\"]",
      "instances": [
        {
          "schema_version": 6,
          "attributes": {
            "advanced_machine_features": [],
            "allow_stopping_for_update": null,
            "attached_disk": [],
            "boot_disk": [
              {
                "auto_delete": true,
                "device_name": "persistent-disk-0",
                "disk_encryption_key_raw": "",
                "disk_encryption_key_rsa": "",
                "disk_encryption_key_sha256": "",
                "disk_encryption_service_account": "",
                "force_attach": false,
                "guest_os_features": [
                  "VIRTIO_SCSI_MULTIQUEUE",
                  "SEV_CAPABLE",
                  "SEV_SNP_CAPABLE",
                  "SEV_LIVE_MIGRATABLE",
                  "SEV_LIVE_MIGRATABLE_V2",
                  "IDPF",
                  "TDX_CAPABLE",
                  "UEFI_COMPATIBLE",
                  "GVNIC"
                ],
                "initialize_params": [
                  {
                    "architecture": "X86_64",
                    "enable_confidential_compute": false,
                    "image": "https://www.googleapis.com/compute/v1/projects/ubuntu-os-cloud/global/images/ubuntu-2204-jammy-v20250722",
                    "labels": {},
                    "provisioned_iops": 0,
                    "provisioned_throughput": 0,
                    "resource_manager_tags": null,
                    "resource_policies": [],
                    "size": 50,
                    "snapshot": "",
                    "source_image_encryption_key": [],
                    "source_snapshot_encryption_key": [],
                    "storage_pool": "",
                    "type": "pd-standard"
                  }
                ],
                "interface": "",
                "kms_key_self_link": "",
                "mode": "READ_WRITE",
                "source": "https://www.googleapis.com/compute/v1/projects/webcrawler-450417/zones/us-central1-a/disks/neo4j-community"
              }
            ],
            "can_ip_forward": false,
            "confidential_instance_config": [],
            "cpu_platform": "Intel Broadwell",
            "creation_timestamp": "2025-07-22T20:24:40.160-07:00",
            "current_status": "RUNNING",
            "deletion_protection": false,
            "description": "",
            "desired_status": null,
            "effective_labels": {
              "goog-terraform-provisioned": "true"
            },
            "enable_display": false,
            "guest_accelerator": [],
            "hostname": "",
            "id": "projects/webcrawler-450417/zones/us-central1-a/instances/neo4j-community",
            "instance_encryption_key": [],
            "instance_id": "2940341576040049432",
            "key_revocation_action_type": "",
            "label_fingerprint": "vezUS-42LLM=",
            "labels": null,
            "machine_type": "e2-medium",
            "metadata": {
              "enable-oslogin": "TRUE"
            },
            "metadata_fingerprint": "Kpvnz7AgWEs=",
            "metadata_startup_script": "#!/bin/bash\nwget -O - https://debian.neo4j.com/neotechnology.gpg.key | sudo apt-key add -\necho 'deb https://debian.neo4j.com stable 5' | sudo tee /etc/apt/sources.list.d/neo4j.list\nsudo apt-get update\nsudo apt-get install -y neo4j\n\n# Ensure SSH daemon is enabled and started\nsudo systemctl enable ssh\nsudo systemctl start ssh\n\nsudo ufw allow 22\nsudo ufw allow 7474\nsudo ufw allow 7687\n\n# Download the CQL file to /\ncurl -o /home/neo4j/create-indexes-and-constraints.cql https://raw.githubusercontent.com/deepthought42/LookseeIaC/refs/heads/main/create-indexes-and-constraints.cql\n\n# Set initial password for neo4j admin user\nsudo systemctl stop neo4j\nsudo -u neo4j neo4j-admin set-initial-password '${var.neo4j_password}'\nsudo systemctl enable neo4j\nsudo systemctl start neo4j\n\n# Create a new user with the specified username and password\nsudo -u neo4j neo4j-admin create-user ${var.neo4j_username} '${var.neo4j_password}'\n\n# create database\nsudo -u neo4j neo4j-admin create-database ${var.neo4j_db_name}\n\n# run file to create indexes and constraints\nsudo -u neo4j neo4j-admin run /home/neo4j/create-indexes-and-constraints.cql",
            "min_cpu_platform": "",
            "name": "neo4j-community",
            "network_interface": [
              {
                "access_config": [
                  {
                    "nat_ip": "34.173.40.123",
                    "network_tier": "PREMIUM",
                    "public_ptr_domain_name": ""
                  }
                ],
                "alias_ip_range": [],
                "internal_ipv6_prefix_length": 0,
                "ipv6_access_config": [],
                "ipv6_access_type": "",
                "ipv6_address": "",
                "name": "nic0",
                "network": "https://www.googleapis.com/compute/v1/projects/webcrawler-450417/global/networks/custom-vpc",
                "network_attachment": "",
                "network_ip": "10.0.0.2",
                "nic_type": "",
                "queue_count": 0,
                "stack_type": "IPV4_ONLY",
                "subnetwork": "https://www.googleapis.com/compute/v1/projects/webcrawler-450417/regions/us-central1/subnetworks/private-subnet-1",
                "subnetwork_project": "webcrawler-450417"
              }
            ],
            "network_performance_config": [],
            "params": [],
            "project": "webcrawler-450417",
            "reservation_affinity": [],
            "resource_policies": null,
            "scheduling": [
              {
                "automatic_restart": true,
                "availability_domain": 0,
                "instance_termination_action": "",
                "local_ssd_recovery_timeout": [],
                "max_run_duration": [],
                "min_node_cpus": 0,
                "node_affinities": [],
                "on_host_maintenance": "MIGRATE",
                "on_instance_stop_action": [],
                "preemptible": false,
                "provisioning_model": "STANDARD",
                "termination_time": ""
              }
            ],
            "scratch_disk": [],
            "self_link": "https://www.googleapis.com/compute/v1/projects/webcrawler-450417/zones/us-central1-a/instances/neo4j-community",
            "service_account": [],
            "shielded_instance_config": [
              {
                "enable_integrity_monitoring": true,
                "enable_secure_boot": false,
                "enable_vtpm": true
              }
            ],
            "tags": [
              "iap-ssh",
              "neo4j"
            ],
            "tags_fingerprint": "BcNOdgbGaUQ=",
            "terraform_labels": {
              "goog-terraform-provisioned": "true"
            },
            "timeouts": null,
            "zone": "us-central1-a"
          },
          "sensitive_attributes": [
            [
              {
                "type": "get_attr",
                "value": "boot_disk"
              },
              {
                "type": "index",
                "value": {
                  "value": 0,
                  "type": "number"
                }
              },
              {
                "type": "get_attr",
                "value": "disk_encryption_key_raw"
              }
            ],
            [
              {
                "type": "get_attr",
                "value": "boot_disk"
              },
              {
                "type": "index",
                "value": {
                  "value": 0,
                  "type": "number"
                }
              },
              {
                "type": "get_attr",
                "value": "disk_encryption_key_rsa"
              }
            ]
          ],
          "identity_schema_version": 0,
          "private": "eyJlMmJmYjczMC1lY2FhLTExZTYtOGY4OC0zNDM2M2JjN2M0YzAiOnsiY3JlYXRlIjoxMjAwMDAwMDAwMDAwLCJkZWxldGUiOjEyMDAwMDAwMDAwMDAsInVwZGF0ZSI6MTIwMDAwMDAwMDAwMH0sInNjaGVtYV92ZXJzaW9uIjoiNiJ9",
          "dependencies": [
            "module.vpc.google_compute_network.vpc",
            "module.vpc.google_compute_subnetwork.custom_subnet"
          ]
        }
      ]
    },
    {
      "module": "module.neo4j_db",
      "mode": "managed",
      "type": "google_iap_tunnel_instance_iam_member",
      "name": "ssh",
      "provider": "provider[\"registry.terraform.io/hashicorp/google\"]",
      "instances": [
        {
          "schema_version": 0,
          "attributes": {
            "condition": [],
            "etag": "BwY6kEFt6SU=",
            "id": "projects/webcrawler-450417/iap_tunnel/zones/us-central1-a/instances/neo4j-community/roles/iap.tunnelResourceAccessor/serviceAccount:neo4j-instance-sa@webcrawler-450417.iam.gserviceaccount.com",
            "instance": "projects/webcrawler-450417/iap_tunnel/zones/us-central1-a/instances/neo4j-community",
            "member": "serviceAccount:neo4j-instance-sa@webcrawler-450417.iam.gserviceaccount.com",
            "project": "webcrawler-450417",
            "role": "roles/iap.tunnelResourceAccessor",
            "zone": "us-central1-a"
          },
          "sensitive_attributes": [],
          "identity_schema_version": 0,
          "private": "bnVsbA==",
          "dependencies": [
            "module.neo4j_db.google_compute_instance.neo4j",
            "module.neo4j_db.google_service_account.neo4j_instance_sa",
            "module.vpc.google_compute_network.vpc",
            "module.vpc.google_compute_subnetwork.custom_subnet"
          ]
        }
      ]
    },
    {
      "module": "module.neo4j_db",
      "mode": "managed",
      "type": "google_project_iam_member",
      "name": "neo4j_iap_tunnel_user",
      "provider": "provider[\"registry.terraform.io/hashicorp/google\"]",
      "instances": [
        {
          "schema_version": 0,
          "attributes": {
            "condition": [],
            "etag": "BwY6kD1sJRI=",
            "id": "webcrawler-450417/roles/iap.tunnelResourceAccessor/serviceAccount:neo4j-instance-sa@webcrawler-450417.iam.gserviceaccount.com",
            "member": "serviceAccount:neo4j-instance-sa@webcrawler-450417.iam.gserviceaccount.com",
            "project": "webcrawler-450417",
            "role": "roles/iap.tunnelResourceAccessor"
          },
          "sensitive_attributes": [],
          "identity_schema_version": 0,
          "private": "bnVsbA==",
          "dependencies": [
            "module.neo4j_db.google_service_account.neo4j_instance_sa"
          ]
        }
      ]
    },
    {
      "module": "module.neo4j_db",
      "mode": "managed",
      "type": "google_project_iam_member",
      "name": "neo4j_logging",
      "provider": "provider[\"registry.terraform.io/hashicorp/google\"]",
      "instances": [
        {
          "schema_version": 0,
          "attributes": {
            "condition": [],
            "etag": "BwY6kD1sJRI=",
            "id": "webcrawler-450417/roles/logging.logWriter/serviceAccount:neo4j-instance-sa@webcrawler-450417.iam.gserviceaccount.com",
            "member": "serviceAccount:neo4j-instance-sa@webcrawler-450417.iam.gserviceaccount.com",
            "project": "webcrawler-450417",
            "role": "roles/logging.logWriter"
          },
          "sensitive_attributes": [],
          "identity_schema_version": 0,
          "private": "bnVsbA==",
          "dependencies": [
            "module.neo4j_db.google_service_account.neo4j_instance_sa"
          ]
        }
      ]
    },
    {
      "module": "module.neo4j_db",
      "mode": "managed",
      "type": "google_project_iam_member",
      "name": "neo4j_monitoring",
      "provider": "provider[\"registry.terraform.io/hashicorp/google\"]",
      "instances": [
        {
          "schema_version": 0,
          "attributes": {
            "condition": [],
            "etag": "BwY6kD1sJRI=",
            "id": "webcrawler-450417/roles/monitoring.metricWriter/serviceAccount:neo4j-instance-sa@webcrawler-450417.iam.gserviceaccount.com",
            "member": "serviceAccount:neo4j-instance-sa@webcrawler-450417.iam.gserviceaccount.com",
            "project": "webcrawler-450417",
            "role": "roles/monitoring.metricWriter"
          },
          "sensitive_attributes": [],
          "identity_schema_version": 0,
          "private": "bnVsbA==",
          "dependencies": [
            "module.neo4j_db.google_service_account.neo4j_instance_sa"
          ]
        }
      ]
    },
    {
      "module": "module.neo4j_db",
      "mode": "managed",
      "type": "google_project_iam_member",
      "name": "neo4j_storage_viewer",
      "provider": "provider[\"registry.terraform.io/hashicorp/google\"]",
      "instances": [
        {
          "schema_version": 0,
          "attributes": {
            "condition": [],
            "etag": "BwY6kD1sJRI=",
            "id": "webcrawler-450417/roles/storage.objectViewer/serviceAccount:neo4j-instance-sa@webcrawler-450417.iam.gserviceaccount.com",
            "member": "serviceAccount:neo4j-instance-sa@webcrawler-450417.iam.gserviceaccount.com",
            "project": "webcrawler-450417",
            "role": "roles/storage.objectViewer"
          },
          "sensitive_attributes": [],
          "identity_schema_version": 0,
          "private": "bnVsbA==",
          "dependencies": [
            "module.neo4j_db.google_service_account.neo4j_instance_sa"
          ]
        }
      ]
    },
    {
      "module": "module.neo4j_db",
      "mode": "managed",
      "type": "google_secret_manager_secret",
      "name": "neo4j_bolt_uri",
      "provider": "provider[\"registry.terraform.io/hashicorp/google\"]",
      "instances": [
        {
          "schema_version": 0,
          "attributes": {
            "annotations": null,
            "create_time": "2025-07-23T03:23:36.847854Z",
            "deletion_protection": false,
            "effective_annotations": {},
            "effective_labels": {
              "environment": "dev",
              "goog-terraform-provisioned": "true"
            },
            "expire_time": "",
            "id": "projects/webcrawler-450417/secrets/neo4j-bolt-uri",
            "labels": {
              "environment": "dev"
            },
            "name": "projects/673367928406/secrets/neo4j-bolt-uri",
            "project": "webcrawler-450417",
            "replication": [
              {
                "auto": [
                  {
                    "customer_managed_encryption": []
                  }
                ],
                "user_managed": []
              }
            ],
            "rotation": [],
            "secret_id": "neo4j-bolt-uri",
            "terraform_labels": {
              "environment": "dev",
              "goog-terraform-provisioned": "true"
            },
            "timeouts": null,
            "topics": [],
            "ttl": null,
            "version_aliases": null,
            "version_destroy_ttl": ""
          },
          "sensitive_attributes": [],
          "identity_schema_version": 0,
          "private": "eyJlMmJmYjczMC1lY2FhLTExZTYtOGY4OC0zNDM2M2JjN2M0YzAiOnsiY3JlYXRlIjoxMjAwMDAwMDAwMDAwLCJkZWxldGUiOjEyMDAwMDAwMDAwMDAsInVwZGF0ZSI6MTIwMDAwMDAwMDAwMH19"
        }
      ]
    },
    {
      "module": "module.neo4j_db",
      "mode": "managed",
      "type": "google_secret_manager_secret_iam_member",
      "name": "neo4j_bolt_uri_secret_accessor",
      "provider": "provider[\"registry.terraform.io/hashicorp/google\"]",
      "instances": [
        {
          "schema_version": 0,
          "attributes": {
            "condition": [],
            "etag": "BwY6kD546JQ=",
            "id": "projects/673367928406/secrets/neo4j-bolt-uri/roles/secretmanager.secretAccessor/serviceAccount:cloud-run-sa@webcrawler-450417.iam.gserviceaccount.com",
            "member": "serviceAccount:cloud-run-sa@webcrawler-450417.iam.gserviceaccount.com",
            "project": "673367928406",
            "role": "roles/secretmanager.secretAccessor",
            "secret_id": "projects/673367928406/secrets/neo4j-bolt-uri"
          },
          "sensitive_attributes": [],
          "identity_schema_version": 0,
          "private": "bnVsbA==",
          "dependencies": [
            "google_service_account.cloud_run_sa",
            "module.neo4j_db.google_secret_manager_secret.neo4j_bolt_uri"
          ]
        }
      ]
    },
    {
      "module": "module.neo4j_db",
      "mode": "managed",
      "type": "google_secret_manager_secret_version",
      "name": "neo4j_bolt_uri_version",
      "provider": "provider[\"registry.terraform.io/hashicorp/google\"]",
      "instances": [
        {
          "schema_version": 0,
          "attributes": {
            "create_time": "2025-07-23T03:25:07.360217Z",
            "deletion_policy": "DELETE",
            "destroy_time": "",
            "enabled": true,
            "id": "projects/673367928406/secrets/neo4j-bolt-uri/versions/1",
            "is_secret_data_base64": false,
            "name": "projects/673367928406/secrets/neo4j-bolt-uri/versions/1",
            "secret": "projects/webcrawler-450417/secrets/neo4j-bolt-uri",
            "secret_data": null,
            "secret_data_wo": null,
            "secret_data_wo_version": 0,
            "timeouts": null,
            "version": "1"
          },
          "sensitive_attributes": [
            [
              {
                "type": "get_attr",
                "value": "secret_data"
              }
            ]
          ],
          "identity_schema_version": 0,
          "private": "eyJlMmJmYjczMC1lY2FhLTExZTYtOGY4OC0zNDM2M2JjN2M0YzAiOnsiY3JlYXRlIjoxMjAwMDAwMDAwMDAwLCJkZWxldGUiOjEyMDAwMDAwMDAwMDAsInVwZGF0ZSI6MTIwMDAwMDAwMDAwMH19",
          "dependencies": [
            "module.neo4j_db.google_compute_instance.neo4j",
            "module.neo4j_db.google_secret_manager_secret.neo4j_bolt_uri",
            "module.vpc.google_compute_network.vpc",
            "module.vpc.google_compute_subnetwork.custom_subnet"
          ]
        }
      ]
    },
    {
      "module": "module.neo4j_db",
      "mode": "managed",
      "type": "google_service_account",
      "name": "neo4j_instance_sa",
      "provider": "provider[\"registry.terraform.io/hashicorp/google\"]",
      "instances": [
        {
          "schema_version": 0,
          "attributes": {
            "account_id": "neo4j-instance-sa",
            "create_ignore_already_exists": null,
            "description": "",
            "disabled": false,
            "display_name": "Service Account for Neo4j Instance",
            "email": "neo4j-instance-sa@webcrawler-450417.iam.gserviceaccount.com",
            "id": "projects/webcrawler-450417/serviceAccounts/neo4j-instance-sa@webcrawler-450417.iam.gserviceaccount.com",
            "member": "serviceAccount:neo4j-instance-sa@webcrawler-450417.iam.gserviceaccount.com",
            "name": "projects/webcrawler-450417/serviceAccounts/neo4j-instance-sa@webcrawler-450417.iam.gserviceaccount.com",
            "project": "webcrawler-450417",
            "timeouts": null,
            "unique_id": "109965459976080700488"
          },
          "sensitive_attributes": [],
          "identity_schema_version": 0,
          "private": "eyJlMmJmYjczMC1lY2FhLTExZTYtOGY4OC0zNDM2M2JjN2M0YzAiOnsiY3JlYXRlIjozMDAwMDAwMDAwMDB9fQ=="
        }
      ]
    },
    {
      "module": "module.page_builder_cloud_run",
      "mode": "managed",
      "type": "google_cloud_run_service",
      "name": "service",
      "provider": "provider[\"registry.terraform.io/hashicorp/google\"]",
      "instances": [
        {
          "schema_version": 2,
          "attributes": {
            "autogenerate_revision_name": false,
            "id": "locations/us-central1/namespaces/webcrawler-450417/services/page-builder",
            "location": "us-central1",
            "metadata": [
              {
                "annotations": {
                  "run.googleapis.com/ingress": "internal"
                },
                "effective_annotations": {
                  "run.googleapis.com/ingress": "internal",
                  "run.googleapis.com/ingress-status": "internal",
                  "run.googleapis.com/operation-id": "25a0679c-6753-4cc6-a215-5da0b4d06a20",
                  "run.googleapis.com/urls": "[\"https://page-builder-673367928406.us-central1.run.app\",\"https://page-builder-5wvl2oswbq-uc.a.run.app\"]",
                  "serving.knative.dev/creator": "webcrawleraccountmanager@webcrawler-450417.iam.gserviceaccount.com",
                  "serving.knative.dev/lastModifier": "webcrawleraccountmanager@webcrawler-450417.iam.gserviceaccount.com"
                },
                "effective_labels": {
                  "cloud.googleapis.com/location": "us-central1",
                  "goog-terraform-provisioned": "true"
                },
                "generation": 1,
                "labels": null,
                "namespace": "webcrawler-450417",
                "resource_version": "AAY6kEdLiQU",
                "self_link": "/apis/serving.knative.dev/v1/namespaces/673367928406/services/page-builder",
                "terraform_labels": {
                  "goog-terraform-provisioned": "true"
                },
                "uid": "d861e4e0-e246-4e86-8769-fee7ccb0097d"
              }
            ],
            "name": "page-builder",
            "project": "webcrawler-450417",
            "status": [
              {
                "conditions": [
                  {
                    "message": "",
                    "reason": "",
                    "status": "True",
                    "type": "Ready"
                  },
                  {
                    "message": "",
                    "reason": "",
                    "status": "True",
                    "type": "ConfigurationsReady"
                  },
                  {
                    "message": "",
                    "reason": "",
                    "status": "True",
                    "type": "RoutesReady"
                  }
                ],
                "latest_created_revision_name": "page-builder-00001-h2p",
                "latest_ready_revision_name": "page-builder-00001-h2p",
                "observed_generation": 1,
                "traffic": [
                  {
                    "latest_revision": true,
                    "percent": 100,
                    "revision_name": "page-builder-00001-h2p",
                    "tag": "",
                    "url": ""
                  }
                ],
                "url": "https://page-builder-5wvl2oswbq-uc.a.run.app"
              }
            ],
            "template": [
              {
                "metadata": [
                  {
                    "annotations": {
                      "autoscaling.knative.dev/maxScale": "5",
                      "run.googleapis.com/client-name": "terraform",
                      "run.googleapis.com/vpc-access-connector": "cloud-run-connector",
                      "run.googleapis.com/vpc-access-egress": "private-ranges-only"
                    },
                    "generation": 0,
                    "labels": {
                      "run.googleapis.com/startupProbeType": "Default"
                    },
                    "name": "",
                    "namespace": "",
                    "resource_version": "",
                    "self_link": "",
                    "uid": ""
                  }
                ],
                "spec": [
                  {
                    "container_concurrency": 320,
                    "containers": [
                      {
                        "args": null,
                        "command": null,
                        "env": [
                          {
                            "name": "gcp.storage.bucket.name",
                            "value": "looksee-data-dev",
                            "value_from": []
                          },
                          {
                            "name": "pubsub.error_topic",
                            "value": "projects/webcrawler-450417/topics/audit_error",
                            "value_from": []
                          },
                          {
                            "name": "pubsub.journey_verified",
                            "value": "projects/webcrawler-450417/topics/journey_verified",
                            "value_from": []
                          },
                          {
                            "name": "pubsub.page_audit_topic",
                            "value": "projects/webcrawler-450417/topics/page_audit",
                            "value_from": []
                          },
                          {
                            "name": "pubsub.page_built",
                            "value": "projects/webcrawler-450417/topics/page_created",
                            "value_from": []
                          },
                          {
                            "name": "selenium.urls",
                            "value": "seleniumurls",
                            "value_from": []
                          },
                          {
                            "name": "spring.cloud.gcp.project-id",
                            "value": "webcrawler-450417",
                            "value_from": []
                          },
                          {
                            "name": "spring.cloud.gcp.region",
                            "value": "us-central1",
                            "value_from": []
                          },
                          {
                            "name": "spring.data.neo4j.database",
                            "value": "",
                            "value_from": [
                              {
                                "secret_key_ref": [
                                  {
                                    "key": "latest",
                                    "name": "neo4j-db-name"
                                  }
                                ]
                              }
                            ]
                          },
                          {
                            "name": "spring.data.neo4j.password",
                            "value": "",
                            "value_from": [
                              {
                                "secret_key_ref": [
                                  {
                                    "key": "latest",
                                    "name": "neo4j-password"
                                  }
                                ]
                              }
                            ]
                          },
                          {
                            "name": "spring.data.neo4j.uri",
                            "value": "",
                            "value_from": [
                              {
                                "secret_key_ref": [
                                  {
                                    "key": "latest",
                                    "name": "neo4j-bolt-uri"
                                  }
                                ]
                              }
                            ]
                          },
                          {
                            "name": "spring.data.neo4j.username",
                            "value": "",
                            "value_from": [
                              {
                                "secret_key_ref": [
                                  {
                                    "key": "latest",
                                    "name": "neo4j-username"
                                  }
                                ]
                              }
                            ]
                          }
                        ],
                        "env_from": [],
                        "image": "docker.io/deepthought42/page-builder:latest",
                        "liveness_probe": [],
                        "name": "",
                        "ports": [
                          {
                            "container_port": 8080,
                            "name": "http1",
                            "protocol": ""
                          }
                        ],
                        "resources": [
                          {
                            "limits": {
                              "cpu": "4",
                              "memory": "8Gi"
                            },
                            "requests": {
                              "cpu": "2",
                              "memory": "4Gi"
                            }
                          }
                        ],
                        "startup_probe": [
                          {
                            "failure_threshold": 1,
                            "grpc": [],
                            "http_get": [],
                            "initial_delay_seconds": 0,
                            "period_seconds": 240,
                            "tcp_socket": [
                              {
                                "port": 8080
                              }
                            ],
                            "timeout_seconds": 240
                          }
                        ],
                        "volume_mounts": [],
                        "working_dir": ""
                      }
                    ],
                    "node_selector": null,
                    "service_account_name": "cloud-run-sa@webcrawler-450417.iam.gserviceaccount.com",
                    "serving_state": "",
                    "timeout_seconds": 120,
                    "volumes": []
                  }
                ]
              }
            ],
            "timeouts": null,
            "traffic": [
              {
                "latest_revision": true,
                "percent": 100,
                "revision_name": "",
                "tag": "",
                "url": ""
              }
            ]
          },
          "sensitive_attributes": [],
          "identity_schema_version": 0,
          "private": "eyJlMmJmYjczMC1lY2FhLTExZTYtOGY4OC0zNDM2M2JjN2M0YzAiOnsiY3JlYXRlIjoxMjAwMDAwMDAwMDAwLCJkZWxldGUiOjEyMDAwMDAwMDAwMDAsInVwZGF0ZSI6MTIwMDAwMDAwMDAwMH0sInNjaGVtYV92ZXJzaW9uIjoiMiJ9",
          "dependencies": [
            "google_service_account.cloud_run_sa",
            "google_storage_bucket.looksee_data",
            "module.neo4j_db.google_compute_firewall.neo4j-internal",
            "module.neo4j_db.google_compute_instance.neo4j",
            "module.neo4j_db.google_iap_tunnel_instance_iam_member.ssh",
            "module.neo4j_db.google_project_iam_member.neo4j_iap_tunnel_user",
            "module.neo4j_db.google_project_iam_member.neo4j_logging",
            "module.neo4j_db.google_project_iam_member.neo4j_monitoring",
            "module.neo4j_db.google_project_iam_member.neo4j_storage_viewer",
            "module.neo4j_db.google_secret_manager_secret.neo4j_bolt_uri",
            "module.neo4j_db.google_secret_manager_secret_iam_member.neo4j_bolt_uri_secret_accessor",
            "module.neo4j_db.google_secret_manager_secret_version.neo4j_bolt_uri_version",
            "module.neo4j_db.google_service_account.neo4j_instance_sa",
            "module.pubsub_topics.google_pubsub_topic.audit_error_topic",
            "module.pubsub_topics.google_pubsub_topic.journey_verified_topic",
            "module.pubsub_topics.google_pubsub_topic.page_audit_topic",
            "module.pubsub_topics.google_pubsub_topic.page_created_topic",
            "module.secrets.google_secret_manager_secret.neo4j_db_name",
            "module.secrets.google_secret_manager_secret.neo4j_password",
            "module.secrets.google_secret_manager_secret.neo4j_username",
            "module.secrets.google_secret_manager_secret.selenium_urls",
            "module.selenium_chrome_cloud_run.google_cloud_run_service.selenium_standalone_chrome",
            "module.vpc.google_compute_network.vpc",
            "module.vpc.google_compute_subnetwork.custom_subnet",
            "module.vpc.google_vpc_access_connector.connector"
          ]
        }
      ]
    },
    {
      "module": "module.page_builder_cloud_run",
      "mode": "managed",
      "type": "google_cloud_run_service_iam_member",
      "name": "pubsub_invoker",
      "provider": "provider[\"registry.terraform.io/hashicorp/google\"]",
      "instances": [
        {
          "schema_version": 0,
          "attributes": {
            "condition": [],
            "etag": "BwY6kEdv9vY=",
            "id": "v1/projects/webcrawler-450417/locations/us-central1/services/page-builder/roles/run.invoker/serviceAccount:cloud-run-sa@webcrawler-450417.iam.gserviceaccount.com",
            "location": "us-central1",
            "member": "serviceAccount:cloud-run-sa@webcrawler-450417.iam.gserviceaccount.com",
            "project": "webcrawler-450417",
            "role": "roles/run.invoker",
            "service": "v1/projects/webcrawler-450417/locations/us-central1/services/page-builder"
          },
          "sensitive_attributes": [],
          "identity_schema_version": 0,
          "private": "bnVsbA==",
          "dependencies": [
            "google_service_account.cloud_run_sa",
            "google_storage_bucket.looksee_data",
            "module.neo4j_db.google_compute_firewall.neo4j-internal",
            "module.neo4j_db.google_compute_instance.neo4j",
            "module.neo4j_db.google_iap_tunnel_instance_iam_member.ssh",
            "module.neo4j_db.google_project_iam_member.neo4j_iap_tunnel_user",
            "module.neo4j_db.google_project_iam_member.neo4j_logging",
            "module.neo4j_db.google_project_iam_member.neo4j_monitoring",
            "module.neo4j_db.google_project_iam_member.neo4j_storage_viewer",
            "module.neo4j_db.google_secret_manager_secret.neo4j_bolt_uri",
            "module.neo4j_db.google_secret_manager_secret_iam_member.neo4j_bolt_uri_secret_accessor",
            "module.neo4j_db.google_secret_manager_secret_version.neo4j_bolt_uri_version",
            "module.neo4j_db.google_service_account.neo4j_instance_sa",
            "module.page_builder_cloud_run.google_cloud_run_service.service",
            "module.pubsub_topics.google_pubsub_topic.audit_error_topic",
            "module.pubsub_topics.google_pubsub_topic.journey_verified_topic",
            "module.pubsub_topics.google_pubsub_topic.page_audit_topic",
            "module.pubsub_topics.google_pubsub_topic.page_created_topic",
            "module.secrets.google_secret_manager_secret.neo4j_db_name",
            "module.secrets.google_secret_manager_secret.neo4j_password",
            "module.secrets.google_secret_manager_secret.neo4j_username",
            "module.secrets.google_secret_manager_secret.selenium_urls",
            "module.selenium_chrome_cloud_run.google_cloud_run_service.selenium_standalone_chrome",
            "module.vpc.google_compute_network.vpc",
            "module.vpc.google_compute_subnetwork.custom_subnet",
            "module.vpc.google_vpc_access_connector.connector"
          ]
        }
      ]
    },
    {
      "module": "module.page_builder_cloud_run.module.pubsub_subscription",
      "mode": "managed",
      "type": "google_pubsub_subscription",
      "name": "subscription",
      "provider": "provider[\"registry.terraform.io/hashicorp/google\"]",
      "instances": [
        {
          "schema_version": 0,
          "attributes": {
            "ack_deadline_seconds": 10,
            "bigquery_config": [],
            "cloud_storage_config": [],
            "dead_letter_policy": [],
            "effective_labels": {
              "goog-terraform-provisioned": "true"
            },
            "enable_exactly_once_delivery": false,
            "enable_message_ordering": false,
            "expiration_policy": [
              {
                "ttl": "2678400s"
              }
            ],
            "filter": "",
            "id": "projects/webcrawler-450417/subscriptions/page-builder-subscription",
            "labels": null,
            "message_retention_duration": "604800s",
            "message_transforms": [],
            "name": "page-builder-subscription",
            "project": "webcrawler-450417",
            "push_config": [
              {
                "attributes": null,
                "no_wrapper": [],
                "oidc_token": [
                  {
                    "audience": "",
                    "service_account_email": "pubsub-sa@webcrawler-450417.iam.gserviceaccount.com"
                  }
                ],
                "push_endpoint": "https://page-builder-5wvl2oswbq-uc.a.run.app"
              }
            ],
            "retain_acked_messages": false,
            "retry_policy": [
              {
                "maximum_backoff": "600s",
                "minimum_backoff": "10s"
              }
            ],
            "terraform_labels": {
              "goog-terraform-provisioned": "true"
            },
            "timeouts": null,
            "topic": "projects/webcrawler-450417/topics/url"
          },
          "sensitive_attributes": [],
          "identity_schema_version": 0,
          "private": "eyJlMmJmYjczMC1lY2FhLTExZTYtOGY4OC0zNDM2M2JjN2M0YzAiOnsiY3JlYXRlIjoxMjAwMDAwMDAwMDAwLCJkZWxldGUiOjEyMDAwMDAwMDAwMDAsInVwZGF0ZSI6MTIwMDAwMDAwMDAwMH19",
          "dependencies": [
            "google_service_account.cloud_run_sa",
            "google_service_account.pubsub_sa",
            "google_storage_bucket.looksee_data",
            "module.neo4j_db.google_compute_firewall.neo4j-internal",
            "module.neo4j_db.google_compute_instance.neo4j",
            "module.neo4j_db.google_iap_tunnel_instance_iam_member.ssh",
            "module.neo4j_db.google_project_iam_member.neo4j_iap_tunnel_user",
            "module.neo4j_db.google_project_iam_member.neo4j_logging",
            "module.neo4j_db.google_project_iam_member.neo4j_monitoring",
            "module.neo4j_db.google_project_iam_member.neo4j_storage_viewer",
            "module.neo4j_db.google_secret_manager_secret.neo4j_bolt_uri",
            "module.neo4j_db.google_secret_manager_secret_iam_member.neo4j_bolt_uri_secret_accessor",
            "module.neo4j_db.google_secret_manager_secret_version.neo4j_bolt_uri_version",
            "module.neo4j_db.google_service_account.neo4j_instance_sa",
            "module.page_builder_cloud_run.google_cloud_run_service.service",
            "module.pubsub_topics.google_pubsub_topic.audit_error_topic",
            "module.pubsub_topics.google_pubsub_topic.journey_verified_topic",
            "module.pubsub_topics.google_pubsub_topic.page_audit_topic",
            "module.pubsub_topics.google_pubsub_topic.page_created_topic",
            "module.pubsub_topics.google_pubsub_topic.url_topic",
            "module.secrets.google_secret_manager_secret.neo4j_db_name",
            "module.secrets.google_secret_manager_secret.neo4j_password",
            "module.secrets.google_secret_manager_secret.neo4j_username",
            "module.secrets.google_secret_manager_secret.selenium_urls",
            "module.selenium_chrome_cloud_run.google_cloud_run_service.selenium_standalone_chrome",
            "module.vpc.google_compute_network.vpc",
            "module.vpc.google_compute_subnetwork.custom_subnet",
            "module.vpc.google_vpc_access_connector.connector"
          ]
        }
      ]
    },
    {
      "module": "module.pubsub_topics",
      "mode": "managed",
      "type": "google_pubsub_topic",
      "name": "audit_error_topic",
      "provider": "provider[\"registry.terraform.io/hashicorp/google\"]",
      "instances": [
        {
          "schema_version": 0,
          "attributes": {
            "effective_labels": {
              "environment": "dev",
              "goog-terraform-provisioned": "true"
            },
            "id": "projects/webcrawler-450417/topics/audit_error",
            "ingestion_data_source_settings": [],
            "kms_key_name": "",
            "labels": {
              "environment": "dev"
            },
            "message_retention_duration": "",
            "message_storage_policy": [
              {
                "allowed_persistence_regions": [
                  "us-central1"
                ],
                "enforce_in_transit": false
              }
            ],
            "message_transforms": [],
            "name": "audit_error",
            "project": "webcrawler-450417",
            "schema_settings": [],
            "terraform_labels": {
              "environment": "dev",
              "goog-terraform-provisioned": "true"
            },
            "timeouts": null
          },
          "sensitive_attributes": [],
          "identity_schema_version": 0,
          "private": "eyJlMmJmYjczMC1lY2FhLTExZTYtOGY4OC0zNDM2M2JjN2M0YzAiOnsiY3JlYXRlIjoxMjAwMDAwMDAwMDAwLCJkZWxldGUiOjEyMDAwMDAwMDAwMDAsInVwZGF0ZSI6MTIwMDAwMDAwMDAwMH19"
        }
      ]
    },
    {
      "module": "module.pubsub_topics",
      "mode": "managed",
      "type": "google_pubsub_topic",
      "name": "audit_update_topic",
      "provider": "provider[\"registry.terraform.io/hashicorp/google\"]",
      "instances": [
        {
          "schema_version": 0,
          "attributes": {
            "effective_labels": {
              "environment": "dev",
              "goog-terraform-provisioned": "true"
            },
            "id": "projects/webcrawler-450417/topics/audit_update",
            "ingestion_data_source_settings": [],
            "kms_key_name": "",
            "labels": {
              "environment": "dev"
            },
            "message_retention_duration": "",
            "message_storage_policy": [
              {
                "allowed_persistence_regions": [
                  "us-central1"
                ],
                "enforce_in_transit": false
              }
            ],
            "message_transforms": [],
            "name": "audit_update",
            "project": "webcrawler-450417",
            "schema_settings": [],
            "terraform_labels": {
              "environment": "dev",
              "goog-terraform-provisioned": "true"
            },
            "timeouts": null
          },
          "sensitive_attributes": [],
          "identity_schema_version": 0,
          "private": "eyJlMmJmYjczMC1lY2FhLTExZTYtOGY4OC0zNDM2M2JjN2M0YzAiOnsiY3JlYXRlIjoxMjAwMDAwMDAwMDAwLCJkZWxldGUiOjEyMDAwMDAwMDAwMDAsInVwZGF0ZSI6MTIwMDAwMDAwMDAwMH19"
        }
      ]
    },
    {
      "module": "module.pubsub_topics",
      "mode": "managed",
      "type": "google_pubsub_topic",
      "name": "journey_candidate_topic",
      "provider": "provider[\"registry.terraform.io/hashicorp/google\"]",
      "instances": [
        {
          "schema_version": 0,
          "attributes": {
            "effective_labels": {
              "environment": "dev",
              "goog-terraform-provisioned": "true"
            },
            "id": "projects/webcrawler-450417/topics/journey_candidate",
            "ingestion_data_source_settings": [],
            "kms_key_name": "",
            "labels": {
              "environment": "dev"
            },
            "message_retention_duration": "",
            "message_storage_policy": [
              {
                "allowed_persistence_regions": [
                  "us-central1"
                ],
                "enforce_in_transit": false
              }
            ],
            "message_transforms": [],
            "name": "journey_candidate",
            "project": "webcrawler-450417",
            "schema_settings": [],
            "terraform_labels": {
              "environment": "dev",
              "goog-terraform-provisioned": "true"
            },
            "timeouts": null
          },
          "sensitive_attributes": [],
          "identity_schema_version": 0,
          "private": "eyJlMmJmYjczMC1lY2FhLTExZTYtOGY4OC0zNDM2M2JjN2M0YzAiOnsiY3JlYXRlIjoxMjAwMDAwMDAwMDAwLCJkZWxldGUiOjEyMDAwMDAwMDAwMDAsInVwZGF0ZSI6MTIwMDAwMDAwMDAwMH19"
        }
      ]
    },
    {
      "module": "module.pubsub_topics",
      "mode": "managed",
      "type": "google_pubsub_topic",
      "name": "journey_completion_cleanup_topic",
      "provider": "provider[\"registry.terraform.io/hashicorp/google\"]",
      "instances": [
        {
          "schema_version": 0,
          "attributes": {
            "effective_labels": {
              "environment": "dev",
              "goog-terraform-provisioned": "true"
            },
            "id": "projects/webcrawler-450417/topics/journey_completion_cleanup",
            "ingestion_data_source_settings": [],
            "kms_key_name": "",
            "labels": {
              "environment": "dev"
            },
            "message_retention_duration": "",
            "message_storage_policy": [
              {
                "allowed_persistence_regions": [
                  "us-central1"
                ],
                "enforce_in_transit": false
              }
            ],
            "message_transforms": [],
            "name": "journey_completion_cleanup",
            "project": "webcrawler-450417",
            "schema_settings": [],
            "terraform_labels": {
              "environment": "dev",
              "goog-terraform-provisioned": "true"
            },
            "timeouts": null
          },
          "sensitive_attributes": [],
          "identity_schema_version": 0,
          "private": "eyJlMmJmYjczMC1lY2FhLTExZTYtOGY4OC0zNDM2M2JjN2M0YzAiOnsiY3JlYXRlIjoxMjAwMDAwMDAwMDAwLCJkZWxldGUiOjEyMDAwMDAwMDAwMDAsInVwZGF0ZSI6MTIwMDAwMDAwMDAwMH19"
        }
      ]
    },
    {
      "module": "module.pubsub_topics",
      "mode": "managed",
      "type": "google_pubsub_topic",
      "name": "journey_discarded_topic",
      "provider": "provider[\"registry.terraform.io/hashicorp/google\"]",
      "instances": [
        {
          "schema_version": 0,
          "attributes": {
            "effective_labels": {
              "environment": "dev",
              "goog-terraform-provisioned": "true"
            },
            "id": "projects/webcrawler-450417/topics/journey_discarded",
            "ingestion_data_source_settings": [],
            "kms_key_name": "",
            "labels": {
              "environment": "dev"
            },
            "message_retention_duration": "",
            "message_storage_policy": [
              {
                "allowed_persistence_regions": [
                  "us-central1"
                ],
                "enforce_in_transit": false
              }
            ],
            "message_transforms": [],
            "name": "journey_discarded",
            "project": "webcrawler-450417",
            "schema_settings": [],
            "terraform_labels": {
              "environment": "dev",
              "goog-terraform-provisioned": "true"
            },
            "timeouts": null
          },
          "sensitive_attributes": [],
          "identity_schema_version": 0,
          "private": "eyJlMmJmYjczMC1lY2FhLTExZTYtOGY4OC0zNDM2M2JjN2M0YzAiOnsiY3JlYXRlIjoxMjAwMDAwMDAwMDAwLCJkZWxldGUiOjEyMDAwMDAwMDAwMDAsInVwZGF0ZSI6MTIwMDAwMDAwMDAwMH19"
        }
      ]
    },
    {
      "module": "module.pubsub_topics",
      "mode": "managed",
      "type": "google_pubsub_topic",
      "name": "journey_verified_topic",
      "provider": "provider[\"registry.terraform.io/hashicorp/google\"]",
      "instances": [
        {
          "schema_version": 0,
          "attributes": {
            "effective_labels": {
              "environment": "dev",
              "goog-terraform-provisioned": "true"
            },
            "id": "projects/webcrawler-450417/topics/journey_verified",
            "ingestion_data_source_settings": [],
            "kms_key_name": "",
            "labels": {
              "environment": "dev"
            },
            "message_retention_duration": "",
            "message_storage_policy": [
              {
                "allowed_persistence_regions": [
                  "us-central1"
                ],
                "enforce_in_transit": false
              }
            ],
            "message_transforms": [],
            "name": "journey_verified",
            "project": "webcrawler-450417",
            "schema_settings": [],
            "terraform_labels": {
              "environment": "dev",
              "goog-terraform-provisioned": "true"
            },
            "timeouts": null
          },
          "sensitive_attributes": [],
          "identity_schema_version": 0,
          "private": "eyJlMmJmYjczMC1lY2FhLTExZTYtOGY4OC0zNDM2M2JjN2M0YzAiOnsiY3JlYXRlIjoxMjAwMDAwMDAwMDAwLCJkZWxldGUiOjEyMDAwMDAwMDAwMDAsInVwZGF0ZSI6MTIwMDAwMDAwMDAwMH19"
        }
      ]
    },
    {
      "module": "module.pubsub_topics",
      "mode": "managed",
      "type": "google_pubsub_topic",
      "name": "page_audit_topic",
      "provider": "provider[\"registry.terraform.io/hashicorp/google\"]",
      "instances": [
        {
          "schema_version": 0,
          "attributes": {
            "effective_labels": {
              "environment": "dev",
              "goog-terraform-provisioned": "true"
            },
            "id": "projects/webcrawler-450417/topics/page_audit",
            "ingestion_data_source_settings": [],
            "kms_key_name": "",
            "labels": {
              "environment": "dev"
            },
            "message_retention_duration": "",
            "message_storage_policy": [
              {
                "allowed_persistence_regions": [
                  "us-central1"
                ],
                "enforce_in_transit": false
              }
            ],
            "message_transforms": [],
            "name": "page_audit",
            "project": "webcrawler-450417",
            "schema_settings": [],
            "terraform_labels": {
              "environment": "dev",
              "goog-terraform-provisioned": "true"
            },
            "timeouts": null
          },
          "sensitive_attributes": [],
          "identity_schema_version": 0,
          "private": "eyJlMmJmYjczMC1lY2FhLTExZTYtOGY4OC0zNDM2M2JjN2M0YzAiOnsiY3JlYXRlIjoxMjAwMDAwMDAwMDAwLCJkZWxldGUiOjEyMDAwMDAwMDAwMDAsInVwZGF0ZSI6MTIwMDAwMDAwMDAwMH19"
        }
      ]
    },
    {
      "module": "module.pubsub_topics",
      "mode": "managed",
      "type": "google_pubsub_topic",
      "name": "page_created_topic",
      "provider": "provider[\"registry.terraform.io/hashicorp/google\"]",
      "instances": [
        {
          "schema_version": 0,
          "attributes": {
            "effective_labels": {
              "environment": "dev",
              "goog-terraform-provisioned": "true"
            },
            "id": "projects/webcrawler-450417/topics/page_created",
            "ingestion_data_source_settings": [],
            "kms_key_name": "",
            "labels": {
              "environment": "dev"
            },
            "message_retention_duration": "",
            "message_storage_policy": [
              {
                "allowed_persistence_regions": [
                  "us-central1"
                ],
                "enforce_in_transit": false
              }
            ],
            "message_transforms": [],
            "name": "page_created",
            "project": "webcrawler-450417",
            "schema_settings": [],
            "terraform_labels": {
              "environment": "dev",
              "goog-terraform-provisioned": "true"
            },
            "timeouts": null
          },
          "sensitive_attributes": [],
          "identity_schema_version": 0,
          "private": "eyJlMmJmYjczMC1lY2FhLTExZTYtOGY4OC0zNDM2M2JjN2M0YzAiOnsiY3JlYXRlIjoxMjAwMDAwMDAwMDAwLCJkZWxldGUiOjEyMDAwMDAwMDAwMDAsInVwZGF0ZSI6MTIwMDAwMDAwMDAwMH19"
        }
      ]
    },
    {
      "module": "module.pubsub_topics",
      "mode": "managed",
      "type": "google_pubsub_topic",
      "name": "url_topic",
      "provider": "provider[\"registry.terraform.io/hashicorp/google\"]",
      "instances": [
        {
          "schema_version": 0,
          "attributes": {
            "effective_labels": {
              "environment": "dev",
              "goog-terraform-provisioned": "true"
            },
            "id": "projects/webcrawler-450417/topics/url",
            "ingestion_data_source_settings": [],
            "kms_key_name": "",
            "labels": {
              "environment": "dev"
            },
            "message_retention_duration": "",
            "message_storage_policy": [
              {
                "allowed_persistence_regions": [
                  "us-central1"
                ],
                "enforce_in_transit": false
              }
            ],
            "message_transforms": [],
            "name": "url",
            "project": "webcrawler-450417",
            "schema_settings": [],
            "terraform_labels": {
              "environment": "dev",
              "goog-terraform-provisioned": "true"
            },
            "timeouts": null
          },
          "sensitive_attributes": [],
          "identity_schema_version": 0,
          "private": "eyJlMmJmYjczMC1lY2FhLTExZTYtOGY4OC0zNDM2M2JjN2M0YzAiOnsiY3JlYXRlIjoxMjAwMDAwMDAwMDAwLCJkZWxldGUiOjEyMDAwMDAwMDAwMDAsInVwZGF0ZSI6MTIwMDAwMDAwMDAwMH19"
        }
      ]
    },
    {
      "module": "module.pubsub_topics",
      "mode": "managed",
      "type": "google_pubsub_topic_iam_binding",
      "name": "audit_error_topic_publisher",
      "provider": "provider[\"registry.terraform.io/hashicorp/google\"]",
      "instances": [
        {
          "schema_version": 0,
          "attributes": {
            "condition": [],
            "etag": "BwY6kD442hM=",
            "id": "projects/webcrawler-450417/topics/audit_error/roles/pubsub.publisher",
            "members": [
              "serviceAccount:pubsub-sa@webcrawler-450417.iam.gserviceaccount.com"
            ],
            "project": "webcrawler-450417",
            "role": "roles/pubsub.publisher",
            "topic": "projects/webcrawler-450417/topics/audit_error"
          },
          "sensitive_attributes": [],
          "identity_schema_version": 0,
          "private": "bnVsbA==",
          "dependencies": [
            "google_service_account.pubsub_sa",
            "module.pubsub_topics.google_pubsub_topic.audit_error_topic"
          ]
        }
      ]
    },
    {
      "module": "module.pubsub_topics",
      "mode": "managed",
      "type": "google_pubsub_topic_iam_binding",
      "name": "audit_update_topic_publisher",
      "provider": "provider[\"registry.terraform.io/hashicorp/google\"]",
      "instances": [
        {
          "schema_version": 0,
          "attributes": {
            "condition": [],
            "etag": "BwY6kD39NAk=",
            "id": "projects/webcrawler-450417/topics/audit_update/roles/pubsub.publisher",
            "members": [
              "serviceAccount:pubsub-sa@webcrawler-450417.iam.gserviceaccount.com"
            ],
            "project": "webcrawler-450417",
            "role": "roles/pubsub.publisher",
            "topic": "projects/webcrawler-450417/topics/audit_update"
          },
          "sensitive_attributes": [],
          "identity_schema_version": 0,
          "private": "bnVsbA==",
          "dependencies": [
            "google_service_account.pubsub_sa",
            "module.pubsub_topics.google_pubsub_topic.audit_update_topic"
          ]
        }
      ]
    },
    {
      "module": "module.pubsub_topics",
      "mode": "managed",
      "type": "google_pubsub_topic_iam_binding",
      "name": "journey_candidate_topic_publisher",
      "provider": "provider[\"registry.terraform.io/hashicorp/google\"]",
      "instances": [
        {
          "schema_version": 0,
          "attributes": {
            "condition": [],
            "etag": "BwY6kD40Teg=",
            "id": "projects/webcrawler-450417/topics/journey_candidate/roles/pubsub.publisher",
            "members": [
              "serviceAccount:pubsub-sa@webcrawler-450417.iam.gserviceaccount.com"
            ],
            "project": "webcrawler-450417",
            "role": "roles/pubsub.publisher",
            "topic": "projects/webcrawler-450417/topics/journey_candidate"
          },
          "sensitive_attributes": [],
          "identity_schema_version": 0,
          "private": "bnVsbA==",
          "dependencies": [
            "google_service_account.pubsub_sa",
            "module.pubsub_topics.google_pubsub_topic.journey_candidate_topic"
          ]
        }
      ]
    },
    {
      "module": "module.pubsub_topics",
      "mode": "managed",
      "type": "google_pubsub_topic_iam_binding",
      "name": "journey_completion_cleanup_topic_publisher",
      "provider": "provider[\"registry.terraform.io/hashicorp/google\"]",
      "instances": [
        {
          "schema_version": 0,
          "attributes": {
            "condition": [],
            "etag": "BwY6kD30uys=",
            "id": "projects/webcrawler-450417/topics/journey_completion_cleanup/roles/pubsub.publisher",
            "members": [
              "serviceAccount:pubsub-sa@webcrawler-450417.iam.gserviceaccount.com"
            ],
            "project": "webcrawler-450417",
            "role": "roles/pubsub.publisher",
            "topic": "projects/webcrawler-450417/topics/journey_completion_cleanup"
          },
          "sensitive_attributes": [],
          "identity_schema_version": 0,
          "private": "bnVsbA==",
          "dependencies": [
            "google_service_account.pubsub_sa",
            "module.pubsub_topics.google_pubsub_topic.journey_completion_cleanup_topic"
          ]
        }
      ]
    },
    {
      "module": "module.pubsub_topics",
      "mode": "managed",
      "type": "google_pubsub_topic_iam_binding",
      "name": "journey_discarded_topic_publisher",
      "provider": "provider[\"registry.terraform.io/hashicorp/google\"]",
      "instances": [
        {
          "schema_version": 0,
          "attributes": {
            "condition": [],
            "etag": "BwY6kD49cd4=",
            "id": "projects/webcrawler-450417/topics/journey_discarded/roles/pubsub.publisher",
            "members": [
              "serviceAccount:pubsub-sa@webcrawler-450417.iam.gserviceaccount.com"
            ],
            "project": "webcrawler-450417",
            "role": "roles/pubsub.publisher",
            "topic": "projects/webcrawler-450417/topics/journey_discarded"
          },
          "sensitive_attributes": [],
          "identity_schema_version": 0,
          "private": "bnVsbA==",
          "dependencies": [
            "google_service_account.pubsub_sa",
            "module.pubsub_topics.google_pubsub_topic.journey_discarded_topic"
          ]
        }
      ]
    },
    {
      "module": "module.pubsub_topics",
      "mode": "managed",
      "type": "google_pubsub_topic_iam_binding",
      "name": "journey_verified_topic_publisher",
      "provider": "provider[\"registry.terraform.io/hashicorp/google\"]",
      "instances": [
        {
          "schema_version": 0,
          "attributes": {
            "condition": [],
            "etag": "BwY6kD4+/5I=",
            "id": "projects/webcrawler-450417/topics/journey_verified/roles/pubsub.publisher",
            "members": [
              "serviceAccount:pubsub-sa@webcrawler-450417.iam.gserviceaccount.com"
            ],
            "project": "webcrawler-450417",
            "role": "roles/pubsub.publisher",
            "topic": "projects/webcrawler-450417/topics/journey_verified"
          },
          "sensitive_attributes": [],
          "identity_schema_version": 0,
          "private": "bnVsbA==",
          "dependencies": [
            "google_service_account.pubsub_sa",
            "module.pubsub_topics.google_pubsub_topic.journey_verified_topic"
          ]
        }
      ]
    },
    {
      "module": "module.pubsub_topics",
      "mode": "managed",
      "type": "google_pubsub_topic_iam_binding",
      "name": "page_audit_topic_publisher",
      "provider": "provider[\"registry.terraform.io/hashicorp/google\"]",
      "instances": [
        {
          "schema_version": 0,
          "attributes": {
            "condition": [],
            "etag": "BwY6kD5CCko=",
            "id": "projects/webcrawler-450417/topics/page_audit/roles/pubsub.publisher",
            "members": [
              "serviceAccount:pubsub-sa@webcrawler-450417.iam.gserviceaccount.com"
            ],
            "project": "webcrawler-450417",
            "role": "roles/pubsub.publisher",
            "topic": "projects/webcrawler-450417/topics/page_audit"
          },
          "sensitive_attributes": [],
          "identity_schema_version": 0,
          "private": "bnVsbA==",
          "dependencies": [
            "google_service_account.pubsub_sa",
            "module.pubsub_topics.google_pubsub_topic.page_audit_topic"
          ]
        }
      ]
    },
    {
      "module": "module.pubsub_topics",
      "mode": "managed",
      "type": "google_pubsub_topic_iam_binding",
      "name": "page_created_topic_publisher",
      "provider": "provider[\"registry.terraform.io/hashicorp/google\"]",
      "instances": [
        {
          "schema_version": 0,
          "attributes": {
            "condition": [],
            "etag": "BwY6kD44yiY=",
            "id": "projects/webcrawler-450417/topics/page_created/roles/pubsub.publisher",
            "members": [
              "serviceAccount:pubsub-sa@webcrawler-450417.iam.gserviceaccount.com"
            ],
            "project": "webcrawler-450417",
            "role": "roles/pubsub.publisher",
            "topic": "projects/webcrawler-450417/topics/page_created"
          },
          "sensitive_attributes": [],
          "identity_schema_version": 0,
          "private": "bnVsbA==",
          "dependencies": [
            "google_service_account.pubsub_sa",
            "module.pubsub_topics.google_pubsub_topic.page_created_topic"
          ]
        }
      ]
    },
    {
      "module": "module.pubsub_topics",
      "mode": "managed",
      "type": "google_pubsub_topic_iam_binding",
      "name": "url_topic_publisher",
      "provider": "provider[\"registry.terraform.io/hashicorp/google\"]",
      "instances": [
        {
          "schema_version": 0,
          "attributes": {
            "condition": [],
            "etag": "BwY6kD2yo6c=",
            "id": "projects/webcrawler-450417/topics/url/roles/pubsub.publisher",
            "members": [
              "serviceAccount:pubsub-sa@webcrawler-450417.iam.gserviceaccount.com"
            ],
            "project": "webcrawler-450417",
            "role": "roles/pubsub.publisher",
            "topic": "projects/webcrawler-450417/topics/url"
          },
          "sensitive_attributes": [],
          "identity_schema_version": 0,
          "private": "bnVsbA==",
          "dependencies": [
            "google_service_account.pubsub_sa",
            "module.pubsub_topics.google_pubsub_topic.url_topic"
          ]
        }
      ]
    },
    {
      "module": "module.secrets",
      "mode": "managed",
      "type": "google_secret_manager_secret",
      "name": "auth0_audience",
      "provider": "provider[\"registry.terraform.io/hashicorp/google\"]",
      "instances": [
        {
          "schema_version": 0,
          "attributes": {
            "annotations": null,
            "create_time": "2025-07-23T03:25:12.028569Z",
            "deletion_protection": false,
            "effective_annotations": {},
            "effective_labels": {
              "environment": "dev",
              "goog-terraform-provisioned": "true"
            },
            "expire_time": "",
            "id": "projects/webcrawler-450417/secrets/auth0-audience",
            "labels": {
              "environment": "dev"
            },
            "name": "projects/673367928406/secrets/auth0-audience",
            "project": "webcrawler-450417",
            "replication": [
              {
                "auto": [
                  {
                    "customer_managed_encryption": []
                  }
                ],
                "user_managed": []
              }
            ],
            "rotation": [],
            "secret_id": "auth0-audience",
            "terraform_labels": {
              "environment": "dev",
              "goog-terraform-provisioned": "true"
            },
            "timeouts": null,
            "topics": [],
            "ttl": null,
            "version_aliases": null,
            "version_destroy_ttl": ""
          },
          "sensitive_attributes": [],
          "identity_schema_version": 0,
          "private": "eyJlMmJmYjczMC1lY2FhLTExZTYtOGY4OC0zNDM2M2JjN2M0YzAiOnsiY3JlYXRlIjoxMjAwMDAwMDAwMDAwLCJkZWxldGUiOjEyMDAwMDAwMDAwMDAsInVwZGF0ZSI6MTIwMDAwMDAwMDAwMH19",
          "dependencies": [
            "google_service_account.cloud_run_sa",
            "module.neo4j_db.google_compute_firewall.neo4j-internal",
            "module.neo4j_db.google_compute_instance.neo4j",
            "module.neo4j_db.google_iap_tunnel_instance_iam_member.ssh",
            "module.neo4j_db.google_project_iam_member.neo4j_iap_tunnel_user",
            "module.neo4j_db.google_project_iam_member.neo4j_logging",
            "module.neo4j_db.google_project_iam_member.neo4j_monitoring",
            "module.neo4j_db.google_project_iam_member.neo4j_storage_viewer",
            "module.neo4j_db.google_secret_manager_secret.neo4j_bolt_uri",
            "module.neo4j_db.google_secret_manager_secret_iam_member.neo4j_bolt_uri_secret_accessor",
            "module.neo4j_db.google_secret_manager_secret_version.neo4j_bolt_uri_version",
            "module.neo4j_db.google_service_account.neo4j_instance_sa",
            "module.selenium_chrome_cloud_run.google_cloud_run_service.selenium_standalone_chrome",
            "module.vpc.google_compute_network.vpc",
            "module.vpc.google_compute_subnetwork.custom_subnet"
          ]
        }
      ]
    },
    {
      "module": "module.secrets",
      "mode": "managed",
      "type": "google_secret_manager_secret",
      "name": "auth0_client_id",
      "provider": "provider[\"registry.terraform.io/hashicorp/google\"]",
      "instances": [
        {
          "schema_version": 0,
          "attributes": {
            "annotations": null,
            "create_time": "2025-07-23T03:25:12.105759Z",
            "deletion_protection": false,
            "effective_annotations": {},
            "effective_labels": {
              "environment": "dev",
              "goog-terraform-provisioned": "true"
            },
            "expire_time": "",
            "id": "projects/webcrawler-450417/secrets/auth0-client-id",
            "labels": {
              "environment": "dev"
            },
            "name": "projects/673367928406/secrets/auth0-client-id",
            "project": "webcrawler-450417",
            "replication": [
              {
                "auto": [
                  {
                    "customer_managed_encryption": []
                  }
                ],
                "user_managed": []
              }
            ],
            "rotation": [],
            "secret_id": "auth0-client-id",
            "terraform_labels": {
              "environment": "dev",
              "goog-terraform-provisioned": "true"
            },
            "timeouts": null,
            "topics": [],
            "ttl": null,
            "version_aliases": null,
            "version_destroy_ttl": ""
          },
          "sensitive_attributes": [],
          "identity_schema_version": 0,
          "private": "eyJlMmJmYjczMC1lY2FhLTExZTYtOGY4OC0zNDM2M2JjN2M0YzAiOnsiY3JlYXRlIjoxMjAwMDAwMDAwMDAwLCJkZWxldGUiOjEyMDAwMDAwMDAwMDAsInVwZGF0ZSI6MTIwMDAwMDAwMDAwMH19",
          "dependencies": [
            "google_service_account.cloud_run_sa",
            "module.neo4j_db.google_compute_firewall.neo4j-internal",
            "module.neo4j_db.google_compute_instance.neo4j",
            "module.neo4j_db.google_iap_tunnel_instance_iam_member.ssh",
            "module.neo4j_db.google_project_iam_member.neo4j_iap_tunnel_user",
            "module.neo4j_db.google_project_iam_member.neo4j_logging",
            "module.neo4j_db.google_project_iam_member.neo4j_monitoring",
            "module.neo4j_db.google_project_iam_member.neo4j_storage_viewer",
            "module.neo4j_db.google_secret_manager_secret.neo4j_bolt_uri",
            "module.neo4j_db.google_secret_manager_secret_iam_member.neo4j_bolt_uri_secret_accessor",
            "module.neo4j_db.google_secret_manager_secret_version.neo4j_bolt_uri_version",
            "module.neo4j_db.google_service_account.neo4j_instance_sa",
            "module.selenium_chrome_cloud_run.google_cloud_run_service.selenium_standalone_chrome",
            "module.vpc.google_compute_network.vpc",
            "module.vpc.google_compute_subnetwork.custom_subnet"
          ]
        }
      ]
    },
    {
      "module": "module.secrets",
      "mode": "managed",
      "type": "google_secret_manager_secret",
      "name": "auth0_client_secret",
      "provider": "provider[\"registry.terraform.io/hashicorp/google\"]",
      "instances": [
        {
          "schema_version": 0,
          "attributes": {
            "annotations": null,
            "create_time": "2025-07-23T03:25:12.446835Z",
            "deletion_protection": false,
            "effective_annotations": {},
            "effective_labels": {
              "environment": "dev",
              "goog-terraform-provisioned": "true"
            },
            "expire_time": "",
            "id": "projects/webcrawler-450417/secrets/auth0-client-secret",
            "labels": {
              "environment": "dev"
            },
            "name": "projects/673367928406/secrets/auth0-client-secret",
            "project": "webcrawler-450417",
            "replication": [
              {
                "auto": [
                  {
                    "customer_managed_encryption": []
                  }
                ],
                "user_managed": []
              }
            ],
            "rotation": [],
            "secret_id": "auth0-client-secret",
            "terraform_labels": {
              "environment": "dev",
              "goog-terraform-provisioned": "true"
            },
            "timeouts": null,
            "topics": [],
            "ttl": null,
            "version_aliases": null,
            "version_destroy_ttl": ""
          },
          "sensitive_attributes": [],
          "identity_schema_version": 0,
          "private": "eyJlMmJmYjczMC1lY2FhLTExZTYtOGY4OC0zNDM2M2JjN2M0YzAiOnsiY3JlYXRlIjoxMjAwMDAwMDAwMDAwLCJkZWxldGUiOjEyMDAwMDAwMDAwMDAsInVwZGF0ZSI6MTIwMDAwMDAwMDAwMH19",
          "dependencies": [
            "google_service_account.cloud_run_sa",
            "module.neo4j_db.google_compute_firewall.neo4j-internal",
            "module.neo4j_db.google_compute_instance.neo4j",
            "module.neo4j_db.google_iap_tunnel_instance_iam_member.ssh",
            "module.neo4j_db.google_project_iam_member.neo4j_iap_tunnel_user",
            "module.neo4j_db.google_project_iam_member.neo4j_logging",
            "module.neo4j_db.google_project_iam_member.neo4j_monitoring",
            "module.neo4j_db.google_project_iam_member.neo4j_storage_viewer",
            "module.neo4j_db.google_secret_manager_secret.neo4j_bolt_uri",
            "module.neo4j_db.google_secret_manager_secret_iam_member.neo4j_bolt_uri_secret_accessor",
            "module.neo4j_db.google_secret_manager_secret_version.neo4j_bolt_uri_version",
            "module.neo4j_db.google_service_account.neo4j_instance_sa",
            "module.selenium_chrome_cloud_run.google_cloud_run_service.selenium_standalone_chrome",
            "module.vpc.google_compute_network.vpc",
            "module.vpc.google_compute_subnetwork.custom_subnet"
          ]
        }
      ]
    },
    {
      "module": "module.secrets",
      "mode": "managed",
      "type": "google_secret_manager_secret",
      "name": "auth0_domain",
      "provider": "provider[\"registry.terraform.io/hashicorp/google\"]",
      "instances": [
        {
          "schema_version": 0,
          "attributes": {
            "annotations": null,
            "create_time": "2025-07-23T03:25:12.106161Z",
            "deletion_protection": false,
            "effective_annotations": {},
            "effective_labels": {
              "environment": "dev",
              "goog-terraform-provisioned": "true"
            },
            "expire_time": "",
            "id": "projects/webcrawler-450417/secrets/auth0-domain",
            "labels": {
              "environment": "dev"
            },
            "name": "projects/673367928406/secrets/auth0-domain",
            "project": "webcrawler-450417",
            "replication": [
              {
                "auto": [
                  {
                    "customer_managed_encryption": []
                  }
                ],
                "user_managed": []
              }
            ],
            "rotation": [],
            "secret_id": "auth0-domain",
            "terraform_labels": {
              "environment": "dev",
              "goog-terraform-provisioned": "true"
            },
            "timeouts": null,
            "topics": [],
            "ttl": null,
            "version_aliases": null,
            "version_destroy_ttl": ""
          },
          "sensitive_attributes": [],
          "identity_schema_version": 0,
          "private": "eyJlMmJmYjczMC1lY2FhLTExZTYtOGY4OC0zNDM2M2JjN2M0YzAiOnsiY3JlYXRlIjoxMjAwMDAwMDAwMDAwLCJkZWxldGUiOjEyMDAwMDAwMDAwMDAsInVwZGF0ZSI6MTIwMDAwMDAwMDAwMH19",
          "dependencies": [
            "google_service_account.cloud_run_sa",
            "module.neo4j_db.google_compute_firewall.neo4j-internal",
            "module.neo4j_db.google_compute_instance.neo4j",
            "module.neo4j_db.google_iap_tunnel_instance_iam_member.ssh",
            "module.neo4j_db.google_project_iam_member.neo4j_iap_tunnel_user",
            "module.neo4j_db.google_project_iam_member.neo4j_logging",
            "module.neo4j_db.google_project_iam_member.neo4j_monitoring",
            "module.neo4j_db.google_project_iam_member.neo4j_storage_viewer",
            "module.neo4j_db.google_secret_manager_secret.neo4j_bolt_uri",
            "module.neo4j_db.google_secret_manager_secret_iam_member.neo4j_bolt_uri_secret_accessor",
            "module.neo4j_db.google_secret_manager_secret_version.neo4j_bolt_uri_version",
            "module.neo4j_db.google_service_account.neo4j_instance_sa",
            "module.selenium_chrome_cloud_run.google_cloud_run_service.selenium_standalone_chrome",
            "module.vpc.google_compute_network.vpc",
            "module.vpc.google_compute_subnetwork.custom_subnet"
          ]
        }
      ]
    },
    {
      "module": "module.secrets",
      "mode": "managed",
      "type": "google_secret_manager_secret",
      "name": "auth0_management_api_audience",
      "provider": "provider[\"registry.terraform.io/hashicorp/google\"]",
      "instances": [
        {
          "schema_version": 0,
          "attributes": {
            "annotations": null,
            "create_time": "2025-07-23T03:25:12.490845Z",
            "deletion_protection": false,
            "effective_annotations": {},
            "effective_labels": {
              "environment": "dev",
              "goog-terraform-provisioned": "true"
            },
            "expire_time": "",
            "id": "projects/webcrawler-450417/secrets/auth0-management-api-audience",
            "labels": {
              "environment": "dev"
            },
            "name": "projects/673367928406/secrets/auth0-management-api-audience",
            "project": "webcrawler-450417",
            "replication": [
              {
                "auto": [
                  {
                    "customer_managed_encryption": []
                  }
                ],
                "user_managed": []
              }
            ],
            "rotation": [],
            "secret_id": "auth0-management-api-audience",
            "terraform_labels": {
              "environment": "dev",
              "goog-terraform-provisioned": "true"
            },
            "timeouts": null,
            "topics": [],
            "ttl": null,
            "version_aliases": null,
            "version_destroy_ttl": ""
          },
          "sensitive_attributes": [],
          "identity_schema_version": 0,
          "private": "eyJlMmJmYjczMC1lY2FhLTExZTYtOGY4OC0zNDM2M2JjN2M0YzAiOnsiY3JlYXRlIjoxMjAwMDAwMDAwMDAwLCJkZWxldGUiOjEyMDAwMDAwMDAwMDAsInVwZGF0ZSI6MTIwMDAwMDAwMDAwMH19",
          "dependencies": [
            "google_service_account.cloud_run_sa",
            "module.neo4j_db.google_compute_firewall.neo4j-internal",
            "module.neo4j_db.google_compute_instance.neo4j",
            "module.neo4j_db.google_iap_tunnel_instance_iam_member.ssh",
            "module.neo4j_db.google_project_iam_member.neo4j_iap_tunnel_user",
            "module.neo4j_db.google_project_iam_member.neo4j_logging",
            "module.neo4j_db.google_project_iam_member.neo4j_monitoring",
            "module.neo4j_db.google_project_iam_member.neo4j_storage_viewer",
            "module.neo4j_db.google_secret_manager_secret.neo4j_bolt_uri",
            "module.neo4j_db.google_secret_manager_secret_iam_member.neo4j_bolt_uri_secret_accessor",
            "module.neo4j_db.google_secret_manager_secret_version.neo4j_bolt_uri_version",
            "module.neo4j_db.google_service_account.neo4j_instance_sa",
            "module.selenium_chrome_cloud_run.google_cloud_run_service.selenium_standalone_chrome",
            "module.vpc.google_compute_network.vpc",
            "module.vpc.google_compute_subnetwork.custom_subnet"
          ]
        }
      ]
    },
    {
      "module": "module.secrets",
      "mode": "managed",
      "type": "google_secret_manager_secret",
      "name": "auth0_management_api_client_id",
      "provider": "provider[\"registry.terraform.io/hashicorp/google\"]",
      "instances": [
        {
          "schema_version": 0,
          "attributes": {
            "annotations": null,
            "create_time": "2025-07-23T03:25:12.023675Z",
            "deletion_protection": false,
            "effective_annotations": {},
            "effective_labels": {
              "environment": "dev",
              "goog-terraform-provisioned": "true"
            },
            "expire_time": "",
            "id": "projects/webcrawler-450417/secrets/auth0-management-api-client-id",
            "labels": {
              "environment": "dev"
            },
            "name": "projects/673367928406/secrets/auth0-management-api-client-id",
            "project": "webcrawler-450417",
            "replication": [
              {
                "auto": [
                  {
                    "customer_managed_encryption": []
                  }
                ],
                "user_managed": []
              }
            ],
            "rotation": [],
            "secret_id": "auth0-management-api-client-id",
            "terraform_labels": {
              "environment": "dev",
              "goog-terraform-provisioned": "true"
            },
            "timeouts": null,
            "topics": [],
            "ttl": null,
            "version_aliases": null,
            "version_destroy_ttl": ""
          },
          "sensitive_attributes": [],
          "identity_schema_version": 0,
          "private": "eyJlMmJmYjczMC1lY2FhLTExZTYtOGY4OC0zNDM2M2JjN2M0YzAiOnsiY3JlYXRlIjoxMjAwMDAwMDAwMDAwLCJkZWxldGUiOjEyMDAwMDAwMDAwMDAsInVwZGF0ZSI6MTIwMDAwMDAwMDAwMH19",
          "dependencies": [
            "google_service_account.cloud_run_sa",
            "module.neo4j_db.google_compute_firewall.neo4j-internal",
            "module.neo4j_db.google_compute_instance.neo4j",
            "module.neo4j_db.google_iap_tunnel_instance_iam_member.ssh",
            "module.neo4j_db.google_project_iam_member.neo4j_iap_tunnel_user",
            "module.neo4j_db.google_project_iam_member.neo4j_logging",
            "module.neo4j_db.google_project_iam_member.neo4j_monitoring",
            "module.neo4j_db.google_project_iam_member.neo4j_storage_viewer",
            "module.neo4j_db.google_secret_manager_secret.neo4j_bolt_uri",
            "module.neo4j_db.google_secret_manager_secret_iam_member.neo4j_bolt_uri_secret_accessor",
            "module.neo4j_db.google_secret_manager_secret_version.neo4j_bolt_uri_version",
            "module.neo4j_db.google_service_account.neo4j_instance_sa",
            "module.selenium_chrome_cloud_run.google_cloud_run_service.selenium_standalone_chrome",
            "module.vpc.google_compute_network.vpc",
            "module.vpc.google_compute_subnetwork.custom_subnet"
          ]
        }
      ]
    },
    {
      "module": "module.secrets",
      "mode": "managed",
      "type": "google_secret_manager_secret",
      "name": "auth0_management_api_client_secret",
      "provider": "provider[\"registry.terraform.io/hashicorp/google\"]",
      "instances": [
        {
          "schema_version": 0,
          "attributes": {
            "annotations": null,
            "create_time": "2025-07-23T03:25:12.352344Z",
            "deletion_protection": false,
            "effective_annotations": {},
            "effective_labels": {
              "environment": "dev",
              "goog-terraform-provisioned": "true"
            },
            "expire_time": "",
            "id": "projects/webcrawler-450417/secrets/auth0-management-api-client-secret",
            "labels": {
              "environment": "dev"
            },
            "name": "projects/673367928406/secrets/auth0-management-api-client-secret",
            "project": "webcrawler-450417",
            "replication": [
              {
                "auto": [
                  {
                    "customer_managed_encryption": []
                  }
                ],
                "user_managed": []
              }
            ],
            "rotation": [],
            "secret_id": "auth0-management-api-client-secret",
            "terraform_labels": {
              "environment": "dev",
              "goog-terraform-provisioned": "true"
            },
            "timeouts": null,
            "topics": [],
            "ttl": null,
            "version_aliases": null,
            "version_destroy_ttl": ""
          },
          "sensitive_attributes": [],
          "identity_schema_version": 0,
          "private": "eyJlMmJmYjczMC1lY2FhLTExZTYtOGY4OC0zNDM2M2JjN2M0YzAiOnsiY3JlYXRlIjoxMjAwMDAwMDAwMDAwLCJkZWxldGUiOjEyMDAwMDAwMDAwMDAsInVwZGF0ZSI6MTIwMDAwMDAwMDAwMH19",
          "dependencies": [
            "google_service_account.cloud_run_sa",
            "module.neo4j_db.google_compute_firewall.neo4j-internal",
            "module.neo4j_db.google_compute_instance.neo4j",
            "module.neo4j_db.google_iap_tunnel_instance_iam_member.ssh",
            "module.neo4j_db.google_project_iam_member.neo4j_iap_tunnel_user",
            "module.neo4j_db.google_project_iam_member.neo4j_logging",
            "module.neo4j_db.google_project_iam_member.neo4j_monitoring",
            "module.neo4j_db.google_project_iam_member.neo4j_storage_viewer",
            "module.neo4j_db.google_secret_manager_secret.neo4j_bolt_uri",
            "module.neo4j_db.google_secret_manager_secret_iam_member.neo4j_bolt_uri_secret_accessor",
            "module.neo4j_db.google_secret_manager_secret_version.neo4j_bolt_uri_version",
            "module.neo4j_db.google_service_account.neo4j_instance_sa",
            "module.selenium_chrome_cloud_run.google_cloud_run_service.selenium_standalone_chrome",
            "module.vpc.google_compute_network.vpc",
            "module.vpc.google_compute_subnetwork.custom_subnet"
          ]
        }
      ]
    },
    {
      "module": "module.secrets",
      "mode": "managed",
      "type": "google_secret_manager_secret",
      "name": "auth0_management_api_domain",
      "provider": "provider[\"registry.terraform.io/hashicorp/google\"]",
      "instances": [
        {
          "schema_version": 0,
          "attributes": {
            "annotations": null,
            "create_time": "2025-07-23T03:25:12.400610Z",
            "deletion_protection": false,
            "effective_annotations": {},
            "effective_labels": {
              "environment": "dev",
              "goog-terraform-provisioned": "true"
            },
            "expire_time": "",
            "id": "projects/webcrawler-450417/secrets/auth0-management-api-domain",
            "labels": {
              "environment": "dev"
            },
            "name": "projects/673367928406/secrets/auth0-management-api-domain",
            "project": "webcrawler-450417",
            "replication": [
              {
                "auto": [
                  {
                    "customer_managed_encryption": []
                  }
                ],
                "user_managed": []
              }
            ],
            "rotation": [],
            "secret_id": "auth0-management-api-domain",
            "terraform_labels": {
              "environment": "dev",
              "goog-terraform-provisioned": "true"
            },
            "timeouts": null,
            "topics": [],
            "ttl": null,
            "version_aliases": null,
            "version_destroy_ttl": ""
          },
          "sensitive_attributes": [],
          "identity_schema_version": 0,
          "private": "eyJlMmJmYjczMC1lY2FhLTExZTYtOGY4OC0zNDM2M2JjN2M0YzAiOnsiY3JlYXRlIjoxMjAwMDAwMDAwMDAwLCJkZWxldGUiOjEyMDAwMDAwMDAwMDAsInVwZGF0ZSI6MTIwMDAwMDAwMDAwMH19",
          "dependencies": [
            "google_service_account.cloud_run_sa",
            "module.neo4j_db.google_compute_firewall.neo4j-internal",
            "module.neo4j_db.google_compute_instance.neo4j",
            "module.neo4j_db.google_iap_tunnel_instance_iam_member.ssh",
            "module.neo4j_db.google_project_iam_member.neo4j_iap_tunnel_user",
            "module.neo4j_db.google_project_iam_member.neo4j_logging",
            "module.neo4j_db.google_project_iam_member.neo4j_monitoring",
            "module.neo4j_db.google_project_iam_member.neo4j_storage_viewer",
            "module.neo4j_db.google_secret_manager_secret.neo4j_bolt_uri",
            "module.neo4j_db.google_secret_manager_secret_iam_member.neo4j_bolt_uri_secret_accessor",
            "module.neo4j_db.google_secret_manager_secret_version.neo4j_bolt_uri_version",
            "module.neo4j_db.google_service_account.neo4j_instance_sa",
            "module.selenium_chrome_cloud_run.google_cloud_run_service.selenium_standalone_chrome",
            "module.vpc.google_compute_network.vpc",
            "module.vpc.google_compute_subnetwork.custom_subnet"
          ]
        }
      ]
    },
    {
      "module": "module.secrets",
      "mode": "managed",
      "type": "google_secret_manager_secret",
      "name": "neo4j_db_name",
      "provider": "provider[\"registry.terraform.io/hashicorp/google\"]",
      "instances": [
        {
          "schema_version": 0,
          "attributes": {
            "annotations": null,
            "create_time": "2025-07-23T03:25:12.004142Z",
            "deletion_protection": false,
            "effective_annotations": {},
            "effective_labels": {
              "environment": "dev",
              "goog-terraform-provisioned": "true"
            },
            "expire_time": "",
            "id": "projects/webcrawler-450417/secrets/neo4j-db-name",
            "labels": {
              "environment": "dev"
            },
            "name": "projects/673367928406/secrets/neo4j-db-name",
            "project": "webcrawler-450417",
            "replication": [
              {
                "auto": [
                  {
                    "customer_managed_encryption": []
                  }
                ],
                "user_managed": []
              }
            ],
            "rotation": [],
            "secret_id": "neo4j-db-name",
            "terraform_labels": {
              "environment": "dev",
              "goog-terraform-provisioned": "true"
            },
            "timeouts": null,
            "topics": [],
            "ttl": null,
            "version_aliases": null,
            "version_destroy_ttl": ""
          },
          "sensitive_attributes": [],
          "identity_schema_version": 0,
          "private": "eyJlMmJmYjczMC1lY2FhLTExZTYtOGY4OC0zNDM2M2JjN2M0YzAiOnsiY3JlYXRlIjoxMjAwMDAwMDAwMDAwLCJkZWxldGUiOjEyMDAwMDAwMDAwMDAsInVwZGF0ZSI6MTIwMDAwMDAwMDAwMH19",
          "dependencies": [
            "google_service_account.cloud_run_sa",
            "module.neo4j_db.google_compute_firewall.neo4j-internal",
            "module.neo4j_db.google_compute_instance.neo4j",
            "module.neo4j_db.google_iap_tunnel_instance_iam_member.ssh",
            "module.neo4j_db.google_project_iam_member.neo4j_iap_tunnel_user",
            "module.neo4j_db.google_project_iam_member.neo4j_logging",
            "module.neo4j_db.google_project_iam_member.neo4j_monitoring",
            "module.neo4j_db.google_project_iam_member.neo4j_storage_viewer",
            "module.neo4j_db.google_secret_manager_secret.neo4j_bolt_uri",
            "module.neo4j_db.google_secret_manager_secret_iam_member.neo4j_bolt_uri_secret_accessor",
            "module.neo4j_db.google_secret_manager_secret_version.neo4j_bolt_uri_version",
            "module.neo4j_db.google_service_account.neo4j_instance_sa",
            "module.selenium_chrome_cloud_run.google_cloud_run_service.selenium_standalone_chrome",
            "module.vpc.google_compute_network.vpc",
            "module.vpc.google_compute_subnetwork.custom_subnet"
          ]
        }
      ]
    },
    {
      "module": "module.secrets",
      "mode": "managed",
      "type": "google_secret_manager_secret",
      "name": "neo4j_password",
      "provider": "provider[\"registry.terraform.io/hashicorp/google\"]",
      "instances": [
        {
          "schema_version": 0,
          "attributes": {
            "annotations": null,
            "create_time": "2025-07-23T03:25:12.101674Z",
            "deletion_protection": false,
            "effective_annotations": {},
            "effective_labels": {
              "environment": "dev",
              "goog-terraform-provisioned": "true"
            },
            "expire_time": "",
            "id": "projects/webcrawler-450417/secrets/neo4j-password",
            "labels": {
              "environment": "dev"
            },
            "name": "projects/673367928406/secrets/neo4j-password",
            "project": "webcrawler-450417",
            "replication": [
              {
                "auto": [
                  {
                    "customer_managed_encryption": []
                  }
                ],
                "user_managed": []
              }
            ],
            "rotation": [],
            "secret_id": "neo4j-password",
            "terraform_labels": {
              "environment": "dev",
              "goog-terraform-provisioned": "true"
            },
            "timeouts": null,
            "topics": [],
            "ttl": null,
            "version_aliases": null,
            "version_destroy_ttl": ""
          },
          "sensitive_attributes": [],
          "identity_schema_version": 0,
          "private": "eyJlMmJmYjczMC1lY2FhLTExZTYtOGY4OC0zNDM2M2JjN2M0YzAiOnsiY3JlYXRlIjoxMjAwMDAwMDAwMDAwLCJkZWxldGUiOjEyMDAwMDAwMDAwMDAsInVwZGF0ZSI6MTIwMDAwMDAwMDAwMH19",
          "dependencies": [
            "google_service_account.cloud_run_sa",
            "module.neo4j_db.google_compute_firewall.neo4j-internal",
            "module.neo4j_db.google_compute_instance.neo4j",
            "module.neo4j_db.google_iap_tunnel_instance_iam_member.ssh",
            "module.neo4j_db.google_project_iam_member.neo4j_iap_tunnel_user",
            "module.neo4j_db.google_project_iam_member.neo4j_logging",
            "module.neo4j_db.google_project_iam_member.neo4j_monitoring",
            "module.neo4j_db.google_project_iam_member.neo4j_storage_viewer",
            "module.neo4j_db.google_secret_manager_secret.neo4j_bolt_uri",
            "module.neo4j_db.google_secret_manager_secret_iam_member.neo4j_bolt_uri_secret_accessor",
            "module.neo4j_db.google_secret_manager_secret_version.neo4j_bolt_uri_version",
            "module.neo4j_db.google_service_account.neo4j_instance_sa",
            "module.selenium_chrome_cloud_run.google_cloud_run_service.selenium_standalone_chrome",
            "module.vpc.google_compute_network.vpc",
            "module.vpc.google_compute_subnetwork.custom_subnet"
          ]
        }
      ]
    },
    {
      "module": "module.secrets",
      "mode": "managed",
      "type": "google_secret_manager_secret",
      "name": "neo4j_username",
      "provider": "provider[\"registry.terraform.io/hashicorp/google\"]",
      "instances": [
        {
          "schema_version": 0,
          "attributes": {
            "annotations": null,
            "create_time": "2025-07-23T03:25:12.100008Z",
            "deletion_protection": false,
            "effective_annotations": {},
            "effective_labels": {
              "environment": "dev",
              "goog-terraform-provisioned": "true"
            },
            "expire_time": "",
            "id": "projects/webcrawler-450417/secrets/neo4j-username",
            "labels": {
              "environment": "dev"
            },
            "name": "projects/673367928406/secrets/neo4j-username",
            "project": "webcrawler-450417",
            "replication": [
              {
                "auto": [
                  {
                    "customer_managed_encryption": []
                  }
                ],
                "user_managed": []
              }
            ],
            "rotation": [],
            "secret_id": "neo4j-username",
            "terraform_labels": {
              "environment": "dev",
              "goog-terraform-provisioned": "true"
            },
            "timeouts": null,
            "topics": [],
            "ttl": null,
            "version_aliases": null,
            "version_destroy_ttl": ""
          },
          "sensitive_attributes": [],
          "identity_schema_version": 0,
          "private": "eyJlMmJmYjczMC1lY2FhLTExZTYtOGY4OC0zNDM2M2JjN2M0YzAiOnsiY3JlYXRlIjoxMjAwMDAwMDAwMDAwLCJkZWxldGUiOjEyMDAwMDAwMDAwMDAsInVwZGF0ZSI6MTIwMDAwMDAwMDAwMH19",
          "dependencies": [
            "google_service_account.cloud_run_sa",
            "module.neo4j_db.google_compute_firewall.neo4j-internal",
            "module.neo4j_db.google_compute_instance.neo4j",
            "module.neo4j_db.google_iap_tunnel_instance_iam_member.ssh",
            "module.neo4j_db.google_project_iam_member.neo4j_iap_tunnel_user",
            "module.neo4j_db.google_project_iam_member.neo4j_logging",
            "module.neo4j_db.google_project_iam_member.neo4j_monitoring",
            "module.neo4j_db.google_project_iam_member.neo4j_storage_viewer",
            "module.neo4j_db.google_secret_manager_secret.neo4j_bolt_uri",
            "module.neo4j_db.google_secret_manager_secret_iam_member.neo4j_bolt_uri_secret_accessor",
            "module.neo4j_db.google_secret_manager_secret_version.neo4j_bolt_uri_version",
            "module.neo4j_db.google_service_account.neo4j_instance_sa",
            "module.selenium_chrome_cloud_run.google_cloud_run_service.selenium_standalone_chrome",
            "module.vpc.google_compute_network.vpc",
            "module.vpc.google_compute_subnetwork.custom_subnet"
          ]
        }
      ]
    },
    {
      "module": "module.secrets",
      "mode": "managed",
      "type": "google_secret_manager_secret",
      "name": "pusher_app_id",
      "provider": "provider[\"registry.terraform.io/hashicorp/google\"]",
      "instances": [
        {
          "schema_version": 0,
          "attributes": {
            "annotations": null,
            "create_time": "2025-07-23T03:25:12.443124Z",
            "deletion_protection": false,
            "effective_annotations": {},
            "effective_labels": {
              "environment": "dev",
              "goog-terraform-provisioned": "true"
            },
            "expire_time": "",
            "id": "projects/webcrawler-450417/secrets/pusher-app-id",
            "labels": {
              "environment": "dev"
            },
            "name": "projects/673367928406/secrets/pusher-app-id",
            "project": "webcrawler-450417",
            "replication": [
              {
                "auto": [
                  {
                    "customer_managed_encryption": []
                  }
                ],
                "user_managed": []
              }
            ],
            "rotation": [],
            "secret_id": "pusher-app-id",
            "terraform_labels": {
              "environment": "dev",
              "goog-terraform-provisioned": "true"
            },
            "timeouts": null,
            "topics": [],
            "ttl": null,
            "version_aliases": null,
            "version_destroy_ttl": ""
          },
          "sensitive_attributes": [],
          "identity_schema_version": 0,
          "private": "eyJlMmJmYjczMC1lY2FhLTExZTYtOGY4OC0zNDM2M2JjN2M0YzAiOnsiY3JlYXRlIjoxMjAwMDAwMDAwMDAwLCJkZWxldGUiOjEyMDAwMDAwMDAwMDAsInVwZGF0ZSI6MTIwMDAwMDAwMDAwMH19",
          "dependencies": [
            "google_service_account.cloud_run_sa",
            "module.neo4j_db.google_compute_firewall.neo4j-internal",
            "module.neo4j_db.google_compute_instance.neo4j",
            "module.neo4j_db.google_iap_tunnel_instance_iam_member.ssh",
            "module.neo4j_db.google_project_iam_member.neo4j_iap_tunnel_user",
            "module.neo4j_db.google_project_iam_member.neo4j_logging",
            "module.neo4j_db.google_project_iam_member.neo4j_monitoring",
            "module.neo4j_db.google_project_iam_member.neo4j_storage_viewer",
            "module.neo4j_db.google_secret_manager_secret.neo4j_bolt_uri",
            "module.neo4j_db.google_secret_manager_secret_iam_member.neo4j_bolt_uri_secret_accessor",
            "module.neo4j_db.google_secret_manager_secret_version.neo4j_bolt_uri_version",
            "module.neo4j_db.google_service_account.neo4j_instance_sa",
            "module.selenium_chrome_cloud_run.google_cloud_run_service.selenium_standalone_chrome",
            "module.vpc.google_compute_network.vpc",
            "module.vpc.google_compute_subnetwork.custom_subnet"
          ]
        }
      ]
    },
    {
      "module": "module.secrets",
      "mode": "managed",
      "type": "google_secret_manager_secret",
      "name": "pusher_cluster",
      "provider": "provider[\"registry.terraform.io/hashicorp/google\"]",
      "instances": [
        {
          "schema_version": 0,
          "attributes": {
            "annotations": null,
            "create_time": "2025-07-23T03:25:12.053082Z",
            "deletion_protection": false,
            "effective_annotations": {},
            "effective_labels": {
              "environment": "dev",
              "goog-terraform-provisioned": "true"
            },
            "expire_time": "",
            "id": "projects/webcrawler-450417/secrets/pusher-cluster",
            "labels": {
              "environment": "dev"
            },
            "name": "projects/673367928406/secrets/pusher-cluster",
            "project": "webcrawler-450417",
            "replication": [
              {
                "auto": [
                  {
                    "customer_managed_encryption": []
                  }
                ],
                "user_managed": []
              }
            ],
            "rotation": [],
            "secret_id": "pusher-cluster",
            "terraform_labels": {
              "environment": "dev",
              "goog-terraform-provisioned": "true"
            },
            "timeouts": null,
            "topics": [],
            "ttl": null,
            "version_aliases": null,
            "version_destroy_ttl": ""
          },
          "sensitive_attributes": [],
          "identity_schema_version": 0,
          "private": "eyJlMmJmYjczMC1lY2FhLTExZTYtOGY4OC0zNDM2M2JjN2M0YzAiOnsiY3JlYXRlIjoxMjAwMDAwMDAwMDAwLCJkZWxldGUiOjEyMDAwMDAwMDAwMDAsInVwZGF0ZSI6MTIwMDAwMDAwMDAwMH19",
          "dependencies": [
            "google_service_account.cloud_run_sa",
            "module.neo4j_db.google_compute_firewall.neo4j-internal",
            "module.neo4j_db.google_compute_instance.neo4j",
            "module.neo4j_db.google_iap_tunnel_instance_iam_member.ssh",
            "module.neo4j_db.google_project_iam_member.neo4j_iap_tunnel_user",
            "module.neo4j_db.google_project_iam_member.neo4j_logging",
            "module.neo4j_db.google_project_iam_member.neo4j_monitoring",
            "module.neo4j_db.google_project_iam_member.neo4j_storage_viewer",
            "module.neo4j_db.google_secret_manager_secret.neo4j_bolt_uri",
            "module.neo4j_db.google_secret_manager_secret_iam_member.neo4j_bolt_uri_secret_accessor",
            "module.neo4j_db.google_secret_manager_secret_version.neo4j_bolt_uri_version",
            "module.neo4j_db.google_service_account.neo4j_instance_sa",
            "module.selenium_chrome_cloud_run.google_cloud_run_service.selenium_standalone_chrome",
            "module.vpc.google_compute_network.vpc",
            "module.vpc.google_compute_subnetwork.custom_subnet"
          ]
        }
      ]
    },
    {
      "module": "module.secrets",
      "mode": "managed",
      "type": "google_secret_manager_secret",
      "name": "pusher_key",
      "provider": "provider[\"registry.terraform.io/hashicorp/google\"]",
      "instances": [
        {
          "schema_version": 0,
          "attributes": {
            "annotations": null,
            "create_time": "2025-07-23T03:25:12.527207Z",
            "deletion_protection": false,
            "effective_annotations": {},
            "effective_labels": {
              "environment": "dev",
              "goog-terraform-provisioned": "true"
            },
            "expire_time": "",
            "id": "projects/webcrawler-450417/secrets/pusher-key",
            "labels": {
              "environment": "dev"
            },
            "name": "projects/673367928406/secrets/pusher-key",
            "project": "webcrawler-450417",
            "replication": [
              {
                "auto": [
                  {
                    "customer_managed_encryption": []
                  }
                ],
                "user_managed": []
              }
            ],
            "rotation": [],
            "secret_id": "pusher-key",
            "terraform_labels": {
              "environment": "dev",
              "goog-terraform-provisioned": "true"
            },
            "timeouts": null,
            "topics": [],
            "ttl": null,
            "version_aliases": null,
            "version_destroy_ttl": ""
          },
          "sensitive_attributes": [],
          "identity_schema_version": 0,
          "private": "eyJlMmJmYjczMC1lY2FhLTExZTYtOGY4OC0zNDM2M2JjN2M0YzAiOnsiY3JlYXRlIjoxMjAwMDAwMDAwMDAwLCJkZWxldGUiOjEyMDAwMDAwMDAwMDAsInVwZGF0ZSI6MTIwMDAwMDAwMDAwMH19",
          "dependencies": [
            "google_service_account.cloud_run_sa",
            "module.neo4j_db.google_compute_firewall.neo4j-internal",
            "module.neo4j_db.google_compute_instance.neo4j",
            "module.neo4j_db.google_iap_tunnel_instance_iam_member.ssh",
            "module.neo4j_db.google_project_iam_member.neo4j_iap_tunnel_user",
            "module.neo4j_db.google_project_iam_member.neo4j_logging",
            "module.neo4j_db.google_project_iam_member.neo4j_monitoring",
            "module.neo4j_db.google_project_iam_member.neo4j_storage_viewer",
            "module.neo4j_db.google_secret_manager_secret.neo4j_bolt_uri",
            "module.neo4j_db.google_secret_manager_secret_iam_member.neo4j_bolt_uri_secret_accessor",
            "module.neo4j_db.google_secret_manager_secret_version.neo4j_bolt_uri_version",
            "module.neo4j_db.google_service_account.neo4j_instance_sa",
            "module.selenium_chrome_cloud_run.google_cloud_run_service.selenium_standalone_chrome",
            "module.vpc.google_compute_network.vpc",
            "module.vpc.google_compute_subnetwork.custom_subnet"
          ]
        }
      ]
    },
    {
      "module": "module.secrets",
      "mode": "managed",
      "type": "google_secret_manager_secret",
      "name": "pusher_secret",
      "provider": "provider[\"registry.terraform.io/hashicorp/google\"]",
      "instances": [
        {
          "schema_version": 0,
          "attributes": {
            "annotations": null,
            "create_time": "2025-07-23T03:25:12.545655Z",
            "deletion_protection": false,
            "effective_annotations": {},
            "effective_labels": {
              "environment": "dev",
              "goog-terraform-provisioned": "true"
            },
            "expire_time": "",
            "id": "projects/webcrawler-450417/secrets/pusher-secret",
            "labels": {
              "environment": "dev"
            },
            "name": "projects/673367928406/secrets/pusher-secret",
            "project": "webcrawler-450417",
            "replication": [
              {
                "auto": [
                  {
                    "customer_managed_encryption": []
                  }
                ],
                "user_managed": []
              }
            ],
            "rotation": [],
            "secret_id": "pusher-secret",
            "terraform_labels": {
              "environment": "dev",
              "goog-terraform-provisioned": "true"
            },
            "timeouts": null,
            "topics": [],
            "ttl": null,
            "version_aliases": null,
            "version_destroy_ttl": ""
          },
          "sensitive_attributes": [],
          "identity_schema_version": 0,
          "private": "eyJlMmJmYjczMC1lY2FhLTExZTYtOGY4OC0zNDM2M2JjN2M0YzAiOnsiY3JlYXRlIjoxMjAwMDAwMDAwMDAwLCJkZWxldGUiOjEyMDAwMDAwMDAwMDAsInVwZGF0ZSI6MTIwMDAwMDAwMDAwMH19",
          "dependencies": [
            "google_service_account.cloud_run_sa",
            "module.neo4j_db.google_compute_firewall.neo4j-internal",
            "module.neo4j_db.google_compute_instance.neo4j",
            "module.neo4j_db.google_iap_tunnel_instance_iam_member.ssh",
            "module.neo4j_db.google_project_iam_member.neo4j_iap_tunnel_user",
            "module.neo4j_db.google_project_iam_member.neo4j_logging",
            "module.neo4j_db.google_project_iam_member.neo4j_monitoring",
            "module.neo4j_db.google_project_iam_member.neo4j_storage_viewer",
            "module.neo4j_db.google_secret_manager_secret.neo4j_bolt_uri",
            "module.neo4j_db.google_secret_manager_secret_iam_member.neo4j_bolt_uri_secret_accessor",
            "module.neo4j_db.google_secret_manager_secret_version.neo4j_bolt_uri_version",
            "module.neo4j_db.google_service_account.neo4j_instance_sa",
            "module.selenium_chrome_cloud_run.google_cloud_run_service.selenium_standalone_chrome",
            "module.vpc.google_compute_network.vpc",
            "module.vpc.google_compute_subnetwork.custom_subnet"
          ]
        }
      ]
    },
    {
      "module": "module.secrets",
      "mode": "managed",
      "type": "google_secret_manager_secret",
      "name": "selenium_urls",
      "provider": "provider[\"registry.terraform.io/hashicorp/google\"]",
      "instances": [
        {
          "schema_version": 0,
          "attributes": {
            "annotations": null,
            "create_time": "2025-07-23T03:25:12.537146Z",
            "deletion_protection": false,
            "effective_annotations": {},
            "effective_labels": {
              "environment": "dev",
              "goog-terraform-provisioned": "true"
            },
            "expire_time": "",
            "id": "projects/webcrawler-450417/secrets/seleniumurls",
            "labels": {
              "environment": "dev"
            },
            "name": "projects/673367928406/secrets/seleniumurls",
            "project": "webcrawler-450417",
            "replication": [
              {
                "auto": [
                  {
                    "customer_managed_encryption": []
                  }
                ],
                "user_managed": []
              }
            ],
            "rotation": [],
            "secret_id": "seleniumurls",
            "terraform_labels": {
              "environment": "dev",
              "goog-terraform-provisioned": "true"
            },
            "timeouts": null,
            "topics": [],
            "ttl": null,
            "version_aliases": null,
            "version_destroy_ttl": ""
          },
          "sensitive_attributes": [],
          "identity_schema_version": 0,
          "private": "eyJlMmJmYjczMC1lY2FhLTExZTYtOGY4OC0zNDM2M2JjN2M0YzAiOnsiY3JlYXRlIjoxMjAwMDAwMDAwMDAwLCJkZWxldGUiOjEyMDAwMDAwMDAwMDAsInVwZGF0ZSI6MTIwMDAwMDAwMDAwMH19",
          "dependencies": [
            "google_service_account.cloud_run_sa",
            "module.neo4j_db.google_compute_firewall.neo4j-internal",
            "module.neo4j_db.google_compute_instance.neo4j",
            "module.neo4j_db.google_iap_tunnel_instance_iam_member.ssh",
            "module.neo4j_db.google_project_iam_member.neo4j_iap_tunnel_user",
            "module.neo4j_db.google_project_iam_member.neo4j_logging",
            "module.neo4j_db.google_project_iam_member.neo4j_monitoring",
            "module.neo4j_db.google_project_iam_member.neo4j_storage_viewer",
            "module.neo4j_db.google_secret_manager_secret.neo4j_bolt_uri",
            "module.neo4j_db.google_secret_manager_secret_iam_member.neo4j_bolt_uri_secret_accessor",
            "module.neo4j_db.google_secret_manager_secret_version.neo4j_bolt_uri_version",
            "module.neo4j_db.google_service_account.neo4j_instance_sa",
            "module.selenium_chrome_cloud_run.google_cloud_run_service.selenium_standalone_chrome",
            "module.vpc.google_compute_network.vpc",
            "module.vpc.google_compute_subnetwork.custom_subnet"
          ]
        }
      ]
    },
    {
      "module": "module.secrets",
      "mode": "managed",
      "type": "google_secret_manager_secret",
      "name": "smtp_password",
      "provider": "provider[\"registry.terraform.io/hashicorp/google\"]",
      "instances": [
        {
          "schema_version": 0,
          "attributes": {
            "annotations": null,
            "create_time": "2025-07-23T03:25:12.105967Z",
            "deletion_protection": false,
            "effective_annotations": {},
            "effective_labels": {
              "environment": "dev",
              "goog-terraform-provisioned": "true"
            },
            "expire_time": "",
            "id": "projects/webcrawler-450417/secrets/smtp-password",
            "labels": {
              "environment": "dev"
            },
            "name": "projects/673367928406/secrets/smtp-password",
            "project": "webcrawler-450417",
            "replication": [
              {
                "auto": [
                  {
                    "customer_managed_encryption": []
                  }
                ],
                "user_managed": []
              }
            ],
            "rotation": [],
            "secret_id": "smtp-password",
            "terraform_labels": {
              "environment": "dev",
              "goog-terraform-provisioned": "true"
            },
            "timeouts": null,
            "topics": [],
            "ttl": null,
            "version_aliases": null,
            "version_destroy_ttl": ""
          },
          "sensitive_attributes": [],
          "identity_schema_version": 0,
          "private": "eyJlMmJmYjczMC1lY2FhLTExZTYtOGY4OC0zNDM2M2JjN2M0YzAiOnsiY3JlYXRlIjoxMjAwMDAwMDAwMDAwLCJkZWxldGUiOjEyMDAwMDAwMDAwMDAsInVwZGF0ZSI6MTIwMDAwMDAwMDAwMH19",
          "dependencies": [
            "google_service_account.cloud_run_sa",
            "module.neo4j_db.google_compute_firewall.neo4j-internal",
            "module.neo4j_db.google_compute_instance.neo4j",
            "module.neo4j_db.google_iap_tunnel_instance_iam_member.ssh",
            "module.neo4j_db.google_project_iam_member.neo4j_iap_tunnel_user",
            "module.neo4j_db.google_project_iam_member.neo4j_logging",
            "module.neo4j_db.google_project_iam_member.neo4j_monitoring",
            "module.neo4j_db.google_project_iam_member.neo4j_storage_viewer",
            "module.neo4j_db.google_secret_manager_secret.neo4j_bolt_uri",
            "module.neo4j_db.google_secret_manager_secret_iam_member.neo4j_bolt_uri_secret_accessor",
            "module.neo4j_db.google_secret_manager_secret_version.neo4j_bolt_uri_version",
            "module.neo4j_db.google_service_account.neo4j_instance_sa",
            "module.selenium_chrome_cloud_run.google_cloud_run_service.selenium_standalone_chrome",
            "module.vpc.google_compute_network.vpc",
            "module.vpc.google_compute_subnetwork.custom_subnet"
          ]
        }
      ]
    },
    {
      "module": "module.secrets",
      "mode": "managed",
      "type": "google_secret_manager_secret",
      "name": "smtp_username",
      "provider": "provider[\"registry.terraform.io/hashicorp/google\"]",
      "instances": [
        {
          "schema_version": 0,
          "attributes": {
            "annotations": null,
            "create_time": "2025-07-23T03:25:12.495484Z",
            "deletion_protection": false,
            "effective_annotations": {},
            "effective_labels": {
              "environment": "dev",
              "goog-terraform-provisioned": "true"
            },
            "expire_time": "",
            "id": "projects/webcrawler-450417/secrets/smtp-username",
            "labels": {
              "environment": "dev"
            },
            "name": "projects/673367928406/secrets/smtp-username",
            "project": "webcrawler-450417",
            "replication": [
              {
                "auto": [
                  {
                    "customer_managed_encryption": []
                  }
                ],
                "user_managed": []
              }
            ],
            "rotation": [],
            "secret_id": "smtp-username",
            "terraform_labels": {
              "environment": "dev",
              "goog-terraform-provisioned": "true"
            },
            "timeouts": null,
            "topics": [],
            "ttl": null,
            "version_aliases": null,
            "version_destroy_ttl": ""
          },
          "sensitive_attributes": [],
          "identity_schema_version": 0,
          "private": "eyJlMmJmYjczMC1lY2FhLTExZTYtOGY4OC0zNDM2M2JjN2M0YzAiOnsiY3JlYXRlIjoxMjAwMDAwMDAwMDAwLCJkZWxldGUiOjEyMDAwMDAwMDAwMDAsInVwZGF0ZSI6MTIwMDAwMDAwMDAwMH19",
          "dependencies": [
            "google_service_account.cloud_run_sa",
            "module.neo4j_db.google_compute_firewall.neo4j-internal",
            "module.neo4j_db.google_compute_instance.neo4j",
            "module.neo4j_db.google_iap_tunnel_instance_iam_member.ssh",
            "module.neo4j_db.google_project_iam_member.neo4j_iap_tunnel_user",
            "module.neo4j_db.google_project_iam_member.neo4j_logging",
            "module.neo4j_db.google_project_iam_member.neo4j_monitoring",
            "module.neo4j_db.google_project_iam_member.neo4j_storage_viewer",
            "module.neo4j_db.google_secret_manager_secret.neo4j_bolt_uri",
            "module.neo4j_db.google_secret_manager_secret_iam_member.neo4j_bolt_uri_secret_accessor",
            "module.neo4j_db.google_secret_manager_secret_version.neo4j_bolt_uri_version",
            "module.neo4j_db.google_service_account.neo4j_instance_sa",
            "module.selenium_chrome_cloud_run.google_cloud_run_service.selenium_standalone_chrome",
            "module.vpc.google_compute_network.vpc",
            "module.vpc.google_compute_subnetwork.custom_subnet"
          ]
        }
      ]
    },
    {
      "module": "module.secrets",
      "mode": "managed",
      "type": "google_secret_manager_secret_iam_member",
      "name": "neo4j_db_name_secret_accessor",
      "provider": "provider[\"registry.terraform.io/hashicorp/google\"]",
      "instances": [
        {
          "schema_version": 0,
          "attributes": {
            "condition": [],
            "etag": "BwY6kEHDUfE=",
            "id": "projects/673367928406/secrets/neo4j-db-name/roles/secretmanager.secretAccessor/serviceAccount:cloud-run-sa@webcrawler-450417.iam.gserviceaccount.com",
            "member": "serviceAccount:cloud-run-sa@webcrawler-450417.iam.gserviceaccount.com",
            "project": "673367928406",
            "role": "roles/secretmanager.secretAccessor",
            "secret_id": "projects/673367928406/secrets/neo4j-db-name"
          },
          "sensitive_attributes": [
            [
              {
                "type": "get_attr",
                "value": "member"
              }
            ]
          ],
          "identity_schema_version": 0,
          "private": "bnVsbA==",
          "dependencies": [
            "google_service_account.cloud_run_sa",
            "module.neo4j_db.google_compute_firewall.neo4j-internal",
            "module.neo4j_db.google_compute_instance.neo4j",
            "module.neo4j_db.google_iap_tunnel_instance_iam_member.ssh",
            "module.neo4j_db.google_project_iam_member.neo4j_iap_tunnel_user",
            "module.neo4j_db.google_project_iam_member.neo4j_logging",
            "module.neo4j_db.google_project_iam_member.neo4j_monitoring",
            "module.neo4j_db.google_project_iam_member.neo4j_storage_viewer",
            "module.neo4j_db.google_secret_manager_secret.neo4j_bolt_uri",
            "module.neo4j_db.google_secret_manager_secret_iam_member.neo4j_bolt_uri_secret_accessor",
            "module.neo4j_db.google_secret_manager_secret_version.neo4j_bolt_uri_version",
            "module.neo4j_db.google_service_account.neo4j_instance_sa",
            "module.secrets.google_secret_manager_secret.neo4j_db_name",
            "module.selenium_chrome_cloud_run.google_cloud_run_service.selenium_standalone_chrome",
            "module.vpc.google_compute_network.vpc",
            "module.vpc.google_compute_subnetwork.custom_subnet"
          ]
        }
      ]
    },
    {
      "module": "module.secrets",
      "mode": "managed",
      "type": "google_secret_manager_secret_iam_member",
      "name": "neo4j_password_secret_accessor",
      "provider": "provider[\"registry.terraform.io/hashicorp/google\"]",
      "instances": [
        {
          "schema_version": 0,
          "attributes": {
            "condition": [],
            "etag": "BwY6kEHN2o0=",
            "id": "projects/673367928406/secrets/neo4j-password/roles/secretmanager.secretAccessor/serviceAccount:cloud-run-sa@webcrawler-450417.iam.gserviceaccount.com",
            "member": "serviceAccount:cloud-run-sa@webcrawler-450417.iam.gserviceaccount.com",
            "project": "673367928406",
            "role": "roles/secretmanager.secretAccessor",
            "secret_id": "projects/673367928406/secrets/neo4j-password"
          },
          "sensitive_attributes": [
            [
              {
                "type": "get_attr",
                "value": "member"
              }
            ]
          ],
          "identity_schema_version": 0,
          "private": "bnVsbA==",
          "dependencies": [
            "google_service_account.cloud_run_sa",
            "module.neo4j_db.google_compute_firewall.neo4j-internal",
            "module.neo4j_db.google_compute_instance.neo4j",
            "module.neo4j_db.google_iap_tunnel_instance_iam_member.ssh",
            "module.neo4j_db.google_project_iam_member.neo4j_iap_tunnel_user",
            "module.neo4j_db.google_project_iam_member.neo4j_logging",
            "module.neo4j_db.google_project_iam_member.neo4j_monitoring",
            "module.neo4j_db.google_project_iam_member.neo4j_storage_viewer",
            "module.neo4j_db.google_secret_manager_secret.neo4j_bolt_uri",
            "module.neo4j_db.google_secret_manager_secret_iam_member.neo4j_bolt_uri_secret_accessor",
            "module.neo4j_db.google_secret_manager_secret_version.neo4j_bolt_uri_version",
            "module.neo4j_db.google_service_account.neo4j_instance_sa",
            "module.secrets.google_secret_manager_secret.neo4j_password",
            "module.selenium_chrome_cloud_run.google_cloud_run_service.selenium_standalone_chrome",
            "module.vpc.google_compute_network.vpc",
            "module.vpc.google_compute_subnetwork.custom_subnet"
          ]
        }
      ]
    },
    {
      "module": "module.secrets",
      "mode": "managed",
      "type": "google_secret_manager_secret_iam_member",
      "name": "neo4j_username_secret_accessor",
      "provider": "provider[\"registry.terraform.io/hashicorp/google\"]",
      "instances": [
        {
          "schema_version": 0,
          "attributes": {
            "condition": [],
            "etag": "BwY6kEHDLm4=",
            "id": "projects/673367928406/secrets/neo4j-username/roles/secretmanager.secretAccessor/serviceAccount:cloud-run-sa@webcrawler-450417.iam.gserviceaccount.com",
            "member": "serviceAccount:cloud-run-sa@webcrawler-450417.iam.gserviceaccount.com",
            "project": "673367928406",
            "role": "roles/secretmanager.secretAccessor",
            "secret_id": "projects/673367928406/secrets/neo4j-username"
          },
          "sensitive_attributes": [
            [
              {
                "type": "get_attr",
                "value": "member"
              }
            ]
          ],
          "identity_schema_version": 0,
          "private": "bnVsbA==",
          "dependencies": [
            "google_service_account.cloud_run_sa",
            "module.neo4j_db.google_compute_firewall.neo4j-internal",
            "module.neo4j_db.google_compute_instance.neo4j",
            "module.neo4j_db.google_iap_tunnel_instance_iam_member.ssh",
            "module.neo4j_db.google_project_iam_member.neo4j_iap_tunnel_user",
            "module.neo4j_db.google_project_iam_member.neo4j_logging",
            "module.neo4j_db.google_project_iam_member.neo4j_monitoring",
            "module.neo4j_db.google_project_iam_member.neo4j_storage_viewer",
            "module.neo4j_db.google_secret_manager_secret.neo4j_bolt_uri",
            "module.neo4j_db.google_secret_manager_secret_iam_member.neo4j_bolt_uri_secret_accessor",
            "module.neo4j_db.google_secret_manager_secret_version.neo4j_bolt_uri_version",
            "module.neo4j_db.google_service_account.neo4j_instance_sa",
            "module.secrets.google_secret_manager_secret.neo4j_username",
            "module.selenium_chrome_cloud_run.google_cloud_run_service.selenium_standalone_chrome",
            "module.vpc.google_compute_network.vpc",
            "module.vpc.google_compute_subnetwork.custom_subnet"
          ]
        }
      ]
    },
    {
      "module": "module.secrets",
      "mode": "managed",
      "type": "google_secret_manager_secret_iam_member",
      "name": "pusher_app_id_secret_accessor",
      "provider": "provider[\"registry.terraform.io/hashicorp/google\"]",
      "instances": [
        {
          "schema_version": 0,
          "attributes": {
            "condition": [],
            "etag": "BwY6kEHgMtU=",
            "id": "projects/673367928406/secrets/pusher-app-id/roles/secretmanager.secretAccessor/serviceAccount:cloud-run-sa@webcrawler-450417.iam.gserviceaccount.com",
            "member": "serviceAccount:cloud-run-sa@webcrawler-450417.iam.gserviceaccount.com",
            "project": "673367928406",
            "role": "roles/secretmanager.secretAccessor",
            "secret_id": "projects/673367928406/secrets/pusher-app-id"
          },
          "sensitive_attributes": [
            [
              {
                "type": "get_attr",
                "value": "member"
              }
            ]
          ],
          "identity_schema_version": 0,
          "private": "bnVsbA==",
          "dependencies": [
            "google_service_account.cloud_run_sa",
            "module.neo4j_db.google_compute_firewall.neo4j-internal",
            "module.neo4j_db.google_compute_instance.neo4j",
            "module.neo4j_db.google_iap_tunnel_instance_iam_member.ssh",
            "module.neo4j_db.google_project_iam_member.neo4j_iap_tunnel_user",
            "module.neo4j_db.google_project_iam_member.neo4j_logging",
            "module.neo4j_db.google_project_iam_member.neo4j_monitoring",
            "module.neo4j_db.google_project_iam_member.neo4j_storage_viewer",
            "module.neo4j_db.google_secret_manager_secret.neo4j_bolt_uri",
            "module.neo4j_db.google_secret_manager_secret_iam_member.neo4j_bolt_uri_secret_accessor",
            "module.neo4j_db.google_secret_manager_secret_version.neo4j_bolt_uri_version",
            "module.neo4j_db.google_service_account.neo4j_instance_sa",
            "module.secrets.google_secret_manager_secret.pusher_app_id",
            "module.selenium_chrome_cloud_run.google_cloud_run_service.selenium_standalone_chrome",
            "module.vpc.google_compute_network.vpc",
            "module.vpc.google_compute_subnetwork.custom_subnet"
          ]
        }
      ]
    },
    {
      "module": "module.secrets",
      "mode": "managed",
      "type": "google_secret_manager_secret_iam_member",
      "name": "pusher_cluster_secret_accessor",
      "provider": "provider[\"registry.terraform.io/hashicorp/google\"]",
      "instances": [
        {
          "schema_version": 0,
          "attributes": {
            "condition": [],
            "etag": "BwY6kEHBzgE=",
            "id": "projects/673367928406/secrets/pusher-cluster/roles/secretmanager.secretAccessor/serviceAccount:cloud-run-sa@webcrawler-450417.iam.gserviceaccount.com",
            "member": "serviceAccount:cloud-run-sa@webcrawler-450417.iam.gserviceaccount.com",
            "project": "673367928406",
            "role": "roles/secretmanager.secretAccessor",
            "secret_id": "projects/673367928406/secrets/pusher-cluster"
          },
          "sensitive_attributes": [
            [
              {
                "type": "get_attr",
                "value": "member"
              }
            ]
          ],
          "identity_schema_version": 0,
          "private": "bnVsbA==",
          "dependencies": [
            "google_service_account.cloud_run_sa",
            "module.neo4j_db.google_compute_firewall.neo4j-internal",
            "module.neo4j_db.google_compute_instance.neo4j",
            "module.neo4j_db.google_iap_tunnel_instance_iam_member.ssh",
            "module.neo4j_db.google_project_iam_member.neo4j_iap_tunnel_user",
            "module.neo4j_db.google_project_iam_member.neo4j_logging",
            "module.neo4j_db.google_project_iam_member.neo4j_monitoring",
            "module.neo4j_db.google_project_iam_member.neo4j_storage_viewer",
            "module.neo4j_db.google_secret_manager_secret.neo4j_bolt_uri",
            "module.neo4j_db.google_secret_manager_secret_iam_member.neo4j_bolt_uri_secret_accessor",
            "module.neo4j_db.google_secret_manager_secret_version.neo4j_bolt_uri_version",
            "module.neo4j_db.google_service_account.neo4j_instance_sa",
            "module.secrets.google_secret_manager_secret.pusher_cluster",
            "module.selenium_chrome_cloud_run.google_cloud_run_service.selenium_standalone_chrome",
            "module.vpc.google_compute_network.vpc",
            "module.vpc.google_compute_subnetwork.custom_subnet"
          ]
        }
      ]
    },
    {
      "module": "module.secrets",
      "mode": "managed",
      "type": "google_secret_manager_secret_iam_member",
      "name": "pusher_key_secret_accessor",
      "provider": "provider[\"registry.terraform.io/hashicorp/google\"]",
      "instances": [
        {
          "schema_version": 0,
          "attributes": {
            "condition": [],
            "etag": "BwY6kEHpcYI=",
            "id": "projects/673367928406/secrets/pusher-key/roles/secretmanager.secretAccessor/serviceAccount:cloud-run-sa@webcrawler-450417.iam.gserviceaccount.com",
            "member": "serviceAccount:cloud-run-sa@webcrawler-450417.iam.gserviceaccount.com",
            "project": "673367928406",
            "role": "roles/secretmanager.secretAccessor",
            "secret_id": "projects/673367928406/secrets/pusher-key"
          },
          "sensitive_attributes": [
            [
              {
                "type": "get_attr",
                "value": "member"
              }
            ]
          ],
          "identity_schema_version": 0,
          "private": "bnVsbA==",
          "dependencies": [
            "google_service_account.cloud_run_sa",
            "module.neo4j_db.google_compute_firewall.neo4j-internal",
            "module.neo4j_db.google_compute_instance.neo4j",
            "module.neo4j_db.google_iap_tunnel_instance_iam_member.ssh",
            "module.neo4j_db.google_project_iam_member.neo4j_iap_tunnel_user",
            "module.neo4j_db.google_project_iam_member.neo4j_logging",
            "module.neo4j_db.google_project_iam_member.neo4j_monitoring",
            "module.neo4j_db.google_project_iam_member.neo4j_storage_viewer",
            "module.neo4j_db.google_secret_manager_secret.neo4j_bolt_uri",
            "module.neo4j_db.google_secret_manager_secret_iam_member.neo4j_bolt_uri_secret_accessor",
            "module.neo4j_db.google_secret_manager_secret_version.neo4j_bolt_uri_version",
            "module.neo4j_db.google_service_account.neo4j_instance_sa",
            "module.secrets.google_secret_manager_secret.pusher_key",
            "module.selenium_chrome_cloud_run.google_cloud_run_service.selenium_standalone_chrome",
            "module.vpc.google_compute_network.vpc",
            "module.vpc.google_compute_subnetwork.custom_subnet"
          ]
        }
      ]
    },
    {
      "module": "module.secrets",
      "mode": "managed",
      "type": "google_secret_manager_secret_iam_member",
      "name": "pusher_secret_secret_accessor",
      "provider": "provider[\"registry.terraform.io/hashicorp/google\"]",
      "instances": [
        {
          "schema_version": 0,
          "attributes": {
            "condition": [],
            "etag": "BwY6kEIGYjI=",
            "id": "projects/673367928406/secrets/pusher-secret/roles/secretmanager.secretAccessor/serviceAccount:cloud-run-sa@webcrawler-450417.iam.gserviceaccount.com",
            "member": "serviceAccount:cloud-run-sa@webcrawler-450417.iam.gserviceaccount.com",
            "project": "673367928406",
            "role": "roles/secretmanager.secretAccessor",
            "secret_id": "projects/673367928406/secrets/pusher-secret"
          },
          "sensitive_attributes": [
            [
              {
                "type": "get_attr",
                "value": "member"
              }
            ]
          ],
          "identity_schema_version": 0,
          "private": "bnVsbA==",
          "dependencies": [
            "google_service_account.cloud_run_sa",
            "module.neo4j_db.google_compute_firewall.neo4j-internal",
            "module.neo4j_db.google_compute_instance.neo4j",
            "module.neo4j_db.google_iap_tunnel_instance_iam_member.ssh",
            "module.neo4j_db.google_project_iam_member.neo4j_iap_tunnel_user",
            "module.neo4j_db.google_project_iam_member.neo4j_logging",
            "module.neo4j_db.google_project_iam_member.neo4j_monitoring",
            "module.neo4j_db.google_project_iam_member.neo4j_storage_viewer",
            "module.neo4j_db.google_secret_manager_secret.neo4j_bolt_uri",
            "module.neo4j_db.google_secret_manager_secret_iam_member.neo4j_bolt_uri_secret_accessor",
            "module.neo4j_db.google_secret_manager_secret_version.neo4j_bolt_uri_version",
            "module.neo4j_db.google_service_account.neo4j_instance_sa",
            "module.secrets.google_secret_manager_secret.pusher_secret",
            "module.selenium_chrome_cloud_run.google_cloud_run_service.selenium_standalone_chrome",
            "module.vpc.google_compute_network.vpc",
            "module.vpc.google_compute_subnetwork.custom_subnet"
          ]
        }
      ]
    },
    {
      "module": "module.secrets",
      "mode": "managed",
      "type": "google_secret_manager_secret_iam_member",
      "name": "smtp_password_secret_accessor",
      "provider": "provider[\"registry.terraform.io/hashicorp/google\"]",
      "instances": [
        {
          "schema_version": 0,
          "attributes": {
            "condition": [],
            "etag": "BwY6kEHQ+TU=",
            "id": "projects/673367928406/secrets/smtp-password/roles/secretmanager.secretAccessor/serviceAccount:cloud-run-sa@webcrawler-450417.iam.gserviceaccount.com",
            "member": "serviceAccount:cloud-run-sa@webcrawler-450417.iam.gserviceaccount.com",
            "project": "673367928406",
            "role": "roles/secretmanager.secretAccessor",
            "secret_id": "projects/673367928406/secrets/smtp-password"
          },
          "sensitive_attributes": [
            [
              {
                "type": "get_attr",
                "value": "member"
              }
            ]
          ],
          "identity_schema_version": 0,
          "private": "bnVsbA==",
          "dependencies": [
            "google_service_account.cloud_run_sa",
            "module.neo4j_db.google_compute_firewall.neo4j-internal",
            "module.neo4j_db.google_compute_instance.neo4j",
            "module.neo4j_db.google_iap_tunnel_instance_iam_member.ssh",
            "module.neo4j_db.google_project_iam_member.neo4j_iap_tunnel_user",
            "module.neo4j_db.google_project_iam_member.neo4j_logging",
            "module.neo4j_db.google_project_iam_member.neo4j_monitoring",
            "module.neo4j_db.google_project_iam_member.neo4j_storage_viewer",
            "module.neo4j_db.google_secret_manager_secret.neo4j_bolt_uri",
            "module.neo4j_db.google_secret_manager_secret_iam_member.neo4j_bolt_uri_secret_accessor",
            "module.neo4j_db.google_secret_manager_secret_version.neo4j_bolt_uri_version",
            "module.neo4j_db.google_service_account.neo4j_instance_sa",
            "module.secrets.google_secret_manager_secret.smtp_password",
            "module.selenium_chrome_cloud_run.google_cloud_run_service.selenium_standalone_chrome",
            "module.vpc.google_compute_network.vpc",
            "module.vpc.google_compute_subnetwork.custom_subnet"
          ]
        }
      ]
    },
    {
      "module": "module.secrets",
      "mode": "managed",
      "type": "google_secret_manager_secret_iam_member",
      "name": "smtp_username_secret_accessor",
      "provider": "provider[\"registry.terraform.io/hashicorp/google\"]",
      "instances": [
        {
          "schema_version": 0,
          "attributes": {
            "condition": [],
            "etag": "BwY6kEIGPv0=",
            "id": "projects/673367928406/secrets/smtp-username/roles/secretmanager.secretAccessor/serviceAccount:cloud-run-sa@webcrawler-450417.iam.gserviceaccount.com",
            "member": "serviceAccount:cloud-run-sa@webcrawler-450417.iam.gserviceaccount.com",
            "project": "673367928406",
            "role": "roles/secretmanager.secretAccessor",
            "secret_id": "projects/673367928406/secrets/smtp-username"
          },
          "sensitive_attributes": [
            [
              {
                "type": "get_attr",
                "value": "member"
              }
            ]
          ],
          "identity_schema_version": 0,
          "private": "bnVsbA==",
          "dependencies": [
            "google_service_account.cloud_run_sa",
            "module.neo4j_db.google_compute_firewall.neo4j-internal",
            "module.neo4j_db.google_compute_instance.neo4j",
            "module.neo4j_db.google_iap_tunnel_instance_iam_member.ssh",
            "module.neo4j_db.google_project_iam_member.neo4j_iap_tunnel_user",
            "module.neo4j_db.google_project_iam_member.neo4j_logging",
            "module.neo4j_db.google_project_iam_member.neo4j_monitoring",
            "module.neo4j_db.google_project_iam_member.neo4j_storage_viewer",
            "module.neo4j_db.google_secret_manager_secret.neo4j_bolt_uri",
            "module.neo4j_db.google_secret_manager_secret_iam_member.neo4j_bolt_uri_secret_accessor",
            "module.neo4j_db.google_secret_manager_secret_version.neo4j_bolt_uri_version",
            "module.neo4j_db.google_service_account.neo4j_instance_sa",
            "module.secrets.google_secret_manager_secret.smtp_username",
            "module.selenium_chrome_cloud_run.google_cloud_run_service.selenium_standalone_chrome",
            "module.vpc.google_compute_network.vpc",
            "module.vpc.google_compute_subnetwork.custom_subnet"
          ]
        }
      ]
    },
    {
      "module": "module.secrets",
      "mode": "managed",
      "type": "google_secret_manager_secret_version",
      "name": "auth0_audience_version",
      "provider": "provider[\"registry.terraform.io/hashicorp/google\"]",
      "instances": [
        {
          "schema_version": 0,
          "attributes": {
            "create_time": "2025-07-23T03:25:13.292308Z",
            "deletion_policy": "DELETE",
            "destroy_time": "",
            "enabled": true,
            "id": "projects/673367928406/secrets/auth0-audience/versions/1",
            "is_secret_data_base64": false,
            "name": "projects/673367928406/secrets/auth0-audience/versions/1",
            "secret": "projects/webcrawler-450417/secrets/auth0-audience",
            "secret_data": null,
            "secret_data_wo": null,
            "secret_data_wo_version": 0,
            "timeouts": null,
            "version": "1"
          },
          "sensitive_attributes": [
            [
              {
                "type": "get_attr",
                "value": "secret_data"
              }
            ],
            [
              {
                "type": "get_attr",
                "value": "secret_data_wo"
              }
            ]
          ],
          "identity_schema_version": 0,
          "private": "eyJlMmJmYjczMC1lY2FhLTExZTYtOGY4OC0zNDM2M2JjN2M0YzAiOnsiY3JlYXRlIjoxMjAwMDAwMDAwMDAwLCJkZWxldGUiOjEyMDAwMDAwMDAwMDAsInVwZGF0ZSI6MTIwMDAwMDAwMDAwMH19",
          "dependencies": [
            "google_service_account.cloud_run_sa",
            "module.neo4j_db.google_compute_firewall.neo4j-internal",
            "module.neo4j_db.google_compute_instance.neo4j",
            "module.neo4j_db.google_iap_tunnel_instance_iam_member.ssh",
            "module.neo4j_db.google_project_iam_member.neo4j_iap_tunnel_user",
            "module.neo4j_db.google_project_iam_member.neo4j_logging",
            "module.neo4j_db.google_project_iam_member.neo4j_monitoring",
            "module.neo4j_db.google_project_iam_member.neo4j_storage_viewer",
            "module.neo4j_db.google_secret_manager_secret.neo4j_bolt_uri",
            "module.neo4j_db.google_secret_manager_secret_iam_member.neo4j_bolt_uri_secret_accessor",
            "module.neo4j_db.google_secret_manager_secret_version.neo4j_bolt_uri_version",
            "module.neo4j_db.google_service_account.neo4j_instance_sa",
            "module.secrets.google_secret_manager_secret.auth0_audience",
            "module.selenium_chrome_cloud_run.google_cloud_run_service.selenium_standalone_chrome",
            "module.vpc.google_compute_network.vpc",
            "module.vpc.google_compute_subnetwork.custom_subnet"
          ]
        }
      ]
    },
    {
      "module": "module.secrets",
      "mode": "managed",
      "type": "google_secret_manager_secret_version",
      "name": "auth0_client_id_version",
      "provider": "provider[\"registry.terraform.io/hashicorp/google\"]",
      "instances": [
        {
          "schema_version": 0,
          "attributes": {
            "create_time": "2025-07-23T03:25:14.193317Z",
            "deletion_policy": "DELETE",
            "destroy_time": "",
            "enabled": true,
            "id": "projects/673367928406/secrets/auth0-client-id/versions/1",
            "is_secret_data_base64": false,
            "name": "projects/673367928406/secrets/auth0-client-id/versions/1",
            "secret": "projects/webcrawler-450417/secrets/auth0-client-id",
            "secret_data": null,
            "secret_data_wo": null,
            "secret_data_wo_version": 0,
            "timeouts": null,
            "version": "1"
          },
          "sensitive_attributes": [
            [
              {
                "type": "get_attr",
                "value": "secret_data"
              }
            ],
            [
              {
                "type": "get_attr",
                "value": "secret_data_wo"
              }
            ]
          ],
          "identity_schema_version": 0,
          "private": "eyJlMmJmYjczMC1lY2FhLTExZTYtOGY4OC0zNDM2M2JjN2M0YzAiOnsiY3JlYXRlIjoxMjAwMDAwMDAwMDAwLCJkZWxldGUiOjEyMDAwMDAwMDAwMDAsInVwZGF0ZSI6MTIwMDAwMDAwMDAwMH19",
          "dependencies": [
            "google_service_account.cloud_run_sa",
            "module.neo4j_db.google_compute_firewall.neo4j-internal",
            "module.neo4j_db.google_compute_instance.neo4j",
            "module.neo4j_db.google_iap_tunnel_instance_iam_member.ssh",
            "module.neo4j_db.google_project_iam_member.neo4j_iap_tunnel_user",
            "module.neo4j_db.google_project_iam_member.neo4j_logging",
            "module.neo4j_db.google_project_iam_member.neo4j_monitoring",
            "module.neo4j_db.google_project_iam_member.neo4j_storage_viewer",
            "module.neo4j_db.google_secret_manager_secret.neo4j_bolt_uri",
            "module.neo4j_db.google_secret_manager_secret_iam_member.neo4j_bolt_uri_secret_accessor",
            "module.neo4j_db.google_secret_manager_secret_version.neo4j_bolt_uri_version",
            "module.neo4j_db.google_service_account.neo4j_instance_sa",
            "module.secrets.google_secret_manager_secret.auth0_client_id",
            "module.selenium_chrome_cloud_run.google_cloud_run_service.selenium_standalone_chrome",
            "module.vpc.google_compute_network.vpc",
            "module.vpc.google_compute_subnetwork.custom_subnet"
          ]
        }
      ]
    },
    {
      "module": "module.secrets",
      "mode": "managed",
      "type": "google_secret_manager_secret_version",
      "name": "auth0_client_secret_version",
      "provider": "provider[\"registry.terraform.io/hashicorp/google\"]",
      "instances": [
        {
          "schema_version": 0,
          "attributes": {
            "create_time": "2025-07-23T03:25:14.937665Z",
            "deletion_policy": "DELETE",
            "destroy_time": "",
            "enabled": true,
            "id": "projects/673367928406/secrets/auth0-client-secret/versions/1",
            "is_secret_data_base64": false,
            "name": "projects/673367928406/secrets/auth0-client-secret/versions/1",
            "secret": "projects/webcrawler-450417/secrets/auth0-client-secret",
            "secret_data": null,
            "secret_data_wo": null,
            "secret_data_wo_version": 0,
            "timeouts": null,
            "version": "1"
          },
          "sensitive_attributes": [
            [
              {
                "type": "get_attr",
                "value": "secret_data"
              }
            ],
            [
              {
                "type": "get_attr",
                "value": "secret_data_wo"
              }
            ]
          ],
          "identity_schema_version": 0,
          "private": "eyJlMmJmYjczMC1lY2FhLTExZTYtOGY4OC0zNDM2M2JjN2M0YzAiOnsiY3JlYXRlIjoxMjAwMDAwMDAwMDAwLCJkZWxldGUiOjEyMDAwMDAwMDAwMDAsInVwZGF0ZSI6MTIwMDAwMDAwMDAwMH19",
          "dependencies": [
            "google_service_account.cloud_run_sa",
            "module.neo4j_db.google_compute_firewall.neo4j-internal",
            "module.neo4j_db.google_compute_instance.neo4j",
            "module.neo4j_db.google_iap_tunnel_instance_iam_member.ssh",
            "module.neo4j_db.google_project_iam_member.neo4j_iap_tunnel_user",
            "module.neo4j_db.google_project_iam_member.neo4j_logging",
            "module.neo4j_db.google_project_iam_member.neo4j_monitoring",
            "module.neo4j_db.google_project_iam_member.neo4j_storage_viewer",
            "module.neo4j_db.google_secret_manager_secret.neo4j_bolt_uri",
            "module.neo4j_db.google_secret_manager_secret_iam_member.neo4j_bolt_uri_secret_accessor",
            "module.neo4j_db.google_secret_manager_secret_version.neo4j_bolt_uri_version",
            "module.neo4j_db.google_service_account.neo4j_instance_sa",
            "module.secrets.google_secret_manager_secret.auth0_client_secret",
            "module.selenium_chrome_cloud_run.google_cloud_run_service.selenium_standalone_chrome",
            "module.vpc.google_compute_network.vpc",
            "module.vpc.google_compute_subnetwork.custom_subnet"
          ]
        }
      ]
    },
    {
      "module": "module.secrets",
      "mode": "managed",
      "type": "google_secret_manager_secret_version",
      "name": "auth0_domain_version",
      "provider": "provider[\"registry.terraform.io/hashicorp/google\"]",
      "instances": [
        {
          "schema_version": 0,
          "attributes": {
            "create_time": "2025-07-23T03:25:14.136961Z",
            "deletion_policy": "DELETE",
            "destroy_time": "",
            "enabled": true,
            "id": "projects/673367928406/secrets/auth0-domain/versions/1",
            "is_secret_data_base64": false,
            "name": "projects/673367928406/secrets/auth0-domain/versions/1",
            "secret": "projects/webcrawler-450417/secrets/auth0-domain",
            "secret_data": null,
            "secret_data_wo": null,
            "secret_data_wo_version": 0,
            "timeouts": null,
            "version": "1"
          },
          "sensitive_attributes": [
            [
              {
                "type": "get_attr",
                "value": "secret_data"
              }
            ],
            [
              {
                "type": "get_attr",
                "value": "secret_data_wo"
              }
            ]
          ],
          "identity_schema_version": 0,
          "private": "eyJlMmJmYjczMC1lY2FhLTExZTYtOGY4OC0zNDM2M2JjN2M0YzAiOnsiY3JlYXRlIjoxMjAwMDAwMDAwMDAwLCJkZWxldGUiOjEyMDAwMDAwMDAwMDAsInVwZGF0ZSI6MTIwMDAwMDAwMDAwMH19",
          "dependencies": [
            "google_service_account.cloud_run_sa",
            "module.neo4j_db.google_compute_firewall.neo4j-internal",
            "module.neo4j_db.google_compute_instance.neo4j",
            "module.neo4j_db.google_iap_tunnel_instance_iam_member.ssh",
            "module.neo4j_db.google_project_iam_member.neo4j_iap_tunnel_user",
            "module.neo4j_db.google_project_iam_member.neo4j_logging",
            "module.neo4j_db.google_project_iam_member.neo4j_monitoring",
            "module.neo4j_db.google_project_iam_member.neo4j_storage_viewer",
            "module.neo4j_db.google_secret_manager_secret.neo4j_bolt_uri",
            "module.neo4j_db.google_secret_manager_secret_iam_member.neo4j_bolt_uri_secret_accessor",
            "module.neo4j_db.google_secret_manager_secret_version.neo4j_bolt_uri_version",
            "module.neo4j_db.google_service_account.neo4j_instance_sa",
            "module.secrets.google_secret_manager_secret.auth0_domain",
            "module.selenium_chrome_cloud_run.google_cloud_run_service.selenium_standalone_chrome",
            "module.vpc.google_compute_network.vpc",
            "module.vpc.google_compute_subnetwork.custom_subnet"
          ]
        }
      ]
    },
    {
      "module": "module.secrets",
      "mode": "managed",
      "type": "google_secret_manager_secret_version",
      "name": "auth0_management_api_audience_version",
      "provider": "provider[\"registry.terraform.io/hashicorp/google\"]",
      "instances": [
        {
          "schema_version": 0,
          "attributes": {
            "create_time": "2025-07-23T03:25:16.671410Z",
            "deletion_policy": "DELETE",
            "destroy_time": "",
            "enabled": true,
            "id": "projects/673367928406/secrets/auth0-management-api-audience/versions/1",
            "is_secret_data_base64": false,
            "name": "projects/673367928406/secrets/auth0-management-api-audience/versions/1",
            "secret": "projects/webcrawler-450417/secrets/auth0-management-api-audience",
            "secret_data": null,
            "secret_data_wo": null,
            "secret_data_wo_version": 0,
            "timeouts": null,
            "version": "1"
          },
          "sensitive_attributes": [
            [
              {
                "type": "get_attr",
                "value": "secret_data"
              }
            ],
            [
              {
                "type": "get_attr",
                "value": "secret_data_wo"
              }
            ]
          ],
          "identity_schema_version": 0,
          "private": "eyJlMmJmYjczMC1lY2FhLTExZTYtOGY4OC0zNDM2M2JjN2M0YzAiOnsiY3JlYXRlIjoxMjAwMDAwMDAwMDAwLCJkZWxldGUiOjEyMDAwMDAwMDAwMDAsInVwZGF0ZSI6MTIwMDAwMDAwMDAwMH19",
          "dependencies": [
            "google_service_account.cloud_run_sa",
            "module.neo4j_db.google_compute_firewall.neo4j-internal",
            "module.neo4j_db.google_compute_instance.neo4j",
            "module.neo4j_db.google_iap_tunnel_instance_iam_member.ssh",
            "module.neo4j_db.google_project_iam_member.neo4j_iap_tunnel_user",
            "module.neo4j_db.google_project_iam_member.neo4j_logging",
            "module.neo4j_db.google_project_iam_member.neo4j_monitoring",
            "module.neo4j_db.google_project_iam_member.neo4j_storage_viewer",
            "module.neo4j_db.google_secret_manager_secret.neo4j_bolt_uri",
            "module.neo4j_db.google_secret_manager_secret_iam_member.neo4j_bolt_uri_secret_accessor",
            "module.neo4j_db.google_secret_manager_secret_version.neo4j_bolt_uri_version",
            "module.neo4j_db.google_service_account.neo4j_instance_sa",
            "module.secrets.google_secret_manager_secret.auth0_management_api_audience",
            "module.selenium_chrome_cloud_run.google_cloud_run_service.selenium_standalone_chrome",
            "module.vpc.google_compute_network.vpc",
            "module.vpc.google_compute_subnetwork.custom_subnet"
          ]
        }
      ]
    },
    {
      "module": "module.secrets",
      "mode": "managed",
      "type": "google_secret_manager_secret_version",
      "name": "auth0_management_api_client_id_version",
      "provider": "provider[\"registry.terraform.io/hashicorp/google\"]",
      "instances": [
        {
          "schema_version": 0,
          "attributes": {
            "create_time": "2025-07-23T03:25:13.177906Z",
            "deletion_policy": "DELETE",
            "destroy_time": "",
            "enabled": true,
            "id": "projects/673367928406/secrets/auth0-management-api-client-id/versions/1",
            "is_secret_data_base64": false,
            "name": "projects/673367928406/secrets/auth0-management-api-client-id/versions/1",
            "secret": "projects/webcrawler-450417/secrets/auth0-management-api-client-id",
            "secret_data": null,
            "secret_data_wo": null,
            "secret_data_wo_version": 0,
            "timeouts": null,
            "version": "1"
          },
          "sensitive_attributes": [
            [
              {
                "type": "get_attr",
                "value": "secret_data"
              }
            ],
            [
              {
                "type": "get_attr",
                "value": "secret_data_wo"
              }
            ]
          ],
          "identity_schema_version": 0,
          "private": "eyJlMmJmYjczMC1lY2FhLTExZTYtOGY4OC0zNDM2M2JjN2M0YzAiOnsiY3JlYXRlIjoxMjAwMDAwMDAwMDAwLCJkZWxldGUiOjEyMDAwMDAwMDAwMDAsInVwZGF0ZSI6MTIwMDAwMDAwMDAwMH19",
          "dependencies": [
            "google_service_account.cloud_run_sa",
            "module.neo4j_db.google_compute_firewall.neo4j-internal",
            "module.neo4j_db.google_compute_instance.neo4j",
            "module.neo4j_db.google_iap_tunnel_instance_iam_member.ssh",
            "module.neo4j_db.google_project_iam_member.neo4j_iap_tunnel_user",
            "module.neo4j_db.google_project_iam_member.neo4j_logging",
            "module.neo4j_db.google_project_iam_member.neo4j_monitoring",
            "module.neo4j_db.google_project_iam_member.neo4j_storage_viewer",
            "module.neo4j_db.google_secret_manager_secret.neo4j_bolt_uri",
            "module.neo4j_db.google_secret_manager_secret_iam_member.neo4j_bolt_uri_secret_accessor",
            "module.neo4j_db.google_secret_manager_secret_version.neo4j_bolt_uri_version",
            "module.neo4j_db.google_service_account.neo4j_instance_sa",
            "module.secrets.google_secret_manager_secret.auth0_management_api_client_id",
            "module.selenium_chrome_cloud_run.google_cloud_run_service.selenium_standalone_chrome",
            "module.vpc.google_compute_network.vpc",
            "module.vpc.google_compute_subnetwork.custom_subnet"
          ]
        }
      ]
    },
    {
      "module": "module.secrets",
      "mode": "managed",
      "type": "google_secret_manager_secret_version",
      "name": "auth0_management_api_client_secret_version",
      "provider": "provider[\"registry.terraform.io/hashicorp/google\"]",
      "instances": [
        {
          "schema_version": 0,
          "attributes": {
            "create_time": "2025-07-23T03:25:15.033272Z",
            "deletion_policy": "DELETE",
            "destroy_time": "",
            "enabled": true,
            "id": "projects/673367928406/secrets/auth0-management-api-client-secret/versions/1",
            "is_secret_data_base64": false,
            "name": "projects/673367928406/secrets/auth0-management-api-client-secret/versions/1",
            "secret": "projects/webcrawler-450417/secrets/auth0-management-api-client-secret",
            "secret_data": null,
            "secret_data_wo": null,
            "secret_data_wo_version": 0,
            "timeouts": null,
            "version": "1"
          },
          "sensitive_attributes": [
            [
              {
                "type": "get_attr",
                "value": "secret_data"
              }
            ],
            [
              {
                "type": "get_attr",
                "value": "secret_data_wo"
              }
            ]
          ],
          "identity_schema_version": 0,
          "private": "eyJlMmJmYjczMC1lY2FhLTExZTYtOGY4OC0zNDM2M2JjN2M0YzAiOnsiY3JlYXRlIjoxMjAwMDAwMDAwMDAwLCJkZWxldGUiOjEyMDAwMDAwMDAwMDAsInVwZGF0ZSI6MTIwMDAwMDAwMDAwMH19",
          "dependencies": [
            "google_service_account.cloud_run_sa",
            "module.neo4j_db.google_compute_firewall.neo4j-internal",
            "module.neo4j_db.google_compute_instance.neo4j",
            "module.neo4j_db.google_iap_tunnel_instance_iam_member.ssh",
            "module.neo4j_db.google_project_iam_member.neo4j_iap_tunnel_user",
            "module.neo4j_db.google_project_iam_member.neo4j_logging",
            "module.neo4j_db.google_project_iam_member.neo4j_monitoring",
            "module.neo4j_db.google_project_iam_member.neo4j_storage_viewer",
            "module.neo4j_db.google_secret_manager_secret.neo4j_bolt_uri",
            "module.neo4j_db.google_secret_manager_secret_iam_member.neo4j_bolt_uri_secret_accessor",
            "module.neo4j_db.google_secret_manager_secret_version.neo4j_bolt_uri_version",
            "module.neo4j_db.google_service_account.neo4j_instance_sa",
            "module.secrets.google_secret_manager_secret.auth0_management_api_client_secret",
            "module.selenium_chrome_cloud_run.google_cloud_run_service.selenium_standalone_chrome",
            "module.vpc.google_compute_network.vpc",
            "module.vpc.google_compute_subnetwork.custom_subnet"
          ]
        }
      ]
    },
    {
      "module": "module.secrets",
      "mode": "managed",
      "type": "google_secret_manager_secret_version",
      "name": "auth0_management_api_domain_version",
      "provider": "provider[\"registry.terraform.io/hashicorp/google\"]",
      "instances": [
        {
          "schema_version": 0,
          "attributes": {
            "create_time": "2025-07-23T03:25:14.281891Z",
            "deletion_policy": "DELETE",
            "destroy_time": "",
            "enabled": true,
            "id": "projects/673367928406/secrets/auth0-management-api-domain/versions/1",
            "is_secret_data_base64": false,
            "name": "projects/673367928406/secrets/auth0-management-api-domain/versions/1",
            "secret": "projects/webcrawler-450417/secrets/auth0-management-api-domain",
            "secret_data": null,
            "secret_data_wo": null,
            "secret_data_wo_version": 0,
            "timeouts": null,
            "version": "1"
          },
          "sensitive_attributes": [
            [
              {
                "type": "get_attr",
                "value": "secret_data"
              }
            ],
            [
              {
                "type": "get_attr",
                "value": "secret_data_wo"
              }
            ]
          ],
          "identity_schema_version": 0,
          "private": "eyJlMmJmYjczMC1lY2FhLTExZTYtOGY4OC0zNDM2M2JjN2M0YzAiOnsiY3JlYXRlIjoxMjAwMDAwMDAwMDAwLCJkZWxldGUiOjEyMDAwMDAwMDAwMDAsInVwZGF0ZSI6MTIwMDAwMDAwMDAwMH19",
          "dependencies": [
            "google_service_account.cloud_run_sa",
            "module.neo4j_db.google_compute_firewall.neo4j-internal",
            "module.neo4j_db.google_compute_instance.neo4j",
            "module.neo4j_db.google_iap_tunnel_instance_iam_member.ssh",
            "module.neo4j_db.google_project_iam_member.neo4j_iap_tunnel_user",
            "module.neo4j_db.google_project_iam_member.neo4j_logging",
            "module.neo4j_db.google_project_iam_member.neo4j_monitoring",
            "module.neo4j_db.google_project_iam_member.neo4j_storage_viewer",
            "module.neo4j_db.google_secret_manager_secret.neo4j_bolt_uri",
            "module.neo4j_db.google_secret_manager_secret_iam_member.neo4j_bolt_uri_secret_accessor",
            "module.neo4j_db.google_secret_manager_secret_version.neo4j_bolt_uri_version",
            "module.neo4j_db.google_service_account.neo4j_instance_sa",
            "module.secrets.google_secret_manager_secret.auth0_management_api_domain",
            "module.selenium_chrome_cloud_run.google_cloud_run_service.selenium_standalone_chrome",
            "module.vpc.google_compute_network.vpc",
            "module.vpc.google_compute_subnetwork.custom_subnet"
          ]
        }
      ]
    },
    {
      "module": "module.secrets",
      "mode": "managed",
      "type": "google_secret_manager_secret_version",
      "name": "neo4j_db_name_version",
      "provider": "provider[\"registry.terraform.io/hashicorp/google\"]",
      "instances": [
        {
          "schema_version": 0,
          "attributes": {
            "create_time": "2025-07-23T03:25:13.302355Z",
            "deletion_policy": "DELETE",
            "destroy_time": "",
            "enabled": true,
            "id": "projects/673367928406/secrets/neo4j-db-name/versions/1",
            "is_secret_data_base64": false,
            "name": "projects/673367928406/secrets/neo4j-db-name/versions/1",
            "secret": "projects/webcrawler-450417/secrets/neo4j-db-name",
            "secret_data": null,
            "secret_data_wo": null,
            "secret_data_wo_version": 0,
            "timeouts": null,
            "version": "1"
          },
          "sensitive_attributes": [
            [
              {
                "type": "get_attr",
                "value": "secret_data"
              }
            ],
            [
              {
                "type": "get_attr",
                "value": "secret_data_wo"
              }
            ]
          ],
          "identity_schema_version": 0,
          "private": "eyJlMmJmYjczMC1lY2FhLTExZTYtOGY4OC0zNDM2M2JjN2M0YzAiOnsiY3JlYXRlIjoxMjAwMDAwMDAwMDAwLCJkZWxldGUiOjEyMDAwMDAwMDAwMDAsInVwZGF0ZSI6MTIwMDAwMDAwMDAwMH19",
          "dependencies": [
            "google_service_account.cloud_run_sa",
            "module.neo4j_db.google_compute_firewall.neo4j-internal",
            "module.neo4j_db.google_compute_instance.neo4j",
            "module.neo4j_db.google_iap_tunnel_instance_iam_member.ssh",
            "module.neo4j_db.google_project_iam_member.neo4j_iap_tunnel_user",
            "module.neo4j_db.google_project_iam_member.neo4j_logging",
            "module.neo4j_db.google_project_iam_member.neo4j_monitoring",
            "module.neo4j_db.google_project_iam_member.neo4j_storage_viewer",
            "module.neo4j_db.google_secret_manager_secret.neo4j_bolt_uri",
            "module.neo4j_db.google_secret_manager_secret_iam_member.neo4j_bolt_uri_secret_accessor",
            "module.neo4j_db.google_secret_manager_secret_version.neo4j_bolt_uri_version",
            "module.neo4j_db.google_service_account.neo4j_instance_sa",
            "module.secrets.google_secret_manager_secret.neo4j_db_name",
            "module.selenium_chrome_cloud_run.google_cloud_run_service.selenium_standalone_chrome",
            "module.vpc.google_compute_network.vpc",
            "module.vpc.google_compute_subnetwork.custom_subnet"
          ]
        }
      ]
    },
    {
      "module": "module.secrets",
      "mode": "managed",
      "type": "google_secret_manager_secret_version",
      "name": "neo4j_password_version",
      "provider": "provider[\"registry.terraform.io/hashicorp/google\"]",
      "instances": [
        {
          "schema_version": 0,
          "attributes": {
            "create_time": "2025-07-23T03:25:13.363244Z",
            "deletion_policy": "DELETE",
            "destroy_time": "",
            "enabled": true,
            "id": "projects/673367928406/secrets/neo4j-password/versions/1",
            "is_secret_data_base64": false,
            "name": "projects/673367928406/secrets/neo4j-password/versions/1",
            "secret": "projects/webcrawler-450417/secrets/neo4j-password",
            "secret_data": null,
            "secret_data_wo": null,
            "secret_data_wo_version": 0,
            "timeouts": null,
            "version": "1"
          },
          "sensitive_attributes": [
            [
              {
                "type": "get_attr",
                "value": "secret_data"
              }
            ],
            [
              {
                "type": "get_attr",
                "value": "secret_data_wo"
              }
            ]
          ],
          "identity_schema_version": 0,
          "private": "eyJlMmJmYjczMC1lY2FhLTExZTYtOGY4OC0zNDM2M2JjN2M0YzAiOnsiY3JlYXRlIjoxMjAwMDAwMDAwMDAwLCJkZWxldGUiOjEyMDAwMDAwMDAwMDAsInVwZGF0ZSI6MTIwMDAwMDAwMDAwMH19",
          "dependencies": [
            "google_service_account.cloud_run_sa",
            "module.neo4j_db.google_compute_firewall.neo4j-internal",
            "module.neo4j_db.google_compute_instance.neo4j",
            "module.neo4j_db.google_iap_tunnel_instance_iam_member.ssh",
            "module.neo4j_db.google_project_iam_member.neo4j_iap_tunnel_user",
            "module.neo4j_db.google_project_iam_member.neo4j_logging",
            "module.neo4j_db.google_project_iam_member.neo4j_monitoring",
            "module.neo4j_db.google_project_iam_member.neo4j_storage_viewer",
            "module.neo4j_db.google_secret_manager_secret.neo4j_bolt_uri",
            "module.neo4j_db.google_secret_manager_secret_iam_member.neo4j_bolt_uri_secret_accessor",
            "module.neo4j_db.google_secret_manager_secret_version.neo4j_bolt_uri_version",
            "module.neo4j_db.google_service_account.neo4j_instance_sa",
            "module.secrets.google_secret_manager_secret.neo4j_password",
            "module.selenium_chrome_cloud_run.google_cloud_run_service.selenium_standalone_chrome",
            "module.vpc.google_compute_network.vpc",
            "module.vpc.google_compute_subnetwork.custom_subnet"
          ]
        }
      ]
    },
    {
      "module": "module.secrets",
      "mode": "managed",
      "type": "google_secret_manager_secret_version",
      "name": "neo4j_username_version",
      "provider": "provider[\"registry.terraform.io/hashicorp/google\"]",
      "instances": [
        {
          "schema_version": 0,
          "attributes": {
            "create_time": "2025-07-23T03:25:13.255180Z",
            "deletion_policy": "DELETE",
            "destroy_time": "",
            "enabled": true,
            "id": "projects/673367928406/secrets/neo4j-username/versions/1",
            "is_secret_data_base64": false,
            "name": "projects/673367928406/secrets/neo4j-username/versions/1",
            "secret": "projects/webcrawler-450417/secrets/neo4j-username",
            "secret_data": null,
            "secret_data_wo": null,
            "secret_data_wo_version": 0,
            "timeouts": null,
            "version": "1"
          },
          "sensitive_attributes": [
            [
              {
                "type": "get_attr",
                "value": "secret_data"
              }
            ],
            [
              {
                "type": "get_attr",
                "value": "secret_data_wo"
              }
            ]
          ],
          "identity_schema_version": 0,
          "private": "eyJlMmJmYjczMC1lY2FhLTExZTYtOGY4OC0zNDM2M2JjN2M0YzAiOnsiY3JlYXRlIjoxMjAwMDAwMDAwMDAwLCJkZWxldGUiOjEyMDAwMDAwMDAwMDAsInVwZGF0ZSI6MTIwMDAwMDAwMDAwMH19",
          "dependencies": [
            "google_service_account.cloud_run_sa",
            "module.neo4j_db.google_compute_firewall.neo4j-internal",
            "module.neo4j_db.google_compute_instance.neo4j",
            "module.neo4j_db.google_iap_tunnel_instance_iam_member.ssh",
            "module.neo4j_db.google_project_iam_member.neo4j_iap_tunnel_user",
            "module.neo4j_db.google_project_iam_member.neo4j_logging",
            "module.neo4j_db.google_project_iam_member.neo4j_monitoring",
            "module.neo4j_db.google_project_iam_member.neo4j_storage_viewer",
            "module.neo4j_db.google_secret_manager_secret.neo4j_bolt_uri",
            "module.neo4j_db.google_secret_manager_secret_iam_member.neo4j_bolt_uri_secret_accessor",
            "module.neo4j_db.google_secret_manager_secret_version.neo4j_bolt_uri_version",
            "module.neo4j_db.google_service_account.neo4j_instance_sa",
            "module.secrets.google_secret_manager_secret.neo4j_username",
            "module.selenium_chrome_cloud_run.google_cloud_run_service.selenium_standalone_chrome",
            "module.vpc.google_compute_network.vpc",
            "module.vpc.google_compute_subnetwork.custom_subnet"
          ]
        }
      ]
    },
    {
      "module": "module.secrets",
      "mode": "managed",
      "type": "google_secret_manager_secret_version",
      "name": "pusher_app_id_version",
      "provider": "provider[\"registry.terraform.io/hashicorp/google\"]",
      "instances": [
        {
          "schema_version": 0,
          "attributes": {
            "create_time": "2025-07-23T03:25:15.804334Z",
            "deletion_policy": "DELETE",
            "destroy_time": "",
            "enabled": true,
            "id": "projects/673367928406/secrets/pusher-app-id/versions/1",
            "is_secret_data_base64": false,
            "name": "projects/673367928406/secrets/pusher-app-id/versions/1",
            "secret": "projects/webcrawler-450417/secrets/pusher-app-id",
            "secret_data": null,
            "secret_data_wo": null,
            "secret_data_wo_version": 0,
            "timeouts": null,
            "version": "1"
          },
          "sensitive_attributes": [
            [
              {
                "type": "get_attr",
                "value": "secret_data"
              }
            ],
            [
              {
                "type": "get_attr",
                "value": "secret_data_wo"
              }
            ]
          ],
          "identity_schema_version": 0,
          "private": "eyJlMmJmYjczMC1lY2FhLTExZTYtOGY4OC0zNDM2M2JjN2M0YzAiOnsiY3JlYXRlIjoxMjAwMDAwMDAwMDAwLCJkZWxldGUiOjEyMDAwMDAwMDAwMDAsInVwZGF0ZSI6MTIwMDAwMDAwMDAwMH19",
          "dependencies": [
            "google_service_account.cloud_run_sa",
            "module.neo4j_db.google_compute_firewall.neo4j-internal",
            "module.neo4j_db.google_compute_instance.neo4j",
            "module.neo4j_db.google_iap_tunnel_instance_iam_member.ssh",
            "module.neo4j_db.google_project_iam_member.neo4j_iap_tunnel_user",
            "module.neo4j_db.google_project_iam_member.neo4j_logging",
            "module.neo4j_db.google_project_iam_member.neo4j_monitoring",
            "module.neo4j_db.google_project_iam_member.neo4j_storage_viewer",
            "module.neo4j_db.google_secret_manager_secret.neo4j_bolt_uri",
            "module.neo4j_db.google_secret_manager_secret_iam_member.neo4j_bolt_uri_secret_accessor",
            "module.neo4j_db.google_secret_manager_secret_version.neo4j_bolt_uri_version",
            "module.neo4j_db.google_service_account.neo4j_instance_sa",
            "module.secrets.google_secret_manager_secret.pusher_app_id",
            "module.selenium_chrome_cloud_run.google_cloud_run_service.selenium_standalone_chrome",
            "module.vpc.google_compute_network.vpc",
            "module.vpc.google_compute_subnetwork.custom_subnet"
          ]
        }
      ]
    },
    {
      "module": "module.secrets",
      "mode": "managed",
      "type": "google_secret_manager_secret_version",
      "name": "pusher_cluster_version",
      "provider": "provider[\"registry.terraform.io/hashicorp/google\"]",
      "instances": [
        {
          "schema_version": 0,
          "attributes": {
            "create_time": "2025-07-23T03:25:13.475227Z",
            "deletion_policy": "DELETE",
            "destroy_time": "",
            "enabled": true,
            "id": "projects/673367928406/secrets/pusher-cluster/versions/1",
            "is_secret_data_base64": false,
            "name": "projects/673367928406/secrets/pusher-cluster/versions/1",
            "secret": "projects/webcrawler-450417/secrets/pusher-cluster",
            "secret_data": null,
            "secret_data_wo": null,
            "secret_data_wo_version": 0,
            "timeouts": null,
            "version": "1"
          },
          "sensitive_attributes": [
            [
              {
                "type": "get_attr",
                "value": "secret_data"
              }
            ],
            [
              {
                "type": "get_attr",
                "value": "secret_data_wo"
              }
            ]
          ],
          "identity_schema_version": 0,
          "private": "eyJlMmJmYjczMC1lY2FhLTExZTYtOGY4OC0zNDM2M2JjN2M0YzAiOnsiY3JlYXRlIjoxMjAwMDAwMDAwMDAwLCJkZWxldGUiOjEyMDAwMDAwMDAwMDAsInVwZGF0ZSI6MTIwMDAwMDAwMDAwMH19",
          "dependencies": [
            "google_service_account.cloud_run_sa",
            "module.neo4j_db.google_compute_firewall.neo4j-internal",
            "module.neo4j_db.google_compute_instance.neo4j",
            "module.neo4j_db.google_iap_tunnel_instance_iam_member.ssh",
            "module.neo4j_db.google_project_iam_member.neo4j_iap_tunnel_user",
            "module.neo4j_db.google_project_iam_member.neo4j_logging",
            "module.neo4j_db.google_project_iam_member.neo4j_monitoring",
            "module.neo4j_db.google_project_iam_member.neo4j_storage_viewer",
            "module.neo4j_db.google_secret_manager_secret.neo4j_bolt_uri",
            "module.neo4j_db.google_secret_manager_secret_iam_member.neo4j_bolt_uri_secret_accessor",
            "module.neo4j_db.google_secret_manager_secret_version.neo4j_bolt_uri_version",
            "module.neo4j_db.google_service_account.neo4j_instance_sa",
            "module.secrets.google_secret_manager_secret.pusher_cluster",
            "module.selenium_chrome_cloud_run.google_cloud_run_service.selenium_standalone_chrome",
            "module.vpc.google_compute_network.vpc",
            "module.vpc.google_compute_subnetwork.custom_subnet"
          ]
        }
      ]
    },
    {
      "module": "module.secrets",
      "mode": "managed",
      "type": "google_secret_manager_secret_version",
      "name": "pusher_key_version",
      "provider": "provider[\"registry.terraform.io/hashicorp/google\"]",
      "instances": [
        {
          "schema_version": 0,
          "attributes": {
            "create_time": "2025-07-23T03:25:15.916979Z",
            "deletion_policy": "DELETE",
            "destroy_time": "",
            "enabled": true,
            "id": "projects/673367928406/secrets/pusher-key/versions/1",
            "is_secret_data_base64": false,
            "name": "projects/673367928406/secrets/pusher-key/versions/1",
            "secret": "projects/webcrawler-450417/secrets/pusher-key",
            "secret_data": null,
            "secret_data_wo": null,
            "secret_data_wo_version": 0,
            "timeouts": null,
            "version": "1"
          },
          "sensitive_attributes": [
            [
              {
                "type": "get_attr",
                "value": "secret_data"
              }
            ],
            [
              {
                "type": "get_attr",
                "value": "secret_data_wo"
              }
            ]
          ],
          "identity_schema_version": 0,
          "private": "eyJlMmJmYjczMC1lY2FhLTExZTYtOGY4OC0zNDM2M2JjN2M0YzAiOnsiY3JlYXRlIjoxMjAwMDAwMDAwMDAwLCJkZWxldGUiOjEyMDAwMDAwMDAwMDAsInVwZGF0ZSI6MTIwMDAwMDAwMDAwMH19",
          "dependencies": [
            "google_service_account.cloud_run_sa",
            "module.neo4j_db.google_compute_firewall.neo4j-internal",
            "module.neo4j_db.google_compute_instance.neo4j",
            "module.neo4j_db.google_iap_tunnel_instance_iam_member.ssh",
            "module.neo4j_db.google_project_iam_member.neo4j_iap_tunnel_user",
            "module.neo4j_db.google_project_iam_member.neo4j_logging",
            "module.neo4j_db.google_project_iam_member.neo4j_monitoring",
            "module.neo4j_db.google_project_iam_member.neo4j_storage_viewer",
            "module.neo4j_db.google_secret_manager_secret.neo4j_bolt_uri",
            "module.neo4j_db.google_secret_manager_secret_iam_member.neo4j_bolt_uri_secret_accessor",
            "module.neo4j_db.google_secret_manager_secret_version.neo4j_bolt_uri_version",
            "module.neo4j_db.google_service_account.neo4j_instance_sa",
            "module.secrets.google_secret_manager_secret.pusher_key",
            "module.selenium_chrome_cloud_run.google_cloud_run_service.selenium_standalone_chrome",
            "module.vpc.google_compute_network.vpc",
            "module.vpc.google_compute_subnetwork.custom_subnet"
          ]
        }
      ]
    },
    {
      "module": "module.secrets",
      "mode": "managed",
      "type": "google_secret_manager_secret_version",
      "name": "pusher_secret_version",
      "provider": "provider[\"registry.terraform.io/hashicorp/google\"]",
      "instances": [
        {
          "schema_version": 0,
          "attributes": {
            "create_time": "2025-07-23T03:25:17.518649Z",
            "deletion_policy": "DELETE",
            "destroy_time": "",
            "enabled": true,
            "id": "projects/673367928406/secrets/pusher-secret/versions/1",
            "is_secret_data_base64": false,
            "name": "projects/673367928406/secrets/pusher-secret/versions/1",
            "secret": "projects/webcrawler-450417/secrets/pusher-secret",
            "secret_data": null,
            "secret_data_wo": null,
            "secret_data_wo_version": 0,
            "timeouts": null,
            "version": "1"
          },
          "sensitive_attributes": [
            [
              {
                "type": "get_attr",
                "value": "secret_data"
              }
            ],
            [
              {
                "type": "get_attr",
                "value": "secret_data_wo"
              }
            ]
          ],
          "identity_schema_version": 0,
          "private": "eyJlMmJmYjczMC1lY2FhLTExZTYtOGY4OC0zNDM2M2JjN2M0YzAiOnsiY3JlYXRlIjoxMjAwMDAwMDAwMDAwLCJkZWxldGUiOjEyMDAwMDAwMDAwMDAsInVwZGF0ZSI6MTIwMDAwMDAwMDAwMH19",
          "dependencies": [
            "google_service_account.cloud_run_sa",
            "module.neo4j_db.google_compute_firewall.neo4j-internal",
            "module.neo4j_db.google_compute_instance.neo4j",
            "module.neo4j_db.google_iap_tunnel_instance_iam_member.ssh",
            "module.neo4j_db.google_project_iam_member.neo4j_iap_tunnel_user",
            "module.neo4j_db.google_project_iam_member.neo4j_logging",
            "module.neo4j_db.google_project_iam_member.neo4j_monitoring",
            "module.neo4j_db.google_project_iam_member.neo4j_storage_viewer",
            "module.neo4j_db.google_secret_manager_secret.neo4j_bolt_uri",
            "module.neo4j_db.google_secret_manager_secret_iam_member.neo4j_bolt_uri_secret_accessor",
            "module.neo4j_db.google_secret_manager_secret_version.neo4j_bolt_uri_version",
            "module.neo4j_db.google_service_account.neo4j_instance_sa",
            "module.secrets.google_secret_manager_secret.pusher_secret",
            "module.selenium_chrome_cloud_run.google_cloud_run_service.selenium_standalone_chrome",
            "module.vpc.google_compute_network.vpc",
            "module.vpc.google_compute_subnetwork.custom_subnet"
          ]
        }
      ]
    },
    {
      "module": "module.secrets",
      "mode": "managed",
      "type": "google_secret_manager_secret_version",
      "name": "selenium_urls_version",
      "provider": "provider[\"registry.terraform.io/hashicorp/google\"]",
      "instances": [
        {
          "schema_version": 0,
          "attributes": {
            "create_time": "2025-07-23T03:25:15.009107Z",
            "deletion_policy": "DELETE",
            "destroy_time": "",
            "enabled": true,
            "id": "projects/673367928406/secrets/seleniumurls/versions/1",
            "is_secret_data_base64": false,
            "name": "projects/673367928406/secrets/seleniumurls/versions/1",
            "secret": "projects/webcrawler-450417/secrets/seleniumurls",
            "secret_data": null,
            "secret_data_wo": null,
            "secret_data_wo_version": 0,
            "timeouts": null,
            "version": "1"
          },
          "sensitive_attributes": [
            [
              {
                "type": "get_attr",
                "value": "secret_data"
              }
            ]
          ],
          "identity_schema_version": 0,
          "private": "eyJlMmJmYjczMC1lY2FhLTExZTYtOGY4OC0zNDM2M2JjN2M0YzAiOnsiY3JlYXRlIjoxMjAwMDAwMDAwMDAwLCJkZWxldGUiOjEyMDAwMDAwMDAwMDAsInVwZGF0ZSI6MTIwMDAwMDAwMDAwMH19",
          "dependencies": [
            "google_service_account.cloud_run_sa",
            "module.neo4j_db.google_compute_firewall.neo4j-internal",
            "module.neo4j_db.google_compute_instance.neo4j",
            "module.neo4j_db.google_iap_tunnel_instance_iam_member.ssh",
            "module.neo4j_db.google_project_iam_member.neo4j_iap_tunnel_user",
            "module.neo4j_db.google_project_iam_member.neo4j_logging",
            "module.neo4j_db.google_project_iam_member.neo4j_monitoring",
            "module.neo4j_db.google_project_iam_member.neo4j_storage_viewer",
            "module.neo4j_db.google_secret_manager_secret.neo4j_bolt_uri",
            "module.neo4j_db.google_secret_manager_secret_iam_member.neo4j_bolt_uri_secret_accessor",
            "module.neo4j_db.google_secret_manager_secret_version.neo4j_bolt_uri_version",
            "module.neo4j_db.google_service_account.neo4j_instance_sa",
            "module.secrets.google_secret_manager_secret.selenium_urls",
            "module.selenium_chrome_cloud_run.google_cloud_run_service.selenium_standalone_chrome",
            "module.vpc.google_compute_network.vpc",
            "module.vpc.google_compute_subnetwork.custom_subnet"
          ]
        }
      ]
    },
    {
      "module": "module.secrets",
      "mode": "managed",
      "type": "google_secret_manager_secret_version",
      "name": "smtp_password_version",
      "provider": "provider[\"registry.terraform.io/hashicorp/google\"]",
      "instances": [
        {
          "schema_version": 0,
          "attributes": {
            "create_time": "2025-07-23T03:25:14.175051Z",
            "deletion_policy": "DELETE",
            "destroy_time": "",
            "enabled": true,
            "id": "projects/673367928406/secrets/smtp-password/versions/1",
            "is_secret_data_base64": false,
            "name": "projects/673367928406/secrets/smtp-password/versions/1",
            "secret": "projects/webcrawler-450417/secrets/smtp-password",
            "secret_data": null,
            "secret_data_wo": null,
            "secret_data_wo_version": 0,
            "timeouts": null,
            "version": "1"
          },
          "sensitive_attributes": [
            [
              {
                "type": "get_attr",
                "value": "secret_data"
              }
            ],
            [
              {
                "type": "get_attr",
                "value": "secret_data_wo"
              }
            ]
          ],
          "identity_schema_version": 0,
          "private": "eyJlMmJmYjczMC1lY2FhLTExZTYtOGY4OC0zNDM2M2JjN2M0YzAiOnsiY3JlYXRlIjoxMjAwMDAwMDAwMDAwLCJkZWxldGUiOjEyMDAwMDAwMDAwMDAsInVwZGF0ZSI6MTIwMDAwMDAwMDAwMH19",
          "dependencies": [
            "google_service_account.cloud_run_sa",
            "module.neo4j_db.google_compute_firewall.neo4j-internal",
            "module.neo4j_db.google_compute_instance.neo4j",
            "module.neo4j_db.google_iap_tunnel_instance_iam_member.ssh",
            "module.neo4j_db.google_project_iam_member.neo4j_iap_tunnel_user",
            "module.neo4j_db.google_project_iam_member.neo4j_logging",
            "module.neo4j_db.google_project_iam_member.neo4j_monitoring",
            "module.neo4j_db.google_project_iam_member.neo4j_storage_viewer",
            "module.neo4j_db.google_secret_manager_secret.neo4j_bolt_uri",
            "module.neo4j_db.google_secret_manager_secret_iam_member.neo4j_bolt_uri_secret_accessor",
            "module.neo4j_db.google_secret_manager_secret_version.neo4j_bolt_uri_version",
            "module.neo4j_db.google_service_account.neo4j_instance_sa",
            "module.secrets.google_secret_manager_secret.smtp_password",
            "module.selenium_chrome_cloud_run.google_cloud_run_service.selenium_standalone_chrome",
            "module.vpc.google_compute_network.vpc",
            "module.vpc.google_compute_subnetwork.custom_subnet"
          ]
        }
      ]
    },
    {
      "module": "module.secrets",
      "mode": "managed",
      "type": "google_secret_manager_secret_version",
      "name": "smtp_username_version",
      "provider": "provider[\"registry.terraform.io/hashicorp/google\"]",
      "instances": [
        {
          "schema_version": 0,
          "attributes": {
            "create_time": "2025-07-23T03:25:16.703930Z",
            "deletion_policy": "DELETE",
            "destroy_time": "",
            "enabled": true,
            "id": "projects/673367928406/secrets/smtp-username/versions/1",
            "is_secret_data_base64": false,
            "name": "projects/673367928406/secrets/smtp-username/versions/1",
            "secret": "projects/webcrawler-450417/secrets/smtp-username",
            "secret_data": null,
            "secret_data_wo": null,
            "secret_data_wo_version": 0,
            "timeouts": null,
            "version": "1"
          },
          "sensitive_attributes": [
            [
              {
                "type": "get_attr",
                "value": "secret_data"
              }
            ],
            [
              {
                "type": "get_attr",
                "value": "secret_data_wo"
              }
            ]
          ],
          "identity_schema_version": 0,
          "private": "eyJlMmJmYjczMC1lY2FhLTExZTYtOGY4OC0zNDM2M2JjN2M0YzAiOnsiY3JlYXRlIjoxMjAwMDAwMDAwMDAwLCJkZWxldGUiOjEyMDAwMDAwMDAwMDAsInVwZGF0ZSI6MTIwMDAwMDAwMDAwMH19",
          "dependencies": [
            "google_service_account.cloud_run_sa",
            "module.neo4j_db.google_compute_firewall.neo4j-internal",
            "module.neo4j_db.google_compute_instance.neo4j",
            "module.neo4j_db.google_iap_tunnel_instance_iam_member.ssh",
            "module.neo4j_db.google_project_iam_member.neo4j_iap_tunnel_user",
            "module.neo4j_db.google_project_iam_member.neo4j_logging",
            "module.neo4j_db.google_project_iam_member.neo4j_monitoring",
            "module.neo4j_db.google_project_iam_member.neo4j_storage_viewer",
            "module.neo4j_db.google_secret_manager_secret.neo4j_bolt_uri",
            "module.neo4j_db.google_secret_manager_secret_iam_member.neo4j_bolt_uri_secret_accessor",
            "module.neo4j_db.google_secret_manager_secret_version.neo4j_bolt_uri_version",
            "module.neo4j_db.google_service_account.neo4j_instance_sa",
            "module.secrets.google_secret_manager_secret.smtp_username",
            "module.selenium_chrome_cloud_run.google_cloud_run_service.selenium_standalone_chrome",
            "module.vpc.google_compute_network.vpc",
            "module.vpc.google_compute_subnetwork.custom_subnet"
          ]
        }
      ]
    },
    {
      "module": "module.selenium_chrome_cloud_run[\"0\"]",
      "mode": "managed",
      "type": "google_cloud_run_service",
      "name": "selenium_standalone_chrome",
      "provider": "provider[\"registry.terraform.io/hashicorp/google\"]",
      "instances": [
        {
          "schema_version": 2,
          "attributes": {
            "autogenerate_revision_name": false,
            "id": "locations/us-central1/namespaces/webcrawler-450417/services/selenium-chrome-1",
            "location": "us-central1",
            "metadata": [
              {
                "annotations": {
                  "run.googleapis.com/client-name": "terraform"
                },
                "effective_annotations": {
                  "run.googleapis.com/client-name": "terraform",
                  "run.googleapis.com/ingress": "all",
                  "run.googleapis.com/ingress-status": "all",
                  "run.googleapis.com/operation-id": "55a65670-6b48-4df4-bfe3-31cf3973294b",
                  "run.googleapis.com/urls": "[\"https://selenium-chrome-1-673367928406.us-central1.run.app\",\"https://selenium-chrome-1-5wvl2oswbq-uc.a.run.app\"]",
                  "serving.knative.dev/creator": "webcrawleraccountmanager@webcrawler-450417.iam.gserviceaccount.com",
                  "serving.knative.dev/lastModifier": "webcrawleraccountmanager@webcrawler-450417.iam.gserviceaccount.com"
                },
                "effective_labels": {
                  "cloud.googleapis.com/location": "us-central1",
                  "goog-terraform-provisioned": "true"
                },
                "generation": 1,
                "labels": null,
                "namespace": "webcrawler-450417",
                "resource_version": "AAY6kD1SOaU",
                "self_link": "/apis/serving.knative.dev/v1/namespaces/673367928406/services/selenium-chrome-1",
                "terraform_labels": {
                  "goog-terraform-provisioned": "true"
                },
                "uid": "4cbfaf86-14d4-4717-b0b1-83aba5db9b52"
              }
            ],
            "name": "selenium-chrome-1",
            "project": "webcrawler-450417",
            "status": [
              {
                "conditions": [
                  {
                    "message": "",
                    "reason": "",
                    "status": "True",
                    "type": "Ready"
                  },
                  {
                    "message": "",
                    "reason": "",
                    "status": "True",
                    "type": "ConfigurationsReady"
                  },
                  {
                    "message": "",
                    "reason": "",
                    "status": "True",
                    "type": "RoutesReady"
                  }
                ],
                "latest_created_revision_name": "selenium-chrome-1-00001-lsd",
                "latest_ready_revision_name": "selenium-chrome-1-00001-lsd",
                "observed_generation": 1,
                "traffic": [
                  {
                    "latest_revision": true,
                    "percent": 100,
                    "revision_name": "selenium-chrome-1-00001-lsd",
                    "tag": "",
                    "url": ""
                  }
                ],
                "url": "https://selenium-chrome-1-5wvl2oswbq-uc.a.run.app"
              }
            ],
            "template": [
              {
                "metadata": [
                  {
                    "annotations": {
                      "autoscaling.knative.dev/maxScale": "20"
                    },
                    "generation": 0,
                    "labels": {
                      "run.googleapis.com/startupProbeType": "Default"
                    },
                    "name": "",
                    "namespace": "",
                    "resource_version": "",
                    "self_link": "",
                    "uid": ""
                  }
                ],
                "spec": [
                  {
                    "container_concurrency": 80,
                    "containers": [
                      {
                        "args": null,
                        "command": null,
                        "env": [],
                        "env_from": [],
                        "image": "docker.io/selenium/standalone-chrome:3.141.59",
                        "liveness_probe": [],
                        "name": "",
                        "ports": [
                          {
                            "container_port": 4444,
                            "name": "http1",
                            "protocol": ""
                          }
                        ],
                        "resources": [
                          {
                            "limits": {
                              "cpu": "1",
                              "memory": "2Gi"
                            },
                            "requests": null
                          }
                        ],
                        "startup_probe": [
                          {
                            "failure_threshold": 1,
                            "grpc": [],
                            "http_get": [],
                            "initial_delay_seconds": 0,
                            "period_seconds": 240,
                            "tcp_socket": [
                              {
                                "port": 4444
                              }
                            ],
                            "timeout_seconds": 240
                          }
                        ],
                        "volume_mounts": [],
                        "working_dir": ""
                      }
                    ],
                    "node_selector": null,
                    "service_account_name": "673367928406-compute@developer.gserviceaccount.com",
                    "serving_state": "",
                    "timeout_seconds": 300,
                    "volumes": []
                  }
                ]
              }
            ],
            "timeouts": null,
            "traffic": [
              {
                "latest_revision": true,
                "percent": 100,
                "revision_name": "",
                "tag": "",
                "url": ""
              }
            ]
          },
          "sensitive_attributes": [],
          "identity_schema_version": 0,
          "private": "eyJlMmJmYjczMC1lY2FhLTExZTYtOGY4OC0zNDM2M2JjN2M0YzAiOnsiY3JlYXRlIjoxMjAwMDAwMDAwMDAwLCJkZWxldGUiOjEyMDAwMDAwMDAwMDAsInVwZGF0ZSI6MTIwMDAwMDAwMDAwMH0sInNjaGVtYV92ZXJzaW9uIjoiMiJ9"
        }
      ]
    },
    {
      "module": "module.selenium_chrome_cloud_run[\"1\"]",
      "mode": "managed",
      "type": "google_cloud_run_service",
      "name": "selenium_standalone_chrome",
      "provider": "provider[\"registry.terraform.io/hashicorp/google\"]",
      "instances": [
        {
          "schema_version": 2,
          "attributes": {
            "autogenerate_revision_name": false,
            "id": "locations/us-central1/namespaces/webcrawler-450417/services/selenium-chrome-2",
            "location": "us-central1",
            "metadata": [
              {
                "annotations": {
                  "run.googleapis.com/client-name": "terraform"
                },
                "effective_annotations": {
                  "run.googleapis.com/client-name": "terraform",
                  "run.googleapis.com/ingress": "all",
                  "run.googleapis.com/ingress-status": "all",
                  "run.googleapis.com/operation-id": "d0e7a48f-3cba-4f0f-b2cb-bdbe8024a0be",
                  "run.googleapis.com/urls": "[\"https://selenium-chrome-2-673367928406.us-central1.run.app\",\"https://selenium-chrome-2-5wvl2oswbq-uc.a.run.app\"]",
                  "serving.knative.dev/creator": "webcrawleraccountmanager@webcrawler-450417.iam.gserviceaccount.com",
                  "serving.knative.dev/lastModifier": "webcrawleraccountmanager@webcrawler-450417.iam.gserviceaccount.com"
                },
                "effective_labels": {
                  "cloud.googleapis.com/location": "us-central1",
                  "goog-terraform-provisioned": "true"
                },
                "generation": 1,
                "labels": null,
                "namespace": "webcrawler-450417",
                "resource_version": "AAY6kDzO3Vk",
                "self_link": "/apis/serving.knative.dev/v1/namespaces/673367928406/services/selenium-chrome-2",
                "terraform_labels": {
                  "goog-terraform-provisioned": "true"
                },
                "uid": "10b90389-15a7-4bea-bc4c-0fa720d5931e"
              }
            ],
            "name": "selenium-chrome-2",
            "project": "webcrawler-450417",
            "status": [
              {
                "conditions": [
                  {
                    "message": "",
                    "reason": "",
                    "status": "True",
                    "type": "Ready"
                  },
                  {
                    "message": "",
                    "reason": "",
                    "status": "True",
                    "type": "ConfigurationsReady"
                  },
                  {
                    "message": "",
                    "reason": "",
                    "status": "True",
                    "type": "RoutesReady"
                  }
                ],
                "latest_created_revision_name": "selenium-chrome-2-00001-97v",
                "latest_ready_revision_name": "selenium-chrome-2-00001-97v",
                "observed_generation": 1,
                "traffic": [
                  {
                    "latest_revision": true,
                    "percent": 100,
                    "revision_name": "selenium-chrome-2-00001-97v",
                    "tag": "",
                    "url": ""
                  }
                ],
                "url": "https://selenium-chrome-2-5wvl2oswbq-uc.a.run.app"
              }
            ],
            "template": [
              {
                "metadata": [
                  {
                    "annotations": {
                      "autoscaling.knative.dev/maxScale": "20"
                    },
                    "generation": 0,
                    "labels": {
                      "run.googleapis.com/startupProbeType": "Default"
                    },
                    "name": "",
                    "namespace": "",
                    "resource_version": "",
                    "self_link": "",
                    "uid": ""
                  }
                ],
                "spec": [
                  {
                    "container_concurrency": 80,
                    "containers": [
                      {
                        "args": null,
                        "command": null,
                        "env": [],
                        "env_from": [],
                        "image": "docker.io/selenium/standalone-chrome:3.141.59",
                        "liveness_probe": [],
                        "name": "",
                        "ports": [
                          {
                            "container_port": 4444,
                            "name": "http1",
                            "protocol": ""
                          }
                        ],
                        "resources": [
                          {
                            "limits": {
                              "cpu": "1",
                              "memory": "2Gi"
                            },
                            "requests": null
                          }
                        ],
                        "startup_probe": [
                          {
                            "failure_threshold": 1,
                            "grpc": [],
                            "http_get": [],
                            "initial_delay_seconds": 0,
                            "period_seconds": 240,
                            "tcp_socket": [
                              {
                                "port": 4444
                              }
                            ],
                            "timeout_seconds": 240
                          }
                        ],
                        "volume_mounts": [],
                        "working_dir": ""
                      }
                    ],
                    "node_selector": null,
                    "service_account_name": "673367928406-compute@developer.gserviceaccount.com",
                    "serving_state": "",
                    "timeout_seconds": 300,
                    "volumes": []
                  }
                ]
              }
            ],
            "timeouts": null,
            "traffic": [
              {
                "latest_revision": true,
                "percent": 100,
                "revision_name": "",
                "tag": "",
                "url": ""
              }
            ]
          },
          "sensitive_attributes": [],
          "identity_schema_version": 0,
          "private": "eyJlMmJmYjczMC1lY2FhLTExZTYtOGY4OC0zNDM2M2JjN2M0YzAiOnsiY3JlYXRlIjoxMjAwMDAwMDAwMDAwLCJkZWxldGUiOjEyMDAwMDAwMDAwMDAsInVwZGF0ZSI6MTIwMDAwMDAwMDAwMH0sInNjaGVtYV92ZXJzaW9uIjoiMiJ9"
        }
      ]
    },
    {
      "module": "module.selenium_chrome_cloud_run[\"2\"]",
      "mode": "managed",
      "type": "google_cloud_run_service",
      "name": "selenium_standalone_chrome",
      "provider": "provider[\"registry.terraform.io/hashicorp/google\"]",
      "instances": [
        {
          "schema_version": 2,
          "attributes": {
            "autogenerate_revision_name": false,
            "id": "locations/us-central1/namespaces/webcrawler-450417/services/selenium-chrome-3",
            "location": "us-central1",
            "metadata": [
              {
                "annotations": {
                  "run.googleapis.com/client-name": "terraform"
                },
                "effective_annotations": {
                  "run.googleapis.com/client-name": "terraform",
                  "run.googleapis.com/ingress": "all",
                  "run.googleapis.com/ingress-status": "all",
                  "run.googleapis.com/operation-id": "2be180b7-04dd-4705-a7fd-fc3248ad91a7",
                  "run.googleapis.com/urls": "[\"https://selenium-chrome-3-673367928406.us-central1.run.app\",\"https://selenium-chrome-3-5wvl2oswbq-uc.a.run.app\"]",
                  "serving.knative.dev/creator": "webcrawleraccountmanager@webcrawler-450417.iam.gserviceaccount.com",
                  "serving.knative.dev/lastModifier": "webcrawleraccountmanager@webcrawler-450417.iam.gserviceaccount.com"
                },
                "effective_labels": {
                  "cloud.googleapis.com/location": "us-central1",
                  "goog-terraform-provisioned": "true"
                },
                "generation": 1,
                "labels": null,
                "namespace": "webcrawler-450417",
                "resource_version": "AAY6kDzRrMM",
                "self_link": "/apis/serving.knative.dev/v1/namespaces/673367928406/services/selenium-chrome-3",
                "terraform_labels": {
                  "goog-terraform-provisioned": "true"
                },
                "uid": "6f277563-d51f-4aa2-8ea9-62cf1cd39bb6"
              }
            ],
            "name": "selenium-chrome-3",
            "project": "webcrawler-450417",
            "status": [
              {
                "conditions": [
                  {
                    "message": "",
                    "reason": "",
                    "status": "True",
                    "type": "Ready"
                  },
                  {
                    "message": "",
                    "reason": "",
                    "status": "True",
                    "type": "ConfigurationsReady"
                  },
                  {
                    "message": "",
                    "reason": "",
                    "status": "True",
                    "type": "RoutesReady"
                  }
                ],
                "latest_created_revision_name": "selenium-chrome-3-00001-qsv",
                "latest_ready_revision_name": "selenium-chrome-3-00001-qsv",
                "observed_generation": 1,
                "traffic": [
                  {
                    "latest_revision": true,
                    "percent": 100,
                    "revision_name": "selenium-chrome-3-00001-qsv",
                    "tag": "",
                    "url": ""
                  }
                ],
                "url": "https://selenium-chrome-3-5wvl2oswbq-uc.a.run.app"
              }
            ],
            "template": [
              {
                "metadata": [
                  {
                    "annotations": {
                      "autoscaling.knative.dev/maxScale": "20"
                    },
                    "generation": 0,
                    "labels": {
                      "run.googleapis.com/startupProbeType": "Default"
                    },
                    "name": "",
                    "namespace": "",
                    "resource_version": "",
                    "self_link": "",
                    "uid": ""
                  }
                ],
                "spec": [
                  {
                    "container_concurrency": 80,
                    "containers": [
                      {
                        "args": null,
                        "command": null,
                        "env": [],
                        "env_from": [],
                        "image": "docker.io/selenium/standalone-chrome:3.141.59",
                        "liveness_probe": [],
                        "name": "",
                        "ports": [
                          {
                            "container_port": 4444,
                            "name": "http1",
                            "protocol": ""
                          }
                        ],
                        "resources": [
                          {
                            "limits": {
                              "cpu": "1",
                              "memory": "2Gi"
                            },
                            "requests": null
                          }
                        ],
                        "startup_probe": [
                          {
                            "failure_threshold": 1,
                            "grpc": [],
                            "http_get": [],
                            "initial_delay_seconds": 0,
                            "period_seconds": 240,
                            "tcp_socket": [
                              {
                                "port": 4444
                              }
                            ],
                            "timeout_seconds": 240
                          }
                        ],
                        "volume_mounts": [],
                        "working_dir": ""
                      }
                    ],
                    "node_selector": null,
                    "service_account_name": "673367928406-compute@developer.gserviceaccount.com",
                    "serving_state": "",
                    "timeout_seconds": 300,
                    "volumes": []
                  }
                ]
              }
            ],
            "timeouts": null,
            "traffic": [
              {
                "latest_revision": true,
                "percent": 100,
                "revision_name": "",
                "tag": "",
                "url": ""
              }
            ]
          },
          "sensitive_attributes": [],
          "identity_schema_version": 0,
          "private": "eyJlMmJmYjczMC1lY2FhLTExZTYtOGY4OC0zNDM2M2JjN2M0YzAiOnsiY3JlYXRlIjoxMjAwMDAwMDAwMDAwLCJkZWxldGUiOjEyMDAwMDAwMDAwMDAsInVwZGF0ZSI6MTIwMDAwMDAwMDAwMH0sInNjaGVtYV92ZXJzaW9uIjoiMiJ9"
        }
      ]
    },
    {
      "module": "module.selenium_chrome_cloud_run[\"3\"]",
      "mode": "managed",
      "type": "google_cloud_run_service",
      "name": "selenium_standalone_chrome",
      "provider": "provider[\"registry.terraform.io/hashicorp/google\"]",
      "instances": [
        {
          "schema_version": 2,
          "attributes": {
            "autogenerate_revision_name": false,
            "id": "locations/us-central1/namespaces/webcrawler-450417/services/selenium-chrome-4",
            "location": "us-central1",
            "metadata": [
              {
                "annotations": {
                  "run.googleapis.com/client-name": "terraform"
                },
                "effective_annotations": {
                  "run.googleapis.com/client-name": "terraform",
                  "run.googleapis.com/ingress": "all",
                  "run.googleapis.com/ingress-status": "all",
                  "run.googleapis.com/operation-id": "58aca58b-53cb-436a-afe9-3308d03e5327",
                  "run.googleapis.com/urls": "[\"https://selenium-chrome-4-673367928406.us-central1.run.app\",\"https://selenium-chrome-4-5wvl2oswbq-uc.a.run.app\"]",
                  "serving.knative.dev/creator": "webcrawleraccountmanager@webcrawler-450417.iam.gserviceaccount.com",
                  "serving.knative.dev/lastModifier": "webcrawleraccountmanager@webcrawler-450417.iam.gserviceaccount.com"
                },
                "effective_labels": {
                  "cloud.googleapis.com/location": "us-central1",
                  "goog-terraform-provisioned": "true"
                },
                "generation": 1,
                "labels": null,
                "namespace": "webcrawler-450417",
                "resource_version": "AAY6kD4wvdE",
                "self_link": "/apis/serving.knative.dev/v1/namespaces/673367928406/services/selenium-chrome-4",
                "terraform_labels": {
                  "goog-terraform-provisioned": "true"
                },
                "uid": "6e32e20f-31c0-4fe4-9c21-c15eeda1e6c1"
              }
            ],
            "name": "selenium-chrome-4",
            "project": "webcrawler-450417",
            "status": [
              {
                "conditions": [
                  {
                    "message": "",
                    "reason": "",
                    "status": "True",
                    "type": "Ready"
                  },
                  {
                    "message": "",
                    "reason": "",
                    "status": "True",
                    "type": "ConfigurationsReady"
                  },
                  {
                    "message": "",
                    "reason": "",
                    "status": "True",
                    "type": "RoutesReady"
                  }
                ],
                "latest_created_revision_name": "selenium-chrome-4-00001-fhs",
                "latest_ready_revision_name": "selenium-chrome-4-00001-fhs",
                "observed_generation": 1,
                "traffic": [
                  {
                    "latest_revision": true,
                    "percent": 100,
                    "revision_name": "selenium-chrome-4-00001-fhs",
                    "tag": "",
                    "url": ""
                  }
                ],
                "url": "https://selenium-chrome-4-5wvl2oswbq-uc.a.run.app"
              }
            ],
            "template": [
              {
                "metadata": [
                  {
                    "annotations": {
                      "autoscaling.knative.dev/maxScale": "20"
                    },
                    "generation": 0,
                    "labels": {
                      "run.googleapis.com/startupProbeType": "Default"
                    },
                    "name": "",
                    "namespace": "",
                    "resource_version": "",
                    "self_link": "",
                    "uid": ""
                  }
                ],
                "spec": [
                  {
                    "container_concurrency": 80,
                    "containers": [
                      {
                        "args": null,
                        "command": null,
                        "env": [],
                        "env_from": [],
                        "image": "docker.io/selenium/standalone-chrome:3.141.59",
                        "liveness_probe": [],
                        "name": "",
                        "ports": [
                          {
                            "container_port": 4444,
                            "name": "http1",
                            "protocol": ""
                          }
                        ],
                        "resources": [
                          {
                            "limits": {
                              "cpu": "1",
                              "memory": "2Gi"
                            },
                            "requests": null
                          }
                        ],
                        "startup_probe": [
                          {
                            "failure_threshold": 1,
                            "grpc": [],
                            "http_get": [],
                            "initial_delay_seconds": 0,
                            "period_seconds": 240,
                            "tcp_socket": [
                              {
                                "port": 4444
                              }
                            ],
                            "timeout_seconds": 240
                          }
                        ],
                        "volume_mounts": [],
                        "working_dir": ""
                      }
                    ],
                    "node_selector": null,
                    "service_account_name": "673367928406-compute@developer.gserviceaccount.com",
                    "serving_state": "",
                    "timeout_seconds": 300,
                    "volumes": []
                  }
                ]
              }
            ],
            "timeouts": null,
            "traffic": [
              {
                "latest_revision": true,
                "percent": 100,
                "revision_name": "",
                "tag": "",
                "url": ""
              }
            ]
          },
          "sensitive_attributes": [],
          "identity_schema_version": 0,
          "private": "eyJlMmJmYjczMC1lY2FhLTExZTYtOGY4OC0zNDM2M2JjN2M0YzAiOnsiY3JlYXRlIjoxMjAwMDAwMDAwMDAwLCJkZWxldGUiOjEyMDAwMDAwMDAwMDAsInVwZGF0ZSI6MTIwMDAwMDAwMDAwMH0sInNjaGVtYV92ZXJzaW9uIjoiMiJ9"
        }
      ]
    },
    {
      "module": "module.selenium_chrome_cloud_run[\"4\"]",
      "mode": "managed",
      "type": "google_cloud_run_service",
      "name": "selenium_standalone_chrome",
      "provider": "provider[\"registry.terraform.io/hashicorp/google\"]",
      "instances": [
        {
          "schema_version": 2,
          "attributes": {
            "autogenerate_revision_name": false,
            "id": "locations/us-central1/namespaces/webcrawler-450417/services/selenium-chrome-5",
            "location": "us-central1",
            "metadata": [
              {
                "annotations": {
                  "run.googleapis.com/client-name": "terraform"
                },
                "effective_annotations": {
                  "run.googleapis.com/client-name": "terraform",
                  "run.googleapis.com/ingress": "all",
                  "run.googleapis.com/ingress-status": "all",
                  "run.googleapis.com/operation-id": "7224efe0-74de-4637-8db6-86f347e71a7e",
                  "run.googleapis.com/urls": "[\"https://selenium-chrome-5-673367928406.us-central1.run.app\",\"https://selenium-chrome-5-5wvl2oswbq-uc.a.run.app\"]",
                  "serving.knative.dev/creator": "webcrawleraccountmanager@webcrawler-450417.iam.gserviceaccount.com",
                  "serving.knative.dev/lastModifier": "webcrawleraccountmanager@webcrawler-450417.iam.gserviceaccount.com"
                },
                "effective_labels": {
                  "cloud.googleapis.com/location": "us-central1",
                  "goog-terraform-provisioned": "true"
                },
                "generation": 1,
                "labels": null,
                "namespace": "webcrawler-450417",
                "resource_version": "AAY6kD02hM8",
                "self_link": "/apis/serving.knative.dev/v1/namespaces/673367928406/services/selenium-chrome-5",
                "terraform_labels": {
                  "goog-terraform-provisioned": "true"
                },
                "uid": "70067d32-5b12-4d45-9df5-7f1e1fb989fb"
              }
            ],
            "name": "selenium-chrome-5",
            "project": "webcrawler-450417",
            "status": [
              {
                "conditions": [
                  {
                    "message": "",
                    "reason": "",
                    "status": "True",
                    "type": "Ready"
                  },
                  {
                    "message": "",
                    "reason": "",
                    "status": "True",
                    "type": "ConfigurationsReady"
                  },
                  {
                    "message": "",
                    "reason": "",
                    "status": "True",
                    "type": "RoutesReady"
                  }
                ],
                "latest_created_revision_name": "selenium-chrome-5-00001-hdt",
                "latest_ready_revision_name": "selenium-chrome-5-00001-hdt",
                "observed_generation": 1,
                "traffic": [
                  {
                    "latest_revision": true,
                    "percent": 100,
                    "revision_name": "selenium-chrome-5-00001-hdt",
                    "tag": "",
                    "url": ""
                  }
                ],
                "url": "https://selenium-chrome-5-5wvl2oswbq-uc.a.run.app"
              }
            ],
            "template": [
              {
                "metadata": [
                  {
                    "annotations": {
                      "autoscaling.knative.dev/maxScale": "20"
                    },
                    "generation": 0,
                    "labels": {
                      "run.googleapis.com/startupProbeType": "Default"
                    },
                    "name": "",
                    "namespace": "",
                    "resource_version": "",
                    "self_link": "",
                    "uid": ""
                  }
                ],
                "spec": [
                  {
                    "container_concurrency": 80,
                    "containers": [
                      {
                        "args": null,
                        "command": null,
                        "env": [],
                        "env_from": [],
                        "image": "docker.io/selenium/standalone-chrome:3.141.59",
                        "liveness_probe": [],
                        "name": "",
                        "ports": [
                          {
                            "container_port": 4444,
                            "name": "http1",
                            "protocol": ""
                          }
                        ],
                        "resources": [
                          {
                            "limits": {
                              "cpu": "1",
                              "memory": "2Gi"
                            },
                            "requests": null
                          }
                        ],
                        "startup_probe": [
                          {
                            "failure_threshold": 1,
                            "grpc": [],
                            "http_get": [],
                            "initial_delay_seconds": 0,
                            "period_seconds": 240,
                            "tcp_socket": [
                              {
                                "port": 4444
                              }
                            ],
                            "timeout_seconds": 240
                          }
                        ],
                        "volume_mounts": [],
                        "working_dir": ""
                      }
                    ],
                    "node_selector": null,
                    "service_account_name": "673367928406-compute@developer.gserviceaccount.com",
                    "serving_state": "",
                    "timeout_seconds": 300,
                    "volumes": []
                  }
                ]
              }
            ],
            "timeouts": null,
            "traffic": [
              {
                "latest_revision": true,
                "percent": 100,
                "revision_name": "",
                "tag": "",
                "url": ""
              }
            ]
          },
          "sensitive_attributes": [],
          "identity_schema_version": 0,
          "private": "eyJlMmJmYjczMC1lY2FhLTExZTYtOGY4OC0zNDM2M2JjN2M0YzAiOnsiY3JlYXRlIjoxMjAwMDAwMDAwMDAwLCJkZWxldGUiOjEyMDAwMDAwMDAwMDAsInVwZGF0ZSI6MTIwMDAwMDAwMDAwMH0sInNjaGVtYV92ZXJzaW9uIjoiMiJ9"
        }
      ]
    },
    {
      "module": "module.selenium_chrome_cloud_run[\"5\"]",
      "mode": "managed",
      "type": "google_cloud_run_service",
      "name": "selenium_standalone_chrome",
      "provider": "provider[\"registry.terraform.io/hashicorp/google\"]",
      "instances": [
        {
          "schema_version": 2,
          "attributes": {
            "autogenerate_revision_name": false,
            "id": "locations/us-central1/namespaces/webcrawler-450417/services/selenium-chrome-6",
            "location": "us-central1",
            "metadata": [
              {
                "annotations": {
                  "run.googleapis.com/client-name": "terraform"
                },
                "effective_annotations": {
                  "run.googleapis.com/client-name": "terraform",
                  "run.googleapis.com/ingress": "all",
                  "run.googleapis.com/ingress-status": "all",
                  "run.googleapis.com/operation-id": "1c914fbc-3f7c-4f52-b469-34e9e1cb0366",
                  "run.googleapis.com/urls": "[\"https://selenium-chrome-6-673367928406.us-central1.run.app\",\"https://selenium-chrome-6-5wvl2oswbq-uc.a.run.app\"]",
                  "serving.knative.dev/creator": "webcrawleraccountmanager@webcrawler-450417.iam.gserviceaccount.com",
                  "serving.knative.dev/lastModifier": "webcrawleraccountmanager@webcrawler-450417.iam.gserviceaccount.com"
                },
                "effective_labels": {
                  "cloud.googleapis.com/location": "us-central1",
                  "goog-terraform-provisioned": "true"
                },
                "generation": 1,
                "labels": null,
                "namespace": "webcrawler-450417",
                "resource_version": "AAY6kD0rBdM",
                "self_link": "/apis/serving.knative.dev/v1/namespaces/673367928406/services/selenium-chrome-6",
                "terraform_labels": {
                  "goog-terraform-provisioned": "true"
                },
                "uid": "7a2dead5-8b59-4983-a436-3c83d7bdfac2"
              }
            ],
            "name": "selenium-chrome-6",
            "project": "webcrawler-450417",
            "status": [
              {
                "conditions": [
                  {
                    "message": "",
                    "reason": "",
                    "status": "True",
                    "type": "Ready"
                  },
                  {
                    "message": "",
                    "reason": "",
                    "status": "True",
                    "type": "ConfigurationsReady"
                  },
                  {
                    "message": "",
                    "reason": "",
                    "status": "True",
                    "type": "RoutesReady"
                  }
                ],
                "latest_created_revision_name": "selenium-chrome-6-00001-gjz",
                "latest_ready_revision_name": "selenium-chrome-6-00001-gjz",
                "observed_generation": 1,
                "traffic": [
                  {
                    "latest_revision": true,
                    "percent": 100,
                    "revision_name": "selenium-chrome-6-00001-gjz",
                    "tag": "",
                    "url": ""
                  }
                ],
                "url": "https://selenium-chrome-6-5wvl2oswbq-uc.a.run.app"
              }
            ],
            "template": [
              {
                "metadata": [
                  {
                    "annotations": {
                      "autoscaling.knative.dev/maxScale": "20"
                    },
                    "generation": 0,
                    "labels": {
                      "run.googleapis.com/startupProbeType": "Default"
                    },
                    "name": "",
                    "namespace": "",
                    "resource_version": "",
                    "self_link": "",
                    "uid": ""
                  }
                ],
                "spec": [
                  {
                    "container_concurrency": 80,
                    "containers": [
                      {
                        "args": null,
                        "command": null,
                        "env": [],
                        "env_from": [],
                        "image": "docker.io/selenium/standalone-chrome:3.141.59",
                        "liveness_probe": [],
                        "name": "",
                        "ports": [
                          {
                            "container_port": 4444,
                            "name": "http1",
                            "protocol": ""
                          }
                        ],
                        "resources": [
                          {
                            "limits": {
                              "cpu": "1",
                              "memory": "2Gi"
                            },
                            "requests": null
                          }
                        ],
                        "startup_probe": [
                          {
                            "failure_threshold": 1,
                            "grpc": [],
                            "http_get": [],
                            "initial_delay_seconds": 0,
                            "period_seconds": 240,
                            "tcp_socket": [
                              {
                                "port": 4444
                              }
                            ],
                            "timeout_seconds": 240
                          }
                        ],
                        "volume_mounts": [],
                        "working_dir": ""
                      }
                    ],
                    "node_selector": null,
                    "service_account_name": "673367928406-compute@developer.gserviceaccount.com",
                    "serving_state": "",
                    "timeout_seconds": 300,
                    "volumes": []
                  }
                ]
              }
            ],
            "timeouts": null,
            "traffic": [
              {
                "latest_revision": true,
                "percent": 100,
                "revision_name": "",
                "tag": "",
                "url": ""
              }
            ]
          },
          "sensitive_attributes": [],
          "identity_schema_version": 0,
          "private": "eyJlMmJmYjczMC1lY2FhLTExZTYtOGY4OC0zNDM2M2JjN2M0YzAiOnsiY3JlYXRlIjoxMjAwMDAwMDAwMDAwLCJkZWxldGUiOjEyMDAwMDAwMDAwMDAsInVwZGF0ZSI6MTIwMDAwMDAwMDAwMH0sInNjaGVtYV92ZXJzaW9uIjoiMiJ9"
        }
      ]
    },
    {
      "module": "module.selenium_chrome_cloud_run[\"6\"]",
      "mode": "managed",
      "type": "google_cloud_run_service",
      "name": "selenium_standalone_chrome",
      "provider": "provider[\"registry.terraform.io/hashicorp/google\"]",
      "instances": [
        {
          "schema_version": 2,
          "attributes": {
            "autogenerate_revision_name": false,
            "id": "locations/us-central1/namespaces/webcrawler-450417/services/selenium-chrome-7",
            "location": "us-central1",
            "metadata": [
              {
                "annotations": {
                  "run.googleapis.com/client-name": "terraform"
                },
                "effective_annotations": {
                  "run.googleapis.com/client-name": "terraform",
                  "run.googleapis.com/ingress": "all",
                  "run.googleapis.com/ingress-status": "all",
                  "run.googleapis.com/operation-id": "b86c76ea-50ed-4c7f-89be-3f192741a4f5",
                  "run.googleapis.com/urls": "[\"https://selenium-chrome-7-673367928406.us-central1.run.app\",\"https://selenium-chrome-7-5wvl2oswbq-uc.a.run.app\"]",
                  "serving.knative.dev/creator": "webcrawleraccountmanager@webcrawler-450417.iam.gserviceaccount.com",
                  "serving.knative.dev/lastModifier": "webcrawleraccountmanager@webcrawler-450417.iam.gserviceaccount.com"
                },
                "effective_labels": {
                  "cloud.googleapis.com/location": "us-central1",
                  "goog-terraform-provisioned": "true"
                },
                "generation": 1,
                "labels": null,
                "namespace": "webcrawler-450417",
                "resource_version": "AAY6kDzm674",
                "self_link": "/apis/serving.knative.dev/v1/namespaces/673367928406/services/selenium-chrome-7",
                "terraform_labels": {
                  "goog-terraform-provisioned": "true"
                },
                "uid": "2b4df143-5cf8-479a-9724-d5ba37f372da"
              }
            ],
            "name": "selenium-chrome-7",
            "project": "webcrawler-450417",
            "status": [
              {
                "conditions": [
                  {
                    "message": "",
                    "reason": "",
                    "status": "True",
                    "type": "Ready"
                  },
                  {
                    "message": "",
                    "reason": "",
                    "status": "True",
                    "type": "ConfigurationsReady"
                  },
                  {
                    "message": "",
                    "reason": "",
                    "status": "True",
                    "type": "RoutesReady"
                  }
                ],
                "latest_created_revision_name": "selenium-chrome-7-00001-wcl",
                "latest_ready_revision_name": "selenium-chrome-7-00001-wcl",
                "observed_generation": 1,
                "traffic": [
                  {
                    "latest_revision": true,
                    "percent": 100,
                    "revision_name": "selenium-chrome-7-00001-wcl",
                    "tag": "",
                    "url": ""
                  }
                ],
                "url": "https://selenium-chrome-7-5wvl2oswbq-uc.a.run.app"
              }
            ],
            "template": [
              {
                "metadata": [
                  {
                    "annotations": {
                      "autoscaling.knative.dev/maxScale": "20"
                    },
                    "generation": 0,
                    "labels": {
                      "run.googleapis.com/startupProbeType": "Default"
                    },
                    "name": "",
                    "namespace": "",
                    "resource_version": "",
                    "self_link": "",
                    "uid": ""
                  }
                ],
                "spec": [
                  {
                    "container_concurrency": 80,
                    "containers": [
                      {
                        "args": null,
                        "command": null,
                        "env": [],
                        "env_from": [],
                        "image": "docker.io/selenium/standalone-chrome:3.141.59",
                        "liveness_probe": [],
                        "name": "",
                        "ports": [
                          {
                            "container_port": 4444,
                            "name": "http1",
                            "protocol": ""
                          }
                        ],
                        "resources": [
                          {
                            "limits": {
                              "cpu": "1",
                              "memory": "2Gi"
                            },
                            "requests": null
                          }
                        ],
                        "startup_probe": [
                          {
                            "failure_threshold": 1,
                            "grpc": [],
                            "http_get": [],
                            "initial_delay_seconds": 0,
                            "period_seconds": 240,
                            "tcp_socket": [
                              {
                                "port": 4444
                              }
                            ],
                            "timeout_seconds": 240
                          }
                        ],
                        "volume_mounts": [],
                        "working_dir": ""
                      }
                    ],
                    "node_selector": null,
                    "service_account_name": "673367928406-compute@developer.gserviceaccount.com",
                    "serving_state": "",
                    "timeout_seconds": 300,
                    "volumes": []
                  }
                ]
              }
            ],
            "timeouts": null,
            "traffic": [
              {
                "latest_revision": true,
                "percent": 100,
                "revision_name": "",
                "tag": "",
                "url": ""
              }
            ]
          },
          "sensitive_attributes": [],
          "identity_schema_version": 0,
          "private": "eyJlMmJmYjczMC1lY2FhLTExZTYtOGY4OC0zNDM2M2JjN2M0YzAiOnsiY3JlYXRlIjoxMjAwMDAwMDAwMDAwLCJkZWxldGUiOjEyMDAwMDAwMDAwMDAsInVwZGF0ZSI6MTIwMDAwMDAwMDAwMH0sInNjaGVtYV92ZXJzaW9uIjoiMiJ9"
        }
      ]
    },
    {
      "module": "module.selenium_chrome_cloud_run[\"7\"]",
      "mode": "managed",
      "type": "google_cloud_run_service",
      "name": "selenium_standalone_chrome",
      "provider": "provider[\"registry.terraform.io/hashicorp/google\"]",
      "instances": [
        {
          "schema_version": 2,
          "attributes": {
            "autogenerate_revision_name": false,
            "id": "locations/us-central1/namespaces/webcrawler-450417/services/selenium-chrome-8",
            "location": "us-central1",
            "metadata": [
              {
                "annotations": {
                  "run.googleapis.com/client-name": "terraform"
                },
                "effective_annotations": {
                  "run.googleapis.com/client-name": "terraform",
                  "run.googleapis.com/ingress": "all",
                  "run.googleapis.com/ingress-status": "all",
                  "run.googleapis.com/operation-id": "13db0b62-71d4-4662-9167-c802a60e6588",
                  "run.googleapis.com/urls": "[\"https://selenium-chrome-8-673367928406.us-central1.run.app\",\"https://selenium-chrome-8-5wvl2oswbq-uc.a.run.app\"]",
                  "serving.knative.dev/creator": "webcrawleraccountmanager@webcrawler-450417.iam.gserviceaccount.com",
                  "serving.knative.dev/lastModifier": "webcrawleraccountmanager@webcrawler-450417.iam.gserviceaccount.com"
                },
                "effective_labels": {
                  "cloud.googleapis.com/location": "us-central1",
                  "goog-terraform-provisioned": "true"
                },
                "generation": 1,
                "labels": null,
                "namespace": "webcrawler-450417",
                "resource_version": "AAY6kD0gcF8",
                "self_link": "/apis/serving.knative.dev/v1/namespaces/673367928406/services/selenium-chrome-8",
                "terraform_labels": {
                  "goog-terraform-provisioned": "true"
                },
                "uid": "331d74d3-7b8a-4d28-84f4-25993d83f87d"
              }
            ],
            "name": "selenium-chrome-8",
            "project": "webcrawler-450417",
            "status": [
              {
                "conditions": [
                  {
                    "message": "",
                    "reason": "",
                    "status": "True",
                    "type": "Ready"
                  },
                  {
                    "message": "",
                    "reason": "",
                    "status": "True",
                    "type": "ConfigurationsReady"
                  },
                  {
                    "message": "",
                    "reason": "",
                    "status": "True",
                    "type": "RoutesReady"
                  }
                ],
                "latest_created_revision_name": "selenium-chrome-8-00001-dgx",
                "latest_ready_revision_name": "selenium-chrome-8-00001-dgx",
                "observed_generation": 1,
                "traffic": [
                  {
                    "latest_revision": true,
                    "percent": 100,
                    "revision_name": "selenium-chrome-8-00001-dgx",
                    "tag": "",
                    "url": ""
                  }
                ],
                "url": "https://selenium-chrome-8-5wvl2oswbq-uc.a.run.app"
              }
            ],
            "template": [
              {
                "metadata": [
                  {
                    "annotations": {
                      "autoscaling.knative.dev/maxScale": "20"
                    },
                    "generation": 0,
                    "labels": {
                      "run.googleapis.com/startupProbeType": "Default"
                    },
                    "name": "",
                    "namespace": "",
                    "resource_version": "",
                    "self_link": "",
                    "uid": ""
                  }
                ],
                "spec": [
                  {
                    "container_concurrency": 80,
                    "containers": [
                      {
                        "args": null,
                        "command": null,
                        "env": [],
                        "env_from": [],
                        "image": "docker.io/selenium/standalone-chrome:3.141.59",
                        "liveness_probe": [],
                        "name": "",
                        "ports": [
                          {
                            "container_port": 4444,
                            "name": "http1",
                            "protocol": ""
                          }
                        ],
                        "resources": [
                          {
                            "limits": {
                              "cpu": "1",
                              "memory": "2Gi"
                            },
                            "requests": null
                          }
                        ],
                        "startup_probe": [
                          {
                            "failure_threshold": 1,
                            "grpc": [],
                            "http_get": [],
                            "initial_delay_seconds": 0,
                            "period_seconds": 240,
                            "tcp_socket": [
                              {
                                "port": 4444
                              }
                            ],
                            "timeout_seconds": 240
                          }
                        ],
                        "volume_mounts": [],
                        "working_dir": ""
                      }
                    ],
                    "node_selector": null,
                    "service_account_name": "673367928406-compute@developer.gserviceaccount.com",
                    "serving_state": "",
                    "timeout_seconds": 300,
                    "volumes": []
                  }
                ]
              }
            ],
            "timeouts": null,
            "traffic": [
              {
                "latest_revision": true,
                "percent": 100,
                "revision_name": "",
                "tag": "",
                "url": ""
              }
            ]
          },
          "sensitive_attributes": [],
          "identity_schema_version": 0,
          "private": "eyJlMmJmYjczMC1lY2FhLTExZTYtOGY4OC0zNDM2M2JjN2M0YzAiOnsiY3JlYXRlIjoxMjAwMDAwMDAwMDAwLCJkZWxldGUiOjEyMDAwMDAwMDAwMDAsInVwZGF0ZSI6MTIwMDAwMDAwMDAwMH0sInNjaGVtYV92ZXJzaW9uIjoiMiJ9"
        }
      ]
    },
    {
      "module": "module.selenium_chrome_cloud_run[\"8\"]",
      "mode": "managed",
      "type": "google_cloud_run_service",
      "name": "selenium_standalone_chrome",
      "provider": "provider[\"registry.terraform.io/hashicorp/google\"]",
      "instances": [
        {
          "schema_version": 2,
          "attributes": {
            "autogenerate_revision_name": false,
            "id": "locations/us-central1/namespaces/webcrawler-450417/services/selenium-chrome-9",
            "location": "us-central1",
            "metadata": [
              {
                "annotations": {
                  "run.googleapis.com/client-name": "terraform"
                },
                "effective_annotations": {
                  "run.googleapis.com/client-name": "terraform",
                  "run.googleapis.com/ingress": "all",
                  "run.googleapis.com/ingress-status": "all",
                  "run.googleapis.com/operation-id": "1114ebff-cc18-44c9-bf95-5624f8a0cc02",
                  "run.googleapis.com/urls": "[\"https://selenium-chrome-9-673367928406.us-central1.run.app\",\"https://selenium-chrome-9-5wvl2oswbq-uc.a.run.app\"]",
                  "serving.knative.dev/creator": "webcrawleraccountmanager@webcrawler-450417.iam.gserviceaccount.com",
                  "serving.knative.dev/lastModifier": "webcrawleraccountmanager@webcrawler-450417.iam.gserviceaccount.com"
                },
                "effective_labels": {
                  "cloud.googleapis.com/location": "us-central1",
                  "goog-terraform-provisioned": "true"
                },
                "generation": 1,
                "labels": null,
                "namespace": "webcrawler-450417",
                "resource_version": "AAY6kDzRyV4",
                "self_link": "/apis/serving.knative.dev/v1/namespaces/673367928406/services/selenium-chrome-9",
                "terraform_labels": {
                  "goog-terraform-provisioned": "true"
                },
                "uid": "c76191bc-2e6b-4033-9ddb-ff420abfb3ab"
              }
            ],
            "name": "selenium-chrome-9",
            "project": "webcrawler-450417",
            "status": [
              {
                "conditions": [
                  {
                    "message": "",
                    "reason": "",
                    "status": "True",
                    "type": "Ready"
                  },
                  {
                    "message": "",
                    "reason": "",
                    "status": "True",
                    "type": "ConfigurationsReady"
                  },
                  {
                    "message": "",
                    "reason": "",
                    "status": "True",
                    "type": "RoutesReady"
                  }
                ],
                "latest_created_revision_name": "selenium-chrome-9-00001-67r",
                "latest_ready_revision_name": "selenium-chrome-9-00001-67r",
                "observed_generation": 1,
                "traffic": [
                  {
                    "latest_revision": true,
                    "percent": 100,
                    "revision_name": "selenium-chrome-9-00001-67r",
                    "tag": "",
                    "url": ""
                  }
                ],
                "url": "https://selenium-chrome-9-5wvl2oswbq-uc.a.run.app"
              }
            ],
            "template": [
              {
                "metadata": [
                  {
                    "annotations": {
                      "autoscaling.knative.dev/maxScale": "20"
                    },
                    "generation": 0,
                    "labels": {
                      "run.googleapis.com/startupProbeType": "Default"
                    },
                    "name": "",
                    "namespace": "",
                    "resource_version": "",
                    "self_link": "",
                    "uid": ""
                  }
                ],
                "spec": [
                  {
                    "container_concurrency": 80,
                    "containers": [
                      {
                        "args": null,
                        "command": null,
                        "env": [],
                        "env_from": [],
                        "image": "docker.io/selenium/standalone-chrome:3.141.59",
                        "liveness_probe": [],
                        "name": "",
                        "ports": [
                          {
                            "container_port": 4444,
                            "name": "http1",
                            "protocol": ""
                          }
                        ],
                        "resources": [
                          {
                            "limits": {
                              "cpu": "1",
                              "memory": "2Gi"
                            },
                            "requests": null
                          }
                        ],
                        "startup_probe": [
                          {
                            "failure_threshold": 1,
                            "grpc": [],
                            "http_get": [],
                            "initial_delay_seconds": 0,
                            "period_seconds": 240,
                            "tcp_socket": [
                              {
                                "port": 4444
                              }
                            ],
                            "timeout_seconds": 240
                          }
                        ],
                        "volume_mounts": [],
                        "working_dir": ""
                      }
                    ],
                    "node_selector": null,
                    "service_account_name": "673367928406-compute@developer.gserviceaccount.com",
                    "serving_state": "",
                    "timeout_seconds": 300,
                    "volumes": []
                  }
                ]
              }
            ],
            "timeouts": null,
            "traffic": [
              {
                "latest_revision": true,
                "percent": 100,
                "revision_name": "",
                "tag": "",
                "url": ""
              }
            ]
          },
          "sensitive_attributes": [],
          "identity_schema_version": 0,
          "private": "eyJlMmJmYjczMC1lY2FhLTExZTYtOGY4OC0zNDM2M2JjN2M0YzAiOnsiY3JlYXRlIjoxMjAwMDAwMDAwMDAwLCJkZWxldGUiOjEyMDAwMDAwMDAwMDAsInVwZGF0ZSI6MTIwMDAwMDAwMDAwMH0sInNjaGVtYV92ZXJzaW9uIjoiMiJ9"
        }
      ]
    },
    {
      "module": "module.selenium_chrome_cloud_run[\"9\"]",
      "mode": "managed",
      "type": "google_cloud_run_service",
      "name": "selenium_standalone_chrome",
      "provider": "provider[\"registry.terraform.io/hashicorp/google\"]",
      "instances": [
        {
          "schema_version": 2,
          "attributes": {
            "autogenerate_revision_name": false,
            "id": "locations/us-central1/namespaces/webcrawler-450417/services/selenium-chrome-10",
            "location": "us-central1",
            "metadata": [
              {
                "annotations": {
                  "run.googleapis.com/client-name": "terraform"
                },
                "effective_annotations": {
                  "run.googleapis.com/client-name": "terraform",
                  "run.googleapis.com/ingress": "all",
                  "run.googleapis.com/ingress-status": "all",
                  "run.googleapis.com/operation-id": "8ab7471d-029d-4a3b-b91b-f18e9c95d0a6",
                  "run.googleapis.com/urls": "[\"https://selenium-chrome-10-673367928406.us-central1.run.app\",\"https://selenium-chrome-10-5wvl2oswbq-uc.a.run.app\"]",
                  "serving.knative.dev/creator": "webcrawleraccountmanager@webcrawler-450417.iam.gserviceaccount.com",
                  "serving.knative.dev/lastModifier": "webcrawleraccountmanager@webcrawler-450417.iam.gserviceaccount.com"
                },
                "effective_labels": {
                  "cloud.googleapis.com/location": "us-central1",
                  "goog-terraform-provisioned": "true"
                },
                "generation": 1,
                "labels": null,
                "namespace": "webcrawler-450417",
                "resource_version": "AAY6kDzL8Tk",
                "self_link": "/apis/serving.knative.dev/v1/namespaces/673367928406/services/selenium-chrome-10",
                "terraform_labels": {
                  "goog-terraform-provisioned": "true"
                },
                "uid": "6524b67b-b81e-4c77-981e-053ae85120b6"
              }
            ],
            "name": "selenium-chrome-10",
            "project": "webcrawler-450417",
            "status": [
              {
                "conditions": [
                  {
                    "message": "",
                    "reason": "",
                    "status": "True",
                    "type": "Ready"
                  },
                  {
                    "message": "",
                    "reason": "",
                    "status": "True",
                    "type": "ConfigurationsReady"
                  },
                  {
                    "message": "",
                    "reason": "",
                    "status": "True",
                    "type": "RoutesReady"
                  }
                ],
                "latest_created_revision_name": "selenium-chrome-10-00001-jd4",
                "latest_ready_revision_name": "selenium-chrome-10-00001-jd4",
                "observed_generation": 1,
                "traffic": [
                  {
                    "latest_revision": true,
                    "percent": 100,
                    "revision_name": "selenium-chrome-10-00001-jd4",
                    "tag": "",
                    "url": ""
                  }
                ],
                "url": "https://selenium-chrome-10-5wvl2oswbq-uc.a.run.app"
              }
            ],
            "template": [
              {
                "metadata": [
                  {
                    "annotations": {
                      "autoscaling.knative.dev/maxScale": "20"
                    },
                    "generation": 0,
                    "labels": {
                      "run.googleapis.com/startupProbeType": "Default"
                    },
                    "name": "",
                    "namespace": "",
                    "resource_version": "",
                    "self_link": "",
                    "uid": ""
                  }
                ],
                "spec": [
                  {
                    "container_concurrency": 80,
                    "containers": [
                      {
                        "args": null,
                        "command": null,
                        "env": [],
                        "env_from": [],
                        "image": "docker.io/selenium/standalone-chrome:3.141.59",
                        "liveness_probe": [],
                        "name": "",
                        "ports": [
                          {
                            "container_port": 4444,
                            "name": "http1",
                            "protocol": ""
                          }
                        ],
                        "resources": [
                          {
                            "limits": {
                              "cpu": "1",
                              "memory": "2Gi"
                            },
                            "requests": null
                          }
                        ],
                        "startup_probe": [
                          {
                            "failure_threshold": 1,
                            "grpc": [],
                            "http_get": [],
                            "initial_delay_seconds": 0,
                            "period_seconds": 240,
                            "tcp_socket": [
                              {
                                "port": 4444
                              }
                            ],
                            "timeout_seconds": 240
                          }
                        ],
                        "volume_mounts": [],
                        "working_dir": ""
                      }
                    ],
                    "node_selector": null,
                    "service_account_name": "673367928406-compute@developer.gserviceaccount.com",
                    "serving_state": "",
                    "timeout_seconds": 300,
                    "volumes": []
                  }
                ]
              }
            ],
            "timeouts": null,
            "traffic": [
              {
                "latest_revision": true,
                "percent": 100,
                "revision_name": "",
                "tag": "",
                "url": ""
              }
            ]
          },
          "sensitive_attributes": [],
          "identity_schema_version": 0,
          "private": "eyJlMmJmYjczMC1lY2FhLTExZTYtOGY4OC0zNDM2M2JjN2M0YzAiOnsiY3JlYXRlIjoxMjAwMDAwMDAwMDAwLCJkZWxldGUiOjEyMDAwMDAwMDAwMDAsInVwZGF0ZSI6MTIwMDAwMDAwMDAwMH0sInNjaGVtYV92ZXJzaW9uIjoiMiJ9"
        }
      ]
    },
    {
      "module": "module.user_interface_cloud_run",
      "mode": "managed",
      "type": "google_cloud_run_service",
      "name": "service",
      "provider": "provider[\"registry.terraform.io/hashicorp/google\"]",
      "instances": [
        {
          "status": "tainted",
          "schema_version": 2,
          "attributes": {
            "autogenerate_revision_name": false,
            "id": "locations/us-central1/namespaces/webcrawler-450417/services/user-interface",
            "location": "us-central1",
            "metadata": [
              {
                "annotations": {
                  "run.googleapis.com/ingress": "internal"
                },
                "effective_annotations": {
                  "run.googleapis.com/ingress": "internal"
                },
                "effective_labels": {
                  "goog-terraform-provisioned": "true"
                },
                "generation": 0,
                "labels": null,
                "namespace": "",
                "resource_version": "",
                "self_link": "",
                "terraform_labels": {
                  "goog-terraform-provisioned": "true"
                },
                "uid": ""
              }
            ],
            "name": "user-interface",
            "project": "webcrawler-450417",
            "status": null,
            "template": [
              {
                "metadata": [
                  {
                    "annotations": {
                      "run.googleapis.com/client-name": "terraform",
                      "run.googleapis.com/vpc-access-connector": "cloud-run-connector",
                      "run.googleapis.com/vpc-access-egress": "all-traffic"
                    },
                    "generation": 0,
                    "labels": {},
                    "name": "",
                    "namespace": "",
                    "resource_version": "",
                    "self_link": "",
                    "uid": ""
                  }
                ],
                "spec": [
                  {
                    "container_concurrency": 0,
                    "containers": [
                      {
                        "args": null,
                        "command": null,
                        "env": [
                          {
                            "name": "auth0.audience",
                            "value": "",
                            "value_from": [
                              {
                                "secret_key_ref": [
                                  {
                                    "key": "latest",
                                    "name": "auth0-audience"
                                  }
                                ]
                              }
                            ]
                          },
                          {
                            "name": "auth0.client-id",
                            "value": "",
                            "value_from": [
                              {
                                "secret_key_ref": [
                                  {
                                    "key": "latest",
                                    "name": "auth0-client-id"
                                  }
                                ]
                              }
                            ]
                          },
                          {
                            "name": "auth0.client-secret",
                            "value": "",
                            "value_from": [
                              {
                                "secret_key_ref": [
                                  {
                                    "key": "latest",
                                    "name": "auth0-client-secret"
                                  }
                                ]
                              }
                            ]
                          },
                          {
                            "name": "auth0.domain",
                            "value": "",
                            "value_from": [
                              {
                                "secret_key_ref": [
                                  {
                                    "key": "latest",
                                    "name": "auth0-domain"
                                  }
                                ]
                              }
                            ]
                          },
                          {
                            "name": "auth0.management-api-audience",
                            "value": "",
                            "value_from": [
                              {
                                "secret_key_ref": [
                                  {
                                    "key": "latest",
                                    "name": "auth0-management-api-audience"
                                  }
                                ]
                              }
                            ]
                          },
                          {
                            "name": "auth0.management-api-client-id",
                            "value": "",
                            "value_from": [
                              {
                                "secret_key_ref": [
                                  {
                                    "key": "latest",
                                    "name": "auth0-management-api-client-id"
                                  }
                                ]
                              }
                            ]
                          },
                          {
                            "name": "auth0.management-api-client-secret",
                            "value": "",
                            "value_from": [
                              {
                                "secret_key_ref": [
                                  {
                                    "key": "latest",
                                    "name": "auth0-management-api-client-secret"
                                  }
                                ]
                              }
                            ]
                          },
                          {
                            "name": "auth0.management-api-domain",
                            "value": "",
                            "value_from": [
                              {
                                "secret_key_ref": [
                                  {
                                    "key": "latest",
                                    "name": "auth0-management-api-domain"
                                  }
                                ]
                              }
                            ]
                          },
                          {
                            "name": "spring.cloud.gcp.project-id",
                            "value": "webcrawler-450417",
                            "value_from": []
                          },
                          {
                            "name": "spring.cloud.gcp.region",
                            "value": "us-central1",
                            "value_from": []
                          }
                        ],
                        "env_from": [],
                        "image": "docker.io/deepthought42/user-interface:latest",
                        "liveness_probe": [],
                        "name": "",
                        "ports": [
                          {
                            "container_port": 8080,
                            "name": "",
                            "protocol": ""
                          }
                        ],
                        "resources": [
                          {
                            "limits": {
                              "cpu": "1",
                              "memory": "1Gi"
                            },
                            "requests": {
                              "cpu": "0.5",
                              "memory": "500Mi"
                            }
                          }
                        ],
                        "startup_probe": [],
                        "volume_mounts": [],
                        "working_dir": ""
                      }
                    ],
                    "node_selector": null,
                    "service_account_name": "cloud-run-sa@webcrawler-450417.iam.gserviceaccount.com",
                    "serving_state": "",
                    "timeout_seconds": 120,
                    "volumes": []
                  }
                ]
              }
            ],
            "timeouts": null,
            "traffic": [
              {
                "latest_revision": true,
                "percent": 100,
                "revision_name": "",
                "tag": "",
                "url": ""
              }
            ]
          },
          "sensitive_attributes": [],
          "identity_schema_version": 0,
          "private": "eyJlMmJmYjczMC1lY2FhLTExZTYtOGY4OC0zNDM2M2JjN2M0YzAiOnsiY3JlYXRlIjoxMjAwMDAwMDAwMDAwLCJkZWxldGUiOjEyMDAwMDAwMDAwMDAsInVwZGF0ZSI6MTIwMDAwMDAwMDAwMH0sInNjaGVtYV92ZXJzaW9uIjoiMiJ9",
          "dependencies": [
            "google_service_account.cloud_run_sa",
            "module.neo4j_db.google_compute_firewall.neo4j-internal",
            "module.neo4j_db.google_compute_instance.neo4j",
            "module.neo4j_db.google_iap_tunnel_instance_iam_member.ssh",
            "module.neo4j_db.google_project_iam_member.neo4j_iap_tunnel_user",
            "module.neo4j_db.google_project_iam_member.neo4j_logging",
            "module.neo4j_db.google_project_iam_member.neo4j_monitoring",
            "module.neo4j_db.google_project_iam_member.neo4j_storage_viewer",
            "module.neo4j_db.google_secret_manager_secret.neo4j_bolt_uri",
            "module.neo4j_db.google_secret_manager_secret_iam_member.neo4j_bolt_uri_secret_accessor",
            "module.neo4j_db.google_secret_manager_secret_version.neo4j_bolt_uri_version",
            "module.neo4j_db.google_service_account.neo4j_instance_sa",
            "module.secrets.google_secret_manager_secret.auth0_audience",
            "module.secrets.google_secret_manager_secret.auth0_client_id",
            "module.secrets.google_secret_manager_secret.auth0_client_secret",
            "module.secrets.google_secret_manager_secret.auth0_domain",
            "module.secrets.google_secret_manager_secret.auth0_management_api_audience",
            "module.secrets.google_secret_manager_secret.auth0_management_api_client_id",
            "module.secrets.google_secret_manager_secret.auth0_management_api_client_secret",
            "module.secrets.google_secret_manager_secret.auth0_management_api_domain",
            "module.selenium_chrome_cloud_run.google_cloud_run_service.selenium_standalone_chrome",
            "module.vpc.google_compute_network.vpc",
            "module.vpc.google_compute_subnetwork.custom_subnet",
            "module.vpc.google_vpc_access_connector.connector"
          ]
        }
      ]
    },
    {
      "module": "module.visual_design_audit_cloud_run",
      "mode": "managed",
      "type": "google_cloud_run_service",
      "name": "service",
      "provider": "provider[\"registry.terraform.io/hashicorp/google\"]",
      "instances": [
        {
          "schema_version": 2,
          "attributes": {
            "autogenerate_revision_name": false,
            "id": "locations/us-central1/namespaces/webcrawler-450417/services/visual-design-audit",
            "location": "us-central1",
            "metadata": [
              {
                "annotations": {
                  "run.googleapis.com/ingress": "internal"
                },
                "effective_annotations": {
                  "run.googleapis.com/ingress": "internal",
                  "run.googleapis.com/ingress-status": "internal",
                  "run.googleapis.com/operation-id": "12385e25-ac6f-4894-8353-7de74ebce02a",
                  "run.googleapis.com/urls": "[\"https://visual-design-audit-673367928406.us-central1.run.app\",\"https://visual-design-audit-5wvl2oswbq-uc.a.run.app\"]",
                  "serving.knative.dev/creator": "webcrawleraccountmanager@webcrawler-450417.iam.gserviceaccount.com",
                  "serving.knative.dev/lastModifier": "webcrawleraccountmanager@webcrawler-450417.iam.gserviceaccount.com"
                },
                "effective_labels": {
                  "cloud.googleapis.com/location": "us-central1",
                  "goog-terraform-provisioned": "true"
                },
                "generation": 1,
                "labels": null,
                "namespace": "webcrawler-450417",
                "resource_version": "AAY6kEhOmU8",
                "self_link": "/apis/serving.knative.dev/v1/namespaces/673367928406/services/visual-design-audit",
                "terraform_labels": {
                  "goog-terraform-provisioned": "true"
                },
                "uid": "21f1fb09-b763-4797-bd71-0867215c7067"
              }
            ],
            "name": "visual-design-audit",
            "project": "webcrawler-450417",
            "status": [
              {
                "conditions": [
                  {
                    "message": "",
                    "reason": "",
                    "status": "True",
                    "type": "Ready"
                  },
                  {
                    "message": "",
                    "reason": "",
                    "status": "True",
                    "type": "ConfigurationsReady"
                  },
                  {
                    "message": "",
                    "reason": "",
                    "status": "True",
                    "type": "RoutesReady"
                  }
                ],
                "latest_created_revision_name": "visual-design-audit-00001-ns4",
                "latest_ready_revision_name": "visual-design-audit-00001-ns4",
                "observed_generation": 1,
                "traffic": [
                  {
                    "latest_revision": true,
                    "percent": 100,
                    "revision_name": "visual-design-audit-00001-ns4",
                    "tag": "",
                    "url": ""
                  }
                ],
                "url": "https://visual-design-audit-5wvl2oswbq-uc.a.run.app"
              }
            ],
            "template": [
              {
                "metadata": [
                  {
                    "annotations": {
                      "autoscaling.knative.dev/maxScale": "10",
                      "run.googleapis.com/client-name": "terraform",
                      "run.googleapis.com/vpc-access-connector": "cloud-run-connector",
                      "run.googleapis.com/vpc-access-egress": "all-traffic"
                    },
                    "generation": 0,
                    "labels": {
                      "run.googleapis.com/startupProbeType": "Default"
                    },
                    "name": "",
                    "namespace": "",
                    "resource_version": "",
                    "self_link": "",
                    "uid": ""
                  }
                ],
                "spec": [
                  {
                    "container_concurrency": 160,
                    "containers": [
                      {
                        "args": null,
                        "command": null,
                        "env": [
                          {
                            "name": "gcp.storage.bucket.name",
                            "value": "looksee-data-dev",
                            "value_from": []
                          },
                          {
                            "name": "pubsub.audit_update",
                            "value": "projects/webcrawler-450417/topics/audit_update",
                            "value_from": []
                          },
                          {
                            "name": "pubsub.error_topic",
                            "value": "projects/webcrawler-450417/topics/audit_error",
                            "value_from": []
                          },
                          {
                            "name": "spring.cloud.gcp.project-id",
                            "value": "webcrawler-450417",
                            "value_from": []
                          },
                          {
                            "name": "spring.cloud.gcp.region",
                            "value": "us-central1",
                            "value_from": []
                          },
                          {
                            "name": "spring.data.neo4j.database",
                            "value": "",
                            "value_from": [
                              {
                                "secret_key_ref": [
                                  {
                                    "key": "latest",
                                    "name": "neo4j-db-name"
                                  }
                                ]
                              }
                            ]
                          },
                          {
                            "name": "spring.data.neo4j.password",
                            "value": "",
                            "value_from": [
                              {
                                "secret_key_ref": [
                                  {
                                    "key": "latest",
                                    "name": "neo4j-password"
                                  }
                                ]
                              }
                            ]
                          },
                          {
                            "name": "spring.data.neo4j.uri",
                            "value": "",
                            "value_from": [
                              {
                                "secret_key_ref": [
                                  {
                                    "key": "latest",
                                    "name": "neo4j-bolt-uri"
                                  }
                                ]
                              }
                            ]
                          },
                          {
                            "name": "spring.data.neo4j.username",
                            "value": "",
                            "value_from": [
                              {
                                "secret_key_ref": [
                                  {
                                    "key": "latest",
                                    "name": "neo4j-username"
                                  }
                                ]
                              }
                            ]
                          }
                        ],
                        "env_from": [],
                        "image": "docker.io/deepthought42/visual-design-audit:latest",
                        "liveness_probe": [],
                        "name": "",
                        "ports": [
                          {
                            "container_port": 8080,
                            "name": "http1",
                            "protocol": ""
                          }
                        ],
                        "resources": [
                          {
                            "limits": {
                              "cpu": "2",
                              "memory": "4Gi"
                            },
                            "requests": {
                              "cpu": "1",
                              "memory": "2Gi"
                            }
                          }
                        ],
                        "startup_probe": [
                          {
                            "failure_threshold": 1,
                            "grpc": [],
                            "http_get": [],
                            "initial_delay_seconds": 0,
                            "period_seconds": 240,
                            "tcp_socket": [
                              {
                                "port": 8080
                              }
                            ],
                            "timeout_seconds": 240
                          }
                        ],
                        "volume_mounts": [],
                        "working_dir": ""
                      }
                    ],
                    "node_selector": null,
                    "service_account_name": "cloud-run-sa@webcrawler-450417.iam.gserviceaccount.com",
                    "serving_state": "",
                    "timeout_seconds": 120,
                    "volumes": []
                  }
                ]
              }
            ],
            "timeouts": null,
            "traffic": [
              {
                "latest_revision": true,
                "percent": 100,
                "revision_name": "",
                "tag": "",
                "url": ""
              }
            ]
          },
          "sensitive_attributes": [],
          "identity_schema_version": 0,
          "private": "eyJlMmJmYjczMC1lY2FhLTExZTYtOGY4OC0zNDM2M2JjN2M0YzAiOnsiY3JlYXRlIjoxMjAwMDAwMDAwMDAwLCJkZWxldGUiOjEyMDAwMDAwMDAwMDAsInVwZGF0ZSI6MTIwMDAwMDAwMDAwMH0sInNjaGVtYV92ZXJzaW9uIjoiMiJ9",
          "dependencies": [
            "google_service_account.cloud_run_sa",
            "google_storage_bucket.looksee_data",
            "module.neo4j_db.google_compute_firewall.neo4j-internal",
            "module.neo4j_db.google_compute_instance.neo4j",
            "module.neo4j_db.google_iap_tunnel_instance_iam_member.ssh",
            "module.neo4j_db.google_project_iam_member.neo4j_iap_tunnel_user",
            "module.neo4j_db.google_project_iam_member.neo4j_logging",
            "module.neo4j_db.google_project_iam_member.neo4j_monitoring",
            "module.neo4j_db.google_project_iam_member.neo4j_storage_viewer",
            "module.neo4j_db.google_secret_manager_secret.neo4j_bolt_uri",
            "module.neo4j_db.google_secret_manager_secret_iam_member.neo4j_bolt_uri_secret_accessor",
            "module.neo4j_db.google_secret_manager_secret_version.neo4j_bolt_uri_version",
            "module.neo4j_db.google_service_account.neo4j_instance_sa",
            "module.pubsub_topics.google_pubsub_topic.audit_error_topic",
            "module.pubsub_topics.google_pubsub_topic.audit_update_topic",
            "module.secrets.google_secret_manager_secret.neo4j_db_name",
            "module.secrets.google_secret_manager_secret.neo4j_password",
            "module.secrets.google_secret_manager_secret.neo4j_username",
            "module.selenium_chrome_cloud_run.google_cloud_run_service.selenium_standalone_chrome",
            "module.vpc.google_compute_network.vpc",
            "module.vpc.google_compute_subnetwork.custom_subnet",
            "module.vpc.google_vpc_access_connector.connector"
          ]
        }
      ]
    },
    {
      "module": "module.visual_design_audit_cloud_run",
      "mode": "managed",
      "type": "google_cloud_run_service_iam_member",
      "name": "pubsub_invoker",
      "provider": "provider[\"registry.terraform.io/hashicorp/google\"]",
      "instances": [
        {
          "schema_version": 0,
          "attributes": {
            "condition": [],
            "etag": "BwY6kEikA80=",
            "id": "v1/projects/webcrawler-450417/locations/us-central1/services/visual-design-audit/roles/run.invoker/serviceAccount:cloud-run-sa@webcrawler-450417.iam.gserviceaccount.com",
            "location": "us-central1",
            "member": "serviceAccount:cloud-run-sa@webcrawler-450417.iam.gserviceaccount.com",
            "project": "webcrawler-450417",
            "role": "roles/run.invoker",
            "service": "v1/projects/webcrawler-450417/locations/us-central1/services/visual-design-audit"
          },
          "sensitive_attributes": [],
          "identity_schema_version": 0,
          "private": "bnVsbA==",
          "dependencies": [
            "google_service_account.cloud_run_sa",
            "google_storage_bucket.looksee_data",
            "module.neo4j_db.google_compute_firewall.neo4j-internal",
            "module.neo4j_db.google_compute_instance.neo4j",
            "module.neo4j_db.google_iap_tunnel_instance_iam_member.ssh",
            "module.neo4j_db.google_project_iam_member.neo4j_iap_tunnel_user",
            "module.neo4j_db.google_project_iam_member.neo4j_logging",
            "module.neo4j_db.google_project_iam_member.neo4j_monitoring",
            "module.neo4j_db.google_project_iam_member.neo4j_storage_viewer",
            "module.neo4j_db.google_secret_manager_secret.neo4j_bolt_uri",
            "module.neo4j_db.google_secret_manager_secret_iam_member.neo4j_bolt_uri_secret_accessor",
            "module.neo4j_db.google_secret_manager_secret_version.neo4j_bolt_uri_version",
            "module.neo4j_db.google_service_account.neo4j_instance_sa",
            "module.pubsub_topics.google_pubsub_topic.audit_error_topic",
            "module.pubsub_topics.google_pubsub_topic.audit_update_topic",
            "module.secrets.google_secret_manager_secret.neo4j_db_name",
            "module.secrets.google_secret_manager_secret.neo4j_password",
            "module.secrets.google_secret_manager_secret.neo4j_username",
            "module.selenium_chrome_cloud_run.google_cloud_run_service.selenium_standalone_chrome",
            "module.visual_design_audit_cloud_run.google_cloud_run_service.service",
            "module.vpc.google_compute_network.vpc",
            "module.vpc.google_compute_subnetwork.custom_subnet",
            "module.vpc.google_vpc_access_connector.connector"
          ]
        }
      ]
    },
    {
      "module": "module.visual_design_audit_cloud_run.module.pubsub_subscription",
      "mode": "managed",
      "type": "google_pubsub_subscription",
      "name": "subscription",
      "provider": "provider[\"registry.terraform.io/hashicorp/google\"]",
      "instances": [
        {
          "schema_version": 0,
          "attributes": {
            "ack_deadline_seconds": 10,
            "bigquery_config": [],
            "cloud_storage_config": [],
            "dead_letter_policy": [],
            "effective_labels": {
              "goog-terraform-provisioned": "true"
            },
            "enable_exactly_once_delivery": false,
            "enable_message_ordering": false,
            "expiration_policy": [
              {
                "ttl": "2678400s"
              }
            ],
            "filter": "",
            "id": "projects/webcrawler-450417/subscriptions/visual-design-audit-subscription",
            "labels": null,
            "message_retention_duration": "604800s",
            "message_transforms": [],
            "name": "visual-design-audit-subscription",
            "project": "webcrawler-450417",
            "push_config": [
              {
                "attributes": null,
                "no_wrapper": [],
                "oidc_token": [
                  {
                    "audience": "",
                    "service_account_email": "pubsub-sa@webcrawler-450417.iam.gserviceaccount.com"
                  }
                ],
                "push_endpoint": "https://visual-design-audit-5wvl2oswbq-uc.a.run.app"
              }
            ],
            "retain_acked_messages": false,
            "retry_policy": [
              {
                "maximum_backoff": "600s",
                "minimum_backoff": "10s"
              }
            ],
            "terraform_labels": {
              "goog-terraform-provisioned": "true"
            },
            "timeouts": null,
            "topic": "projects/webcrawler-450417/topics/page_audit"
          },
          "sensitive_attributes": [],
          "identity_schema_version": 0,
          "private": "eyJlMmJmYjczMC1lY2FhLTExZTYtOGY4OC0zNDM2M2JjN2M0YzAiOnsiY3JlYXRlIjoxMjAwMDAwMDAwMDAwLCJkZWxldGUiOjEyMDAwMDAwMDAwMDAsInVwZGF0ZSI6MTIwMDAwMDAwMDAwMH19",
          "dependencies": [
            "google_service_account.cloud_run_sa",
            "google_service_account.pubsub_sa",
            "google_storage_bucket.looksee_data",
            "module.neo4j_db.google_compute_firewall.neo4j-internal",
            "module.neo4j_db.google_compute_instance.neo4j",
            "module.neo4j_db.google_iap_tunnel_instance_iam_member.ssh",
            "module.neo4j_db.google_project_iam_member.neo4j_iap_tunnel_user",
            "module.neo4j_db.google_project_iam_member.neo4j_logging",
            "module.neo4j_db.google_project_iam_member.neo4j_monitoring",
            "module.neo4j_db.google_project_iam_member.neo4j_storage_viewer",
            "module.neo4j_db.google_secret_manager_secret.neo4j_bolt_uri",
            "module.neo4j_db.google_secret_manager_secret_iam_member.neo4j_bolt_uri_secret_accessor",
            "module.neo4j_db.google_secret_manager_secret_version.neo4j_bolt_uri_version",
            "module.neo4j_db.google_service_account.neo4j_instance_sa",
            "module.pubsub_topics.google_pubsub_topic.audit_error_topic",
            "module.pubsub_topics.google_pubsub_topic.audit_update_topic",
            "module.pubsub_topics.google_pubsub_topic.page_audit_topic",
            "module.secrets.google_secret_manager_secret.neo4j_db_name",
            "module.secrets.google_secret_manager_secret.neo4j_password",
            "module.secrets.google_secret_manager_secret.neo4j_username",
            "module.selenium_chrome_cloud_run.google_cloud_run_service.selenium_standalone_chrome",
            "module.visual_design_audit_cloud_run.google_cloud_run_service.service",
            "module.vpc.google_compute_network.vpc",
            "module.vpc.google_compute_subnetwork.custom_subnet",
            "module.vpc.google_vpc_access_connector.connector"
          ]
        }
      ]
    },
    {
      "module": "module.vpc",
      "mode": "managed",
      "type": "google_compute_firewall",
      "name": "ssh_iap",
      "provider": "provider[\"registry.terraform.io/hashicorp/google\"]",
      "instances": [
        {
          "schema_version": 1,
          "attributes": {
            "allow": [
              {
                "ports": [
                  "22"
                ],
                "protocol": "tcp"
              }
            ],
            "creation_timestamp": "2025-07-22T20:24:17.827-07:00",
            "deny": [],
            "description": "",
            "destination_ranges": [],
            "direction": "INGRESS",
            "disabled": false,
            "enable_logging": null,
            "id": "projects/webcrawler-450417/global/firewalls/custom-vpc-allow-iap-ssh",
            "log_config": [],
            "name": "custom-vpc-allow-iap-ssh",
            "network": "https://www.googleapis.com/compute/v1/projects/webcrawler-450417/global/networks/custom-vpc",
            "priority": 1000,
            "project": "webcrawler-450417",
            "self_link": "https://www.googleapis.com/compute/v1/projects/webcrawler-450417/global/firewalls/custom-vpc-allow-iap-ssh",
            "source_ranges": [
              "35.235.240.0/20"
            ],
            "source_service_accounts": null,
            "source_tags": null,
            "target_service_accounts": null,
            "target_tags": [
              "iap-ssh"
            ],
            "timeouts": null
          },
          "sensitive_attributes": [],
          "identity_schema_version": 0,
          "private": "eyJlMmJmYjczMC1lY2FhLTExZTYtOGY4OC0zNDM2M2JjN2M0YzAiOnsiY3JlYXRlIjoxMjAwMDAwMDAwMDAwLCJkZWxldGUiOjEyMDAwMDAwMDAwMDAsInVwZGF0ZSI6MTIwMDAwMDAwMDAwMH0sInNjaGVtYV92ZXJzaW9uIjoiMSJ9",
          "dependencies": [
            "module.vpc.google_compute_network.vpc"
          ]
        }
      ]
    },
    {
      "module": "module.vpc",
      "mode": "managed",
      "type": "google_compute_network",
      "name": "vpc",
      "provider": "provider[\"registry.terraform.io/hashicorp/google\"]",
      "instances": [
        {
          "schema_version": 0,
          "attributes": {
            "auto_create_subnetworks": false,
            "bgp_always_compare_med": false,
            "bgp_best_path_selection_mode": "LEGACY",
            "bgp_inter_region_cost": "",
            "delete_default_routes_on_create": false,
            "description": "WebCrawler VPC network",
            "enable_ula_internal_ipv6": false,
            "gateway_ipv4": "",
            "id": "projects/webcrawler-450417/global/networks/custom-vpc",
            "internal_ipv6_range": "",
            "mtu": 0,
            "name": "custom-vpc",
            "network_firewall_policy_enforcement_order": "AFTER_CLASSIC_FIREWALL",
            "network_id": "1807259513215904593",
            "network_profile": "",
            "numeric_id": "1807259513215904593",
            "params": [],
            "project": "webcrawler-450417",
            "routing_mode": "REGIONAL",
            "self_link": "https://www.googleapis.com/compute/v1/projects/webcrawler-450417/global/networks/custom-vpc",
            "timeouts": null
          },
          "sensitive_attributes": [],
          "identity_schema_version": 0,
          "private": "eyJlMmJmYjczMC1lY2FhLTExZTYtOGY4OC0zNDM2M2JjN2M0YzAiOnsiY3JlYXRlIjoxMjAwMDAwMDAwMDAwLCJkZWxldGUiOjEyMDAwMDAwMDAwMDAsInVwZGF0ZSI6MTIwMDAwMDAwMDAwMH19"
        }
      ]
    },
    {
      "module": "module.vpc",
      "mode": "managed",
      "type": "google_compute_subnetwork",
      "name": "custom_subnet",
      "provider": "provider[\"registry.terraform.io/hashicorp/google\"]",
      "instances": [
        {
          "schema_version": 0,
          "attributes": {
            "creation_timestamp": "2025-07-22T20:24:17.902-07:00",
            "description": "",
            "enable_flow_logs": false,
            "external_ipv6_prefix": "",
            "fingerprint": null,
            "gateway_address": "10.0.0.1",
            "id": "projects/webcrawler-450417/regions/us-central1/subnetworks/private-subnet-1",
            "internal_ipv6_prefix": "",
            "ip_cidr_range": "10.0.0.0/24",
            "ip_collection": null,
            "ipv6_access_type": "",
            "ipv6_cidr_range": "",
            "ipv6_gce_endpoint": "",
            "log_config": [],
            "name": "private-subnet-1",
            "network": "https://www.googleapis.com/compute/v1/projects/webcrawler-450417/global/networks/custom-vpc",
            "private_ip_google_access": false,
            "private_ipv6_google_access": "DISABLE_GOOGLE_ACCESS",
            "project": "webcrawler-450417",
            "purpose": "PRIVATE",
            "region": "us-central1",
            "reserved_internal_range": "",
            "role": "",
            "secondary_ip_range": [],
            "self_link": "https://www.googleapis.com/compute/v1/projects/webcrawler-450417/regions/us-central1/subnetworks/private-subnet-1",
            "send_secondary_ip_range_if_empty": null,
            "stack_type": "IPV4_ONLY",
            "state": "",
            "subnetwork_id": 9186778149750172430,
            "timeouts": null
          },
          "sensitive_attributes": [],
          "identity_schema_version": 0,
          "private": "eyJlMmJmYjczMC1lY2FhLTExZTYtOGY4OC0zNDM2M2JjN2M0YzAiOnsiY3JlYXRlIjoxMjAwMDAwMDAwMDAwLCJkZWxldGUiOjEyMDAwMDAwMDAwMDAsInVwZGF0ZSI6MTIwMDAwMDAwMDAwMH19",
          "dependencies": [
            "module.vpc.google_compute_network.vpc"
          ]
        }
      ]
    },
    {
      "module": "module.vpc",
      "mode": "managed",
      "type": "google_project_iam_member",
      "name": "vpc_admin",
      "provider": "provider[\"registry.terraform.io/hashicorp/google\"]",
      "instances": [
        {
          "schema_version": 0,
          "attributes": {
            "condition": [],
            "etag": "BwY6kD3N43U=",
            "id": "webcrawler-450417/roles/compute.networkAdmin/serviceAccount:vpc-service-account@webcrawler-450417.iam.gserviceaccount.com",
            "member": "serviceAccount:vpc-service-account@webcrawler-450417.iam.gserviceaccount.com",
            "project": "webcrawler-450417",
            "role": "roles/compute.networkAdmin"
          },
          "sensitive_attributes": [],
          "identity_schema_version": 0,
          "private": "bnVsbA==",
          "dependencies": [
            "module.vpc.google_service_account.vpc_service_account"
          ]
        }
      ]
    },
    {
      "module": "module.vpc",
      "mode": "managed",
      "type": "google_service_account",
      "name": "vpc_service_account",
      "provider": "provider[\"registry.terraform.io/hashicorp/google\"]",
      "instances": [
        {
          "schema_version": 0,
          "attributes": {
            "account_id": "vpc-service-account",
            "create_ignore_already_exists": null,
            "description": "Service account for VPC management",
            "disabled": false,
            "display_name": "VPC Service Account",
            "email": "vpc-service-account@webcrawler-450417.iam.gserviceaccount.com",
            "id": "projects/webcrawler-450417/serviceAccounts/vpc-service-account@webcrawler-450417.iam.gserviceaccount.com",
            "member": "serviceAccount:vpc-service-account@webcrawler-450417.iam.gserviceaccount.com",
            "name": "projects/webcrawler-450417/serviceAccounts/vpc-service-account@webcrawler-450417.iam.gserviceaccount.com",
            "project": "webcrawler-450417",
            "timeouts": null,
            "unique_id": "109598717564609353866"
          },
          "sensitive_attributes": [],
          "identity_schema_version": 0,
          "private": "eyJlMmJmYjczMC1lY2FhLTExZTYtOGY4OC0zNDM2M2JjN2M0YzAiOnsiY3JlYXRlIjozMDAwMDAwMDAwMDB9fQ=="
        }
      ]
    },
    {
      "module": "module.vpc",
      "mode": "managed",
      "type": "google_vpc_access_connector",
      "name": "connector",
      "provider": "provider[\"registry.terraform.io/hashicorp/google\"]",
      "instances": [
        {
          "schema_version": 0,
          "attributes": {
            "connected_projects": [],
            "id": "projects/webcrawler-450417/locations/us-central1/connectors/cloud-run-connector",
            "ip_cidr_range": "10.8.0.0/28",
            "machine_type": "e2-micro",
            "max_instances": 3,
            "max_throughput": 300,
            "min_instances": 2,
            "min_throughput": 200,
            "name": "cloud-run-connector",
            "network": "custom-vpc",
            "project": "webcrawler-450417",
            "region": "us-central1",
            "self_link": "projects/webcrawler-450417/locations/us-central1/connectors/cloud-run-connector",
            "state": "READY",
            "subnet": [],
            "timeouts": null
          },
          "sensitive_attributes": [],
          "identity_schema_version": 0,
          "private": "eyJlMmJmYjczMC1lY2FhLTExZTYtOGY4OC0zNDM2M2JjN2M0YzAiOnsiY3JlYXRlIjoxMjAwMDAwMDAwMDAwLCJkZWxldGUiOjEyMDAwMDAwMDAwMDAsInVwZGF0ZSI6MTIwMDAwMDAwMDAwMH19",
          "dependencies": [
            "module.vpc.google_compute_network.vpc"
          ]
        }
      ]
    }
  ],
  "check_results": null
}
