{
  "version": 4,
  "terraform_version": "1.12.2",
  "serial": 10848,
  "lineage": "fe887520-abfe-fd6a-0af3-6ffd8cb82a83",
  "outputs": {},
  "resources": [
    {
      "mode": "managed",
      "type": "google_project_iam_member",
      "name": "cloud_run_pubsub_subscriber",
      "provider": "provider[\"registry.terraform.io/hashicorp/google\"]",
      "instances": [
        {
          "schema_version": 0,
          "attributes": {
            "condition": [],
            "etag": "BwY6e93WDjg=",
            "id": "webcrawler-450417/roles/pubsub.subscriber/serviceAccount:cloud-run-sa@webcrawler-450417.iam.gserviceaccount.com",
            "member": "serviceAccount:cloud-run-sa@webcrawler-450417.iam.gserviceaccount.com",
            "project": "webcrawler-450417",
            "role": "roles/pubsub.subscriber"
          },
          "sensitive_attributes": [],
          "identity_schema_version": 0,
          "private": "bnVsbA==",
          "dependencies": [
            "google_service_account.cloud_run_sa"
          ]
        }
      ]
    },
    {
      "mode": "managed",
      "type": "google_project_iam_member",
      "name": "pubsub_cloud_run_invoker",
      "provider": "provider[\"registry.terraform.io/hashicorp/google\"]",
      "instances": [
        {
          "schema_version": 0,
          "attributes": {
            "condition": [],
            "etag": "BwY6e93WDjg=",
            "id": "webcrawler-450417/roles/run.invoker/serviceAccount:pubsub-sa@webcrawler-450417.iam.gserviceaccount.com",
            "member": "serviceAccount:pubsub-sa@webcrawler-450417.iam.gserviceaccount.com",
            "project": "webcrawler-450417",
            "role": "roles/run.invoker"
          },
          "sensitive_attributes": [],
          "identity_schema_version": 0,
          "private": "bnVsbA==",
          "dependencies": [
            "google_service_account.pubsub_sa"
          ]
        }
      ]
    },
    {
      "mode": "managed",
      "type": "google_pubsub_topic_iam_member",
      "name": "topic_publisher",
      "provider": "provider[\"registry.terraform.io/hashicorp/google\"]",
      "instances": [
        {
          "index_key": "audit_error",
          "schema_version": 0,
          "attributes": {
            "condition": [],
            "etag": "BwY6eznx3FE=",
            "id": "projects/webcrawler-450417/topics/audit_error/roles/pubsub.publisher/serviceAccount:pubsub-sa@webcrawler-450417.iam.gserviceaccount.com",
            "member": "serviceAccount:pubsub-sa@webcrawler-450417.iam.gserviceaccount.com",
            "project": "webcrawler-450417",
            "role": "roles/pubsub.publisher",
            "topic": "projects/webcrawler-450417/topics/audit_error"
          },
          "sensitive_attributes": [],
          "identity_schema_version": 0,
          "private": "bnVsbA==",
          "dependencies": [
            "google_service_account.pubsub_sa",
            "module.pubsub_topics.google_pubsub_topic.audit_error_topic",
            "module.pubsub_topics.google_pubsub_topic.audit_update_topic",
            "module.pubsub_topics.google_pubsub_topic.journey_candidate_topic",
            "module.pubsub_topics.google_pubsub_topic.journey_completion_cleanup_topic",
            "module.pubsub_topics.google_pubsub_topic.journey_discarded_topic",
            "module.pubsub_topics.google_pubsub_topic.journey_verified_topic",
            "module.pubsub_topics.google_pubsub_topic.page_audit_topic",
            "module.pubsub_topics.google_pubsub_topic.page_created_topic",
            "module.pubsub_topics.google_pubsub_topic.url_topic"
          ]
        },
        {
          "index_key": "audit_update",
          "schema_version": 0,
          "attributes": {
            "condition": [],
            "etag": "BwY6ezn4ZfU=",
            "id": "projects/webcrawler-450417/topics/audit_update/roles/pubsub.publisher/serviceAccount:pubsub-sa@webcrawler-450417.iam.gserviceaccount.com",
            "member": "serviceAccount:pubsub-sa@webcrawler-450417.iam.gserviceaccount.com",
            "project": "webcrawler-450417",
            "role": "roles/pubsub.publisher",
            "topic": "projects/webcrawler-450417/topics/audit_update"
          },
          "sensitive_attributes": [],
          "identity_schema_version": 0,
          "private": "bnVsbA==",
          "dependencies": [
            "google_service_account.pubsub_sa",
            "module.pubsub_topics.google_pubsub_topic.audit_error_topic",
            "module.pubsub_topics.google_pubsub_topic.audit_update_topic",
            "module.pubsub_topics.google_pubsub_topic.journey_candidate_topic",
            "module.pubsub_topics.google_pubsub_topic.journey_completion_cleanup_topic",
            "module.pubsub_topics.google_pubsub_topic.journey_discarded_topic",
            "module.pubsub_topics.google_pubsub_topic.journey_verified_topic",
            "module.pubsub_topics.google_pubsub_topic.page_audit_topic",
            "module.pubsub_topics.google_pubsub_topic.page_created_topic",
            "module.pubsub_topics.google_pubsub_topic.url_topic"
          ]
        },
        {
          "index_key": "journey_candidate",
          "schema_version": 0,
          "attributes": {
            "condition": [],
            "etag": "BwY6ezn2u/0=",
            "id": "projects/webcrawler-450417/topics/journey_candidate/roles/pubsub.publisher/serviceAccount:pubsub-sa@webcrawler-450417.iam.gserviceaccount.com",
            "member": "serviceAccount:pubsub-sa@webcrawler-450417.iam.gserviceaccount.com",
            "project": "webcrawler-450417",
            "role": "roles/pubsub.publisher",
            "topic": "projects/webcrawler-450417/topics/journey_candidate"
          },
          "sensitive_attributes": [],
          "identity_schema_version": 0,
          "private": "bnVsbA==",
          "dependencies": [
            "google_service_account.pubsub_sa",
            "module.pubsub_topics.google_pubsub_topic.audit_error_topic",
            "module.pubsub_topics.google_pubsub_topic.audit_update_topic",
            "module.pubsub_topics.google_pubsub_topic.journey_candidate_topic",
            "module.pubsub_topics.google_pubsub_topic.journey_completion_cleanup_topic",
            "module.pubsub_topics.google_pubsub_topic.journey_discarded_topic",
            "module.pubsub_topics.google_pubsub_topic.journey_verified_topic",
            "module.pubsub_topics.google_pubsub_topic.page_audit_topic",
            "module.pubsub_topics.google_pubsub_topic.page_created_topic",
            "module.pubsub_topics.google_pubsub_topic.url_topic"
          ]
        },
        {
          "index_key": "journey_completion_cleanup",
          "schema_version": 0,
          "attributes": {
            "condition": [],
            "etag": "BwY6ezo7AXk=",
            "id": "projects/webcrawler-450417/topics/journey_completion_cleanup/roles/pubsub.publisher/serviceAccount:pubsub-sa@webcrawler-450417.iam.gserviceaccount.com",
            "member": "serviceAccount:pubsub-sa@webcrawler-450417.iam.gserviceaccount.com",
            "project": "webcrawler-450417",
            "role": "roles/pubsub.publisher",
            "topic": "projects/webcrawler-450417/topics/journey_completion_cleanup"
          },
          "sensitive_attributes": [],
          "identity_schema_version": 0,
          "private": "bnVsbA==",
          "dependencies": [
            "google_service_account.pubsub_sa",
            "module.pubsub_topics.google_pubsub_topic.audit_error_topic",
            "module.pubsub_topics.google_pubsub_topic.audit_update_topic",
            "module.pubsub_topics.google_pubsub_topic.journey_candidate_topic",
            "module.pubsub_topics.google_pubsub_topic.journey_completion_cleanup_topic",
            "module.pubsub_topics.google_pubsub_topic.journey_discarded_topic",
            "module.pubsub_topics.google_pubsub_topic.journey_verified_topic",
            "module.pubsub_topics.google_pubsub_topic.page_audit_topic",
            "module.pubsub_topics.google_pubsub_topic.page_created_topic",
            "module.pubsub_topics.google_pubsub_topic.url_topic"
          ]
        },
        {
          "index_key": "journey_discarded",
          "schema_version": 0,
          "attributes": {
            "condition": [],
            "etag": "BwY6ezoZkd4=",
            "id": "projects/webcrawler-450417/topics/journey_discarded/roles/pubsub.publisher/serviceAccount:pubsub-sa@webcrawler-450417.iam.gserviceaccount.com",
            "member": "serviceAccount:pubsub-sa@webcrawler-450417.iam.gserviceaccount.com",
            "project": "webcrawler-450417",
            "role": "roles/pubsub.publisher",
            "topic": "projects/webcrawler-450417/topics/journey_discarded"
          },
          "sensitive_attributes": [],
          "identity_schema_version": 0,
          "private": "bnVsbA==",
          "dependencies": [
            "google_service_account.pubsub_sa",
            "module.pubsub_topics.google_pubsub_topic.audit_error_topic",
            "module.pubsub_topics.google_pubsub_topic.audit_update_topic",
            "module.pubsub_topics.google_pubsub_topic.journey_candidate_topic",
            "module.pubsub_topics.google_pubsub_topic.journey_completion_cleanup_topic",
            "module.pubsub_topics.google_pubsub_topic.journey_discarded_topic",
            "module.pubsub_topics.google_pubsub_topic.journey_verified_topic",
            "module.pubsub_topics.google_pubsub_topic.page_audit_topic",
            "module.pubsub_topics.google_pubsub_topic.page_created_topic",
            "module.pubsub_topics.google_pubsub_topic.url_topic"
          ]
        },
        {
          "index_key": "journey_verified",
          "schema_version": 0,
          "attributes": {
            "condition": [],
            "etag": "BwY6eznx9TQ=",
            "id": "projects/webcrawler-450417/topics/journey_verified/roles/pubsub.publisher/serviceAccount:pubsub-sa@webcrawler-450417.iam.gserviceaccount.com",
            "member": "serviceAccount:pubsub-sa@webcrawler-450417.iam.gserviceaccount.com",
            "project": "webcrawler-450417",
            "role": "roles/pubsub.publisher",
            "topic": "projects/webcrawler-450417/topics/journey_verified"
          },
          "sensitive_attributes": [],
          "identity_schema_version": 0,
          "private": "bnVsbA==",
          "dependencies": [
            "google_service_account.pubsub_sa",
            "module.pubsub_topics.google_pubsub_topic.audit_error_topic",
            "module.pubsub_topics.google_pubsub_topic.audit_update_topic",
            "module.pubsub_topics.google_pubsub_topic.journey_candidate_topic",
            "module.pubsub_topics.google_pubsub_topic.journey_completion_cleanup_topic",
            "module.pubsub_topics.google_pubsub_topic.journey_discarded_topic",
            "module.pubsub_topics.google_pubsub_topic.journey_verified_topic",
            "module.pubsub_topics.google_pubsub_topic.page_audit_topic",
            "module.pubsub_topics.google_pubsub_topic.page_created_topic",
            "module.pubsub_topics.google_pubsub_topic.url_topic"
          ]
        },
        {
          "index_key": "page_audit",
          "schema_version": 0,
          "attributes": {
            "condition": [],
            "etag": "BwY6ezo1RDY=",
            "id": "projects/webcrawler-450417/topics/page_audit/roles/pubsub.publisher/serviceAccount:pubsub-sa@webcrawler-450417.iam.gserviceaccount.com",
            "member": "serviceAccount:pubsub-sa@webcrawler-450417.iam.gserviceaccount.com",
            "project": "webcrawler-450417",
            "role": "roles/pubsub.publisher",
            "topic": "projects/webcrawler-450417/topics/page_audit"
          },
          "sensitive_attributes": [],
          "identity_schema_version": 0,
          "private": "bnVsbA==",
          "dependencies": [
            "google_service_account.pubsub_sa",
            "module.pubsub_topics.google_pubsub_topic.audit_error_topic",
            "module.pubsub_topics.google_pubsub_topic.audit_update_topic",
            "module.pubsub_topics.google_pubsub_topic.journey_candidate_topic",
            "module.pubsub_topics.google_pubsub_topic.journey_completion_cleanup_topic",
            "module.pubsub_topics.google_pubsub_topic.journey_discarded_topic",
            "module.pubsub_topics.google_pubsub_topic.journey_verified_topic",
            "module.pubsub_topics.google_pubsub_topic.page_audit_topic",
            "module.pubsub_topics.google_pubsub_topic.page_created_topic",
            "module.pubsub_topics.google_pubsub_topic.url_topic"
          ]
        },
        {
          "index_key": "page_created",
          "schema_version": 0,
          "attributes": {
            "condition": [],
            "etag": "BwY6eznTRxA=",
            "id": "projects/webcrawler-450417/topics/page_created/roles/pubsub.publisher/serviceAccount:pubsub-sa@webcrawler-450417.iam.gserviceaccount.com",
            "member": "serviceAccount:pubsub-sa@webcrawler-450417.iam.gserviceaccount.com",
            "project": "webcrawler-450417",
            "role": "roles/pubsub.publisher",
            "topic": "projects/webcrawler-450417/topics/page_created"
          },
          "sensitive_attributes": [],
          "identity_schema_version": 0,
          "private": "bnVsbA==",
          "dependencies": [
            "google_service_account.pubsub_sa",
            "module.pubsub_topics.google_pubsub_topic.audit_error_topic",
            "module.pubsub_topics.google_pubsub_topic.audit_update_topic",
            "module.pubsub_topics.google_pubsub_topic.journey_candidate_topic",
            "module.pubsub_topics.google_pubsub_topic.journey_completion_cleanup_topic",
            "module.pubsub_topics.google_pubsub_topic.journey_discarded_topic",
            "module.pubsub_topics.google_pubsub_topic.journey_verified_topic",
            "module.pubsub_topics.google_pubsub_topic.page_audit_topic",
            "module.pubsub_topics.google_pubsub_topic.page_created_topic",
            "module.pubsub_topics.google_pubsub_topic.url_topic"
          ]
        },
        {
          "index_key": "url",
          "schema_version": 0,
          "attributes": {
            "condition": [],
            "etag": "BwY6eznviOc=",
            "id": "projects/webcrawler-450417/topics/url/roles/pubsub.publisher/serviceAccount:pubsub-sa@webcrawler-450417.iam.gserviceaccount.com",
            "member": "serviceAccount:pubsub-sa@webcrawler-450417.iam.gserviceaccount.com",
            "project": "webcrawler-450417",
            "role": "roles/pubsub.publisher",
            "topic": "projects/webcrawler-450417/topics/url"
          },
          "sensitive_attributes": [],
          "identity_schema_version": 0,
          "private": "bnVsbA==",
          "dependencies": [
            "google_service_account.pubsub_sa",
            "module.pubsub_topics.google_pubsub_topic.audit_error_topic",
            "module.pubsub_topics.google_pubsub_topic.audit_update_topic",
            "module.pubsub_topics.google_pubsub_topic.journey_candidate_topic",
            "module.pubsub_topics.google_pubsub_topic.journey_completion_cleanup_topic",
            "module.pubsub_topics.google_pubsub_topic.journey_discarded_topic",
            "module.pubsub_topics.google_pubsub_topic.journey_verified_topic",
            "module.pubsub_topics.google_pubsub_topic.page_audit_topic",
            "module.pubsub_topics.google_pubsub_topic.page_created_topic",
            "module.pubsub_topics.google_pubsub_topic.url_topic"
          ]
        }
      ]
    },
    {
      "mode": "managed",
      "type": "google_service_account",
      "name": "cloud_run_sa",
      "provider": "provider[\"registry.terraform.io/hashicorp/google\"]",
      "instances": [
        {
          "schema_version": 0,
          "attributes": {
            "account_id": "cloud-run-sa",
            "create_ignore_already_exists": null,
            "description": "",
            "disabled": false,
            "display_name": "Service Account for Cloud Run",
            "email": "cloud-run-sa@webcrawler-450417.iam.gserviceaccount.com",
            "id": "projects/webcrawler-450417/serviceAccounts/cloud-run-sa@webcrawler-450417.iam.gserviceaccount.com",
            "member": "serviceAccount:cloud-run-sa@webcrawler-450417.iam.gserviceaccount.com",
            "name": "projects/webcrawler-450417/serviceAccounts/cloud-run-sa@webcrawler-450417.iam.gserviceaccount.com",
            "project": "webcrawler-450417",
            "timeouts": null,
            "unique_id": "103815709831391401850"
          },
          "sensitive_attributes": [],
          "identity_schema_version": 0,
          "private": "eyJlMmJmYjczMC1lY2FhLTExZTYtOGY4OC0zNDM2M2JjN2M0YzAiOnsiY3JlYXRlIjozMDAwMDAwMDAwMDB9fQ=="
        }
      ]
    },
    {
      "mode": "managed",
      "type": "google_service_account",
      "name": "pubsub_sa",
      "provider": "provider[\"registry.terraform.io/hashicorp/google\"]",
      "instances": [
        {
          "schema_version": 0,
          "attributes": {
            "account_id": "pubsub-sa",
            "create_ignore_already_exists": null,
            "description": "",
            "disabled": false,
            "display_name": "Service Account for PubSub to invoke Cloud Run",
            "email": "pubsub-sa@webcrawler-450417.iam.gserviceaccount.com",
            "id": "projects/webcrawler-450417/serviceAccounts/pubsub-sa@webcrawler-450417.iam.gserviceaccount.com",
            "member": "serviceAccount:pubsub-sa@webcrawler-450417.iam.gserviceaccount.com",
            "name": "projects/webcrawler-450417/serviceAccounts/pubsub-sa@webcrawler-450417.iam.gserviceaccount.com",
            "project": "webcrawler-450417",
            "timeouts": null,
            "unique_id": "115826543239912990573"
          },
          "sensitive_attributes": [],
          "identity_schema_version": 0,
          "private": "eyJlMmJmYjczMC1lY2FhLTExZTYtOGY4OC0zNDM2M2JjN2M0YzAiOnsiY3JlYXRlIjozMDAwMDAwMDAwMDB9fQ=="
        }
      ]
    },
    {
      "mode": "managed",
      "type": "google_storage_bucket",
      "name": "looksee_data",
      "provider": "provider[\"registry.terraform.io/hashicorp/google\"]",
      "instances": [
        {
          "schema_version": 3,
          "attributes": {
            "autoclass": [],
            "cors": [],
            "custom_placement_config": [],
            "default_event_based_hold": false,
            "effective_labels": {
              "application": "crawler",
              "environment": "dev",
              "goog-terraform-provisioned": "true"
            },
            "enable_object_retention": false,
            "encryption": [],
            "force_destroy": true,
            "hierarchical_namespace": [
              {
                "enabled": false
              }
            ],
            "id": "looksee-data-dev",
            "ip_filter": [],
            "labels": {
              "application": "crawler",
              "environment": "dev"
            },
            "lifecycle_rule": [
              {
                "action": [
                  {
                    "storage_class": "",
                    "type": "Delete"
                  }
                ],
                "condition": [
                  {
                    "age": 365,
                    "created_before": "",
                    "custom_time_before": "",
                    "days_since_custom_time": 0,
                    "days_since_noncurrent_time": 0,
                    "matches_prefix": [],
                    "matches_storage_class": [],
                    "matches_suffix": [],
                    "noncurrent_time_before": "",
                    "num_newer_versions": 0,
                    "send_age_if_zero": false,
                    "send_days_since_custom_time_if_zero": false,
                    "send_days_since_noncurrent_time_if_zero": false,
                    "send_num_newer_versions_if_zero": false,
                    "with_state": "ANY"
                  }
                ]
              }
            ],
            "location": "US-CENTRAL1",
            "logging": [],
            "name": "looksee-data-dev",
            "project": "webcrawler-450417",
            "project_number": 673367928406,
            "public_access_prevention": "inherited",
            "requester_pays": false,
            "retention_policy": [],
            "rpo": null,
            "self_link": "https://www.googleapis.com/storage/v1/b/looksee-data-dev",
            "soft_delete_policy": [
              {
                "effective_time": "2025-07-22T02:19:09.523Z",
                "retention_duration_seconds": 604800
              }
            ],
            "storage_class": "STANDARD",
            "terraform_labels": {
              "application": "crawler",
              "environment": "dev",
              "goog-terraform-provisioned": "true"
            },
            "time_created": "2025-07-22T02:19:09.523Z",
            "timeouts": null,
            "uniform_bucket_level_access": false,
            "updated": "2025-07-22T02:19:32.151Z",
            "url": "gs://looksee-data-dev",
            "versioning": [
              {
                "enabled": true
              }
            ],
            "website": []
          },
          "sensitive_attributes": [],
          "identity_schema_version": 0,
          "private": "eyJlMmJmYjczMC1lY2FhLTExZTYtOGY4OC0zNDM2M2JjN2M0YzAiOnsiY3JlYXRlIjo2MDAwMDAwMDAwMDAsInJlYWQiOjI0MDAwMDAwMDAwMCwidXBkYXRlIjoyNDAwMDAwMDAwMDB9LCJzY2hlbWFfdmVyc2lvbiI6IjMifQ=="
        }
      ]
    },
    {
      "mode": "managed",
      "type": "google_storage_bucket_iam_binding",
      "name": "looksee_data_cloud_run_write",
      "provider": "provider[\"registry.terraform.io/hashicorp/google\"]",
      "instances": [
        {
          "schema_version": 0,
          "attributes": {
            "bucket": "b/looksee-data-dev",
            "condition": [],
            "etag": "CAM=",
            "id": "b/looksee-data-dev/roles/storage.objectAdmin",
            "members": [
              "serviceAccount:cloud-run-sa@webcrawler-450417.iam.gserviceaccount.com"
            ],
            "role": "roles/storage.objectAdmin"
          },
          "sensitive_attributes": [],
          "identity_schema_version": 0,
          "private": "bnVsbA==",
          "dependencies": [
            "google_service_account.cloud_run_sa",
            "google_storage_bucket.looksee_data"
          ]
        }
      ]
    },
    {
      "mode": "managed",
      "type": "google_storage_bucket_iam_binding",
      "name": "looksee_data_public_read",
      "provider": "provider[\"registry.terraform.io/hashicorp/google\"]",
      "instances": [
        {
          "schema_version": 0,
          "attributes": {
            "bucket": "b/looksee-data-dev",
            "condition": [],
            "etag": "CAM=",
            "id": "b/looksee-data-dev/roles/storage.objectViewer",
            "members": [
              "allUsers"
            ],
            "role": "roles/storage.objectViewer"
          },
          "sensitive_attributes": [],
          "identity_schema_version": 0,
          "private": "bnVsbA==",
          "dependencies": [
            "google_storage_bucket.looksee_data"
          ]
        }
      ]
    },
    {
      "module": "module.api",
      "mode": "managed",
      "type": "google_cloud_run_service",
      "name": "api",
      "provider": "provider[\"registry.terraform.io/hashicorp/google\"]",
      "instances": [
        {
          "schema_version": 2,
          "attributes": {
            "autogenerate_revision_name": false,
            "id": "locations/us-central1/namespaces/webcrawler-450417/services/api",
            "location": "us-central1",
            "metadata": [
              {
                "annotations": {
                  "run.googleapis.com/client-name": "terraform"
                },
                "effective_annotations": {
                  "run.googleapis.com/client-name": "terraform",
                  "run.googleapis.com/ingress": "all",
                  "run.googleapis.com/ingress-status": "all",
                  "run.googleapis.com/operation-id": "6f1c21f2-c32e-4dcf-a2f6-a7b56a0ab9eb",
                  "run.googleapis.com/urls": "[\"https://api-673367928406.us-central1.run.app\",\"https://api-5wvl2oswbq-uc.a.run.app\"]",
                  "serving.knative.dev/creator": "webcrawleraccountmanager@webcrawler-450417.iam.gserviceaccount.com",
                  "serving.knative.dev/lastModifier": "webcrawleraccountmanager@webcrawler-450417.iam.gserviceaccount.com"
                },
                "effective_labels": {
                  "cloud.googleapis.com/location": "us-central1",
                  "goog-terraform-provisioned": "true"
                },
                "generation": 1,
                "labels": {},
                "namespace": "webcrawler-450417",
                "resource_version": "AAY6e0Lcup0",
                "self_link": "/apis/serving.knative.dev/v1/namespaces/673367928406/services/api",
                "terraform_labels": {
                  "goog-terraform-provisioned": "true"
                },
                "uid": "69d7cfee-0421-418d-86b2-bff5bb4687fd"
              }
            ],
            "name": "api",
            "project": "webcrawler-450417",
            "status": [
              {
                "conditions": [
                  {
                    "message": "",
                    "reason": "",
                    "status": "True",
                    "type": "Ready"
                  },
                  {
                    "message": "",
                    "reason": "",
                    "status": "True",
                    "type": "ConfigurationsReady"
                  },
                  {
                    "message": "",
                    "reason": "",
                    "status": "True",
                    "type": "RoutesReady"
                  }
                ],
                "latest_created_revision_name": "api-00001-2m7",
                "latest_ready_revision_name": "api-00001-2m7",
                "observed_generation": 1,
                "traffic": [
                  {
                    "latest_revision": true,
                    "percent": 100,
                    "revision_name": "api-00001-2m7",
                    "tag": "",
                    "url": ""
                  }
                ],
                "url": "https://api-5wvl2oswbq-uc.a.run.app"
              }
            ],
            "template": [
              {
                "metadata": [
                  {
                    "annotations": {
                      "autoscaling.knative.dev/maxScale": "20"
                    },
                    "generation": 0,
                    "labels": {
                      "run.googleapis.com/startupProbeType": "Default"
                    },
                    "name": "",
                    "namespace": "",
                    "resource_version": "",
                    "self_link": "",
                    "uid": ""
                  }
                ],
                "spec": [
                  {
                    "container_concurrency": 80,
                    "containers": [
                      {
                        "args": [],
                        "command": [],
                        "env": [
                          {
                            "name": "NEO4J_BOLT_URI",
                            "value": "",
                            "value_from": [
                              {
                                "secret_key_ref": [
                                  {
                                    "key": "latest",
                                    "name": "neo4j-bolt-uri"
                                  }
                                ]
                              }
                            ]
                          },
                          {
                            "name": "NEO4J_DB_NAME",
                            "value": "",
                            "value_from": [
                              {
                                "secret_key_ref": [
                                  {
                                    "key": "latest",
                                    "name": "neo4j-db-name"
                                  }
                                ]
                              }
                            ]
                          },
                          {
                            "name": "NEO4J_PASSWORD",
                            "value": "",
                            "value_from": [
                              {
                                "secret_key_ref": [
                                  {
                                    "key": "latest",
                                    "name": "neo4j-password"
                                  }
                                ]
                              }
                            ]
                          },
                          {
                            "name": "NEO4J_USERNAME",
                            "value": "",
                            "value_from": [
                              {
                                "secret_key_ref": [
                                  {
                                    "key": "latest",
                                    "name": "neo4j-username"
                                  }
                                ]
                              }
                            ]
                          },
                          {
                            "name": "auth0.audience",
                            "value": "",
                            "value_from": [
                              {
                                "secret_key_ref": [
                                  {
                                    "key": "latest",
                                    "name": "auth0-audience"
                                  }
                                ]
                              }
                            ]
                          },
                          {
                            "name": "auth0.client-id",
                            "value": "",
                            "value_from": [
                              {
                                "secret_key_ref": [
                                  {
                                    "key": "latest",
                                    "name": "auth0-client-id"
                                  }
                                ]
                              }
                            ]
                          },
                          {
                            "name": "auth0.client-secret",
                            "value": "",
                            "value_from": [
                              {
                                "secret_key_ref": [
                                  {
                                    "key": "latest",
                                    "name": "auth0-client-secret"
                                  }
                                ]
                              }
                            ]
                          },
                          {
                            "name": "auth0.domain",
                            "value": "",
                            "value_from": [
                              {
                                "secret_key_ref": [
                                  {
                                    "key": "latest",
                                    "name": "auth0-domain"
                                  }
                                ]
                              }
                            ]
                          },
                          {
                            "name": "auth0.management-api-audience",
                            "value": "",
                            "value_from": [
                              {
                                "secret_key_ref": [
                                  {
                                    "key": "latest",
                                    "name": "auth0-management-api-audience"
                                  }
                                ]
                              }
                            ]
                          },
                          {
                            "name": "auth0.management-api-client-id",
                            "value": "",
                            "value_from": [
                              {
                                "secret_key_ref": [
                                  {
                                    "key": "latest",
                                    "name": "auth0-management-api-client-id"
                                  }
                                ]
                              }
                            ]
                          },
                          {
                            "name": "auth0.management-api-client-secret",
                            "value": "",
                            "value_from": [
                              {
                                "secret_key_ref": [
                                  {
                                    "key": "latest",
                                    "name": "auth0-management-api-client-secret"
                                  }
                                ]
                              }
                            ]
                          },
                          {
                            "name": "auth0.management-api-domain",
                            "value": "",
                            "value_from": [
                              {
                                "secret_key_ref": [
                                  {
                                    "key": "latest",
                                    "name": "auth0-management-api-domain"
                                  }
                                ]
                              }
                            ]
                          },
                          {
                            "name": "gcp.storage.bucket.name",
                            "value": "looksee-data-dev",
                            "value_from": []
                          },
                          {
                            "name": "pubsub.discarded_journey_topic",
                            "value": "projects/webcrawler-450417/topics/journey_discarded",
                            "value_from": []
                          },
                          {
                            "name": "pubsub.error_topic",
                            "value": "projects/webcrawler-450417/topics/audit_error",
                            "value_from": []
                          },
                          {
                            "name": "pubsub.url_topic",
                            "value": "projects/webcrawler-450417/topics/url",
                            "value_from": []
                          }
                        ],
                        "env_from": [],
                        "image": "docker.io/deepthought42/crawler-api:latest",
                        "liveness_probe": [],
                        "name": "",
                        "ports": [
                          {
                            "container_port": 9080,
                            "name": "http1",
                            "protocol": ""
                          }
                        ],
                        "resources": [
                          {
                            "limits": {
                              "cpu": "1",
                              "memory": "2Gi"
                            },
                            "requests": {
                              "cpu": "0.5",
                              "memory": "1Gi"
                            }
                          }
                        ],
                        "startup_probe": [
                          {
                            "failure_threshold": 1,
                            "grpc": [],
                            "http_get": [],
                            "initial_delay_seconds": 0,
                            "period_seconds": 240,
                            "tcp_socket": [
                              {
                                "port": 9080
                              }
                            ],
                            "timeout_seconds": 240
                          }
                        ],
                        "volume_mounts": [],
                        "working_dir": ""
                      }
                    ],
                    "node_selector": {},
                    "service_account_name": "673367928406-compute@developer.gserviceaccount.com",
                    "serving_state": "",
                    "timeout_seconds": 300,
                    "volumes": []
                  }
                ]
              }
            ],
            "timeouts": null,
            "traffic": [
              {
                "latest_revision": true,
                "percent": 100,
                "revision_name": "",
                "tag": "",
                "url": ""
              }
            ]
          },
          "sensitive_attributes": [],
          "identity_schema_version": 0,
          "private": "eyJlMmJmYjczMC1lY2FhLTExZTYtOGY4OC0zNDM2M2JjN2M0YzAiOnsiY3JlYXRlIjoxMjAwMDAwMDAwMDAwLCJkZWxldGUiOjEyMDAwMDAwMDAwMDAsInVwZGF0ZSI6MTIwMDAwMDAwMDAwMH0sInNjaGVtYV92ZXJzaW9uIjoiMiJ9",
          "dependencies": [
            "google_service_account.cloud_run_sa",
            "google_storage_bucket.looksee_data",
            "module.neo4j_db.google_compute_firewall.neo4j-internal",
            "module.neo4j_db.google_compute_instance.neo4j",
            "module.neo4j_db.google_iap_tunnel_instance_iam_member.ssh",
            "module.neo4j_db.google_project_iam_member.neo4j_iap_tunnel_user",
            "module.neo4j_db.google_project_iam_member.neo4j_logging",
            "module.neo4j_db.google_project_iam_member.neo4j_monitoring",
            "module.neo4j_db.google_project_iam_member.neo4j_storage_viewer",
            "module.neo4j_db.google_secret_manager_secret.neo4j_bolt_uri",
            "module.neo4j_db.google_secret_manager_secret_iam_member.neo4j_bolt_uri_secret_accessor",
            "module.neo4j_db.google_secret_manager_secret_version.neo4j_bolt_uri_version",
            "module.neo4j_db.google_service_account.neo4j_instance_sa",
            "module.pubsub_topics.google_pubsub_topic.audit_error_topic",
            "module.pubsub_topics.google_pubsub_topic.journey_discarded_topic",
            "module.pubsub_topics.google_pubsub_topic.url_topic",
            "module.secrets.google_secret_manager_secret.auth0_audience",
            "module.secrets.google_secret_manager_secret.auth0_client_id",
            "module.secrets.google_secret_manager_secret.auth0_client_secret",
            "module.secrets.google_secret_manager_secret.auth0_domain",
            "module.secrets.google_secret_manager_secret.auth0_management_api_audience",
            "module.secrets.google_secret_manager_secret.auth0_management_api_client_id",
            "module.secrets.google_secret_manager_secret.auth0_management_api_client_secret",
            "module.secrets.google_secret_manager_secret.auth0_management_api_domain",
            "module.secrets.google_secret_manager_secret.neo4j_db_name",
            "module.secrets.google_secret_manager_secret.neo4j_password",
            "module.secrets.google_secret_manager_secret.neo4j_username",
            "module.secrets.google_secret_manager_secret.pusher_app_id",
            "module.secrets.google_secret_manager_secret.pusher_cluster",
            "module.secrets.google_secret_manager_secret.pusher_key",
            "module.secrets.google_secret_manager_secret.pusher_secret",
            "module.secrets.google_secret_manager_secret.selenium_urls",
            "module.secrets.google_secret_manager_secret.smtp_password",
            "module.secrets.google_secret_manager_secret.smtp_username",
            "module.secrets.google_secret_manager_secret_iam_member.neo4j_db_name_secret_accessor",
            "module.secrets.google_secret_manager_secret_iam_member.neo4j_password_secret_accessor",
            "module.secrets.google_secret_manager_secret_iam_member.neo4j_username_secret_accessor",
            "module.secrets.google_secret_manager_secret_iam_member.pusher_app_id_secret_accessor",
            "module.secrets.google_secret_manager_secret_iam_member.pusher_cluster_secret_accessor",
            "module.secrets.google_secret_manager_secret_iam_member.pusher_key_secret_accessor",
            "module.secrets.google_secret_manager_secret_iam_member.pusher_secret_secret_accessor",
            "module.secrets.google_secret_manager_secret_iam_member.smtp_password_secret_accessor",
            "module.secrets.google_secret_manager_secret_iam_member.smtp_username_secret_accessor",
            "module.secrets.google_secret_manager_secret_version.auth0_audience_version",
            "module.secrets.google_secret_manager_secret_version.auth0_client_id_version",
            "module.secrets.google_secret_manager_secret_version.auth0_client_secret_version",
            "module.secrets.google_secret_manager_secret_version.auth0_domain_version",
            "module.secrets.google_secret_manager_secret_version.auth0_management_api_audience_version",
            "module.secrets.google_secret_manager_secret_version.auth0_management_api_client_id_version",
            "module.secrets.google_secret_manager_secret_version.auth0_management_api_client_secret_version",
            "module.secrets.google_secret_manager_secret_version.auth0_management_api_domain_version",
            "module.secrets.google_secret_manager_secret_version.neo4j_db_name_version",
            "module.secrets.google_secret_manager_secret_version.neo4j_password_version",
            "module.secrets.google_secret_manager_secret_version.neo4j_username_version",
            "module.secrets.google_secret_manager_secret_version.pusher_app_id_version",
            "module.secrets.google_secret_manager_secret_version.pusher_cluster_version",
            "module.secrets.google_secret_manager_secret_version.pusher_key_version",
            "module.secrets.google_secret_manager_secret_version.pusher_secret_version",
            "module.secrets.google_secret_manager_secret_version.selenium_urls_version",
            "module.secrets.google_secret_manager_secret_version.smtp_password_version",
            "module.secrets.google_secret_manager_secret_version.smtp_username_version",
            "module.selenium_chrome_cloud_run.google_cloud_run_service.selenium_standalone_chrome",
            "module.vpc.google_compute_network.vpc",
            "module.vpc.google_compute_subnetwork.custom_subnet"
          ]
        }
      ]
    },
    {
      "module": "module.api",
      "mode": "managed",
      "type": "google_cloud_run_service_iam_member",
      "name": "public_access",
      "provider": "provider[\"registry.terraform.io/hashicorp/google\"]",
      "instances": [
        {
          "schema_version": 0,
          "attributes": {
            "condition": [],
            "etag": "BwY6e0MCGiY=",
            "id": "v1/projects/webcrawler-450417/locations/us-central1/services/api/roles/run.invoker/allUsers",
            "location": "us-central1",
            "member": "allUsers",
            "project": "webcrawler-450417",
            "role": "roles/run.invoker",
            "service": "v1/projects/webcrawler-450417/locations/us-central1/services/api"
          },
          "sensitive_attributes": [],
          "identity_schema_version": 0,
          "private": "bnVsbA==",
          "dependencies": [
            "google_service_account.cloud_run_sa",
            "google_storage_bucket.looksee_data",
            "module.api.google_cloud_run_service.api",
            "module.neo4j_db.google_compute_firewall.neo4j-internal",
            "module.neo4j_db.google_compute_instance.neo4j",
            "module.neo4j_db.google_iap_tunnel_instance_iam_member.ssh",
            "module.neo4j_db.google_project_iam_member.neo4j_iap_tunnel_user",
            "module.neo4j_db.google_project_iam_member.neo4j_logging",
            "module.neo4j_db.google_project_iam_member.neo4j_monitoring",
            "module.neo4j_db.google_project_iam_member.neo4j_storage_viewer",
            "module.neo4j_db.google_secret_manager_secret.neo4j_bolt_uri",
            "module.neo4j_db.google_secret_manager_secret_iam_member.neo4j_bolt_uri_secret_accessor",
            "module.neo4j_db.google_secret_manager_secret_version.neo4j_bolt_uri_version",
            "module.neo4j_db.google_service_account.neo4j_instance_sa",
            "module.pubsub_topics.google_pubsub_topic.audit_error_topic",
            "module.pubsub_topics.google_pubsub_topic.journey_discarded_topic",
            "module.pubsub_topics.google_pubsub_topic.url_topic",
            "module.secrets.google_secret_manager_secret.auth0_audience",
            "module.secrets.google_secret_manager_secret.auth0_client_id",
            "module.secrets.google_secret_manager_secret.auth0_client_secret",
            "module.secrets.google_secret_manager_secret.auth0_domain",
            "module.secrets.google_secret_manager_secret.auth0_management_api_audience",
            "module.secrets.google_secret_manager_secret.auth0_management_api_client_id",
            "module.secrets.google_secret_manager_secret.auth0_management_api_client_secret",
            "module.secrets.google_secret_manager_secret.auth0_management_api_domain",
            "module.secrets.google_secret_manager_secret.neo4j_db_name",
            "module.secrets.google_secret_manager_secret.neo4j_password",
            "module.secrets.google_secret_manager_secret.neo4j_username",
            "module.secrets.google_secret_manager_secret.pusher_app_id",
            "module.secrets.google_secret_manager_secret.pusher_cluster",
            "module.secrets.google_secret_manager_secret.pusher_key",
            "module.secrets.google_secret_manager_secret.pusher_secret",
            "module.secrets.google_secret_manager_secret.selenium_urls",
            "module.secrets.google_secret_manager_secret.smtp_password",
            "module.secrets.google_secret_manager_secret.smtp_username",
            "module.secrets.google_secret_manager_secret_iam_member.neo4j_db_name_secret_accessor",
            "module.secrets.google_secret_manager_secret_iam_member.neo4j_password_secret_accessor",
            "module.secrets.google_secret_manager_secret_iam_member.neo4j_username_secret_accessor",
            "module.secrets.google_secret_manager_secret_iam_member.pusher_app_id_secret_accessor",
            "module.secrets.google_secret_manager_secret_iam_member.pusher_cluster_secret_accessor",
            "module.secrets.google_secret_manager_secret_iam_member.pusher_key_secret_accessor",
            "module.secrets.google_secret_manager_secret_iam_member.pusher_secret_secret_accessor",
            "module.secrets.google_secret_manager_secret_iam_member.smtp_password_secret_accessor",
            "module.secrets.google_secret_manager_secret_iam_member.smtp_username_secret_accessor",
            "module.secrets.google_secret_manager_secret_version.auth0_audience_version",
            "module.secrets.google_secret_manager_secret_version.auth0_client_id_version",
            "module.secrets.google_secret_manager_secret_version.auth0_client_secret_version",
            "module.secrets.google_secret_manager_secret_version.auth0_domain_version",
            "module.secrets.google_secret_manager_secret_version.auth0_management_api_audience_version",
            "module.secrets.google_secret_manager_secret_version.auth0_management_api_client_id_version",
            "module.secrets.google_secret_manager_secret_version.auth0_management_api_client_secret_version",
            "module.secrets.google_secret_manager_secret_version.auth0_management_api_domain_version",
            "module.secrets.google_secret_manager_secret_version.neo4j_db_name_version",
            "module.secrets.google_secret_manager_secret_version.neo4j_password_version",
            "module.secrets.google_secret_manager_secret_version.neo4j_username_version",
            "module.secrets.google_secret_manager_secret_version.pusher_app_id_version",
            "module.secrets.google_secret_manager_secret_version.pusher_cluster_version",
            "module.secrets.google_secret_manager_secret_version.pusher_key_version",
            "module.secrets.google_secret_manager_secret_version.pusher_secret_version",
            "module.secrets.google_secret_manager_secret_version.selenium_urls_version",
            "module.secrets.google_secret_manager_secret_version.smtp_password_version",
            "module.secrets.google_secret_manager_secret_version.smtp_username_version",
            "module.selenium_chrome_cloud_run.google_cloud_run_service.selenium_standalone_chrome",
            "module.vpc.google_compute_network.vpc",
            "module.vpc.google_compute_subnetwork.custom_subnet"
          ]
        }
      ]
    },
    {
      "module": "module.audit_manager_cloud_run",
      "mode": "managed",
      "type": "google_cloud_run_service",
      "name": "service",
      "provider": "provider[\"registry.terraform.io/hashicorp/google\"]",
      "instances": [
        {
          "schema_version": 2,
          "attributes": {
            "autogenerate_revision_name": false,
            "id": "locations/us-central1/namespaces/webcrawler-450417/services/audit-manager",
            "location": "us-central1",
            "metadata": [
              {
                "annotations": {
                  "run.googleapis.com/ingress": "internal"
                },
                "effective_annotations": {
                  "run.googleapis.com/ingress": "internal",
                  "run.googleapis.com/ingress-status": "internal",
                  "run.googleapis.com/operation-id": "add526cb-46c3-481a-9063-e46fcb748319",
                  "run.googleapis.com/urls": "[\"https://audit-manager-673367928406.us-central1.run.app\",\"https://audit-manager-5wvl2oswbq-uc.a.run.app\"]",
                  "serving.knative.dev/creator": "webcrawleraccountmanager@webcrawler-450417.iam.gserviceaccount.com",
                  "serving.knative.dev/lastModifier": "webcrawleraccountmanager@webcrawler-450417.iam.gserviceaccount.com"
                },
                "effective_labels": {
                  "cloud.googleapis.com/location": "us-central1",
                  "goog-terraform-provisioned": "true"
                },
                "generation": 2,
                "labels": {},
                "namespace": "webcrawler-450417",
                "resource_version": "AAY6e9+5CKA",
                "self_link": "/apis/serving.knative.dev/v1/namespaces/673367928406/services/audit-manager",
                "terraform_labels": {
                  "goog-terraform-provisioned": "true"
                },
                "uid": "23a46e5d-5da5-41a4-92f4-de1e65e80993"
              }
            ],
            "name": "audit-manager",
            "project": "webcrawler-450417",
            "status": [
              {
                "conditions": [
                  {
                    "message": "",
                    "reason": "",
                    "status": "True",
                    "type": "Ready"
                  },
                  {
                    "message": "",
                    "reason": "",
                    "status": "True",
                    "type": "ConfigurationsReady"
                  },
                  {
                    "message": "",
                    "reason": "",
                    "status": "True",
                    "type": "RoutesReady"
                  }
                ],
                "latest_created_revision_name": "audit-manager-00002-mkg",
                "latest_ready_revision_name": "audit-manager-00002-mkg",
                "observed_generation": 2,
                "traffic": [
                  {
                    "latest_revision": true,
                    "percent": 100,
                    "revision_name": "audit-manager-00002-mkg",
                    "tag": "",
                    "url": ""
                  }
                ],
                "url": "https://audit-manager-5wvl2oswbq-uc.a.run.app"
              }
            ],
            "template": [
              {
                "metadata": [
                  {
                    "annotations": {
                      "autoscaling.knative.dev/maxScale": "10",
                      "run.googleapis.com/client-name": "terraform",
                      "run.googleapis.com/vpc-access-connector": "cloud-run-connector",
                      "run.googleapis.com/vpc-access-egress": "all-traffic"
                    },
                    "generation": 0,
                    "labels": {
                      "run.googleapis.com/startupProbeType": "Default"
                    },
                    "name": "",
                    "namespace": "",
                    "resource_version": "",
                    "self_link": "",
                    "uid": ""
                  }
                ],
                "spec": [
                  {
                    "container_concurrency": 160,
                    "containers": [
                      {
                        "args": [],
                        "command": [],
                        "env": [
                          {
                            "name": "gcp.storage.bucket.name",
                            "value": "looksee-data-dev",
                            "value_from": []
                          },
                          {
                            "name": "pubsub.audit_update",
                            "value": "projects/webcrawler-450417/topics/audit_update",
                            "value_from": []
                          },
                          {
                            "name": "pubsub.error_topic",
                            "value": "projects/webcrawler-450417/topics/audit_error",
                            "value_from": []
                          },
                          {
                            "name": "pubsub.page_audit_topic",
                            "value": "projects/webcrawler-450417/topics/page_audit",
                            "value_from": []
                          },
                          {
                            "name": "spring.cloud.gcp.project-id",
                            "value": "webcrawler-450417",
                            "value_from": []
                          },
                          {
                            "name": "spring.cloud.gcp.region",
                            "value": "us-central1",
                            "value_from": []
                          },
                          {
                            "name": "spring.data.neo4j.database",
                            "value": "",
                            "value_from": [
                              {
                                "secret_key_ref": [
                                  {
                                    "key": "latest",
                                    "name": "neo4j-db-name"
                                  }
                                ]
                              }
                            ]
                          },
                          {
                            "name": "spring.data.neo4j.password",
                            "value": "",
                            "value_from": [
                              {
                                "secret_key_ref": [
                                  {
                                    "key": "latest",
                                    "name": "neo4j-password"
                                  }
                                ]
                              }
                            ]
                          },
                          {
                            "name": "spring.data.neo4j.uri",
                            "value": "",
                            "value_from": [
                              {
                                "secret_key_ref": [
                                  {
                                    "key": "latest",
                                    "name": "neo4j-bolt-uri"
                                  }
                                ]
                              }
                            ]
                          },
                          {
                            "name": "spring.data.neo4j.username",
                            "value": "",
                            "value_from": [
                              {
                                "secret_key_ref": [
                                  {
                                    "key": "latest",
                                    "name": "neo4j-username"
                                  }
                                ]
                              }
                            ]
                          }
                        ],
                        "env_from": [],
                        "image": "docker.io/deepthought42/audit-manager:latest",
                        "liveness_probe": [],
                        "name": "",
                        "ports": [
                          {
                            "container_port": 8080,
                            "name": "http1",
                            "protocol": ""
                          }
                        ],
                        "resources": [
                          {
                            "limits": {
                              "cpu": "2",
                              "memory": "4Gi"
                            },
                            "requests": {
                              "cpu": "1",
                              "memory": "2Gi"
                            }
                          }
                        ],
                        "startup_probe": [
                          {
                            "failure_threshold": 1,
                            "grpc": [],
                            "http_get": [],
                            "initial_delay_seconds": 0,
                            "period_seconds": 240,
                            "tcp_socket": [
                              {
                                "port": 8080
                              }
                            ],
                            "timeout_seconds": 240
                          }
                        ],
                        "volume_mounts": [],
                        "working_dir": ""
                      }
                    ],
                    "node_selector": {},
                    "service_account_name": "cloud-run-sa@webcrawler-450417.iam.gserviceaccount.com",
                    "serving_state": "",
                    "timeout_seconds": 120,
                    "volumes": []
                  }
                ]
              }
            ],
            "timeouts": null,
            "traffic": [
              {
                "latest_revision": true,
                "percent": 100,
                "revision_name": "",
                "tag": "",
                "url": ""
              }
            ]
          },
          "sensitive_attributes": [],
          "identity_schema_version": 0,
          "private": "eyJlMmJmYjczMC1lY2FhLTExZTYtOGY4OC0zNDM2M2JjN2M0YzAiOnsiY3JlYXRlIjoxMjAwMDAwMDAwMDAwLCJkZWxldGUiOjEyMDAwMDAwMDAwMDAsInVwZGF0ZSI6MTIwMDAwMDAwMDAwMH0sInNjaGVtYV92ZXJzaW9uIjoiMiJ9",
          "dependencies": [
            "google_service_account.cloud_run_sa",
            "google_storage_bucket.looksee_data",
            "module.neo4j_db.google_compute_firewall.neo4j-internal",
            "module.neo4j_db.google_compute_instance.neo4j",
            "module.neo4j_db.google_iap_tunnel_instance_iam_member.ssh",
            "module.neo4j_db.google_project_iam_member.neo4j_iap_tunnel_user",
            "module.neo4j_db.google_project_iam_member.neo4j_logging",
            "module.neo4j_db.google_project_iam_member.neo4j_monitoring",
            "module.neo4j_db.google_project_iam_member.neo4j_storage_viewer",
            "module.neo4j_db.google_secret_manager_secret.neo4j_bolt_uri",
            "module.neo4j_db.google_secret_manager_secret_iam_member.neo4j_bolt_uri_secret_accessor",
            "module.neo4j_db.google_secret_manager_secret_version.neo4j_bolt_uri_version",
            "module.neo4j_db.google_service_account.neo4j_instance_sa",
            "module.pubsub_topics.google_pubsub_topic.audit_error_topic",
            "module.pubsub_topics.google_pubsub_topic.audit_update_topic",
            "module.pubsub_topics.google_pubsub_topic.page_audit_topic",
            "module.secrets.google_secret_manager_secret.neo4j_db_name",
            "module.secrets.google_secret_manager_secret.neo4j_password",
            "module.secrets.google_secret_manager_secret.neo4j_username",
            "module.selenium_chrome_cloud_run.google_cloud_run_service.selenium_standalone_chrome",
            "module.vpc.google_compute_network.vpc",
            "module.vpc.google_compute_subnetwork.custom_subnet",
            "module.vpc.google_vpc_access_connector.connector"
          ]
        }
      ]
    },
    {
      "module": "module.audit_manager_cloud_run",
      "mode": "managed",
      "type": "google_cloud_run_service_iam_member",
      "name": "pubsub_invoker",
      "provider": "provider[\"registry.terraform.io/hashicorp/google\"]",
      "instances": [
        {
          "schema_version": 0,
          "attributes": {
            "condition": [],
            "etag": "BwY6e0VjOwQ=",
            "id": "v1/projects/webcrawler-450417/locations/us-central1/services/audit-manager/roles/run.invoker/serviceAccount:cloud-run-sa@webcrawler-450417.iam.gserviceaccount.com",
            "location": "us-central1",
            "member": "serviceAccount:cloud-run-sa@webcrawler-450417.iam.gserviceaccount.com",
            "project": "webcrawler-450417",
            "role": "roles/run.invoker",
            "service": "v1/projects/webcrawler-450417/locations/us-central1/services/audit-manager"
          },
          "sensitive_attributes": [],
          "identity_schema_version": 0,
          "private": "bnVsbA==",
          "dependencies": [
            "google_service_account.cloud_run_sa",
            "google_storage_bucket.looksee_data",
            "module.audit_manager_cloud_run.google_cloud_run_service.service",
            "module.neo4j_db.google_compute_firewall.neo4j-internal",
            "module.neo4j_db.google_compute_instance.neo4j",
            "module.neo4j_db.google_iap_tunnel_instance_iam_member.ssh",
            "module.neo4j_db.google_project_iam_member.neo4j_iap_tunnel_user",
            "module.neo4j_db.google_project_iam_member.neo4j_logging",
            "module.neo4j_db.google_project_iam_member.neo4j_monitoring",
            "module.neo4j_db.google_project_iam_member.neo4j_storage_viewer",
            "module.neo4j_db.google_secret_manager_secret.neo4j_bolt_uri",
            "module.neo4j_db.google_secret_manager_secret_iam_member.neo4j_bolt_uri_secret_accessor",
            "module.neo4j_db.google_secret_manager_secret_version.neo4j_bolt_uri_version",
            "module.neo4j_db.google_service_account.neo4j_instance_sa",
            "module.pubsub_topics.google_pubsub_topic.audit_error_topic",
            "module.pubsub_topics.google_pubsub_topic.audit_update_topic",
            "module.pubsub_topics.google_pubsub_topic.page_audit_topic",
            "module.secrets.google_secret_manager_secret.neo4j_db_name",
            "module.secrets.google_secret_manager_secret.neo4j_password",
            "module.secrets.google_secret_manager_secret.neo4j_username",
            "module.selenium_chrome_cloud_run.google_cloud_run_service.selenium_standalone_chrome",
            "module.vpc.google_compute_network.vpc",
            "module.vpc.google_compute_subnetwork.custom_subnet",
            "module.vpc.google_vpc_access_connector.connector"
          ]
        }
      ]
    },
    {
      "module": "module.audit_manager_cloud_run.module.pubsub_subscription",
      "mode": "managed",
      "type": "google_pubsub_subscription",
      "name": "subscription",
      "provider": "provider[\"registry.terraform.io/hashicorp/google\"]",
      "instances": [
        {
          "schema_version": 0,
          "attributes": {
            "ack_deadline_seconds": 10,
            "bigquery_config": [],
            "cloud_storage_config": [],
            "dead_letter_policy": [],
            "effective_labels": {
              "goog-terraform-provisioned": "true"
            },
            "enable_exactly_once_delivery": false,
            "enable_message_ordering": false,
            "expiration_policy": [
              {
                "ttl": "2678400s"
              }
            ],
            "filter": "",
            "id": "projects/webcrawler-450417/subscriptions/audit-manager-subscription",
            "labels": {},
            "message_retention_duration": "604800s",
            "message_transforms": [],
            "name": "audit-manager-subscription",
            "project": "webcrawler-450417",
            "push_config": [
              {
                "attributes": {},
                "no_wrapper": [],
                "oidc_token": [
                  {
                    "audience": "",
                    "service_account_email": "pubsub-sa@webcrawler-450417.iam.gserviceaccount.com"
                  }
                ],
                "push_endpoint": "https://audit-manager-5wvl2oswbq-uc.a.run.app"
              }
            ],
            "retain_acked_messages": false,
            "retry_policy": [
              {
                "maximum_backoff": "600s",
                "minimum_backoff": "10s"
              }
            ],
            "terraform_labels": {
              "goog-terraform-provisioned": "true"
            },
            "timeouts": null,
            "topic": "projects/webcrawler-450417/topics/page_created"
          },
          "sensitive_attributes": [],
          "identity_schema_version": 0,
          "private": "eyJlMmJmYjczMC1lY2FhLTExZTYtOGY4OC0zNDM2M2JjN2M0YzAiOnsiY3JlYXRlIjoxMjAwMDAwMDAwMDAwLCJkZWxldGUiOjEyMDAwMDAwMDAwMDAsInVwZGF0ZSI6MTIwMDAwMDAwMDAwMH19",
          "dependencies": [
            "google_service_account.cloud_run_sa",
            "google_service_account.pubsub_sa",
            "google_storage_bucket.looksee_data",
            "module.audit_manager_cloud_run.google_cloud_run_service.service",
            "module.neo4j_db.google_compute_firewall.neo4j-internal",
            "module.neo4j_db.google_compute_instance.neo4j",
            "module.neo4j_db.google_iap_tunnel_instance_iam_member.ssh",
            "module.neo4j_db.google_project_iam_member.neo4j_iap_tunnel_user",
            "module.neo4j_db.google_project_iam_member.neo4j_logging",
            "module.neo4j_db.google_project_iam_member.neo4j_monitoring",
            "module.neo4j_db.google_project_iam_member.neo4j_storage_viewer",
            "module.neo4j_db.google_secret_manager_secret.neo4j_bolt_uri",
            "module.neo4j_db.google_secret_manager_secret_iam_member.neo4j_bolt_uri_secret_accessor",
            "module.neo4j_db.google_secret_manager_secret_version.neo4j_bolt_uri_version",
            "module.neo4j_db.google_service_account.neo4j_instance_sa",
            "module.pubsub_topics.google_pubsub_topic.audit_error_topic",
            "module.pubsub_topics.google_pubsub_topic.audit_update_topic",
            "module.pubsub_topics.google_pubsub_topic.page_audit_topic",
            "module.pubsub_topics.google_pubsub_topic.page_created_topic",
            "module.secrets.google_secret_manager_secret.neo4j_db_name",
            "module.secrets.google_secret_manager_secret.neo4j_password",
            "module.secrets.google_secret_manager_secret.neo4j_username",
            "module.selenium_chrome_cloud_run.google_cloud_run_service.selenium_standalone_chrome",
            "module.vpc.google_compute_network.vpc",
            "module.vpc.google_compute_subnetwork.custom_subnet",
            "module.vpc.google_vpc_access_connector.connector"
          ]
        }
      ]
    },
    {
      "module": "module.audit_service_cloud_run",
      "mode": "managed",
      "type": "google_cloud_run_service",
      "name": "service",
      "provider": "provider[\"registry.terraform.io/hashicorp/google\"]",
      "instances": [
        {
          "schema_version": 2,
          "attributes": {
            "autogenerate_revision_name": false,
            "id": "locations/us-central1/namespaces/webcrawler-450417/services/audit-service",
            "location": "us-central1",
            "metadata": [
              {
                "annotations": {
                  "run.googleapis.com/ingress": "internal"
                },
                "effective_annotations": {
                  "run.googleapis.com/ingress": "internal",
                  "run.googleapis.com/ingress-status": "internal",
                  "run.googleapis.com/operation-id": "a226d9c9-8cb9-4047-a949-b1e6452ee16c",
                  "run.googleapis.com/urls": "[\"https://audit-service-673367928406.us-central1.run.app\",\"https://audit-service-5wvl2oswbq-uc.a.run.app\"]",
                  "serving.knative.dev/creator": "webcrawleraccountmanager@webcrawler-450417.iam.gserviceaccount.com",
                  "serving.knative.dev/lastModifier": "webcrawleraccountmanager@webcrawler-450417.iam.gserviceaccount.com"
                },
                "effective_labels": {
                  "cloud.googleapis.com/location": "us-central1",
                  "goog-terraform-provisioned": "true"
                },
                "generation": 1,
                "labels": {},
                "namespace": "webcrawler-450417",
                "resource_version": "AAY6e0TXNe4",
                "self_link": "/apis/serving.knative.dev/v1/namespaces/673367928406/services/audit-service",
                "terraform_labels": {
                  "goog-terraform-provisioned": "true"
                },
                "uid": "b1dd914c-72a2-47e5-9c16-70ce87d26a55"
              }
            ],
            "name": "audit-service",
            "project": "webcrawler-450417",
            "status": [
              {
                "conditions": [
                  {
                    "message": "",
                    "reason": "",
                    "status": "True",
                    "type": "Ready"
                  },
                  {
                    "message": "",
                    "reason": "",
                    "status": "True",
                    "type": "ConfigurationsReady"
                  },
                  {
                    "message": "",
                    "reason": "",
                    "status": "True",
                    "type": "RoutesReady"
                  }
                ],
                "latest_created_revision_name": "audit-service-00001-dfw",
                "latest_ready_revision_name": "audit-service-00001-dfw",
                "observed_generation": 1,
                "traffic": [
                  {
                    "latest_revision": true,
                    "percent": 100,
                    "revision_name": "audit-service-00001-dfw",
                    "tag": "",
                    "url": ""
                  }
                ],
                "url": "https://audit-service-5wvl2oswbq-uc.a.run.app"
              }
            ],
            "template": [
              {
                "metadata": [
                  {
                    "annotations": {
                      "autoscaling.knative.dev/maxScale": "10",
                      "run.googleapis.com/client-name": "terraform",
                      "run.googleapis.com/vpc-access-connector": "cloud-run-connector",
                      "run.googleapis.com/vpc-access-egress": "all-traffic"
                    },
                    "generation": 0,
                    "labels": {
                      "run.googleapis.com/startupProbeType": "Default"
                    },
                    "name": "",
                    "namespace": "",
                    "resource_version": "",
                    "self_link": "",
                    "uid": ""
                  }
                ],
                "spec": [
                  {
                    "container_concurrency": 160,
                    "containers": [
                      {
                        "args": [],
                        "command": [],
                        "env": [
                          {
                            "name": "gcp.storage.bucket.name",
                            "value": "looksee-data-dev",
                            "value_from": []
                          },
                          {
                            "name": "pubsub.audit_update",
                            "value": "projects/webcrawler-450417/topics/audit_update",
                            "value_from": []
                          },
                          {
                            "name": "pubsub.error_topic",
                            "value": "projects/webcrawler-450417/topics/audit_error",
                            "value_from": []
                          },
                          {
                            "name": "pusher.appId",
                            "value": "",
                            "value_from": [
                              {
                                "secret_key_ref": [
                                  {
                                    "key": "latest",
                                    "name": "pusher-app-id"
                                  }
                                ]
                              }
                            ]
                          },
                          {
                            "name": "pusher.cluster",
                            "value": "",
                            "value_from": [
                              {
                                "secret_key_ref": [
                                  {
                                    "key": "latest",
                                    "name": "pusher-cluster"
                                  }
                                ]
                              }
                            ]
                          },
                          {
                            "name": "pusher.key",
                            "value": "",
                            "value_from": [
                              {
                                "secret_key_ref": [
                                  {
                                    "key": "latest",
                                    "name": "pusher-key"
                                  }
                                ]
                              }
                            ]
                          },
                          {
                            "name": "pusher.secret",
                            "value": "",
                            "value_from": [
                              {
                                "secret_key_ref": [
                                  {
                                    "key": "latest",
                                    "name": "pusher-secret"
                                  }
                                ]
                              }
                            ]
                          },
                          {
                            "name": "spring.cloud.gcp.project-id",
                            "value": "webcrawler-450417",
                            "value_from": []
                          },
                          {
                            "name": "spring.cloud.gcp.region",
                            "value": "us-central1",
                            "value_from": []
                          },
                          {
                            "name": "spring.data.neo4j.database",
                            "value": "",
                            "value_from": [
                              {
                                "secret_key_ref": [
                                  {
                                    "key": "latest",
                                    "name": "neo4j-db-name"
                                  }
                                ]
                              }
                            ]
                          },
                          {
                            "name": "spring.data.neo4j.password",
                            "value": "",
                            "value_from": [
                              {
                                "secret_key_ref": [
                                  {
                                    "key": "latest",
                                    "name": "neo4j-password"
                                  }
                                ]
                              }
                            ]
                          },
                          {
                            "name": "spring.data.neo4j.uri",
                            "value": "",
                            "value_from": [
                              {
                                "secret_key_ref": [
                                  {
                                    "key": "latest",
                                    "name": "neo4j-bolt-uri"
                                  }
                                ]
                              }
                            ]
                          },
                          {
                            "name": "spring.data.neo4j.username",
                            "value": "",
                            "value_from": [
                              {
                                "secret_key_ref": [
                                  {
                                    "key": "latest",
                                    "name": "neo4j-username"
                                  }
                                ]
                              }
                            ]
                          }
                        ],
                        "env_from": [],
                        "image": "docker.io/deepthought42/audit-update-service:latest",
                        "liveness_probe": [],
                        "name": "",
                        "ports": [
                          {
                            "container_port": 8080,
                            "name": "http1",
                            "protocol": ""
                          }
                        ],
                        "resources": [
                          {
                            "limits": {
                              "cpu": "2",
                              "memory": "4Gi"
                            },
                            "requests": {
                              "cpu": "1",
                              "memory": "2Gi"
                            }
                          }
                        ],
                        "startup_probe": [
                          {
                            "failure_threshold": 1,
                            "grpc": [],
                            "http_get": [],
                            "initial_delay_seconds": 0,
                            "period_seconds": 240,
                            "tcp_socket": [
                              {
                                "port": 8080
                              }
                            ],
                            "timeout_seconds": 240
                          }
                        ],
                        "volume_mounts": [],
                        "working_dir": ""
                      }
                    ],
                    "node_selector": {},
                    "service_account_name": "cloud-run-sa@webcrawler-450417.iam.gserviceaccount.com",
                    "serving_state": "",
                    "timeout_seconds": 120,
                    "volumes": []
                  }
                ]
              }
            ],
            "timeouts": null,
            "traffic": [
              {
                "latest_revision": true,
                "percent": 100,
                "revision_name": "",
                "tag": "",
                "url": ""
              }
            ]
          },
          "sensitive_attributes": [],
          "identity_schema_version": 0,
          "private": "eyJlMmJmYjczMC1lY2FhLTExZTYtOGY4OC0zNDM2M2JjN2M0YzAiOnsiY3JlYXRlIjoxMjAwMDAwMDAwMDAwLCJkZWxldGUiOjEyMDAwMDAwMDAwMDAsInVwZGF0ZSI6MTIwMDAwMDAwMDAwMH0sInNjaGVtYV92ZXJzaW9uIjoiMiJ9",
          "dependencies": [
            "google_service_account.cloud_run_sa",
            "google_storage_bucket.looksee_data",
            "module.neo4j_db.google_compute_firewall.neo4j-internal",
            "module.neo4j_db.google_compute_instance.neo4j",
            "module.neo4j_db.google_iap_tunnel_instance_iam_member.ssh",
            "module.neo4j_db.google_project_iam_member.neo4j_iap_tunnel_user",
            "module.neo4j_db.google_project_iam_member.neo4j_logging",
            "module.neo4j_db.google_project_iam_member.neo4j_monitoring",
            "module.neo4j_db.google_project_iam_member.neo4j_storage_viewer",
            "module.neo4j_db.google_secret_manager_secret.neo4j_bolt_uri",
            "module.neo4j_db.google_secret_manager_secret_iam_member.neo4j_bolt_uri_secret_accessor",
            "module.neo4j_db.google_secret_manager_secret_version.neo4j_bolt_uri_version",
            "module.neo4j_db.google_service_account.neo4j_instance_sa",
            "module.pubsub_topics.google_pubsub_topic.audit_error_topic",
            "module.pubsub_topics.google_pubsub_topic.audit_update_topic",
            "module.secrets.google_secret_manager_secret.neo4j_db_name",
            "module.secrets.google_secret_manager_secret.neo4j_password",
            "module.secrets.google_secret_manager_secret.neo4j_username",
            "module.secrets.google_secret_manager_secret.pusher_app_id",
            "module.secrets.google_secret_manager_secret.pusher_cluster",
            "module.secrets.google_secret_manager_secret.pusher_key",
            "module.secrets.google_secret_manager_secret.pusher_secret",
            "module.selenium_chrome_cloud_run.google_cloud_run_service.selenium_standalone_chrome",
            "module.vpc.google_compute_network.vpc",
            "module.vpc.google_compute_subnetwork.custom_subnet",
            "module.vpc.google_vpc_access_connector.connector"
          ]
        }
      ]
    },
    {
      "module": "module.audit_service_cloud_run",
      "mode": "managed",
      "type": "google_cloud_run_service_iam_member",
      "name": "pubsub_invoker",
      "provider": "provider[\"registry.terraform.io/hashicorp/google\"]",
      "instances": [
        {
          "schema_version": 0,
          "attributes": {
            "condition": [],
            "etag": "BwY6e0VjWfE=",
            "id": "v1/projects/webcrawler-450417/locations/us-central1/services/audit-service/roles/run.invoker/serviceAccount:cloud-run-sa@webcrawler-450417.iam.gserviceaccount.com",
            "location": "us-central1",
            "member": "serviceAccount:cloud-run-sa@webcrawler-450417.iam.gserviceaccount.com",
            "project": "webcrawler-450417",
            "role": "roles/run.invoker",
            "service": "v1/projects/webcrawler-450417/locations/us-central1/services/audit-service"
          },
          "sensitive_attributes": [],
          "identity_schema_version": 0,
          "private": "bnVsbA==",
          "dependencies": [
            "google_service_account.cloud_run_sa",
            "google_storage_bucket.looksee_data",
            "module.audit_service_cloud_run.google_cloud_run_service.service",
            "module.neo4j_db.google_compute_firewall.neo4j-internal",
            "module.neo4j_db.google_compute_instance.neo4j",
            "module.neo4j_db.google_iap_tunnel_instance_iam_member.ssh",
            "module.neo4j_db.google_project_iam_member.neo4j_iap_tunnel_user",
            "module.neo4j_db.google_project_iam_member.neo4j_logging",
            "module.neo4j_db.google_project_iam_member.neo4j_monitoring",
            "module.neo4j_db.google_project_iam_member.neo4j_storage_viewer",
            "module.neo4j_db.google_secret_manager_secret.neo4j_bolt_uri",
            "module.neo4j_db.google_secret_manager_secret_iam_member.neo4j_bolt_uri_secret_accessor",
            "module.neo4j_db.google_secret_manager_secret_version.neo4j_bolt_uri_version",
            "module.neo4j_db.google_service_account.neo4j_instance_sa",
            "module.pubsub_topics.google_pubsub_topic.audit_error_topic",
            "module.pubsub_topics.google_pubsub_topic.audit_update_topic",
            "module.secrets.google_secret_manager_secret.neo4j_db_name",
            "module.secrets.google_secret_manager_secret.neo4j_password",
            "module.secrets.google_secret_manager_secret.neo4j_username",
            "module.secrets.google_secret_manager_secret.pusher_app_id",
            "module.secrets.google_secret_manager_secret.pusher_cluster",
            "module.secrets.google_secret_manager_secret.pusher_key",
            "module.secrets.google_secret_manager_secret.pusher_secret",
            "module.selenium_chrome_cloud_run.google_cloud_run_service.selenium_standalone_chrome",
            "module.vpc.google_compute_network.vpc",
            "module.vpc.google_compute_subnetwork.custom_subnet",
            "module.vpc.google_vpc_access_connector.connector"
          ]
        }
      ]
    },
    {
      "module": "module.audit_service_cloud_run.module.pubsub_subscription",
      "mode": "managed",
      "type": "google_pubsub_subscription",
      "name": "subscription",
      "provider": "provider[\"registry.terraform.io/hashicorp/google\"]",
      "instances": [
        {
          "schema_version": 0,
          "attributes": {
            "ack_deadline_seconds": 10,
            "bigquery_config": [],
            "cloud_storage_config": [],
            "dead_letter_policy": [],
            "effective_labels": {
              "goog-terraform-provisioned": "true"
            },
            "enable_exactly_once_delivery": false,
            "enable_message_ordering": false,
            "expiration_policy": [
              {
                "ttl": "2678400s"
              }
            ],
            "filter": "",
            "id": "projects/webcrawler-450417/subscriptions/audit-service-subscription",
            "labels": {},
            "message_retention_duration": "604800s",
            "message_transforms": [],
            "name": "audit-service-subscription",
            "project": "webcrawler-450417",
            "push_config": [
              {
                "attributes": {},
                "no_wrapper": [],
                "oidc_token": [
                  {
                    "audience": "",
                    "service_account_email": "pubsub-sa@webcrawler-450417.iam.gserviceaccount.com"
                  }
                ],
                "push_endpoint": "https://audit-service-5wvl2oswbq-uc.a.run.app"
              }
            ],
            "retain_acked_messages": false,
            "retry_policy": [
              {
                "maximum_backoff": "600s",
                "minimum_backoff": "10s"
              }
            ],
            "terraform_labels": {
              "goog-terraform-provisioned": "true"
            },
            "timeouts": null,
            "topic": "projects/webcrawler-450417/topics/page_audit"
          },
          "sensitive_attributes": [],
          "identity_schema_version": 0,
          "private": "eyJlMmJmYjczMC1lY2FhLTExZTYtOGY4OC0zNDM2M2JjN2M0YzAiOnsiY3JlYXRlIjoxMjAwMDAwMDAwMDAwLCJkZWxldGUiOjEyMDAwMDAwMDAwMDAsInVwZGF0ZSI6MTIwMDAwMDAwMDAwMH19",
          "dependencies": [
            "google_service_account.cloud_run_sa",
            "google_service_account.pubsub_sa",
            "google_storage_bucket.looksee_data",
            "module.audit_service_cloud_run.google_cloud_run_service.service",
            "module.neo4j_db.google_compute_firewall.neo4j-internal",
            "module.neo4j_db.google_compute_instance.neo4j",
            "module.neo4j_db.google_iap_tunnel_instance_iam_member.ssh",
            "module.neo4j_db.google_project_iam_member.neo4j_iap_tunnel_user",
            "module.neo4j_db.google_project_iam_member.neo4j_logging",
            "module.neo4j_db.google_project_iam_member.neo4j_monitoring",
            "module.neo4j_db.google_project_iam_member.neo4j_storage_viewer",
            "module.neo4j_db.google_secret_manager_secret.neo4j_bolt_uri",
            "module.neo4j_db.google_secret_manager_secret_iam_member.neo4j_bolt_uri_secret_accessor",
            "module.neo4j_db.google_secret_manager_secret_version.neo4j_bolt_uri_version",
            "module.neo4j_db.google_service_account.neo4j_instance_sa",
            "module.pubsub_topics.google_pubsub_topic.audit_error_topic",
            "module.pubsub_topics.google_pubsub_topic.audit_update_topic",
            "module.pubsub_topics.google_pubsub_topic.page_audit_topic",
            "module.secrets.google_secret_manager_secret.neo4j_db_name",
            "module.secrets.google_secret_manager_secret.neo4j_password",
            "module.secrets.google_secret_manager_secret.neo4j_username",
            "module.secrets.google_secret_manager_secret.pusher_app_id",
            "module.secrets.google_secret_manager_secret.pusher_cluster",
            "module.secrets.google_secret_manager_secret.pusher_key",
            "module.secrets.google_secret_manager_secret.pusher_secret",
            "module.selenium_chrome_cloud_run.google_cloud_run_service.selenium_standalone_chrome",
            "module.vpc.google_compute_network.vpc",
            "module.vpc.google_compute_subnetwork.custom_subnet",
            "module.vpc.google_vpc_access_connector.connector"
          ]
        }
      ]
    },
    {
      "module": "module.content_audit_cloud_run",
      "mode": "managed",
      "type": "google_cloud_run_service",
      "name": "service",
      "provider": "provider[\"registry.terraform.io/hashicorp/google\"]",
      "instances": [
        {
          "schema_version": 2,
          "attributes": {
            "autogenerate_revision_name": false,
            "id": "locations/us-central1/namespaces/webcrawler-450417/services/content-audit",
            "location": "us-central1",
            "metadata": [
              {
                "annotations": {
                  "run.googleapis.com/ingress": "internal"
                },
                "effective_annotations": {
                  "run.googleapis.com/ingress": "internal",
                  "run.googleapis.com/ingress-status": "internal",
                  "run.googleapis.com/operation-id": "16265c81-5419-4030-a7b4-6888ba27b743",
                  "run.googleapis.com/urls": "[\"https://content-audit-673367928406.us-central1.run.app\",\"https://content-audit-5wvl2oswbq-uc.a.run.app\"]",
                  "serving.knative.dev/creator": "webcrawleraccountmanager@webcrawler-450417.iam.gserviceaccount.com",
                  "serving.knative.dev/lastModifier": "webcrawleraccountmanager@webcrawler-450417.iam.gserviceaccount.com"
                },
                "effective_labels": {
                  "cloud.googleapis.com/location": "us-central1",
                  "goog-terraform-provisioned": "true"
                },
                "generation": 2,
                "labels": {},
                "namespace": "webcrawler-450417",
                "resource_version": "AAY6e+AgLj0",
                "self_link": "/apis/serving.knative.dev/v1/namespaces/673367928406/services/content-audit",
                "terraform_labels": {
                  "goog-terraform-provisioned": "true"
                },
                "uid": "6dd469a1-4d3e-4b81-a6ef-be4e0630d7bb"
              }
            ],
            "name": "content-audit",
            "project": "webcrawler-450417",
            "status": [
              {
                "conditions": [
                  {
                    "message": "",
                    "reason": "",
                    "status": "True",
                    "type": "Ready"
                  },
                  {
                    "message": "",
                    "reason": "",
                    "status": "True",
                    "type": "ConfigurationsReady"
                  },
                  {
                    "message": "",
                    "reason": "",
                    "status": "True",
                    "type": "RoutesReady"
                  }
                ],
                "latest_created_revision_name": "content-audit-00002-2tx",
                "latest_ready_revision_name": "content-audit-00002-2tx",
                "observed_generation": 2,
                "traffic": [
                  {
                    "latest_revision": true,
                    "percent": 100,
                    "revision_name": "content-audit-00002-2tx",
                    "tag": "",
                    "url": ""
                  }
                ],
                "url": "https://content-audit-5wvl2oswbq-uc.a.run.app"
              }
            ],
            "template": [
              {
                "metadata": [
                  {
                    "annotations": {
                      "autoscaling.knative.dev/maxScale": "10",
                      "run.googleapis.com/client-name": "terraform",
                      "run.googleapis.com/vpc-access-connector": "cloud-run-connector",
                      "run.googleapis.com/vpc-access-egress": "all-traffic"
                    },
                    "generation": 0,
                    "labels": {
                      "run.googleapis.com/startupProbeType": "Default"
                    },
                    "name": "",
                    "namespace": "",
                    "resource_version": "",
                    "self_link": "",
                    "uid": ""
                  }
                ],
                "spec": [
                  {
                    "container_concurrency": 160,
                    "containers": [
                      {
                        "args": [],
                        "command": [],
                        "env": [
                          {
                            "name": "gcp.storage.bucket.name",
                            "value": "looksee-data-dev",
                            "value_from": []
                          },
                          {
                            "name": "pubsub.audit_update",
                            "value": "projects/webcrawler-450417/topics/audit_update",
                            "value_from": []
                          },
                          {
                            "name": "pubsub.error_topic",
                            "value": "projects/webcrawler-450417/topics/audit_error",
                            "value_from": []
                          },
                          {
                            "name": "spring.cloud.gcp.project-id",
                            "value": "webcrawler-450417",
                            "value_from": []
                          },
                          {
                            "name": "spring.cloud.gcp.region",
                            "value": "us-central1",
                            "value_from": []
                          },
                          {
                            "name": "spring.data.neo4j.database",
                            "value": "",
                            "value_from": [
                              {
                                "secret_key_ref": [
                                  {
                                    "key": "latest",
                                    "name": "neo4j-db-name"
                                  }
                                ]
                              }
                            ]
                          },
                          {
                            "name": "spring.data.neo4j.password",
                            "value": "",
                            "value_from": [
                              {
                                "secret_key_ref": [
                                  {
                                    "key": "latest",
                                    "name": "neo4j-password"
                                  }
                                ]
                              }
                            ]
                          },
                          {
                            "name": "spring.data.neo4j.uri",
                            "value": "",
                            "value_from": [
                              {
                                "secret_key_ref": [
                                  {
                                    "key": "latest",
                                    "name": "neo4j-bolt-uri"
                                  }
                                ]
                              }
                            ]
                          },
                          {
                            "name": "spring.data.neo4j.username",
                            "value": "",
                            "value_from": [
                              {
                                "secret_key_ref": [
                                  {
                                    "key": "latest",
                                    "name": "neo4j-username"
                                  }
                                ]
                              }
                            ]
                          }
                        ],
                        "env_from": [],
                        "image": "docker.io/deepthought42/content-audit:latest",
                        "liveness_probe": [],
                        "name": "",
                        "ports": [
                          {
                            "container_port": 8080,
                            "name": "http1",
                            "protocol": ""
                          }
                        ],
                        "resources": [
                          {
                            "limits": {
                              "cpu": "2",
                              "memory": "4Gi"
                            },
                            "requests": {
                              "cpu": "1",
                              "memory": "2Gi"
                            }
                          }
                        ],
                        "startup_probe": [
                          {
                            "failure_threshold": 1,
                            "grpc": [],
                            "http_get": [],
                            "initial_delay_seconds": 0,
                            "period_seconds": 240,
                            "tcp_socket": [
                              {
                                "port": 8080
                              }
                            ],
                            "timeout_seconds": 240
                          }
                        ],
                        "volume_mounts": [],
                        "working_dir": ""
                      }
                    ],
                    "node_selector": {},
                    "service_account_name": "cloud-run-sa@webcrawler-450417.iam.gserviceaccount.com",
                    "serving_state": "",
                    "timeout_seconds": 120,
                    "volumes": []
                  }
                ]
              }
            ],
            "timeouts": null,
            "traffic": [
              {
                "latest_revision": true,
                "percent": 100,
                "revision_name": "",
                "tag": "",
                "url": ""
              }
            ]
          },
          "sensitive_attributes": [],
          "identity_schema_version": 0,
          "private": "eyJlMmJmYjczMC1lY2FhLTExZTYtOGY4OC0zNDM2M2JjN2M0YzAiOnsiY3JlYXRlIjoxMjAwMDAwMDAwMDAwLCJkZWxldGUiOjEyMDAwMDAwMDAwMDAsInVwZGF0ZSI6MTIwMDAwMDAwMDAwMH0sInNjaGVtYV92ZXJzaW9uIjoiMiJ9",
          "dependencies": [
            "google_service_account.cloud_run_sa",
            "google_storage_bucket.looksee_data",
            "module.neo4j_db.google_compute_firewall.neo4j-internal",
            "module.neo4j_db.google_compute_instance.neo4j",
            "module.neo4j_db.google_iap_tunnel_instance_iam_member.ssh",
            "module.neo4j_db.google_project_iam_member.neo4j_iap_tunnel_user",
            "module.neo4j_db.google_project_iam_member.neo4j_logging",
            "module.neo4j_db.google_project_iam_member.neo4j_monitoring",
            "module.neo4j_db.google_project_iam_member.neo4j_storage_viewer",
            "module.neo4j_db.google_secret_manager_secret.neo4j_bolt_uri",
            "module.neo4j_db.google_secret_manager_secret_iam_member.neo4j_bolt_uri_secret_accessor",
            "module.neo4j_db.google_secret_manager_secret_version.neo4j_bolt_uri_version",
            "module.neo4j_db.google_service_account.neo4j_instance_sa",
            "module.pubsub_topics.google_pubsub_topic.audit_error_topic",
            "module.pubsub_topics.google_pubsub_topic.audit_update_topic",
            "module.secrets.google_secret_manager_secret.neo4j_db_name",
            "module.secrets.google_secret_manager_secret.neo4j_password",
            "module.secrets.google_secret_manager_secret.neo4j_username",
            "module.selenium_chrome_cloud_run.google_cloud_run_service.selenium_standalone_chrome",
            "module.vpc.google_compute_network.vpc",
            "module.vpc.google_compute_subnetwork.custom_subnet",
            "module.vpc.google_vpc_access_connector.connector"
          ]
        }
      ]
    },
    {
      "module": "module.content_audit_cloud_run",
      "mode": "managed",
      "type": "google_cloud_run_service_iam_member",
      "name": "pubsub_invoker",
      "provider": "provider[\"registry.terraform.io/hashicorp/google\"]",
      "instances": [
        {
          "schema_version": 0,
          "attributes": {
            "condition": [],
            "etag": "BwY6e0ViOpg=",
            "id": "v1/projects/webcrawler-450417/locations/us-central1/services/content-audit/roles/run.invoker/serviceAccount:cloud-run-sa@webcrawler-450417.iam.gserviceaccount.com",
            "location": "us-central1",
            "member": "serviceAccount:cloud-run-sa@webcrawler-450417.iam.gserviceaccount.com",
            "project": "webcrawler-450417",
            "role": "roles/run.invoker",
            "service": "v1/projects/webcrawler-450417/locations/us-central1/services/content-audit"
          },
          "sensitive_attributes": [],
          "identity_schema_version": 0,
          "private": "bnVsbA==",
          "dependencies": [
            "google_service_account.cloud_run_sa",
            "google_storage_bucket.looksee_data",
            "module.content_audit_cloud_run.google_cloud_run_service.service",
            "module.neo4j_db.google_compute_firewall.neo4j-internal",
            "module.neo4j_db.google_compute_instance.neo4j",
            "module.neo4j_db.google_iap_tunnel_instance_iam_member.ssh",
            "module.neo4j_db.google_project_iam_member.neo4j_iap_tunnel_user",
            "module.neo4j_db.google_project_iam_member.neo4j_logging",
            "module.neo4j_db.google_project_iam_member.neo4j_monitoring",
            "module.neo4j_db.google_project_iam_member.neo4j_storage_viewer",
            "module.neo4j_db.google_secret_manager_secret.neo4j_bolt_uri",
            "module.neo4j_db.google_secret_manager_secret_iam_member.neo4j_bolt_uri_secret_accessor",
            "module.neo4j_db.google_secret_manager_secret_version.neo4j_bolt_uri_version",
            "module.neo4j_db.google_service_account.neo4j_instance_sa",
            "module.pubsub_topics.google_pubsub_topic.audit_error_topic",
            "module.pubsub_topics.google_pubsub_topic.audit_update_topic",
            "module.secrets.google_secret_manager_secret.neo4j_db_name",
            "module.secrets.google_secret_manager_secret.neo4j_password",
            "module.secrets.google_secret_manager_secret.neo4j_username",
            "module.selenium_chrome_cloud_run.google_cloud_run_service.selenium_standalone_chrome",
            "module.vpc.google_compute_network.vpc",
            "module.vpc.google_compute_subnetwork.custom_subnet",
            "module.vpc.google_vpc_access_connector.connector"
          ]
        }
      ]
    },
    {
      "module": "module.content_audit_cloud_run.module.pubsub_subscription",
      "mode": "managed",
      "type": "google_pubsub_subscription",
      "name": "subscription",
      "provider": "provider[\"registry.terraform.io/hashicorp/google\"]",
      "instances": [
        {
          "schema_version": 0,
          "attributes": {
            "ack_deadline_seconds": 10,
            "bigquery_config": [],
            "cloud_storage_config": [],
            "dead_letter_policy": [],
            "effective_labels": {
              "goog-terraform-provisioned": "true"
            },
            "enable_exactly_once_delivery": false,
            "enable_message_ordering": false,
            "expiration_policy": [
              {
                "ttl": "2678400s"
              }
            ],
            "filter": "",
            "id": "projects/webcrawler-450417/subscriptions/content-audit-subscription",
            "labels": {},
            "message_retention_duration": "604800s",
            "message_transforms": [],
            "name": "content-audit-subscription",
            "project": "webcrawler-450417",
            "push_config": [
              {
                "attributes": {},
                "no_wrapper": [],
                "oidc_token": [
                  {
                    "audience": "",
                    "service_account_email": "pubsub-sa@webcrawler-450417.iam.gserviceaccount.com"
                  }
                ],
                "push_endpoint": "https://content-audit-5wvl2oswbq-uc.a.run.app"
              }
            ],
            "retain_acked_messages": false,
            "retry_policy": [
              {
                "maximum_backoff": "600s",
                "minimum_backoff": "10s"
              }
            ],
            "terraform_labels": {
              "goog-terraform-provisioned": "true"
            },
            "timeouts": null,
            "topic": "projects/webcrawler-450417/topics/page_audit"
          },
          "sensitive_attributes": [],
          "identity_schema_version": 0,
          "private": "eyJlMmJmYjczMC1lY2FhLTExZTYtOGY4OC0zNDM2M2JjN2M0YzAiOnsiY3JlYXRlIjoxMjAwMDAwMDAwMDAwLCJkZWxldGUiOjEyMDAwMDAwMDAwMDAsInVwZGF0ZSI6MTIwMDAwMDAwMDAwMH19",
          "dependencies": [
            "google_service_account.cloud_run_sa",
            "google_service_account.pubsub_sa",
            "google_storage_bucket.looksee_data",
            "module.content_audit_cloud_run.google_cloud_run_service.service",
            "module.neo4j_db.google_compute_firewall.neo4j-internal",
            "module.neo4j_db.google_compute_instance.neo4j",
            "module.neo4j_db.google_iap_tunnel_instance_iam_member.ssh",
            "module.neo4j_db.google_project_iam_member.neo4j_iap_tunnel_user",
            "module.neo4j_db.google_project_iam_member.neo4j_logging",
            "module.neo4j_db.google_project_iam_member.neo4j_monitoring",
            "module.neo4j_db.google_project_iam_member.neo4j_storage_viewer",
            "module.neo4j_db.google_secret_manager_secret.neo4j_bolt_uri",
            "module.neo4j_db.google_secret_manager_secret_iam_member.neo4j_bolt_uri_secret_accessor",
            "module.neo4j_db.google_secret_manager_secret_version.neo4j_bolt_uri_version",
            "module.neo4j_db.google_service_account.neo4j_instance_sa",
            "module.pubsub_topics.google_pubsub_topic.audit_error_topic",
            "module.pubsub_topics.google_pubsub_topic.audit_update_topic",
            "module.pubsub_topics.google_pubsub_topic.page_audit_topic",
            "module.secrets.google_secret_manager_secret.neo4j_db_name",
            "module.secrets.google_secret_manager_secret.neo4j_password",
            "module.secrets.google_secret_manager_secret.neo4j_username",
            "module.selenium_chrome_cloud_run.google_cloud_run_service.selenium_standalone_chrome",
            "module.vpc.google_compute_network.vpc",
            "module.vpc.google_compute_subnetwork.custom_subnet",
            "module.vpc.google_vpc_access_connector.connector"
          ]
        }
      ]
    },
    {
      "module": "module.information_architecture_audit_cloud_run",
      "mode": "managed",
      "type": "google_cloud_run_service",
      "name": "service",
      "provider": "provider[\"registry.terraform.io/hashicorp/google\"]",
      "instances": [
        {
          "schema_version": 2,
          "attributes": {
            "autogenerate_revision_name": false,
            "id": "locations/us-central1/namespaces/webcrawler-450417/services/information-architecture-audit",
            "location": "us-central1",
            "metadata": [
              {
                "annotations": {
                  "run.googleapis.com/ingress": "internal"
                },
                "effective_annotations": {
                  "run.googleapis.com/ingress": "internal",
                  "run.googleapis.com/ingress-status": "internal",
                  "run.googleapis.com/operation-id": "a6c4d69c-416e-49f8-ad8f-9ba48e012d4a",
                  "run.googleapis.com/urls": "[\"https://information-architecture-audit-673367928406.us-central1.run.app\",\"https://information-architecture-audit-5wvl2oswbq-uc.a.run.app\"]",
                  "serving.knative.dev/creator": "webcrawleraccountmanager@webcrawler-450417.iam.gserviceaccount.com",
                  "serving.knative.dev/lastModifier": "webcrawleraccountmanager@webcrawler-450417.iam.gserviceaccount.com"
                },
                "effective_labels": {
                  "cloud.googleapis.com/location": "us-central1",
                  "goog-terraform-provisioned": "true"
                },
                "generation": 1,
                "labels": {},
                "namespace": "webcrawler-450417",
                "resource_version": "AAY6e0RYLSk",
                "self_link": "/apis/serving.knative.dev/v1/namespaces/673367928406/services/information-architecture-audit",
                "terraform_labels": {
                  "goog-terraform-provisioned": "true"
                },
                "uid": "c9606575-5c7b-48e0-8781-743911445b78"
              }
            ],
            "name": "information-architecture-audit",
            "project": "webcrawler-450417",
            "status": [
              {
                "conditions": [
                  {
                    "message": "",
                    "reason": "",
                    "status": "True",
                    "type": "Ready"
                  },
                  {
                    "message": "",
                    "reason": "",
                    "status": "True",
                    "type": "ConfigurationsReady"
                  },
                  {
                    "message": "",
                    "reason": "",
                    "status": "True",
                    "type": "RoutesReady"
                  }
                ],
                "latest_created_revision_name": "information-architecture-audit-00001-z2w",
                "latest_ready_revision_name": "information-architecture-audit-00001-z2w",
                "observed_generation": 1,
                "traffic": [
                  {
                    "latest_revision": true,
                    "percent": 100,
                    "revision_name": "information-architecture-audit-00001-z2w",
                    "tag": "",
                    "url": ""
                  }
                ],
                "url": "https://information-architecture-audit-5wvl2oswbq-uc.a.run.app"
              }
            ],
            "template": [
              {
                "metadata": [
                  {
                    "annotations": {
                      "autoscaling.knative.dev/maxScale": "10",
                      "run.googleapis.com/client-name": "terraform",
                      "run.googleapis.com/vpc-access-connector": "cloud-run-connector",
                      "run.googleapis.com/vpc-access-egress": "all-traffic"
                    },
                    "generation": 0,
                    "labels": {
                      "run.googleapis.com/startupProbeType": "Default"
                    },
                    "name": "",
                    "namespace": "",
                    "resource_version": "",
                    "self_link": "",
                    "uid": ""
                  }
                ],
                "spec": [
                  {
                    "container_concurrency": 160,
                    "containers": [
                      {
                        "args": [],
                        "command": [],
                        "env": [
                          {
                            "name": "gcp.storage.bucket.name",
                            "value": "looksee-data-dev",
                            "value_from": []
                          },
                          {
                            "name": "pubsub.audit_update",
                            "value": "projects/webcrawler-450417/topics/audit_update",
                            "value_from": []
                          },
                          {
                            "name": "pubsub.error_topic",
                            "value": "projects/webcrawler-450417/topics/audit_error",
                            "value_from": []
                          },
                          {
                            "name": "spring.cloud.gcp.project-id",
                            "value": "webcrawler-450417",
                            "value_from": []
                          },
                          {
                            "name": "spring.cloud.gcp.region",
                            "value": "us-central1",
                            "value_from": []
                          },
                          {
                            "name": "spring.data.neo4j.database",
                            "value": "",
                            "value_from": [
                              {
                                "secret_key_ref": [
                                  {
                                    "key": "latest",
                                    "name": "neo4j-db-name"
                                  }
                                ]
                              }
                            ]
                          },
                          {
                            "name": "spring.data.neo4j.password",
                            "value": "",
                            "value_from": [
                              {
                                "secret_key_ref": [
                                  {
                                    "key": "latest",
                                    "name": "neo4j-password"
                                  }
                                ]
                              }
                            ]
                          },
                          {
                            "name": "spring.data.neo4j.uri",
                            "value": "",
                            "value_from": [
                              {
                                "secret_key_ref": [
                                  {
                                    "key": "latest",
                                    "name": "neo4j-bolt-uri"
                                  }
                                ]
                              }
                            ]
                          },
                          {
                            "name": "spring.data.neo4j.username",
                            "value": "",
                            "value_from": [
                              {
                                "secret_key_ref": [
                                  {
                                    "key": "latest",
                                    "name": "neo4j-username"
                                  }
                                ]
                              }
                            ]
                          }
                        ],
                        "env_from": [],
                        "image": "docker.io/deepthought42/information-architecture-audit:latest",
                        "liveness_probe": [],
                        "name": "",
                        "ports": [
                          {
                            "container_port": 8080,
                            "name": "http1",
                            "protocol": ""
                          }
                        ],
                        "resources": [
                          {
                            "limits": {
                              "cpu": "2",
                              "memory": "4Gi"
                            },
                            "requests": {
                              "cpu": "1",
                              "memory": "2Gi"
                            }
                          }
                        ],
                        "startup_probe": [
                          {
                            "failure_threshold": 1,
                            "grpc": [],
                            "http_get": [],
                            "initial_delay_seconds": 0,
                            "period_seconds": 240,
                            "tcp_socket": [
                              {
                                "port": 8080
                              }
                            ],
                            "timeout_seconds": 240
                          }
                        ],
                        "volume_mounts": [],
                        "working_dir": ""
                      }
                    ],
                    "node_selector": {},
                    "service_account_name": "cloud-run-sa@webcrawler-450417.iam.gserviceaccount.com",
                    "serving_state": "",
                    "timeout_seconds": 120,
                    "volumes": []
                  }
                ]
              }
            ],
            "timeouts": null,
            "traffic": [
              {
                "latest_revision": true,
                "percent": 100,
                "revision_name": "",
                "tag": "",
                "url": ""
              }
            ]
          },
          "sensitive_attributes": [],
          "identity_schema_version": 0,
          "private": "eyJlMmJmYjczMC1lY2FhLTExZTYtOGY4OC0zNDM2M2JjN2M0YzAiOnsiY3JlYXRlIjoxMjAwMDAwMDAwMDAwLCJkZWxldGUiOjEyMDAwMDAwMDAwMDAsInVwZGF0ZSI6MTIwMDAwMDAwMDAwMH0sInNjaGVtYV92ZXJzaW9uIjoiMiJ9",
          "dependencies": [
            "google_service_account.cloud_run_sa",
            "google_storage_bucket.looksee_data",
            "module.neo4j_db.google_compute_firewall.neo4j-internal",
            "module.neo4j_db.google_compute_instance.neo4j",
            "module.neo4j_db.google_iap_tunnel_instance_iam_member.ssh",
            "module.neo4j_db.google_project_iam_member.neo4j_iap_tunnel_user",
            "module.neo4j_db.google_project_iam_member.neo4j_logging",
            "module.neo4j_db.google_project_iam_member.neo4j_monitoring",
            "module.neo4j_db.google_project_iam_member.neo4j_storage_viewer",
            "module.neo4j_db.google_secret_manager_secret.neo4j_bolt_uri",
            "module.neo4j_db.google_secret_manager_secret_iam_member.neo4j_bolt_uri_secret_accessor",
            "module.neo4j_db.google_secret_manager_secret_version.neo4j_bolt_uri_version",
            "module.neo4j_db.google_service_account.neo4j_instance_sa",
            "module.pubsub_topics.google_pubsub_topic.audit_error_topic",
            "module.pubsub_topics.google_pubsub_topic.audit_update_topic",
            "module.secrets.google_secret_manager_secret.neo4j_db_name",
            "module.secrets.google_secret_manager_secret.neo4j_password",
            "module.secrets.google_secret_manager_secret.neo4j_username",
            "module.selenium_chrome_cloud_run.google_cloud_run_service.selenium_standalone_chrome",
            "module.vpc.google_compute_network.vpc",
            "module.vpc.google_compute_subnetwork.custom_subnet",
            "module.vpc.google_vpc_access_connector.connector"
          ]
        }
      ]
    },
    {
      "module": "module.information_architecture_audit_cloud_run",
      "mode": "managed",
      "type": "google_cloud_run_service_iam_member",
      "name": "pubsub_invoker",
      "provider": "provider[\"registry.terraform.io/hashicorp/google\"]",
      "instances": [
        {
          "schema_version": 0,
          "attributes": {
            "condition": [],
            "etag": "BwY6e0THlk0=",
            "id": "v1/projects/webcrawler-450417/locations/us-central1/services/information-architecture-audit/roles/run.invoker/serviceAccount:cloud-run-sa@webcrawler-450417.iam.gserviceaccount.com",
            "location": "us-central1",
            "member": "serviceAccount:cloud-run-sa@webcrawler-450417.iam.gserviceaccount.com",
            "project": "webcrawler-450417",
            "role": "roles/run.invoker",
            "service": "v1/projects/webcrawler-450417/locations/us-central1/services/information-architecture-audit"
          },
          "sensitive_attributes": [],
          "identity_schema_version": 0,
          "private": "bnVsbA==",
          "dependencies": [
            "google_service_account.cloud_run_sa",
            "google_storage_bucket.looksee_data",
            "module.information_architecture_audit_cloud_run.google_cloud_run_service.service",
            "module.neo4j_db.google_compute_firewall.neo4j-internal",
            "module.neo4j_db.google_compute_instance.neo4j",
            "module.neo4j_db.google_iap_tunnel_instance_iam_member.ssh",
            "module.neo4j_db.google_project_iam_member.neo4j_iap_tunnel_user",
            "module.neo4j_db.google_project_iam_member.neo4j_logging",
            "module.neo4j_db.google_project_iam_member.neo4j_monitoring",
            "module.neo4j_db.google_project_iam_member.neo4j_storage_viewer",
            "module.neo4j_db.google_secret_manager_secret.neo4j_bolt_uri",
            "module.neo4j_db.google_secret_manager_secret_iam_member.neo4j_bolt_uri_secret_accessor",
            "module.neo4j_db.google_secret_manager_secret_version.neo4j_bolt_uri_version",
            "module.neo4j_db.google_service_account.neo4j_instance_sa",
            "module.pubsub_topics.google_pubsub_topic.audit_error_topic",
            "module.pubsub_topics.google_pubsub_topic.audit_update_topic",
            "module.secrets.google_secret_manager_secret.neo4j_db_name",
            "module.secrets.google_secret_manager_secret.neo4j_password",
            "module.secrets.google_secret_manager_secret.neo4j_username",
            "module.selenium_chrome_cloud_run.google_cloud_run_service.selenium_standalone_chrome",
            "module.vpc.google_compute_network.vpc",
            "module.vpc.google_compute_subnetwork.custom_subnet",
            "module.vpc.google_vpc_access_connector.connector"
          ]
        }
      ]
    },
    {
      "module": "module.information_architecture_audit_cloud_run.module.pubsub_subscription",
      "mode": "managed",
      "type": "google_pubsub_subscription",
      "name": "subscription",
      "provider": "provider[\"registry.terraform.io/hashicorp/google\"]",
      "instances": [
        {
          "schema_version": 0,
          "attributes": {
            "ack_deadline_seconds": 10,
            "bigquery_config": [],
            "cloud_storage_config": [],
            "dead_letter_policy": [],
            "effective_labels": {
              "goog-terraform-provisioned": "true"
            },
            "enable_exactly_once_delivery": false,
            "enable_message_ordering": false,
            "expiration_policy": [
              {
                "ttl": "2678400s"
              }
            ],
            "filter": "",
            "id": "projects/webcrawler-450417/subscriptions/information-architecture-audit-subscription",
            "labels": {},
            "message_retention_duration": "604800s",
            "message_transforms": [],
            "name": "information-architecture-audit-subscription",
            "project": "webcrawler-450417",
            "push_config": [
              {
                "attributes": {},
                "no_wrapper": [],
                "oidc_token": [
                  {
                    "audience": "",
                    "service_account_email": "pubsub-sa@webcrawler-450417.iam.gserviceaccount.com"
                  }
                ],
                "push_endpoint": "https://information-architecture-audit-5wvl2oswbq-uc.a.run.app"
              }
            ],
            "retain_acked_messages": false,
            "retry_policy": [
              {
                "maximum_backoff": "600s",
                "minimum_backoff": "10s"
              }
            ],
            "terraform_labels": {
              "goog-terraform-provisioned": "true"
            },
            "timeouts": null,
            "topic": "projects/webcrawler-450417/topics/page_audit"
          },
          "sensitive_attributes": [],
          "identity_schema_version": 0,
          "private": "eyJlMmJmYjczMC1lY2FhLTExZTYtOGY4OC0zNDM2M2JjN2M0YzAiOnsiY3JlYXRlIjoxMjAwMDAwMDAwMDAwLCJkZWxldGUiOjEyMDAwMDAwMDAwMDAsInVwZGF0ZSI6MTIwMDAwMDAwMDAwMH19",
          "dependencies": [
            "google_service_account.cloud_run_sa",
            "google_service_account.pubsub_sa",
            "google_storage_bucket.looksee_data",
            "module.information_architecture_audit_cloud_run.google_cloud_run_service.service",
            "module.neo4j_db.google_compute_firewall.neo4j-internal",
            "module.neo4j_db.google_compute_instance.neo4j",
            "module.neo4j_db.google_iap_tunnel_instance_iam_member.ssh",
            "module.neo4j_db.google_project_iam_member.neo4j_iap_tunnel_user",
            "module.neo4j_db.google_project_iam_member.neo4j_logging",
            "module.neo4j_db.google_project_iam_member.neo4j_monitoring",
            "module.neo4j_db.google_project_iam_member.neo4j_storage_viewer",
            "module.neo4j_db.google_secret_manager_secret.neo4j_bolt_uri",
            "module.neo4j_db.google_secret_manager_secret_iam_member.neo4j_bolt_uri_secret_accessor",
            "module.neo4j_db.google_secret_manager_secret_version.neo4j_bolt_uri_version",
            "module.neo4j_db.google_service_account.neo4j_instance_sa",
            "module.pubsub_topics.google_pubsub_topic.audit_error_topic",
            "module.pubsub_topics.google_pubsub_topic.audit_update_topic",
            "module.pubsub_topics.google_pubsub_topic.page_audit_topic",
            "module.secrets.google_secret_manager_secret.neo4j_db_name",
            "module.secrets.google_secret_manager_secret.neo4j_password",
            "module.secrets.google_secret_manager_secret.neo4j_username",
            "module.selenium_chrome_cloud_run.google_cloud_run_service.selenium_standalone_chrome",
            "module.vpc.google_compute_network.vpc",
            "module.vpc.google_compute_subnetwork.custom_subnet",
            "module.vpc.google_vpc_access_connector.connector"
          ]
        }
      ]
    },
    {
      "module": "module.journey_executor_cloud_run",
      "mode": "managed",
      "type": "google_cloud_run_service",
      "name": "service",
      "provider": "provider[\"registry.terraform.io/hashicorp/google\"]",
      "instances": [
        {
          "schema_version": 2,
          "attributes": {
            "autogenerate_revision_name": false,
            "id": "locations/us-central1/namespaces/webcrawler-450417/services/journey-executor",
            "location": "us-central1",
            "metadata": [
              {
                "annotations": {
                  "run.googleapis.com/ingress": "internal"
                },
                "effective_annotations": {
                  "run.googleapis.com/ingress": "internal",
                  "run.googleapis.com/ingress-status": "internal",
                  "run.googleapis.com/operation-id": "751443f3-2df6-4742-980f-534cea36c54f",
                  "run.googleapis.com/urls": "[\"https://journey-executor-673367928406.us-central1.run.app\",\"https://journey-executor-5wvl2oswbq-uc.a.run.app\"]",
                  "serving.knative.dev/creator": "webcrawleraccountmanager@webcrawler-450417.iam.gserviceaccount.com",
                  "serving.knative.dev/lastModifier": "webcrawleraccountmanager@webcrawler-450417.iam.gserviceaccount.com"
                },
                "effective_labels": {
                  "cloud.googleapis.com/location": "us-central1",
                  "goog-terraform-provisioned": "true"
                },
                "generation": 1,
                "labels": {},
                "namespace": "webcrawler-450417",
                "resource_version": "AAY6e0dp/0A",
                "self_link": "/apis/serving.knative.dev/v1/namespaces/673367928406/services/journey-executor",
                "terraform_labels": {
                  "goog-terraform-provisioned": "true"
                },
                "uid": "fb24fdcf-258a-4e7a-bf51-1994c7b0ff25"
              }
            ],
            "name": "journey-executor",
            "project": "webcrawler-450417",
            "status": [
              {
                "conditions": [
                  {
                    "message": "",
                    "reason": "",
                    "status": "True",
                    "type": "Ready"
                  },
                  {
                    "message": "",
                    "reason": "",
                    "status": "True",
                    "type": "ConfigurationsReady"
                  },
                  {
                    "message": "",
                    "reason": "",
                    "status": "True",
                    "type": "RoutesReady"
                  }
                ],
                "latest_created_revision_name": "journey-executor-00001-cc6",
                "latest_ready_revision_name": "journey-executor-00001-cc6",
                "observed_generation": 1,
                "traffic": [
                  {
                    "latest_revision": true,
                    "percent": 100,
                    "revision_name": "journey-executor-00001-cc6",
                    "tag": "",
                    "url": ""
                  }
                ],
                "url": "https://journey-executor-5wvl2oswbq-uc.a.run.app"
              }
            ],
            "template": [
              {
                "metadata": [
                  {
                    "annotations": {
                      "autoscaling.knative.dev/maxScale": "10",
                      "run.googleapis.com/client-name": "terraform",
                      "run.googleapis.com/vpc-access-connector": "cloud-run-connector",
                      "run.googleapis.com/vpc-access-egress": "all-traffic"
                    },
                    "generation": 0,
                    "labels": {
                      "run.googleapis.com/startupProbeType": "Default"
                    },
                    "name": "",
                    "namespace": "",
                    "resource_version": "",
                    "self_link": "",
                    "uid": ""
                  }
                ],
                "spec": [
                  {
                    "container_concurrency": 160,
                    "containers": [
                      {
                        "args": [],
                        "command": [],
                        "env": [
                          {
                            "name": "gcp.storage.bucket.name",
                            "value": "looksee-data-dev",
                            "value_from": []
                          },
                          {
                            "name": "pubsub.discarded_journey_topic",
                            "value": "projects/webcrawler-450417/topics/journey_discarded",
                            "value_from": []
                          },
                          {
                            "name": "pubsub.error_topic",
                            "value": "projects/webcrawler-450417/topics/audit_error",
                            "value_from": []
                          },
                          {
                            "name": "pubsub.journey_verified",
                            "value": "projects/webcrawler-450417/topics/journey_verified",
                            "value_from": []
                          },
                          {
                            "name": "pubsub.page_built",
                            "value": "projects/webcrawler-450417/topics/page_created",
                            "value_from": []
                          },
                          {
                            "name": "selenium.urls",
                            "value": "seleniumurls",
                            "value_from": []
                          },
                          {
                            "name": "spring.cloud.gcp.project-id",
                            "value": "webcrawler-450417",
                            "value_from": []
                          },
                          {
                            "name": "spring.cloud.gcp.region",
                            "value": "us-central1",
                            "value_from": []
                          },
                          {
                            "name": "spring.data.neo4j.database",
                            "value": "",
                            "value_from": [
                              {
                                "secret_key_ref": [
                                  {
                                    "key": "latest",
                                    "name": "neo4j-db-name"
                                  }
                                ]
                              }
                            ]
                          },
                          {
                            "name": "spring.data.neo4j.password",
                            "value": "",
                            "value_from": [
                              {
                                "secret_key_ref": [
                                  {
                                    "key": "latest",
                                    "name": "neo4j-password"
                                  }
                                ]
                              }
                            ]
                          },
                          {
                            "name": "spring.data.neo4j.uri",
                            "value": "",
                            "value_from": [
                              {
                                "secret_key_ref": [
                                  {
                                    "key": "latest",
                                    "name": "neo4j-bolt-uri"
                                  }
                                ]
                              }
                            ]
                          },
                          {
                            "name": "spring.data.neo4j.username",
                            "value": "",
                            "value_from": [
                              {
                                "secret_key_ref": [
                                  {
                                    "key": "latest",
                                    "name": "neo4j-username"
                                  }
                                ]
                              }
                            ]
                          }
                        ],
                        "env_from": [],
                        "image": "docker.io/deepthought42/journey-executor:latest",
                        "liveness_probe": [],
                        "name": "",
                        "ports": [
                          {
                            "container_port": 8080,
                            "name": "http1",
                            "protocol": ""
                          }
                        ],
                        "resources": [
                          {
                            "limits": {
                              "cpu": "2",
                              "memory": "4Gi"
                            },
                            "requests": {
                              "cpu": "1",
                              "memory": "2Gi"
                            }
                          }
                        ],
                        "startup_probe": [
                          {
                            "failure_threshold": 1,
                            "grpc": [],
                            "http_get": [],
                            "initial_delay_seconds": 0,
                            "period_seconds": 240,
                            "tcp_socket": [
                              {
                                "port": 8080
                              }
                            ],
                            "timeout_seconds": 240
                          }
                        ],
                        "volume_mounts": [],
                        "working_dir": ""
                      }
                    ],
                    "node_selector": {},
                    "service_account_name": "cloud-run-sa@webcrawler-450417.iam.gserviceaccount.com",
                    "serving_state": "",
                    "timeout_seconds": 120,
                    "volumes": []
                  }
                ]
              }
            ],
            "timeouts": null,
            "traffic": [
              {
                "latest_revision": true,
                "percent": 100,
                "revision_name": "",
                "tag": "",
                "url": ""
              }
            ]
          },
          "sensitive_attributes": [],
          "identity_schema_version": 0,
          "private": "eyJlMmJmYjczMC1lY2FhLTExZTYtOGY4OC0zNDM2M2JjN2M0YzAiOnsiY3JlYXRlIjoxMjAwMDAwMDAwMDAwLCJkZWxldGUiOjEyMDAwMDAwMDAwMDAsInVwZGF0ZSI6MTIwMDAwMDAwMDAwMH0sInNjaGVtYV92ZXJzaW9uIjoiMiJ9",
          "dependencies": [
            "google_service_account.cloud_run_sa",
            "google_storage_bucket.looksee_data",
            "module.neo4j_db.google_compute_firewall.neo4j-internal",
            "module.neo4j_db.google_compute_instance.neo4j",
            "module.neo4j_db.google_iap_tunnel_instance_iam_member.ssh",
            "module.neo4j_db.google_project_iam_member.neo4j_iap_tunnel_user",
            "module.neo4j_db.google_project_iam_member.neo4j_logging",
            "module.neo4j_db.google_project_iam_member.neo4j_monitoring",
            "module.neo4j_db.google_project_iam_member.neo4j_storage_viewer",
            "module.neo4j_db.google_secret_manager_secret.neo4j_bolt_uri",
            "module.neo4j_db.google_secret_manager_secret_iam_member.neo4j_bolt_uri_secret_accessor",
            "module.neo4j_db.google_secret_manager_secret_version.neo4j_bolt_uri_version",
            "module.neo4j_db.google_service_account.neo4j_instance_sa",
            "module.pubsub_topics.google_pubsub_topic.audit_error_topic",
            "module.pubsub_topics.google_pubsub_topic.journey_discarded_topic",
            "module.pubsub_topics.google_pubsub_topic.journey_verified_topic",
            "module.pubsub_topics.google_pubsub_topic.page_created_topic",
            "module.secrets.google_secret_manager_secret.neo4j_db_name",
            "module.secrets.google_secret_manager_secret.neo4j_password",
            "module.secrets.google_secret_manager_secret.neo4j_username",
            "module.secrets.google_secret_manager_secret.selenium_urls",
            "module.selenium_chrome_cloud_run.google_cloud_run_service.selenium_standalone_chrome",
            "module.vpc.google_compute_network.vpc",
            "module.vpc.google_compute_subnetwork.custom_subnet",
            "module.vpc.google_vpc_access_connector.connector"
          ]
        }
      ]
    },
    {
      "module": "module.journey_executor_cloud_run",
      "mode": "managed",
      "type": "google_cloud_run_service_iam_member",
      "name": "pubsub_invoker",
      "provider": "provider[\"registry.terraform.io/hashicorp/google\"]",
      "instances": [
        {
          "schema_version": 0,
          "attributes": {
            "condition": [],
            "etag": "BwY6e0fJ7x4=",
            "id": "v1/projects/webcrawler-450417/locations/us-central1/services/journey-executor/roles/run.invoker/serviceAccount:cloud-run-sa@webcrawler-450417.iam.gserviceaccount.com",
            "location": "us-central1",
            "member": "serviceAccount:cloud-run-sa@webcrawler-450417.iam.gserviceaccount.com",
            "project": "webcrawler-450417",
            "role": "roles/run.invoker",
            "service": "v1/projects/webcrawler-450417/locations/us-central1/services/journey-executor"
          },
          "sensitive_attributes": [],
          "identity_schema_version": 0,
          "private": "bnVsbA==",
          "dependencies": [
            "google_service_account.cloud_run_sa",
            "google_storage_bucket.looksee_data",
            "module.journey_executor_cloud_run.google_cloud_run_service.service",
            "module.neo4j_db.google_compute_firewall.neo4j-internal",
            "module.neo4j_db.google_compute_instance.neo4j",
            "module.neo4j_db.google_iap_tunnel_instance_iam_member.ssh",
            "module.neo4j_db.google_project_iam_member.neo4j_iap_tunnel_user",
            "module.neo4j_db.google_project_iam_member.neo4j_logging",
            "module.neo4j_db.google_project_iam_member.neo4j_monitoring",
            "module.neo4j_db.google_project_iam_member.neo4j_storage_viewer",
            "module.neo4j_db.google_secret_manager_secret.neo4j_bolt_uri",
            "module.neo4j_db.google_secret_manager_secret_iam_member.neo4j_bolt_uri_secret_accessor",
            "module.neo4j_db.google_secret_manager_secret_version.neo4j_bolt_uri_version",
            "module.neo4j_db.google_service_account.neo4j_instance_sa",
            "module.pubsub_topics.google_pubsub_topic.audit_error_topic",
            "module.pubsub_topics.google_pubsub_topic.journey_discarded_topic",
            "module.pubsub_topics.google_pubsub_topic.journey_verified_topic",
            "module.pubsub_topics.google_pubsub_topic.page_created_topic",
            "module.secrets.google_secret_manager_secret.neo4j_db_name",
            "module.secrets.google_secret_manager_secret.neo4j_password",
            "module.secrets.google_secret_manager_secret.neo4j_username",
            "module.secrets.google_secret_manager_secret.selenium_urls",
            "module.selenium_chrome_cloud_run.google_cloud_run_service.selenium_standalone_chrome",
            "module.vpc.google_compute_network.vpc",
            "module.vpc.google_compute_subnetwork.custom_subnet",
            "module.vpc.google_vpc_access_connector.connector"
          ]
        }
      ]
    },
    {
      "module": "module.journey_executor_cloud_run.module.pubsub_subscription",
      "mode": "managed",
      "type": "google_pubsub_subscription",
      "name": "subscription",
      "provider": "provider[\"registry.terraform.io/hashicorp/google\"]",
      "instances": [
        {
          "schema_version": 0,
          "attributes": {
            "ack_deadline_seconds": 10,
            "bigquery_config": [],
            "cloud_storage_config": [],
            "dead_letter_policy": [],
            "effective_labels": {
              "goog-terraform-provisioned": "true"
            },
            "enable_exactly_once_delivery": false,
            "enable_message_ordering": false,
            "expiration_policy": [
              {
                "ttl": "2678400s"
              }
            ],
            "filter": "",
            "id": "projects/webcrawler-450417/subscriptions/journey-executor-subscription",
            "labels": {},
            "message_retention_duration": "604800s",
            "message_transforms": [],
            "name": "journey-executor-subscription",
            "project": "webcrawler-450417",
            "push_config": [
              {
                "attributes": {},
                "no_wrapper": [],
                "oidc_token": [
                  {
                    "audience": "",
                    "service_account_email": "pubsub-sa@webcrawler-450417.iam.gserviceaccount.com"
                  }
                ],
                "push_endpoint": "https://journey-executor-5wvl2oswbq-uc.a.run.app"
              }
            ],
            "retain_acked_messages": false,
            "retry_policy": [
              {
                "maximum_backoff": "600s",
                "minimum_backoff": "10s"
              }
            ],
            "terraform_labels": {
              "goog-terraform-provisioned": "true"
            },
            "timeouts": null,
            "topic": "projects/webcrawler-450417/topics/journey_candidate"
          },
          "sensitive_attributes": [],
          "identity_schema_version": 0,
          "private": "eyJlMmJmYjczMC1lY2FhLTExZTYtOGY4OC0zNDM2M2JjN2M0YzAiOnsiY3JlYXRlIjoxMjAwMDAwMDAwMDAwLCJkZWxldGUiOjEyMDAwMDAwMDAwMDAsInVwZGF0ZSI6MTIwMDAwMDAwMDAwMH19",
          "dependencies": [
            "google_service_account.cloud_run_sa",
            "google_service_account.pubsub_sa",
            "google_storage_bucket.looksee_data",
            "module.journey_executor_cloud_run.google_cloud_run_service.service",
            "module.neo4j_db.google_compute_firewall.neo4j-internal",
            "module.neo4j_db.google_compute_instance.neo4j",
            "module.neo4j_db.google_iap_tunnel_instance_iam_member.ssh",
            "module.neo4j_db.google_project_iam_member.neo4j_iap_tunnel_user",
            "module.neo4j_db.google_project_iam_member.neo4j_logging",
            "module.neo4j_db.google_project_iam_member.neo4j_monitoring",
            "module.neo4j_db.google_project_iam_member.neo4j_storage_viewer",
            "module.neo4j_db.google_secret_manager_secret.neo4j_bolt_uri",
            "module.neo4j_db.google_secret_manager_secret_iam_member.neo4j_bolt_uri_secret_accessor",
            "module.neo4j_db.google_secret_manager_secret_version.neo4j_bolt_uri_version",
            "module.neo4j_db.google_service_account.neo4j_instance_sa",
            "module.pubsub_topics.google_pubsub_topic.audit_error_topic",
            "module.pubsub_topics.google_pubsub_topic.journey_candidate_topic",
            "module.pubsub_topics.google_pubsub_topic.journey_discarded_topic",
            "module.pubsub_topics.google_pubsub_topic.journey_verified_topic",
            "module.pubsub_topics.google_pubsub_topic.page_created_topic",
            "module.secrets.google_secret_manager_secret.neo4j_db_name",
            "module.secrets.google_secret_manager_secret.neo4j_password",
            "module.secrets.google_secret_manager_secret.neo4j_username",
            "module.secrets.google_secret_manager_secret.selenium_urls",
            "module.selenium_chrome_cloud_run.google_cloud_run_service.selenium_standalone_chrome",
            "module.vpc.google_compute_network.vpc",
            "module.vpc.google_compute_subnetwork.custom_subnet",
            "module.vpc.google_vpc_access_connector.connector"
          ]
        }
      ]
    },
    {
      "module": "module.journey_expander_cloud_run",
      "mode": "managed",
      "type": "google_cloud_run_service",
      "name": "service",
      "provider": "provider[\"registry.terraform.io/hashicorp/google\"]",
      "instances": [
        {
          "schema_version": 2,
          "attributes": {
            "autogenerate_revision_name": false,
            "id": "locations/us-central1/namespaces/webcrawler-450417/services/journey-expander",
            "location": "us-central1",
            "metadata": [
              {
                "annotations": {
                  "run.googleapis.com/ingress": "internal"
                },
                "effective_annotations": {
                  "run.googleapis.com/ingress": "internal",
                  "run.googleapis.com/ingress-status": "internal",
                  "run.googleapis.com/operation-id": "3f3d5bc4-8462-49e3-9d6c-2b4f74f427bd",
                  "run.googleapis.com/urls": "[\"https://journey-expander-673367928406.us-central1.run.app\",\"https://journey-expander-5wvl2oswbq-uc.a.run.app\"]",
                  "serving.knative.dev/creator": "webcrawleraccountmanager@webcrawler-450417.iam.gserviceaccount.com",
                  "serving.knative.dev/lastModifier": "webcrawleraccountmanager@webcrawler-450417.iam.gserviceaccount.com"
                },
                "effective_labels": {
                  "cloud.googleapis.com/location": "us-central1",
                  "goog-terraform-provisioned": "true"
                },
                "generation": 2,
                "labels": {},
                "namespace": "webcrawler-450417",
                "resource_version": "AAY6e9++KBg",
                "self_link": "/apis/serving.knative.dev/v1/namespaces/673367928406/services/journey-expander",
                "terraform_labels": {
                  "goog-terraform-provisioned": "true"
                },
                "uid": "74d99acd-fadc-4460-b461-d6ce31ee3880"
              }
            ],
            "name": "journey-expander",
            "project": "webcrawler-450417",
            "status": [
              {
                "conditions": [
                  {
                    "message": "",
                    "reason": "",
                    "status": "True",
                    "type": "Ready"
                  },
                  {
                    "message": "",
                    "reason": "",
                    "status": "True",
                    "type": "ConfigurationsReady"
                  },
                  {
                    "message": "",
                    "reason": "",
                    "status": "True",
                    "type": "RoutesReady"
                  }
                ],
                "latest_created_revision_name": "journey-expander-00002-whf",
                "latest_ready_revision_name": "journey-expander-00002-whf",
                "observed_generation": 2,
                "traffic": [
                  {
                    "latest_revision": true,
                    "percent": 100,
                    "revision_name": "journey-expander-00002-whf",
                    "tag": "",
                    "url": ""
                  }
                ],
                "url": "https://journey-expander-5wvl2oswbq-uc.a.run.app"
              }
            ],
            "template": [
              {
                "metadata": [
                  {
                    "annotations": {
                      "autoscaling.knative.dev/maxScale": "10",
                      "run.googleapis.com/client-name": "terraform",
                      "run.googleapis.com/vpc-access-connector": "cloud-run-connector",
                      "run.googleapis.com/vpc-access-egress": "all-traffic"
                    },
                    "generation": 0,
                    "labels": {
                      "run.googleapis.com/startupProbeType": "Default"
                    },
                    "name": "",
                    "namespace": "",
                    "resource_version": "",
                    "self_link": "",
                    "uid": ""
                  }
                ],
                "spec": [
                  {
                    "container_concurrency": 160,
                    "containers": [
                      {
                        "args": [],
                        "command": [],
                        "env": [
                          {
                            "name": "gcp.storage.bucket.name",
                            "value": "looksee-data-dev",
                            "value_from": []
                          },
                          {
                            "name": "pubsub.error_topic",
                            "value": "projects/webcrawler-450417/topics/audit_error",
                            "value_from": []
                          },
                          {
                            "name": "pubsub.journey_candidate",
                            "value": "projects/webcrawler-450417/topics/journey_candidate",
                            "value_from": []
                          },
                          {
                            "name": "pubsub.journey_verified",
                            "value": "projects/webcrawler-450417/topics/journey_verified",
                            "value_from": []
                          },
                          {
                            "name": "pubsub.page_built",
                            "value": "projects/webcrawler-450417/topics/page_created",
                            "value_from": []
                          },
                          {
                            "name": "spring.cloud.gcp.project-id",
                            "value": "webcrawler-450417",
                            "value_from": []
                          },
                          {
                            "name": "spring.cloud.gcp.region",
                            "value": "us-central1",
                            "value_from": []
                          },
                          {
                            "name": "spring.data.neo4j.database",
                            "value": "",
                            "value_from": [
                              {
                                "secret_key_ref": [
                                  {
                                    "key": "latest",
                                    "name": "neo4j-db-name"
                                  }
                                ]
                              }
                            ]
                          },
                          {
                            "name": "spring.data.neo4j.password",
                            "value": "",
                            "value_from": [
                              {
                                "secret_key_ref": [
                                  {
                                    "key": "latest",
                                    "name": "neo4j-password"
                                  }
                                ]
                              }
                            ]
                          },
                          {
                            "name": "spring.data.neo4j.uri",
                            "value": "",
                            "value_from": [
                              {
                                "secret_key_ref": [
                                  {
                                    "key": "latest",
                                    "name": "neo4j-bolt-uri"
                                  }
                                ]
                              }
                            ]
                          },
                          {
                            "name": "spring.data.neo4j.username",
                            "value": "",
                            "value_from": [
                              {
                                "secret_key_ref": [
                                  {
                                    "key": "latest",
                                    "name": "neo4j-username"
                                  }
                                ]
                              }
                            ]
                          }
                        ],
                        "env_from": [],
                        "image": "docker.io/deepthought42/journey-expander:latest",
                        "liveness_probe": [],
                        "name": "",
                        "ports": [
                          {
                            "container_port": 8080,
                            "name": "http1",
                            "protocol": ""
                          }
                        ],
                        "resources": [
                          {
                            "limits": {
                              "cpu": "2",
                              "memory": "4Gi"
                            },
                            "requests": {
                              "cpu": "1",
                              "memory": "2Gi"
                            }
                          }
                        ],
                        "startup_probe": [
                          {
                            "failure_threshold": 1,
                            "grpc": [],
                            "http_get": [],
                            "initial_delay_seconds": 0,
                            "period_seconds": 240,
                            "tcp_socket": [
                              {
                                "port": 8080
                              }
                            ],
                            "timeout_seconds": 240
                          }
                        ],
                        "volume_mounts": [],
                        "working_dir": ""
                      }
                    ],
                    "node_selector": {},
                    "service_account_name": "cloud-run-sa@webcrawler-450417.iam.gserviceaccount.com",
                    "serving_state": "",
                    "timeout_seconds": 120,
                    "volumes": []
                  }
                ]
              }
            ],
            "timeouts": null,
            "traffic": [
              {
                "latest_revision": true,
                "percent": 100,
                "revision_name": "",
                "tag": "",
                "url": ""
              }
            ]
          },
          "sensitive_attributes": [],
          "identity_schema_version": 0,
          "private": "eyJlMmJmYjczMC1lY2FhLTExZTYtOGY4OC0zNDM2M2JjN2M0YzAiOnsiY3JlYXRlIjoxMjAwMDAwMDAwMDAwLCJkZWxldGUiOjEyMDAwMDAwMDAwMDAsInVwZGF0ZSI6MTIwMDAwMDAwMDAwMH0sInNjaGVtYV92ZXJzaW9uIjoiMiJ9",
          "dependencies": [
            "google_service_account.cloud_run_sa",
            "google_storage_bucket.looksee_data",
            "module.neo4j_db.google_compute_firewall.neo4j-internal",
            "module.neo4j_db.google_compute_instance.neo4j",
            "module.neo4j_db.google_iap_tunnel_instance_iam_member.ssh",
            "module.neo4j_db.google_project_iam_member.neo4j_iap_tunnel_user",
            "module.neo4j_db.google_project_iam_member.neo4j_logging",
            "module.neo4j_db.google_project_iam_member.neo4j_monitoring",
            "module.neo4j_db.google_project_iam_member.neo4j_storage_viewer",
            "module.neo4j_db.google_secret_manager_secret.neo4j_bolt_uri",
            "module.neo4j_db.google_secret_manager_secret_iam_member.neo4j_bolt_uri_secret_accessor",
            "module.neo4j_db.google_secret_manager_secret_version.neo4j_bolt_uri_version",
            "module.neo4j_db.google_service_account.neo4j_instance_sa",
            "module.pubsub_topics.google_pubsub_topic.audit_error_topic",
            "module.pubsub_topics.google_pubsub_topic.journey_candidate_topic",
            "module.pubsub_topics.google_pubsub_topic.journey_verified_topic",
            "module.pubsub_topics.google_pubsub_topic.page_created_topic",
            "module.secrets.google_secret_manager_secret.neo4j_db_name",
            "module.secrets.google_secret_manager_secret.neo4j_password",
            "module.secrets.google_secret_manager_secret.neo4j_username",
            "module.selenium_chrome_cloud_run.google_cloud_run_service.selenium_standalone_chrome",
            "module.vpc.google_compute_network.vpc",
            "module.vpc.google_compute_subnetwork.custom_subnet",
            "module.vpc.google_vpc_access_connector.connector"
          ]
        }
      ]
    },
    {
      "module": "module.journey_expander_cloud_run",
      "mode": "managed",
      "type": "google_cloud_run_service_iam_member",
      "name": "pubsub_invoker",
      "provider": "provider[\"registry.terraform.io/hashicorp/google\"]",
      "instances": [
        {
          "schema_version": 0,
          "attributes": {
            "condition": [],
            "etag": "BwY6e0VjKDs=",
            "id": "v1/projects/webcrawler-450417/locations/us-central1/services/journey-expander/roles/run.invoker/serviceAccount:cloud-run-sa@webcrawler-450417.iam.gserviceaccount.com",
            "location": "us-central1",
            "member": "serviceAccount:cloud-run-sa@webcrawler-450417.iam.gserviceaccount.com",
            "project": "webcrawler-450417",
            "role": "roles/run.invoker",
            "service": "v1/projects/webcrawler-450417/locations/us-central1/services/journey-expander"
          },
          "sensitive_attributes": [],
          "identity_schema_version": 0,
          "private": "bnVsbA==",
          "dependencies": [
            "google_service_account.cloud_run_sa",
            "google_storage_bucket.looksee_data",
            "module.journey_expander_cloud_run.google_cloud_run_service.service",
            "module.neo4j_db.google_compute_firewall.neo4j-internal",
            "module.neo4j_db.google_compute_instance.neo4j",
            "module.neo4j_db.google_iap_tunnel_instance_iam_member.ssh",
            "module.neo4j_db.google_project_iam_member.neo4j_iap_tunnel_user",
            "module.neo4j_db.google_project_iam_member.neo4j_logging",
            "module.neo4j_db.google_project_iam_member.neo4j_monitoring",
            "module.neo4j_db.google_project_iam_member.neo4j_storage_viewer",
            "module.neo4j_db.google_secret_manager_secret.neo4j_bolt_uri",
            "module.neo4j_db.google_secret_manager_secret_iam_member.neo4j_bolt_uri_secret_accessor",
            "module.neo4j_db.google_secret_manager_secret_version.neo4j_bolt_uri_version",
            "module.neo4j_db.google_service_account.neo4j_instance_sa",
            "module.pubsub_topics.google_pubsub_topic.audit_error_topic",
            "module.pubsub_topics.google_pubsub_topic.journey_candidate_topic",
            "module.pubsub_topics.google_pubsub_topic.journey_verified_topic",
            "module.pubsub_topics.google_pubsub_topic.page_created_topic",
            "module.secrets.google_secret_manager_secret.neo4j_db_name",
            "module.secrets.google_secret_manager_secret.neo4j_password",
            "module.secrets.google_secret_manager_secret.neo4j_username",
            "module.selenium_chrome_cloud_run.google_cloud_run_service.selenium_standalone_chrome",
            "module.vpc.google_compute_network.vpc",
            "module.vpc.google_compute_subnetwork.custom_subnet",
            "module.vpc.google_vpc_access_connector.connector"
          ]
        }
      ]
    },
    {
      "module": "module.journey_expander_cloud_run.module.pubsub_subscription",
      "mode": "managed",
      "type": "google_pubsub_subscription",
      "name": "subscription",
      "provider": "provider[\"registry.terraform.io/hashicorp/google\"]",
      "instances": [
        {
          "schema_version": 0,
          "attributes": {
            "ack_deadline_seconds": 10,
            "bigquery_config": [],
            "cloud_storage_config": [],
            "dead_letter_policy": [],
            "effective_labels": {
              "goog-terraform-provisioned": "true"
            },
            "enable_exactly_once_delivery": false,
            "enable_message_ordering": false,
            "expiration_policy": [
              {
                "ttl": "2678400s"
              }
            ],
            "filter": "",
            "id": "projects/webcrawler-450417/subscriptions/journey-expander-subscription",
            "labels": {},
            "message_retention_duration": "604800s",
            "message_transforms": [],
            "name": "journey-expander-subscription",
            "project": "webcrawler-450417",
            "push_config": [
              {
                "attributes": {},
                "no_wrapper": [],
                "oidc_token": [
                  {
                    "audience": "",
                    "service_account_email": "pubsub-sa@webcrawler-450417.iam.gserviceaccount.com"
                  }
                ],
                "push_endpoint": "https://journey-expander-5wvl2oswbq-uc.a.run.app"
              }
            ],
            "retain_acked_messages": false,
            "retry_policy": [
              {
                "maximum_backoff": "600s",
                "minimum_backoff": "10s"
              }
            ],
            "terraform_labels": {
              "goog-terraform-provisioned": "true"
            },
            "timeouts": null,
            "topic": "projects/webcrawler-450417/topics/journey_verified"
          },
          "sensitive_attributes": [],
          "identity_schema_version": 0,
          "private": "eyJlMmJmYjczMC1lY2FhLTExZTYtOGY4OC0zNDM2M2JjN2M0YzAiOnsiY3JlYXRlIjoxMjAwMDAwMDAwMDAwLCJkZWxldGUiOjEyMDAwMDAwMDAwMDAsInVwZGF0ZSI6MTIwMDAwMDAwMDAwMH19",
          "dependencies": [
            "google_service_account.cloud_run_sa",
            "google_service_account.pubsub_sa",
            "google_storage_bucket.looksee_data",
            "module.journey_expander_cloud_run.google_cloud_run_service.service",
            "module.neo4j_db.google_compute_firewall.neo4j-internal",
            "module.neo4j_db.google_compute_instance.neo4j",
            "module.neo4j_db.google_iap_tunnel_instance_iam_member.ssh",
            "module.neo4j_db.google_project_iam_member.neo4j_iap_tunnel_user",
            "module.neo4j_db.google_project_iam_member.neo4j_logging",
            "module.neo4j_db.google_project_iam_member.neo4j_monitoring",
            "module.neo4j_db.google_project_iam_member.neo4j_storage_viewer",
            "module.neo4j_db.google_secret_manager_secret.neo4j_bolt_uri",
            "module.neo4j_db.google_secret_manager_secret_iam_member.neo4j_bolt_uri_secret_accessor",
            "module.neo4j_db.google_secret_manager_secret_version.neo4j_bolt_uri_version",
            "module.neo4j_db.google_service_account.neo4j_instance_sa",
            "module.pubsub_topics.google_pubsub_topic.audit_error_topic",
            "module.pubsub_topics.google_pubsub_topic.journey_candidate_topic",
            "module.pubsub_topics.google_pubsub_topic.journey_verified_topic",
            "module.pubsub_topics.google_pubsub_topic.page_created_topic",
            "module.secrets.google_secret_manager_secret.neo4j_db_name",
            "module.secrets.google_secret_manager_secret.neo4j_password",
            "module.secrets.google_secret_manager_secret.neo4j_username",
            "module.selenium_chrome_cloud_run.google_cloud_run_service.selenium_standalone_chrome",
            "module.vpc.google_compute_network.vpc",
            "module.vpc.google_compute_subnetwork.custom_subnet",
            "module.vpc.google_vpc_access_connector.connector"
          ]
        }
      ]
    },
    {
      "module": "module.neo4j_db",
      "mode": "managed",
      "type": "google_compute_firewall",
      "name": "neo4j-internal",
      "provider": "provider[\"registry.terraform.io/hashicorp/google\"]",
      "instances": [
        {
          "schema_version": 1,
          "attributes": {
            "allow": [
              {
                "ports": [
                  "7474",
                  "7687"
                ],
                "protocol": "tcp"
              }
            ],
            "creation_timestamp": "2025-07-21T19:19:52.315-07:00",
            "deny": [],
            "description": "",
            "destination_ranges": [],
            "direction": "INGRESS",
            "disabled": false,
            "enable_logging": null,
            "id": "projects/webcrawler-450417/global/firewalls/neo4j-allow-internal",
            "log_config": [],
            "name": "neo4j-allow-internal",
            "network": "https://www.googleapis.com/compute/v1/projects/webcrawler-450417/global/networks/custom-vpc",
            "priority": 1000,
            "project": "webcrawler-450417",
            "self_link": "https://www.googleapis.com/compute/v1/projects/webcrawler-450417/global/firewalls/neo4j-allow-internal",
            "source_ranges": [
              "10.0.0.0/8"
            ],
            "source_service_accounts": [],
            "source_tags": [],
            "target_service_accounts": [],
            "target_tags": [
              "neo4j"
            ],
            "timeouts": null
          },
          "sensitive_attributes": [],
          "identity_schema_version": 0,
          "private": "eyJlMmJmYjczMC1lY2FhLTExZTYtOGY4OC0zNDM2M2JjN2M0YzAiOnsiY3JlYXRlIjoxMjAwMDAwMDAwMDAwLCJkZWxldGUiOjEyMDAwMDAwMDAwMDAsInVwZGF0ZSI6MTIwMDAwMDAwMDAwMH0sInNjaGVtYV92ZXJzaW9uIjoiMSJ9",
          "dependencies": [
            "module.vpc.google_compute_network.vpc"
          ]
        }
      ]
    },
    {
      "module": "module.neo4j_db",
      "mode": "managed",
      "type": "google_compute_instance",
      "name": "neo4j",
      "provider": "provider[\"registry.terraform.io/hashicorp/google\"]",
      "instances": [
        {
          "schema_version": 6,
          "attributes": {
            "advanced_machine_features": [],
            "allow_stopping_for_update": null,
            "attached_disk": [],
            "boot_disk": [
              {
                "auto_delete": true,
                "device_name": "persistent-disk-0",
                "disk_encryption_key_raw": "",
                "disk_encryption_key_rsa": "",
                "disk_encryption_key_sha256": "",
                "disk_encryption_service_account": "",
                "force_attach": false,
                "guest_os_features": [
                  "VIRTIO_SCSI_MULTIQUEUE",
                  "SEV_CAPABLE",
                  "SEV_SNP_CAPABLE",
                  "SEV_LIVE_MIGRATABLE",
                  "SEV_LIVE_MIGRATABLE_V2",
                  "IDPF",
                  "TDX_CAPABLE",
                  "UEFI_COMPATIBLE",
                  "GVNIC"
                ],
                "initialize_params": [
                  {
                    "architecture": "X86_64",
                    "enable_confidential_compute": false,
                    "image": "https://www.googleapis.com/compute/v1/projects/ubuntu-os-cloud/global/images/ubuntu-2204-jammy-v20250712",
                    "labels": {},
                    "provisioned_iops": 0,
                    "provisioned_throughput": 0,
                    "resource_manager_tags": {},
                    "resource_policies": [],
                    "size": 50,
                    "snapshot": "",
                    "source_image_encryption_key": [],
                    "source_snapshot_encryption_key": [],
                    "storage_pool": "",
                    "type": "pd-standard"
                  }
                ],
                "interface": "",
                "kms_key_self_link": "",
                "mode": "READ_WRITE",
                "source": "https://www.googleapis.com/compute/v1/projects/webcrawler-450417/zones/us-central1-a/disks/neo4j-community"
              }
            ],
            "can_ip_forward": false,
            "confidential_instance_config": [],
            "cpu_platform": "AMD Rome",
            "creation_timestamp": "2025-07-21T19:20:07.455-07:00",
            "current_status": "RUNNING",
            "deletion_protection": false,
            "description": "",
            "desired_status": null,
            "effective_labels": {
              "goog-terraform-provisioned": "true"
            },
            "enable_display": false,
            "guest_accelerator": [],
            "hostname": "",
            "id": "projects/webcrawler-450417/zones/us-central1-a/instances/neo4j-community",
            "instance_encryption_key": [],
            "instance_id": "6500119142238211000",
            "key_revocation_action_type": "",
            "label_fingerprint": "vezUS-42LLM=",
            "labels": {},
            "machine_type": "e2-medium",
            "metadata": {
              "enable-oslogin": "TRUE"
            },
            "metadata_fingerprint": "Kpvnz7AgWEs=",
            "metadata_startup_script": "#!/bin/bash\nwget -O - https://debian.neo4j.com/neotechnology.gpg.key | sudo apt-key add -\necho 'deb https://debian.neo4j.com stable 5' | sudo tee /etc/apt/sources.list.d/neo4j.list\nsudo apt-get update\nsudo apt-get install -y neo4j\n\n# Ensure SSH daemon is enabled and started\nsudo systemctl enable ssh\nsudo systemctl start ssh\n\nsudo ufw allow 22\nsudo ufw allow 7474\nsudo ufw allow 7687\n\n# Download the CQL file to /\ncurl -o /home/neo4j/create-indexes-and-constraints.cql https://raw.githubusercontent.com/deepthought42/LookseeIaC/refs/heads/main/create-indexes-and-constraints.cql\n\n# Set initial password for neo4j admin user\nsudo systemctl stop neo4j\nsudo -u neo4j neo4j-admin set-initial-password '${var.neo4j_password}'\nsudo systemctl enable neo4j\nsudo systemctl start neo4j\n\n# Create a new user with the specified username and password\nsudo -u neo4j neo4j-admin create-user ${var.neo4j_username} '${var.neo4j_password}'\n\n# create database\nsudo -u neo4j neo4j-admin create-database ${var.neo4j_db_name}\n\n# run file to create indexes and constraints\nsudo -u neo4j neo4j-admin run /home/neo4j/create-indexes-and-constraints.cql",
            "min_cpu_platform": "",
            "name": "neo4j-community",
            "network_interface": [
              {
                "access_config": [
                  {
                    "nat_ip": "34.63.251.72",
                    "network_tier": "PREMIUM",
                    "public_ptr_domain_name": ""
                  }
                ],
                "alias_ip_range": [],
                "internal_ipv6_prefix_length": 0,
                "ipv6_access_config": [],
                "ipv6_access_type": "",
                "ipv6_address": "",
                "name": "nic0",
                "network": "https://www.googleapis.com/compute/v1/projects/webcrawler-450417/global/networks/custom-vpc",
                "network_attachment": "",
                "network_ip": "10.0.0.2",
                "nic_type": "",
                "queue_count": 0,
                "stack_type": "IPV4_ONLY",
                "subnetwork": "https://www.googleapis.com/compute/v1/projects/webcrawler-450417/regions/us-central1/subnetworks/private-subnet-1",
                "subnetwork_project": "webcrawler-450417"
              }
            ],
            "network_performance_config": [],
            "params": [],
            "project": "webcrawler-450417",
            "reservation_affinity": [],
            "resource_policies": [],
            "scheduling": [
              {
                "automatic_restart": true,
                "availability_domain": 0,
                "instance_termination_action": "",
                "local_ssd_recovery_timeout": [],
                "max_run_duration": [],
                "min_node_cpus": 0,
                "node_affinities": [],
                "on_host_maintenance": "MIGRATE",
                "on_instance_stop_action": [],
                "preemptible": false,
                "provisioning_model": "STANDARD",
                "termination_time": ""
              }
            ],
            "scratch_disk": [],
            "self_link": "https://www.googleapis.com/compute/v1/projects/webcrawler-450417/zones/us-central1-a/instances/neo4j-community",
            "service_account": [],
            "shielded_instance_config": [
              {
                "enable_integrity_monitoring": true,
                "enable_secure_boot": false,
                "enable_vtpm": true
              }
            ],
            "tags": [
              "iap-ssh",
              "neo4j"
            ],
            "tags_fingerprint": "BcNOdgbGaUQ=",
            "terraform_labels": {
              "goog-terraform-provisioned": "true"
            },
            "timeouts": null,
            "zone": "us-central1-a"
          },
          "sensitive_attributes": [
            [
              {
                "type": "get_attr",
                "value": "boot_disk"
              },
              {
                "type": "index",
                "value": {
                  "value": 0,
                  "type": "number"
                }
              },
              {
                "type": "get_attr",
                "value": "disk_encryption_key_raw"
              }
            ],
            [
              {
                "type": "get_attr",
                "value": "boot_disk"
              },
              {
                "type": "index",
                "value": {
                  "value": 0,
                  "type": "number"
                }
              },
              {
                "type": "get_attr",
                "value": "disk_encryption_key_rsa"
              }
            ]
          ],
          "identity_schema_version": 0,
          "private": "eyJlMmJmYjczMC1lY2FhLTExZTYtOGY4OC0zNDM2M2JjN2M0YzAiOnsiY3JlYXRlIjoxMjAwMDAwMDAwMDAwLCJkZWxldGUiOjEyMDAwMDAwMDAwMDAsInVwZGF0ZSI6MTIwMDAwMDAwMDAwMH0sInNjaGVtYV92ZXJzaW9uIjoiNiJ9",
          "dependencies": [
            "module.vpc.google_compute_network.vpc",
            "module.vpc.google_compute_subnetwork.custom_subnet"
          ]
        }
      ]
    },
    {
      "module": "module.neo4j_db",
      "mode": "managed",
      "type": "google_iap_tunnel_instance_iam_member",
      "name": "ssh",
      "provider": "provider[\"registry.terraform.io/hashicorp/google\"]",
      "instances": [
        {
          "schema_version": 0,
          "attributes": {
            "condition": [],
            "etag": "BwY6ezzREfo=",
            "id": "projects/webcrawler-450417/iap_tunnel/zones/us-central1-a/instances/neo4j-community/roles/iap.tunnelResourceAccessor/serviceAccount:neo4j-instance-sa@webcrawler-450417.iam.gserviceaccount.com",
            "instance": "projects/webcrawler-450417/iap_tunnel/zones/us-central1-a/instances/neo4j-community",
            "member": "serviceAccount:neo4j-instance-sa@webcrawler-450417.iam.gserviceaccount.com",
            "project": "webcrawler-450417",
            "role": "roles/iap.tunnelResourceAccessor",
            "zone": "us-central1-a"
          },
          "sensitive_attributes": [],
          "identity_schema_version": 0,
          "private": "bnVsbA==",
          "dependencies": [
            "module.neo4j_db.google_compute_instance.neo4j",
            "module.neo4j_db.google_service_account.neo4j_instance_sa",
            "module.vpc.google_compute_network.vpc",
            "module.vpc.google_compute_subnetwork.custom_subnet"
          ]
        }
      ]
    },
    {
      "module": "module.neo4j_db",
      "mode": "managed",
      "type": "google_project_iam_member",
      "name": "neo4j_iap_tunnel_user",
      "provider": "provider[\"registry.terraform.io/hashicorp/google\"]",
      "instances": [
        {
          "schema_version": 0,
          "attributes": {
            "condition": [],
            "etag": "BwY6e93WDjg=",
            "id": "webcrawler-450417/roles/iap.tunnelResourceAccessor/serviceAccount:neo4j-instance-sa@webcrawler-450417.iam.gserviceaccount.com",
            "member": "serviceAccount:neo4j-instance-sa@webcrawler-450417.iam.gserviceaccount.com",
            "project": "webcrawler-450417",
            "role": "roles/iap.tunnelResourceAccessor"
          },
          "sensitive_attributes": [],
          "identity_schema_version": 0,
          "private": "bnVsbA==",
          "dependencies": [
            "module.neo4j_db.google_service_account.neo4j_instance_sa"
          ]
        }
      ]
    },
    {
      "module": "module.neo4j_db",
      "mode": "managed",
      "type": "google_project_iam_member",
      "name": "neo4j_logging",
      "provider": "provider[\"registry.terraform.io/hashicorp/google\"]",
      "instances": [
        {
          "schema_version": 0,
          "attributes": {
            "condition": [],
            "etag": "BwY6e93WDjg=",
            "id": "webcrawler-450417/roles/logging.logWriter/serviceAccount:neo4j-instance-sa@webcrawler-450417.iam.gserviceaccount.com",
            "member": "serviceAccount:neo4j-instance-sa@webcrawler-450417.iam.gserviceaccount.com",
            "project": "webcrawler-450417",
            "role": "roles/logging.logWriter"
          },
          "sensitive_attributes": [],
          "identity_schema_version": 0,
          "private": "bnVsbA==",
          "dependencies": [
            "module.neo4j_db.google_service_account.neo4j_instance_sa"
          ]
        }
      ]
    },
    {
      "module": "module.neo4j_db",
      "mode": "managed",
      "type": "google_project_iam_member",
      "name": "neo4j_monitoring",
      "provider": "provider[\"registry.terraform.io/hashicorp/google\"]",
      "instances": [
        {
          "schema_version": 0,
          "attributes": {
            "condition": [],
            "etag": "BwY6e93WDjg=",
            "id": "webcrawler-450417/roles/monitoring.metricWriter/serviceAccount:neo4j-instance-sa@webcrawler-450417.iam.gserviceaccount.com",
            "member": "serviceAccount:neo4j-instance-sa@webcrawler-450417.iam.gserviceaccount.com",
            "project": "webcrawler-450417",
            "role": "roles/monitoring.metricWriter"
          },
          "sensitive_attributes": [],
          "identity_schema_version": 0,
          "private": "bnVsbA==",
          "dependencies": [
            "module.neo4j_db.google_service_account.neo4j_instance_sa"
          ]
        }
      ]
    },
    {
      "module": "module.neo4j_db",
      "mode": "managed",
      "type": "google_project_iam_member",
      "name": "neo4j_storage_viewer",
      "provider": "provider[\"registry.terraform.io/hashicorp/google\"]",
      "instances": [
        {
          "schema_version": 0,
          "attributes": {
            "condition": [],
            "etag": "BwY6e93WDjg=",
            "id": "webcrawler-450417/roles/storage.objectViewer/serviceAccount:neo4j-instance-sa@webcrawler-450417.iam.gserviceaccount.com",
            "member": "serviceAccount:neo4j-instance-sa@webcrawler-450417.iam.gserviceaccount.com",
            "project": "webcrawler-450417",
            "role": "roles/storage.objectViewer"
          },
          "sensitive_attributes": [],
          "identity_schema_version": 0,
          "private": "bnVsbA==",
          "dependencies": [
            "module.neo4j_db.google_service_account.neo4j_instance_sa"
          ]
        }
      ]
    },
    {
      "module": "module.neo4j_db",
      "mode": "managed",
      "type": "google_secret_manager_secret",
      "name": "neo4j_bolt_uri",
      "provider": "provider[\"registry.terraform.io/hashicorp/google\"]",
      "instances": [
        {
          "schema_version": 0,
          "attributes": {
            "annotations": {},
            "create_time": "2025-07-22T02:19:10.621662Z",
            "deletion_protection": false,
            "effective_annotations": {},
            "effective_labels": {
              "environment": "dev",
              "goog-terraform-provisioned": "true"
            },
            "expire_time": "",
            "id": "projects/webcrawler-450417/secrets/neo4j-bolt-uri",
            "labels": {
              "environment": "dev"
            },
            "name": "projects/673367928406/secrets/neo4j-bolt-uri",
            "project": "webcrawler-450417",
            "replication": [
              {
                "auto": [
                  {
                    "customer_managed_encryption": []
                  }
                ],
                "user_managed": []
              }
            ],
            "rotation": [],
            "secret_id": "neo4j-bolt-uri",
            "terraform_labels": {
              "environment": "dev",
              "goog-terraform-provisioned": "true"
            },
            "timeouts": null,
            "topics": [],
            "ttl": null,
            "version_aliases": {},
            "version_destroy_ttl": ""
          },
          "sensitive_attributes": [],
          "identity_schema_version": 0,
          "private": "eyJlMmJmYjczMC1lY2FhLTExZTYtOGY4OC0zNDM2M2JjN2M0YzAiOnsiY3JlYXRlIjoxMjAwMDAwMDAwMDAwLCJkZWxldGUiOjEyMDAwMDAwMDAwMDAsInVwZGF0ZSI6MTIwMDAwMDAwMDAwMH19"
        }
      ]
    },
    {
      "module": "module.neo4j_db",
      "mode": "managed",
      "type": "google_secret_manager_secret_iam_member",
      "name": "neo4j_bolt_uri_secret_accessor",
      "provider": "provider[\"registry.terraform.io/hashicorp/google\"]",
      "instances": [
        {
          "schema_version": 0,
          "attributes": {
            "condition": [],
            "etag": "BwY6ezmuT00=",
            "id": "projects/673367928406/secrets/neo4j-bolt-uri/roles/secretmanager.secretAccessor/serviceAccount:cloud-run-sa@webcrawler-450417.iam.gserviceaccount.com",
            "member": "serviceAccount:cloud-run-sa@webcrawler-450417.iam.gserviceaccount.com",
            "project": "673367928406",
            "role": "roles/secretmanager.secretAccessor",
            "secret_id": "projects/673367928406/secrets/neo4j-bolt-uri"
          },
          "sensitive_attributes": [],
          "identity_schema_version": 0,
          "private": "bnVsbA==",
          "dependencies": [
            "google_service_account.cloud_run_sa",
            "module.neo4j_db.google_secret_manager_secret.neo4j_bolt_uri"
          ]
        }
      ]
    },
    {
      "module": "module.neo4j_db",
      "mode": "managed",
      "type": "google_secret_manager_secret_version",
      "name": "neo4j_bolt_uri_version",
      "provider": "provider[\"registry.terraform.io/hashicorp/google\"]",
      "instances": [
        {
          "schema_version": 0,
          "attributes": {
            "create_time": "2025-07-22T02:20:35.038242Z",
            "deletion_policy": "DELETE",
            "destroy_time": "",
            "enabled": true,
            "id": "projects/673367928406/secrets/neo4j-bolt-uri/versions/1",
            "is_secret_data_base64": false,
            "name": "projects/673367928406/secrets/neo4j-bolt-uri/versions/1",
            "secret": "projects/webcrawler-450417/secrets/neo4j-bolt-uri",
            "secret_data": null,
            "secret_data_wo": null,
            "secret_data_wo_version": 0,
            "timeouts": null,
            "version": "1"
          },
          "sensitive_attributes": [
            [
              {
                "type": "get_attr",
                "value": "secret_data"
              }
            ]
          ],
          "identity_schema_version": 0,
          "private": "eyJlMmJmYjczMC1lY2FhLTExZTYtOGY4OC0zNDM2M2JjN2M0YzAiOnsiY3JlYXRlIjoxMjAwMDAwMDAwMDAwLCJkZWxldGUiOjEyMDAwMDAwMDAwMDAsInVwZGF0ZSI6MTIwMDAwMDAwMDAwMH19",
          "dependencies": [
            "module.neo4j_db.google_compute_instance.neo4j",
            "module.neo4j_db.google_secret_manager_secret.neo4j_bolt_uri",
            "module.vpc.google_compute_network.vpc",
            "module.vpc.google_compute_subnetwork.custom_subnet"
          ]
        }
      ]
    },
    {
      "module": "module.neo4j_db",
      "mode": "managed",
      "type": "google_service_account",
      "name": "neo4j_instance_sa",
      "provider": "provider[\"registry.terraform.io/hashicorp/google\"]",
      "instances": [
        {
          "schema_version": 0,
          "attributes": {
            "account_id": "neo4j-instance-sa",
            "create_ignore_already_exists": null,
            "description": "",
            "disabled": false,
            "display_name": "Service Account for Neo4j Instance",
            "email": "neo4j-instance-sa@webcrawler-450417.iam.gserviceaccount.com",
            "id": "projects/webcrawler-450417/serviceAccounts/neo4j-instance-sa@webcrawler-450417.iam.gserviceaccount.com",
            "member": "serviceAccount:neo4j-instance-sa@webcrawler-450417.iam.gserviceaccount.com",
            "name": "projects/webcrawler-450417/serviceAccounts/neo4j-instance-sa@webcrawler-450417.iam.gserviceaccount.com",
            "project": "webcrawler-450417",
            "timeouts": null,
            "unique_id": "105634415067160203106"
          },
          "sensitive_attributes": [],
          "identity_schema_version": 0,
          "private": "eyJlMmJmYjczMC1lY2FhLTExZTYtOGY4OC0zNDM2M2JjN2M0YzAiOnsiY3JlYXRlIjozMDAwMDAwMDAwMDB9fQ=="
        }
      ]
    },
    {
      "module": "module.page_builder_cloud_run",
      "mode": "managed",
      "type": "google_cloud_run_service",
      "name": "service",
      "provider": "provider[\"registry.terraform.io/hashicorp/google\"]",
      "instances": [
        {
          "schema_version": 2,
          "attributes": {
            "autogenerate_revision_name": false,
            "id": "locations/us-central1/namespaces/webcrawler-450417/services/page-builder",
            "location": "us-central1",
            "metadata": [
              {
                "annotations": {
                  "run.googleapis.com/ingress": "internal"
                },
                "effective_annotations": {
                  "run.googleapis.com/ingress": "internal",
                  "run.googleapis.com/ingress-status": "internal",
                  "run.googleapis.com/operation-id": "cec34a35-6d68-45fe-b9f7-0252bfe87922",
                  "run.googleapis.com/urls": "[\"https://page-builder-673367928406.us-central1.run.app\",\"https://page-builder-5wvl2oswbq-uc.a.run.app\"]",
                  "serving.knative.dev/creator": "webcrawleraccountmanager@webcrawler-450417.iam.gserviceaccount.com",
                  "serving.knative.dev/lastModifier": "webcrawleraccountmanager@webcrawler-450417.iam.gserviceaccount.com"
                },
                "effective_labels": {
                  "cloud.googleapis.com/location": "us-central1",
                  "goog-terraform-provisioned": "true"
                },
                "generation": 1,
                "labels": {},
                "namespace": "webcrawler-450417",
                "resource_version": "AAY6e0OWpl4",
                "self_link": "/apis/serving.knative.dev/v1/namespaces/673367928406/services/page-builder",
                "terraform_labels": {
                  "goog-terraform-provisioned": "true"
                },
                "uid": "cc0037e9-4ad3-4f6f-b16d-21422d34fc2f"
              }
            ],
            "name": "page-builder",
            "project": "webcrawler-450417",
            "status": [
              {
                "conditions": [
                  {
                    "message": "",
                    "reason": "",
                    "status": "True",
                    "type": "Ready"
                  },
                  {
                    "message": "",
                    "reason": "",
                    "status": "True",
                    "type": "ConfigurationsReady"
                  },
                  {
                    "message": "",
                    "reason": "",
                    "status": "True",
                    "type": "RoutesReady"
                  }
                ],
                "latest_created_revision_name": "page-builder-00001-jhv",
                "latest_ready_revision_name": "page-builder-00001-jhv",
                "observed_generation": 1,
                "traffic": [
                  {
                    "latest_revision": true,
                    "percent": 100,
                    "revision_name": "page-builder-00001-jhv",
                    "tag": "",
                    "url": ""
                  }
                ],
                "url": "https://page-builder-5wvl2oswbq-uc.a.run.app"
              }
            ],
            "template": [
              {
                "metadata": [
                  {
                    "annotations": {
                      "autoscaling.knative.dev/maxScale": "5",
                      "run.googleapis.com/client-name": "terraform",
                      "run.googleapis.com/vpc-access-connector": "cloud-run-connector",
                      "run.googleapis.com/vpc-access-egress": "private-ranges-only"
                    },
                    "generation": 0,
                    "labels": {
                      "run.googleapis.com/startupProbeType": "Default"
                    },
                    "name": "",
                    "namespace": "",
                    "resource_version": "",
                    "self_link": "",
                    "uid": ""
                  }
                ],
                "spec": [
                  {
                    "container_concurrency": 320,
                    "containers": [
                      {
                        "args": [],
                        "command": [],
                        "env": [
                          {
                            "name": "gcp.storage.bucket.name",
                            "value": "looksee-data-dev",
                            "value_from": []
                          },
                          {
                            "name": "pubsub.error_topic",
                            "value": "projects/webcrawler-450417/topics/audit_error",
                            "value_from": []
                          },
                          {
                            "name": "pubsub.journey_verified",
                            "value": "projects/webcrawler-450417/topics/journey_verified",
                            "value_from": []
                          },
                          {
                            "name": "pubsub.page_audit_topic",
                            "value": "projects/webcrawler-450417/topics/page_audit",
                            "value_from": []
                          },
                          {
                            "name": "pubsub.page_built",
                            "value": "projects/webcrawler-450417/topics/page_created",
                            "value_from": []
                          },
                          {
                            "name": "selenium.urls",
                            "value": "seleniumurls",
                            "value_from": []
                          },
                          {
                            "name": "spring.cloud.gcp.project-id",
                            "value": "webcrawler-450417",
                            "value_from": []
                          },
                          {
                            "name": "spring.cloud.gcp.region",
                            "value": "us-central1",
                            "value_from": []
                          },
                          {
                            "name": "spring.data.neo4j.database",
                            "value": "",
                            "value_from": [
                              {
                                "secret_key_ref": [
                                  {
                                    "key": "latest",
                                    "name": "neo4j-db-name"
                                  }
                                ]
                              }
                            ]
                          },
                          {
                            "name": "spring.data.neo4j.password",
                            "value": "",
                            "value_from": [
                              {
                                "secret_key_ref": [
                                  {
                                    "key": "latest",
                                    "name": "neo4j-password"
                                  }
                                ]
                              }
                            ]
                          },
                          {
                            "name": "spring.data.neo4j.uri",
                            "value": "",
                            "value_from": [
                              {
                                "secret_key_ref": [
                                  {
                                    "key": "latest",
                                    "name": "neo4j-bolt-uri"
                                  }
                                ]
                              }
                            ]
                          },
                          {
                            "name": "spring.data.neo4j.username",
                            "value": "",
                            "value_from": [
                              {
                                "secret_key_ref": [
                                  {
                                    "key": "latest",
                                    "name": "neo4j-username"
                                  }
                                ]
                              }
                            ]
                          }
                        ],
                        "env_from": [],
                        "image": "docker.io/deepthought42/page-builder:latest",
                        "liveness_probe": [],
                        "name": "",
                        "ports": [
                          {
                            "container_port": 8080,
                            "name": "http1",
                            "protocol": ""
                          }
                        ],
                        "resources": [
                          {
                            "limits": {
                              "cpu": "4",
                              "memory": "8Gi"
                            },
                            "requests": {
                              "cpu": "2",
                              "memory": "4Gi"
                            }
                          }
                        ],
                        "startup_probe": [
                          {
                            "failure_threshold": 1,
                            "grpc": [],
                            "http_get": [],
                            "initial_delay_seconds": 0,
                            "period_seconds": 240,
                            "tcp_socket": [
                              {
                                "port": 8080
                              }
                            ],
                            "timeout_seconds": 240
                          }
                        ],
                        "volume_mounts": [],
                        "working_dir": ""
                      }
                    ],
                    "node_selector": {},
                    "service_account_name": "cloud-run-sa@webcrawler-450417.iam.gserviceaccount.com",
                    "serving_state": "",
                    "timeout_seconds": 120,
                    "volumes": []
                  }
                ]
              }
            ],
            "timeouts": null,
            "traffic": [
              {
                "latest_revision": true,
                "percent": 100,
                "revision_name": "",
                "tag": "",
                "url": ""
              }
            ]
          },
          "sensitive_attributes": [],
          "identity_schema_version": 0,
          "private": "eyJlMmJmYjczMC1lY2FhLTExZTYtOGY4OC0zNDM2M2JjN2M0YzAiOnsiY3JlYXRlIjoxMjAwMDAwMDAwMDAwLCJkZWxldGUiOjEyMDAwMDAwMDAwMDAsInVwZGF0ZSI6MTIwMDAwMDAwMDAwMH0sInNjaGVtYV92ZXJzaW9uIjoiMiJ9",
          "dependencies": [
            "google_service_account.cloud_run_sa",
            "google_storage_bucket.looksee_data",
            "module.neo4j_db.google_compute_firewall.neo4j-internal",
            "module.neo4j_db.google_compute_instance.neo4j",
            "module.neo4j_db.google_iap_tunnel_instance_iam_member.ssh",
            "module.neo4j_db.google_project_iam_member.neo4j_iap_tunnel_user",
            "module.neo4j_db.google_project_iam_member.neo4j_logging",
            "module.neo4j_db.google_project_iam_member.neo4j_monitoring",
            "module.neo4j_db.google_project_iam_member.neo4j_storage_viewer",
            "module.neo4j_db.google_secret_manager_secret.neo4j_bolt_uri",
            "module.neo4j_db.google_secret_manager_secret_iam_member.neo4j_bolt_uri_secret_accessor",
            "module.neo4j_db.google_secret_manager_secret_version.neo4j_bolt_uri_version",
            "module.neo4j_db.google_service_account.neo4j_instance_sa",
            "module.pubsub_topics.google_pubsub_topic.audit_error_topic",
            "module.pubsub_topics.google_pubsub_topic.journey_verified_topic",
            "module.pubsub_topics.google_pubsub_topic.page_audit_topic",
            "module.pubsub_topics.google_pubsub_topic.page_created_topic",
            "module.secrets.google_secret_manager_secret.neo4j_db_name",
            "module.secrets.google_secret_manager_secret.neo4j_password",
            "module.secrets.google_secret_manager_secret.neo4j_username",
            "module.secrets.google_secret_manager_secret.selenium_urls",
            "module.selenium_chrome_cloud_run.google_cloud_run_service.selenium_standalone_chrome",
            "module.vpc.google_compute_network.vpc",
            "module.vpc.google_compute_subnetwork.custom_subnet",
            "module.vpc.google_vpc_access_connector.connector"
          ]
        }
      ]
    },
    {
      "module": "module.page_builder_cloud_run",
      "mode": "managed",
      "type": "google_cloud_run_service_iam_member",
      "name": "pubsub_invoker",
      "provider": "provider[\"registry.terraform.io/hashicorp/google\"]",
      "instances": [
        {
          "schema_version": 0,
          "attributes": {
            "condition": [],
            "etag": "BwY6e0QtbIo=",
            "id": "v1/projects/webcrawler-450417/locations/us-central1/services/page-builder/roles/run.invoker/serviceAccount:cloud-run-sa@webcrawler-450417.iam.gserviceaccount.com",
            "location": "us-central1",
            "member": "serviceAccount:cloud-run-sa@webcrawler-450417.iam.gserviceaccount.com",
            "project": "webcrawler-450417",
            "role": "roles/run.invoker",
            "service": "v1/projects/webcrawler-450417/locations/us-central1/services/page-builder"
          },
          "sensitive_attributes": [],
          "identity_schema_version": 0,
          "private": "bnVsbA==",
          "dependencies": [
            "google_service_account.cloud_run_sa",
            "google_storage_bucket.looksee_data",
            "module.neo4j_db.google_compute_firewall.neo4j-internal",
            "module.neo4j_db.google_compute_instance.neo4j",
            "module.neo4j_db.google_iap_tunnel_instance_iam_member.ssh",
            "module.neo4j_db.google_project_iam_member.neo4j_iap_tunnel_user",
            "module.neo4j_db.google_project_iam_member.neo4j_logging",
            "module.neo4j_db.google_project_iam_member.neo4j_monitoring",
            "module.neo4j_db.google_project_iam_member.neo4j_storage_viewer",
            "module.neo4j_db.google_secret_manager_secret.neo4j_bolt_uri",
            "module.neo4j_db.google_secret_manager_secret_iam_member.neo4j_bolt_uri_secret_accessor",
            "module.neo4j_db.google_secret_manager_secret_version.neo4j_bolt_uri_version",
            "module.neo4j_db.google_service_account.neo4j_instance_sa",
            "module.page_builder_cloud_run.google_cloud_run_service.service",
            "module.pubsub_topics.google_pubsub_topic.audit_error_topic",
            "module.pubsub_topics.google_pubsub_topic.journey_verified_topic",
            "module.pubsub_topics.google_pubsub_topic.page_audit_topic",
            "module.pubsub_topics.google_pubsub_topic.page_created_topic",
            "module.secrets.google_secret_manager_secret.neo4j_db_name",
            "module.secrets.google_secret_manager_secret.neo4j_password",
            "module.secrets.google_secret_manager_secret.neo4j_username",
            "module.secrets.google_secret_manager_secret.selenium_urls",
            "module.selenium_chrome_cloud_run.google_cloud_run_service.selenium_standalone_chrome",
            "module.vpc.google_compute_network.vpc",
            "module.vpc.google_compute_subnetwork.custom_subnet",
            "module.vpc.google_vpc_access_connector.connector"
          ]
        }
      ]
    },
    {
      "module": "module.page_builder_cloud_run.module.pubsub_subscription",
      "mode": "managed",
      "type": "google_pubsub_subscription",
      "name": "subscription",
      "provider": "provider[\"registry.terraform.io/hashicorp/google\"]",
      "instances": [
        {
          "schema_version": 0,
          "attributes": {
            "ack_deadline_seconds": 10,
            "bigquery_config": [],
            "cloud_storage_config": [],
            "dead_letter_policy": [],
            "effective_labels": {
              "goog-terraform-provisioned": "true"
            },
            "enable_exactly_once_delivery": false,
            "enable_message_ordering": false,
            "expiration_policy": [
              {
                "ttl": "2678400s"
              }
            ],
            "filter": "",
            "id": "projects/webcrawler-450417/subscriptions/page-builder-subscription",
            "labels": {},
            "message_retention_duration": "604800s",
            "message_transforms": [],
            "name": "page-builder-subscription",
            "project": "webcrawler-450417",
            "push_config": [
              {
                "attributes": {},
                "no_wrapper": [],
                "oidc_token": [
                  {
                    "audience": "",
                    "service_account_email": "pubsub-sa@webcrawler-450417.iam.gserviceaccount.com"
                  }
                ],
                "push_endpoint": "https://page-builder-5wvl2oswbq-uc.a.run.app"
              }
            ],
            "retain_acked_messages": false,
            "retry_policy": [
              {
                "maximum_backoff": "600s",
                "minimum_backoff": "10s"
              }
            ],
            "terraform_labels": {
              "goog-terraform-provisioned": "true"
            },
            "timeouts": null,
            "topic": "projects/webcrawler-450417/topics/url"
          },
          "sensitive_attributes": [],
          "identity_schema_version": 0,
          "private": "eyJlMmJmYjczMC1lY2FhLTExZTYtOGY4OC0zNDM2M2JjN2M0YzAiOnsiY3JlYXRlIjoxMjAwMDAwMDAwMDAwLCJkZWxldGUiOjEyMDAwMDAwMDAwMDAsInVwZGF0ZSI6MTIwMDAwMDAwMDAwMH19",
          "dependencies": [
            "google_service_account.cloud_run_sa",
            "google_service_account.pubsub_sa",
            "google_storage_bucket.looksee_data",
            "module.neo4j_db.google_compute_firewall.neo4j-internal",
            "module.neo4j_db.google_compute_instance.neo4j",
            "module.neo4j_db.google_iap_tunnel_instance_iam_member.ssh",
            "module.neo4j_db.google_project_iam_member.neo4j_iap_tunnel_user",
            "module.neo4j_db.google_project_iam_member.neo4j_logging",
            "module.neo4j_db.google_project_iam_member.neo4j_monitoring",
            "module.neo4j_db.google_project_iam_member.neo4j_storage_viewer",
            "module.neo4j_db.google_secret_manager_secret.neo4j_bolt_uri",
            "module.neo4j_db.google_secret_manager_secret_iam_member.neo4j_bolt_uri_secret_accessor",
            "module.neo4j_db.google_secret_manager_secret_version.neo4j_bolt_uri_version",
            "module.neo4j_db.google_service_account.neo4j_instance_sa",
            "module.page_builder_cloud_run.google_cloud_run_service.service",
            "module.pubsub_topics.google_pubsub_topic.audit_error_topic",
            "module.pubsub_topics.google_pubsub_topic.journey_verified_topic",
            "module.pubsub_topics.google_pubsub_topic.page_audit_topic",
            "module.pubsub_topics.google_pubsub_topic.page_created_topic",
            "module.pubsub_topics.google_pubsub_topic.url_topic",
            "module.secrets.google_secret_manager_secret.neo4j_db_name",
            "module.secrets.google_secret_manager_secret.neo4j_password",
            "module.secrets.google_secret_manager_secret.neo4j_username",
            "module.secrets.google_secret_manager_secret.selenium_urls",
            "module.selenium_chrome_cloud_run.google_cloud_run_service.selenium_standalone_chrome",
            "module.vpc.google_compute_network.vpc",
            "module.vpc.google_compute_subnetwork.custom_subnet",
            "module.vpc.google_vpc_access_connector.connector"
          ]
        }
      ]
    },
    {
      "module": "module.pubsub_topics",
      "mode": "managed",
      "type": "google_pubsub_topic",
      "name": "audit_error_topic",
      "provider": "provider[\"registry.terraform.io/hashicorp/google\"]",
      "instances": [
        {
          "schema_version": 0,
          "attributes": {
            "effective_labels": {
              "environment": "dev",
              "goog-terraform-provisioned": "true"
            },
            "id": "projects/webcrawler-450417/topics/audit_error",
            "ingestion_data_source_settings": [],
            "kms_key_name": "",
            "labels": {
              "environment": "dev"
            },
            "message_retention_duration": "",
            "message_storage_policy": [
              {
                "allowed_persistence_regions": [
                  "us-central1"
                ],
                "enforce_in_transit": false
              }
            ],
            "message_transforms": [],
            "name": "audit_error",
            "project": "webcrawler-450417",
            "schema_settings": [],
            "terraform_labels": {
              "environment": "dev",
              "goog-terraform-provisioned": "true"
            },
            "timeouts": null
          },
          "sensitive_attributes": [],
          "identity_schema_version": 0,
          "private": "eyJlMmJmYjczMC1lY2FhLTExZTYtOGY4OC0zNDM2M2JjN2M0YzAiOnsiY3JlYXRlIjoxMjAwMDAwMDAwMDAwLCJkZWxldGUiOjEyMDAwMDAwMDAwMDAsInVwZGF0ZSI6MTIwMDAwMDAwMDAwMH19"
        }
      ]
    },
    {
      "module": "module.pubsub_topics",
      "mode": "managed",
      "type": "google_pubsub_topic",
      "name": "audit_update_topic",
      "provider": "provider[\"registry.terraform.io/hashicorp/google\"]",
      "instances": [
        {
          "schema_version": 0,
          "attributes": {
            "effective_labels": {
              "environment": "dev",
              "goog-terraform-provisioned": "true"
            },
            "id": "projects/webcrawler-450417/topics/audit_update",
            "ingestion_data_source_settings": [],
            "kms_key_name": "",
            "labels": {
              "environment": "dev"
            },
            "message_retention_duration": "",
            "message_storage_policy": [
              {
                "allowed_persistence_regions": [
                  "us-central1"
                ],
                "enforce_in_transit": false
              }
            ],
            "message_transforms": [],
            "name": "audit_update",
            "project": "webcrawler-450417",
            "schema_settings": [],
            "terraform_labels": {
              "environment": "dev",
              "goog-terraform-provisioned": "true"
            },
            "timeouts": null
          },
          "sensitive_attributes": [],
          "identity_schema_version": 0,
          "private": "eyJlMmJmYjczMC1lY2FhLTExZTYtOGY4OC0zNDM2M2JjN2M0YzAiOnsiY3JlYXRlIjoxMjAwMDAwMDAwMDAwLCJkZWxldGUiOjEyMDAwMDAwMDAwMDAsInVwZGF0ZSI6MTIwMDAwMDAwMDAwMH19"
        }
      ]
    },
    {
      "module": "module.pubsub_topics",
      "mode": "managed",
      "type": "google_pubsub_topic",
      "name": "journey_candidate_topic",
      "provider": "provider[\"registry.terraform.io/hashicorp/google\"]",
      "instances": [
        {
          "schema_version": 0,
          "attributes": {
            "effective_labels": {
              "environment": "dev",
              "goog-terraform-provisioned": "true"
            },
            "id": "projects/webcrawler-450417/topics/journey_candidate",
            "ingestion_data_source_settings": [],
            "kms_key_name": "",
            "labels": {
              "environment": "dev"
            },
            "message_retention_duration": "",
            "message_storage_policy": [
              {
                "allowed_persistence_regions": [
                  "us-central1"
                ],
                "enforce_in_transit": false
              }
            ],
            "message_transforms": [],
            "name": "journey_candidate",
            "project": "webcrawler-450417",
            "schema_settings": [],
            "terraform_labels": {
              "environment": "dev",
              "goog-terraform-provisioned": "true"
            },
            "timeouts": null
          },
          "sensitive_attributes": [],
          "identity_schema_version": 0,
          "private": "eyJlMmJmYjczMC1lY2FhLTExZTYtOGY4OC0zNDM2M2JjN2M0YzAiOnsiY3JlYXRlIjoxMjAwMDAwMDAwMDAwLCJkZWxldGUiOjEyMDAwMDAwMDAwMDAsInVwZGF0ZSI6MTIwMDAwMDAwMDAwMH19"
        }
      ]
    },
    {
      "module": "module.pubsub_topics",
      "mode": "managed",
      "type": "google_pubsub_topic",
      "name": "journey_completion_cleanup_topic",
      "provider": "provider[\"registry.terraform.io/hashicorp/google\"]",
      "instances": [
        {
          "schema_version": 0,
          "attributes": {
            "effective_labels": {
              "environment": "dev",
              "goog-terraform-provisioned": "true"
            },
            "id": "projects/webcrawler-450417/topics/journey_completion_cleanup",
            "ingestion_data_source_settings": [],
            "kms_key_name": "",
            "labels": {
              "environment": "dev"
            },
            "message_retention_duration": "",
            "message_storage_policy": [
              {
                "allowed_persistence_regions": [
                  "us-central1"
                ],
                "enforce_in_transit": false
              }
            ],
            "message_transforms": [],
            "name": "journey_completion_cleanup",
            "project": "webcrawler-450417",
            "schema_settings": [],
            "terraform_labels": {
              "environment": "dev",
              "goog-terraform-provisioned": "true"
            },
            "timeouts": null
          },
          "sensitive_attributes": [],
          "identity_schema_version": 0,
          "private": "eyJlMmJmYjczMC1lY2FhLTExZTYtOGY4OC0zNDM2M2JjN2M0YzAiOnsiY3JlYXRlIjoxMjAwMDAwMDAwMDAwLCJkZWxldGUiOjEyMDAwMDAwMDAwMDAsInVwZGF0ZSI6MTIwMDAwMDAwMDAwMH19"
        }
      ]
    },
    {
      "module": "module.pubsub_topics",
      "mode": "managed",
      "type": "google_pubsub_topic",
      "name": "journey_discarded_topic",
      "provider": "provider[\"registry.terraform.io/hashicorp/google\"]",
      "instances": [
        {
          "schema_version": 0,
          "attributes": {
            "effective_labels": {
              "environment": "dev",
              "goog-terraform-provisioned": "true"
            },
            "id": "projects/webcrawler-450417/topics/journey_discarded",
            "ingestion_data_source_settings": [],
            "kms_key_name": "",
            "labels": {
              "environment": "dev"
            },
            "message_retention_duration": "",
            "message_storage_policy": [
              {
                "allowed_persistence_regions": [
                  "us-central1"
                ],
                "enforce_in_transit": false
              }
            ],
            "message_transforms": [],
            "name": "journey_discarded",
            "project": "webcrawler-450417",
            "schema_settings": [],
            "terraform_labels": {
              "environment": "dev",
              "goog-terraform-provisioned": "true"
            },
            "timeouts": null
          },
          "sensitive_attributes": [],
          "identity_schema_version": 0,
          "private": "eyJlMmJmYjczMC1lY2FhLTExZTYtOGY4OC0zNDM2M2JjN2M0YzAiOnsiY3JlYXRlIjoxMjAwMDAwMDAwMDAwLCJkZWxldGUiOjEyMDAwMDAwMDAwMDAsInVwZGF0ZSI6MTIwMDAwMDAwMDAwMH19"
        }
      ]
    },
    {
      "module": "module.pubsub_topics",
      "mode": "managed",
      "type": "google_pubsub_topic",
      "name": "journey_verified_topic",
      "provider": "provider[\"registry.terraform.io/hashicorp/google\"]",
      "instances": [
        {
          "schema_version": 0,
          "attributes": {
            "effective_labels": {
              "environment": "dev",
              "goog-terraform-provisioned": "true"
            },
            "id": "projects/webcrawler-450417/topics/journey_verified",
            "ingestion_data_source_settings": [],
            "kms_key_name": "",
            "labels": {
              "environment": "dev"
            },
            "message_retention_duration": "",
            "message_storage_policy": [
              {
                "allowed_persistence_regions": [
                  "us-central1"
                ],
                "enforce_in_transit": false
              }
            ],
            "message_transforms": [],
            "name": "journey_verified",
            "project": "webcrawler-450417",
            "schema_settings": [],
            "terraform_labels": {
              "environment": "dev",
              "goog-terraform-provisioned": "true"
            },
            "timeouts": null
          },
          "sensitive_attributes": [],
          "identity_schema_version": 0,
          "private": "eyJlMmJmYjczMC1lY2FhLTExZTYtOGY4OC0zNDM2M2JjN2M0YzAiOnsiY3JlYXRlIjoxMjAwMDAwMDAwMDAwLCJkZWxldGUiOjEyMDAwMDAwMDAwMDAsInVwZGF0ZSI6MTIwMDAwMDAwMDAwMH19"
        }
      ]
    },
    {
      "module": "module.pubsub_topics",
      "mode": "managed",
      "type": "google_pubsub_topic",
      "name": "page_audit_topic",
      "provider": "provider[\"registry.terraform.io/hashicorp/google\"]",
      "instances": [
        {
          "schema_version": 0,
          "attributes": {
            "effective_labels": {
              "environment": "dev",
              "goog-terraform-provisioned": "true"
            },
            "id": "projects/webcrawler-450417/topics/page_audit",
            "ingestion_data_source_settings": [],
            "kms_key_name": "",
            "labels": {
              "environment": "dev"
            },
            "message_retention_duration": "",
            "message_storage_policy": [
              {
                "allowed_persistence_regions": [
                  "us-central1"
                ],
                "enforce_in_transit": false
              }
            ],
            "message_transforms": [],
            "name": "page_audit",
            "project": "webcrawler-450417",
            "schema_settings": [],
            "terraform_labels": {
              "environment": "dev",
              "goog-terraform-provisioned": "true"
            },
            "timeouts": null
          },
          "sensitive_attributes": [],
          "identity_schema_version": 0,
          "private": "eyJlMmJmYjczMC1lY2FhLTExZTYtOGY4OC0zNDM2M2JjN2M0YzAiOnsiY3JlYXRlIjoxMjAwMDAwMDAwMDAwLCJkZWxldGUiOjEyMDAwMDAwMDAwMDAsInVwZGF0ZSI6MTIwMDAwMDAwMDAwMH19"
        }
      ]
    },
    {
      "module": "module.pubsub_topics",
      "mode": "managed",
      "type": "google_pubsub_topic",
      "name": "page_created_topic",
      "provider": "provider[\"registry.terraform.io/hashicorp/google\"]",
      "instances": [
        {
          "schema_version": 0,
          "attributes": {
            "effective_labels": {
              "environment": "dev",
              "goog-terraform-provisioned": "true"
            },
            "id": "projects/webcrawler-450417/topics/page_created",
            "ingestion_data_source_settings": [],
            "kms_key_name": "",
            "labels": {
              "environment": "dev"
            },
            "message_retention_duration": "",
            "message_storage_policy": [
              {
                "allowed_persistence_regions": [
                  "us-central1"
                ],
                "enforce_in_transit": false
              }
            ],
            "message_transforms": [],
            "name": "page_created",
            "project": "webcrawler-450417",
            "schema_settings": [],
            "terraform_labels": {
              "environment": "dev",
              "goog-terraform-provisioned": "true"
            },
            "timeouts": null
          },
          "sensitive_attributes": [],
          "identity_schema_version": 0,
          "private": "eyJlMmJmYjczMC1lY2FhLTExZTYtOGY4OC0zNDM2M2JjN2M0YzAiOnsiY3JlYXRlIjoxMjAwMDAwMDAwMDAwLCJkZWxldGUiOjEyMDAwMDAwMDAwMDAsInVwZGF0ZSI6MTIwMDAwMDAwMDAwMH19"
        }
      ]
    },
    {
      "module": "module.pubsub_topics",
      "mode": "managed",
      "type": "google_pubsub_topic",
      "name": "url_topic",
      "provider": "provider[\"registry.terraform.io/hashicorp/google\"]",
      "instances": [
        {
          "schema_version": 0,
          "attributes": {
            "effective_labels": {
              "environment": "dev",
              "goog-terraform-provisioned": "true"
            },
            "id": "projects/webcrawler-450417/topics/url",
            "ingestion_data_source_settings": [],
            "kms_key_name": "",
            "labels": {
              "environment": "dev"
            },
            "message_retention_duration": "",
            "message_storage_policy": [
              {
                "allowed_persistence_regions": [
                  "us-central1"
                ],
                "enforce_in_transit": false
              }
            ],
            "message_transforms": [],
            "name": "url",
            "project": "webcrawler-450417",
            "schema_settings": [],
            "terraform_labels": {
              "environment": "dev",
              "goog-terraform-provisioned": "true"
            },
            "timeouts": null
          },
          "sensitive_attributes": [],
          "identity_schema_version": 0,
          "private": "eyJlMmJmYjczMC1lY2FhLTExZTYtOGY4OC0zNDM2M2JjN2M0YzAiOnsiY3JlYXRlIjoxMjAwMDAwMDAwMDAwLCJkZWxldGUiOjEyMDAwMDAwMDAwMDAsInVwZGF0ZSI6MTIwMDAwMDAwMDAwMH19"
        }
      ]
    },
    {
      "module": "module.pubsub_topics",
      "mode": "managed",
      "type": "google_pubsub_topic_iam_binding",
      "name": "audit_error_topic_publisher",
      "provider": "provider[\"registry.terraform.io/hashicorp/google\"]",
      "instances": [
        {
          "schema_version": 0,
          "attributes": {
            "condition": [],
            "etag": "BwY6eznx3FE=",
            "id": "projects/webcrawler-450417/topics/audit_error/roles/pubsub.publisher",
            "members": [
              "serviceAccount:pubsub-sa@webcrawler-450417.iam.gserviceaccount.com"
            ],
            "project": "webcrawler-450417",
            "role": "roles/pubsub.publisher",
            "topic": "projects/webcrawler-450417/topics/audit_error"
          },
          "sensitive_attributes": [],
          "identity_schema_version": 0,
          "private": "bnVsbA==",
          "dependencies": [
            "google_service_account.pubsub_sa",
            "module.pubsub_topics.google_pubsub_topic.audit_error_topic"
          ]
        }
      ]
    },
    {
      "module": "module.pubsub_topics",
      "mode": "managed",
      "type": "google_pubsub_topic_iam_binding",
      "name": "audit_update_topic_publisher",
      "provider": "provider[\"registry.terraform.io/hashicorp/google\"]",
      "instances": [
        {
          "schema_version": 0,
          "attributes": {
            "condition": [],
            "etag": "BwY6ezn4ZfU=",
            "id": "projects/webcrawler-450417/topics/audit_update/roles/pubsub.publisher",
            "members": [
              "serviceAccount:pubsub-sa@webcrawler-450417.iam.gserviceaccount.com"
            ],
            "project": "webcrawler-450417",
            "role": "roles/pubsub.publisher",
            "topic": "projects/webcrawler-450417/topics/audit_update"
          },
          "sensitive_attributes": [],
          "identity_schema_version": 0,
          "private": "bnVsbA==",
          "dependencies": [
            "google_service_account.pubsub_sa",
            "module.pubsub_topics.google_pubsub_topic.audit_update_topic"
          ]
        }
      ]
    },
    {
      "module": "module.pubsub_topics",
      "mode": "managed",
      "type": "google_pubsub_topic_iam_binding",
      "name": "journey_candidate_topic_publisher",
      "provider": "provider[\"registry.terraform.io/hashicorp/google\"]",
      "instances": [
        {
          "schema_version": 0,
          "attributes": {
            "condition": [],
            "etag": "BwY6ezn2u/0=",
            "id": "projects/webcrawler-450417/topics/journey_candidate/roles/pubsub.publisher",
            "members": [
              "serviceAccount:pubsub-sa@webcrawler-450417.iam.gserviceaccount.com"
            ],
            "project": "webcrawler-450417",
            "role": "roles/pubsub.publisher",
            "topic": "projects/webcrawler-450417/topics/journey_candidate"
          },
          "sensitive_attributes": [],
          "identity_schema_version": 0,
          "private": "bnVsbA==",
          "dependencies": [
            "google_service_account.pubsub_sa",
            "module.pubsub_topics.google_pubsub_topic.journey_candidate_topic"
          ]
        }
      ]
    },
    {
      "module": "module.pubsub_topics",
      "mode": "managed",
      "type": "google_pubsub_topic_iam_binding",
      "name": "journey_completion_cleanup_topic_publisher",
      "provider": "provider[\"registry.terraform.io/hashicorp/google\"]",
      "instances": [
        {
          "schema_version": 0,
          "attributes": {
            "condition": [],
            "etag": "BwY6ezo7AXk=",
            "id": "projects/webcrawler-450417/topics/journey_completion_cleanup/roles/pubsub.publisher",
            "members": [
              "serviceAccount:pubsub-sa@webcrawler-450417.iam.gserviceaccount.com"
            ],
            "project": "webcrawler-450417",
            "role": "roles/pubsub.publisher",
            "topic": "projects/webcrawler-450417/topics/journey_completion_cleanup"
          },
          "sensitive_attributes": [],
          "identity_schema_version": 0,
          "private": "bnVsbA==",
          "dependencies": [
            "google_service_account.pubsub_sa",
            "module.pubsub_topics.google_pubsub_topic.journey_completion_cleanup_topic"
          ]
        }
      ]
    },
    {
      "module": "module.pubsub_topics",
      "mode": "managed",
      "type": "google_pubsub_topic_iam_binding",
      "name": "journey_discarded_topic_publisher",
      "provider": "provider[\"registry.terraform.io/hashicorp/google\"]",
      "instances": [
        {
          "schema_version": 0,
          "attributes": {
            "condition": [],
            "etag": "BwY6ezoZkd4=",
            "id": "projects/webcrawler-450417/topics/journey_discarded/roles/pubsub.publisher",
            "members": [
              "serviceAccount:pubsub-sa@webcrawler-450417.iam.gserviceaccount.com"
            ],
            "project": "webcrawler-450417",
            "role": "roles/pubsub.publisher",
            "topic": "projects/webcrawler-450417/topics/journey_discarded"
          },
          "sensitive_attributes": [],
          "identity_schema_version": 0,
          "private": "bnVsbA==",
          "dependencies": [
            "google_service_account.pubsub_sa",
            "module.pubsub_topics.google_pubsub_topic.journey_discarded_topic"
          ]
        }
      ]
    },
    {
      "module": "module.pubsub_topics",
      "mode": "managed",
      "type": "google_pubsub_topic_iam_binding",
      "name": "journey_verified_topic_publisher",
      "provider": "provider[\"registry.terraform.io/hashicorp/google\"]",
      "instances": [
        {
          "schema_version": 0,
          "attributes": {
            "condition": [],
            "etag": "BwY6eznx9TQ=",
            "id": "projects/webcrawler-450417/topics/journey_verified/roles/pubsub.publisher",
            "members": [
              "serviceAccount:pubsub-sa@webcrawler-450417.iam.gserviceaccount.com"
            ],
            "project": "webcrawler-450417",
            "role": "roles/pubsub.publisher",
            "topic": "projects/webcrawler-450417/topics/journey_verified"
          },
          "sensitive_attributes": [],
          "identity_schema_version": 0,
          "private": "bnVsbA==",
          "dependencies": [
            "google_service_account.pubsub_sa",
            "module.pubsub_topics.google_pubsub_topic.journey_verified_topic"
          ]
        }
      ]
    },
    {
      "module": "module.pubsub_topics",
      "mode": "managed",
      "type": "google_pubsub_topic_iam_binding",
      "name": "page_audit_topic_publisher",
      "provider": "provider[\"registry.terraform.io/hashicorp/google\"]",
      "instances": [
        {
          "schema_version": 0,
          "attributes": {
            "condition": [],
            "etag": "BwY6ezo1RDY=",
            "id": "projects/webcrawler-450417/topics/page_audit/roles/pubsub.publisher",
            "members": [
              "serviceAccount:pubsub-sa@webcrawler-450417.iam.gserviceaccount.com"
            ],
            "project": "webcrawler-450417",
            "role": "roles/pubsub.publisher",
            "topic": "projects/webcrawler-450417/topics/page_audit"
          },
          "sensitive_attributes": [],
          "identity_schema_version": 0,
          "private": "bnVsbA==",
          "dependencies": [
            "google_service_account.pubsub_sa",
            "module.pubsub_topics.google_pubsub_topic.page_audit_topic"
          ]
        }
      ]
    },
    {
      "module": "module.pubsub_topics",
      "mode": "managed",
      "type": "google_pubsub_topic_iam_binding",
      "name": "page_created_topic_publisher",
      "provider": "provider[\"registry.terraform.io/hashicorp/google\"]",
      "instances": [
        {
          "schema_version": 0,
          "attributes": {
            "condition": [],
            "etag": "BwY6eznTRxA=",
            "id": "projects/webcrawler-450417/topics/page_created/roles/pubsub.publisher",
            "members": [
              "serviceAccount:pubsub-sa@webcrawler-450417.iam.gserviceaccount.com"
            ],
            "project": "webcrawler-450417",
            "role": "roles/pubsub.publisher",
            "topic": "projects/webcrawler-450417/topics/page_created"
          },
          "sensitive_attributes": [],
          "identity_schema_version": 0,
          "private": "bnVsbA==",
          "dependencies": [
            "google_service_account.pubsub_sa",
            "module.pubsub_topics.google_pubsub_topic.page_created_topic"
          ]
        }
      ]
    },
    {
      "module": "module.pubsub_topics",
      "mode": "managed",
      "type": "google_pubsub_topic_iam_binding",
      "name": "url_topic_publisher",
      "provider": "provider[\"registry.terraform.io/hashicorp/google\"]",
      "instances": [
        {
          "schema_version": 0,
          "attributes": {
            "condition": [],
            "etag": "BwY6eznviOc=",
            "id": "projects/webcrawler-450417/topics/url/roles/pubsub.publisher",
            "members": [
              "serviceAccount:pubsub-sa@webcrawler-450417.iam.gserviceaccount.com"
            ],
            "project": "webcrawler-450417",
            "role": "roles/pubsub.publisher",
            "topic": "projects/webcrawler-450417/topics/url"
          },
          "sensitive_attributes": [],
          "identity_schema_version": 0,
          "private": "bnVsbA==",
          "dependencies": [
            "google_service_account.pubsub_sa",
            "module.pubsub_topics.google_pubsub_topic.url_topic"
          ]
        }
      ]
    },
    {
      "module": "module.secrets",
      "mode": "managed",
      "type": "google_secret_manager_secret",
      "name": "auth0_audience",
      "provider": "provider[\"registry.terraform.io/hashicorp/google\"]",
      "instances": [
        {
          "schema_version": 0,
          "attributes": {
            "annotations": {},
            "create_time": "2025-07-22T02:20:41.400450Z",
            "deletion_protection": false,
            "effective_annotations": {},
            "effective_labels": {
              "environment": "dev",
              "goog-terraform-provisioned": "true"
            },
            "expire_time": "",
            "id": "projects/webcrawler-450417/secrets/auth0-audience",
            "labels": {
              "environment": "dev"
            },
            "name": "projects/673367928406/secrets/auth0-audience",
            "project": "webcrawler-450417",
            "replication": [
              {
                "auto": [
                  {
                    "customer_managed_encryption": []
                  }
                ],
                "user_managed": []
              }
            ],
            "rotation": [],
            "secret_id": "auth0-audience",
            "terraform_labels": {
              "environment": "dev",
              "goog-terraform-provisioned": "true"
            },
            "timeouts": null,
            "topics": [],
            "ttl": null,
            "version_aliases": {},
            "version_destroy_ttl": ""
          },
          "sensitive_attributes": [],
          "identity_schema_version": 0,
          "private": "eyJlMmJmYjczMC1lY2FhLTExZTYtOGY4OC0zNDM2M2JjN2M0YzAiOnsiY3JlYXRlIjoxMjAwMDAwMDAwMDAwLCJkZWxldGUiOjEyMDAwMDAwMDAwMDAsInVwZGF0ZSI6MTIwMDAwMDAwMDAwMH19",
          "dependencies": [
            "google_service_account.cloud_run_sa",
            "module.neo4j_db.google_compute_firewall.neo4j-internal",
            "module.neo4j_db.google_compute_instance.neo4j",
            "module.neo4j_db.google_iap_tunnel_instance_iam_member.ssh",
            "module.neo4j_db.google_project_iam_member.neo4j_iap_tunnel_user",
            "module.neo4j_db.google_project_iam_member.neo4j_logging",
            "module.neo4j_db.google_project_iam_member.neo4j_monitoring",
            "module.neo4j_db.google_project_iam_member.neo4j_storage_viewer",
            "module.neo4j_db.google_secret_manager_secret.neo4j_bolt_uri",
            "module.neo4j_db.google_secret_manager_secret_iam_member.neo4j_bolt_uri_secret_accessor",
            "module.neo4j_db.google_secret_manager_secret_version.neo4j_bolt_uri_version",
            "module.neo4j_db.google_service_account.neo4j_instance_sa",
            "module.selenium_chrome_cloud_run.google_cloud_run_service.selenium_standalone_chrome",
            "module.vpc.google_compute_network.vpc",
            "module.vpc.google_compute_subnetwork.custom_subnet"
          ]
        }
      ]
    },
    {
      "module": "module.secrets",
      "mode": "managed",
      "type": "google_secret_manager_secret",
      "name": "auth0_client_id",
      "provider": "provider[\"registry.terraform.io/hashicorp/google\"]",
      "instances": [
        {
          "schema_version": 0,
          "attributes": {
            "annotations": {},
            "create_time": "2025-07-22T02:20:40.934197Z",
            "deletion_protection": false,
            "effective_annotations": {},
            "effective_labels": {
              "environment": "dev",
              "goog-terraform-provisioned": "true"
            },
            "expire_time": "",
            "id": "projects/webcrawler-450417/secrets/auth0-client-id",
            "labels": {
              "environment": "dev"
            },
            "name": "projects/673367928406/secrets/auth0-client-id",
            "project": "webcrawler-450417",
            "replication": [
              {
                "auto": [
                  {
                    "customer_managed_encryption": []
                  }
                ],
                "user_managed": []
              }
            ],
            "rotation": [],
            "secret_id": "auth0-client-id",
            "terraform_labels": {
              "environment": "dev",
              "goog-terraform-provisioned": "true"
            },
            "timeouts": null,
            "topics": [],
            "ttl": null,
            "version_aliases": {},
            "version_destroy_ttl": ""
          },
          "sensitive_attributes": [],
          "identity_schema_version": 0,
          "private": "eyJlMmJmYjczMC1lY2FhLTExZTYtOGY4OC0zNDM2M2JjN2M0YzAiOnsiY3JlYXRlIjoxMjAwMDAwMDAwMDAwLCJkZWxldGUiOjEyMDAwMDAwMDAwMDAsInVwZGF0ZSI6MTIwMDAwMDAwMDAwMH19",
          "dependencies": [
            "google_service_account.cloud_run_sa",
            "module.neo4j_db.google_compute_firewall.neo4j-internal",
            "module.neo4j_db.google_compute_instance.neo4j",
            "module.neo4j_db.google_iap_tunnel_instance_iam_member.ssh",
            "module.neo4j_db.google_project_iam_member.neo4j_iap_tunnel_user",
            "module.neo4j_db.google_project_iam_member.neo4j_logging",
            "module.neo4j_db.google_project_iam_member.neo4j_monitoring",
            "module.neo4j_db.google_project_iam_member.neo4j_storage_viewer",
            "module.neo4j_db.google_secret_manager_secret.neo4j_bolt_uri",
            "module.neo4j_db.google_secret_manager_secret_iam_member.neo4j_bolt_uri_secret_accessor",
            "module.neo4j_db.google_secret_manager_secret_version.neo4j_bolt_uri_version",
            "module.neo4j_db.google_service_account.neo4j_instance_sa",
            "module.selenium_chrome_cloud_run.google_cloud_run_service.selenium_standalone_chrome",
            "module.vpc.google_compute_network.vpc",
            "module.vpc.google_compute_subnetwork.custom_subnet"
          ]
        }
      ]
    },
    {
      "module": "module.secrets",
      "mode": "managed",
      "type": "google_secret_manager_secret",
      "name": "auth0_client_secret",
      "provider": "provider[\"registry.terraform.io/hashicorp/google\"]",
      "instances": [
        {
          "schema_version": 0,
          "attributes": {
            "annotations": {},
            "create_time": "2025-07-22T02:20:40.974553Z",
            "deletion_protection": false,
            "effective_annotations": {},
            "effective_labels": {
              "environment": "dev",
              "goog-terraform-provisioned": "true"
            },
            "expire_time": "",
            "id": "projects/webcrawler-450417/secrets/auth0-client-secret",
            "labels": {
              "environment": "dev"
            },
            "name": "projects/673367928406/secrets/auth0-client-secret",
            "project": "webcrawler-450417",
            "replication": [
              {
                "auto": [
                  {
                    "customer_managed_encryption": []
                  }
                ],
                "user_managed": []
              }
            ],
            "rotation": [],
            "secret_id": "auth0-client-secret",
            "terraform_labels": {
              "environment": "dev",
              "goog-terraform-provisioned": "true"
            },
            "timeouts": null,
            "topics": [],
            "ttl": null,
            "version_aliases": {},
            "version_destroy_ttl": ""
          },
          "sensitive_attributes": [],
          "identity_schema_version": 0,
          "private": "eyJlMmJmYjczMC1lY2FhLTExZTYtOGY4OC0zNDM2M2JjN2M0YzAiOnsiY3JlYXRlIjoxMjAwMDAwMDAwMDAwLCJkZWxldGUiOjEyMDAwMDAwMDAwMDAsInVwZGF0ZSI6MTIwMDAwMDAwMDAwMH19",
          "dependencies": [
            "google_service_account.cloud_run_sa",
            "module.neo4j_db.google_compute_firewall.neo4j-internal",
            "module.neo4j_db.google_compute_instance.neo4j",
            "module.neo4j_db.google_iap_tunnel_instance_iam_member.ssh",
            "module.neo4j_db.google_project_iam_member.neo4j_iap_tunnel_user",
            "module.neo4j_db.google_project_iam_member.neo4j_logging",
            "module.neo4j_db.google_project_iam_member.neo4j_monitoring",
            "module.neo4j_db.google_project_iam_member.neo4j_storage_viewer",
            "module.neo4j_db.google_secret_manager_secret.neo4j_bolt_uri",
            "module.neo4j_db.google_secret_manager_secret_iam_member.neo4j_bolt_uri_secret_accessor",
            "module.neo4j_db.google_secret_manager_secret_version.neo4j_bolt_uri_version",
            "module.neo4j_db.google_service_account.neo4j_instance_sa",
            "module.selenium_chrome_cloud_run.google_cloud_run_service.selenium_standalone_chrome",
            "module.vpc.google_compute_network.vpc",
            "module.vpc.google_compute_subnetwork.custom_subnet"
          ]
        }
      ]
    },
    {
      "module": "module.secrets",
      "mode": "managed",
      "type": "google_secret_manager_secret",
      "name": "auth0_domain",
      "provider": "provider[\"registry.terraform.io/hashicorp/google\"]",
      "instances": [
        {
          "schema_version": 0,
          "attributes": {
            "annotations": {},
            "create_time": "2025-07-22T02:20:40.958690Z",
            "deletion_protection": false,
            "effective_annotations": {},
            "effective_labels": {
              "environment": "dev",
              "goog-terraform-provisioned": "true"
            },
            "expire_time": "",
            "id": "projects/webcrawler-450417/secrets/auth0-domain",
            "labels": {
              "environment": "dev"
            },
            "name": "projects/673367928406/secrets/auth0-domain",
            "project": "webcrawler-450417",
            "replication": [
              {
                "auto": [
                  {
                    "customer_managed_encryption": []
                  }
                ],
                "user_managed": []
              }
            ],
            "rotation": [],
            "secret_id": "auth0-domain",
            "terraform_labels": {
              "environment": "dev",
              "goog-terraform-provisioned": "true"
            },
            "timeouts": null,
            "topics": [],
            "ttl": null,
            "version_aliases": {},
            "version_destroy_ttl": ""
          },
          "sensitive_attributes": [],
          "identity_schema_version": 0,
          "private": "eyJlMmJmYjczMC1lY2FhLTExZTYtOGY4OC0zNDM2M2JjN2M0YzAiOnsiY3JlYXRlIjoxMjAwMDAwMDAwMDAwLCJkZWxldGUiOjEyMDAwMDAwMDAwMDAsInVwZGF0ZSI6MTIwMDAwMDAwMDAwMH19",
          "dependencies": [
            "google_service_account.cloud_run_sa",
            "module.neo4j_db.google_compute_firewall.neo4j-internal",
            "module.neo4j_db.google_compute_instance.neo4j",
            "module.neo4j_db.google_iap_tunnel_instance_iam_member.ssh",
            "module.neo4j_db.google_project_iam_member.neo4j_iap_tunnel_user",
            "module.neo4j_db.google_project_iam_member.neo4j_logging",
            "module.neo4j_db.google_project_iam_member.neo4j_monitoring",
            "module.neo4j_db.google_project_iam_member.neo4j_storage_viewer",
            "module.neo4j_db.google_secret_manager_secret.neo4j_bolt_uri",
            "module.neo4j_db.google_secret_manager_secret_iam_member.neo4j_bolt_uri_secret_accessor",
            "module.neo4j_db.google_secret_manager_secret_version.neo4j_bolt_uri_version",
            "module.neo4j_db.google_service_account.neo4j_instance_sa",
            "module.selenium_chrome_cloud_run.google_cloud_run_service.selenium_standalone_chrome",
            "module.vpc.google_compute_network.vpc",
            "module.vpc.google_compute_subnetwork.custom_subnet"
          ]
        }
      ]
    },
    {
      "module": "module.secrets",
      "mode": "managed",
      "type": "google_secret_manager_secret",
      "name": "auth0_management_api_audience",
      "provider": "provider[\"registry.terraform.io/hashicorp/google\"]",
      "instances": [
        {
          "schema_version": 0,
          "attributes": {
            "annotations": {},
            "create_time": "2025-07-22T02:20:41.486217Z",
            "deletion_protection": false,
            "effective_annotations": {},
            "effective_labels": {
              "environment": "dev",
              "goog-terraform-provisioned": "true"
            },
            "expire_time": "",
            "id": "projects/webcrawler-450417/secrets/auth0-management-api-audience",
            "labels": {
              "environment": "dev"
            },
            "name": "projects/673367928406/secrets/auth0-management-api-audience",
            "project": "webcrawler-450417",
            "replication": [
              {
                "auto": [
                  {
                    "customer_managed_encryption": []
                  }
                ],
                "user_managed": []
              }
            ],
            "rotation": [],
            "secret_id": "auth0-management-api-audience",
            "terraform_labels": {
              "environment": "dev",
              "goog-terraform-provisioned": "true"
            },
            "timeouts": null,
            "topics": [],
            "ttl": null,
            "version_aliases": {},
            "version_destroy_ttl": ""
          },
          "sensitive_attributes": [],
          "identity_schema_version": 0,
          "private": "eyJlMmJmYjczMC1lY2FhLTExZTYtOGY4OC0zNDM2M2JjN2M0YzAiOnsiY3JlYXRlIjoxMjAwMDAwMDAwMDAwLCJkZWxldGUiOjEyMDAwMDAwMDAwMDAsInVwZGF0ZSI6MTIwMDAwMDAwMDAwMH19",
          "dependencies": [
            "google_service_account.cloud_run_sa",
            "module.neo4j_db.google_compute_firewall.neo4j-internal",
            "module.neo4j_db.google_compute_instance.neo4j",
            "module.neo4j_db.google_iap_tunnel_instance_iam_member.ssh",
            "module.neo4j_db.google_project_iam_member.neo4j_iap_tunnel_user",
            "module.neo4j_db.google_project_iam_member.neo4j_logging",
            "module.neo4j_db.google_project_iam_member.neo4j_monitoring",
            "module.neo4j_db.google_project_iam_member.neo4j_storage_viewer",
            "module.neo4j_db.google_secret_manager_secret.neo4j_bolt_uri",
            "module.neo4j_db.google_secret_manager_secret_iam_member.neo4j_bolt_uri_secret_accessor",
            "module.neo4j_db.google_secret_manager_secret_version.neo4j_bolt_uri_version",
            "module.neo4j_db.google_service_account.neo4j_instance_sa",
            "module.selenium_chrome_cloud_run.google_cloud_run_service.selenium_standalone_chrome",
            "module.vpc.google_compute_network.vpc",
            "module.vpc.google_compute_subnetwork.custom_subnet"
          ]
        }
      ]
    },
    {
      "module": "module.secrets",
      "mode": "managed",
      "type": "google_secret_manager_secret",
      "name": "auth0_management_api_client_id",
      "provider": "provider[\"registry.terraform.io/hashicorp/google\"]",
      "instances": [
        {
          "schema_version": 0,
          "attributes": {
            "annotations": {},
            "create_time": "2025-07-22T02:20:40.996824Z",
            "deletion_protection": false,
            "effective_annotations": {},
            "effective_labels": {
              "environment": "dev",
              "goog-terraform-provisioned": "true"
            },
            "expire_time": "",
            "id": "projects/webcrawler-450417/secrets/auth0-management-api-client-id",
            "labels": {
              "environment": "dev"
            },
            "name": "projects/673367928406/secrets/auth0-management-api-client-id",
            "project": "webcrawler-450417",
            "replication": [
              {
                "auto": [
                  {
                    "customer_managed_encryption": []
                  }
                ],
                "user_managed": []
              }
            ],
            "rotation": [],
            "secret_id": "auth0-management-api-client-id",
            "terraform_labels": {
              "environment": "dev",
              "goog-terraform-provisioned": "true"
            },
            "timeouts": null,
            "topics": [],
            "ttl": null,
            "version_aliases": {},
            "version_destroy_ttl": ""
          },
          "sensitive_attributes": [],
          "identity_schema_version": 0,
          "private": "eyJlMmJmYjczMC1lY2FhLTExZTYtOGY4OC0zNDM2M2JjN2M0YzAiOnsiY3JlYXRlIjoxMjAwMDAwMDAwMDAwLCJkZWxldGUiOjEyMDAwMDAwMDAwMDAsInVwZGF0ZSI6MTIwMDAwMDAwMDAwMH19",
          "dependencies": [
            "google_service_account.cloud_run_sa",
            "module.neo4j_db.google_compute_firewall.neo4j-internal",
            "module.neo4j_db.google_compute_instance.neo4j",
            "module.neo4j_db.google_iap_tunnel_instance_iam_member.ssh",
            "module.neo4j_db.google_project_iam_member.neo4j_iap_tunnel_user",
            "module.neo4j_db.google_project_iam_member.neo4j_logging",
            "module.neo4j_db.google_project_iam_member.neo4j_monitoring",
            "module.neo4j_db.google_project_iam_member.neo4j_storage_viewer",
            "module.neo4j_db.google_secret_manager_secret.neo4j_bolt_uri",
            "module.neo4j_db.google_secret_manager_secret_iam_member.neo4j_bolt_uri_secret_accessor",
            "module.neo4j_db.google_secret_manager_secret_version.neo4j_bolt_uri_version",
            "module.neo4j_db.google_service_account.neo4j_instance_sa",
            "module.selenium_chrome_cloud_run.google_cloud_run_service.selenium_standalone_chrome",
            "module.vpc.google_compute_network.vpc",
            "module.vpc.google_compute_subnetwork.custom_subnet"
          ]
        }
      ]
    },
    {
      "module": "module.secrets",
      "mode": "managed",
      "type": "google_secret_manager_secret",
      "name": "auth0_management_api_client_secret",
      "provider": "provider[\"registry.terraform.io/hashicorp/google\"]",
      "instances": [
        {
          "schema_version": 0,
          "attributes": {
            "annotations": {},
            "create_time": "2025-07-22T02:20:41.056964Z",
            "deletion_protection": false,
            "effective_annotations": {},
            "effective_labels": {
              "environment": "dev",
              "goog-terraform-provisioned": "true"
            },
            "expire_time": "",
            "id": "projects/webcrawler-450417/secrets/auth0-management-api-client-secret",
            "labels": {
              "environment": "dev"
            },
            "name": "projects/673367928406/secrets/auth0-management-api-client-secret",
            "project": "webcrawler-450417",
            "replication": [
              {
                "auto": [
                  {
                    "customer_managed_encryption": []
                  }
                ],
                "user_managed": []
              }
            ],
            "rotation": [],
            "secret_id": "auth0-management-api-client-secret",
            "terraform_labels": {
              "environment": "dev",
              "goog-terraform-provisioned": "true"
            },
            "timeouts": null,
            "topics": [],
            "ttl": null,
            "version_aliases": {},
            "version_destroy_ttl": ""
          },
          "sensitive_attributes": [],
          "identity_schema_version": 0,
          "private": "eyJlMmJmYjczMC1lY2FhLTExZTYtOGY4OC0zNDM2M2JjN2M0YzAiOnsiY3JlYXRlIjoxMjAwMDAwMDAwMDAwLCJkZWxldGUiOjEyMDAwMDAwMDAwMDAsInVwZGF0ZSI6MTIwMDAwMDAwMDAwMH19",
          "dependencies": [
            "google_service_account.cloud_run_sa",
            "module.neo4j_db.google_compute_firewall.neo4j-internal",
            "module.neo4j_db.google_compute_instance.neo4j",
            "module.neo4j_db.google_iap_tunnel_instance_iam_member.ssh",
            "module.neo4j_db.google_project_iam_member.neo4j_iap_tunnel_user",
            "module.neo4j_db.google_project_iam_member.neo4j_logging",
            "module.neo4j_db.google_project_iam_member.neo4j_monitoring",
            "module.neo4j_db.google_project_iam_member.neo4j_storage_viewer",
            "module.neo4j_db.google_secret_manager_secret.neo4j_bolt_uri",
            "module.neo4j_db.google_secret_manager_secret_iam_member.neo4j_bolt_uri_secret_accessor",
            "module.neo4j_db.google_secret_manager_secret_version.neo4j_bolt_uri_version",
            "module.neo4j_db.google_service_account.neo4j_instance_sa",
            "module.selenium_chrome_cloud_run.google_cloud_run_service.selenium_standalone_chrome",
            "module.vpc.google_compute_network.vpc",
            "module.vpc.google_compute_subnetwork.custom_subnet"
          ]
        }
      ]
    },
    {
      "module": "module.secrets",
      "mode": "managed",
      "type": "google_secret_manager_secret",
      "name": "auth0_management_api_domain",
      "provider": "provider[\"registry.terraform.io/hashicorp/google\"]",
      "instances": [
        {
          "schema_version": 0,
          "attributes": {
            "annotations": {},
            "create_time": "2025-07-22T02:20:41.535420Z",
            "deletion_protection": false,
            "effective_annotations": {},
            "effective_labels": {
              "environment": "dev",
              "goog-terraform-provisioned": "true"
            },
            "expire_time": "",
            "id": "projects/webcrawler-450417/secrets/auth0-management-api-domain",
            "labels": {
              "environment": "dev"
            },
            "name": "projects/673367928406/secrets/auth0-management-api-domain",
            "project": "webcrawler-450417",
            "replication": [
              {
                "auto": [
                  {
                    "customer_managed_encryption": []
                  }
                ],
                "user_managed": []
              }
            ],
            "rotation": [],
            "secret_id": "auth0-management-api-domain",
            "terraform_labels": {
              "environment": "dev",
              "goog-terraform-provisioned": "true"
            },
            "timeouts": null,
            "topics": [],
            "ttl": null,
            "version_aliases": {},
            "version_destroy_ttl": ""
          },
          "sensitive_attributes": [],
          "identity_schema_version": 0,
          "private": "eyJlMmJmYjczMC1lY2FhLTExZTYtOGY4OC0zNDM2M2JjN2M0YzAiOnsiY3JlYXRlIjoxMjAwMDAwMDAwMDAwLCJkZWxldGUiOjEyMDAwMDAwMDAwMDAsInVwZGF0ZSI6MTIwMDAwMDAwMDAwMH19",
          "dependencies": [
            "google_service_account.cloud_run_sa",
            "module.neo4j_db.google_compute_firewall.neo4j-internal",
            "module.neo4j_db.google_compute_instance.neo4j",
            "module.neo4j_db.google_iap_tunnel_instance_iam_member.ssh",
            "module.neo4j_db.google_project_iam_member.neo4j_iap_tunnel_user",
            "module.neo4j_db.google_project_iam_member.neo4j_logging",
            "module.neo4j_db.google_project_iam_member.neo4j_monitoring",
            "module.neo4j_db.google_project_iam_member.neo4j_storage_viewer",
            "module.neo4j_db.google_secret_manager_secret.neo4j_bolt_uri",
            "module.neo4j_db.google_secret_manager_secret_iam_member.neo4j_bolt_uri_secret_accessor",
            "module.neo4j_db.google_secret_manager_secret_version.neo4j_bolt_uri_version",
            "module.neo4j_db.google_service_account.neo4j_instance_sa",
            "module.selenium_chrome_cloud_run.google_cloud_run_service.selenium_standalone_chrome",
            "module.vpc.google_compute_network.vpc",
            "module.vpc.google_compute_subnetwork.custom_subnet"
          ]
        }
      ]
    },
    {
      "module": "module.secrets",
      "mode": "managed",
      "type": "google_secret_manager_secret",
      "name": "neo4j_db_name",
      "provider": "provider[\"registry.terraform.io/hashicorp/google\"]",
      "instances": [
        {
          "schema_version": 0,
          "attributes": {
            "annotations": {},
            "create_time": "2025-07-22T02:20:41.540084Z",
            "deletion_protection": false,
            "effective_annotations": {},
            "effective_labels": {
              "environment": "dev",
              "goog-terraform-provisioned": "true"
            },
            "expire_time": "",
            "id": "projects/webcrawler-450417/secrets/neo4j-db-name",
            "labels": {
              "environment": "dev"
            },
            "name": "projects/673367928406/secrets/neo4j-db-name",
            "project": "webcrawler-450417",
            "replication": [
              {
                "auto": [
                  {
                    "customer_managed_encryption": []
                  }
                ],
                "user_managed": []
              }
            ],
            "rotation": [],
            "secret_id": "neo4j-db-name",
            "terraform_labels": {
              "environment": "dev",
              "goog-terraform-provisioned": "true"
            },
            "timeouts": null,
            "topics": [],
            "ttl": null,
            "version_aliases": {},
            "version_destroy_ttl": ""
          },
          "sensitive_attributes": [],
          "identity_schema_version": 0,
          "private": "eyJlMmJmYjczMC1lY2FhLTExZTYtOGY4OC0zNDM2M2JjN2M0YzAiOnsiY3JlYXRlIjoxMjAwMDAwMDAwMDAwLCJkZWxldGUiOjEyMDAwMDAwMDAwMDAsInVwZGF0ZSI6MTIwMDAwMDAwMDAwMH19",
          "dependencies": [
            "google_service_account.cloud_run_sa",
            "module.neo4j_db.google_compute_firewall.neo4j-internal",
            "module.neo4j_db.google_compute_instance.neo4j",
            "module.neo4j_db.google_iap_tunnel_instance_iam_member.ssh",
            "module.neo4j_db.google_project_iam_member.neo4j_iap_tunnel_user",
            "module.neo4j_db.google_project_iam_member.neo4j_logging",
            "module.neo4j_db.google_project_iam_member.neo4j_monitoring",
            "module.neo4j_db.google_project_iam_member.neo4j_storage_viewer",
            "module.neo4j_db.google_secret_manager_secret.neo4j_bolt_uri",
            "module.neo4j_db.google_secret_manager_secret_iam_member.neo4j_bolt_uri_secret_accessor",
            "module.neo4j_db.google_secret_manager_secret_version.neo4j_bolt_uri_version",
            "module.neo4j_db.google_service_account.neo4j_instance_sa",
            "module.selenium_chrome_cloud_run.google_cloud_run_service.selenium_standalone_chrome",
            "module.vpc.google_compute_network.vpc",
            "module.vpc.google_compute_subnetwork.custom_subnet"
          ]
        }
      ]
    },
    {
      "module": "module.secrets",
      "mode": "managed",
      "type": "google_secret_manager_secret",
      "name": "neo4j_password",
      "provider": "provider[\"registry.terraform.io/hashicorp/google\"]",
      "instances": [
        {
          "schema_version": 0,
          "attributes": {
            "annotations": {},
            "create_time": "2025-07-22T02:20:40.970005Z",
            "deletion_protection": false,
            "effective_annotations": {},
            "effective_labels": {
              "environment": "dev",
              "goog-terraform-provisioned": "true"
            },
            "expire_time": "",
            "id": "projects/webcrawler-450417/secrets/neo4j-password",
            "labels": {
              "environment": "dev"
            },
            "name": "projects/673367928406/secrets/neo4j-password",
            "project": "webcrawler-450417",
            "replication": [
              {
                "auto": [
                  {
                    "customer_managed_encryption": []
                  }
                ],
                "user_managed": []
              }
            ],
            "rotation": [],
            "secret_id": "neo4j-password",
            "terraform_labels": {
              "environment": "dev",
              "goog-terraform-provisioned": "true"
            },
            "timeouts": null,
            "topics": [],
            "ttl": null,
            "version_aliases": {},
            "version_destroy_ttl": ""
          },
          "sensitive_attributes": [],
          "identity_schema_version": 0,
          "private": "eyJlMmJmYjczMC1lY2FhLTExZTYtOGY4OC0zNDM2M2JjN2M0YzAiOnsiY3JlYXRlIjoxMjAwMDAwMDAwMDAwLCJkZWxldGUiOjEyMDAwMDAwMDAwMDAsInVwZGF0ZSI6MTIwMDAwMDAwMDAwMH19",
          "dependencies": [
            "google_service_account.cloud_run_sa",
            "module.neo4j_db.google_compute_firewall.neo4j-internal",
            "module.neo4j_db.google_compute_instance.neo4j",
            "module.neo4j_db.google_iap_tunnel_instance_iam_member.ssh",
            "module.neo4j_db.google_project_iam_member.neo4j_iap_tunnel_user",
            "module.neo4j_db.google_project_iam_member.neo4j_logging",
            "module.neo4j_db.google_project_iam_member.neo4j_monitoring",
            "module.neo4j_db.google_project_iam_member.neo4j_storage_viewer",
            "module.neo4j_db.google_secret_manager_secret.neo4j_bolt_uri",
            "module.neo4j_db.google_secret_manager_secret_iam_member.neo4j_bolt_uri_secret_accessor",
            "module.neo4j_db.google_secret_manager_secret_version.neo4j_bolt_uri_version",
            "module.neo4j_db.google_service_account.neo4j_instance_sa",
            "module.selenium_chrome_cloud_run.google_cloud_run_service.selenium_standalone_chrome",
            "module.vpc.google_compute_network.vpc",
            "module.vpc.google_compute_subnetwork.custom_subnet"
          ]
        }
      ]
    },
    {
      "module": "module.secrets",
      "mode": "managed",
      "type": "google_secret_manager_secret",
      "name": "neo4j_username",
      "provider": "provider[\"registry.terraform.io/hashicorp/google\"]",
      "instances": [
        {
          "schema_version": 0,
          "attributes": {
            "annotations": {},
            "create_time": "2025-07-22T02:20:41.053095Z",
            "deletion_protection": false,
            "effective_annotations": {},
            "effective_labels": {
              "environment": "dev",
              "goog-terraform-provisioned": "true"
            },
            "expire_time": "",
            "id": "projects/webcrawler-450417/secrets/neo4j-username",
            "labels": {
              "environment": "dev"
            },
            "name": "projects/673367928406/secrets/neo4j-username",
            "project": "webcrawler-450417",
            "replication": [
              {
                "auto": [
                  {
                    "customer_managed_encryption": []
                  }
                ],
                "user_managed": []
              }
            ],
            "rotation": [],
            "secret_id": "neo4j-username",
            "terraform_labels": {
              "environment": "dev",
              "goog-terraform-provisioned": "true"
            },
            "timeouts": null,
            "topics": [],
            "ttl": null,
            "version_aliases": {},
            "version_destroy_ttl": ""
          },
          "sensitive_attributes": [],
          "identity_schema_version": 0,
          "private": "eyJlMmJmYjczMC1lY2FhLTExZTYtOGY4OC0zNDM2M2JjN2M0YzAiOnsiY3JlYXRlIjoxMjAwMDAwMDAwMDAwLCJkZWxldGUiOjEyMDAwMDAwMDAwMDAsInVwZGF0ZSI6MTIwMDAwMDAwMDAwMH19",
          "dependencies": [
            "google_service_account.cloud_run_sa",
            "module.neo4j_db.google_compute_firewall.neo4j-internal",
            "module.neo4j_db.google_compute_instance.neo4j",
            "module.neo4j_db.google_iap_tunnel_instance_iam_member.ssh",
            "module.neo4j_db.google_project_iam_member.neo4j_iap_tunnel_user",
            "module.neo4j_db.google_project_iam_member.neo4j_logging",
            "module.neo4j_db.google_project_iam_member.neo4j_monitoring",
            "module.neo4j_db.google_project_iam_member.neo4j_storage_viewer",
            "module.neo4j_db.google_secret_manager_secret.neo4j_bolt_uri",
            "module.neo4j_db.google_secret_manager_secret_iam_member.neo4j_bolt_uri_secret_accessor",
            "module.neo4j_db.google_secret_manager_secret_version.neo4j_bolt_uri_version",
            "module.neo4j_db.google_service_account.neo4j_instance_sa",
            "module.selenium_chrome_cloud_run.google_cloud_run_service.selenium_standalone_chrome",
            "module.vpc.google_compute_network.vpc",
            "module.vpc.google_compute_subnetwork.custom_subnet"
          ]
        }
      ]
    },
    {
      "module": "module.secrets",
      "mode": "managed",
      "type": "google_secret_manager_secret",
      "name": "pusher_app_id",
      "provider": "provider[\"registry.terraform.io/hashicorp/google\"]",
      "instances": [
        {
          "schema_version": 0,
          "attributes": {
            "annotations": {},
            "create_time": "2025-07-22T02:20:41.563605Z",
            "deletion_protection": false,
            "effective_annotations": {},
            "effective_labels": {
              "environment": "dev",
              "goog-terraform-provisioned": "true"
            },
            "expire_time": "",
            "id": "projects/webcrawler-450417/secrets/pusher-app-id",
            "labels": {
              "environment": "dev"
            },
            "name": "projects/673367928406/secrets/pusher-app-id",
            "project": "webcrawler-450417",
            "replication": [
              {
                "auto": [
                  {
                    "customer_managed_encryption": []
                  }
                ],
                "user_managed": []
              }
            ],
            "rotation": [],
            "secret_id": "pusher-app-id",
            "terraform_labels": {
              "environment": "dev",
              "goog-terraform-provisioned": "true"
            },
            "timeouts": null,
            "topics": [],
            "ttl": null,
            "version_aliases": {},
            "version_destroy_ttl": ""
          },
          "sensitive_attributes": [],
          "identity_schema_version": 0,
          "private": "eyJlMmJmYjczMC1lY2FhLTExZTYtOGY4OC0zNDM2M2JjN2M0YzAiOnsiY3JlYXRlIjoxMjAwMDAwMDAwMDAwLCJkZWxldGUiOjEyMDAwMDAwMDAwMDAsInVwZGF0ZSI6MTIwMDAwMDAwMDAwMH19",
          "dependencies": [
            "google_service_account.cloud_run_sa",
            "module.neo4j_db.google_compute_firewall.neo4j-internal",
            "module.neo4j_db.google_compute_instance.neo4j",
            "module.neo4j_db.google_iap_tunnel_instance_iam_member.ssh",
            "module.neo4j_db.google_project_iam_member.neo4j_iap_tunnel_user",
            "module.neo4j_db.google_project_iam_member.neo4j_logging",
            "module.neo4j_db.google_project_iam_member.neo4j_monitoring",
            "module.neo4j_db.google_project_iam_member.neo4j_storage_viewer",
            "module.neo4j_db.google_secret_manager_secret.neo4j_bolt_uri",
            "module.neo4j_db.google_secret_manager_secret_iam_member.neo4j_bolt_uri_secret_accessor",
            "module.neo4j_db.google_secret_manager_secret_version.neo4j_bolt_uri_version",
            "module.neo4j_db.google_service_account.neo4j_instance_sa",
            "module.selenium_chrome_cloud_run.google_cloud_run_service.selenium_standalone_chrome",
            "module.vpc.google_compute_network.vpc",
            "module.vpc.google_compute_subnetwork.custom_subnet"
          ]
        }
      ]
    },
    {
      "module": "module.secrets",
      "mode": "managed",
      "type": "google_secret_manager_secret",
      "name": "pusher_cluster",
      "provider": "provider[\"registry.terraform.io/hashicorp/google\"]",
      "instances": [
        {
          "schema_version": 0,
          "attributes": {
            "annotations": {},
            "create_time": "2025-07-22T02:20:41.408993Z",
            "deletion_protection": false,
            "effective_annotations": {},
            "effective_labels": {
              "environment": "dev",
              "goog-terraform-provisioned": "true"
            },
            "expire_time": "",
            "id": "projects/webcrawler-450417/secrets/pusher-cluster",
            "labels": {
              "environment": "dev"
            },
            "name": "projects/673367928406/secrets/pusher-cluster",
            "project": "webcrawler-450417",
            "replication": [
              {
                "auto": [
                  {
                    "customer_managed_encryption": []
                  }
                ],
                "user_managed": []
              }
            ],
            "rotation": [],
            "secret_id": "pusher-cluster",
            "terraform_labels": {
              "environment": "dev",
              "goog-terraform-provisioned": "true"
            },
            "timeouts": null,
            "topics": [],
            "ttl": null,
            "version_aliases": {},
            "version_destroy_ttl": ""
          },
          "sensitive_attributes": [],
          "identity_schema_version": 0,
          "private": "eyJlMmJmYjczMC1lY2FhLTExZTYtOGY4OC0zNDM2M2JjN2M0YzAiOnsiY3JlYXRlIjoxMjAwMDAwMDAwMDAwLCJkZWxldGUiOjEyMDAwMDAwMDAwMDAsInVwZGF0ZSI6MTIwMDAwMDAwMDAwMH19",
          "dependencies": [
            "google_service_account.cloud_run_sa",
            "module.neo4j_db.google_compute_firewall.neo4j-internal",
            "module.neo4j_db.google_compute_instance.neo4j",
            "module.neo4j_db.google_iap_tunnel_instance_iam_member.ssh",
            "module.neo4j_db.google_project_iam_member.neo4j_iap_tunnel_user",
            "module.neo4j_db.google_project_iam_member.neo4j_logging",
            "module.neo4j_db.google_project_iam_member.neo4j_monitoring",
            "module.neo4j_db.google_project_iam_member.neo4j_storage_viewer",
            "module.neo4j_db.google_secret_manager_secret.neo4j_bolt_uri",
            "module.neo4j_db.google_secret_manager_secret_iam_member.neo4j_bolt_uri_secret_accessor",
            "module.neo4j_db.google_secret_manager_secret_version.neo4j_bolt_uri_version",
            "module.neo4j_db.google_service_account.neo4j_instance_sa",
            "module.selenium_chrome_cloud_run.google_cloud_run_service.selenium_standalone_chrome",
            "module.vpc.google_compute_network.vpc",
            "module.vpc.google_compute_subnetwork.custom_subnet"
          ]
        }
      ]
    },
    {
      "module": "module.secrets",
      "mode": "managed",
      "type": "google_secret_manager_secret",
      "name": "pusher_key",
      "provider": "provider[\"registry.terraform.io/hashicorp/google\"]",
      "instances": [
        {
          "schema_version": 0,
          "attributes": {
            "annotations": {},
            "create_time": "2025-07-22T02:20:41.497709Z",
            "deletion_protection": false,
            "effective_annotations": {},
            "effective_labels": {
              "environment": "dev",
              "goog-terraform-provisioned": "true"
            },
            "expire_time": "",
            "id": "projects/webcrawler-450417/secrets/pusher-key",
            "labels": {
              "environment": "dev"
            },
            "name": "projects/673367928406/secrets/pusher-key",
            "project": "webcrawler-450417",
            "replication": [
              {
                "auto": [
                  {
                    "customer_managed_encryption": []
                  }
                ],
                "user_managed": []
              }
            ],
            "rotation": [],
            "secret_id": "pusher-key",
            "terraform_labels": {
              "environment": "dev",
              "goog-terraform-provisioned": "true"
            },
            "timeouts": null,
            "topics": [],
            "ttl": null,
            "version_aliases": {},
            "version_destroy_ttl": ""
          },
          "sensitive_attributes": [],
          "identity_schema_version": 0,
          "private": "eyJlMmJmYjczMC1lY2FhLTExZTYtOGY4OC0zNDM2M2JjN2M0YzAiOnsiY3JlYXRlIjoxMjAwMDAwMDAwMDAwLCJkZWxldGUiOjEyMDAwMDAwMDAwMDAsInVwZGF0ZSI6MTIwMDAwMDAwMDAwMH19",
          "dependencies": [
            "google_service_account.cloud_run_sa",
            "module.neo4j_db.google_compute_firewall.neo4j-internal",
            "module.neo4j_db.google_compute_instance.neo4j",
            "module.neo4j_db.google_iap_tunnel_instance_iam_member.ssh",
            "module.neo4j_db.google_project_iam_member.neo4j_iap_tunnel_user",
            "module.neo4j_db.google_project_iam_member.neo4j_logging",
            "module.neo4j_db.google_project_iam_member.neo4j_monitoring",
            "module.neo4j_db.google_project_iam_member.neo4j_storage_viewer",
            "module.neo4j_db.google_secret_manager_secret.neo4j_bolt_uri",
            "module.neo4j_db.google_secret_manager_secret_iam_member.neo4j_bolt_uri_secret_accessor",
            "module.neo4j_db.google_secret_manager_secret_version.neo4j_bolt_uri_version",
            "module.neo4j_db.google_service_account.neo4j_instance_sa",
            "module.selenium_chrome_cloud_run.google_cloud_run_service.selenium_standalone_chrome",
            "module.vpc.google_compute_network.vpc",
            "module.vpc.google_compute_subnetwork.custom_subnet"
          ]
        }
      ]
    },
    {
      "module": "module.secrets",
      "mode": "managed",
      "type": "google_secret_manager_secret",
      "name": "pusher_secret",
      "provider": "provider[\"registry.terraform.io/hashicorp/google\"]",
      "instances": [
        {
          "schema_version": 0,
          "attributes": {
            "annotations": {},
            "create_time": "2025-07-22T02:20:41.415934Z",
            "deletion_protection": false,
            "effective_annotations": {},
            "effective_labels": {
              "environment": "dev",
              "goog-terraform-provisioned": "true"
            },
            "expire_time": "",
            "id": "projects/webcrawler-450417/secrets/pusher-secret",
            "labels": {
              "environment": "dev"
            },
            "name": "projects/673367928406/secrets/pusher-secret",
            "project": "webcrawler-450417",
            "replication": [
              {
                "auto": [
                  {
                    "customer_managed_encryption": []
                  }
                ],
                "user_managed": []
              }
            ],
            "rotation": [],
            "secret_id": "pusher-secret",
            "terraform_labels": {
              "environment": "dev",
              "goog-terraform-provisioned": "true"
            },
            "timeouts": null,
            "topics": [],
            "ttl": null,
            "version_aliases": {},
            "version_destroy_ttl": ""
          },
          "sensitive_attributes": [],
          "identity_schema_version": 0,
          "private": "eyJlMmJmYjczMC1lY2FhLTExZTYtOGY4OC0zNDM2M2JjN2M0YzAiOnsiY3JlYXRlIjoxMjAwMDAwMDAwMDAwLCJkZWxldGUiOjEyMDAwMDAwMDAwMDAsInVwZGF0ZSI6MTIwMDAwMDAwMDAwMH19",
          "dependencies": [
            "google_service_account.cloud_run_sa",
            "module.neo4j_db.google_compute_firewall.neo4j-internal",
            "module.neo4j_db.google_compute_instance.neo4j",
            "module.neo4j_db.google_iap_tunnel_instance_iam_member.ssh",
            "module.neo4j_db.google_project_iam_member.neo4j_iap_tunnel_user",
            "module.neo4j_db.google_project_iam_member.neo4j_logging",
            "module.neo4j_db.google_project_iam_member.neo4j_monitoring",
            "module.neo4j_db.google_project_iam_member.neo4j_storage_viewer",
            "module.neo4j_db.google_secret_manager_secret.neo4j_bolt_uri",
            "module.neo4j_db.google_secret_manager_secret_iam_member.neo4j_bolt_uri_secret_accessor",
            "module.neo4j_db.google_secret_manager_secret_version.neo4j_bolt_uri_version",
            "module.neo4j_db.google_service_account.neo4j_instance_sa",
            "module.selenium_chrome_cloud_run.google_cloud_run_service.selenium_standalone_chrome",
            "module.vpc.google_compute_network.vpc",
            "module.vpc.google_compute_subnetwork.custom_subnet"
          ]
        }
      ]
    },
    {
      "module": "module.secrets",
      "mode": "managed",
      "type": "google_secret_manager_secret",
      "name": "selenium_urls",
      "provider": "provider[\"registry.terraform.io/hashicorp/google\"]",
      "instances": [
        {
          "schema_version": 0,
          "attributes": {
            "annotations": {},
            "create_time": "2025-07-22T02:20:41.063561Z",
            "deletion_protection": false,
            "effective_annotations": {},
            "effective_labels": {
              "environment": "dev",
              "goog-terraform-provisioned": "true"
            },
            "expire_time": "",
            "id": "projects/webcrawler-450417/secrets/seleniumurls",
            "labels": {
              "environment": "dev"
            },
            "name": "projects/673367928406/secrets/seleniumurls",
            "project": "webcrawler-450417",
            "replication": [
              {
                "auto": [
                  {
                    "customer_managed_encryption": []
                  }
                ],
                "user_managed": []
              }
            ],
            "rotation": [],
            "secret_id": "seleniumurls",
            "terraform_labels": {
              "environment": "dev",
              "goog-terraform-provisioned": "true"
            },
            "timeouts": null,
            "topics": [],
            "ttl": null,
            "version_aliases": {},
            "version_destroy_ttl": ""
          },
          "sensitive_attributes": [],
          "identity_schema_version": 0,
          "private": "eyJlMmJmYjczMC1lY2FhLTExZTYtOGY4OC0zNDM2M2JjN2M0YzAiOnsiY3JlYXRlIjoxMjAwMDAwMDAwMDAwLCJkZWxldGUiOjEyMDAwMDAwMDAwMDAsInVwZGF0ZSI6MTIwMDAwMDAwMDAwMH19",
          "dependencies": [
            "google_service_account.cloud_run_sa",
            "module.neo4j_db.google_compute_firewall.neo4j-internal",
            "module.neo4j_db.google_compute_instance.neo4j",
            "module.neo4j_db.google_iap_tunnel_instance_iam_member.ssh",
            "module.neo4j_db.google_project_iam_member.neo4j_iap_tunnel_user",
            "module.neo4j_db.google_project_iam_member.neo4j_logging",
            "module.neo4j_db.google_project_iam_member.neo4j_monitoring",
            "module.neo4j_db.google_project_iam_member.neo4j_storage_viewer",
            "module.neo4j_db.google_secret_manager_secret.neo4j_bolt_uri",
            "module.neo4j_db.google_secret_manager_secret_iam_member.neo4j_bolt_uri_secret_accessor",
            "module.neo4j_db.google_secret_manager_secret_version.neo4j_bolt_uri_version",
            "module.neo4j_db.google_service_account.neo4j_instance_sa",
            "module.selenium_chrome_cloud_run.google_cloud_run_service.selenium_standalone_chrome",
            "module.vpc.google_compute_network.vpc",
            "module.vpc.google_compute_subnetwork.custom_subnet"
          ]
        }
      ]
    },
    {
      "module": "module.secrets",
      "mode": "managed",
      "type": "google_secret_manager_secret",
      "name": "smtp_password",
      "provider": "provider[\"registry.terraform.io/hashicorp/google\"]",
      "instances": [
        {
          "schema_version": 0,
          "attributes": {
            "annotations": {},
            "create_time": "2025-07-22T02:20:40.962985Z",
            "deletion_protection": false,
            "effective_annotations": {},
            "effective_labels": {
              "environment": "dev",
              "goog-terraform-provisioned": "true"
            },
            "expire_time": "",
            "id": "projects/webcrawler-450417/secrets/smtp-password",
            "labels": {
              "environment": "dev"
            },
            "name": "projects/673367928406/secrets/smtp-password",
            "project": "webcrawler-450417",
            "replication": [
              {
                "auto": [
                  {
                    "customer_managed_encryption": []
                  }
                ],
                "user_managed": []
              }
            ],
            "rotation": [],
            "secret_id": "smtp-password",
            "terraform_labels": {
              "environment": "dev",
              "goog-terraform-provisioned": "true"
            },
            "timeouts": null,
            "topics": [],
            "ttl": null,
            "version_aliases": {},
            "version_destroy_ttl": ""
          },
          "sensitive_attributes": [],
          "identity_schema_version": 0,
          "private": "eyJlMmJmYjczMC1lY2FhLTExZTYtOGY4OC0zNDM2M2JjN2M0YzAiOnsiY3JlYXRlIjoxMjAwMDAwMDAwMDAwLCJkZWxldGUiOjEyMDAwMDAwMDAwMDAsInVwZGF0ZSI6MTIwMDAwMDAwMDAwMH19",
          "dependencies": [
            "google_service_account.cloud_run_sa",
            "module.neo4j_db.google_compute_firewall.neo4j-internal",
            "module.neo4j_db.google_compute_instance.neo4j",
            "module.neo4j_db.google_iap_tunnel_instance_iam_member.ssh",
            "module.neo4j_db.google_project_iam_member.neo4j_iap_tunnel_user",
            "module.neo4j_db.google_project_iam_member.neo4j_logging",
            "module.neo4j_db.google_project_iam_member.neo4j_monitoring",
            "module.neo4j_db.google_project_iam_member.neo4j_storage_viewer",
            "module.neo4j_db.google_secret_manager_secret.neo4j_bolt_uri",
            "module.neo4j_db.google_secret_manager_secret_iam_member.neo4j_bolt_uri_secret_accessor",
            "module.neo4j_db.google_secret_manager_secret_version.neo4j_bolt_uri_version",
            "module.neo4j_db.google_service_account.neo4j_instance_sa",
            "module.selenium_chrome_cloud_run.google_cloud_run_service.selenium_standalone_chrome",
            "module.vpc.google_compute_network.vpc",
            "module.vpc.google_compute_subnetwork.custom_subnet"
          ]
        }
      ]
    },
    {
      "module": "module.secrets",
      "mode": "managed",
      "type": "google_secret_manager_secret",
      "name": "smtp_username",
      "provider": "provider[\"registry.terraform.io/hashicorp/google\"]",
      "instances": [
        {
          "schema_version": 0,
          "attributes": {
            "annotations": {},
            "create_time": "2025-07-22T02:20:41.449850Z",
            "deletion_protection": false,
            "effective_annotations": {},
            "effective_labels": {
              "environment": "dev",
              "goog-terraform-provisioned": "true"
            },
            "expire_time": "",
            "id": "projects/webcrawler-450417/secrets/smtp-username",
            "labels": {
              "environment": "dev"
            },
            "name": "projects/673367928406/secrets/smtp-username",
            "project": "webcrawler-450417",
            "replication": [
              {
                "auto": [
                  {
                    "customer_managed_encryption": []
                  }
                ],
                "user_managed": []
              }
            ],
            "rotation": [],
            "secret_id": "smtp-username",
            "terraform_labels": {
              "environment": "dev",
              "goog-terraform-provisioned": "true"
            },
            "timeouts": null,
            "topics": [],
            "ttl": null,
            "version_aliases": {},
            "version_destroy_ttl": ""
          },
          "sensitive_attributes": [],
          "identity_schema_version": 0,
          "private": "eyJlMmJmYjczMC1lY2FhLTExZTYtOGY4OC0zNDM2M2JjN2M0YzAiOnsiY3JlYXRlIjoxMjAwMDAwMDAwMDAwLCJkZWxldGUiOjEyMDAwMDAwMDAwMDAsInVwZGF0ZSI6MTIwMDAwMDAwMDAwMH19",
          "dependencies": [
            "google_service_account.cloud_run_sa",
            "module.neo4j_db.google_compute_firewall.neo4j-internal",
            "module.neo4j_db.google_compute_instance.neo4j",
            "module.neo4j_db.google_iap_tunnel_instance_iam_member.ssh",
            "module.neo4j_db.google_project_iam_member.neo4j_iap_tunnel_user",
            "module.neo4j_db.google_project_iam_member.neo4j_logging",
            "module.neo4j_db.google_project_iam_member.neo4j_monitoring",
            "module.neo4j_db.google_project_iam_member.neo4j_storage_viewer",
            "module.neo4j_db.google_secret_manager_secret.neo4j_bolt_uri",
            "module.neo4j_db.google_secret_manager_secret_iam_member.neo4j_bolt_uri_secret_accessor",
            "module.neo4j_db.google_secret_manager_secret_version.neo4j_bolt_uri_version",
            "module.neo4j_db.google_service_account.neo4j_instance_sa",
            "module.selenium_chrome_cloud_run.google_cloud_run_service.selenium_standalone_chrome",
            "module.vpc.google_compute_network.vpc",
            "module.vpc.google_compute_subnetwork.custom_subnet"
          ]
        }
      ]
    },
    {
      "module": "module.secrets",
      "mode": "managed",
      "type": "google_secret_manager_secret_iam_member",
      "name": "neo4j_db_name_secret_accessor",
      "provider": "provider[\"registry.terraform.io/hashicorp/google\"]",
      "instances": [
        {
          "schema_version": 0,
          "attributes": {
            "condition": [],
            "etag": "BwY6ez1PFZ0=",
            "id": "projects/673367928406/secrets/neo4j-db-name/roles/secretmanager.secretAccessor/serviceAccount:cloud-run-sa@webcrawler-450417.iam.gserviceaccount.com",
            "member": "serviceAccount:cloud-run-sa@webcrawler-450417.iam.gserviceaccount.com",
            "project": "673367928406",
            "role": "roles/secretmanager.secretAccessor",
            "secret_id": "projects/673367928406/secrets/neo4j-db-name"
          },
          "sensitive_attributes": [
            [
              {
                "type": "get_attr",
                "value": "member"
              }
            ]
          ],
          "identity_schema_version": 0,
          "private": "bnVsbA==",
          "dependencies": [
            "google_service_account.cloud_run_sa",
            "module.neo4j_db.google_compute_firewall.neo4j-internal",
            "module.neo4j_db.google_compute_instance.neo4j",
            "module.neo4j_db.google_iap_tunnel_instance_iam_member.ssh",
            "module.neo4j_db.google_project_iam_member.neo4j_iap_tunnel_user",
            "module.neo4j_db.google_project_iam_member.neo4j_logging",
            "module.neo4j_db.google_project_iam_member.neo4j_monitoring",
            "module.neo4j_db.google_project_iam_member.neo4j_storage_viewer",
            "module.neo4j_db.google_secret_manager_secret.neo4j_bolt_uri",
            "module.neo4j_db.google_secret_manager_secret_iam_member.neo4j_bolt_uri_secret_accessor",
            "module.neo4j_db.google_secret_manager_secret_version.neo4j_bolt_uri_version",
            "module.neo4j_db.google_service_account.neo4j_instance_sa",
            "module.secrets.google_secret_manager_secret.neo4j_db_name",
            "module.selenium_chrome_cloud_run.google_cloud_run_service.selenium_standalone_chrome",
            "module.vpc.google_compute_network.vpc",
            "module.vpc.google_compute_subnetwork.custom_subnet"
          ]
        }
      ]
    },
    {
      "module": "module.secrets",
      "mode": "managed",
      "type": "google_secret_manager_secret_iam_member",
      "name": "neo4j_password_secret_accessor",
      "provider": "provider[\"registry.terraform.io/hashicorp/google\"]",
      "instances": [
        {
          "schema_version": 0,
          "attributes": {
            "condition": [],
            "etag": "BwY6ez039xg=",
            "id": "projects/673367928406/secrets/neo4j-password/roles/secretmanager.secretAccessor/serviceAccount:cloud-run-sa@webcrawler-450417.iam.gserviceaccount.com",
            "member": "serviceAccount:cloud-run-sa@webcrawler-450417.iam.gserviceaccount.com",
            "project": "673367928406",
            "role": "roles/secretmanager.secretAccessor",
            "secret_id": "projects/673367928406/secrets/neo4j-password"
          },
          "sensitive_attributes": [
            [
              {
                "type": "get_attr",
                "value": "member"
              }
            ]
          ],
          "identity_schema_version": 0,
          "private": "bnVsbA==",
          "dependencies": [
            "google_service_account.cloud_run_sa",
            "module.neo4j_db.google_compute_firewall.neo4j-internal",
            "module.neo4j_db.google_compute_instance.neo4j",
            "module.neo4j_db.google_iap_tunnel_instance_iam_member.ssh",
            "module.neo4j_db.google_project_iam_member.neo4j_iap_tunnel_user",
            "module.neo4j_db.google_project_iam_member.neo4j_logging",
            "module.neo4j_db.google_project_iam_member.neo4j_monitoring",
            "module.neo4j_db.google_project_iam_member.neo4j_storage_viewer",
            "module.neo4j_db.google_secret_manager_secret.neo4j_bolt_uri",
            "module.neo4j_db.google_secret_manager_secret_iam_member.neo4j_bolt_uri_secret_accessor",
            "module.neo4j_db.google_secret_manager_secret_version.neo4j_bolt_uri_version",
            "module.neo4j_db.google_service_account.neo4j_instance_sa",
            "module.secrets.google_secret_manager_secret.neo4j_password",
            "module.selenium_chrome_cloud_run.google_cloud_run_service.selenium_standalone_chrome",
            "module.vpc.google_compute_network.vpc",
            "module.vpc.google_compute_subnetwork.custom_subnet"
          ]
        }
      ]
    },
    {
      "module": "module.secrets",
      "mode": "managed",
      "type": "google_secret_manager_secret_iam_member",
      "name": "neo4j_username_secret_accessor",
      "provider": "provider[\"registry.terraform.io/hashicorp/google\"]",
      "instances": [
        {
          "schema_version": 0,
          "attributes": {
            "condition": [],
            "etag": "BwY6ez1C8Tc=",
            "id": "projects/673367928406/secrets/neo4j-username/roles/secretmanager.secretAccessor/serviceAccount:cloud-run-sa@webcrawler-450417.iam.gserviceaccount.com",
            "member": "serviceAccount:cloud-run-sa@webcrawler-450417.iam.gserviceaccount.com",
            "project": "673367928406",
            "role": "roles/secretmanager.secretAccessor",
            "secret_id": "projects/673367928406/secrets/neo4j-username"
          },
          "sensitive_attributes": [
            [
              {
                "type": "get_attr",
                "value": "member"
              }
            ]
          ],
          "identity_schema_version": 0,
          "private": "bnVsbA==",
          "dependencies": [
            "google_service_account.cloud_run_sa",
            "module.neo4j_db.google_compute_firewall.neo4j-internal",
            "module.neo4j_db.google_compute_instance.neo4j",
            "module.neo4j_db.google_iap_tunnel_instance_iam_member.ssh",
            "module.neo4j_db.google_project_iam_member.neo4j_iap_tunnel_user",
            "module.neo4j_db.google_project_iam_member.neo4j_logging",
            "module.neo4j_db.google_project_iam_member.neo4j_monitoring",
            "module.neo4j_db.google_project_iam_member.neo4j_storage_viewer",
            "module.neo4j_db.google_secret_manager_secret.neo4j_bolt_uri",
            "module.neo4j_db.google_secret_manager_secret_iam_member.neo4j_bolt_uri_secret_accessor",
            "module.neo4j_db.google_secret_manager_secret_version.neo4j_bolt_uri_version",
            "module.neo4j_db.google_service_account.neo4j_instance_sa",
            "module.secrets.google_secret_manager_secret.neo4j_username",
            "module.selenium_chrome_cloud_run.google_cloud_run_service.selenium_standalone_chrome",
            "module.vpc.google_compute_network.vpc",
            "module.vpc.google_compute_subnetwork.custom_subnet"
          ]
        }
      ]
    },
    {
      "module": "module.secrets",
      "mode": "managed",
      "type": "google_secret_manager_secret_iam_member",
      "name": "pusher_app_id_secret_accessor",
      "provider": "provider[\"registry.terraform.io/hashicorp/google\"]",
      "instances": [
        {
          "schema_version": 0,
          "attributes": {
            "condition": [],
            "etag": "BwY6ez2AfPQ=",
            "id": "projects/673367928406/secrets/pusher-app-id/roles/secretmanager.secretAccessor/serviceAccount:cloud-run-sa@webcrawler-450417.iam.gserviceaccount.com",
            "member": "serviceAccount:cloud-run-sa@webcrawler-450417.iam.gserviceaccount.com",
            "project": "673367928406",
            "role": "roles/secretmanager.secretAccessor",
            "secret_id": "projects/673367928406/secrets/pusher-app-id"
          },
          "sensitive_attributes": [
            [
              {
                "type": "get_attr",
                "value": "member"
              }
            ]
          ],
          "identity_schema_version": 0,
          "private": "bnVsbA==",
          "dependencies": [
            "google_service_account.cloud_run_sa",
            "module.neo4j_db.google_compute_firewall.neo4j-internal",
            "module.neo4j_db.google_compute_instance.neo4j",
            "module.neo4j_db.google_iap_tunnel_instance_iam_member.ssh",
            "module.neo4j_db.google_project_iam_member.neo4j_iap_tunnel_user",
            "module.neo4j_db.google_project_iam_member.neo4j_logging",
            "module.neo4j_db.google_project_iam_member.neo4j_monitoring",
            "module.neo4j_db.google_project_iam_member.neo4j_storage_viewer",
            "module.neo4j_db.google_secret_manager_secret.neo4j_bolt_uri",
            "module.neo4j_db.google_secret_manager_secret_iam_member.neo4j_bolt_uri_secret_accessor",
            "module.neo4j_db.google_secret_manager_secret_version.neo4j_bolt_uri_version",
            "module.neo4j_db.google_service_account.neo4j_instance_sa",
            "module.secrets.google_secret_manager_secret.pusher_app_id",
            "module.selenium_chrome_cloud_run.google_cloud_run_service.selenium_standalone_chrome",
            "module.vpc.google_compute_network.vpc",
            "module.vpc.google_compute_subnetwork.custom_subnet"
          ]
        }
      ]
    },
    {
      "module": "module.secrets",
      "mode": "managed",
      "type": "google_secret_manager_secret_iam_member",
      "name": "pusher_cluster_secret_accessor",
      "provider": "provider[\"registry.terraform.io/hashicorp/google\"]",
      "instances": [
        {
          "schema_version": 0,
          "attributes": {
            "condition": [],
            "etag": "BwY6ez1bVWs=",
            "id": "projects/673367928406/secrets/pusher-cluster/roles/secretmanager.secretAccessor/serviceAccount:cloud-run-sa@webcrawler-450417.iam.gserviceaccount.com",
            "member": "serviceAccount:cloud-run-sa@webcrawler-450417.iam.gserviceaccount.com",
            "project": "673367928406",
            "role": "roles/secretmanager.secretAccessor",
            "secret_id": "projects/673367928406/secrets/pusher-cluster"
          },
          "sensitive_attributes": [
            [
              {
                "type": "get_attr",
                "value": "member"
              }
            ]
          ],
          "identity_schema_version": 0,
          "private": "bnVsbA==",
          "dependencies": [
            "google_service_account.cloud_run_sa",
            "module.neo4j_db.google_compute_firewall.neo4j-internal",
            "module.neo4j_db.google_compute_instance.neo4j",
            "module.neo4j_db.google_iap_tunnel_instance_iam_member.ssh",
            "module.neo4j_db.google_project_iam_member.neo4j_iap_tunnel_user",
            "module.neo4j_db.google_project_iam_member.neo4j_logging",
            "module.neo4j_db.google_project_iam_member.neo4j_monitoring",
            "module.neo4j_db.google_project_iam_member.neo4j_storage_viewer",
            "module.neo4j_db.google_secret_manager_secret.neo4j_bolt_uri",
            "module.neo4j_db.google_secret_manager_secret_iam_member.neo4j_bolt_uri_secret_accessor",
            "module.neo4j_db.google_secret_manager_secret_version.neo4j_bolt_uri_version",
            "module.neo4j_db.google_service_account.neo4j_instance_sa",
            "module.secrets.google_secret_manager_secret.pusher_cluster",
            "module.selenium_chrome_cloud_run.google_cloud_run_service.selenium_standalone_chrome",
            "module.vpc.google_compute_network.vpc",
            "module.vpc.google_compute_subnetwork.custom_subnet"
          ]
        }
      ]
    },
    {
      "module": "module.secrets",
      "mode": "managed",
      "type": "google_secret_manager_secret_iam_member",
      "name": "pusher_key_secret_accessor",
      "provider": "provider[\"registry.terraform.io/hashicorp/google\"]",
      "instances": [
        {
          "schema_version": 0,
          "attributes": {
            "condition": [],
            "etag": "BwY6ez1YttY=",
            "id": "projects/673367928406/secrets/pusher-key/roles/secretmanager.secretAccessor/serviceAccount:cloud-run-sa@webcrawler-450417.iam.gserviceaccount.com",
            "member": "serviceAccount:cloud-run-sa@webcrawler-450417.iam.gserviceaccount.com",
            "project": "673367928406",
            "role": "roles/secretmanager.secretAccessor",
            "secret_id": "projects/673367928406/secrets/pusher-key"
          },
          "sensitive_attributes": [
            [
              {
                "type": "get_attr",
                "value": "member"
              }
            ]
          ],
          "identity_schema_version": 0,
          "private": "bnVsbA==",
          "dependencies": [
            "google_service_account.cloud_run_sa",
            "module.neo4j_db.google_compute_firewall.neo4j-internal",
            "module.neo4j_db.google_compute_instance.neo4j",
            "module.neo4j_db.google_iap_tunnel_instance_iam_member.ssh",
            "module.neo4j_db.google_project_iam_member.neo4j_iap_tunnel_user",
            "module.neo4j_db.google_project_iam_member.neo4j_logging",
            "module.neo4j_db.google_project_iam_member.neo4j_monitoring",
            "module.neo4j_db.google_project_iam_member.neo4j_storage_viewer",
            "module.neo4j_db.google_secret_manager_secret.neo4j_bolt_uri",
            "module.neo4j_db.google_secret_manager_secret_iam_member.neo4j_bolt_uri_secret_accessor",
            "module.neo4j_db.google_secret_manager_secret_version.neo4j_bolt_uri_version",
            "module.neo4j_db.google_service_account.neo4j_instance_sa",
            "module.secrets.google_secret_manager_secret.pusher_key",
            "module.selenium_chrome_cloud_run.google_cloud_run_service.selenium_standalone_chrome",
            "module.vpc.google_compute_network.vpc",
            "module.vpc.google_compute_subnetwork.custom_subnet"
          ]
        }
      ]
    },
    {
      "module": "module.secrets",
      "mode": "managed",
      "type": "google_secret_manager_secret_iam_member",
      "name": "pusher_secret_secret_accessor",
      "provider": "provider[\"registry.terraform.io/hashicorp/google\"]",
      "instances": [
        {
          "schema_version": 0,
          "attributes": {
            "condition": [],
            "etag": "BwY6ez1E6LQ=",
            "id": "projects/673367928406/secrets/pusher-secret/roles/secretmanager.secretAccessor/serviceAccount:cloud-run-sa@webcrawler-450417.iam.gserviceaccount.com",
            "member": "serviceAccount:cloud-run-sa@webcrawler-450417.iam.gserviceaccount.com",
            "project": "673367928406",
            "role": "roles/secretmanager.secretAccessor",
            "secret_id": "projects/673367928406/secrets/pusher-secret"
          },
          "sensitive_attributes": [
            [
              {
                "type": "get_attr",
                "value": "member"
              }
            ]
          ],
          "identity_schema_version": 0,
          "private": "bnVsbA==",
          "dependencies": [
            "google_service_account.cloud_run_sa",
            "module.neo4j_db.google_compute_firewall.neo4j-internal",
            "module.neo4j_db.google_compute_instance.neo4j",
            "module.neo4j_db.google_iap_tunnel_instance_iam_member.ssh",
            "module.neo4j_db.google_project_iam_member.neo4j_iap_tunnel_user",
            "module.neo4j_db.google_project_iam_member.neo4j_logging",
            "module.neo4j_db.google_project_iam_member.neo4j_monitoring",
            "module.neo4j_db.google_project_iam_member.neo4j_storage_viewer",
            "module.neo4j_db.google_secret_manager_secret.neo4j_bolt_uri",
            "module.neo4j_db.google_secret_manager_secret_iam_member.neo4j_bolt_uri_secret_accessor",
            "module.neo4j_db.google_secret_manager_secret_version.neo4j_bolt_uri_version",
            "module.neo4j_db.google_service_account.neo4j_instance_sa",
            "module.secrets.google_secret_manager_secret.pusher_secret",
            "module.selenium_chrome_cloud_run.google_cloud_run_service.selenium_standalone_chrome",
            "module.vpc.google_compute_network.vpc",
            "module.vpc.google_compute_subnetwork.custom_subnet"
          ]
        }
      ]
    },
    {
      "module": "module.secrets",
      "mode": "managed",
      "type": "google_secret_manager_secret_iam_member",
      "name": "smtp_password_secret_accessor",
      "provider": "provider[\"registry.terraform.io/hashicorp/google\"]",
      "instances": [
        {
          "schema_version": 0,
          "attributes": {
            "condition": [],
            "etag": "BwY6ez04t5w=",
            "id": "projects/673367928406/secrets/smtp-password/roles/secretmanager.secretAccessor/serviceAccount:cloud-run-sa@webcrawler-450417.iam.gserviceaccount.com",
            "member": "serviceAccount:cloud-run-sa@webcrawler-450417.iam.gserviceaccount.com",
            "project": "673367928406",
            "role": "roles/secretmanager.secretAccessor",
            "secret_id": "projects/673367928406/secrets/smtp-password"
          },
          "sensitive_attributes": [
            [
              {
                "type": "get_attr",
                "value": "member"
              }
            ]
          ],
          "identity_schema_version": 0,
          "private": "bnVsbA==",
          "dependencies": [
            "google_service_account.cloud_run_sa",
            "module.neo4j_db.google_compute_firewall.neo4j-internal",
            "module.neo4j_db.google_compute_instance.neo4j",
            "module.neo4j_db.google_iap_tunnel_instance_iam_member.ssh",
            "module.neo4j_db.google_project_iam_member.neo4j_iap_tunnel_user",
            "module.neo4j_db.google_project_iam_member.neo4j_logging",
            "module.neo4j_db.google_project_iam_member.neo4j_monitoring",
            "module.neo4j_db.google_project_iam_member.neo4j_storage_viewer",
            "module.neo4j_db.google_secret_manager_secret.neo4j_bolt_uri",
            "module.neo4j_db.google_secret_manager_secret_iam_member.neo4j_bolt_uri_secret_accessor",
            "module.neo4j_db.google_secret_manager_secret_version.neo4j_bolt_uri_version",
            "module.neo4j_db.google_service_account.neo4j_instance_sa",
            "module.secrets.google_secret_manager_secret.smtp_password",
            "module.selenium_chrome_cloud_run.google_cloud_run_service.selenium_standalone_chrome",
            "module.vpc.google_compute_network.vpc",
            "module.vpc.google_compute_subnetwork.custom_subnet"
          ]
        }
      ]
    },
    {
      "module": "module.secrets",
      "mode": "managed",
      "type": "google_secret_manager_secret_iam_member",
      "name": "smtp_username_secret_accessor",
      "provider": "provider[\"registry.terraform.io/hashicorp/google\"]",
      "instances": [
        {
          "schema_version": 0,
          "attributes": {
            "condition": [],
            "etag": "BwY6ez1Ea+g=",
            "id": "projects/673367928406/secrets/smtp-username/roles/secretmanager.secretAccessor/serviceAccount:cloud-run-sa@webcrawler-450417.iam.gserviceaccount.com",
            "member": "serviceAccount:cloud-run-sa@webcrawler-450417.iam.gserviceaccount.com",
            "project": "673367928406",
            "role": "roles/secretmanager.secretAccessor",
            "secret_id": "projects/673367928406/secrets/smtp-username"
          },
          "sensitive_attributes": [
            [
              {
                "type": "get_attr",
                "value": "member"
              }
            ]
          ],
          "identity_schema_version": 0,
          "private": "bnVsbA==",
          "dependencies": [
            "google_service_account.cloud_run_sa",
            "module.neo4j_db.google_compute_firewall.neo4j-internal",
            "module.neo4j_db.google_compute_instance.neo4j",
            "module.neo4j_db.google_iap_tunnel_instance_iam_member.ssh",
            "module.neo4j_db.google_project_iam_member.neo4j_iap_tunnel_user",
            "module.neo4j_db.google_project_iam_member.neo4j_logging",
            "module.neo4j_db.google_project_iam_member.neo4j_monitoring",
            "module.neo4j_db.google_project_iam_member.neo4j_storage_viewer",
            "module.neo4j_db.google_secret_manager_secret.neo4j_bolt_uri",
            "module.neo4j_db.google_secret_manager_secret_iam_member.neo4j_bolt_uri_secret_accessor",
            "module.neo4j_db.google_secret_manager_secret_version.neo4j_bolt_uri_version",
            "module.neo4j_db.google_service_account.neo4j_instance_sa",
            "module.secrets.google_secret_manager_secret.smtp_username",
            "module.selenium_chrome_cloud_run.google_cloud_run_service.selenium_standalone_chrome",
            "module.vpc.google_compute_network.vpc",
            "module.vpc.google_compute_subnetwork.custom_subnet"
          ]
        }
      ]
    },
    {
      "module": "module.secrets",
      "mode": "managed",
      "type": "google_secret_manager_secret_version",
      "name": "auth0_audience_version",
      "provider": "provider[\"registry.terraform.io/hashicorp/google\"]",
      "instances": [
        {
          "schema_version": 0,
          "attributes": {
            "create_time": "2025-07-22T02:20:43.305812Z",
            "deletion_policy": "DELETE",
            "destroy_time": "",
            "enabled": true,
            "id": "projects/673367928406/secrets/auth0-audience/versions/1",
            "is_secret_data_base64": false,
            "name": "projects/673367928406/secrets/auth0-audience/versions/1",
            "secret": "projects/webcrawler-450417/secrets/auth0-audience",
            "secret_data": null,
            "secret_data_wo": null,
            "secret_data_wo_version": 0,
            "timeouts": null,
            "version": "1"
          },
          "sensitive_attributes": [
            [
              {
                "type": "get_attr",
                "value": "secret_data"
              }
            ],
            [
              {
                "type": "get_attr",
                "value": "secret_data_wo"
              }
            ]
          ],
          "identity_schema_version": 0,
          "private": "eyJlMmJmYjczMC1lY2FhLTExZTYtOGY4OC0zNDM2M2JjN2M0YzAiOnsiY3JlYXRlIjoxMjAwMDAwMDAwMDAwLCJkZWxldGUiOjEyMDAwMDAwMDAwMDAsInVwZGF0ZSI6MTIwMDAwMDAwMDAwMH19",
          "dependencies": [
            "google_service_account.cloud_run_sa",
            "module.neo4j_db.google_compute_firewall.neo4j-internal",
            "module.neo4j_db.google_compute_instance.neo4j",
            "module.neo4j_db.google_iap_tunnel_instance_iam_member.ssh",
            "module.neo4j_db.google_project_iam_member.neo4j_iap_tunnel_user",
            "module.neo4j_db.google_project_iam_member.neo4j_logging",
            "module.neo4j_db.google_project_iam_member.neo4j_monitoring",
            "module.neo4j_db.google_project_iam_member.neo4j_storage_viewer",
            "module.neo4j_db.google_secret_manager_secret.neo4j_bolt_uri",
            "module.neo4j_db.google_secret_manager_secret_iam_member.neo4j_bolt_uri_secret_accessor",
            "module.neo4j_db.google_secret_manager_secret_version.neo4j_bolt_uri_version",
            "module.neo4j_db.google_service_account.neo4j_instance_sa",
            "module.secrets.google_secret_manager_secret.auth0_audience",
            "module.selenium_chrome_cloud_run.google_cloud_run_service.selenium_standalone_chrome",
            "module.vpc.google_compute_network.vpc",
            "module.vpc.google_compute_subnetwork.custom_subnet"
          ]
        }
      ]
    },
    {
      "module": "module.secrets",
      "mode": "managed",
      "type": "google_secret_manager_secret_version",
      "name": "auth0_client_id_version",
      "provider": "provider[\"registry.terraform.io/hashicorp/google\"]",
      "instances": [
        {
          "schema_version": 0,
          "attributes": {
            "create_time": "2025-07-22T02:20:42.429715Z",
            "deletion_policy": "DELETE",
            "destroy_time": "",
            "enabled": true,
            "id": "projects/673367928406/secrets/auth0-client-id/versions/1",
            "is_secret_data_base64": false,
            "name": "projects/673367928406/secrets/auth0-client-id/versions/1",
            "secret": "projects/webcrawler-450417/secrets/auth0-client-id",
            "secret_data": null,
            "secret_data_wo": null,
            "secret_data_wo_version": 0,
            "timeouts": null,
            "version": "1"
          },
          "sensitive_attributes": [
            [
              {
                "type": "get_attr",
                "value": "secret_data"
              }
            ],
            [
              {
                "type": "get_attr",
                "value": "secret_data_wo"
              }
            ]
          ],
          "identity_schema_version": 0,
          "private": "eyJlMmJmYjczMC1lY2FhLTExZTYtOGY4OC0zNDM2M2JjN2M0YzAiOnsiY3JlYXRlIjoxMjAwMDAwMDAwMDAwLCJkZWxldGUiOjEyMDAwMDAwMDAwMDAsInVwZGF0ZSI6MTIwMDAwMDAwMDAwMH19",
          "dependencies": [
            "google_service_account.cloud_run_sa",
            "module.neo4j_db.google_compute_firewall.neo4j-internal",
            "module.neo4j_db.google_compute_instance.neo4j",
            "module.neo4j_db.google_iap_tunnel_instance_iam_member.ssh",
            "module.neo4j_db.google_project_iam_member.neo4j_iap_tunnel_user",
            "module.neo4j_db.google_project_iam_member.neo4j_logging",
            "module.neo4j_db.google_project_iam_member.neo4j_monitoring",
            "module.neo4j_db.google_project_iam_member.neo4j_storage_viewer",
            "module.neo4j_db.google_secret_manager_secret.neo4j_bolt_uri",
            "module.neo4j_db.google_secret_manager_secret_iam_member.neo4j_bolt_uri_secret_accessor",
            "module.neo4j_db.google_secret_manager_secret_version.neo4j_bolt_uri_version",
            "module.neo4j_db.google_service_account.neo4j_instance_sa",
            "module.secrets.google_secret_manager_secret.auth0_client_id",
            "module.selenium_chrome_cloud_run.google_cloud_run_service.selenium_standalone_chrome",
            "module.vpc.google_compute_network.vpc",
            "module.vpc.google_compute_subnetwork.custom_subnet"
          ]
        }
      ]
    },
    {
      "module": "module.secrets",
      "mode": "managed",
      "type": "google_secret_manager_secret_version",
      "name": "auth0_client_secret_version",
      "provider": "provider[\"registry.terraform.io/hashicorp/google\"]",
      "instances": [
        {
          "schema_version": 0,
          "attributes": {
            "create_time": "2025-07-22T02:20:42.166203Z",
            "deletion_policy": "DELETE",
            "destroy_time": "",
            "enabled": true,
            "id": "projects/673367928406/secrets/auth0-client-secret/versions/1",
            "is_secret_data_base64": false,
            "name": "projects/673367928406/secrets/auth0-client-secret/versions/1",
            "secret": "projects/webcrawler-450417/secrets/auth0-client-secret",
            "secret_data": null,
            "secret_data_wo": null,
            "secret_data_wo_version": 0,
            "timeouts": null,
            "version": "1"
          },
          "sensitive_attributes": [
            [
              {
                "type": "get_attr",
                "value": "secret_data"
              }
            ],
            [
              {
                "type": "get_attr",
                "value": "secret_data_wo"
              }
            ]
          ],
          "identity_schema_version": 0,
          "private": "eyJlMmJmYjczMC1lY2FhLTExZTYtOGY4OC0zNDM2M2JjN2M0YzAiOnsiY3JlYXRlIjoxMjAwMDAwMDAwMDAwLCJkZWxldGUiOjEyMDAwMDAwMDAwMDAsInVwZGF0ZSI6MTIwMDAwMDAwMDAwMH19",
          "dependencies": [
            "google_service_account.cloud_run_sa",
            "module.neo4j_db.google_compute_firewall.neo4j-internal",
            "module.neo4j_db.google_compute_instance.neo4j",
            "module.neo4j_db.google_iap_tunnel_instance_iam_member.ssh",
            "module.neo4j_db.google_project_iam_member.neo4j_iap_tunnel_user",
            "module.neo4j_db.google_project_iam_member.neo4j_logging",
            "module.neo4j_db.google_project_iam_member.neo4j_monitoring",
            "module.neo4j_db.google_project_iam_member.neo4j_storage_viewer",
            "module.neo4j_db.google_secret_manager_secret.neo4j_bolt_uri",
            "module.neo4j_db.google_secret_manager_secret_iam_member.neo4j_bolt_uri_secret_accessor",
            "module.neo4j_db.google_secret_manager_secret_version.neo4j_bolt_uri_version",
            "module.neo4j_db.google_service_account.neo4j_instance_sa",
            "module.secrets.google_secret_manager_secret.auth0_client_secret",
            "module.selenium_chrome_cloud_run.google_cloud_run_service.selenium_standalone_chrome",
            "module.vpc.google_compute_network.vpc",
            "module.vpc.google_compute_subnetwork.custom_subnet"
          ]
        }
      ]
    },
    {
      "module": "module.secrets",
      "mode": "managed",
      "type": "google_secret_manager_secret_version",
      "name": "auth0_domain_version",
      "provider": "provider[\"registry.terraform.io/hashicorp/google\"]",
      "instances": [
        {
          "schema_version": 0,
          "attributes": {
            "create_time": "2025-07-22T02:20:42.232626Z",
            "deletion_policy": "DELETE",
            "destroy_time": "",
            "enabled": true,
            "id": "projects/673367928406/secrets/auth0-domain/versions/1",
            "is_secret_data_base64": false,
            "name": "projects/673367928406/secrets/auth0-domain/versions/1",
            "secret": "projects/webcrawler-450417/secrets/auth0-domain",
            "secret_data": null,
            "secret_data_wo": null,
            "secret_data_wo_version": 0,
            "timeouts": null,
            "version": "1"
          },
          "sensitive_attributes": [
            [
              {
                "type": "get_attr",
                "value": "secret_data"
              }
            ],
            [
              {
                "type": "get_attr",
                "value": "secret_data_wo"
              }
            ]
          ],
          "identity_schema_version": 0,
          "private": "eyJlMmJmYjczMC1lY2FhLTExZTYtOGY4OC0zNDM2M2JjN2M0YzAiOnsiY3JlYXRlIjoxMjAwMDAwMDAwMDAwLCJkZWxldGUiOjEyMDAwMDAwMDAwMDAsInVwZGF0ZSI6MTIwMDAwMDAwMDAwMH19",
          "dependencies": [
            "google_service_account.cloud_run_sa",
            "module.neo4j_db.google_compute_firewall.neo4j-internal",
            "module.neo4j_db.google_compute_instance.neo4j",
            "module.neo4j_db.google_iap_tunnel_instance_iam_member.ssh",
            "module.neo4j_db.google_project_iam_member.neo4j_iap_tunnel_user",
            "module.neo4j_db.google_project_iam_member.neo4j_logging",
            "module.neo4j_db.google_project_iam_member.neo4j_monitoring",
            "module.neo4j_db.google_project_iam_member.neo4j_storage_viewer",
            "module.neo4j_db.google_secret_manager_secret.neo4j_bolt_uri",
            "module.neo4j_db.google_secret_manager_secret_iam_member.neo4j_bolt_uri_secret_accessor",
            "module.neo4j_db.google_secret_manager_secret_version.neo4j_bolt_uri_version",
            "module.neo4j_db.google_service_account.neo4j_instance_sa",
            "module.secrets.google_secret_manager_secret.auth0_domain",
            "module.selenium_chrome_cloud_run.google_cloud_run_service.selenium_standalone_chrome",
            "module.vpc.google_compute_network.vpc",
            "module.vpc.google_compute_subnetwork.custom_subnet"
          ]
        }
      ]
    },
    {
      "module": "module.secrets",
      "mode": "managed",
      "type": "google_secret_manager_secret_version",
      "name": "auth0_management_api_audience_version",
      "provider": "provider[\"registry.terraform.io/hashicorp/google\"]",
      "instances": [
        {
          "schema_version": 0,
          "attributes": {
            "create_time": "2025-07-22T02:20:45.972730Z",
            "deletion_policy": "DELETE",
            "destroy_time": "",
            "enabled": true,
            "id": "projects/673367928406/secrets/auth0-management-api-audience/versions/1",
            "is_secret_data_base64": false,
            "name": "projects/673367928406/secrets/auth0-management-api-audience/versions/1",
            "secret": "projects/webcrawler-450417/secrets/auth0-management-api-audience",
            "secret_data": null,
            "secret_data_wo": null,
            "secret_data_wo_version": 0,
            "timeouts": null,
            "version": "1"
          },
          "sensitive_attributes": [
            [
              {
                "type": "get_attr",
                "value": "secret_data"
              }
            ],
            [
              {
                "type": "get_attr",
                "value": "secret_data_wo"
              }
            ]
          ],
          "identity_schema_version": 0,
          "private": "eyJlMmJmYjczMC1lY2FhLTExZTYtOGY4OC0zNDM2M2JjN2M0YzAiOnsiY3JlYXRlIjoxMjAwMDAwMDAwMDAwLCJkZWxldGUiOjEyMDAwMDAwMDAwMDAsInVwZGF0ZSI6MTIwMDAwMDAwMDAwMH19",
          "dependencies": [
            "google_service_account.cloud_run_sa",
            "module.neo4j_db.google_compute_firewall.neo4j-internal",
            "module.neo4j_db.google_compute_instance.neo4j",
            "module.neo4j_db.google_iap_tunnel_instance_iam_member.ssh",
            "module.neo4j_db.google_project_iam_member.neo4j_iap_tunnel_user",
            "module.neo4j_db.google_project_iam_member.neo4j_logging",
            "module.neo4j_db.google_project_iam_member.neo4j_monitoring",
            "module.neo4j_db.google_project_iam_member.neo4j_storage_viewer",
            "module.neo4j_db.google_secret_manager_secret.neo4j_bolt_uri",
            "module.neo4j_db.google_secret_manager_secret_iam_member.neo4j_bolt_uri_secret_accessor",
            "module.neo4j_db.google_secret_manager_secret_version.neo4j_bolt_uri_version",
            "module.neo4j_db.google_service_account.neo4j_instance_sa",
            "module.secrets.google_secret_manager_secret.auth0_management_api_audience",
            "module.selenium_chrome_cloud_run.google_cloud_run_service.selenium_standalone_chrome",
            "module.vpc.google_compute_network.vpc",
            "module.vpc.google_compute_subnetwork.custom_subnet"
          ]
        }
      ]
    },
    {
      "module": "module.secrets",
      "mode": "managed",
      "type": "google_secret_manager_secret_version",
      "name": "auth0_management_api_client_id_version",
      "provider": "provider[\"registry.terraform.io/hashicorp/google\"]",
      "instances": [
        {
          "schema_version": 0,
          "attributes": {
            "create_time": "2025-07-22T02:20:42.142877Z",
            "deletion_policy": "DELETE",
            "destroy_time": "",
            "enabled": true,
            "id": "projects/673367928406/secrets/auth0-management-api-client-id/versions/1",
            "is_secret_data_base64": false,
            "name": "projects/673367928406/secrets/auth0-management-api-client-id/versions/1",
            "secret": "projects/webcrawler-450417/secrets/auth0-management-api-client-id",
            "secret_data": null,
            "secret_data_wo": null,
            "secret_data_wo_version": 0,
            "timeouts": null,
            "version": "1"
          },
          "sensitive_attributes": [
            [
              {
                "type": "get_attr",
                "value": "secret_data"
              }
            ],
            [
              {
                "type": "get_attr",
                "value": "secret_data_wo"
              }
            ]
          ],
          "identity_schema_version": 0,
          "private": "eyJlMmJmYjczMC1lY2FhLTExZTYtOGY4OC0zNDM2M2JjN2M0YzAiOnsiY3JlYXRlIjoxMjAwMDAwMDAwMDAwLCJkZWxldGUiOjEyMDAwMDAwMDAwMDAsInVwZGF0ZSI6MTIwMDAwMDAwMDAwMH19",
          "dependencies": [
            "google_service_account.cloud_run_sa",
            "module.neo4j_db.google_compute_firewall.neo4j-internal",
            "module.neo4j_db.google_compute_instance.neo4j",
            "module.neo4j_db.google_iap_tunnel_instance_iam_member.ssh",
            "module.neo4j_db.google_project_iam_member.neo4j_iap_tunnel_user",
            "module.neo4j_db.google_project_iam_member.neo4j_logging",
            "module.neo4j_db.google_project_iam_member.neo4j_monitoring",
            "module.neo4j_db.google_project_iam_member.neo4j_storage_viewer",
            "module.neo4j_db.google_secret_manager_secret.neo4j_bolt_uri",
            "module.neo4j_db.google_secret_manager_secret_iam_member.neo4j_bolt_uri_secret_accessor",
            "module.neo4j_db.google_secret_manager_secret_version.neo4j_bolt_uri_version",
            "module.neo4j_db.google_service_account.neo4j_instance_sa",
            "module.secrets.google_secret_manager_secret.auth0_management_api_client_id",
            "module.selenium_chrome_cloud_run.google_cloud_run_service.selenium_standalone_chrome",
            "module.vpc.google_compute_network.vpc",
            "module.vpc.google_compute_subnetwork.custom_subnet"
          ]
        }
      ]
    },
    {
      "module": "module.secrets",
      "mode": "managed",
      "type": "google_secret_manager_secret_version",
      "name": "auth0_management_api_client_secret_version",
      "provider": "provider[\"registry.terraform.io/hashicorp/google\"]",
      "instances": [
        {
          "schema_version": 0,
          "attributes": {
            "create_time": "2025-07-22T02:20:42.993840Z",
            "deletion_policy": "DELETE",
            "destroy_time": "",
            "enabled": true,
            "id": "projects/673367928406/secrets/auth0-management-api-client-secret/versions/1",
            "is_secret_data_base64": false,
            "name": "projects/673367928406/secrets/auth0-management-api-client-secret/versions/1",
            "secret": "projects/webcrawler-450417/secrets/auth0-management-api-client-secret",
            "secret_data": null,
            "secret_data_wo": null,
            "secret_data_wo_version": 0,
            "timeouts": null,
            "version": "1"
          },
          "sensitive_attributes": [
            [
              {
                "type": "get_attr",
                "value": "secret_data"
              }
            ],
            [
              {
                "type": "get_attr",
                "value": "secret_data_wo"
              }
            ]
          ],
          "identity_schema_version": 0,
          "private": "eyJlMmJmYjczMC1lY2FhLTExZTYtOGY4OC0zNDM2M2JjN2M0YzAiOnsiY3JlYXRlIjoxMjAwMDAwMDAwMDAwLCJkZWxldGUiOjEyMDAwMDAwMDAwMDAsInVwZGF0ZSI6MTIwMDAwMDAwMDAwMH19",
          "dependencies": [
            "google_service_account.cloud_run_sa",
            "module.neo4j_db.google_compute_firewall.neo4j-internal",
            "module.neo4j_db.google_compute_instance.neo4j",
            "module.neo4j_db.google_iap_tunnel_instance_iam_member.ssh",
            "module.neo4j_db.google_project_iam_member.neo4j_iap_tunnel_user",
            "module.neo4j_db.google_project_iam_member.neo4j_logging",
            "module.neo4j_db.google_project_iam_member.neo4j_monitoring",
            "module.neo4j_db.google_project_iam_member.neo4j_storage_viewer",
            "module.neo4j_db.google_secret_manager_secret.neo4j_bolt_uri",
            "module.neo4j_db.google_secret_manager_secret_iam_member.neo4j_bolt_uri_secret_accessor",
            "module.neo4j_db.google_secret_manager_secret_version.neo4j_bolt_uri_version",
            "module.neo4j_db.google_service_account.neo4j_instance_sa",
            "module.secrets.google_secret_manager_secret.auth0_management_api_client_secret",
            "module.selenium_chrome_cloud_run.google_cloud_run_service.selenium_standalone_chrome",
            "module.vpc.google_compute_network.vpc",
            "module.vpc.google_compute_subnetwork.custom_subnet"
          ]
        }
      ]
    },
    {
      "module": "module.secrets",
      "mode": "managed",
      "type": "google_secret_manager_secret_version",
      "name": "auth0_management_api_domain_version",
      "provider": "provider[\"registry.terraform.io/hashicorp/google\"]",
      "instances": [
        {
          "schema_version": 0,
          "attributes": {
            "create_time": "2025-07-22T02:20:45.187734Z",
            "deletion_policy": "DELETE",
            "destroy_time": "",
            "enabled": true,
            "id": "projects/673367928406/secrets/auth0-management-api-domain/versions/1",
            "is_secret_data_base64": false,
            "name": "projects/673367928406/secrets/auth0-management-api-domain/versions/1",
            "secret": "projects/webcrawler-450417/secrets/auth0-management-api-domain",
            "secret_data": null,
            "secret_data_wo": null,
            "secret_data_wo_version": 0,
            "timeouts": null,
            "version": "1"
          },
          "sensitive_attributes": [
            [
              {
                "type": "get_attr",
                "value": "secret_data"
              }
            ],
            [
              {
                "type": "get_attr",
                "value": "secret_data_wo"
              }
            ]
          ],
          "identity_schema_version": 0,
          "private": "eyJlMmJmYjczMC1lY2FhLTExZTYtOGY4OC0zNDM2M2JjN2M0YzAiOnsiY3JlYXRlIjoxMjAwMDAwMDAwMDAwLCJkZWxldGUiOjEyMDAwMDAwMDAwMDAsInVwZGF0ZSI6MTIwMDAwMDAwMDAwMH19",
          "dependencies": [
            "google_service_account.cloud_run_sa",
            "module.neo4j_db.google_compute_firewall.neo4j-internal",
            "module.neo4j_db.google_compute_instance.neo4j",
            "module.neo4j_db.google_iap_tunnel_instance_iam_member.ssh",
            "module.neo4j_db.google_project_iam_member.neo4j_iap_tunnel_user",
            "module.neo4j_db.google_project_iam_member.neo4j_logging",
            "module.neo4j_db.google_project_iam_member.neo4j_monitoring",
            "module.neo4j_db.google_project_iam_member.neo4j_storage_viewer",
            "module.neo4j_db.google_secret_manager_secret.neo4j_bolt_uri",
            "module.neo4j_db.google_secret_manager_secret_iam_member.neo4j_bolt_uri_secret_accessor",
            "module.neo4j_db.google_secret_manager_secret_version.neo4j_bolt_uri_version",
            "module.neo4j_db.google_service_account.neo4j_instance_sa",
            "module.secrets.google_secret_manager_secret.auth0_management_api_domain",
            "module.selenium_chrome_cloud_run.google_cloud_run_service.selenium_standalone_chrome",
            "module.vpc.google_compute_network.vpc",
            "module.vpc.google_compute_subnetwork.custom_subnet"
          ]
        }
      ]
    },
    {
      "module": "module.secrets",
      "mode": "managed",
      "type": "google_secret_manager_secret_version",
      "name": "neo4j_db_name_version",
      "provider": "provider[\"registry.terraform.io/hashicorp/google\"]",
      "instances": [
        {
          "schema_version": 0,
          "attributes": {
            "create_time": "2025-07-22T02:20:43.772653Z",
            "deletion_policy": "DELETE",
            "destroy_time": "",
            "enabled": true,
            "id": "projects/673367928406/secrets/neo4j-db-name/versions/1",
            "is_secret_data_base64": false,
            "name": "projects/673367928406/secrets/neo4j-db-name/versions/1",
            "secret": "projects/webcrawler-450417/secrets/neo4j-db-name",
            "secret_data": null,
            "secret_data_wo": null,
            "secret_data_wo_version": 0,
            "timeouts": null,
            "version": "1"
          },
          "sensitive_attributes": [
            [
              {
                "type": "get_attr",
                "value": "secret_data"
              }
            ],
            [
              {
                "type": "get_attr",
                "value": "secret_data_wo"
              }
            ]
          ],
          "identity_schema_version": 0,
          "private": "eyJlMmJmYjczMC1lY2FhLTExZTYtOGY4OC0zNDM2M2JjN2M0YzAiOnsiY3JlYXRlIjoxMjAwMDAwMDAwMDAwLCJkZWxldGUiOjEyMDAwMDAwMDAwMDAsInVwZGF0ZSI6MTIwMDAwMDAwMDAwMH19",
          "dependencies": [
            "google_service_account.cloud_run_sa",
            "module.neo4j_db.google_compute_firewall.neo4j-internal",
            "module.neo4j_db.google_compute_instance.neo4j",
            "module.neo4j_db.google_iap_tunnel_instance_iam_member.ssh",
            "module.neo4j_db.google_project_iam_member.neo4j_iap_tunnel_user",
            "module.neo4j_db.google_project_iam_member.neo4j_logging",
            "module.neo4j_db.google_project_iam_member.neo4j_monitoring",
            "module.neo4j_db.google_project_iam_member.neo4j_storage_viewer",
            "module.neo4j_db.google_secret_manager_secret.neo4j_bolt_uri",
            "module.neo4j_db.google_secret_manager_secret_iam_member.neo4j_bolt_uri_secret_accessor",
            "module.neo4j_db.google_secret_manager_secret_version.neo4j_bolt_uri_version",
            "module.neo4j_db.google_service_account.neo4j_instance_sa",
            "module.secrets.google_secret_manager_secret.neo4j_db_name",
            "module.selenium_chrome_cloud_run.google_cloud_run_service.selenium_standalone_chrome",
            "module.vpc.google_compute_network.vpc",
            "module.vpc.google_compute_subnetwork.custom_subnet"
          ]
        }
      ]
    },
    {
      "module": "module.secrets",
      "mode": "managed",
      "type": "google_secret_manager_secret_version",
      "name": "neo4j_password_version",
      "provider": "provider[\"registry.terraform.io/hashicorp/google\"]",
      "instances": [
        {
          "schema_version": 0,
          "attributes": {
            "create_time": "2025-07-22T02:20:42.158413Z",
            "deletion_policy": "DELETE",
            "destroy_time": "",
            "enabled": true,
            "id": "projects/673367928406/secrets/neo4j-password/versions/1",
            "is_secret_data_base64": false,
            "name": "projects/673367928406/secrets/neo4j-password/versions/1",
            "secret": "projects/webcrawler-450417/secrets/neo4j-password",
            "secret_data": null,
            "secret_data_wo": null,
            "secret_data_wo_version": 0,
            "timeouts": null,
            "version": "1"
          },
          "sensitive_attributes": [
            [
              {
                "type": "get_attr",
                "value": "secret_data"
              }
            ],
            [
              {
                "type": "get_attr",
                "value": "secret_data_wo"
              }
            ]
          ],
          "identity_schema_version": 0,
          "private": "eyJlMmJmYjczMC1lY2FhLTExZTYtOGY4OC0zNDM2M2JjN2M0YzAiOnsiY3JlYXRlIjoxMjAwMDAwMDAwMDAwLCJkZWxldGUiOjEyMDAwMDAwMDAwMDAsInVwZGF0ZSI6MTIwMDAwMDAwMDAwMH19",
          "dependencies": [
            "google_service_account.cloud_run_sa",
            "module.neo4j_db.google_compute_firewall.neo4j-internal",
            "module.neo4j_db.google_compute_instance.neo4j",
            "module.neo4j_db.google_iap_tunnel_instance_iam_member.ssh",
            "module.neo4j_db.google_project_iam_member.neo4j_iap_tunnel_user",
            "module.neo4j_db.google_project_iam_member.neo4j_logging",
            "module.neo4j_db.google_project_iam_member.neo4j_monitoring",
            "module.neo4j_db.google_project_iam_member.neo4j_storage_viewer",
            "module.neo4j_db.google_secret_manager_secret.neo4j_bolt_uri",
            "module.neo4j_db.google_secret_manager_secret_iam_member.neo4j_bolt_uri_secret_accessor",
            "module.neo4j_db.google_secret_manager_secret_version.neo4j_bolt_uri_version",
            "module.neo4j_db.google_service_account.neo4j_instance_sa",
            "module.secrets.google_secret_manager_secret.neo4j_password",
            "module.selenium_chrome_cloud_run.google_cloud_run_service.selenium_standalone_chrome",
            "module.vpc.google_compute_network.vpc",
            "module.vpc.google_compute_subnetwork.custom_subnet"
          ]
        }
      ]
    },
    {
      "module": "module.secrets",
      "mode": "managed",
      "type": "google_secret_manager_secret_version",
      "name": "neo4j_username_version",
      "provider": "provider[\"registry.terraform.io/hashicorp/google\"]",
      "instances": [
        {
          "schema_version": 0,
          "attributes": {
            "create_time": "2025-07-22T02:20:42.989545Z",
            "deletion_policy": "DELETE",
            "destroy_time": "",
            "enabled": true,
            "id": "projects/673367928406/secrets/neo4j-username/versions/1",
            "is_secret_data_base64": false,
            "name": "projects/673367928406/secrets/neo4j-username/versions/1",
            "secret": "projects/webcrawler-450417/secrets/neo4j-username",
            "secret_data": null,
            "secret_data_wo": null,
            "secret_data_wo_version": 0,
            "timeouts": null,
            "version": "1"
          },
          "sensitive_attributes": [
            [
              {
                "type": "get_attr",
                "value": "secret_data"
              }
            ],
            [
              {
                "type": "get_attr",
                "value": "secret_data_wo"
              }
            ]
          ],
          "identity_schema_version": 0,
          "private": "eyJlMmJmYjczMC1lY2FhLTExZTYtOGY4OC0zNDM2M2JjN2M0YzAiOnsiY3JlYXRlIjoxMjAwMDAwMDAwMDAwLCJkZWxldGUiOjEyMDAwMDAwMDAwMDAsInVwZGF0ZSI6MTIwMDAwMDAwMDAwMH19",
          "dependencies": [
            "google_service_account.cloud_run_sa",
            "module.neo4j_db.google_compute_firewall.neo4j-internal",
            "module.neo4j_db.google_compute_instance.neo4j",
            "module.neo4j_db.google_iap_tunnel_instance_iam_member.ssh",
            "module.neo4j_db.google_project_iam_member.neo4j_iap_tunnel_user",
            "module.neo4j_db.google_project_iam_member.neo4j_logging",
            "module.neo4j_db.google_project_iam_member.neo4j_monitoring",
            "module.neo4j_db.google_project_iam_member.neo4j_storage_viewer",
            "module.neo4j_db.google_secret_manager_secret.neo4j_bolt_uri",
            "module.neo4j_db.google_secret_manager_secret_iam_member.neo4j_bolt_uri_secret_accessor",
            "module.neo4j_db.google_secret_manager_secret_version.neo4j_bolt_uri_version",
            "module.neo4j_db.google_service_account.neo4j_instance_sa",
            "module.secrets.google_secret_manager_secret.neo4j_username",
            "module.selenium_chrome_cloud_run.google_cloud_run_service.selenium_standalone_chrome",
            "module.vpc.google_compute_network.vpc",
            "module.vpc.google_compute_subnetwork.custom_subnet"
          ]
        }
      ]
    },
    {
      "module": "module.secrets",
      "mode": "managed",
      "type": "google_secret_manager_secret_version",
      "name": "pusher_app_id_version",
      "provider": "provider[\"registry.terraform.io/hashicorp/google\"]",
      "instances": [
        {
          "schema_version": 0,
          "attributes": {
            "create_time": "2025-07-22T02:20:46.913624Z",
            "deletion_policy": "DELETE",
            "destroy_time": "",
            "enabled": true,
            "id": "projects/673367928406/secrets/pusher-app-id/versions/1",
            "is_secret_data_base64": false,
            "name": "projects/673367928406/secrets/pusher-app-id/versions/1",
            "secret": "projects/webcrawler-450417/secrets/pusher-app-id",
            "secret_data": null,
            "secret_data_wo": null,
            "secret_data_wo_version": 0,
            "timeouts": null,
            "version": "1"
          },
          "sensitive_attributes": [
            [
              {
                "type": "get_attr",
                "value": "secret_data"
              }
            ],
            [
              {
                "type": "get_attr",
                "value": "secret_data_wo"
              }
            ]
          ],
          "identity_schema_version": 0,
          "private": "eyJlMmJmYjczMC1lY2FhLTExZTYtOGY4OC0zNDM2M2JjN2M0YzAiOnsiY3JlYXRlIjoxMjAwMDAwMDAwMDAwLCJkZWxldGUiOjEyMDAwMDAwMDAwMDAsInVwZGF0ZSI6MTIwMDAwMDAwMDAwMH19",
          "dependencies": [
            "google_service_account.cloud_run_sa",
            "module.neo4j_db.google_compute_firewall.neo4j-internal",
            "module.neo4j_db.google_compute_instance.neo4j",
            "module.neo4j_db.google_iap_tunnel_instance_iam_member.ssh",
            "module.neo4j_db.google_project_iam_member.neo4j_iap_tunnel_user",
            "module.neo4j_db.google_project_iam_member.neo4j_logging",
            "module.neo4j_db.google_project_iam_member.neo4j_monitoring",
            "module.neo4j_db.google_project_iam_member.neo4j_storage_viewer",
            "module.neo4j_db.google_secret_manager_secret.neo4j_bolt_uri",
            "module.neo4j_db.google_secret_manager_secret_iam_member.neo4j_bolt_uri_secret_accessor",
            "module.neo4j_db.google_secret_manager_secret_version.neo4j_bolt_uri_version",
            "module.neo4j_db.google_service_account.neo4j_instance_sa",
            "module.secrets.google_secret_manager_secret.pusher_app_id",
            "module.selenium_chrome_cloud_run.google_cloud_run_service.selenium_standalone_chrome",
            "module.vpc.google_compute_network.vpc",
            "module.vpc.google_compute_subnetwork.custom_subnet"
          ]
        }
      ]
    },
    {
      "module": "module.secrets",
      "mode": "managed",
      "type": "google_secret_manager_secret_version",
      "name": "pusher_cluster_version",
      "provider": "provider[\"registry.terraform.io/hashicorp/google\"]",
      "instances": [
        {
          "schema_version": 0,
          "attributes": {
            "create_time": "2025-07-22T02:20:44.418179Z",
            "deletion_policy": "DELETE",
            "destroy_time": "",
            "enabled": true,
            "id": "projects/673367928406/secrets/pusher-cluster/versions/1",
            "is_secret_data_base64": false,
            "name": "projects/673367928406/secrets/pusher-cluster/versions/1",
            "secret": "projects/webcrawler-450417/secrets/pusher-cluster",
            "secret_data": null,
            "secret_data_wo": null,
            "secret_data_wo_version": 0,
            "timeouts": null,
            "version": "1"
          },
          "sensitive_attributes": [
            [
              {
                "type": "get_attr",
                "value": "secret_data"
              }
            ],
            [
              {
                "type": "get_attr",
                "value": "secret_data_wo"
              }
            ]
          ],
          "identity_schema_version": 0,
          "private": "eyJlMmJmYjczMC1lY2FhLTExZTYtOGY4OC0zNDM2M2JjN2M0YzAiOnsiY3JlYXRlIjoxMjAwMDAwMDAwMDAwLCJkZWxldGUiOjEyMDAwMDAwMDAwMDAsInVwZGF0ZSI6MTIwMDAwMDAwMDAwMH19",
          "dependencies": [
            "google_service_account.cloud_run_sa",
            "module.neo4j_db.google_compute_firewall.neo4j-internal",
            "module.neo4j_db.google_compute_instance.neo4j",
            "module.neo4j_db.google_iap_tunnel_instance_iam_member.ssh",
            "module.neo4j_db.google_project_iam_member.neo4j_iap_tunnel_user",
            "module.neo4j_db.google_project_iam_member.neo4j_logging",
            "module.neo4j_db.google_project_iam_member.neo4j_monitoring",
            "module.neo4j_db.google_project_iam_member.neo4j_storage_viewer",
            "module.neo4j_db.google_secret_manager_secret.neo4j_bolt_uri",
            "module.neo4j_db.google_secret_manager_secret_iam_member.neo4j_bolt_uri_secret_accessor",
            "module.neo4j_db.google_secret_manager_secret_version.neo4j_bolt_uri_version",
            "module.neo4j_db.google_service_account.neo4j_instance_sa",
            "module.secrets.google_secret_manager_secret.pusher_cluster",
            "module.selenium_chrome_cloud_run.google_cloud_run_service.selenium_standalone_chrome",
            "module.vpc.google_compute_network.vpc",
            "module.vpc.google_compute_subnetwork.custom_subnet"
          ]
        }
      ]
    },
    {
      "module": "module.secrets",
      "mode": "managed",
      "type": "google_secret_manager_secret_version",
      "name": "pusher_key_version",
      "provider": "provider[\"registry.terraform.io/hashicorp/google\"]",
      "instances": [
        {
          "schema_version": 0,
          "attributes": {
            "create_time": "2025-07-22T02:20:43.997878Z",
            "deletion_policy": "DELETE",
            "destroy_time": "",
            "enabled": true,
            "id": "projects/673367928406/secrets/pusher-key/versions/1",
            "is_secret_data_base64": false,
            "name": "projects/673367928406/secrets/pusher-key/versions/1",
            "secret": "projects/webcrawler-450417/secrets/pusher-key",
            "secret_data": null,
            "secret_data_wo": null,
            "secret_data_wo_version": 0,
            "timeouts": null,
            "version": "1"
          },
          "sensitive_attributes": [
            [
              {
                "type": "get_attr",
                "value": "secret_data"
              }
            ],
            [
              {
                "type": "get_attr",
                "value": "secret_data_wo"
              }
            ]
          ],
          "identity_schema_version": 0,
          "private": "eyJlMmJmYjczMC1lY2FhLTExZTYtOGY4OC0zNDM2M2JjN2M0YzAiOnsiY3JlYXRlIjoxMjAwMDAwMDAwMDAwLCJkZWxldGUiOjEyMDAwMDAwMDAwMDAsInVwZGF0ZSI6MTIwMDAwMDAwMDAwMH19",
          "dependencies": [
            "google_service_account.cloud_run_sa",
            "module.neo4j_db.google_compute_firewall.neo4j-internal",
            "module.neo4j_db.google_compute_instance.neo4j",
            "module.neo4j_db.google_iap_tunnel_instance_iam_member.ssh",
            "module.neo4j_db.google_project_iam_member.neo4j_iap_tunnel_user",
            "module.neo4j_db.google_project_iam_member.neo4j_logging",
            "module.neo4j_db.google_project_iam_member.neo4j_monitoring",
            "module.neo4j_db.google_project_iam_member.neo4j_storage_viewer",
            "module.neo4j_db.google_secret_manager_secret.neo4j_bolt_uri",
            "module.neo4j_db.google_secret_manager_secret_iam_member.neo4j_bolt_uri_secret_accessor",
            "module.neo4j_db.google_secret_manager_secret_version.neo4j_bolt_uri_version",
            "module.neo4j_db.google_service_account.neo4j_instance_sa",
            "module.secrets.google_secret_manager_secret.pusher_key",
            "module.selenium_chrome_cloud_run.google_cloud_run_service.selenium_standalone_chrome",
            "module.vpc.google_compute_network.vpc",
            "module.vpc.google_compute_subnetwork.custom_subnet"
          ]
        }
      ]
    },
    {
      "module": "module.secrets",
      "mode": "managed",
      "type": "google_secret_manager_secret_version",
      "name": "pusher_secret_version",
      "provider": "provider[\"registry.terraform.io/hashicorp/google\"]",
      "instances": [
        {
          "schema_version": 0,
          "attributes": {
            "create_time": "2025-07-22T02:20:43.137302Z",
            "deletion_policy": "DELETE",
            "destroy_time": "",
            "enabled": true,
            "id": "projects/673367928406/secrets/pusher-secret/versions/1",
            "is_secret_data_base64": false,
            "name": "projects/673367928406/secrets/pusher-secret/versions/1",
            "secret": "projects/webcrawler-450417/secrets/pusher-secret",
            "secret_data": null,
            "secret_data_wo": null,
            "secret_data_wo_version": 0,
            "timeouts": null,
            "version": "1"
          },
          "sensitive_attributes": [
            [
              {
                "type": "get_attr",
                "value": "secret_data"
              }
            ],
            [
              {
                "type": "get_attr",
                "value": "secret_data_wo"
              }
            ]
          ],
          "identity_schema_version": 0,
          "private": "eyJlMmJmYjczMC1lY2FhLTExZTYtOGY4OC0zNDM2M2JjN2M0YzAiOnsiY3JlYXRlIjoxMjAwMDAwMDAwMDAwLCJkZWxldGUiOjEyMDAwMDAwMDAwMDAsInVwZGF0ZSI6MTIwMDAwMDAwMDAwMH19",
          "dependencies": [
            "google_service_account.cloud_run_sa",
            "module.neo4j_db.google_compute_firewall.neo4j-internal",
            "module.neo4j_db.google_compute_instance.neo4j",
            "module.neo4j_db.google_iap_tunnel_instance_iam_member.ssh",
            "module.neo4j_db.google_project_iam_member.neo4j_iap_tunnel_user",
            "module.neo4j_db.google_project_iam_member.neo4j_logging",
            "module.neo4j_db.google_project_iam_member.neo4j_monitoring",
            "module.neo4j_db.google_project_iam_member.neo4j_storage_viewer",
            "module.neo4j_db.google_secret_manager_secret.neo4j_bolt_uri",
            "module.neo4j_db.google_secret_manager_secret_iam_member.neo4j_bolt_uri_secret_accessor",
            "module.neo4j_db.google_secret_manager_secret_version.neo4j_bolt_uri_version",
            "module.neo4j_db.google_service_account.neo4j_instance_sa",
            "module.secrets.google_secret_manager_secret.pusher_secret",
            "module.selenium_chrome_cloud_run.google_cloud_run_service.selenium_standalone_chrome",
            "module.vpc.google_compute_network.vpc",
            "module.vpc.google_compute_subnetwork.custom_subnet"
          ]
        }
      ]
    },
    {
      "module": "module.secrets",
      "mode": "managed",
      "type": "google_secret_manager_secret_version",
      "name": "selenium_urls_version",
      "provider": "provider[\"registry.terraform.io/hashicorp/google\"]",
      "instances": [
        {
          "schema_version": 0,
          "attributes": {
            "create_time": "2025-07-22T02:20:42.324155Z",
            "deletion_policy": "DELETE",
            "destroy_time": "",
            "enabled": true,
            "id": "projects/673367928406/secrets/seleniumurls/versions/1",
            "is_secret_data_base64": false,
            "name": "projects/673367928406/secrets/seleniumurls/versions/1",
            "secret": "projects/webcrawler-450417/secrets/seleniumurls",
            "secret_data": null,
            "secret_data_wo": null,
            "secret_data_wo_version": 0,
            "timeouts": null,
            "version": "1"
          },
          "sensitive_attributes": [
            [
              {
                "type": "get_attr",
                "value": "secret_data"
              }
            ]
          ],
          "identity_schema_version": 0,
          "private": "eyJlMmJmYjczMC1lY2FhLTExZTYtOGY4OC0zNDM2M2JjN2M0YzAiOnsiY3JlYXRlIjoxMjAwMDAwMDAwMDAwLCJkZWxldGUiOjEyMDAwMDAwMDAwMDAsInVwZGF0ZSI6MTIwMDAwMDAwMDAwMH19",
          "dependencies": [
            "google_service_account.cloud_run_sa",
            "module.neo4j_db.google_compute_firewall.neo4j-internal",
            "module.neo4j_db.google_compute_instance.neo4j",
            "module.neo4j_db.google_iap_tunnel_instance_iam_member.ssh",
            "module.neo4j_db.google_project_iam_member.neo4j_iap_tunnel_user",
            "module.neo4j_db.google_project_iam_member.neo4j_logging",
            "module.neo4j_db.google_project_iam_member.neo4j_monitoring",
            "module.neo4j_db.google_project_iam_member.neo4j_storage_viewer",
            "module.neo4j_db.google_secret_manager_secret.neo4j_bolt_uri",
            "module.neo4j_db.google_secret_manager_secret_iam_member.neo4j_bolt_uri_secret_accessor",
            "module.neo4j_db.google_secret_manager_secret_version.neo4j_bolt_uri_version",
            "module.neo4j_db.google_service_account.neo4j_instance_sa",
            "module.secrets.google_secret_manager_secret.selenium_urls",
            "module.selenium_chrome_cloud_run.google_cloud_run_service.selenium_standalone_chrome",
            "module.vpc.google_compute_network.vpc",
            "module.vpc.google_compute_subnetwork.custom_subnet"
          ]
        }
      ]
    },
    {
      "module": "module.secrets",
      "mode": "managed",
      "type": "google_secret_manager_secret_version",
      "name": "smtp_password_version",
      "provider": "provider[\"registry.terraform.io/hashicorp/google\"]",
      "instances": [
        {
          "schema_version": 0,
          "attributes": {
            "create_time": "2025-07-22T02:20:42.243067Z",
            "deletion_policy": "DELETE",
            "destroy_time": "",
            "enabled": true,
            "id": "projects/673367928406/secrets/smtp-password/versions/1",
            "is_secret_data_base64": false,
            "name": "projects/673367928406/secrets/smtp-password/versions/1",
            "secret": "projects/webcrawler-450417/secrets/smtp-password",
            "secret_data": null,
            "secret_data_wo": null,
            "secret_data_wo_version": 0,
            "timeouts": null,
            "version": "1"
          },
          "sensitive_attributes": [
            [
              {
                "type": "get_attr",
                "value": "secret_data"
              }
            ],
            [
              {
                "type": "get_attr",
                "value": "secret_data_wo"
              }
            ]
          ],
          "identity_schema_version": 0,
          "private": "eyJlMmJmYjczMC1lY2FhLTExZTYtOGY4OC0zNDM2M2JjN2M0YzAiOnsiY3JlYXRlIjoxMjAwMDAwMDAwMDAwLCJkZWxldGUiOjEyMDAwMDAwMDAwMDAsInVwZGF0ZSI6MTIwMDAwMDAwMDAwMH19",
          "dependencies": [
            "google_service_account.cloud_run_sa",
            "module.neo4j_db.google_compute_firewall.neo4j-internal",
            "module.neo4j_db.google_compute_instance.neo4j",
            "module.neo4j_db.google_iap_tunnel_instance_iam_member.ssh",
            "module.neo4j_db.google_project_iam_member.neo4j_iap_tunnel_user",
            "module.neo4j_db.google_project_iam_member.neo4j_logging",
            "module.neo4j_db.google_project_iam_member.neo4j_monitoring",
            "module.neo4j_db.google_project_iam_member.neo4j_storage_viewer",
            "module.neo4j_db.google_secret_manager_secret.neo4j_bolt_uri",
            "module.neo4j_db.google_secret_manager_secret_iam_member.neo4j_bolt_uri_secret_accessor",
            "module.neo4j_db.google_secret_manager_secret_version.neo4j_bolt_uri_version",
            "module.neo4j_db.google_service_account.neo4j_instance_sa",
            "module.secrets.google_secret_manager_secret.smtp_password",
            "module.selenium_chrome_cloud_run.google_cloud_run_service.selenium_standalone_chrome",
            "module.vpc.google_compute_network.vpc",
            "module.vpc.google_compute_subnetwork.custom_subnet"
          ]
        }
      ]
    },
    {
      "module": "module.secrets",
      "mode": "managed",
      "type": "google_secret_manager_secret_version",
      "name": "smtp_username_version",
      "provider": "provider[\"registry.terraform.io/hashicorp/google\"]",
      "instances": [
        {
          "schema_version": 0,
          "attributes": {
            "create_time": "2025-07-22T02:20:43.682311Z",
            "deletion_policy": "DELETE",
            "destroy_time": "",
            "enabled": true,
            "id": "projects/673367928406/secrets/smtp-username/versions/1",
            "is_secret_data_base64": false,
            "name": "projects/673367928406/secrets/smtp-username/versions/1",
            "secret": "projects/webcrawler-450417/secrets/smtp-username",
            "secret_data": null,
            "secret_data_wo": null,
            "secret_data_wo_version": 0,
            "timeouts": null,
            "version": "1"
          },
          "sensitive_attributes": [
            [
              {
                "type": "get_attr",
                "value": "secret_data"
              }
            ],
            [
              {
                "type": "get_attr",
                "value": "secret_data_wo"
              }
            ]
          ],
          "identity_schema_version": 0,
          "private": "eyJlMmJmYjczMC1lY2FhLTExZTYtOGY4OC0zNDM2M2JjN2M0YzAiOnsiY3JlYXRlIjoxMjAwMDAwMDAwMDAwLCJkZWxldGUiOjEyMDAwMDAwMDAwMDAsInVwZGF0ZSI6MTIwMDAwMDAwMDAwMH19",
          "dependencies": [
            "google_service_account.cloud_run_sa",
            "module.neo4j_db.google_compute_firewall.neo4j-internal",
            "module.neo4j_db.google_compute_instance.neo4j",
            "module.neo4j_db.google_iap_tunnel_instance_iam_member.ssh",
            "module.neo4j_db.google_project_iam_member.neo4j_iap_tunnel_user",
            "module.neo4j_db.google_project_iam_member.neo4j_logging",
            "module.neo4j_db.google_project_iam_member.neo4j_monitoring",
            "module.neo4j_db.google_project_iam_member.neo4j_storage_viewer",
            "module.neo4j_db.google_secret_manager_secret.neo4j_bolt_uri",
            "module.neo4j_db.google_secret_manager_secret_iam_member.neo4j_bolt_uri_secret_accessor",
            "module.neo4j_db.google_secret_manager_secret_version.neo4j_bolt_uri_version",
            "module.neo4j_db.google_service_account.neo4j_instance_sa",
            "module.secrets.google_secret_manager_secret.smtp_username",
            "module.selenium_chrome_cloud_run.google_cloud_run_service.selenium_standalone_chrome",
            "module.vpc.google_compute_network.vpc",
            "module.vpc.google_compute_subnetwork.custom_subnet"
          ]
        }
      ]
    },
    {
      "module": "module.selenium_chrome_cloud_run[\"0\"]",
      "mode": "managed",
      "type": "google_cloud_run_service",
      "name": "selenium_standalone_chrome",
      "provider": "provider[\"registry.terraform.io/hashicorp/google\"]",
      "instances": [
        {
          "schema_version": 2,
          "attributes": {
            "autogenerate_revision_name": false,
            "id": "locations/us-central1/namespaces/webcrawler-450417/services/selenium-chrome-1",
            "location": "us-central1",
            "metadata": [
              {
                "annotations": {
                  "run.googleapis.com/client-name": "terraform"
                },
                "effective_annotations": {
                  "run.googleapis.com/client-name": "terraform",
                  "run.googleapis.com/ingress": "all",
                  "run.googleapis.com/ingress-status": "all",
                  "run.googleapis.com/operation-id": "5f8357f4-c98a-45be-94f0-09c92ba633f5",
                  "run.googleapis.com/urls": "[\"https://selenium-chrome-1-673367928406.us-central1.run.app\",\"https://selenium-chrome-1-5wvl2oswbq-uc.a.run.app\"]",
                  "serving.knative.dev/creator": "webcrawleraccountmanager@webcrawler-450417.iam.gserviceaccount.com",
                  "serving.knative.dev/lastModifier": "webcrawleraccountmanager@webcrawler-450417.iam.gserviceaccount.com"
                },
                "effective_labels": {
                  "cloud.googleapis.com/location": "us-central1",
                  "goog-terraform-provisioned": "true"
                },
                "generation": 1,
                "labels": {},
                "namespace": "webcrawler-450417",
                "resource_version": "AAY6ezloYZ0",
                "self_link": "/apis/serving.knative.dev/v1/namespaces/673367928406/services/selenium-chrome-1",
                "terraform_labels": {
                  "goog-terraform-provisioned": "true"
                },
                "uid": "e8ede2a4-686c-4d17-b50a-753b63645665"
              }
            ],
            "name": "selenium-chrome-1",
            "project": "webcrawler-450417",
            "status": [
              {
                "conditions": [
                  {
                    "message": "",
                    "reason": "",
                    "status": "True",
                    "type": "Ready"
                  },
                  {
                    "message": "",
                    "reason": "",
                    "status": "True",
                    "type": "ConfigurationsReady"
                  },
                  {
                    "message": "",
                    "reason": "",
                    "status": "True",
                    "type": "RoutesReady"
                  }
                ],
                "latest_created_revision_name": "selenium-chrome-1-00001-k68",
                "latest_ready_revision_name": "selenium-chrome-1-00001-k68",
                "observed_generation": 1,
                "traffic": [
                  {
                    "latest_revision": true,
                    "percent": 100,
                    "revision_name": "selenium-chrome-1-00001-k68",
                    "tag": "",
                    "url": ""
                  }
                ],
                "url": "https://selenium-chrome-1-5wvl2oswbq-uc.a.run.app"
              }
            ],
            "template": [
              {
                "metadata": [
                  {
                    "annotations": {
                      "autoscaling.knative.dev/maxScale": "20"
                    },
                    "generation": 0,
                    "labels": {
                      "run.googleapis.com/startupProbeType": "Default"
                    },
                    "name": "",
                    "namespace": "",
                    "resource_version": "",
                    "self_link": "",
                    "uid": ""
                  }
                ],
                "spec": [
                  {
                    "container_concurrency": 80,
                    "containers": [
                      {
                        "args": [],
                        "command": [],
                        "env": [],
                        "env_from": [],
                        "image": "docker.io/selenium/standalone-chrome:3.141.59",
                        "liveness_probe": [],
                        "name": "",
                        "ports": [
                          {
                            "container_port": 4444,
                            "name": "http1",
                            "protocol": ""
                          }
                        ],
                        "resources": [
                          {
                            "limits": {
                              "cpu": "1",
                              "memory": "2Gi"
                            },
                            "requests": {}
                          }
                        ],
                        "startup_probe": [
                          {
                            "failure_threshold": 1,
                            "grpc": [],
                            "http_get": [],
                            "initial_delay_seconds": 0,
                            "period_seconds": 240,
                            "tcp_socket": [
                              {
                                "port": 4444
                              }
                            ],
                            "timeout_seconds": 240
                          }
                        ],
                        "volume_mounts": [],
                        "working_dir": ""
                      }
                    ],
                    "node_selector": {},
                    "service_account_name": "673367928406-compute@developer.gserviceaccount.com",
                    "serving_state": "",
                    "timeout_seconds": 300,
                    "volumes": []
                  }
                ]
              }
            ],
            "timeouts": null,
            "traffic": [
              {
                "latest_revision": true,
                "percent": 100,
                "revision_name": "",
                "tag": "",
                "url": ""
              }
            ]
          },
          "sensitive_attributes": [],
          "identity_schema_version": 0,
          "private": "eyJlMmJmYjczMC1lY2FhLTExZTYtOGY4OC0zNDM2M2JjN2M0YzAiOnsiY3JlYXRlIjoxMjAwMDAwMDAwMDAwLCJkZWxldGUiOjEyMDAwMDAwMDAwMDAsInVwZGF0ZSI6MTIwMDAwMDAwMDAwMH0sInNjaGVtYV92ZXJzaW9uIjoiMiJ9"
        }
      ]
    },
    {
      "module": "module.selenium_chrome_cloud_run[\"1\"]",
      "mode": "managed",
      "type": "google_cloud_run_service",
      "name": "selenium_standalone_chrome",
      "provider": "provider[\"registry.terraform.io/hashicorp/google\"]",
      "instances": [
        {
          "schema_version": 2,
          "attributes": {
            "autogenerate_revision_name": false,
            "id": "locations/us-central1/namespaces/webcrawler-450417/services/selenium-chrome-2",
            "location": "us-central1",
            "metadata": [
              {
                "annotations": {
                  "run.googleapis.com/client-name": "terraform"
                },
                "effective_annotations": {
                  "run.googleapis.com/client-name": "terraform",
                  "run.googleapis.com/ingress": "all",
                  "run.googleapis.com/ingress-status": "all",
                  "run.googleapis.com/operation-id": "25671570-e2e7-483f-8ea4-28a38bd8530d",
                  "run.googleapis.com/urls": "[\"https://selenium-chrome-2-673367928406.us-central1.run.app\",\"https://selenium-chrome-2-5wvl2oswbq-uc.a.run.app\"]",
                  "serving.knative.dev/creator": "webcrawleraccountmanager@webcrawler-450417.iam.gserviceaccount.com",
                  "serving.knative.dev/lastModifier": "webcrawleraccountmanager@webcrawler-450417.iam.gserviceaccount.com"
                },
                "effective_labels": {
                  "cloud.googleapis.com/location": "us-central1",
                  "goog-terraform-provisioned": "true"
                },
                "generation": 1,
                "labels": {},
                "namespace": "webcrawler-450417",
                "resource_version": "AAY6ezkdYBQ",
                "self_link": "/apis/serving.knative.dev/v1/namespaces/673367928406/services/selenium-chrome-2",
                "terraform_labels": {
                  "goog-terraform-provisioned": "true"
                },
                "uid": "0cc4ee5c-ba55-428c-9346-7d0086c249ab"
              }
            ],
            "name": "selenium-chrome-2",
            "project": "webcrawler-450417",
            "status": [
              {
                "conditions": [
                  {
                    "message": "",
                    "reason": "",
                    "status": "True",
                    "type": "Ready"
                  },
                  {
                    "message": "",
                    "reason": "",
                    "status": "True",
                    "type": "ConfigurationsReady"
                  },
                  {
                    "message": "",
                    "reason": "",
                    "status": "True",
                    "type": "RoutesReady"
                  }
                ],
                "latest_created_revision_name": "selenium-chrome-2-00001-68z",
                "latest_ready_revision_name": "selenium-chrome-2-00001-68z",
                "observed_generation": 1,
                "traffic": [
                  {
                    "latest_revision": true,
                    "percent": 100,
                    "revision_name": "selenium-chrome-2-00001-68z",
                    "tag": "",
                    "url": ""
                  }
                ],
                "url": "https://selenium-chrome-2-5wvl2oswbq-uc.a.run.app"
              }
            ],
            "template": [
              {
                "metadata": [
                  {
                    "annotations": {
                      "autoscaling.knative.dev/maxScale": "20"
                    },
                    "generation": 0,
                    "labels": {
                      "run.googleapis.com/startupProbeType": "Default"
                    },
                    "name": "",
                    "namespace": "",
                    "resource_version": "",
                    "self_link": "",
                    "uid": ""
                  }
                ],
                "spec": [
                  {
                    "container_concurrency": 80,
                    "containers": [
                      {
                        "args": [],
                        "command": [],
                        "env": [],
                        "env_from": [],
                        "image": "docker.io/selenium/standalone-chrome:3.141.59",
                        "liveness_probe": [],
                        "name": "",
                        "ports": [
                          {
                            "container_port": 4444,
                            "name": "http1",
                            "protocol": ""
                          }
                        ],
                        "resources": [
                          {
                            "limits": {
                              "cpu": "1",
                              "memory": "2Gi"
                            },
                            "requests": {}
                          }
                        ],
                        "startup_probe": [
                          {
                            "failure_threshold": 1,
                            "grpc": [],
                            "http_get": [],
                            "initial_delay_seconds": 0,
                            "period_seconds": 240,
                            "tcp_socket": [
                              {
                                "port": 4444
                              }
                            ],
                            "timeout_seconds": 240
                          }
                        ],
                        "volume_mounts": [],
                        "working_dir": ""
                      }
                    ],
                    "node_selector": {},
                    "service_account_name": "673367928406-compute@developer.gserviceaccount.com",
                    "serving_state": "",
                    "timeout_seconds": 300,
                    "volumes": []
                  }
                ]
              }
            ],
            "timeouts": null,
            "traffic": [
              {
                "latest_revision": true,
                "percent": 100,
                "revision_name": "",
                "tag": "",
                "url": ""
              }
            ]
          },
          "sensitive_attributes": [],
          "identity_schema_version": 0,
          "private": "eyJlMmJmYjczMC1lY2FhLTExZTYtOGY4OC0zNDM2M2JjN2M0YzAiOnsiY3JlYXRlIjoxMjAwMDAwMDAwMDAwLCJkZWxldGUiOjEyMDAwMDAwMDAwMDAsInVwZGF0ZSI6MTIwMDAwMDAwMDAwMH0sInNjaGVtYV92ZXJzaW9uIjoiMiJ9"
        }
      ]
    },
    {
      "module": "module.selenium_chrome_cloud_run[\"2\"]",
      "mode": "managed",
      "type": "google_cloud_run_service",
      "name": "selenium_standalone_chrome",
      "provider": "provider[\"registry.terraform.io/hashicorp/google\"]",
      "instances": [
        {
          "schema_version": 2,
          "attributes": {
            "autogenerate_revision_name": false,
            "id": "locations/us-central1/namespaces/webcrawler-450417/services/selenium-chrome-3",
            "location": "us-central1",
            "metadata": [
              {
                "annotations": {
                  "run.googleapis.com/client-name": "terraform"
                },
                "effective_annotations": {
                  "run.googleapis.com/client-name": "terraform",
                  "run.googleapis.com/ingress": "all",
                  "run.googleapis.com/ingress-status": "all",
                  "run.googleapis.com/operation-id": "1ee60ca5-db28-4ca1-a0d6-5b6fda7085a0",
                  "run.googleapis.com/urls": "[\"https://selenium-chrome-3-673367928406.us-central1.run.app\",\"https://selenium-chrome-3-5wvl2oswbq-uc.a.run.app\"]",
                  "serving.knative.dev/creator": "webcrawleraccountmanager@webcrawler-450417.iam.gserviceaccount.com",
                  "serving.knative.dev/lastModifier": "webcrawleraccountmanager@webcrawler-450417.iam.gserviceaccount.com"
                },
                "effective_labels": {
                  "cloud.googleapis.com/location": "us-central1",
                  "goog-terraform-provisioned": "true"
                },
                "generation": 1,
                "labels": {},
                "namespace": "webcrawler-450417",
                "resource_version": "AAY6ezhZMJI",
                "self_link": "/apis/serving.knative.dev/v1/namespaces/673367928406/services/selenium-chrome-3",
                "terraform_labels": {
                  "goog-terraform-provisioned": "true"
                },
                "uid": "de72843c-583d-42aa-9198-55ca03f782ff"
              }
            ],
            "name": "selenium-chrome-3",
            "project": "webcrawler-450417",
            "status": [
              {
                "conditions": [
                  {
                    "message": "",
                    "reason": "",
                    "status": "True",
                    "type": "Ready"
                  },
                  {
                    "message": "",
                    "reason": "",
                    "status": "True",
                    "type": "ConfigurationsReady"
                  },
                  {
                    "message": "",
                    "reason": "",
                    "status": "True",
                    "type": "RoutesReady"
                  }
                ],
                "latest_created_revision_name": "selenium-chrome-3-00001-gvm",
                "latest_ready_revision_name": "selenium-chrome-3-00001-gvm",
                "observed_generation": 1,
                "traffic": [
                  {
                    "latest_revision": true,
                    "percent": 100,
                    "revision_name": "selenium-chrome-3-00001-gvm",
                    "tag": "",
                    "url": ""
                  }
                ],
                "url": "https://selenium-chrome-3-5wvl2oswbq-uc.a.run.app"
              }
            ],
            "template": [
              {
                "metadata": [
                  {
                    "annotations": {
                      "autoscaling.knative.dev/maxScale": "20"
                    },
                    "generation": 0,
                    "labels": {
                      "run.googleapis.com/startupProbeType": "Default"
                    },
                    "name": "",
                    "namespace": "",
                    "resource_version": "",
                    "self_link": "",
                    "uid": ""
                  }
                ],
                "spec": [
                  {
                    "container_concurrency": 80,
                    "containers": [
                      {
                        "args": [],
                        "command": [],
                        "env": [],
                        "env_from": [],
                        "image": "docker.io/selenium/standalone-chrome:3.141.59",
                        "liveness_probe": [],
                        "name": "",
                        "ports": [
                          {
                            "container_port": 4444,
                            "name": "http1",
                            "protocol": ""
                          }
                        ],
                        "resources": [
                          {
                            "limits": {
                              "cpu": "1",
                              "memory": "2Gi"
                            },
                            "requests": {}
                          }
                        ],
                        "startup_probe": [
                          {
                            "failure_threshold": 1,
                            "grpc": [],
                            "http_get": [],
                            "initial_delay_seconds": 0,
                            "period_seconds": 240,
                            "tcp_socket": [
                              {
                                "port": 4444
                              }
                            ],
                            "timeout_seconds": 240
                          }
                        ],
                        "volume_mounts": [],
                        "working_dir": ""
                      }
                    ],
                    "node_selector": {},
                    "service_account_name": "673367928406-compute@developer.gserviceaccount.com",
                    "serving_state": "",
                    "timeout_seconds": 300,
                    "volumes": []
                  }
                ]
              }
            ],
            "timeouts": null,
            "traffic": [
              {
                "latest_revision": true,
                "percent": 100,
                "revision_name": "",
                "tag": "",
                "url": ""
              }
            ]
          },
          "sensitive_attributes": [],
          "identity_schema_version": 0,
          "private": "eyJlMmJmYjczMC1lY2FhLTExZTYtOGY4OC0zNDM2M2JjN2M0YzAiOnsiY3JlYXRlIjoxMjAwMDAwMDAwMDAwLCJkZWxldGUiOjEyMDAwMDAwMDAwMDAsInVwZGF0ZSI6MTIwMDAwMDAwMDAwMH0sInNjaGVtYV92ZXJzaW9uIjoiMiJ9"
        }
      ]
    },
    {
      "module": "module.selenium_chrome_cloud_run[\"3\"]",
      "mode": "managed",
      "type": "google_cloud_run_service",
      "name": "selenium_standalone_chrome",
      "provider": "provider[\"registry.terraform.io/hashicorp/google\"]",
      "instances": [
        {
          "schema_version": 2,
          "attributes": {
            "autogenerate_revision_name": false,
            "id": "locations/us-central1/namespaces/webcrawler-450417/services/selenium-chrome-4",
            "location": "us-central1",
            "metadata": [
              {
                "annotations": {
                  "run.googleapis.com/client-name": "terraform"
                },
                "effective_annotations": {
                  "run.googleapis.com/client-name": "terraform",
                  "run.googleapis.com/ingress": "all",
                  "run.googleapis.com/ingress-status": "all",
                  "run.googleapis.com/operation-id": "fa4111ae-732d-4585-bc14-a0fc99b98105",
                  "run.googleapis.com/urls": "[\"https://selenium-chrome-4-673367928406.us-central1.run.app\",\"https://selenium-chrome-4-5wvl2oswbq-uc.a.run.app\"]",
                  "serving.knative.dev/creator": "webcrawleraccountmanager@webcrawler-450417.iam.gserviceaccount.com",
                  "serving.knative.dev/lastModifier": "webcrawleraccountmanager@webcrawler-450417.iam.gserviceaccount.com"
                },
                "effective_labels": {
                  "cloud.googleapis.com/location": "us-central1",
                  "goog-terraform-provisioned": "true"
                },
                "generation": 1,
                "labels": {},
                "namespace": "webcrawler-450417",
                "resource_version": "AAY6ezhdfiY",
                "self_link": "/apis/serving.knative.dev/v1/namespaces/673367928406/services/selenium-chrome-4",
                "terraform_labels": {
                  "goog-terraform-provisioned": "true"
                },
                "uid": "4beb2548-f2d1-4ebe-91db-c0131066680a"
              }
            ],
            "name": "selenium-chrome-4",
            "project": "webcrawler-450417",
            "status": [
              {
                "conditions": [
                  {
                    "message": "",
                    "reason": "",
                    "status": "True",
                    "type": "Ready"
                  },
                  {
                    "message": "",
                    "reason": "",
                    "status": "True",
                    "type": "ConfigurationsReady"
                  },
                  {
                    "message": "",
                    "reason": "",
                    "status": "True",
                    "type": "RoutesReady"
                  }
                ],
                "latest_created_revision_name": "selenium-chrome-4-00001-dhj",
                "latest_ready_revision_name": "selenium-chrome-4-00001-dhj",
                "observed_generation": 1,
                "traffic": [
                  {
                    "latest_revision": true,
                    "percent": 100,
                    "revision_name": "selenium-chrome-4-00001-dhj",
                    "tag": "",
                    "url": ""
                  }
                ],
                "url": "https://selenium-chrome-4-5wvl2oswbq-uc.a.run.app"
              }
            ],
            "template": [
              {
                "metadata": [
                  {
                    "annotations": {
                      "autoscaling.knative.dev/maxScale": "20"
                    },
                    "generation": 0,
                    "labels": {
                      "run.googleapis.com/startupProbeType": "Default"
                    },
                    "name": "",
                    "namespace": "",
                    "resource_version": "",
                    "self_link": "",
                    "uid": ""
                  }
                ],
                "spec": [
                  {
                    "container_concurrency": 80,
                    "containers": [
                      {
                        "args": [],
                        "command": [],
                        "env": [],
                        "env_from": [],
                        "image": "docker.io/selenium/standalone-chrome:3.141.59",
                        "liveness_probe": [],
                        "name": "",
                        "ports": [
                          {
                            "container_port": 4444,
                            "name": "http1",
                            "protocol": ""
                          }
                        ],
                        "resources": [
                          {
                            "limits": {
                              "cpu": "1",
                              "memory": "2Gi"
                            },
                            "requests": {}
                          }
                        ],
                        "startup_probe": [
                          {
                            "failure_threshold": 1,
                            "grpc": [],
                            "http_get": [],
                            "initial_delay_seconds": 0,
                            "period_seconds": 240,
                            "tcp_socket": [
                              {
                                "port": 4444
                              }
                            ],
                            "timeout_seconds": 240
                          }
                        ],
                        "volume_mounts": [],
                        "working_dir": ""
                      }
                    ],
                    "node_selector": {},
                    "service_account_name": "673367928406-compute@developer.gserviceaccount.com",
                    "serving_state": "",
                    "timeout_seconds": 300,
                    "volumes": []
                  }
                ]
              }
            ],
            "timeouts": null,
            "traffic": [
              {
                "latest_revision": true,
                "percent": 100,
                "revision_name": "",
                "tag": "",
                "url": ""
              }
            ]
          },
          "sensitive_attributes": [],
          "identity_schema_version": 0,
          "private": "eyJlMmJmYjczMC1lY2FhLTExZTYtOGY4OC0zNDM2M2JjN2M0YzAiOnsiY3JlYXRlIjoxMjAwMDAwMDAwMDAwLCJkZWxldGUiOjEyMDAwMDAwMDAwMDAsInVwZGF0ZSI6MTIwMDAwMDAwMDAwMH0sInNjaGVtYV92ZXJzaW9uIjoiMiJ9"
        }
      ]
    },
    {
      "module": "module.selenium_chrome_cloud_run[\"4\"]",
      "mode": "managed",
      "type": "google_cloud_run_service",
      "name": "selenium_standalone_chrome",
      "provider": "provider[\"registry.terraform.io/hashicorp/google\"]",
      "instances": [
        {
          "schema_version": 2,
          "attributes": {
            "autogenerate_revision_name": false,
            "id": "locations/us-central1/namespaces/webcrawler-450417/services/selenium-chrome-5",
            "location": "us-central1",
            "metadata": [
              {
                "annotations": {
                  "run.googleapis.com/client-name": "terraform"
                },
                "effective_annotations": {
                  "run.googleapis.com/client-name": "terraform",
                  "run.googleapis.com/ingress": "all",
                  "run.googleapis.com/ingress-status": "all",
                  "run.googleapis.com/operation-id": "c653ff87-979b-483a-97d8-41c867d54ad2",
                  "run.googleapis.com/urls": "[\"https://selenium-chrome-5-673367928406.us-central1.run.app\",\"https://selenium-chrome-5-5wvl2oswbq-uc.a.run.app\"]",
                  "serving.knative.dev/creator": "webcrawleraccountmanager@webcrawler-450417.iam.gserviceaccount.com",
                  "serving.knative.dev/lastModifier": "webcrawleraccountmanager@webcrawler-450417.iam.gserviceaccount.com"
                },
                "effective_labels": {
                  "cloud.googleapis.com/location": "us-central1",
                  "goog-terraform-provisioned": "true"
                },
                "generation": 1,
                "labels": {},
                "namespace": "webcrawler-450417",
                "resource_version": "AAY6ezkWt10",
                "self_link": "/apis/serving.knative.dev/v1/namespaces/673367928406/services/selenium-chrome-5",
                "terraform_labels": {
                  "goog-terraform-provisioned": "true"
                },
                "uid": "d436be30-2952-4e24-88ae-88fbc5cd3009"
              }
            ],
            "name": "selenium-chrome-5",
            "project": "webcrawler-450417",
            "status": [
              {
                "conditions": [
                  {
                    "message": "",
                    "reason": "",
                    "status": "True",
                    "type": "Ready"
                  },
                  {
                    "message": "",
                    "reason": "",
                    "status": "True",
                    "type": "ConfigurationsReady"
                  },
                  {
                    "message": "",
                    "reason": "",
                    "status": "True",
                    "type": "RoutesReady"
                  }
                ],
                "latest_created_revision_name": "selenium-chrome-5-00001-lzn",
                "latest_ready_revision_name": "selenium-chrome-5-00001-lzn",
                "observed_generation": 1,
                "traffic": [
                  {
                    "latest_revision": true,
                    "percent": 100,
                    "revision_name": "selenium-chrome-5-00001-lzn",
                    "tag": "",
                    "url": ""
                  }
                ],
                "url": "https://selenium-chrome-5-5wvl2oswbq-uc.a.run.app"
              }
            ],
            "template": [
              {
                "metadata": [
                  {
                    "annotations": {
                      "autoscaling.knative.dev/maxScale": "20"
                    },
                    "generation": 0,
                    "labels": {
                      "run.googleapis.com/startupProbeType": "Default"
                    },
                    "name": "",
                    "namespace": "",
                    "resource_version": "",
                    "self_link": "",
                    "uid": ""
                  }
                ],
                "spec": [
                  {
                    "container_concurrency": 80,
                    "containers": [
                      {
                        "args": [],
                        "command": [],
                        "env": [],
                        "env_from": [],
                        "image": "docker.io/selenium/standalone-chrome:3.141.59",
                        "liveness_probe": [],
                        "name": "",
                        "ports": [
                          {
                            "container_port": 4444,
                            "name": "http1",
                            "protocol": ""
                          }
                        ],
                        "resources": [
                          {
                            "limits": {
                              "cpu": "1",
                              "memory": "2Gi"
                            },
                            "requests": {}
                          }
                        ],
                        "startup_probe": [
                          {
                            "failure_threshold": 1,
                            "grpc": [],
                            "http_get": [],
                            "initial_delay_seconds": 0,
                            "period_seconds": 240,
                            "tcp_socket": [
                              {
                                "port": 4444
                              }
                            ],
                            "timeout_seconds": 240
                          }
                        ],
                        "volume_mounts": [],
                        "working_dir": ""
                      }
                    ],
                    "node_selector": {},
                    "service_account_name": "673367928406-compute@developer.gserviceaccount.com",
                    "serving_state": "",
                    "timeout_seconds": 300,
                    "volumes": []
                  }
                ]
              }
            ],
            "timeouts": null,
            "traffic": [
              {
                "latest_revision": true,
                "percent": 100,
                "revision_name": "",
                "tag": "",
                "url": ""
              }
            ]
          },
          "sensitive_attributes": [],
          "identity_schema_version": 0,
          "private": "eyJlMmJmYjczMC1lY2FhLTExZTYtOGY4OC0zNDM2M2JjN2M0YzAiOnsiY3JlYXRlIjoxMjAwMDAwMDAwMDAwLCJkZWxldGUiOjEyMDAwMDAwMDAwMDAsInVwZGF0ZSI6MTIwMDAwMDAwMDAwMH0sInNjaGVtYV92ZXJzaW9uIjoiMiJ9"
        }
      ]
    },
    {
      "module": "module.selenium_chrome_cloud_run[\"5\"]",
      "mode": "managed",
      "type": "google_cloud_run_service",
      "name": "selenium_standalone_chrome",
      "provider": "provider[\"registry.terraform.io/hashicorp/google\"]",
      "instances": [
        {
          "schema_version": 2,
          "attributes": {
            "autogenerate_revision_name": false,
            "id": "locations/us-central1/namespaces/webcrawler-450417/services/selenium-chrome-6",
            "location": "us-central1",
            "metadata": [
              {
                "annotations": {
                  "run.googleapis.com/client-name": "terraform"
                },
                "effective_annotations": {
                  "run.googleapis.com/client-name": "terraform",
                  "run.googleapis.com/ingress": "all",
                  "run.googleapis.com/ingress-status": "all",
                  "run.googleapis.com/operation-id": "70dbf49b-fab3-41f1-a85d-f84aafeae70e",
                  "run.googleapis.com/urls": "[\"https://selenium-chrome-6-673367928406.us-central1.run.app\",\"https://selenium-chrome-6-5wvl2oswbq-uc.a.run.app\"]",
                  "serving.knative.dev/creator": "webcrawleraccountmanager@webcrawler-450417.iam.gserviceaccount.com",
                  "serving.knative.dev/lastModifier": "webcrawleraccountmanager@webcrawler-450417.iam.gserviceaccount.com"
                },
                "effective_labels": {
                  "cloud.googleapis.com/location": "us-central1",
                  "goog-terraform-provisioned": "true"
                },
                "generation": 1,
                "labels": {},
                "namespace": "webcrawler-450417",
                "resource_version": "AAY6ezkWlok",
                "self_link": "/apis/serving.knative.dev/v1/namespaces/673367928406/services/selenium-chrome-6",
                "terraform_labels": {
                  "goog-terraform-provisioned": "true"
                },
                "uid": "e5645f3a-15f8-4940-b766-9a9000535d5d"
              }
            ],
            "name": "selenium-chrome-6",
            "project": "webcrawler-450417",
            "status": [
              {
                "conditions": [
                  {
                    "message": "",
                    "reason": "",
                    "status": "True",
                    "type": "Ready"
                  },
                  {
                    "message": "",
                    "reason": "",
                    "status": "True",
                    "type": "ConfigurationsReady"
                  },
                  {
                    "message": "",
                    "reason": "",
                    "status": "True",
                    "type": "RoutesReady"
                  }
                ],
                "latest_created_revision_name": "selenium-chrome-6-00001-946",
                "latest_ready_revision_name": "selenium-chrome-6-00001-946",
                "observed_generation": 1,
                "traffic": [
                  {
                    "latest_revision": true,
                    "percent": 100,
                    "revision_name": "selenium-chrome-6-00001-946",
                    "tag": "",
                    "url": ""
                  }
                ],
                "url": "https://selenium-chrome-6-5wvl2oswbq-uc.a.run.app"
              }
            ],
            "template": [
              {
                "metadata": [
                  {
                    "annotations": {
                      "autoscaling.knative.dev/maxScale": "20"
                    },
                    "generation": 0,
                    "labels": {
                      "run.googleapis.com/startupProbeType": "Default"
                    },
                    "name": "",
                    "namespace": "",
                    "resource_version": "",
                    "self_link": "",
                    "uid": ""
                  }
                ],
                "spec": [
                  {
                    "container_concurrency": 80,
                    "containers": [
                      {
                        "args": [],
                        "command": [],
                        "env": [],
                        "env_from": [],
                        "image": "docker.io/selenium/standalone-chrome:3.141.59",
                        "liveness_probe": [],
                        "name": "",
                        "ports": [
                          {
                            "container_port": 4444,
                            "name": "http1",
                            "protocol": ""
                          }
                        ],
                        "resources": [
                          {
                            "limits": {
                              "cpu": "1",
                              "memory": "2Gi"
                            },
                            "requests": {}
                          }
                        ],
                        "startup_probe": [
                          {
                            "failure_threshold": 1,
                            "grpc": [],
                            "http_get": [],
                            "initial_delay_seconds": 0,
                            "period_seconds": 240,
                            "tcp_socket": [
                              {
                                "port": 4444
                              }
                            ],
                            "timeout_seconds": 240
                          }
                        ],
                        "volume_mounts": [],
                        "working_dir": ""
                      }
                    ],
                    "node_selector": {},
                    "service_account_name": "673367928406-compute@developer.gserviceaccount.com",
                    "serving_state": "",
                    "timeout_seconds": 300,
                    "volumes": []
                  }
                ]
              }
            ],
            "timeouts": null,
            "traffic": [
              {
                "latest_revision": true,
                "percent": 100,
                "revision_name": "",
                "tag": "",
                "url": ""
              }
            ]
          },
          "sensitive_attributes": [],
          "identity_schema_version": 0,
          "private": "eyJlMmJmYjczMC1lY2FhLTExZTYtOGY4OC0zNDM2M2JjN2M0YzAiOnsiY3JlYXRlIjoxMjAwMDAwMDAwMDAwLCJkZWxldGUiOjEyMDAwMDAwMDAwMDAsInVwZGF0ZSI6MTIwMDAwMDAwMDAwMH0sInNjaGVtYV92ZXJzaW9uIjoiMiJ9"
        }
      ]
    },
    {
      "module": "module.selenium_chrome_cloud_run[\"6\"]",
      "mode": "managed",
      "type": "google_cloud_run_service",
      "name": "selenium_standalone_chrome",
      "provider": "provider[\"registry.terraform.io/hashicorp/google\"]",
      "instances": [
        {
          "schema_version": 2,
          "attributes": {
            "autogenerate_revision_name": false,
            "id": "locations/us-central1/namespaces/webcrawler-450417/services/selenium-chrome-7",
            "location": "us-central1",
            "metadata": [
              {
                "annotations": {
                  "run.googleapis.com/client-name": "terraform"
                },
                "effective_annotations": {
                  "run.googleapis.com/client-name": "terraform",
                  "run.googleapis.com/ingress": "all",
                  "run.googleapis.com/ingress-status": "all",
                  "run.googleapis.com/operation-id": "da5cec96-60f0-4809-9393-d0e56e10e40f",
                  "run.googleapis.com/urls": "[\"https://selenium-chrome-7-673367928406.us-central1.run.app\",\"https://selenium-chrome-7-5wvl2oswbq-uc.a.run.app\"]",
                  "serving.knative.dev/creator": "webcrawleraccountmanager@webcrawler-450417.iam.gserviceaccount.com",
                  "serving.knative.dev/lastModifier": "webcrawleraccountmanager@webcrawler-450417.iam.gserviceaccount.com"
                },
                "effective_labels": {
                  "cloud.googleapis.com/location": "us-central1",
                  "goog-terraform-provisioned": "true"
                },
                "generation": 1,
                "labels": {},
                "namespace": "webcrawler-450417",
                "resource_version": "AAY6ezhivL4",
                "self_link": "/apis/serving.knative.dev/v1/namespaces/673367928406/services/selenium-chrome-7",
                "terraform_labels": {
                  "goog-terraform-provisioned": "true"
                },
                "uid": "7b852748-223b-4a75-b8e9-4bc12e529643"
              }
            ],
            "name": "selenium-chrome-7",
            "project": "webcrawler-450417",
            "status": [
              {
                "conditions": [
                  {
                    "message": "",
                    "reason": "",
                    "status": "True",
                    "type": "Ready"
                  },
                  {
                    "message": "",
                    "reason": "",
                    "status": "True",
                    "type": "ConfigurationsReady"
                  },
                  {
                    "message": "",
                    "reason": "",
                    "status": "True",
                    "type": "RoutesReady"
                  }
                ],
                "latest_created_revision_name": "selenium-chrome-7-00001-42p",
                "latest_ready_revision_name": "selenium-chrome-7-00001-42p",
                "observed_generation": 1,
                "traffic": [
                  {
                    "latest_revision": true,
                    "percent": 100,
                    "revision_name": "selenium-chrome-7-00001-42p",
                    "tag": "",
                    "url": ""
                  }
                ],
                "url": "https://selenium-chrome-7-5wvl2oswbq-uc.a.run.app"
              }
            ],
            "template": [
              {
                "metadata": [
                  {
                    "annotations": {
                      "autoscaling.knative.dev/maxScale": "20"
                    },
                    "generation": 0,
                    "labels": {
                      "run.googleapis.com/startupProbeType": "Default"
                    },
                    "name": "",
                    "namespace": "",
                    "resource_version": "",
                    "self_link": "",
                    "uid": ""
                  }
                ],
                "spec": [
                  {
                    "container_concurrency": 80,
                    "containers": [
                      {
                        "args": [],
                        "command": [],
                        "env": [],
                        "env_from": [],
                        "image": "docker.io/selenium/standalone-chrome:3.141.59",
                        "liveness_probe": [],
                        "name": "",
                        "ports": [
                          {
                            "container_port": 4444,
                            "name": "http1",
                            "protocol": ""
                          }
                        ],
                        "resources": [
                          {
                            "limits": {
                              "cpu": "1",
                              "memory": "2Gi"
                            },
                            "requests": {}
                          }
                        ],
                        "startup_probe": [
                          {
                            "failure_threshold": 1,
                            "grpc": [],
                            "http_get": [],
                            "initial_delay_seconds": 0,
                            "period_seconds": 240,
                            "tcp_socket": [
                              {
                                "port": 4444
                              }
                            ],
                            "timeout_seconds": 240
                          }
                        ],
                        "volume_mounts": [],
                        "working_dir": ""
                      }
                    ],
                    "node_selector": {},
                    "service_account_name": "673367928406-compute@developer.gserviceaccount.com",
                    "serving_state": "",
                    "timeout_seconds": 300,
                    "volumes": []
                  }
                ]
              }
            ],
            "timeouts": null,
            "traffic": [
              {
                "latest_revision": true,
                "percent": 100,
                "revision_name": "",
                "tag": "",
                "url": ""
              }
            ]
          },
          "sensitive_attributes": [],
          "identity_schema_version": 0,
          "private": "eyJlMmJmYjczMC1lY2FhLTExZTYtOGY4OC0zNDM2M2JjN2M0YzAiOnsiY3JlYXRlIjoxMjAwMDAwMDAwMDAwLCJkZWxldGUiOjEyMDAwMDAwMDAwMDAsInVwZGF0ZSI6MTIwMDAwMDAwMDAwMH0sInNjaGVtYV92ZXJzaW9uIjoiMiJ9"
        }
      ]
    },
    {
      "module": "module.selenium_chrome_cloud_run[\"7\"]",
      "mode": "managed",
      "type": "google_cloud_run_service",
      "name": "selenium_standalone_chrome",
      "provider": "provider[\"registry.terraform.io/hashicorp/google\"]",
      "instances": [
        {
          "schema_version": 2,
          "attributes": {
            "autogenerate_revision_name": false,
            "id": "locations/us-central1/namespaces/webcrawler-450417/services/selenium-chrome-8",
            "location": "us-central1",
            "metadata": [
              {
                "annotations": {
                  "run.googleapis.com/client-name": "terraform"
                },
                "effective_annotations": {
                  "run.googleapis.com/client-name": "terraform",
                  "run.googleapis.com/ingress": "all",
                  "run.googleapis.com/ingress-status": "all",
                  "run.googleapis.com/operation-id": "6968d212-51b6-4db8-b7e0-e48f9d388871",
                  "run.googleapis.com/urls": "[\"https://selenium-chrome-8-673367928406.us-central1.run.app\",\"https://selenium-chrome-8-5wvl2oswbq-uc.a.run.app\"]",
                  "serving.knative.dev/creator": "webcrawleraccountmanager@webcrawler-450417.iam.gserviceaccount.com",
                  "serving.knative.dev/lastModifier": "webcrawleraccountmanager@webcrawler-450417.iam.gserviceaccount.com"
                },
                "effective_labels": {
                  "cloud.googleapis.com/location": "us-central1",
                  "goog-terraform-provisioned": "true"
                },
                "generation": 1,
                "labels": {},
                "namespace": "webcrawler-450417",
                "resource_version": "AAY6eziuOA4",
                "self_link": "/apis/serving.knative.dev/v1/namespaces/673367928406/services/selenium-chrome-8",
                "terraform_labels": {
                  "goog-terraform-provisioned": "true"
                },
                "uid": "2b74cf90-d00d-4e54-ba9d-542969831a74"
              }
            ],
            "name": "selenium-chrome-8",
            "project": "webcrawler-450417",
            "status": [
              {
                "conditions": [
                  {
                    "message": "",
                    "reason": "",
                    "status": "True",
                    "type": "Ready"
                  },
                  {
                    "message": "",
                    "reason": "",
                    "status": "True",
                    "type": "ConfigurationsReady"
                  },
                  {
                    "message": "",
                    "reason": "",
                    "status": "True",
                    "type": "RoutesReady"
                  }
                ],
                "latest_created_revision_name": "selenium-chrome-8-00001-8j5",
                "latest_ready_revision_name": "selenium-chrome-8-00001-8j5",
                "observed_generation": 1,
                "traffic": [
                  {
                    "latest_revision": true,
                    "percent": 100,
                    "revision_name": "selenium-chrome-8-00001-8j5",
                    "tag": "",
                    "url": ""
                  }
                ],
                "url": "https://selenium-chrome-8-5wvl2oswbq-uc.a.run.app"
              }
            ],
            "template": [
              {
                "metadata": [
                  {
                    "annotations": {
                      "autoscaling.knative.dev/maxScale": "20"
                    },
                    "generation": 0,
                    "labels": {
                      "run.googleapis.com/startupProbeType": "Default"
                    },
                    "name": "",
                    "namespace": "",
                    "resource_version": "",
                    "self_link": "",
                    "uid": ""
                  }
                ],
                "spec": [
                  {
                    "container_concurrency": 80,
                    "containers": [
                      {
                        "args": [],
                        "command": [],
                        "env": [],
                        "env_from": [],
                        "image": "docker.io/selenium/standalone-chrome:3.141.59",
                        "liveness_probe": [],
                        "name": "",
                        "ports": [
                          {
                            "container_port": 4444,
                            "name": "http1",
                            "protocol": ""
                          }
                        ],
                        "resources": [
                          {
                            "limits": {
                              "cpu": "1",
                              "memory": "2Gi"
                            },
                            "requests": {}
                          }
                        ],
                        "startup_probe": [
                          {
                            "failure_threshold": 1,
                            "grpc": [],
                            "http_get": [],
                            "initial_delay_seconds": 0,
                            "period_seconds": 240,
                            "tcp_socket": [
                              {
                                "port": 4444
                              }
                            ],
                            "timeout_seconds": 240
                          }
                        ],
                        "volume_mounts": [],
                        "working_dir": ""
                      }
                    ],
                    "node_selector": {},
                    "service_account_name": "673367928406-compute@developer.gserviceaccount.com",
                    "serving_state": "",
                    "timeout_seconds": 300,
                    "volumes": []
                  }
                ]
              }
            ],
            "timeouts": null,
            "traffic": [
              {
                "latest_revision": true,
                "percent": 100,
                "revision_name": "",
                "tag": "",
                "url": ""
              }
            ]
          },
          "sensitive_attributes": [],
          "identity_schema_version": 0,
          "private": "eyJlMmJmYjczMC1lY2FhLTExZTYtOGY4OC0zNDM2M2JjN2M0YzAiOnsiY3JlYXRlIjoxMjAwMDAwMDAwMDAwLCJkZWxldGUiOjEyMDAwMDAwMDAwMDAsInVwZGF0ZSI6MTIwMDAwMDAwMDAwMH0sInNjaGVtYV92ZXJzaW9uIjoiMiJ9"
        }
      ]
    },
    {
      "module": "module.selenium_chrome_cloud_run[\"8\"]",
      "mode": "managed",
      "type": "google_cloud_run_service",
      "name": "selenium_standalone_chrome",
      "provider": "provider[\"registry.terraform.io/hashicorp/google\"]",
      "instances": [
        {
          "schema_version": 2,
          "attributes": {
            "autogenerate_revision_name": false,
            "id": "locations/us-central1/namespaces/webcrawler-450417/services/selenium-chrome-9",
            "location": "us-central1",
            "metadata": [
              {
                "annotations": {
                  "run.googleapis.com/client-name": "terraform"
                },
                "effective_annotations": {
                  "run.googleapis.com/client-name": "terraform",
                  "run.googleapis.com/ingress": "all",
                  "run.googleapis.com/ingress-status": "all",
                  "run.googleapis.com/operation-id": "2063cce0-9e74-45b8-b34c-e65a229b0a79",
                  "run.googleapis.com/urls": "[\"https://selenium-chrome-9-673367928406.us-central1.run.app\",\"https://selenium-chrome-9-5wvl2oswbq-uc.a.run.app\"]",
                  "serving.knative.dev/creator": "webcrawleraccountmanager@webcrawler-450417.iam.gserviceaccount.com",
                  "serving.knative.dev/lastModifier": "webcrawleraccountmanager@webcrawler-450417.iam.gserviceaccount.com"
                },
                "effective_labels": {
                  "cloud.googleapis.com/location": "us-central1",
                  "goog-terraform-provisioned": "true"
                },
                "generation": 1,
                "labels": {},
                "namespace": "webcrawler-450417",
                "resource_version": "AAY6ezlqBo0",
                "self_link": "/apis/serving.knative.dev/v1/namespaces/673367928406/services/selenium-chrome-9",
                "terraform_labels": {
                  "goog-terraform-provisioned": "true"
                },
                "uid": "2237f919-b666-4263-bc60-afe44ea69e01"
              }
            ],
            "name": "selenium-chrome-9",
            "project": "webcrawler-450417",
            "status": [
              {
                "conditions": [
                  {
                    "message": "",
                    "reason": "",
                    "status": "True",
                    "type": "Ready"
                  },
                  {
                    "message": "",
                    "reason": "",
                    "status": "True",
                    "type": "ConfigurationsReady"
                  },
                  {
                    "message": "",
                    "reason": "",
                    "status": "True",
                    "type": "RoutesReady"
                  }
                ],
                "latest_created_revision_name": "selenium-chrome-9-00001-6dr",
                "latest_ready_revision_name": "selenium-chrome-9-00001-6dr",
                "observed_generation": 1,
                "traffic": [
                  {
                    "latest_revision": true,
                    "percent": 100,
                    "revision_name": "selenium-chrome-9-00001-6dr",
                    "tag": "",
                    "url": ""
                  }
                ],
                "url": "https://selenium-chrome-9-5wvl2oswbq-uc.a.run.app"
              }
            ],
            "template": [
              {
                "metadata": [
                  {
                    "annotations": {
                      "autoscaling.knative.dev/maxScale": "20"
                    },
                    "generation": 0,
                    "labels": {
                      "run.googleapis.com/startupProbeType": "Default"
                    },
                    "name": "",
                    "namespace": "",
                    "resource_version": "",
                    "self_link": "",
                    "uid": ""
                  }
                ],
                "spec": [
                  {
                    "container_concurrency": 80,
                    "containers": [
                      {
                        "args": [],
                        "command": [],
                        "env": [],
                        "env_from": [],
                        "image": "docker.io/selenium/standalone-chrome:3.141.59",
                        "liveness_probe": [],
                        "name": "",
                        "ports": [
                          {
                            "container_port": 4444,
                            "name": "http1",
                            "protocol": ""
                          }
                        ],
                        "resources": [
                          {
                            "limits": {
                              "cpu": "1",
                              "memory": "2Gi"
                            },
                            "requests": {}
                          }
                        ],
                        "startup_probe": [
                          {
                            "failure_threshold": 1,
                            "grpc": [],
                            "http_get": [],
                            "initial_delay_seconds": 0,
                            "period_seconds": 240,
                            "tcp_socket": [
                              {
                                "port": 4444
                              }
                            ],
                            "timeout_seconds": 240
                          }
                        ],
                        "volume_mounts": [],
                        "working_dir": ""
                      }
                    ],
                    "node_selector": {},
                    "service_account_name": "673367928406-compute@developer.gserviceaccount.com",
                    "serving_state": "",
                    "timeout_seconds": 300,
                    "volumes": []
                  }
                ]
              }
            ],
            "timeouts": null,
            "traffic": [
              {
                "latest_revision": true,
                "percent": 100,
                "revision_name": "",
                "tag": "",
                "url": ""
              }
            ]
          },
          "sensitive_attributes": [],
          "identity_schema_version": 0,
          "private": "eyJlMmJmYjczMC1lY2FhLTExZTYtOGY4OC0zNDM2M2JjN2M0YzAiOnsiY3JlYXRlIjoxMjAwMDAwMDAwMDAwLCJkZWxldGUiOjEyMDAwMDAwMDAwMDAsInVwZGF0ZSI6MTIwMDAwMDAwMDAwMH0sInNjaGVtYV92ZXJzaW9uIjoiMiJ9"
        }
      ]
    },
    {
      "module": "module.selenium_chrome_cloud_run[\"9\"]",
      "mode": "managed",
      "type": "google_cloud_run_service",
      "name": "selenium_standalone_chrome",
      "provider": "provider[\"registry.terraform.io/hashicorp/google\"]",
      "instances": [
        {
          "schema_version": 2,
          "attributes": {
            "autogenerate_revision_name": false,
            "id": "locations/us-central1/namespaces/webcrawler-450417/services/selenium-chrome-10",
            "location": "us-central1",
            "metadata": [
              {
                "annotations": {
                  "run.googleapis.com/client-name": "terraform"
                },
                "effective_annotations": {
                  "run.googleapis.com/client-name": "terraform",
                  "run.googleapis.com/ingress": "all",
                  "run.googleapis.com/ingress-status": "all",
                  "run.googleapis.com/operation-id": "31a3ebbb-76ca-49f7-b26f-4d7dbaed6daf",
                  "run.googleapis.com/urls": "[\"https://selenium-chrome-10-673367928406.us-central1.run.app\",\"https://selenium-chrome-10-5wvl2oswbq-uc.a.run.app\"]",
                  "serving.knative.dev/creator": "webcrawleraccountmanager@webcrawler-450417.iam.gserviceaccount.com",
                  "serving.knative.dev/lastModifier": "webcrawleraccountmanager@webcrawler-450417.iam.gserviceaccount.com"
                },
                "effective_labels": {
                  "cloud.googleapis.com/location": "us-central1",
                  "goog-terraform-provisioned": "true"
                },
                "generation": 1,
                "labels": {},
                "namespace": "webcrawler-450417",
                "resource_version": "AAY6ezin604",
                "self_link": "/apis/serving.knative.dev/v1/namespaces/673367928406/services/selenium-chrome-10",
                "terraform_labels": {
                  "goog-terraform-provisioned": "true"
                },
                "uid": "4f1f61f6-5b99-4119-b4f0-f1b85765b3eb"
              }
            ],
            "name": "selenium-chrome-10",
            "project": "webcrawler-450417",
            "status": [
              {
                "conditions": [
                  {
                    "message": "",
                    "reason": "",
                    "status": "True",
                    "type": "Ready"
                  },
                  {
                    "message": "",
                    "reason": "",
                    "status": "True",
                    "type": "ConfigurationsReady"
                  },
                  {
                    "message": "",
                    "reason": "",
                    "status": "True",
                    "type": "RoutesReady"
                  }
                ],
                "latest_created_revision_name": "selenium-chrome-10-00001-g72",
                "latest_ready_revision_name": "selenium-chrome-10-00001-g72",
                "observed_generation": 1,
                "traffic": [
                  {
                    "latest_revision": true,
                    "percent": 100,
                    "revision_name": "selenium-chrome-10-00001-g72",
                    "tag": "",
                    "url": ""
                  }
                ],
                "url": "https://selenium-chrome-10-5wvl2oswbq-uc.a.run.app"
              }
            ],
            "template": [
              {
                "metadata": [
                  {
                    "annotations": {
                      "autoscaling.knative.dev/maxScale": "20"
                    },
                    "generation": 0,
                    "labels": {
                      "run.googleapis.com/startupProbeType": "Default"
                    },
                    "name": "",
                    "namespace": "",
                    "resource_version": "",
                    "self_link": "",
                    "uid": ""
                  }
                ],
                "spec": [
                  {
                    "container_concurrency": 80,
                    "containers": [
                      {
                        "args": [],
                        "command": [],
                        "env": [],
                        "env_from": [],
                        "image": "docker.io/selenium/standalone-chrome:3.141.59",
                        "liveness_probe": [],
                        "name": "",
                        "ports": [
                          {
                            "container_port": 4444,
                            "name": "http1",
                            "protocol": ""
                          }
                        ],
                        "resources": [
                          {
                            "limits": {
                              "cpu": "1",
                              "memory": "2Gi"
                            },
                            "requests": {}
                          }
                        ],
                        "startup_probe": [
                          {
                            "failure_threshold": 1,
                            "grpc": [],
                            "http_get": [],
                            "initial_delay_seconds": 0,
                            "period_seconds": 240,
                            "tcp_socket": [
                              {
                                "port": 4444
                              }
                            ],
                            "timeout_seconds": 240
                          }
                        ],
                        "volume_mounts": [],
                        "working_dir": ""
                      }
                    ],
                    "node_selector": {},
                    "service_account_name": "673367928406-compute@developer.gserviceaccount.com",
                    "serving_state": "",
                    "timeout_seconds": 300,
                    "volumes": []
                  }
                ]
              }
            ],
            "timeouts": null,
            "traffic": [
              {
                "latest_revision": true,
                "percent": 100,
                "revision_name": "",
                "tag": "",
                "url": ""
              }
            ]
          },
          "sensitive_attributes": [],
          "identity_schema_version": 0,
          "private": "eyJlMmJmYjczMC1lY2FhLTExZTYtOGY4OC0zNDM2M2JjN2M0YzAiOnsiY3JlYXRlIjoxMjAwMDAwMDAwMDAwLCJkZWxldGUiOjEyMDAwMDAwMDAwMDAsInVwZGF0ZSI6MTIwMDAwMDAwMDAwMH0sInNjaGVtYV92ZXJzaW9uIjoiMiJ9"
        }
      ]
    },
    {
      "module": "module.visual_design_audit_cloud_run",
      "mode": "managed",
      "type": "google_cloud_run_service",
      "name": "service",
      "provider": "provider[\"registry.terraform.io/hashicorp/google\"]",
      "instances": [
        {
          "schema_version": 2,
          "attributes": {
            "autogenerate_revision_name": false,
            "id": "locations/us-central1/namespaces/webcrawler-450417/services/visual-design-audit",
            "location": "us-central1",
            "metadata": [
              {
                "annotations": {
                  "run.googleapis.com/ingress": "internal"
                },
                "effective_annotations": {
                  "run.googleapis.com/ingress": "internal",
                  "run.googleapis.com/ingress-status": "internal",
                  "run.googleapis.com/operation-id": "c24f9a23-51e6-4b70-a530-dbb41744831c",
                  "run.googleapis.com/urls": "[\"https://visual-design-audit-673367928406.us-central1.run.app\",\"https://visual-design-audit-5wvl2oswbq-uc.a.run.app\"]",
                  "serving.knative.dev/creator": "webcrawleraccountmanager@webcrawler-450417.iam.gserviceaccount.com",
                  "serving.knative.dev/lastModifier": "webcrawleraccountmanager@webcrawler-450417.iam.gserviceaccount.com"
                },
                "effective_labels": {
                  "cloud.googleapis.com/location": "us-central1",
                  "goog-terraform-provisioned": "true"
                },
                "generation": 2,
                "labels": {},
                "namespace": "webcrawler-450417",
                "resource_version": "AAY6e9+qiAs",
                "self_link": "/apis/serving.knative.dev/v1/namespaces/673367928406/services/visual-design-audit",
                "terraform_labels": {
                  "goog-terraform-provisioned": "true"
                },
                "uid": "ea32ff6c-793b-4bca-a158-d50a950817f6"
              }
            ],
            "name": "visual-design-audit",
            "project": "webcrawler-450417",
            "status": [
              {
                "conditions": [
                  {
                    "message": "",
                    "reason": "",
                    "status": "True",
                    "type": "Ready"
                  },
                  {
                    "message": "",
                    "reason": "",
                    "status": "True",
                    "type": "ConfigurationsReady"
                  },
                  {
                    "message": "",
                    "reason": "",
                    "status": "True",
                    "type": "RoutesReady"
                  }
                ],
                "latest_created_revision_name": "visual-design-audit-00002-6z6",
                "latest_ready_revision_name": "visual-design-audit-00002-6z6",
                "observed_generation": 2,
                "traffic": [
                  {
                    "latest_revision": true,
                    "percent": 100,
                    "revision_name": "visual-design-audit-00002-6z6",
                    "tag": "",
                    "url": ""
                  }
                ],
                "url": "https://visual-design-audit-5wvl2oswbq-uc.a.run.app"
              }
            ],
            "template": [
              {
                "metadata": [
                  {
                    "annotations": {
                      "autoscaling.knative.dev/maxScale": "10",
                      "run.googleapis.com/client-name": "terraform",
                      "run.googleapis.com/vpc-access-connector": "cloud-run-connector",
                      "run.googleapis.com/vpc-access-egress": "all-traffic"
                    },
                    "generation": 0,
                    "labels": {
                      "run.googleapis.com/startupProbeType": "Default"
                    },
                    "name": "",
                    "namespace": "",
                    "resource_version": "",
                    "self_link": "",
                    "uid": ""
                  }
                ],
                "spec": [
                  {
                    "container_concurrency": 160,
                    "containers": [
                      {
                        "args": [],
                        "command": [],
                        "env": [
                          {
                            "name": "gcp.storage.bucket.name",
                            "value": "looksee-data-dev",
                            "value_from": []
                          },
                          {
                            "name": "pubsub.audit_update",
                            "value": "projects/webcrawler-450417/topics/audit_update",
                            "value_from": []
                          },
                          {
                            "name": "pubsub.error_topic",
                            "value": "projects/webcrawler-450417/topics/audit_error",
                            "value_from": []
                          },
                          {
                            "name": "spring.cloud.gcp.project-id",
                            "value": "webcrawler-450417",
                            "value_from": []
                          },
                          {
                            "name": "spring.cloud.gcp.region",
                            "value": "us-central1",
                            "value_from": []
                          },
                          {
                            "name": "spring.data.neo4j.database",
                            "value": "",
                            "value_from": [
                              {
                                "secret_key_ref": [
                                  {
                                    "key": "latest",
                                    "name": "neo4j-db-name"
                                  }
                                ]
                              }
                            ]
                          },
                          {
                            "name": "spring.data.neo4j.password",
                            "value": "",
                            "value_from": [
                              {
                                "secret_key_ref": [
                                  {
                                    "key": "latest",
                                    "name": "neo4j-password"
                                  }
                                ]
                              }
                            ]
                          },
                          {
                            "name": "spring.data.neo4j.uri",
                            "value": "",
                            "value_from": [
                              {
                                "secret_key_ref": [
                                  {
                                    "key": "latest",
                                    "name": "neo4j-bolt-uri"
                                  }
                                ]
                              }
                            ]
                          },
                          {
                            "name": "spring.data.neo4j.username",
                            "value": "",
                            "value_from": [
                              {
                                "secret_key_ref": [
                                  {
                                    "key": "latest",
                                    "name": "neo4j-username"
                                  }
                                ]
                              }
                            ]
                          }
                        ],
                        "env_from": [],
                        "image": "docker.io/deepthought42/visual-design-audit:latest",
                        "liveness_probe": [],
                        "name": "",
                        "ports": [
                          {
                            "container_port": 8080,
                            "name": "http1",
                            "protocol": ""
                          }
                        ],
                        "resources": [
                          {
                            "limits": {
                              "cpu": "2",
                              "memory": "4Gi"
                            },
                            "requests": {
                              "cpu": "1",
                              "memory": "2Gi"
                            }
                          }
                        ],
                        "startup_probe": [
                          {
                            "failure_threshold": 1,
                            "grpc": [],
                            "http_get": [],
                            "initial_delay_seconds": 0,
                            "period_seconds": 240,
                            "tcp_socket": [
                              {
                                "port": 8080
                              }
                            ],
                            "timeout_seconds": 240
                          }
                        ],
                        "volume_mounts": [],
                        "working_dir": ""
                      }
                    ],
                    "node_selector": {},
                    "service_account_name": "cloud-run-sa@webcrawler-450417.iam.gserviceaccount.com",
                    "serving_state": "",
                    "timeout_seconds": 120,
                    "volumes": []
                  }
                ]
              }
            ],
            "timeouts": null,
            "traffic": [
              {
                "latest_revision": true,
                "percent": 100,
                "revision_name": "",
                "tag": "",
                "url": ""
              }
            ]
          },
          "sensitive_attributes": [],
          "identity_schema_version": 0,
          "private": "eyJlMmJmYjczMC1lY2FhLTExZTYtOGY4OC0zNDM2M2JjN2M0YzAiOnsiY3JlYXRlIjoxMjAwMDAwMDAwMDAwLCJkZWxldGUiOjEyMDAwMDAwMDAwMDAsInVwZGF0ZSI6MTIwMDAwMDAwMDAwMH0sInNjaGVtYV92ZXJzaW9uIjoiMiJ9",
          "dependencies": [
            "google_service_account.cloud_run_sa",
            "google_storage_bucket.looksee_data",
            "module.neo4j_db.google_compute_firewall.neo4j-internal",
            "module.neo4j_db.google_compute_instance.neo4j",
            "module.neo4j_db.google_iap_tunnel_instance_iam_member.ssh",
            "module.neo4j_db.google_project_iam_member.neo4j_iap_tunnel_user",
            "module.neo4j_db.google_project_iam_member.neo4j_logging",
            "module.neo4j_db.google_project_iam_member.neo4j_monitoring",
            "module.neo4j_db.google_project_iam_member.neo4j_storage_viewer",
            "module.neo4j_db.google_secret_manager_secret.neo4j_bolt_uri",
            "module.neo4j_db.google_secret_manager_secret_iam_member.neo4j_bolt_uri_secret_accessor",
            "module.neo4j_db.google_secret_manager_secret_version.neo4j_bolt_uri_version",
            "module.neo4j_db.google_service_account.neo4j_instance_sa",
            "module.pubsub_topics.google_pubsub_topic.audit_error_topic",
            "module.pubsub_topics.google_pubsub_topic.audit_update_topic",
            "module.secrets.google_secret_manager_secret.neo4j_db_name",
            "module.secrets.google_secret_manager_secret.neo4j_password",
            "module.secrets.google_secret_manager_secret.neo4j_username",
            "module.selenium_chrome_cloud_run.google_cloud_run_service.selenium_standalone_chrome",
            "module.vpc.google_compute_network.vpc",
            "module.vpc.google_compute_subnetwork.custom_subnet",
            "module.vpc.google_vpc_access_connector.connector"
          ]
        }
      ]
    },
    {
      "module": "module.visual_design_audit_cloud_run",
      "mode": "managed",
      "type": "google_cloud_run_service_iam_member",
      "name": "pubsub_invoker",
      "provider": "provider[\"registry.terraform.io/hashicorp/google\"]",
      "instances": [
        {
          "schema_version": 0,
          "attributes": {
            "condition": [],
            "etag": "BwY6e0hnnIA=",
            "id": "v1/projects/webcrawler-450417/locations/us-central1/services/visual-design-audit/roles/run.invoker/serviceAccount:cloud-run-sa@webcrawler-450417.iam.gserviceaccount.com",
            "location": "us-central1",
            "member": "serviceAccount:cloud-run-sa@webcrawler-450417.iam.gserviceaccount.com",
            "project": "webcrawler-450417",
            "role": "roles/run.invoker",
            "service": "v1/projects/webcrawler-450417/locations/us-central1/services/visual-design-audit"
          },
          "sensitive_attributes": [],
          "identity_schema_version": 0,
          "private": "bnVsbA==",
          "dependencies": [
            "google_service_account.cloud_run_sa",
            "google_storage_bucket.looksee_data",
            "module.neo4j_db.google_compute_firewall.neo4j-internal",
            "module.neo4j_db.google_compute_instance.neo4j",
            "module.neo4j_db.google_iap_tunnel_instance_iam_member.ssh",
            "module.neo4j_db.google_project_iam_member.neo4j_iap_tunnel_user",
            "module.neo4j_db.google_project_iam_member.neo4j_logging",
            "module.neo4j_db.google_project_iam_member.neo4j_monitoring",
            "module.neo4j_db.google_project_iam_member.neo4j_storage_viewer",
            "module.neo4j_db.google_secret_manager_secret.neo4j_bolt_uri",
            "module.neo4j_db.google_secret_manager_secret_iam_member.neo4j_bolt_uri_secret_accessor",
            "module.neo4j_db.google_secret_manager_secret_version.neo4j_bolt_uri_version",
            "module.neo4j_db.google_service_account.neo4j_instance_sa",
            "module.pubsub_topics.google_pubsub_topic.audit_error_topic",
            "module.pubsub_topics.google_pubsub_topic.audit_update_topic",
            "module.secrets.google_secret_manager_secret.neo4j_db_name",
            "module.secrets.google_secret_manager_secret.neo4j_password",
            "module.secrets.google_secret_manager_secret.neo4j_username",
            "module.selenium_chrome_cloud_run.google_cloud_run_service.selenium_standalone_chrome",
            "module.visual_design_audit_cloud_run.google_cloud_run_service.service",
            "module.vpc.google_compute_network.vpc",
            "module.vpc.google_compute_subnetwork.custom_subnet",
            "module.vpc.google_vpc_access_connector.connector"
          ]
        }
      ]
    },
    {
      "module": "module.visual_design_audit_cloud_run.module.pubsub_subscription",
      "mode": "managed",
      "type": "google_pubsub_subscription",
      "name": "subscription",
      "provider": "provider[\"registry.terraform.io/hashicorp/google\"]",
      "instances": [
        {
          "schema_version": 0,
          "attributes": {
            "ack_deadline_seconds": 10,
            "bigquery_config": [],
            "cloud_storage_config": [],
            "dead_letter_policy": [],
            "effective_labels": {
              "goog-terraform-provisioned": "true"
            },
            "enable_exactly_once_delivery": false,
            "enable_message_ordering": false,
            "expiration_policy": [
              {
                "ttl": "2678400s"
              }
            ],
            "filter": "",
            "id": "projects/webcrawler-450417/subscriptions/visual-design-audit-subscription",
            "labels": {},
            "message_retention_duration": "604800s",
            "message_transforms": [],
            "name": "visual-design-audit-subscription",
            "project": "webcrawler-450417",
            "push_config": [
              {
                "attributes": {},
                "no_wrapper": [],
                "oidc_token": [
                  {
                    "audience": "",
                    "service_account_email": "pubsub-sa@webcrawler-450417.iam.gserviceaccount.com"
                  }
                ],
                "push_endpoint": "https://visual-design-audit-5wvl2oswbq-uc.a.run.app"
              }
            ],
            "retain_acked_messages": false,
            "retry_policy": [
              {
                "maximum_backoff": "600s",
                "minimum_backoff": "10s"
              }
            ],
            "terraform_labels": {
              "goog-terraform-provisioned": "true"
            },
            "timeouts": null,
            "topic": "projects/webcrawler-450417/topics/page_audit"
          },
          "sensitive_attributes": [],
          "identity_schema_version": 0,
          "private": "eyJlMmJmYjczMC1lY2FhLTExZTYtOGY4OC0zNDM2M2JjN2M0YzAiOnsiY3JlYXRlIjoxMjAwMDAwMDAwMDAwLCJkZWxldGUiOjEyMDAwMDAwMDAwMDAsInVwZGF0ZSI6MTIwMDAwMDAwMDAwMH19",
          "dependencies": [
            "google_service_account.cloud_run_sa",
            "google_service_account.pubsub_sa",
            "google_storage_bucket.looksee_data",
            "module.neo4j_db.google_compute_firewall.neo4j-internal",
            "module.neo4j_db.google_compute_instance.neo4j",
            "module.neo4j_db.google_iap_tunnel_instance_iam_member.ssh",
            "module.neo4j_db.google_project_iam_member.neo4j_iap_tunnel_user",
            "module.neo4j_db.google_project_iam_member.neo4j_logging",
            "module.neo4j_db.google_project_iam_member.neo4j_monitoring",
            "module.neo4j_db.google_project_iam_member.neo4j_storage_viewer",
            "module.neo4j_db.google_secret_manager_secret.neo4j_bolt_uri",
            "module.neo4j_db.google_secret_manager_secret_iam_member.neo4j_bolt_uri_secret_accessor",
            "module.neo4j_db.google_secret_manager_secret_version.neo4j_bolt_uri_version",
            "module.neo4j_db.google_service_account.neo4j_instance_sa",
            "module.pubsub_topics.google_pubsub_topic.audit_error_topic",
            "module.pubsub_topics.google_pubsub_topic.audit_update_topic",
            "module.pubsub_topics.google_pubsub_topic.page_audit_topic",
            "module.secrets.google_secret_manager_secret.neo4j_db_name",
            "module.secrets.google_secret_manager_secret.neo4j_password",
            "module.secrets.google_secret_manager_secret.neo4j_username",
            "module.selenium_chrome_cloud_run.google_cloud_run_service.selenium_standalone_chrome",
            "module.visual_design_audit_cloud_run.google_cloud_run_service.service",
            "module.vpc.google_compute_network.vpc",
            "module.vpc.google_compute_subnetwork.custom_subnet",
            "module.vpc.google_vpc_access_connector.connector"
          ]
        }
      ]
    },
    {
      "module": "module.vpc",
      "mode": "managed",
      "type": "google_compute_firewall",
      "name": "ssh_iap",
      "provider": "provider[\"registry.terraform.io/hashicorp/google\"]",
      "instances": [
        {
          "schema_version": 1,
          "attributes": {
            "allow": [
              {
                "ports": [
                  "22"
                ],
                "protocol": "tcp"
              }
            ],
            "creation_timestamp": "2025-07-21T19:19:43.354-07:00",
            "deny": [],
            "description": "",
            "destination_ranges": [],
            "direction": "INGRESS",
            "disabled": false,
            "enable_logging": null,
            "id": "projects/webcrawler-450417/global/firewalls/custom-vpc-allow-iap-ssh",
            "log_config": [],
            "name": "custom-vpc-allow-iap-ssh",
            "network": "https://www.googleapis.com/compute/v1/projects/webcrawler-450417/global/networks/custom-vpc",
            "priority": 1000,
            "project": "webcrawler-450417",
            "self_link": "https://www.googleapis.com/compute/v1/projects/webcrawler-450417/global/firewalls/custom-vpc-allow-iap-ssh",
            "source_ranges": [
              "35.235.240.0/20"
            ],
            "source_service_accounts": [],
            "source_tags": [],
            "target_service_accounts": [],
            "target_tags": [
              "iap-ssh"
            ],
            "timeouts": null
          },
          "sensitive_attributes": [],
          "identity_schema_version": 0,
          "private": "eyJlMmJmYjczMC1lY2FhLTExZTYtOGY4OC0zNDM2M2JjN2M0YzAiOnsiY3JlYXRlIjoxMjAwMDAwMDAwMDAwLCJkZWxldGUiOjEyMDAwMDAwMDAwMDAsInVwZGF0ZSI6MTIwMDAwMDAwMDAwMH0sInNjaGVtYV92ZXJzaW9uIjoiMSJ9",
          "dependencies": [
            "module.vpc.google_compute_network.vpc"
          ]
        }
      ]
    },
    {
      "module": "module.vpc",
      "mode": "managed",
      "type": "google_compute_network",
      "name": "vpc",
      "provider": "provider[\"registry.terraform.io/hashicorp/google\"]",
      "instances": [
        {
          "schema_version": 0,
          "attributes": {
            "auto_create_subnetworks": false,
            "bgp_always_compare_med": false,
            "bgp_best_path_selection_mode": "LEGACY",
            "bgp_inter_region_cost": "",
            "delete_default_routes_on_create": false,
            "description": "WebCrawler VPC network",
            "enable_ula_internal_ipv6": false,
            "gateway_ipv4": "",
            "id": "projects/webcrawler-450417/global/networks/custom-vpc",
            "internal_ipv6_range": "",
            "mtu": 0,
            "name": "custom-vpc",
            "network_firewall_policy_enforcement_order": "AFTER_CLASSIC_FIREWALL",
            "network_id": "6158339186854415346",
            "network_profile": "",
            "numeric_id": "6158339186854415346",
            "params": [],
            "project": "webcrawler-450417",
            "routing_mode": "REGIONAL",
            "self_link": "https://www.googleapis.com/compute/v1/projects/webcrawler-450417/global/networks/custom-vpc",
            "timeouts": null
          },
          "sensitive_attributes": [],
          "identity_schema_version": 0,
          "private": "eyJlMmJmYjczMC1lY2FhLTExZTYtOGY4OC0zNDM2M2JjN2M0YzAiOnsiY3JlYXRlIjoxMjAwMDAwMDAwMDAwLCJkZWxldGUiOjEyMDAwMDAwMDAwMDAsInVwZGF0ZSI6MTIwMDAwMDAwMDAwMH19"
        }
      ]
    },
    {
      "module": "module.vpc",
      "mode": "managed",
      "type": "google_compute_subnetwork",
      "name": "custom_subnet",
      "provider": "provider[\"registry.terraform.io/hashicorp/google\"]",
      "instances": [
        {
          "schema_version": 0,
          "attributes": {
            "creation_timestamp": "2025-07-21T19:19:44.610-07:00",
            "description": "",
            "enable_flow_logs": false,
            "external_ipv6_prefix": "",
            "fingerprint": null,
            "gateway_address": "10.0.0.1",
            "id": "projects/webcrawler-450417/regions/us-central1/subnetworks/private-subnet-1",
            "internal_ipv6_prefix": "",
            "ip_cidr_range": "10.0.0.0/24",
            "ip_collection": null,
            "ipv6_access_type": "",
            "ipv6_cidr_range": "",
            "ipv6_gce_endpoint": "",
            "log_config": [],
            "name": "private-subnet-1",
            "network": "https://www.googleapis.com/compute/v1/projects/webcrawler-450417/global/networks/custom-vpc",
            "private_ip_google_access": false,
            "private_ipv6_google_access": "DISABLE_GOOGLE_ACCESS",
            "project": "webcrawler-450417",
            "purpose": "PRIVATE",
            "region": "us-central1",
            "reserved_internal_range": "",
            "role": "",
            "secondary_ip_range": [],
            "self_link": "https://www.googleapis.com/compute/v1/projects/webcrawler-450417/regions/us-central1/subnetworks/private-subnet-1",
            "send_secondary_ip_range_if_empty": null,
            "stack_type": "IPV4_ONLY",
            "state": "",
            "subnetwork_id": 8088325566430923695,
            "timeouts": null
          },
          "sensitive_attributes": [],
          "identity_schema_version": 0,
          "private": "eyJlMmJmYjczMC1lY2FhLTExZTYtOGY4OC0zNDM2M2JjN2M0YzAiOnsiY3JlYXRlIjoxMjAwMDAwMDAwMDAwLCJkZWxldGUiOjEyMDAwMDAwMDAwMDAsInVwZGF0ZSI6MTIwMDAwMDAwMDAwMH19",
          "dependencies": [
            "module.vpc.google_compute_network.vpc"
          ]
        }
      ]
    },
    {
      "module": "module.vpc",
      "mode": "managed",
      "type": "google_project_iam_member",
      "name": "vpc_admin",
      "provider": "provider[\"registry.terraform.io/hashicorp/google\"]",
      "instances": [
        {
          "schema_version": 0,
          "attributes": {
            "condition": [],
            "etag": "BwY6e93WDjg=",
            "id": "webcrawler-450417/roles/compute.networkAdmin/serviceAccount:vpc-service-account@webcrawler-450417.iam.gserviceaccount.com",
            "member": "serviceAccount:vpc-service-account@webcrawler-450417.iam.gserviceaccount.com",
            "project": "webcrawler-450417",
            "role": "roles/compute.networkAdmin"
          },
          "sensitive_attributes": [],
          "identity_schema_version": 0,
          "private": "bnVsbA==",
          "dependencies": [
            "module.vpc.google_service_account.vpc_service_account"
          ]
        }
      ]
    },
    {
      "module": "module.vpc",
      "mode": "managed",
      "type": "google_service_account",
      "name": "vpc_service_account",
      "provider": "provider[\"registry.terraform.io/hashicorp/google\"]",
      "instances": [
        {
          "schema_version": 0,
          "attributes": {
            "account_id": "vpc-service-account",
            "create_ignore_already_exists": null,
            "description": "Service account for VPC management",
            "disabled": false,
            "display_name": "VPC Service Account",
            "email": "vpc-service-account@webcrawler-450417.iam.gserviceaccount.com",
            "id": "projects/webcrawler-450417/serviceAccounts/vpc-service-account@webcrawler-450417.iam.gserviceaccount.com",
            "member": "serviceAccount:vpc-service-account@webcrawler-450417.iam.gserviceaccount.com",
            "name": "projects/webcrawler-450417/serviceAccounts/vpc-service-account@webcrawler-450417.iam.gserviceaccount.com",
            "project": "webcrawler-450417",
            "timeouts": null,
            "unique_id": "116967651673530185884"
          },
          "sensitive_attributes": [],
          "identity_schema_version": 0,
          "private": "eyJlMmJmYjczMC1lY2FhLTExZTYtOGY4OC0zNDM2M2JjN2M0YzAiOnsiY3JlYXRlIjozMDAwMDAwMDAwMDB9fQ=="
        }
      ]
    },
    {
      "module": "module.vpc",
      "mode": "managed",
      "type": "google_vpc_access_connector",
      "name": "connector",
      "provider": "provider[\"registry.terraform.io/hashicorp/google\"]",
      "instances": [
        {
          "schema_version": 0,
          "attributes": {
            "connected_projects": [
              "webcrawler-450417"
            ],
            "id": "projects/webcrawler-450417/locations/us-central1/connectors/cloud-run-connector",
            "ip_cidr_range": "10.8.0.0/28",
            "machine_type": "e2-micro",
            "max_instances": 3,
            "max_throughput": 300,
            "min_instances": 2,
            "min_throughput": 200,
            "name": "cloud-run-connector",
            "network": "custom-vpc",
            "project": "webcrawler-450417",
            "region": "us-central1",
            "self_link": "projects/webcrawler-450417/locations/us-central1/connectors/cloud-run-connector",
            "state": "READY",
            "subnet": [],
            "timeouts": null
          },
          "sensitive_attributes": [],
          "identity_schema_version": 0,
          "private": "eyJlMmJmYjczMC1lY2FhLTExZTYtOGY4OC0zNDM2M2JjN2M0YzAiOnsiY3JlYXRlIjoxMjAwMDAwMDAwMDAwLCJkZWxldGUiOjEyMDAwMDAwMDAwMDAsInVwZGF0ZSI6MTIwMDAwMDAwMDAwMH19",
          "dependencies": [
            "module.vpc.google_compute_network.vpc"
          ]
        }
      ]
    }
  ],
  "check_results": null
}
